{
  "version": 4,
  "terraform_version": "1.8.5",
  "serial": 560,
  "lineage": "a5eac384-8d44-9552-8f48-4ff69f39f103",
  "outputs": {},
  "resources": [
    {
      "mode": "data",
      "type": "aws_ecr_authorization_token",
      "name": "token",
      "provider": "provider[\"registry.terraform.io/hashicorp/aws\"]",
      "instances": [
        {
          "schema_version": 0,
          "attributes": {
            "authorization_token": "QVdTOmV5SndZWGxzYjJGa0lqb2ljV3BIU0RWdFpsUjNXV1oxT1VoNFFtSnhiU3R0T1cxeldHcFpjSGxzY1dkNVluaFJWaXRhUzJWeGRGUjBTVnBsTUVSdk1sbEZaV3RpU2l0WFdIUTRVRE5hV0d4RllXeFhRVUZwUjJkRVJGSjNhWFZ3VldaSFJqZHBZMnBQUldSM2EzVkZOemg2VXk5dFRVTnljRU5wUWxwd05GQkNWa016Ym1WR2RWTkhMekZCWXpjMlRFOVZUbTl1Yld0UGNtUXphRXRHZDNWR1lsZEJPSFpNUldoYU1ubFNUbmRvUkhNdlVYZEphVFo2WnpsblRHTnRRM2QxYkhkMmJrMUdaamswWm1oblZsUjRaa05IVnpRMU5UWktNSFZKTDFCNlkxa3ZUbVZMTkZGR2FXNUJWRW95ZVdKRVRISTJZMnRMT0VkaVozRlhkbWhDT1N0NVRFNVlVamhLZVV3MFUwaDFhME0xV21GbFVrc3dlVzF4U2tkc1FsQklZMjFqSzBOcUt6ZEdkMDkwV0ZOWlRFcHJMMW9yYW5sSVZrZFBkR2RDZHpGRE16TnJZa1pyZVdSaldraEZaMk51VWxWdU1rOTBWamRWWVRCeldUWTBZMmxRY3pSNFJIWk5UbGQ1TmtjMk5sbDZUR2xwSzBSME5uTlZhMjUxUkZaVlVtSlZTVVY1TWtvME9WRlljV2hJV2tOdlJsZDRlalJLUVRkVlRTdDFiVzlwTjJGVGRWaDFWSFZwUkZoalUwMUJNbmwzSzFjM1lVOW1VVzVXUkV4a1UzWTVSVzlLWVZKamRVODRTRTlTVlZKek1tZHNZV2c0YkhocGExWnlNMjl3Um1NeFlrSnpibE5xSzJGV1lWZGFhQ3R0VXpnd1lrNDNNbmhVVjNwUE1VZ3JTblEzTWpCVFNpOXhjbmRvWjNsUk9XdFBObEZXUmxsSGNXbzRkV1YyTVVsNlFtMUJaMU5KU2xWNlprZHJkbWxWTTJwcE1Fa3dORlY2YTBodU5EY3ZMM1pTYUVoUE4yaENORTVqYVVWbU5XeDFXSEZRTURCME9VUndlakJaWVVGU2VuTkRNV1JFTUVaUVRXeE9Tbms0U0dsS1JWWm5jRzFKU1dGSmFtWmtVV0ZyWVRoTmJqRkpOV2REUVhacFkzUmtNbXBvWlVKeGNFSlNLM0FyWjBzMFMxbHVkV1ZTUkRaQ1NXOUxTRGcwTlRCaFRGbzNlRFptVDBocVpFTTRNWEJQV0ZsR2VpOXdjbkkxYldSSmJXeDZObGxLZUdoUVdISldiWEV6T0dFd1JXeFJjMFp1T0U5alpFdzBTa0l3VDBkVmEyZENiakJsVDJwRlFXMTFaRGxrVEhoS2JuQXpRa3RWVFcxd1JTdE5Vbk14YmpnMVJqTkJVM2xOUWpsVVRXVTRMMEZGYUZwbmIyazNTbU5TZFdoVU9XaDFhMkZ0TVdweVdFWkhTbWd4ZFhOTFdEY3plbWRCY21vMFZsQkhZWEp2YWxsNmRESjJWV05HWldaWlJtczBTbTFaY0ZoWFJYRklSVXd5TldaamJIaG9URWhwYzFCck1WbHdNRE13VkZwT1NrMTNjRkI0TDBjeVptZDRNRVZGT1ZRMFUyUTJPVTVuVkcxelpVMHpValZEY0dsVWQyUlJMM05EVUdWdE9GUnlXR2xIWTNsb1NWZHJURkJPWW0wemVuQlpPRTEyYm1NeWRUUklZU3RPVTNweU0xY3hjamxRV1dKMmNYWnZRVFZqYkZWUWMwcHFiMGRNTDNGVkszbDRhMU5oTmpSdk9IVmhibFZSWldJNWFVUkJVSFZFUjJVdmN6Rlhha3RhWkVaUWNtRXlObmMxYjBwVlpYcHJNMVUyTlc5TFZVWkNWM1YyU3pKM2JFWjVUMUJwWmtKdlIxQllUSE5JZEhKdFpFRlJiVzk1V1VOaGNrOWhMMGg2Vm1wQ2FpODVTMFpyWjI0NFFuUXhlVXN4WVhoc1ltUjJkeTloWWxkaWREZG5jM0JMUTNoUFRuRnhaVTluVkdkdGVISk5ibGRpVVZSeE1XSmpPSFpSU1d0eVdqaDFURXg0TkZSVU9VaGFkbTh6TkRSWFdrUjFPVU5OVG5KbE1VSlJOV2MwSzJkWUszRjVZbkYyYWxFeVRUQkhaa0YzZEdGRWRHWktOR042ZFhKRlUzUXdiVWt5YTNaUVoyRTVOalZ4UkRKQmFrNWlVRzFtVjBzNU4wMHlUVmN4Ymt0aGFFODNjVEYzZDNKS1ZrUmFNamRCV0cxNVZTdFpiQ3RWUTJ0RGNIVnZkREIwTkdGa01sbHVUV0l4V0VjMmJVVnZZbWx6Wm5oR1IyNUVTSGhFVkZWTFdVRXlLMDF0YTBwSVZWUkhZbll6WlROWlEzbHdZVm92TmxkeVVtUlVXbTlOZEZwSFdrVTNiVTF5TTNZNFlsVldVV1l4VmpNd1ZHOWpWRXg1Wkc1R1prdDZOMGxsYTB4MmVYRldMMDl6YlhGV1ZrdHBXblZpV1U1bk1EUjZTVTlZVFc0eU5TSXNJbVJoZEdGclpYa2lPaUpCVVVWQ1FVaG9kMjB3V1dGSlUwcGxVblJLYlRWdU1VYzJkWEZsWld0WWRXOVlXRkJsTlZWR1kyVTVVbkU0THpFMGQwRkJRVWcwZDJaQldVcExiMXBKYUhaalRrRlJZMGR2UnpoM1lsRkpRa0ZFUW05Q1oydHhhR3RwUnpsM01FSkNkMFYzU0dkWlNsbEpXa2xCVjFWRVFrRkZkVTFDUlVWRVNIWkpTV3BMYmpCblExQk9hSEYyYTBGSlFrVkpRVGRSZVZKV1dUQXpXRzlQYVVWUmNHbFBkRUpSYjIxeFUzZFFZVTF1TUdORkswSlRhMWxHYjJ4RFpqTkVVVzVCVTFwSFkxZGxSbTUwU1hkUmJUSmhiMGhXU0N0aGIwMVFjbmhDV2xkbWRWbHpQU0lzSW5abGNuTnBiMjRpT2lJeUlpd2lkSGx3WlNJNklrUkJWRUZmUzBWWklpd2laWGh3YVhKaGRHbHZiaUk2TVRjeE9EUXpOakV6TlgwPQ==",
            "expires_at": "2024-06-15T07:22:15Z",
            "id": "us-east-1",
            "password": "eyJwYXlsb2FkIjoicWpHSDVtZlR3WWZ1OUh4QmJxbSttOW1zWGpZcHlscWd5YnhRVitaS2VxdFR0SVplMERvMllFZWtiSitXWHQ4UDNaWGxFYWxXQUFpR2dERFJ3aXVwVWZHRjdpY2pPRWR3a3VFNzh6Uy9tTUNycENpQlpwNFBCVkMzbmVGdVNHLzFBYzc2TE9VTm9ubWtPcmQzaEtGd3VGYldBOHZMRWhaMnlSTndoRHMvUXdJaTZ6ZzlnTGNtQ3d1bHd2bk1GZjk0ZmhnVlR4ZkNHVzQ1NTZKMHVJL1B6Y1kvTmVLNFFGaW5BVEoyeWJETHI2Y2tLOEdiZ3FXdmhCOSt5TE5YUjhKeUw0U0h1a0M1WmFlUksweW1xSkdsQlBIY21jK0NqKzdGd090WFNZTEprL1oranlIVkdPdGdCdzFDMzNrYkZreWRjWkhFZ2NuUlVuMk90VjdVYTBzWTY0Y2lQczR4RHZNTld5Nkc2Nll6TGlpK0R0NnNVa251RFZVUmJVSUV5Mko0OVFYcWhIWkNvRld4ejRKQTdVTSt1bW9pN2FTdVh1VHVpRFhjU01BMnl3K1c3YU9mUW5WRExkU3Y5RW9KYVJjdU84SE9SVVJzMmdsYWg4bHhpa1ZyM29wRmMxYkJzblNqK2FWYVdaaCttUzgwYk43MnhUV3pPMUgrSnQ3MjBTSi9xcndoZ3lROWtPNlFWRllHcWo4dWV2MUl6Qm1BZ1NJSlV6ZkdrdmlVM2ppMEkwNFV6a0huNDcvL3ZSaEhPN2hCNE5jaUVmNWx1WHFQMDB0OURwejBZYUFSenNDMWREMEZQTWxOSnk4SGlKRVZncG1JSWFJamZkUWFrYThNbjFJNWdDQXZpY3RkMmpoZUJxcEJSK3ArZ0s0S1ludWVSRDZCSW9LSDg0NTBhTFo3eDZmT0hqZEM4MXBPWFlGei9wcnI1bWRJbWx6NllKeGhQWHJWbXEzOGEwRWxRc0ZuOE9jZEw0SkIwT0dVa2dCbjBlT2pFQW11ZDlkTHhKbnAzQktVTW1wRStNUnMxbjg1RjNBU3lNQjlUTWU4L0FFaFpnb2k3SmNSdWhUOWh1a2FtMWpyWEZHSmgxdXNLWDczemdBcmo0VlBHYXJvall6dDJ2VWNGZWZZRms0Sm1ZcFhXRXFIRUwyNWZjbHhoTEhpc1BrMVlwMDMwVFpOSk13cFB4L0cyZmd4MEVFOVQ0U2Q2OU5nVG1zZU0zUjVDcGlUd2RRL3NDUGVtOFRyWGlHY3loSVdrTFBOYm0zenBZOE12bmMydTRIYStOU3pyM1cxcjlQWWJ2cXZvQTVjbFVQc0pqb0dML3FVK3l4a1NhNjRvOHVhblVRZWI5aURBUHVER2UvczFXaktaZEZQcmEyNnc1b0pVZXprM1U2NW9LVUZCV3V2SzJ3bEZ5T1BpZkJvR1BYTHNIdHJtZEFRbW95WUNhck9hL0h6VmpCai85S0ZrZ244QnQxeUsxYXhsYmR2dy9hYldidDdnc3BLQ3hPTnFxZU9nVGdteHJNbldiUVRxMWJjOHZRSWtyWjh1TEx4NFRUOUhadm8zNDRXWkR1OUNNTnJlMUJRNWc0K2dYK3F5YnF2alEyTTBHZkF3dGFEdGZKNGN6dXJFU3QwbUkya3ZQZ2E5NjVxRDJBak5iUG1mV0s5N00yTVcxbkthaE83cTF3d3JKVkRaMjdBWG15VStZbCtVQ2tDcHVvdDB0NGFkMlluTWIxWEc2bUVvYmlzZnhGR25ESHhEVFVLWUEyK01ta0pIVVRHYnYzZTNZQ3lwYVovNldyUmRUWm9NdFpHWkU3bU1yM3Y4YlVWUWYxVjMwVG9jVEx5ZG5GZkt6N0lla0x2eXFWL09zbXFWVktpWnViWU5nMDR6SU9YTW4yNSIsImRhdGFrZXkiOiJBUUVCQUhod20wWWFJU0plUnRKbTVuMUc2dXFlZWtYdW9YWFBlNVVGY2U5UnE4LzE0d0FBQUg0d2ZBWUpLb1pJaHZjTkFRY0dvRzh3YlFJQkFEQm9CZ2txaGtpRzl3MEJCd0V3SGdZSllJWklBV1VEQkFFdU1CRUVESHZJSWpLbjBnQ1BOaHF2a0FJQkVJQTdReVJWWTAzWG9PaUVRcGlPdEJRb21xU3dQYU1uMGNFK0JTa1lGb2xDZjNEUW5BU1pHY1dlRm50SXdRbTJhb0hWSCthb01QcnhCWldmdVlzPSIsInZlcnNpb24iOiIyIiwidHlwZSI6IkRBVEFfS0VZIiwiZXhwaXJhdGlvbiI6MTcxODQzNjEzNX0=",
            "proxy_endpoint": "https://139464377685.dkr.ecr.us-east-1.amazonaws.com",
            "registry_id": null,
            "user_name": "AWS"
          },
          "sensitive_attributes": [
            [
              {
                "type": "get_attr",
                "value": "authorization_token"
              }
            ],
            [
              {
                "type": "get_attr",
                "value": "password"
              }
            ]
          ]
        }
      ]
    },
    {
      "mode": "managed",
      "type": "aws_iam_user",
      "name": "prod_bucket",
      "provider": "provider[\"registry.terraform.io/hashicorp/aws\"]",
      "instances": [
        {
          "schema_version": 0,
          "attributes": {
            "arn": "arn:aws:iam::139464377685:user/habhub-data-pipeline-s3-bucket",
            "force_destroy": false,
            "id": "habhub-data-pipeline-s3-bucket",
            "name": "habhub-data-pipeline-s3-bucket",
            "path": "/",
            "permissions_boundary": "",
            "tags": {},
            "tags_all": {},
            "unique_id": "AIDASA6FZQVK76HTZF47X"
          },
          "sensitive_attributes": [],
          "private": "bnVsbA=="
        }
      ]
    },
    {
      "mode": "managed",
      "type": "aws_iam_user_policy",
      "name": "prod_bucket",
      "provider": "provider[\"registry.terraform.io/hashicorp/aws\"]",
      "instances": [
        {
          "schema_version": 0,
          "attributes": {
            "id": "habhub-data-pipeline-s3-bucket:terraform-20240412171436765900000001",
            "name": "terraform-20240412171436765900000001",
            "name_prefix": "terraform-",
            "policy": "{\"Version\":\"2012-10-17\",\"Statement\":[{\"Action\":[\"s3:*\"],\"Effect\":\"Allow\",\"Resource\":[\"arn:aws:s3:::habhub.data-pipeline-files\",\"arn:aws:s3:::habhub.data-pipeline-files/*\"]}]}",
            "user": "habhub-data-pipeline-s3-bucket"
          },
          "sensitive_attributes": [],
          "private": "bnVsbA==",
          "dependencies": [
            "aws_iam_user.prod_bucket",
            "module.s3_bucket.aws_s3_bucket.this"
          ]
        }
      ]
    },
    {
      "module": "module.docker_image",
      "mode": "data",
      "type": "aws_caller_identity",
      "name": "this",
      "provider": "provider[\"registry.terraform.io/hashicorp/aws\"]",
      "instances": [
        {
          "schema_version": 0,
          "attributes": {
            "account_id": "139464377685",
            "arn": "arn:aws:sts::139464377685:assumed-role/AWSReservedSSO_AWSAdministratorAccess_a1d37e058008aa2e/eandrews_admin@whoi.edu",
            "id": "139464377685",
            "user_id": "AROASA6FZQVKXTDX4RQKP:eandrews_admin@whoi.edu"
          },
          "sensitive_attributes": []
        }
      ]
    },
    {
      "module": "module.docker_image",
      "mode": "data",
      "type": "aws_region",
      "name": "current",
      "provider": "provider[\"registry.terraform.io/hashicorp/aws\"]",
      "instances": [
        {
          "schema_version": 0,
          "attributes": {
            "description": "US East (N. Virginia)",
            "endpoint": "ec2.us-east-1.amazonaws.com",
            "id": "us-east-1",
            "name": "us-east-1"
          },
          "sensitive_attributes": []
        }
      ]
    },
    {
      "module": "module.docker_image",
      "mode": "managed",
      "type": "aws_ecr_repository",
      "name": "this",
      "provider": "provider[\"registry.terraform.io/hashicorp/aws\"]",
      "instances": [
        {
          "index_key": 0,
          "schema_version": 0,
          "attributes": {
            "arn": "arn:aws:ecr:us-east-1:139464377685:repository/ingest-class-scores-lambda",
            "encryption_configuration": [
              {
                "encryption_type": "AES256",
                "kms_key": ""
              }
            ],
            "force_delete": true,
            "id": "ingest-class-scores-lambda",
            "image_scanning_configuration": [
              {
                "scan_on_push": false
              }
            ],
            "image_tag_mutability": "MUTABLE",
            "name": "ingest-class-scores-lambda",
            "registry_id": "139464377685",
            "repository_url": "139464377685.dkr.ecr.us-east-1.amazonaws.com/ingest-class-scores-lambda",
            "tags": {},
            "tags_all": {},
            "timeouts": null
          },
          "sensitive_attributes": [],
          "private": "eyJlMmJmYjczMC1lY2FhLTExZTYtOGY4OC0zNDM2M2JjN2M0YzAiOnsiZGVsZXRlIjoxMjAwMDAwMDAwMDAwfX0="
        }
      ]
    },
    {
      "module": "module.docker_image",
      "mode": "managed",
      "type": "docker_image",
      "name": "this",
      "provider": "provider[\"registry.terraform.io/kreuzwerker/docker\"]",
      "instances": [
        {
          "schema_version": 0,
          "attributes": {
            "build": [
              {
                "auth_config": [],
                "build_arg": {},
                "build_args": {},
                "build_id": "",
                "cache_from": [],
                "cgroup_parent": "",
                "context": "./../lambdas/ingest-class-scores",
                "cpu_period": 0,
                "cpu_quota": 0,
                "cpu_set_cpus": "",
                "cpu_set_mems": "",
                "cpu_shares": 0,
                "dockerfile": "Dockerfile",
                "extra_hosts": [],
                "force_remove": false,
                "isolation": "",
                "label": {},
                "labels": {},
                "memory": 0,
                "memory_swap": 0,
                "network_mode": "",
                "no_cache": false,
                "platform": "",
                "pull_parent": false,
                "remote_context": "",
                "remove": true,
                "security_opt": [],
                "session_id": "",
                "shm_size": 0,
                "squash": false,
                "suppress_output": false,
                "tag": [],
                "target": "",
                "ulimit": [],
                "version": ""
              }
            ],
            "force_remove": false,
            "id": "sha256:d1766f0a751dc942123234be2f6ffc4c2c4024350a3b972f1f35f9daab682f15139464377685.dkr.ecr.us-east-1.amazonaws.com/ingest-class-scores-lambda:1.4",
            "image_id": "sha256:d1766f0a751dc942123234be2f6ffc4c2c4024350a3b972f1f35f9daab682f15",
            "keep_locally": false,
            "name": "139464377685.dkr.ecr.us-east-1.amazonaws.com/ingest-class-scores-lambda:1.4",
            "platform": null,
            "pull_triggers": null,
            "repo_digest": "139464377685.dkr.ecr.us-east-1.amazonaws.com/ingest-class-scores-lambda@sha256:df64c75d1637e522a58028c40e286a034392b6361b8e0801687305a2d27d3f44",
            "triggers": null
          },
          "sensitive_attributes": [],
          "private": "bnVsbA==",
          "dependencies": [
            "data.aws_ecr_authorization_token.token",
            "module.docker_image.aws_ecr_repository.this",
            "module.docker_image.data.aws_caller_identity.this",
            "module.docker_image.data.aws_region.current"
          ]
        }
      ]
    },
    {
      "module": "module.docker_image",
      "mode": "managed",
      "type": "docker_registry_image",
      "name": "this",
      "provider": "provider[\"registry.terraform.io/kreuzwerker/docker\"]",
      "instances": [
        {
          "schema_version": 0,
          "attributes": {
            "id": "sha256:df64c75d1637e522a58028c40e286a034392b6361b8e0801687305a2d27d3f44",
            "insecure_skip_verify": false,
            "keep_remotely": false,
            "name": "139464377685.dkr.ecr.us-east-1.amazonaws.com/ingest-class-scores-lambda:1.4",
            "sha256_digest": "sha256:df64c75d1637e522a58028c40e286a034392b6361b8e0801687305a2d27d3f44",
            "triggers": {
              "image_id": "sha256:d1766f0a751dc942123234be2f6ffc4c2c4024350a3b972f1f35f9daab682f15"
            }
          },
          "sensitive_attributes": [],
          "private": "bnVsbA==",
          "dependencies": [
            "data.aws_ecr_authorization_token.token",
            "module.docker_image.aws_ecr_repository.this",
            "module.docker_image.data.aws_caller_identity.this",
            "module.docker_image.data.aws_region.current",
            "module.docker_image.docker_image.this"
          ]
        }
      ]
    },
    {
      "module": "module.docker_image_metadata",
      "mode": "data",
      "type": "aws_caller_identity",
      "name": "this",
      "provider": "provider[\"registry.terraform.io/hashicorp/aws\"]",
      "instances": [
        {
          "schema_version": 0,
          "attributes": {
            "account_id": "139464377685",
            "arn": "arn:aws:sts::139464377685:assumed-role/AWSReservedSSO_AWSAdministratorAccess_a1d37e058008aa2e/eandrews_admin@whoi.edu",
            "id": "139464377685",
            "user_id": "AROASA6FZQVKXTDX4RQKP:eandrews_admin@whoi.edu"
          },
          "sensitive_attributes": []
        }
      ]
    },
    {
      "module": "module.docker_image_metadata",
      "mode": "data",
      "type": "aws_region",
      "name": "current",
      "provider": "provider[\"registry.terraform.io/hashicorp/aws\"]",
      "instances": [
        {
          "schema_version": 0,
          "attributes": {
            "description": "US East (N. Virginia)",
            "endpoint": "ec2.us-east-1.amazonaws.com",
            "id": "us-east-1",
            "name": "us-east-1"
          },
          "sensitive_attributes": []
        }
      ]
    },
    {
      "module": "module.docker_image_metadata",
      "mode": "managed",
      "type": "aws_ecr_repository",
      "name": "this",
      "provider": "provider[\"registry.terraform.io/hashicorp/aws\"]",
      "instances": [
        {
          "index_key": 0,
          "schema_version": 0,
          "attributes": {
            "arn": "arn:aws:ecr:us-east-1:139464377685:repository/ingest-metadata-adc-files-lambda",
            "encryption_configuration": [
              {
                "encryption_type": "AES256",
                "kms_key": ""
              }
            ],
            "force_delete": true,
            "id": "ingest-metadata-adc-files-lambda",
            "image_scanning_configuration": [
              {
                "scan_on_push": false
              }
            ],
            "image_tag_mutability": "MUTABLE",
            "name": "ingest-metadata-adc-files-lambda",
            "registry_id": "139464377685",
            "repository_url": "139464377685.dkr.ecr.us-east-1.amazonaws.com/ingest-metadata-adc-files-lambda",
            "tags": {},
            "tags_all": {},
            "timeouts": null
          },
          "sensitive_attributes": [],
          "private": "eyJlMmJmYjczMC1lY2FhLTExZTYtOGY4OC0zNDM2M2JjN2M0YzAiOnsiZGVsZXRlIjoxMjAwMDAwMDAwMDAwfX0="
        }
      ]
    },
    {
      "module": "module.docker_image_metadata",
      "mode": "managed",
      "type": "docker_image",
      "name": "this",
      "provider": "provider[\"registry.terraform.io/kreuzwerker/docker\"]",
      "instances": [
        {
          "schema_version": 0,
          "attributes": {
            "build": [
              {
                "auth_config": [],
                "build_arg": {},
                "build_args": {},
                "build_id": "",
                "cache_from": [],
                "cgroup_parent": "",
                "context": "./../lambdas/ingest-metadata-adc-files",
                "cpu_period": 0,
                "cpu_quota": 0,
                "cpu_set_cpus": "",
                "cpu_set_mems": "",
                "cpu_shares": 0,
                "dockerfile": "Dockerfile",
                "extra_hosts": [],
                "force_remove": false,
                "isolation": "",
                "label": {},
                "labels": {},
                "memory": 0,
                "memory_swap": 0,
                "network_mode": "",
                "no_cache": false,
                "platform": "",
                "pull_parent": false,
                "remote_context": "",
                "remove": true,
                "security_opt": [],
                "session_id": "",
                "shm_size": 0,
                "squash": false,
                "suppress_output": false,
                "tag": [],
                "target": "",
                "ulimit": [],
                "version": ""
              }
            ],
            "force_remove": false,
            "id": "sha256:d3fbd3120cc46ea7090ca2977f772bc5219ff3bee15f4da137a9cfeb10141373139464377685.dkr.ecr.us-east-1.amazonaws.com/ingest-metadata-adc-files-lambda:1.7",
            "image_id": "sha256:d3fbd3120cc46ea7090ca2977f772bc5219ff3bee15f4da137a9cfeb10141373",
            "keep_locally": false,
            "name": "139464377685.dkr.ecr.us-east-1.amazonaws.com/ingest-metadata-adc-files-lambda:1.7",
            "platform": null,
            "pull_triggers": null,
            "repo_digest": "139464377685.dkr.ecr.us-east-1.amazonaws.com/ingest-metadata-adc-files-lambda@sha256:5975f457c7b9589f82722dbf2037ecfa849dd0bfd9075847cfd2bf788b8f4a7c",
            "triggers": null
          },
          "sensitive_attributes": [],
          "private": "bnVsbA==",
          "dependencies": [
            "data.aws_ecr_authorization_token.token",
            "module.docker_image_metadata.aws_ecr_repository.this",
            "module.docker_image_metadata.data.aws_caller_identity.this",
            "module.docker_image_metadata.data.aws_region.current"
          ]
        }
      ]
    },
    {
      "module": "module.docker_image_metadata",
      "mode": "managed",
      "type": "docker_registry_image",
      "name": "this",
      "provider": "provider[\"registry.terraform.io/kreuzwerker/docker\"]",
      "instances": [
        {
          "schema_version": 0,
          "attributes": {
            "id": "sha256:5975f457c7b9589f82722dbf2037ecfa849dd0bfd9075847cfd2bf788b8f4a7c",
            "insecure_skip_verify": false,
            "keep_remotely": false,
            "name": "139464377685.dkr.ecr.us-east-1.amazonaws.com/ingest-metadata-adc-files-lambda:1.7",
            "sha256_digest": "sha256:5975f457c7b9589f82722dbf2037ecfa849dd0bfd9075847cfd2bf788b8f4a7c",
            "triggers": {
              "image_id": "sha256:d3fbd3120cc46ea7090ca2977f772bc5219ff3bee15f4da137a9cfeb10141373"
            }
          },
          "sensitive_attributes": [],
          "private": "bnVsbA==",
          "dependencies": [
            "data.aws_ecr_authorization_token.token",
            "module.docker_image_metadata.aws_ecr_repository.this",
            "module.docker_image_metadata.data.aws_caller_identity.this",
            "module.docker_image_metadata.data.aws_region.current",
            "module.docker_image_metadata.docker_image.this"
          ]
        }
      ]
    },
    {
      "module": "module.dynamodb_table",
      "mode": "managed",
      "type": "aws_dynamodb_table",
      "name": "this",
      "provider": "provider[\"registry.terraform.io/hashicorp/aws\"]",
      "instances": [
        {
          "index_key": 0,
          "schema_version": 1,
          "attributes": {
            "arn": "arn:aws:dynamodb:us-east-1:139464377685:table/habhub-bins-metadata",
            "attribute": [
              {
                "name": "pid",
                "type": "S"
              }
            ],
            "billing_mode": "PAY_PER_REQUEST",
            "deletion_protection_enabled": false,
            "global_secondary_index": [],
            "hash_key": "pid",
            "id": "habhub-bins-metadata",
            "import_table": [],
            "local_secondary_index": [],
            "name": "habhub-bins-metadata",
            "point_in_time_recovery": [
              {
                "enabled": false
              }
            ],
            "range_key": null,
            "read_capacity": 0,
            "replica": [],
            "restore_date_time": null,
            "restore_source_name": null,
            "restore_to_latest_time": null,
            "server_side_encryption": [],
            "stream_arn": "",
            "stream_enabled": false,
            "stream_label": "",
            "stream_view_type": "",
            "table_class": "STANDARD",
            "tags": {
              "Name": "habhub-bins-metadata",
              "Project": "habhub-data-pipeline"
            },
            "tags_all": {
              "Name": "habhub-bins-metadata",
              "Project": "habhub-data-pipeline"
            },
            "timeouts": {
              "create": "10m",
              "delete": "10m",
              "update": "60m"
            },
            "ttl": [
              {
                "attribute_name": "",
                "enabled": false
              }
            ],
            "write_capacity": 0
          },
          "sensitive_attributes": [],
          "private": "eyJlMmJmYjczMC1lY2FhLTExZTYtOGY4OC0zNDM2M2JjN2M0YzAiOnsiY3JlYXRlIjo2MDAwMDAwMDAwMDAsImRlbGV0ZSI6NjAwMDAwMDAwMDAwLCJ1cGRhdGUiOjM2MDAwMDAwMDAwMDB9LCJzY2hlbWFfdmVyc2lvbiI6IjEifQ=="
        }
      ]
    },
    {
      "module": "module.lambda_function",
      "mode": "data",
      "type": "aws_caller_identity",
      "name": "current",
      "provider": "provider[\"registry.terraform.io/hashicorp/aws\"]",
      "instances": [
        {
          "schema_version": 0,
          "attributes": {
            "account_id": "139464377685",
            "arn": "arn:aws:sts::139464377685:assumed-role/AWSReservedSSO_AWSAdministratorAccess_a1d37e058008aa2e/eandrews_admin@whoi.edu",
            "id": "139464377685",
            "user_id": "AROASA6FZQVKXTDX4RQKP:eandrews_admin@whoi.edu"
          },
          "sensitive_attributes": []
        }
      ]
    },
    {
      "module": "module.lambda_function",
      "mode": "data",
      "type": "aws_iam_policy_document",
      "name": "additional_inline",
      "provider": "provider[\"registry.terraform.io/hashicorp/aws\"]",
      "instances": [
        {
          "index_key": 0,
          "schema_version": 0,
          "attributes": {
            "id": "291460305",
            "json": "{\n  \"Version\": \"2012-10-17\",\n  \"Statement\": [\n    {\n      \"Sid\": \"GetS3Objects\",\n      \"Effect\": \"Allow\",\n      \"Action\": \"s3:GetObject\",\n      \"Resource\": [\n        \"arn:aws:s3:::habhub.data-pipeline-files/*\",\n        \"arn:aws:s3:::habhub.data-pipeline-files\"\n      ]\n    }\n  ]\n}",
            "override_policy_documents": null,
            "policy_id": null,
            "source_policy_documents": null,
            "statement": [
              {
                "actions": [
                  "s3:GetObject"
                ],
                "condition": [],
                "effect": "Allow",
                "not_actions": [],
                "not_principals": [],
                "not_resources": [],
                "principals": [],
                "resources": [
                  "arn:aws:s3:::habhub.data-pipeline-files",
                  "arn:aws:s3:::habhub.data-pipeline-files/*"
                ],
                "sid": "GetS3Objects"
              }
            ],
            "version": "2012-10-17"
          },
          "sensitive_attributes": []
        }
      ]
    },
    {
      "module": "module.lambda_function",
      "mode": "data",
      "type": "aws_iam_policy_document",
      "name": "assume_role",
      "provider": "provider[\"registry.terraform.io/hashicorp/aws\"]",
      "instances": [
        {
          "index_key": 0,
          "schema_version": 0,
          "attributes": {
            "id": "2690255455",
            "json": "{\n  \"Version\": \"2012-10-17\",\n  \"Statement\": [\n    {\n      \"Effect\": \"Allow\",\n      \"Action\": \"sts:AssumeRole\",\n      \"Principal\": {\n        \"Service\": \"lambda.amazonaws.com\"\n      }\n    }\n  ]\n}",
            "override_policy_documents": null,
            "policy_id": null,
            "source_policy_documents": null,
            "statement": [
              {
                "actions": [
                  "sts:AssumeRole"
                ],
                "condition": [],
                "effect": "Allow",
                "not_actions": [],
                "not_principals": [],
                "not_resources": [],
                "principals": [
                  {
                    "identifiers": [
                      "lambda.amazonaws.com"
                    ],
                    "type": "Service"
                  }
                ],
                "resources": [],
                "sid": ""
              }
            ],
            "version": "2012-10-17"
          },
          "sensitive_attributes": []
        }
      ]
    },
    {
      "module": "module.lambda_function",
      "mode": "data",
      "type": "aws_iam_policy_document",
      "name": "logs",
      "provider": "provider[\"registry.terraform.io/hashicorp/aws\"]",
      "instances": [
        {
          "index_key": 0,
          "schema_version": 0,
          "attributes": {
            "id": "2742649719",
            "json": "{\n  \"Version\": \"2012-10-17\",\n  \"Statement\": [\n    {\n      \"Effect\": \"Allow\",\n      \"Action\": [\n        \"logs:PutLogEvents\",\n        \"logs:CreateLogStream\",\n        \"logs:CreateLogGroup\"\n      ],\n      \"Resource\": [\n        \"arn:aws:logs:us-east-1:139464377685:log-group:/aws/lambda/ingest-class-scores-lambda:*:*\",\n        \"arn:aws:logs:us-east-1:139464377685:log-group:/aws/lambda/ingest-class-scores-lambda:*\"\n      ]\n    }\n  ]\n}",
            "override_policy_documents": null,
            "policy_id": null,
            "source_policy_documents": null,
            "statement": [
              {
                "actions": [
                  "logs:CreateLogGroup",
                  "logs:CreateLogStream",
                  "logs:PutLogEvents"
                ],
                "condition": [],
                "effect": "Allow",
                "not_actions": [],
                "not_principals": [],
                "not_resources": [],
                "principals": [],
                "resources": [
                  "arn:aws:logs:us-east-1:139464377685:log-group:/aws/lambda/ingest-class-scores-lambda:*",
                  "arn:aws:logs:us-east-1:139464377685:log-group:/aws/lambda/ingest-class-scores-lambda:*:*"
                ],
                "sid": ""
              }
            ],
            "version": "2012-10-17"
          },
          "sensitive_attributes": []
        }
      ]
    },
    {
      "module": "module.lambda_function",
      "mode": "data",
      "type": "aws_partition",
      "name": "current",
      "provider": "provider[\"registry.terraform.io/hashicorp/aws\"]",
      "instances": [
        {
          "schema_version": 0,
          "attributes": {
            "dns_suffix": "amazonaws.com",
            "id": "aws",
            "partition": "aws",
            "reverse_dns_prefix": "com.amazonaws"
          },
          "sensitive_attributes": []
        }
      ]
    },
    {
      "module": "module.lambda_function",
      "mode": "data",
      "type": "aws_region",
      "name": "current",
      "provider": "provider[\"registry.terraform.io/hashicorp/aws\"]",
      "instances": [
        {
          "schema_version": 0,
          "attributes": {
            "description": "US East (N. Virginia)",
            "endpoint": "ec2.us-east-1.amazonaws.com",
            "id": "us-east-1",
            "name": "us-east-1"
          },
          "sensitive_attributes": []
        }
      ]
    },
    {
      "module": "module.lambda_function",
      "mode": "managed",
      "type": "aws_cloudwatch_log_group",
      "name": "lambda",
      "provider": "provider[\"registry.terraform.io/hashicorp/aws\"]",
      "instances": [
        {
          "index_key": 0,
          "schema_version": 0,
          "attributes": {
            "arn": "arn:aws:logs:us-east-1:139464377685:log-group:/aws/lambda/ingest-class-scores-lambda",
            "id": "/aws/lambda/ingest-class-scores-lambda",
            "kms_key_id": "",
            "log_group_class": "STANDARD",
            "name": "/aws/lambda/ingest-class-scores-lambda",
            "name_prefix": "",
            "retention_in_days": 0,
            "skip_destroy": false,
            "tags": {},
            "tags_all": {}
          },
          "sensitive_attributes": [],
          "private": "bnVsbA=="
        }
      ]
    },
    {
      "module": "module.lambda_function",
      "mode": "managed",
      "type": "aws_iam_policy",
      "name": "additional_inline",
      "provider": "provider[\"registry.terraform.io/hashicorp/aws\"]",
      "instances": [
        {
          "index_key": 0,
          "schema_version": 0,
          "attributes": {
            "arn": "arn:aws:iam::139464377685:policy/ingest-class-scores-lambda-inline",
            "description": "",
            "id": "arn:aws:iam::139464377685:policy/ingest-class-scores-lambda-inline",
            "name": "ingest-class-scores-lambda-inline",
            "name_prefix": "",
            "path": "/",
            "policy": "{\"Statement\":[{\"Action\":\"s3:GetObject\",\"Effect\":\"Allow\",\"Resource\":[\"arn:aws:s3:::habhub.data-pipeline-files/*\",\"arn:aws:s3:::habhub.data-pipeline-files\"],\"Sid\":\"GetS3Objects\"}],\"Version\":\"2012-10-17\"}",
            "policy_id": "ANPASA6FZQVK2ABDH64OF",
            "tags": {},
            "tags_all": {}
          },
          "sensitive_attributes": [],
          "private": "bnVsbA==",
          "dependencies": [
            "module.lambda_function.data.aws_iam_policy_document.additional_inline",
            "module.s3_bucket.aws_s3_bucket.this"
          ]
        }
      ]
    },
    {
      "module": "module.lambda_function",
      "mode": "managed",
      "type": "aws_iam_policy",
      "name": "logs",
      "provider": "provider[\"registry.terraform.io/hashicorp/aws\"]",
      "instances": [
        {
          "index_key": 0,
          "schema_version": 0,
          "attributes": {
            "arn": "arn:aws:iam::139464377685:policy/ingest-class-scores-lambda-logs",
            "description": "",
            "id": "arn:aws:iam::139464377685:policy/ingest-class-scores-lambda-logs",
            "name": "ingest-class-scores-lambda-logs",
            "name_prefix": "",
            "path": "/",
            "policy": "{\"Statement\":[{\"Action\":[\"logs:PutLogEvents\",\"logs:CreateLogStream\",\"logs:CreateLogGroup\"],\"Effect\":\"Allow\",\"Resource\":[\"arn:aws:logs:us-east-1:139464377685:log-group:/aws/lambda/ingest-class-scores-lambda:*:*\",\"arn:aws:logs:us-east-1:139464377685:log-group:/aws/lambda/ingest-class-scores-lambda:*\"]}],\"Version\":\"2012-10-17\"}",
            "policy_id": "ANPASA6FZQVKXWJZXHFF5",
            "tags": {},
            "tags_all": {}
          },
          "sensitive_attributes": [],
          "private": "bnVsbA==",
          "dependencies": [
            "module.lambda_function.aws_cloudwatch_log_group.lambda",
            "module.lambda_function.data.aws_arn.log_group_arn",
            "module.lambda_function.data.aws_cloudwatch_log_group.lambda",
            "module.lambda_function.data.aws_iam_policy_document.logs"
          ]
        }
      ]
    },
    {
      "module": "module.lambda_function",
      "mode": "managed",
      "type": "aws_iam_role",
      "name": "lambda",
      "provider": "provider[\"registry.terraform.io/hashicorp/aws\"]",
      "instances": [
        {
          "index_key": 0,
          "schema_version": 0,
          "attributes": {
            "arn": "arn:aws:iam::139464377685:role/ingest-class-scores-lambda",
            "assume_role_policy": "{\"Statement\":[{\"Action\":\"sts:AssumeRole\",\"Effect\":\"Allow\",\"Principal\":{\"Service\":\"lambda.amazonaws.com\"}}],\"Version\":\"2012-10-17\"}",
            "create_date": "2024-03-05T19:47:40Z",
            "description": "",
            "force_detach_policies": true,
            "id": "ingest-class-scores-lambda",
            "inline_policy": [],
            "managed_policy_arns": [
              "arn:aws:iam::139464377685:policy/ingest-class-scores-lambda-inline",
              "arn:aws:iam::139464377685:policy/ingest-class-scores-lambda-logs"
            ],
            "max_session_duration": 3600,
            "name": "ingest-class-scores-lambda",
            "name_prefix": "",
            "path": "/",
            "permissions_boundary": "",
            "tags": {},
            "tags_all": {},
            "unique_id": "AROASA6FZQVK5XH5BIUS2"
          },
          "sensitive_attributes": [],
          "private": "bnVsbA==",
          "dependencies": [
            "module.lambda_function.data.aws_iam_policy_document.assume_role"
          ]
        }
      ]
    },
    {
      "module": "module.lambda_function",
      "mode": "managed",
      "type": "aws_iam_role_policy_attachment",
      "name": "additional_inline",
      "provider": "provider[\"registry.terraform.io/hashicorp/aws\"]",
      "instances": [
        {
          "index_key": 0,
          "schema_version": 0,
          "attributes": {
            "id": "ingest-class-scores-lambda-20240306181134958800000001",
            "policy_arn": "arn:aws:iam::139464377685:policy/ingest-class-scores-lambda-inline",
            "role": "ingest-class-scores-lambda"
          },
          "sensitive_attributes": [],
          "private": "bnVsbA==",
          "dependencies": [
            "module.lambda_function.aws_iam_policy.additional_inline",
            "module.lambda_function.aws_iam_role.lambda",
            "module.lambda_function.data.aws_iam_policy_document.additional_inline",
            "module.lambda_function.data.aws_iam_policy_document.assume_role",
            "module.s3_bucket.aws_s3_bucket.this"
          ]
        }
      ]
    },
    {
      "module": "module.lambda_function",
      "mode": "managed",
      "type": "aws_iam_role_policy_attachment",
      "name": "logs",
      "provider": "provider[\"registry.terraform.io/hashicorp/aws\"]",
      "instances": [
        {
          "index_key": 0,
          "schema_version": 0,
          "attributes": {
            "id": "ingest-class-scores-lambda-20240305194740678400000001",
            "policy_arn": "arn:aws:iam::139464377685:policy/ingest-class-scores-lambda-logs",
            "role": "ingest-class-scores-lambda"
          },
          "sensitive_attributes": [],
          "private": "bnVsbA==",
          "dependencies": [
            "module.lambda_function.aws_cloudwatch_log_group.lambda",
            "module.lambda_function.aws_iam_policy.logs",
            "module.lambda_function.aws_iam_role.lambda",
            "module.lambda_function.data.aws_arn.log_group_arn",
            "module.lambda_function.data.aws_cloudwatch_log_group.lambda",
            "module.lambda_function.data.aws_iam_policy_document.assume_role",
            "module.lambda_function.data.aws_iam_policy_document.logs"
          ]
        }
      ]
    },
    {
      "module": "module.lambda_function",
      "mode": "managed",
      "type": "aws_lambda_function",
      "name": "this",
      "provider": "provider[\"registry.terraform.io/hashicorp/aws\"]",
      "instances": [
        {
          "index_key": 0,
          "schema_version": 0,
          "attributes": {
            "architectures": [
              "x86_64"
            ],
            "arn": "arn:aws:lambda:us-east-1:139464377685:function:ingest-class-scores-lambda",
            "code_signing_config_arn": "",
            "dead_letter_config": [],
            "description": "Ingest classifier scores from H5 files",
            "environment": [],
            "ephemeral_storage": [
              {
                "size": 512
              }
            ],
            "file_system_config": [],
            "filename": null,
            "function_name": "ingest-class-scores-lambda",
            "handler": "",
            "id": "ingest-class-scores-lambda",
            "image_config": [],
            "image_uri": "139464377685.dkr.ecr.us-east-1.amazonaws.com/ingest-class-scores-lambda:1.4",
            "invoke_arn": "arn:aws:apigateway:us-east-1:lambda:path/2015-03-31/functions/arn:aws:lambda:us-east-1:139464377685:function:ingest-class-scores-lambda/invocations",
            "kms_key_arn": "",
            "last_modified": "2024-06-13T18:56:40.000+0000",
            "layers": [],
            "logging_config": [
              {
                "application_log_level": "",
                "log_format": "Text",
                "log_group": "/aws/lambda/ingest-class-scores-lambda",
                "system_log_level": ""
              }
            ],
            "memory_size": 512,
            "package_type": "Image",
            "publish": true,
            "qualified_arn": "arn:aws:lambda:us-east-1:139464377685:function:ingest-class-scores-lambda:16",
            "qualified_invoke_arn": "arn:aws:apigateway:us-east-1:lambda:path/2015-03-31/functions/arn:aws:lambda:us-east-1:139464377685:function:ingest-class-scores-lambda:16/invocations",
            "replace_security_groups_on_destroy": null,
            "replacement_security_group_ids": null,
            "reserved_concurrent_executions": -1,
            "role": "arn:aws:iam::139464377685:role/ingest-class-scores-lambda",
            "runtime": "",
            "s3_bucket": null,
            "s3_key": null,
            "s3_object_version": null,
            "signing_job_arn": "",
            "signing_profile_version_arn": "",
            "skip_destroy": false,
            "snap_start": [],
            "source_code_hash": "df64c75d1637e522a58028c40e286a034392b6361b8e0801687305a2d27d3f44",
            "source_code_size": 0,
            "tags": {},
            "tags_all": {},
            "timeout": 300,
            "timeouts": null,
            "tracing_config": [
              {
                "mode": "PassThrough"
              }
            ],
            "version": "16",
            "vpc_config": []
          },
          "sensitive_attributes": [],
          "private": "eyJlMmJmYjczMC1lY2FhLTExZTYtOGY4OC0zNDM2M2JjN2M0YzAiOnsiY3JlYXRlIjo2MDAwMDAwMDAwMDAsImRlbGV0ZSI6NjAwMDAwMDAwMDAwLCJ1cGRhdGUiOjYwMDAwMDAwMDAwMH19",
          "dependencies": [
            "data.aws_ecr_authorization_token.token",
            "module.docker_image.aws_ecr_repository.this",
            "module.docker_image.data.aws_caller_identity.this",
            "module.docker_image.data.aws_region.current",
            "module.docker_image.docker_image.this",
            "module.docker_image.docker_registry_image.this",
            "module.lambda_function.aws_cloudwatch_log_group.lambda",
            "module.lambda_function.aws_iam_policy.additional_inline",
            "module.lambda_function.aws_iam_policy.additional_json",
            "module.lambda_function.aws_iam_policy.additional_jsons",
            "module.lambda_function.aws_iam_policy.async",
            "module.lambda_function.aws_iam_policy.dead_letter",
            "module.lambda_function.aws_iam_policy.logs",
            "module.lambda_function.aws_iam_policy.tracing",
            "module.lambda_function.aws_iam_policy.vpc",
            "module.lambda_function.aws_iam_role.lambda",
            "module.lambda_function.aws_iam_role_policy_attachment.additional_inline",
            "module.lambda_function.aws_iam_role_policy_attachment.additional_json",
            "module.lambda_function.aws_iam_role_policy_attachment.additional_jsons",
            "module.lambda_function.aws_iam_role_policy_attachment.additional_many",
            "module.lambda_function.aws_iam_role_policy_attachment.additional_one",
            "module.lambda_function.aws_iam_role_policy_attachment.async",
            "module.lambda_function.aws_iam_role_policy_attachment.dead_letter",
            "module.lambda_function.aws_iam_role_policy_attachment.logs",
            "module.lambda_function.aws_iam_role_policy_attachment.tracing",
            "module.lambda_function.aws_iam_role_policy_attachment.vpc",
            "module.lambda_function.aws_s3_object.lambda_package",
            "module.lambda_function.data.aws_arn.log_group_arn",
            "module.lambda_function.data.aws_cloudwatch_log_group.lambda",
            "module.lambda_function.data.aws_iam_policy.tracing",
            "module.lambda_function.data.aws_iam_policy.vpc",
            "module.lambda_function.data.aws_iam_policy_document.additional_inline",
            "module.lambda_function.data.aws_iam_policy_document.assume_role",
            "module.lambda_function.data.aws_iam_policy_document.async",
            "module.lambda_function.data.aws_iam_policy_document.dead_letter",
            "module.lambda_function.data.aws_iam_policy_document.logs",
            "module.lambda_function.data.aws_partition.current",
            "module.lambda_function.data.external.archive_prepare",
            "module.lambda_function.local_file.archive_plan",
            "module.lambda_function.null_resource.archive",
            "module.s3_bucket.aws_s3_bucket.this"
          ]
        }
      ]
    },
    {
      "module": "module.lambda_function",
      "mode": "managed",
      "type": "aws_lambda_permission",
      "name": "current_version_triggers",
      "provider": "provider[\"registry.terraform.io/hashicorp/aws\"]",
      "instances": [
        {
          "index_key": "AllowExecutionFromS3Bucket",
          "schema_version": 0,
          "attributes": {
            "action": "lambda:InvokeFunction",
            "event_source_token": null,
            "function_name": "ingest-class-scores-lambda",
            "function_url_auth_type": null,
            "id": "AllowExecutionFromS3Bucket",
            "principal": "s3.amazonaws.com",
            "principal_org_id": null,
            "qualifier": "16",
            "source_account": null,
            "source_arn": "arn:aws:s3:::habhub.data-pipeline-files",
            "statement_id": "AllowExecutionFromS3Bucket",
            "statement_id_prefix": ""
          },
          "sensitive_attributes": [],
          "private": "bnVsbA==",
          "dependencies": [
            "data.aws_ecr_authorization_token.token",
            "module.docker_image.aws_ecr_repository.this",
            "module.docker_image.data.aws_caller_identity.this",
            "module.docker_image.data.aws_region.current",
            "module.docker_image.docker_image.this",
            "module.docker_image.docker_registry_image.this",
            "module.lambda_function.aws_cloudwatch_log_group.lambda",
            "module.lambda_function.aws_iam_policy.additional_inline",
            "module.lambda_function.aws_iam_policy.additional_json",
            "module.lambda_function.aws_iam_policy.additional_jsons",
            "module.lambda_function.aws_iam_policy.async",
            "module.lambda_function.aws_iam_policy.dead_letter",
            "module.lambda_function.aws_iam_policy.logs",
            "module.lambda_function.aws_iam_policy.tracing",
            "module.lambda_function.aws_iam_policy.vpc",
            "module.lambda_function.aws_iam_role.lambda",
            "module.lambda_function.aws_iam_role_policy_attachment.additional_inline",
            "module.lambda_function.aws_iam_role_policy_attachment.additional_json",
            "module.lambda_function.aws_iam_role_policy_attachment.additional_jsons",
            "module.lambda_function.aws_iam_role_policy_attachment.additional_many",
            "module.lambda_function.aws_iam_role_policy_attachment.additional_one",
            "module.lambda_function.aws_iam_role_policy_attachment.async",
            "module.lambda_function.aws_iam_role_policy_attachment.dead_letter",
            "module.lambda_function.aws_iam_role_policy_attachment.logs",
            "module.lambda_function.aws_iam_role_policy_attachment.tracing",
            "module.lambda_function.aws_iam_role_policy_attachment.vpc",
            "module.lambda_function.aws_lambda_function.this",
            "module.lambda_function.aws_s3_object.lambda_package",
            "module.lambda_function.data.aws_arn.log_group_arn",
            "module.lambda_function.data.aws_cloudwatch_log_group.lambda",
            "module.lambda_function.data.aws_iam_policy.tracing",
            "module.lambda_function.data.aws_iam_policy.vpc",
            "module.lambda_function.data.aws_iam_policy_document.additional_inline",
            "module.lambda_function.data.aws_iam_policy_document.assume_role",
            "module.lambda_function.data.aws_iam_policy_document.async",
            "module.lambda_function.data.aws_iam_policy_document.dead_letter",
            "module.lambda_function.data.aws_iam_policy_document.logs",
            "module.lambda_function.data.aws_partition.current",
            "module.lambda_function.data.external.archive_prepare",
            "module.lambda_function.local_file.archive_plan",
            "module.lambda_function.null_resource.archive",
            "module.s3_bucket.aws_s3_bucket.this"
          ]
        }
      ]
    },
    {
      "module": "module.lambda_function",
      "mode": "managed",
      "type": "aws_lambda_permission",
      "name": "unqualified_alias_triggers",
      "provider": "provider[\"registry.terraform.io/hashicorp/aws\"]",
      "instances": [
        {
          "index_key": "AllowExecutionFromS3Bucket",
          "schema_version": 0,
          "attributes": {
            "action": "lambda:InvokeFunction",
            "event_source_token": null,
            "function_name": "ingest-class-scores-lambda",
            "function_url_auth_type": null,
            "id": "AllowExecutionFromS3Bucket",
            "principal": "s3.amazonaws.com",
            "principal_org_id": null,
            "qualifier": "",
            "source_account": null,
            "source_arn": "arn:aws:s3:::habhub.data-pipeline-files",
            "statement_id": "AllowExecutionFromS3Bucket",
            "statement_id_prefix": ""
          },
          "sensitive_attributes": [],
          "private": "bnVsbA==",
          "dependencies": [
            "data.aws_ecr_authorization_token.token",
            "module.docker_image.aws_ecr_repository.this",
            "module.docker_image.data.aws_caller_identity.this",
            "module.docker_image.data.aws_region.current",
            "module.docker_image.docker_image.this",
            "module.docker_image.docker_registry_image.this",
            "module.lambda_function.aws_cloudwatch_log_group.lambda",
            "module.lambda_function.aws_iam_policy.additional_inline",
            "module.lambda_function.aws_iam_policy.additional_json",
            "module.lambda_function.aws_iam_policy.additional_jsons",
            "module.lambda_function.aws_iam_policy.async",
            "module.lambda_function.aws_iam_policy.dead_letter",
            "module.lambda_function.aws_iam_policy.logs",
            "module.lambda_function.aws_iam_policy.tracing",
            "module.lambda_function.aws_iam_policy.vpc",
            "module.lambda_function.aws_iam_role.lambda",
            "module.lambda_function.aws_iam_role_policy_attachment.additional_inline",
            "module.lambda_function.aws_iam_role_policy_attachment.additional_json",
            "module.lambda_function.aws_iam_role_policy_attachment.additional_jsons",
            "module.lambda_function.aws_iam_role_policy_attachment.additional_many",
            "module.lambda_function.aws_iam_role_policy_attachment.additional_one",
            "module.lambda_function.aws_iam_role_policy_attachment.async",
            "module.lambda_function.aws_iam_role_policy_attachment.dead_letter",
            "module.lambda_function.aws_iam_role_policy_attachment.logs",
            "module.lambda_function.aws_iam_role_policy_attachment.tracing",
            "module.lambda_function.aws_iam_role_policy_attachment.vpc",
            "module.lambda_function.aws_lambda_function.this",
            "module.lambda_function.aws_s3_object.lambda_package",
            "module.lambda_function.data.aws_arn.log_group_arn",
            "module.lambda_function.data.aws_cloudwatch_log_group.lambda",
            "module.lambda_function.data.aws_iam_policy.tracing",
            "module.lambda_function.data.aws_iam_policy.vpc",
            "module.lambda_function.data.aws_iam_policy_document.additional_inline",
            "module.lambda_function.data.aws_iam_policy_document.assume_role",
            "module.lambda_function.data.aws_iam_policy_document.async",
            "module.lambda_function.data.aws_iam_policy_document.dead_letter",
            "module.lambda_function.data.aws_iam_policy_document.logs",
            "module.lambda_function.data.aws_partition.current",
            "module.lambda_function.data.external.archive_prepare",
            "module.lambda_function.local_file.archive_plan",
            "module.lambda_function.null_resource.archive",
            "module.s3_bucket.aws_s3_bucket.this"
          ]
        }
      ]
    },
    {
      "module": "module.lambda_function_metadata",
      "mode": "data",
      "type": "aws_caller_identity",
      "name": "current",
      "provider": "provider[\"registry.terraform.io/hashicorp/aws\"]",
      "instances": [
        {
          "schema_version": 0,
          "attributes": {
            "account_id": "139464377685",
            "arn": "arn:aws:sts::139464377685:assumed-role/AWSReservedSSO_AWSAdministratorAccess_a1d37e058008aa2e/eandrews_admin@whoi.edu",
            "id": "139464377685",
            "user_id": "AROASA6FZQVKXTDX4RQKP:eandrews_admin@whoi.edu"
          },
          "sensitive_attributes": []
        }
      ]
    },
    {
      "module": "module.lambda_function_metadata",
      "mode": "data",
      "type": "aws_iam_policy_document",
      "name": "additional_inline",
      "provider": "provider[\"registry.terraform.io/hashicorp/aws\"]",
      "instances": [
        {
          "index_key": 0,
          "schema_version": 0,
          "attributes": {
            "id": "4274543699",
            "json": "{\n  \"Version\": \"2012-10-17\",\n  \"Statement\": [\n    {\n      \"Sid\": \"DynamoItems\",\n      \"Effect\": \"Allow\",\n      \"Action\": [\n        \"dynamodb:UpdateItem\",\n        \"dynamodb:PutItem\",\n        \"dynamodb:GetItem\"\n      ],\n      \"Resource\": \"arn:aws:dynamodb:us-east-1:139464377685:table/habhub-bins-metadata\"\n    },\n    {\n      \"Sid\": \"GetS3Objects\",\n      \"Effect\": \"Allow\",\n      \"Action\": \"s3:GetObject\",\n      \"Resource\": [\n        \"arn:aws:s3:::habhub.data-pipeline-files/*\",\n        \"arn:aws:s3:::habhub.data-pipeline-files\"\n      ]\n    }\n  ]\n}",
            "override_policy_documents": null,
            "policy_id": null,
            "source_policy_documents": null,
            "statement": [
              {
                "actions": [
                  "dynamodb:GetItem",
                  "dynamodb:PutItem",
                  "dynamodb:UpdateItem"
                ],
                "condition": [],
                "effect": "Allow",
                "not_actions": [],
                "not_principals": [],
                "not_resources": [],
                "principals": [],
                "resources": [
                  "arn:aws:dynamodb:us-east-1:139464377685:table/habhub-bins-metadata"
                ],
                "sid": "DynamoItems"
              },
              {
                "actions": [
                  "s3:GetObject"
                ],
                "condition": [],
                "effect": "Allow",
                "not_actions": [],
                "not_principals": [],
                "not_resources": [],
                "principals": [],
                "resources": [
                  "arn:aws:s3:::habhub.data-pipeline-files",
                  "arn:aws:s3:::habhub.data-pipeline-files/*"
                ],
                "sid": "GetS3Objects"
              }
            ],
            "version": "2012-10-17"
          },
          "sensitive_attributes": []
        }
      ]
    },
    {
      "module": "module.lambda_function_metadata",
      "mode": "data",
      "type": "aws_iam_policy_document",
      "name": "assume_role",
      "provider": "provider[\"registry.terraform.io/hashicorp/aws\"]",
      "instances": [
        {
          "index_key": 0,
          "schema_version": 0,
          "attributes": {
            "id": "2690255455",
            "json": "{\n  \"Version\": \"2012-10-17\",\n  \"Statement\": [\n    {\n      \"Effect\": \"Allow\",\n      \"Action\": \"sts:AssumeRole\",\n      \"Principal\": {\n        \"Service\": \"lambda.amazonaws.com\"\n      }\n    }\n  ]\n}",
            "override_policy_documents": null,
            "policy_id": null,
            "source_policy_documents": null,
            "statement": [
              {
                "actions": [
                  "sts:AssumeRole"
                ],
                "condition": [],
                "effect": "Allow",
                "not_actions": [],
                "not_principals": [],
                "not_resources": [],
                "principals": [
                  {
                    "identifiers": [
                      "lambda.amazonaws.com"
                    ],
                    "type": "Service"
                  }
                ],
                "resources": [],
                "sid": ""
              }
            ],
            "version": "2012-10-17"
          },
          "sensitive_attributes": []
        }
      ]
    },
    {
      "module": "module.lambda_function_metadata",
      "mode": "data",
      "type": "aws_iam_policy_document",
      "name": "logs",
      "provider": "provider[\"registry.terraform.io/hashicorp/aws\"]",
      "instances": [
        {
          "index_key": 0,
          "schema_version": 0,
          "attributes": {
            "id": "2048784210",
            "json": "{\n  \"Version\": \"2012-10-17\",\n  \"Statement\": [\n    {\n      \"Effect\": \"Allow\",\n      \"Action\": [\n        \"logs:PutLogEvents\",\n        \"logs:CreateLogStream\",\n        \"logs:CreateLogGroup\"\n      ],\n      \"Resource\": [\n        \"arn:aws:logs:us-east-1:139464377685:log-group:/aws/lambda/ingest-metadata-adc-files-lambda:*:*\",\n        \"arn:aws:logs:us-east-1:139464377685:log-group:/aws/lambda/ingest-metadata-adc-files-lambda:*\"\n      ]\n    }\n  ]\n}",
            "override_policy_documents": null,
            "policy_id": null,
            "source_policy_documents": null,
            "statement": [
              {
                "actions": [
                  "logs:CreateLogGroup",
                  "logs:CreateLogStream",
                  "logs:PutLogEvents"
                ],
                "condition": [],
                "effect": "Allow",
                "not_actions": [],
                "not_principals": [],
                "not_resources": [],
                "principals": [],
                "resources": [
                  "arn:aws:logs:us-east-1:139464377685:log-group:/aws/lambda/ingest-metadata-adc-files-lambda:*",
                  "arn:aws:logs:us-east-1:139464377685:log-group:/aws/lambda/ingest-metadata-adc-files-lambda:*:*"
                ],
                "sid": ""
              }
            ],
            "version": "2012-10-17"
          },
          "sensitive_attributes": []
        }
      ]
    },
    {
      "module": "module.lambda_function_metadata",
      "mode": "data",
      "type": "aws_partition",
      "name": "current",
      "provider": "provider[\"registry.terraform.io/hashicorp/aws\"]",
      "instances": [
        {
          "schema_version": 0,
          "attributes": {
            "dns_suffix": "amazonaws.com",
            "id": "aws",
            "partition": "aws",
            "reverse_dns_prefix": "com.amazonaws"
          },
          "sensitive_attributes": []
        }
      ]
    },
    {
      "module": "module.lambda_function_metadata",
      "mode": "data",
      "type": "aws_region",
      "name": "current",
      "provider": "provider[\"registry.terraform.io/hashicorp/aws\"]",
      "instances": [
        {
          "schema_version": 0,
          "attributes": {
            "description": "US East (N. Virginia)",
            "endpoint": "ec2.us-east-1.amazonaws.com",
            "id": "us-east-1",
            "name": "us-east-1"
          },
          "sensitive_attributes": []
        }
      ]
    },
    {
      "module": "module.lambda_function_metadata",
      "mode": "managed",
      "type": "aws_cloudwatch_log_group",
      "name": "lambda",
      "provider": "provider[\"registry.terraform.io/hashicorp/aws\"]",
      "instances": [
        {
          "index_key": 0,
          "schema_version": 0,
          "attributes": {
            "arn": "arn:aws:logs:us-east-1:139464377685:log-group:/aws/lambda/ingest-metadata-adc-files-lambda",
            "id": "/aws/lambda/ingest-metadata-adc-files-lambda",
            "kms_key_id": "",
            "log_group_class": "STANDARD",
            "name": "/aws/lambda/ingest-metadata-adc-files-lambda",
            "name_prefix": "",
            "retention_in_days": 0,
            "skip_destroy": false,
            "tags": {},
            "tags_all": {}
          },
          "sensitive_attributes": [],
          "private": "bnVsbA=="
        }
      ]
    },
    {
      "module": "module.lambda_function_metadata",
      "mode": "managed",
      "type": "aws_iam_policy",
      "name": "additional_inline",
      "provider": "provider[\"registry.terraform.io/hashicorp/aws\"]",
      "instances": [
        {
          "index_key": 0,
          "schema_version": 0,
          "attributes": {
            "arn": "arn:aws:iam::139464377685:policy/ingest-metadata-adc-files-lambda-inline",
            "description": "",
            "id": "arn:aws:iam::139464377685:policy/ingest-metadata-adc-files-lambda-inline",
            "name": "ingest-metadata-adc-files-lambda-inline",
            "name_prefix": "",
            "path": "/",
            "policy": "{\"Statement\":[{\"Action\":[\"dynamodb:UpdateItem\",\"dynamodb:PutItem\",\"dynamodb:GetItem\"],\"Effect\":\"Allow\",\"Resource\":\"arn:aws:dynamodb:us-east-1:139464377685:table/habhub-bins-metadata\",\"Sid\":\"DynamoItems\"},{\"Action\":\"s3:GetObject\",\"Effect\":\"Allow\",\"Resource\":[\"arn:aws:s3:::habhub.data-pipeline-files/*\",\"arn:aws:s3:::habhub.data-pipeline-files\"],\"Sid\":\"GetS3Objects\"}],\"Version\":\"2012-10-17\"}",
            "policy_id": "ANPASA6FZQVKVBEXSHZ7Q",
            "tags": {},
            "tags_all": {}
          },
          "sensitive_attributes": [],
          "private": "bnVsbA==",
          "dependencies": [
            "module.dynamodb_table.aws_dynamodb_table.autoscaled",
            "module.dynamodb_table.aws_dynamodb_table.autoscaled_gsi_ignore",
            "module.dynamodb_table.aws_dynamodb_table.this",
            "module.lambda_function_metadata.data.aws_iam_policy_document.additional_inline",
            "module.s3_bucket.aws_s3_bucket.this"
          ]
        }
      ]
    },
    {
      "module": "module.lambda_function_metadata",
      "mode": "managed",
      "type": "aws_iam_policy",
      "name": "logs",
      "provider": "provider[\"registry.terraform.io/hashicorp/aws\"]",
      "instances": [
        {
          "index_key": 0,
          "schema_version": 0,
          "attributes": {
            "arn": "arn:aws:iam::139464377685:policy/ingest-metadata-adc-files-lambda-logs",
            "description": "",
            "id": "arn:aws:iam::139464377685:policy/ingest-metadata-adc-files-lambda-logs",
            "name": "ingest-metadata-adc-files-lambda-logs",
            "name_prefix": "",
            "path": "/",
            "policy": "{\"Statement\":[{\"Action\":[\"logs:PutLogEvents\",\"logs:CreateLogStream\",\"logs:CreateLogGroup\"],\"Effect\":\"Allow\",\"Resource\":[\"arn:aws:logs:us-east-1:139464377685:log-group:/aws/lambda/ingest-metadata-adc-files-lambda:*:*\",\"arn:aws:logs:us-east-1:139464377685:log-group:/aws/lambda/ingest-metadata-adc-files-lambda:*\"]}],\"Version\":\"2012-10-17\"}",
            "policy_id": "ANPASA6FZQVKVGANCHMDB",
            "tags": {},
            "tags_all": {}
          },
          "sensitive_attributes": [],
          "private": "bnVsbA==",
          "dependencies": [
            "module.lambda_function_metadata.aws_cloudwatch_log_group.lambda",
            "module.lambda_function_metadata.data.aws_arn.log_group_arn",
            "module.lambda_function_metadata.data.aws_cloudwatch_log_group.lambda",
            "module.lambda_function_metadata.data.aws_iam_policy_document.logs"
          ]
        }
      ]
    },
    {
      "module": "module.lambda_function_metadata",
      "mode": "managed",
      "type": "aws_iam_role",
      "name": "lambda",
      "provider": "provider[\"registry.terraform.io/hashicorp/aws\"]",
      "instances": [
        {
          "index_key": 0,
          "schema_version": 0,
          "attributes": {
            "arn": "arn:aws:iam::139464377685:role/ingest-metadata-adc-files-lambda",
            "assume_role_policy": "{\"Statement\":[{\"Action\":\"sts:AssumeRole\",\"Effect\":\"Allow\",\"Principal\":{\"Service\":\"lambda.amazonaws.com\"}}],\"Version\":\"2012-10-17\"}",
            "create_date": "2024-06-13T17:49:37Z",
            "description": "",
            "force_detach_policies": true,
            "id": "ingest-metadata-adc-files-lambda",
            "inline_policy": [],
            "managed_policy_arns": [
              "arn:aws:iam::139464377685:policy/ingest-metadata-adc-files-lambda-inline",
              "arn:aws:iam::139464377685:policy/ingest-metadata-adc-files-lambda-logs"
            ],
            "max_session_duration": 3600,
            "name": "ingest-metadata-adc-files-lambda",
            "name_prefix": "",
            "path": "/",
            "permissions_boundary": "",
            "tags": {},
            "tags_all": {},
            "unique_id": "AROASA6FZQVKQ63DUKJLB"
          },
          "sensitive_attributes": [],
          "private": "bnVsbA==",
          "dependencies": [
            "module.lambda_function_metadata.data.aws_iam_policy_document.assume_role"
          ]
        }
      ]
    },
    {
      "module": "module.lambda_function_metadata",
      "mode": "managed",
      "type": "aws_iam_role_policy_attachment",
      "name": "additional_inline",
      "provider": "provider[\"registry.terraform.io/hashicorp/aws\"]",
      "instances": [
        {
          "index_key": 0,
          "schema_version": 0,
          "attributes": {
            "id": "ingest-metadata-adc-files-lambda-20240613174937876300000001",
            "policy_arn": "arn:aws:iam::139464377685:policy/ingest-metadata-adc-files-lambda-inline",
            "role": "ingest-metadata-adc-files-lambda"
          },
          "sensitive_attributes": [],
          "private": "bnVsbA==",
          "dependencies": [
            "module.dynamodb_table.aws_dynamodb_table.autoscaled",
            "module.dynamodb_table.aws_dynamodb_table.autoscaled_gsi_ignore",
            "module.dynamodb_table.aws_dynamodb_table.this",
            "module.lambda_function_metadata.aws_iam_policy.additional_inline",
            "module.lambda_function_metadata.aws_iam_role.lambda",
            "module.lambda_function_metadata.data.aws_iam_policy_document.additional_inline",
            "module.lambda_function_metadata.data.aws_iam_policy_document.assume_role",
            "module.s3_bucket.aws_s3_bucket.this"
          ]
        }
      ]
    },
    {
      "module": "module.lambda_function_metadata",
      "mode": "managed",
      "type": "aws_iam_role_policy_attachment",
      "name": "logs",
      "provider": "provider[\"registry.terraform.io/hashicorp/aws\"]",
      "instances": [
        {
          "index_key": 0,
          "schema_version": 0,
          "attributes": {
            "id": "ingest-metadata-adc-files-lambda-20240613174937887700000002",
            "policy_arn": "arn:aws:iam::139464377685:policy/ingest-metadata-adc-files-lambda-logs",
            "role": "ingest-metadata-adc-files-lambda"
          },
          "sensitive_attributes": [],
          "private": "bnVsbA==",
          "dependencies": [
            "module.lambda_function_metadata.aws_cloudwatch_log_group.lambda",
            "module.lambda_function_metadata.aws_iam_policy.logs",
            "module.lambda_function_metadata.aws_iam_role.lambda",
            "module.lambda_function_metadata.data.aws_arn.log_group_arn",
            "module.lambda_function_metadata.data.aws_cloudwatch_log_group.lambda",
            "module.lambda_function_metadata.data.aws_iam_policy_document.assume_role",
            "module.lambda_function_metadata.data.aws_iam_policy_document.logs"
          ]
        }
      ]
    },
    {
      "module": "module.lambda_function_metadata",
      "mode": "managed",
      "type": "aws_lambda_function",
      "name": "this",
      "provider": "provider[\"registry.terraform.io/hashicorp/aws\"]",
      "instances": [
        {
          "index_key": 0,
          "schema_version": 0,
          "attributes": {
            "architectures": [
              "x86_64"
            ],
            "arn": "arn:aws:lambda:us-east-1:139464377685:function:ingest-metadata-adc-files-lambda",
            "code_signing_config_arn": "",
            "dead_letter_config": [],
            "description": "Ingest ml_analyzed metadata from ADC files",
            "environment": [],
            "ephemeral_storage": [
              {
                "size": 512
              }
            ],
            "file_system_config": [],
            "filename": null,
            "function_name": "ingest-metadata-adc-files-lambda",
            "handler": "",
            "id": "ingest-metadata-adc-files-lambda",
            "image_config": [],
            "image_uri": "139464377685.dkr.ecr.us-east-1.amazonaws.com/ingest-metadata-adc-files-lambda:1.7",
            "invoke_arn": "arn:aws:apigateway:us-east-1:lambda:path/2015-03-31/functions/arn:aws:lambda:us-east-1:139464377685:function:ingest-metadata-adc-files-lambda/invocations",
            "kms_key_arn": "",
            "last_modified": "2024-06-14T16:21:12.000+0000",
            "layers": [],
            "logging_config": [
              {
                "application_log_level": "",
                "log_format": "Text",
                "log_group": "/aws/lambda/ingest-metadata-adc-files-lambda",
                "system_log_level": ""
              }
            ],
            "memory_size": 256,
            "package_type": "Image",
            "publish": true,
            "qualified_arn": "arn:aws:lambda:us-east-1:139464377685:function:ingest-metadata-adc-files-lambda:11",
            "qualified_invoke_arn": "arn:aws:apigateway:us-east-1:lambda:path/2015-03-31/functions/arn:aws:lambda:us-east-1:139464377685:function:ingest-metadata-adc-files-lambda:11/invocations",
            "replace_security_groups_on_destroy": null,
            "replacement_security_group_ids": null,
            "reserved_concurrent_executions": -1,
            "role": "arn:aws:iam::139464377685:role/ingest-metadata-adc-files-lambda",
            "runtime": "",
            "s3_bucket": null,
            "s3_key": null,
            "s3_object_version": null,
            "signing_job_arn": "",
            "signing_profile_version_arn": "",
            "skip_destroy": false,
            "snap_start": [],
            "source_code_hash": "5975f457c7b9589f82722dbf2037ecfa849dd0bfd9075847cfd2bf788b8f4a7c",
            "source_code_size": 0,
            "tags": {},
            "tags_all": {},
            "timeout": 300,
            "timeouts": null,
            "tracing_config": [
              {
                "mode": "PassThrough"
              }
            ],
            "version": "11",
            "vpc_config": []
          },
          "sensitive_attributes": [],
          "private": "eyJlMmJmYjczMC1lY2FhLTExZTYtOGY4OC0zNDM2M2JjN2M0YzAiOnsiY3JlYXRlIjo2MDAwMDAwMDAwMDAsImRlbGV0ZSI6NjAwMDAwMDAwMDAwLCJ1cGRhdGUiOjYwMDAwMDAwMDAwMH19",
          "dependencies": [
            "data.aws_ecr_authorization_token.token",
            "module.docker_image_metadata.aws_ecr_repository.this",
            "module.docker_image_metadata.data.aws_caller_identity.this",
            "module.docker_image_metadata.data.aws_region.current",
            "module.docker_image_metadata.docker_image.this",
            "module.docker_image_metadata.docker_registry_image.this",
            "module.dynamodb_table.aws_dynamodb_table.autoscaled",
            "module.dynamodb_table.aws_dynamodb_table.autoscaled_gsi_ignore",
            "module.dynamodb_table.aws_dynamodb_table.this",
            "module.lambda_function_metadata.aws_cloudwatch_log_group.lambda",
            "module.lambda_function_metadata.aws_iam_policy.additional_inline",
            "module.lambda_function_metadata.aws_iam_policy.additional_json",
            "module.lambda_function_metadata.aws_iam_policy.additional_jsons",
            "module.lambda_function_metadata.aws_iam_policy.async",
            "module.lambda_function_metadata.aws_iam_policy.dead_letter",
            "module.lambda_function_metadata.aws_iam_policy.logs",
            "module.lambda_function_metadata.aws_iam_policy.tracing",
            "module.lambda_function_metadata.aws_iam_policy.vpc",
            "module.lambda_function_metadata.aws_iam_role.lambda",
            "module.lambda_function_metadata.aws_iam_role_policy_attachment.additional_inline",
            "module.lambda_function_metadata.aws_iam_role_policy_attachment.additional_json",
            "module.lambda_function_metadata.aws_iam_role_policy_attachment.additional_jsons",
            "module.lambda_function_metadata.aws_iam_role_policy_attachment.additional_many",
            "module.lambda_function_metadata.aws_iam_role_policy_attachment.additional_one",
            "module.lambda_function_metadata.aws_iam_role_policy_attachment.async",
            "module.lambda_function_metadata.aws_iam_role_policy_attachment.dead_letter",
            "module.lambda_function_metadata.aws_iam_role_policy_attachment.logs",
            "module.lambda_function_metadata.aws_iam_role_policy_attachment.tracing",
            "module.lambda_function_metadata.aws_iam_role_policy_attachment.vpc",
            "module.lambda_function_metadata.aws_s3_object.lambda_package",
            "module.lambda_function_metadata.data.aws_arn.log_group_arn",
            "module.lambda_function_metadata.data.aws_cloudwatch_log_group.lambda",
            "module.lambda_function_metadata.data.aws_iam_policy.tracing",
            "module.lambda_function_metadata.data.aws_iam_policy.vpc",
            "module.lambda_function_metadata.data.aws_iam_policy_document.additional_inline",
            "module.lambda_function_metadata.data.aws_iam_policy_document.assume_role",
            "module.lambda_function_metadata.data.aws_iam_policy_document.async",
            "module.lambda_function_metadata.data.aws_iam_policy_document.dead_letter",
            "module.lambda_function_metadata.data.aws_iam_policy_document.logs",
            "module.lambda_function_metadata.data.aws_partition.current",
            "module.lambda_function_metadata.data.external.archive_prepare",
            "module.lambda_function_metadata.local_file.archive_plan",
            "module.lambda_function_metadata.null_resource.archive",
            "module.s3_bucket.aws_s3_bucket.this"
          ]
        }
      ]
    },
    {
      "module": "module.lambda_function_metadata",
      "mode": "managed",
      "type": "aws_lambda_permission",
      "name": "current_version_triggers",
      "provider": "provider[\"registry.terraform.io/hashicorp/aws\"]",
      "instances": [
        {
          "index_key": "AllowExecutionFromS3Bucket",
          "schema_version": 0,
          "attributes": {
            "action": "lambda:InvokeFunction",
            "event_source_token": null,
            "function_name": "ingest-metadata-adc-files-lambda",
            "function_url_auth_type": null,
            "id": "AllowExecutionFromS3Bucket",
            "principal": "s3.amazonaws.com",
            "principal_org_id": null,
            "qualifier": "11",
            "source_account": null,
            "source_arn": "arn:aws:s3:::habhub.data-pipeline-files",
            "statement_id": "AllowExecutionFromS3Bucket",
            "statement_id_prefix": ""
          },
          "sensitive_attributes": [],
          "private": "bnVsbA==",
          "dependencies": [
            "data.aws_ecr_authorization_token.token",
            "module.docker_image_metadata.aws_ecr_repository.this",
            "module.docker_image_metadata.data.aws_caller_identity.this",
            "module.docker_image_metadata.data.aws_region.current",
            "module.docker_image_metadata.docker_image.this",
            "module.docker_image_metadata.docker_registry_image.this",
            "module.dynamodb_table.aws_dynamodb_table.autoscaled",
            "module.dynamodb_table.aws_dynamodb_table.autoscaled_gsi_ignore",
            "module.dynamodb_table.aws_dynamodb_table.this",
            "module.lambda_function_metadata.aws_cloudwatch_log_group.lambda",
            "module.lambda_function_metadata.aws_iam_policy.additional_inline",
            "module.lambda_function_metadata.aws_iam_policy.additional_json",
            "module.lambda_function_metadata.aws_iam_policy.additional_jsons",
            "module.lambda_function_metadata.aws_iam_policy.async",
            "module.lambda_function_metadata.aws_iam_policy.dead_letter",
            "module.lambda_function_metadata.aws_iam_policy.logs",
            "module.lambda_function_metadata.aws_iam_policy.tracing",
            "module.lambda_function_metadata.aws_iam_policy.vpc",
            "module.lambda_function_metadata.aws_iam_role.lambda",
            "module.lambda_function_metadata.aws_iam_role_policy_attachment.additional_inline",
            "module.lambda_function_metadata.aws_iam_role_policy_attachment.additional_json",
            "module.lambda_function_metadata.aws_iam_role_policy_attachment.additional_jsons",
            "module.lambda_function_metadata.aws_iam_role_policy_attachment.additional_many",
            "module.lambda_function_metadata.aws_iam_role_policy_attachment.additional_one",
            "module.lambda_function_metadata.aws_iam_role_policy_attachment.async",
            "module.lambda_function_metadata.aws_iam_role_policy_attachment.dead_letter",
            "module.lambda_function_metadata.aws_iam_role_policy_attachment.logs",
            "module.lambda_function_metadata.aws_iam_role_policy_attachment.tracing",
            "module.lambda_function_metadata.aws_iam_role_policy_attachment.vpc",
            "module.lambda_function_metadata.aws_lambda_function.this",
            "module.lambda_function_metadata.aws_s3_object.lambda_package",
            "module.lambda_function_metadata.data.aws_arn.log_group_arn",
            "module.lambda_function_metadata.data.aws_cloudwatch_log_group.lambda",
            "module.lambda_function_metadata.data.aws_iam_policy.tracing",
            "module.lambda_function_metadata.data.aws_iam_policy.vpc",
            "module.lambda_function_metadata.data.aws_iam_policy_document.additional_inline",
            "module.lambda_function_metadata.data.aws_iam_policy_document.assume_role",
            "module.lambda_function_metadata.data.aws_iam_policy_document.async",
            "module.lambda_function_metadata.data.aws_iam_policy_document.dead_letter",
            "module.lambda_function_metadata.data.aws_iam_policy_document.logs",
            "module.lambda_function_metadata.data.aws_partition.current",
            "module.lambda_function_metadata.data.external.archive_prepare",
            "module.lambda_function_metadata.local_file.archive_plan",
            "module.lambda_function_metadata.null_resource.archive",
            "module.s3_bucket.aws_s3_bucket.this"
          ]
        }
      ]
    },
    {
      "module": "module.lambda_function_metadata",
      "mode": "managed",
      "type": "aws_lambda_permission",
      "name": "unqualified_alias_triggers",
      "provider": "provider[\"registry.terraform.io/hashicorp/aws\"]",
      "instances": [
        {
          "index_key": "AllowExecutionFromS3Bucket",
          "schema_version": 0,
          "attributes": {
            "action": "lambda:InvokeFunction",
            "event_source_token": null,
            "function_name": "ingest-metadata-adc-files-lambda",
            "function_url_auth_type": null,
            "id": "AllowExecutionFromS3Bucket",
            "principal": "s3.amazonaws.com",
            "principal_org_id": null,
            "qualifier": "",
            "source_account": null,
            "source_arn": "arn:aws:s3:::habhub.data-pipeline-files",
            "statement_id": "AllowExecutionFromS3Bucket",
            "statement_id_prefix": ""
          },
          "sensitive_attributes": [],
          "private": "bnVsbA==",
          "dependencies": [
            "data.aws_ecr_authorization_token.token",
            "module.docker_image_metadata.aws_ecr_repository.this",
            "module.docker_image_metadata.data.aws_caller_identity.this",
            "module.docker_image_metadata.data.aws_region.current",
            "module.docker_image_metadata.docker_image.this",
            "module.docker_image_metadata.docker_registry_image.this",
            "module.dynamodb_table.aws_dynamodb_table.autoscaled",
            "module.dynamodb_table.aws_dynamodb_table.autoscaled_gsi_ignore",
            "module.dynamodb_table.aws_dynamodb_table.this",
            "module.lambda_function_metadata.aws_cloudwatch_log_group.lambda",
            "module.lambda_function_metadata.aws_iam_policy.additional_inline",
            "module.lambda_function_metadata.aws_iam_policy.additional_json",
            "module.lambda_function_metadata.aws_iam_policy.additional_jsons",
            "module.lambda_function_metadata.aws_iam_policy.async",
            "module.lambda_function_metadata.aws_iam_policy.dead_letter",
            "module.lambda_function_metadata.aws_iam_policy.logs",
            "module.lambda_function_metadata.aws_iam_policy.tracing",
            "module.lambda_function_metadata.aws_iam_policy.vpc",
            "module.lambda_function_metadata.aws_iam_role.lambda",
            "module.lambda_function_metadata.aws_iam_role_policy_attachment.additional_inline",
            "module.lambda_function_metadata.aws_iam_role_policy_attachment.additional_json",
            "module.lambda_function_metadata.aws_iam_role_policy_attachment.additional_jsons",
            "module.lambda_function_metadata.aws_iam_role_policy_attachment.additional_many",
            "module.lambda_function_metadata.aws_iam_role_policy_attachment.additional_one",
            "module.lambda_function_metadata.aws_iam_role_policy_attachment.async",
            "module.lambda_function_metadata.aws_iam_role_policy_attachment.dead_letter",
            "module.lambda_function_metadata.aws_iam_role_policy_attachment.logs",
            "module.lambda_function_metadata.aws_iam_role_policy_attachment.tracing",
            "module.lambda_function_metadata.aws_iam_role_policy_attachment.vpc",
            "module.lambda_function_metadata.aws_lambda_function.this",
            "module.lambda_function_metadata.aws_s3_object.lambda_package",
            "module.lambda_function_metadata.data.aws_arn.log_group_arn",
            "module.lambda_function_metadata.data.aws_cloudwatch_log_group.lambda",
            "module.lambda_function_metadata.data.aws_iam_policy.tracing",
            "module.lambda_function_metadata.data.aws_iam_policy.vpc",
            "module.lambda_function_metadata.data.aws_iam_policy_document.additional_inline",
            "module.lambda_function_metadata.data.aws_iam_policy_document.assume_role",
            "module.lambda_function_metadata.data.aws_iam_policy_document.async",
            "module.lambda_function_metadata.data.aws_iam_policy_document.dead_letter",
            "module.lambda_function_metadata.data.aws_iam_policy_document.logs",
            "module.lambda_function_metadata.data.aws_partition.current",
            "module.lambda_function_metadata.data.external.archive_prepare",
            "module.lambda_function_metadata.local_file.archive_plan",
            "module.lambda_function_metadata.null_resource.archive",
            "module.s3_bucket.aws_s3_bucket.this"
          ]
        }
      ]
    },
    {
      "module": "module.s3_bucket",
      "mode": "data",
      "type": "aws_caller_identity",
      "name": "current",
      "provider": "provider[\"registry.terraform.io/hashicorp/aws\"]",
      "instances": [
        {
          "schema_version": 0,
          "attributes": {
            "account_id": "139464377685",
            "arn": "arn:aws:sts::139464377685:assumed-role/AWSReservedSSO_AWSAdministratorAccess_a1d37e058008aa2e/eandrews_admin@whoi.edu",
            "id": "139464377685",
            "user_id": "AROASA6FZQVKXTDX4RQKP:eandrews_admin@whoi.edu"
          },
          "sensitive_attributes": []
        }
      ]
    },
    {
      "module": "module.s3_bucket",
      "mode": "data",
      "type": "aws_canonical_user_id",
      "name": "this",
      "provider": "provider[\"registry.terraform.io/hashicorp/aws\"]",
      "instances": [
        {
          "index_key": 0,
          "schema_version": 0,
          "attributes": {
            "display_name": "habhub+aws-management",
            "id": "bf550d8b973e962e8649a9386e1342bd10f6de14310d9b5de771db6bb2b97cc9"
          },
          "sensitive_attributes": []
        }
      ]
    },
    {
      "module": "module.s3_bucket",
      "mode": "data",
      "type": "aws_partition",
      "name": "current",
      "provider": "provider[\"registry.terraform.io/hashicorp/aws\"]",
      "instances": [
        {
          "schema_version": 0,
          "attributes": {
            "dns_suffix": "amazonaws.com",
            "id": "aws",
            "partition": "aws",
            "reverse_dns_prefix": "com.amazonaws"
          },
          "sensitive_attributes": []
        }
      ]
    },
    {
      "module": "module.s3_bucket",
      "mode": "data",
      "type": "aws_region",
      "name": "current",
      "provider": "provider[\"registry.terraform.io/hashicorp/aws\"]",
      "instances": [
        {
          "schema_version": 0,
          "attributes": {
            "description": "US East (N. Virginia)",
            "endpoint": "ec2.us-east-1.amazonaws.com",
            "id": "us-east-1",
            "name": "us-east-1"
          },
          "sensitive_attributes": []
        }
      ]
    },
    {
      "module": "module.s3_bucket",
      "mode": "managed",
      "type": "aws_s3_bucket",
      "name": "this",
      "provider": "provider[\"registry.terraform.io/hashicorp/aws\"]",
      "instances": [
        {
          "index_key": 0,
          "schema_version": 0,
          "attributes": {
            "acceleration_status": "",
            "acl": null,
            "arn": "arn:aws:s3:::habhub.data-pipeline-files",
            "bucket": "habhub.data-pipeline-files",
            "bucket_domain_name": "habhub.data-pipeline-files.s3.amazonaws.com",
            "bucket_prefix": "",
            "bucket_regional_domain_name": "habhub.data-pipeline-files.s3.us-east-1.amazonaws.com",
            "cors_rule": [],
            "force_destroy": true,
            "grant": [
              {
                "id": "bf550d8b973e962e8649a9386e1342bd10f6de14310d9b5de771db6bb2b97cc9",
                "permissions": [
                  "FULL_CONTROL"
                ],
                "type": "CanonicalUser",
                "uri": ""
              }
            ],
            "hosted_zone_id": "Z3AQBSTGFYJSTF",
            "id": "habhub.data-pipeline-files",
            "lifecycle_rule": [],
            "logging": [],
            "object_lock_configuration": [],
            "object_lock_enabled": false,
            "policy": "",
            "region": "us-east-1",
            "replication_configuration": [],
            "request_payer": "BucketOwner",
            "server_side_encryption_configuration": [
              {
                "rule": [
                  {
                    "apply_server_side_encryption_by_default": [
                      {
                        "kms_master_key_id": "",
                        "sse_algorithm": "AES256"
                      }
                    ],
                    "bucket_key_enabled": false
                  }
                ]
              }
            ],
            "tags": {},
            "tags_all": {},
            "timeouts": null,
            "versioning": [
              {
                "enabled": false,
                "mfa_delete": false
              }
            ],
            "website": [],
            "website_domain": null,
            "website_endpoint": null
          },
          "sensitive_attributes": [],
          "private": "eyJlMmJmYjczMC1lY2FhLTExZTYtOGY4OC0zNDM2M2JjN2M0YzAiOnsiY3JlYXRlIjoxMjAwMDAwMDAwMDAwLCJkZWxldGUiOjM2MDAwMDAwMDAwMDAsInJlYWQiOjEyMDAwMDAwMDAwMDAsInVwZGF0ZSI6MTIwMDAwMDAwMDAwMH19"
        }
      ]
    },
    {
      "module": "module.s3_bucket",
      "mode": "managed",
      "type": "aws_s3_bucket_acl",
      "name": "this",
      "provider": "provider[\"registry.terraform.io/hashicorp/aws\"]",
      "instances": [
        {
          "index_key": 0,
          "schema_version": 0,
          "attributes": {
            "access_control_policy": [
              {
                "grant": [
                  {
                    "grantee": [
                      {
                        "display_name": "habhub+aws-management",
                        "email_address": "",
                        "id": "bf550d8b973e962e8649a9386e1342bd10f6de14310d9b5de771db6bb2b97cc9",
                        "type": "CanonicalUser",
                        "uri": ""
                      }
                    ],
                    "permission": "FULL_CONTROL"
                  }
                ],
                "owner": [
                  {
                    "display_name": "habhub+aws-management",
                    "id": "bf550d8b973e962e8649a9386e1342bd10f6de14310d9b5de771db6bb2b97cc9"
                  }
                ]
              }
            ],
            "acl": "private",
            "bucket": "habhub.data-pipeline-files",
            "expected_bucket_owner": "",
            "id": "habhub.data-pipeline-files,private"
          },
          "sensitive_attributes": [],
          "private": "bnVsbA==",
          "dependencies": [
            "module.s3_bucket.aws_s3_bucket.this",
            "module.s3_bucket.aws_s3_bucket_ownership_controls.this",
            "module.s3_bucket.aws_s3_bucket_policy.this",
            "module.s3_bucket.aws_s3_bucket_public_access_block.this",
            "module.s3_bucket.data.aws_caller_identity.current",
            "module.s3_bucket.data.aws_canonical_user_id.this",
            "module.s3_bucket.data.aws_iam_policy_document.access_log_delivery",
            "module.s3_bucket.data.aws_iam_policy_document.combined",
            "module.s3_bucket.data.aws_iam_policy_document.deny_incorrect_encryption_headers",
            "module.s3_bucket.data.aws_iam_policy_document.deny_incorrect_kms_key_sse",
            "module.s3_bucket.data.aws_iam_policy_document.deny_insecure_transport",
            "module.s3_bucket.data.aws_iam_policy_document.deny_unencrypted_object_uploads",
            "module.s3_bucket.data.aws_iam_policy_document.elb_log_delivery",
            "module.s3_bucket.data.aws_iam_policy_document.inventory_and_analytics_destination_policy",
            "module.s3_bucket.data.aws_iam_policy_document.lb_log_delivery",
            "module.s3_bucket.data.aws_iam_policy_document.require_latest_tls",
            "module.s3_bucket.data.aws_partition.current",
            "module.s3_bucket.data.aws_region.current"
          ]
        }
      ]
    },
    {
      "module": "module.s3_bucket",
      "mode": "managed",
      "type": "aws_s3_bucket_ownership_controls",
      "name": "this",
      "provider": "provider[\"registry.terraform.io/hashicorp/aws\"]",
      "instances": [
        {
          "index_key": 0,
          "schema_version": 0,
          "attributes": {
            "bucket": "habhub.data-pipeline-files",
            "id": "habhub.data-pipeline-files",
            "rule": [
              {
                "object_ownership": "ObjectWriter"
              }
            ]
          },
          "sensitive_attributes": [],
          "private": "bnVsbA==",
          "dependencies": [
            "module.s3_bucket.aws_s3_bucket.this",
            "module.s3_bucket.aws_s3_bucket_policy.this",
            "module.s3_bucket.aws_s3_bucket_public_access_block.this",
            "module.s3_bucket.data.aws_caller_identity.current",
            "module.s3_bucket.data.aws_iam_policy_document.access_log_delivery",
            "module.s3_bucket.data.aws_iam_policy_document.combined",
            "module.s3_bucket.data.aws_iam_policy_document.deny_incorrect_encryption_headers",
            "module.s3_bucket.data.aws_iam_policy_document.deny_incorrect_kms_key_sse",
            "module.s3_bucket.data.aws_iam_policy_document.deny_insecure_transport",
            "module.s3_bucket.data.aws_iam_policy_document.deny_unencrypted_object_uploads",
            "module.s3_bucket.data.aws_iam_policy_document.elb_log_delivery",
            "module.s3_bucket.data.aws_iam_policy_document.inventory_and_analytics_destination_policy",
            "module.s3_bucket.data.aws_iam_policy_document.lb_log_delivery",
            "module.s3_bucket.data.aws_iam_policy_document.require_latest_tls",
            "module.s3_bucket.data.aws_partition.current",
            "module.s3_bucket.data.aws_region.current"
          ]
        }
      ]
    },
    {
      "module": "module.s3_bucket",
      "mode": "managed",
      "type": "aws_s3_bucket_public_access_block",
      "name": "this",
      "provider": "provider[\"registry.terraform.io/hashicorp/aws\"]",
      "instances": [
        {
          "index_key": 0,
          "schema_version": 0,
          "attributes": {
            "block_public_acls": true,
            "block_public_policy": true,
            "bucket": "habhub.data-pipeline-files",
            "id": "habhub.data-pipeline-files",
            "ignore_public_acls": true,
            "restrict_public_buckets": true
          },
          "sensitive_attributes": [],
          "private": "bnVsbA==",
          "dependencies": [
            "module.s3_bucket.aws_s3_bucket.this"
          ]
        }
      ]
    },
    {
      "module": "module.s3_notification",
      "mode": "data",
      "type": "aws_partition",
      "name": "this",
      "provider": "provider[\"registry.terraform.io/hashicorp/aws\"]",
      "instances": [
        {
          "schema_version": 0,
          "attributes": {
            "dns_suffix": "amazonaws.com",
            "id": "aws",
            "partition": "aws",
            "reverse_dns_prefix": "com.amazonaws"
          },
          "sensitive_attributes": []
        }
      ]
    },
    {
      "module": "module.s3_notification",
      "mode": "managed",
      "type": "aws_lambda_permission",
      "name": "allow",
      "provider": "provider[\"registry.terraform.io/hashicorp/aws\"]",
      "instances": [
        {
          "index_key": "lambda1",
          "schema_version": 0,
          "attributes": {
            "action": "lambda:InvokeFunction",
            "event_source_token": null,
            "function_name": "ingest-class-scores-lambda",
            "function_url_auth_type": null,
            "id": "AllowLambdaS3BucketNotification-20240612175628792900000001",
            "principal": "s3.amazonaws.com",
            "principal_org_id": null,
            "qualifier": "",
            "source_account": null,
            "source_arn": "arn:aws:s3:::habhub.data-pipeline-files",
            "statement_id": "AllowLambdaS3BucketNotification-20240612175628792900000001",
            "statement_id_prefix": "AllowLambdaS3BucketNotification-"
          },
          "sensitive_attributes": [],
          "private": "bnVsbA==",
          "dependencies": [
            "data.aws_ecr_authorization_token.token",
            "module.docker_image.aws_ecr_repository.this",
            "module.docker_image.data.aws_caller_identity.this",
            "module.docker_image.data.aws_region.current",
            "module.docker_image.docker_image.this",
            "module.docker_image.docker_registry_image.this",
            "module.docker_image_metadata.aws_ecr_repository.this",
            "module.docker_image_metadata.data.aws_caller_identity.this",
            "module.docker_image_metadata.data.aws_region.current",
            "module.docker_image_metadata.docker_image.this",
            "module.docker_image_metadata.docker_registry_image.this",
            "module.dynamodb_table.aws_dynamodb_table.autoscaled",
            "module.dynamodb_table.aws_dynamodb_table.autoscaled_gsi_ignore",
            "module.dynamodb_table.aws_dynamodb_table.this",
            "module.lambda_function.aws_cloudwatch_log_group.lambda",
            "module.lambda_function.aws_iam_policy.additional_inline",
            "module.lambda_function.aws_iam_policy.additional_json",
            "module.lambda_function.aws_iam_policy.additional_jsons",
            "module.lambda_function.aws_iam_policy.async",
            "module.lambda_function.aws_iam_policy.dead_letter",
            "module.lambda_function.aws_iam_policy.logs",
            "module.lambda_function.aws_iam_policy.tracing",
            "module.lambda_function.aws_iam_policy.vpc",
            "module.lambda_function.aws_iam_role.lambda",
            "module.lambda_function.aws_iam_role_policy_attachment.additional_inline",
            "module.lambda_function.aws_iam_role_policy_attachment.additional_json",
            "module.lambda_function.aws_iam_role_policy_attachment.additional_jsons",
            "module.lambda_function.aws_iam_role_policy_attachment.additional_many",
            "module.lambda_function.aws_iam_role_policy_attachment.additional_one",
            "module.lambda_function.aws_iam_role_policy_attachment.async",
            "module.lambda_function.aws_iam_role_policy_attachment.dead_letter",
            "module.lambda_function.aws_iam_role_policy_attachment.logs",
            "module.lambda_function.aws_iam_role_policy_attachment.tracing",
            "module.lambda_function.aws_iam_role_policy_attachment.vpc",
            "module.lambda_function.aws_lambda_function.this",
            "module.lambda_function.aws_s3_object.lambda_package",
            "module.lambda_function.data.aws_arn.log_group_arn",
            "module.lambda_function.data.aws_cloudwatch_log_group.lambda",
            "module.lambda_function.data.aws_iam_policy.tracing",
            "module.lambda_function.data.aws_iam_policy.vpc",
            "module.lambda_function.data.aws_iam_policy_document.additional_inline",
            "module.lambda_function.data.aws_iam_policy_document.assume_role",
            "module.lambda_function.data.aws_iam_policy_document.async",
            "module.lambda_function.data.aws_iam_policy_document.dead_letter",
            "module.lambda_function.data.aws_iam_policy_document.logs",
            "module.lambda_function.data.aws_partition.current",
            "module.lambda_function.data.external.archive_prepare",
            "module.lambda_function.local_file.archive_plan",
            "module.lambda_function.null_resource.archive",
            "module.lambda_function_metadata.aws_cloudwatch_log_group.lambda",
            "module.lambda_function_metadata.aws_iam_policy.additional_inline",
            "module.lambda_function_metadata.aws_iam_policy.additional_json",
            "module.lambda_function_metadata.aws_iam_policy.additional_jsons",
            "module.lambda_function_metadata.aws_iam_policy.async",
            "module.lambda_function_metadata.aws_iam_policy.dead_letter",
            "module.lambda_function_metadata.aws_iam_policy.logs",
            "module.lambda_function_metadata.aws_iam_policy.tracing",
            "module.lambda_function_metadata.aws_iam_policy.vpc",
            "module.lambda_function_metadata.aws_iam_role.lambda",
            "module.lambda_function_metadata.aws_iam_role_policy_attachment.additional_inline",
            "module.lambda_function_metadata.aws_iam_role_policy_attachment.additional_json",
            "module.lambda_function_metadata.aws_iam_role_policy_attachment.additional_jsons",
            "module.lambda_function_metadata.aws_iam_role_policy_attachment.additional_many",
            "module.lambda_function_metadata.aws_iam_role_policy_attachment.additional_one",
            "module.lambda_function_metadata.aws_iam_role_policy_attachment.async",
            "module.lambda_function_metadata.aws_iam_role_policy_attachment.dead_letter",
            "module.lambda_function_metadata.aws_iam_role_policy_attachment.logs",
            "module.lambda_function_metadata.aws_iam_role_policy_attachment.tracing",
            "module.lambda_function_metadata.aws_iam_role_policy_attachment.vpc",
            "module.lambda_function_metadata.aws_lambda_function.this",
            "module.lambda_function_metadata.aws_s3_object.lambda_package",
            "module.lambda_function_metadata.data.aws_arn.log_group_arn",
            "module.lambda_function_metadata.data.aws_cloudwatch_log_group.lambda",
            "module.lambda_function_metadata.data.aws_iam_policy.tracing",
            "module.lambda_function_metadata.data.aws_iam_policy.vpc",
            "module.lambda_function_metadata.data.aws_iam_policy_document.additional_inline",
            "module.lambda_function_metadata.data.aws_iam_policy_document.assume_role",
            "module.lambda_function_metadata.data.aws_iam_policy_document.async",
            "module.lambda_function_metadata.data.aws_iam_policy_document.dead_letter",
            "module.lambda_function_metadata.data.aws_iam_policy_document.logs",
            "module.lambda_function_metadata.data.aws_partition.current",
            "module.lambda_function_metadata.data.external.archive_prepare",
            "module.lambda_function_metadata.local_file.archive_plan",
            "module.lambda_function_metadata.null_resource.archive",
            "module.s3_bucket.aws_s3_bucket.this",
            "module.s3_bucket.aws_s3_bucket_policy.this",
            "module.s3_bucket.aws_s3_bucket_public_access_block.this",
            "module.s3_bucket.data.aws_caller_identity.current",
            "module.s3_bucket.data.aws_iam_policy_document.access_log_delivery",
            "module.s3_bucket.data.aws_iam_policy_document.combined",
            "module.s3_bucket.data.aws_iam_policy_document.deny_incorrect_encryption_headers",
            "module.s3_bucket.data.aws_iam_policy_document.deny_incorrect_kms_key_sse",
            "module.s3_bucket.data.aws_iam_policy_document.deny_insecure_transport",
            "module.s3_bucket.data.aws_iam_policy_document.deny_unencrypted_object_uploads",
            "module.s3_bucket.data.aws_iam_policy_document.elb_log_delivery",
            "module.s3_bucket.data.aws_iam_policy_document.inventory_and_analytics_destination_policy",
            "module.s3_bucket.data.aws_iam_policy_document.lb_log_delivery",
            "module.s3_bucket.data.aws_iam_policy_document.require_latest_tls",
            "module.s3_bucket.data.aws_partition.current",
            "module.s3_bucket.data.aws_region.current",
            "module.s3_notification.data.aws_partition.this"
          ]
        },
        {
          "index_key": "lambda2",
          "schema_version": 0,
          "attributes": {
            "action": "lambda:InvokeFunction",
            "event_source_token": null,
            "function_name": "ingest-metadata-adc-files-lambda",
            "function_url_auth_type": null,
            "id": "AllowLambdaS3BucketNotification-20240613180726651100000001",
            "principal": "s3.amazonaws.com",
            "principal_org_id": null,
            "qualifier": "",
            "source_account": null,
            "source_arn": "arn:aws:s3:::habhub.data-pipeline-files",
            "statement_id": "AllowLambdaS3BucketNotification-20240613180726651100000001",
            "statement_id_prefix": "AllowLambdaS3BucketNotification-"
          },
          "sensitive_attributes": [],
          "private": "bnVsbA==",
          "dependencies": [
            "data.aws_ecr_authorization_token.token",
            "module.docker_image.aws_ecr_repository.this",
            "module.docker_image.data.aws_caller_identity.this",
            "module.docker_image.data.aws_region.current",
            "module.docker_image.docker_image.this",
            "module.docker_image.docker_registry_image.this",
            "module.docker_image_metadata.aws_ecr_repository.this",
            "module.docker_image_metadata.data.aws_caller_identity.this",
            "module.docker_image_metadata.data.aws_region.current",
            "module.docker_image_metadata.docker_image.this",
            "module.docker_image_metadata.docker_registry_image.this",
            "module.dynamodb_table.aws_dynamodb_table.autoscaled",
            "module.dynamodb_table.aws_dynamodb_table.autoscaled_gsi_ignore",
            "module.dynamodb_table.aws_dynamodb_table.this",
            "module.lambda_function.aws_cloudwatch_log_group.lambda",
            "module.lambda_function.aws_iam_policy.additional_inline",
            "module.lambda_function.aws_iam_policy.additional_json",
            "module.lambda_function.aws_iam_policy.additional_jsons",
            "module.lambda_function.aws_iam_policy.async",
            "module.lambda_function.aws_iam_policy.dead_letter",
            "module.lambda_function.aws_iam_policy.logs",
            "module.lambda_function.aws_iam_policy.tracing",
            "module.lambda_function.aws_iam_policy.vpc",
            "module.lambda_function.aws_iam_role.lambda",
            "module.lambda_function.aws_iam_role_policy_attachment.additional_inline",
            "module.lambda_function.aws_iam_role_policy_attachment.additional_json",
            "module.lambda_function.aws_iam_role_policy_attachment.additional_jsons",
            "module.lambda_function.aws_iam_role_policy_attachment.additional_many",
            "module.lambda_function.aws_iam_role_policy_attachment.additional_one",
            "module.lambda_function.aws_iam_role_policy_attachment.async",
            "module.lambda_function.aws_iam_role_policy_attachment.dead_letter",
            "module.lambda_function.aws_iam_role_policy_attachment.logs",
            "module.lambda_function.aws_iam_role_policy_attachment.tracing",
            "module.lambda_function.aws_iam_role_policy_attachment.vpc",
            "module.lambda_function.aws_lambda_function.this",
            "module.lambda_function.aws_s3_object.lambda_package",
            "module.lambda_function.data.aws_arn.log_group_arn",
            "module.lambda_function.data.aws_cloudwatch_log_group.lambda",
            "module.lambda_function.data.aws_iam_policy.tracing",
            "module.lambda_function.data.aws_iam_policy.vpc",
            "module.lambda_function.data.aws_iam_policy_document.additional_inline",
            "module.lambda_function.data.aws_iam_policy_document.assume_role",
            "module.lambda_function.data.aws_iam_policy_document.async",
            "module.lambda_function.data.aws_iam_policy_document.dead_letter",
            "module.lambda_function.data.aws_iam_policy_document.logs",
            "module.lambda_function.data.aws_partition.current",
            "module.lambda_function.data.external.archive_prepare",
            "module.lambda_function.local_file.archive_plan",
            "module.lambda_function.null_resource.archive",
            "module.lambda_function_metadata.aws_cloudwatch_log_group.lambda",
            "module.lambda_function_metadata.aws_iam_policy.additional_inline",
            "module.lambda_function_metadata.aws_iam_policy.additional_json",
            "module.lambda_function_metadata.aws_iam_policy.additional_jsons",
            "module.lambda_function_metadata.aws_iam_policy.async",
            "module.lambda_function_metadata.aws_iam_policy.dead_letter",
            "module.lambda_function_metadata.aws_iam_policy.logs",
            "module.lambda_function_metadata.aws_iam_policy.tracing",
            "module.lambda_function_metadata.aws_iam_policy.vpc",
            "module.lambda_function_metadata.aws_iam_role.lambda",
            "module.lambda_function_metadata.aws_iam_role_policy_attachment.additional_inline",
            "module.lambda_function_metadata.aws_iam_role_policy_attachment.additional_json",
            "module.lambda_function_metadata.aws_iam_role_policy_attachment.additional_jsons",
            "module.lambda_function_metadata.aws_iam_role_policy_attachment.additional_many",
            "module.lambda_function_metadata.aws_iam_role_policy_attachment.additional_one",
            "module.lambda_function_metadata.aws_iam_role_policy_attachment.async",
            "module.lambda_function_metadata.aws_iam_role_policy_attachment.dead_letter",
            "module.lambda_function_metadata.aws_iam_role_policy_attachment.logs",
            "module.lambda_function_metadata.aws_iam_role_policy_attachment.tracing",
            "module.lambda_function_metadata.aws_iam_role_policy_attachment.vpc",
            "module.lambda_function_metadata.aws_lambda_function.this",
            "module.lambda_function_metadata.aws_s3_object.lambda_package",
            "module.lambda_function_metadata.data.aws_arn.log_group_arn",
            "module.lambda_function_metadata.data.aws_cloudwatch_log_group.lambda",
            "module.lambda_function_metadata.data.aws_iam_policy.tracing",
            "module.lambda_function_metadata.data.aws_iam_policy.vpc",
            "module.lambda_function_metadata.data.aws_iam_policy_document.additional_inline",
            "module.lambda_function_metadata.data.aws_iam_policy_document.assume_role",
            "module.lambda_function_metadata.data.aws_iam_policy_document.async",
            "module.lambda_function_metadata.data.aws_iam_policy_document.dead_letter",
            "module.lambda_function_metadata.data.aws_iam_policy_document.logs",
            "module.lambda_function_metadata.data.aws_partition.current",
            "module.lambda_function_metadata.data.external.archive_prepare",
            "module.lambda_function_metadata.local_file.archive_plan",
            "module.lambda_function_metadata.null_resource.archive",
            "module.s3_bucket.aws_s3_bucket.this",
            "module.s3_bucket.aws_s3_bucket_policy.this",
            "module.s3_bucket.aws_s3_bucket_public_access_block.this",
            "module.s3_bucket.data.aws_caller_identity.current",
            "module.s3_bucket.data.aws_iam_policy_document.access_log_delivery",
            "module.s3_bucket.data.aws_iam_policy_document.combined",
            "module.s3_bucket.data.aws_iam_policy_document.deny_incorrect_encryption_headers",
            "module.s3_bucket.data.aws_iam_policy_document.deny_incorrect_kms_key_sse",
            "module.s3_bucket.data.aws_iam_policy_document.deny_insecure_transport",
            "module.s3_bucket.data.aws_iam_policy_document.deny_unencrypted_object_uploads",
            "module.s3_bucket.data.aws_iam_policy_document.elb_log_delivery",
            "module.s3_bucket.data.aws_iam_policy_document.inventory_and_analytics_destination_policy",
            "module.s3_bucket.data.aws_iam_policy_document.lb_log_delivery",
            "module.s3_bucket.data.aws_iam_policy_document.require_latest_tls",
            "module.s3_bucket.data.aws_partition.current",
            "module.s3_bucket.data.aws_region.current",
            "module.s3_notification.data.aws_partition.this"
          ]
        }
      ]
    },
    {
      "module": "module.s3_notification",
      "mode": "managed",
      "type": "aws_s3_bucket_notification",
      "name": "this",
      "provider": "provider[\"registry.terraform.io/hashicorp/aws\"]",
      "instances": [
        {
          "index_key": 0,
          "schema_version": 0,
          "attributes": {
            "bucket": "habhub.data-pipeline-files",
            "eventbridge": true,
            "id": "habhub.data-pipeline-files",
            "lambda_function": [
              {
                "events": [
                  "s3:ObjectCreated:*"
                ],
                "filter_prefix": "",
                "filter_suffix": ".h5",
                "id": "lambda1",
                "lambda_function_arn": "arn:aws:lambda:us-east-1:139464377685:function:ingest-class-scores-lambda"
              },
              {
                "events": [
                  "s3:ObjectCreated:*"
                ],
                "filter_prefix": "",
                "filter_suffix": ".adc",
                "id": "lambda2",
                "lambda_function_arn": "arn:aws:lambda:us-east-1:139464377685:function:ingest-metadata-adc-files-lambda"
              }
            ],
            "queue": [],
            "topic": []
          },
          "sensitive_attributes": [],
          "private": "bnVsbA==",
          "dependencies": [
            "data.aws_ecr_authorization_token.token",
            "module.docker_image.aws_ecr_repository.this",
            "module.docker_image.data.aws_caller_identity.this",
            "module.docker_image.data.aws_region.current",
            "module.docker_image.docker_image.this",
            "module.docker_image.docker_registry_image.this",
            "module.docker_image_metadata.aws_ecr_repository.this",
            "module.docker_image_metadata.data.aws_caller_identity.this",
            "module.docker_image_metadata.data.aws_region.current",
            "module.docker_image_metadata.docker_image.this",
            "module.docker_image_metadata.docker_registry_image.this",
            "module.dynamodb_table.aws_dynamodb_table.autoscaled",
            "module.dynamodb_table.aws_dynamodb_table.autoscaled_gsi_ignore",
            "module.dynamodb_table.aws_dynamodb_table.this",
            "module.lambda_function.aws_cloudwatch_log_group.lambda",
            "module.lambda_function.aws_iam_policy.additional_inline",
            "module.lambda_function.aws_iam_policy.additional_json",
            "module.lambda_function.aws_iam_policy.additional_jsons",
            "module.lambda_function.aws_iam_policy.async",
            "module.lambda_function.aws_iam_policy.dead_letter",
            "module.lambda_function.aws_iam_policy.logs",
            "module.lambda_function.aws_iam_policy.tracing",
            "module.lambda_function.aws_iam_policy.vpc",
            "module.lambda_function.aws_iam_role.lambda",
            "module.lambda_function.aws_iam_role_policy_attachment.additional_inline",
            "module.lambda_function.aws_iam_role_policy_attachment.additional_json",
            "module.lambda_function.aws_iam_role_policy_attachment.additional_jsons",
            "module.lambda_function.aws_iam_role_policy_attachment.additional_many",
            "module.lambda_function.aws_iam_role_policy_attachment.additional_one",
            "module.lambda_function.aws_iam_role_policy_attachment.async",
            "module.lambda_function.aws_iam_role_policy_attachment.dead_letter",
            "module.lambda_function.aws_iam_role_policy_attachment.logs",
            "module.lambda_function.aws_iam_role_policy_attachment.tracing",
            "module.lambda_function.aws_iam_role_policy_attachment.vpc",
            "module.lambda_function.aws_lambda_function.this",
            "module.lambda_function.aws_s3_object.lambda_package",
            "module.lambda_function.data.aws_arn.log_group_arn",
            "module.lambda_function.data.aws_cloudwatch_log_group.lambda",
            "module.lambda_function.data.aws_iam_policy.tracing",
            "module.lambda_function.data.aws_iam_policy.vpc",
            "module.lambda_function.data.aws_iam_policy_document.additional_inline",
            "module.lambda_function.data.aws_iam_policy_document.assume_role",
            "module.lambda_function.data.aws_iam_policy_document.async",
            "module.lambda_function.data.aws_iam_policy_document.dead_letter",
            "module.lambda_function.data.aws_iam_policy_document.logs",
            "module.lambda_function.data.aws_partition.current",
            "module.lambda_function.data.external.archive_prepare",
            "module.lambda_function.local_file.archive_plan",
            "module.lambda_function.null_resource.archive",
            "module.lambda_function_metadata.aws_cloudwatch_log_group.lambda",
            "module.lambda_function_metadata.aws_iam_policy.additional_inline",
            "module.lambda_function_metadata.aws_iam_policy.additional_json",
            "module.lambda_function_metadata.aws_iam_policy.additional_jsons",
            "module.lambda_function_metadata.aws_iam_policy.async",
            "module.lambda_function_metadata.aws_iam_policy.dead_letter",
            "module.lambda_function_metadata.aws_iam_policy.logs",
            "module.lambda_function_metadata.aws_iam_policy.tracing",
            "module.lambda_function_metadata.aws_iam_policy.vpc",
            "module.lambda_function_metadata.aws_iam_role.lambda",
            "module.lambda_function_metadata.aws_iam_role_policy_attachment.additional_inline",
            "module.lambda_function_metadata.aws_iam_role_policy_attachment.additional_json",
            "module.lambda_function_metadata.aws_iam_role_policy_attachment.additional_jsons",
            "module.lambda_function_metadata.aws_iam_role_policy_attachment.additional_many",
            "module.lambda_function_metadata.aws_iam_role_policy_attachment.additional_one",
            "module.lambda_function_metadata.aws_iam_role_policy_attachment.async",
            "module.lambda_function_metadata.aws_iam_role_policy_attachment.dead_letter",
            "module.lambda_function_metadata.aws_iam_role_policy_attachment.logs",
            "module.lambda_function_metadata.aws_iam_role_policy_attachment.tracing",
            "module.lambda_function_metadata.aws_iam_role_policy_attachment.vpc",
            "module.lambda_function_metadata.aws_lambda_function.this",
            "module.lambda_function_metadata.aws_s3_object.lambda_package",
            "module.lambda_function_metadata.data.aws_arn.log_group_arn",
            "module.lambda_function_metadata.data.aws_cloudwatch_log_group.lambda",
            "module.lambda_function_metadata.data.aws_iam_policy.tracing",
            "module.lambda_function_metadata.data.aws_iam_policy.vpc",
            "module.lambda_function_metadata.data.aws_iam_policy_document.additional_inline",
            "module.lambda_function_metadata.data.aws_iam_policy_document.assume_role",
            "module.lambda_function_metadata.data.aws_iam_policy_document.async",
            "module.lambda_function_metadata.data.aws_iam_policy_document.dead_letter",
            "module.lambda_function_metadata.data.aws_iam_policy_document.logs",
            "module.lambda_function_metadata.data.aws_partition.current",
            "module.lambda_function_metadata.data.external.archive_prepare",
            "module.lambda_function_metadata.local_file.archive_plan",
            "module.lambda_function_metadata.null_resource.archive",
            "module.s3_bucket.aws_s3_bucket.this",
            "module.s3_bucket.aws_s3_bucket_policy.this",
            "module.s3_bucket.aws_s3_bucket_public_access_block.this",
            "module.s3_bucket.data.aws_caller_identity.current",
            "module.s3_bucket.data.aws_iam_policy_document.access_log_delivery",
            "module.s3_bucket.data.aws_iam_policy_document.combined",
            "module.s3_bucket.data.aws_iam_policy_document.deny_incorrect_encryption_headers",
            "module.s3_bucket.data.aws_iam_policy_document.deny_incorrect_kms_key_sse",
            "module.s3_bucket.data.aws_iam_policy_document.deny_insecure_transport",
            "module.s3_bucket.data.aws_iam_policy_document.deny_unencrypted_object_uploads",
            "module.s3_bucket.data.aws_iam_policy_document.elb_log_delivery",
            "module.s3_bucket.data.aws_iam_policy_document.inventory_and_analytics_destination_policy",
            "module.s3_bucket.data.aws_iam_policy_document.lb_log_delivery",
            "module.s3_bucket.data.aws_iam_policy_document.require_latest_tls",
            "module.s3_bucket.data.aws_partition.current",
            "module.s3_bucket.data.aws_region.current",
            "module.s3_notification.aws_lambda_permission.allow",
            "module.s3_notification.aws_sns_topic_policy.allow",
            "module.s3_notification.aws_sqs_queue_policy.allow",
            "module.s3_notification.data.aws_arn.queue",
            "module.s3_notification.data.aws_iam_policy_document.sns",
            "module.s3_notification.data.aws_iam_policy_document.sqs",
            "module.s3_notification.data.aws_partition.this"
          ]
        }
      ]
    }
  ],
  "check_results": null
}
