{
  "version": 4,
  "terraform_version": "1.10.4",
  "serial": 930,
  "lineage": "a5eac384-8d44-9552-8f48-4ff69f39f103",
  "outputs": {},
  "resources": [
    {
      "mode": "data",
      "type": "aws_ecr_authorization_token",
      "name": "token",
      "provider": "provider[\"registry.terraform.io/hashicorp/aws\"]",
      "instances": [
        {
          "schema_version": 0,
          "attributes": {
            "authorization_token": "QVdTOmV5SndZWGxzYjJGa0lqb2lUR3RFUXpCV05qTmllWGRWWW1SR2JtOUNSbTlyVGtwSGR6ZDRXV3RZUTNweWVWSjFiVmswU0ZGc04zVkdaMkZXV2tKaFEydEtVRFo1VmpFeGFEUklRbWhaV1RoaU5GUmhSM1JqZG1WbU5sbHFlRGh6VVZoRWFUQkphMUJQU25aRlkxUnNPV1JEUVd4RWQxTlRTMVJVTDJWMVRGaFFXak5hU1d0aVlrWmpaVEp0U1Uwd1JsbFBRV2hJYWtkdGVsRndabnBMWkZRM2QybHFjazlsZDNoc1NWVk1Ra2xIZFZWWmJUSnRhME5RTVd0d2FGSnlhRUZJTTNkWk9GSnZhVUpDZUVoWVdFTkNSSFpEWVhCb1RtRXlhSEYwYzNwWFJXVmxMMlJ0ZEd4RFQyRmtXV3hYWVVoT2QxbFJORlUyWjJSNVZUTkNSbnBuV0V3clZXbzNUMnM0YUZsRGJXOXVZbFoxU1V0dWEzUkNjVmxyTTJ4d04yTnlTa2M1VlRsSk5EZzRNaXRFVUhJeVIzZERSRU5aVm5VeGRHVXdlVk5RUjJsTlFURkphMHBNZEZBeVVYUnNRU3RMUjFwbUsxRm9VQzg1ZEV4dGJ6VnJLMFZuYUZWRmFsSndNRFE1ZDJkclJFWmFORmc0VDJOdlVrSnNkR1ZNT0dsRFJuazRVRlZTVm5aWVRtOUVSWGRRVWxVM2QzbFplakJqZW1aT1J6Z3ZOV3BXWmxZd1JGcFlTakpuVVM5bVYxSXZRVFZoVDJWUFZtWnhUMmhKYXpZd2MzUnZUbko1V2pkV2NUZGpUM0l6YUdGQ05sZDZkWEppU2sxMVExWXdSMjlQY3pOQlJGWk1VVmxaZW14UlZHVmlSVmxaTmpkQ1RUbE1TWG8xZW1sR2RFczFOa05UWlVKbk4wTXpSR3d6VTNWblNFRjBTMkZHUXpOcll6aHdUVzl1UmxGRmJWUm9jeXN6T1dWSFVETjBhVkZMUVdsSFowd3ZSSEpCV1dOSE0xVlVkR2NyYWtRMlltZExSbXN6TjNKdWNXMXFXVTh6Y2pkRlVFNXRjSFpITlc5cVJFeGFhMEpzVUVsQmVDczNNV2RDUlZkc1ZVUXZkSEZ2WldOQk0weFFVMkZFYW5KVFFYZzJhMVFyUTJsM1FUWmlTRmhIYVhaWk9VcEplRGsxUVRGdldUQnVNR1psYkRVNWJVcDNTRzQyWTNOa2IydFViM1pVWkd4TFQyTjJlRFJWY1ZsWVYyRjZNaXRtV1RNd2IycGtWR1psWTI4d2NsbDVURXRLVUc4NGFtbHZZamhuU2xoeEx6SmhjbUpPUjFwRFJ6UlRiMHR0TmpadU9FUllMek56Y1VWaksxRTFVR3RGYTFKMUt6bEJNamRYT1ZKUE5uQmlObUZ4UjNKeVRFWnhhSEUzT0RWdE5DdEpWMUFyZWxZclRURTNZMVZCU1RJMFVFWk5ORGRIV2tScE1GcElSRnBDVVRCU1kyVTRkRkJRUVdSWVIxWkxlbVI1TTJWU1JVWmthbTgzY0RWeFVXUkVOR05NU25OU1ZISmlWbk5CUWtSMFZYbHJkV1JWYUM5R0wzSTBiME5oZG5KQk5uVTVlbVJIVTFKSlRXTnBWMUF5YzNsb00xVnJWRmRUVjBwck0ybzBaR3htYVROMmVFOUxPRWN3YWpsemIwUk5lVEozU25JMFVIVmthbkpHTmxWdE1tSldlVGRLVldGT2FWRktkQ3RIVG5oWmIzQk9jVVZSTVVVMGNWUmlRblUxYW1ObWNtaEVNSFZJT0RaSk0zSnhMMFZ5YUcxUGNtUjRVWE5NYjNOb1dIRkJNSEJVV25sSlV6Y3ZPU0lzSW1SaGRHRnJaWGtpT2lKQlVVVkNRVWhvZDIwd1dXRkpVMHBsVW5SS2JUVnVNVWMyZFhGbFpXdFlkVzlZV0ZCbE5WVkdZMlU1VW5FNEx6RTBkMEZCUVVnMGQyWkJXVXBMYjFwSmFIWmpUa0ZSWTBkdlJ6aDNZbEZKUWtGRVFtOUNaMnR4YUd0cFJ6bDNNRUpDZDBWM1NHZFpTbGxKV2tsQlYxVkVRa0ZGZFUxQ1JVVkVUa0Z0TjI5RGNUUlpOMDEzVlhsbk0xRkpRa1ZKUVRkM1pqaFFSMlJCVjFrelppc3hPR3BCWlRNd2RXeEpUMXBWVTFBMGNFbGpTMlZyWWxWeU1WSm9SVzVxYUdGeWRWcEhOMEZITUZaQ1RESXJjV3RST1RCd1dFSnFUVWhNZVhaT1QwdGlURFJqUFNJc0luWmxjbk5wYjI0aU9pSXlJaXdpZEhsd1pTSTZJa1JCVkVGZlMwVlpJaXdpWlhod2FYSmhkR2x2YmlJNk1UYzJOVEF3TURjeE1IMD0=",
            "expires_at": "2025-12-06T05:58:30Z",
            "id": "us-east-1",
            "password": "eyJwYXlsb2FkIjoiTGtEQzBWNjNieXdVYmRGbm9CRm9rTkpHdzd4WWtYQ3pyeVJ1bVk0SFFsN3VGZ2FWWkJhQ2tKUDZ5VjExaDRIQmhZWThiNFRhR3RjdmVmNllqeDhzUVhEaTBJa1BPSnZFY1RsOWRDQWxEd1NTS1RUL2V1TFhQWjNaSWtiYkZjZTJtSU0wRllPQWhIakdtelFwZnpLZFQ3d2lqck9ld3hsSVVMQklHdVVZbTJta0NQMWtwaFJyaEFIM3dZOFJvaUJCeEhYWENCRHZDYXBoTmEyaHF0c3pXRWVlL2RtdGxDT2FkWWxXYUhOd1lRNFU2Z2R5VTNCRnpnWEwrVWo3T2s4aFlDbW9uYlZ1SUtua3RCcVlrM2xwN2NySkc5VTlJNDg4MitEUHIyR3dDRENZVnUxdGUweVNQR2lNQTFJa0pMdFAyUXRsQStLR1pmK1FoUC85dExtbzVrK0VnaFVFalJwMDQ5d2drREZaNFg4T2NvUkJsdGVMOGlDRnk4UFVSVnZYTm9ERXdQUlU3d3lZejBjemZORzgvNWpWZlYwRFpYSjJnUS9mV1IvQTVhT2VPVmZxT2hJazYwc3RvTnJ5WjdWcTdjT3IzaGFCNld6dXJiSk11Q1YwR29PczNBRFZMUVlZemxRVGViRVlZNjdCTTlMSXo1emlGdEs1NkNTZUJnN0MzRGwzU3VnSEF0S2FGQzNrYzhwTW9uRlFFbVRocyszOWVHUDN0aVFLQWlHZ0wvRHJBWWNHM1VUdGcrakQ2YmdLRmszN3JucW1qWU8zcjdFUE5tcHZHNW9qRExaa0JsUElBeCs3MWdCRVdsVUQvdHFvZWNBM0xQU2FEanJTQXg2a1QrQ2l3QTZiSFhHaXZZOUpJeDk1QTFvWTBuMGZlbDU5bUp3SG42Y3Nkb2tUb3ZUZGxLT2N2eDRVcVlYV2F6MitmWTMwb2pkVGZlY28wcll5TEtKUG84amlvYjhnSlhxLzJhcmJOR1pDRzRTb0ttNjZuOERYLzNzcUVjK1E1UGtFa1J1KzlBMjdXOVJPNnBiNmFxR3JyTEZxaHE3ODVtNCtJV1ArelYrTTE3Y1VBSTI0UEZNNDdHWkRpMFpIRFpCUTBSY2U4dFBQQWRYR1ZLemR5M2VSRUZkam83cDVxUWRENGNMSnNSVHJiVnNBQkR0VXlrdWRVaC9GL3I0b0NhdnJBNnU5emRHU1JJTWNpV1Ayc3loM1VrVFdTV0prM2o0ZGxmaTN2eE9LOEcwajlzb0RNeTJ3SnI0UHVkanJGNlVtMmJWeTdKVWFOaVFKdCtHTnhZb3BOcUVRMUU0cVRiQnU1amNmcmhEMHVIODZJM3JxL0VyaG1PcmR4UXNMb3NoWHFBMHBUWnlJUzcvOSIsImRhdGFrZXkiOiJBUUVCQUhod20wWWFJU0plUnRKbTVuMUc2dXFlZWtYdW9YWFBlNVVGY2U5UnE4LzE0d0FBQUg0d2ZBWUpLb1pJaHZjTkFRY0dvRzh3YlFJQkFEQm9CZ2txaGtpRzl3MEJCd0V3SGdZSllJWklBV1VEQkFFdU1CRUVETkFtN29DcTRZN013VXlnM1FJQkVJQTd3ZjhQR2RBV1kzZisxOGpBZTMwdWxJT1pVU1A0cEljS2VrYlVyMVJoRW5qaGFydVpHN0FHMFZCTDIrcWtROTBwWEJqTUhMeXZOT0tiTDRjPSIsInZlcnNpb24iOiIyIiwidHlwZSI6IkRBVEFfS0VZIiwiZXhwaXJhdGlvbiI6MTc2NTAwMDcxMH0=",
            "proxy_endpoint": "https://139464377685.dkr.ecr.us-east-1.amazonaws.com",
            "region": "us-east-1",
            "registry_id": null,
            "user_name": "AWS"
          },
          "sensitive_attributes": [
            [
              {
                "type": "get_attr",
                "value": "authorization_token"
              }
            ],
            [
              {
                "type": "get_attr",
                "value": "password"
              }
            ]
          ]
        }
      ]
    },
    {
      "mode": "managed",
      "type": "aws_iam_user",
      "name": "prod_bucket",
      "provider": "provider[\"registry.terraform.io/hashicorp/aws\"]",
      "instances": [
        {
          "schema_version": 0,
          "attributes": {
            "arn": "arn:aws:iam::139464377685:user/habhub-data-pipeline-s3-bucket",
            "force_destroy": false,
            "id": "habhub-data-pipeline-s3-bucket",
            "name": "habhub-data-pipeline-s3-bucket",
            "path": "/",
            "permissions_boundary": "",
            "tags": {},
            "tags_all": {},
            "unique_id": "AIDASA6FZQVK76HTZF47X"
          },
          "sensitive_attributes": [],
          "private": "bnVsbA=="
        }
      ]
    },
    {
      "mode": "managed",
      "type": "aws_iam_user_policy",
      "name": "prod_bucket",
      "provider": "provider[\"registry.terraform.io/hashicorp/aws\"]",
      "instances": [
        {
          "schema_version": 0,
          "attributes": {
            "id": "habhub-data-pipeline-s3-bucket:terraform-20240412171436765900000001",
            "name": "terraform-20240412171436765900000001",
            "name_prefix": "terraform-",
            "policy": "{\"Version\":\"2012-10-17\",\"Statement\":[{\"Action\":[\"s3:*\"],\"Effect\":\"Allow\",\"Resource\":[\"arn:aws:s3:::habhub.data-pipeline-files\",\"arn:aws:s3:::habhub.data-pipeline-files/*\"]}]}",
            "user": "habhub-data-pipeline-s3-bucket"
          },
          "sensitive_attributes": [],
          "private": "bnVsbA==",
          "dependencies": [
            "aws_iam_user.prod_bucket",
            "module.s3_bucket.aws_s3_bucket.this"
          ]
        }
      ]
    },
    {
      "mode": "managed",
      "type": "aws_security_group",
      "name": "lambda_sg_new",
      "provider": "provider[\"registry.terraform.io/hashicorp/aws\"]",
      "instances": [
        {
          "schema_version": 1,
          "attributes": {
            "arn": "arn:aws:ec2:us-east-1:139464377685:security-group/sg-09c54e06ede98c4d7",
            "description": "Allow TLS inbound traffic and all outbound traffic",
            "egress": [
              {
                "cidr_blocks": [
                  "0.0.0.0/0"
                ],
                "description": "",
                "from_port": 0,
                "ipv6_cidr_blocks": [
                  "::/0"
                ],
                "prefix_list_ids": [],
                "protocol": "-1",
                "security_groups": [],
                "self": false,
                "to_port": 0
              }
            ],
            "id": "sg-09c54e06ede98c4d7",
            "ingress": [],
            "name": "lambda_sg_new",
            "name_prefix": "",
            "owner_id": "139464377685",
            "region": "us-east-1",
            "revoke_rules_on_delete": false,
            "tags": {},
            "tags_all": {},
            "timeouts": null,
            "vpc_id": "vpc-04769d5679072de2d"
          },
          "sensitive_attributes": [],
          "private": "eyJlMmJmYjczMC1lY2FhLTExZTYtOGY4OC0zNDM2M2JjN2M0YzAiOnsiY3JlYXRlIjo2MDAwMDAwMDAwMDAsImRlbGV0ZSI6OTAwMDAwMDAwMDAwfSwic2NoZW1hX3ZlcnNpb24iOiIxIn0="
        }
      ]
    },
    {
      "mode": "managed",
      "type": "aws_sqs_queue",
      "name": "failure",
      "provider": "provider[\"registry.terraform.io/hashicorp/aws\"]",
      "instances": [
        {
          "schema_version": 0,
          "attributes": {
            "arn": "arn:aws:sqs:us-east-1:139464377685:ingest-class-scores-failure",
            "content_based_deduplication": false,
            "deduplication_scope": "",
            "delay_seconds": 0,
            "fifo_queue": false,
            "fifo_throughput_limit": "",
            "id": "https://sqs.us-east-1.amazonaws.com/139464377685/ingest-class-scores-failure",
            "kms_data_key_reuse_period_seconds": 300,
            "kms_master_key_id": "",
            "max_message_size": 262144,
            "message_retention_seconds": 345600,
            "name": "ingest-class-scores-failure",
            "name_prefix": "",
            "policy": "",
            "receive_wait_time_seconds": 0,
            "redrive_allow_policy": "",
            "redrive_policy": "",
            "region": "us-east-1",
            "sqs_managed_sse_enabled": true,
            "tags": null,
            "tags_all": {},
            "timeouts": null,
            "url": "https://sqs.us-east-1.amazonaws.com/139464377685/ingest-class-scores-failure",
            "visibility_timeout_seconds": 30
          },
          "sensitive_attributes": [],
          "private": "eyJlMmJmYjczMC1lY2FhLTExZTYtOGY4OC0zNDM2M2JjN2M0YzAiOnsiY3JlYXRlIjoxODAwMDAwMDAwMDAsImRlbGV0ZSI6MTgwMDAwMDAwMDAwLCJ1cGRhdGUiOjE4MDAwMDAwMDAwMH19"
        }
      ]
    },
    {
      "mode": "managed",
      "type": "aws_sqs_queue",
      "name": "main",
      "provider": "provider[\"registry.terraform.io/hashicorp/aws\"]",
      "instances": [
        {
          "schema_version": 0,
          "attributes": {
            "arn": "arn:aws:sqs:us-east-1:139464377685:ingest-class-scores",
            "content_based_deduplication": false,
            "deduplication_scope": "",
            "delay_seconds": 0,
            "fifo_queue": false,
            "fifo_throughput_limit": "",
            "id": "https://sqs.us-east-1.amazonaws.com/139464377685/ingest-class-scores",
            "kms_data_key_reuse_period_seconds": 300,
            "kms_master_key_id": "",
            "max_message_size": 262144,
            "message_retention_seconds": 345600,
            "name": "ingest-class-scores",
            "name_prefix": "",
            "policy": "",
            "receive_wait_time_seconds": 0,
            "redrive_allow_policy": "",
            "redrive_policy": "",
            "region": "us-east-1",
            "sqs_managed_sse_enabled": true,
            "tags": null,
            "tags_all": {},
            "timeouts": null,
            "url": "https://sqs.us-east-1.amazonaws.com/139464377685/ingest-class-scores",
            "visibility_timeout_seconds": 30
          },
          "sensitive_attributes": [],
          "private": "eyJlMmJmYjczMC1lY2FhLTExZTYtOGY4OC0zNDM2M2JjN2M0YzAiOnsiY3JlYXRlIjoxODAwMDAwMDAwMDAsImRlbGV0ZSI6MTgwMDAwMDAwMDAwLCJ1cGRhdGUiOjE4MDAwMDAwMDAwMH19"
        }
      ]
    },
    {
      "mode": "managed",
      "type": "aws_vpc_security_group_egress_rule",
      "name": "allow_all_traffic_ipv4_new",
      "provider": "provider[\"registry.terraform.io/hashicorp/aws\"]",
      "instances": [
        {
          "schema_version": 0,
          "attributes": {
            "arn": "arn:aws:ec2:us-east-1:139464377685:security-group-rule/sgr-048575fa0db2f0525",
            "cidr_ipv4": "0.0.0.0/0",
            "cidr_ipv6": null,
            "description": null,
            "from_port": null,
            "id": "sgr-048575fa0db2f0525",
            "ip_protocol": "-1",
            "prefix_list_id": null,
            "referenced_security_group_id": null,
            "region": "us-east-1",
            "security_group_id": "sg-09c54e06ede98c4d7",
            "security_group_rule_id": "sgr-048575fa0db2f0525",
            "tags": null,
            "tags_all": {},
            "to_port": null
          },
          "sensitive_attributes": [],
          "dependencies": [
            "aws_security_group.lambda_sg_new"
          ]
        }
      ]
    },
    {
      "mode": "managed",
      "type": "aws_vpc_security_group_egress_rule",
      "name": "allow_all_traffic_ipv6_new",
      "provider": "provider[\"registry.terraform.io/hashicorp/aws\"]",
      "instances": [
        {
          "schema_version": 0,
          "attributes": {
            "arn": "arn:aws:ec2:us-east-1:139464377685:security-group-rule/sgr-01ba696aae5bc7013",
            "cidr_ipv4": null,
            "cidr_ipv6": "::/0",
            "description": null,
            "from_port": null,
            "id": "sgr-01ba696aae5bc7013",
            "ip_protocol": "-1",
            "prefix_list_id": null,
            "referenced_security_group_id": null,
            "region": "us-east-1",
            "security_group_id": "sg-09c54e06ede98c4d7",
            "security_group_rule_id": "sgr-01ba696aae5bc7013",
            "tags": null,
            "tags_all": {},
            "to_port": null
          },
          "sensitive_attributes": [],
          "dependencies": [
            "aws_security_group.lambda_sg_new"
          ]
        }
      ]
    },
    {
      "module": "module.docker_image",
      "mode": "data",
      "type": "aws_caller_identity",
      "name": "this",
      "provider": "provider[\"registry.terraform.io/hashicorp/aws\"]",
      "instances": [
        {
          "schema_version": 0,
          "attributes": {
            "account_id": "139464377685",
            "arn": "arn:aws:iam::139464377685:user/eandrews_admin",
            "id": "139464377685",
            "user_id": "AIDASA6FZQVKWH3N5BRJV"
          },
          "sensitive_attributes": []
        }
      ]
    },
    {
      "module": "module.docker_image",
      "mode": "data",
      "type": "aws_region",
      "name": "current",
      "provider": "provider[\"registry.terraform.io/hashicorp/aws\"]",
      "instances": [
        {
          "schema_version": 0,
          "attributes": {
            "description": "US East (N. Virginia)",
            "endpoint": "ec2.us-east-1.amazonaws.com",
            "id": "us-east-1",
            "name": "us-east-1",
            "region": "us-east-1"
          },
          "sensitive_attributes": []
        }
      ]
    },
    {
      "module": "module.docker_image",
      "mode": "managed",
      "type": "aws_ecr_lifecycle_policy",
      "name": "this",
      "provider": "provider[\"registry.terraform.io/hashicorp/aws\"]",
      "instances": []
    },
    {
      "module": "module.docker_image",
      "mode": "managed",
      "type": "aws_ecr_repository",
      "name": "this",
      "provider": "provider[\"registry.terraform.io/hashicorp/aws\"]",
      "instances": [
        {
          "index_key": 0,
          "schema_version": 0,
          "attributes": {
            "arn": "arn:aws:ecr:us-east-1:139464377685:repository/ingest-class-scores-lambda",
            "encryption_configuration": [
              {
                "encryption_type": "AES256",
                "kms_key": ""
              }
            ],
            "force_delete": true,
            "id": "ingest-class-scores-lambda",
            "image_scanning_configuration": [
              {
                "scan_on_push": false
              }
            ],
            "image_tag_mutability": "MUTABLE",
            "image_tag_mutability_exclusion_filter": [],
            "name": "ingest-class-scores-lambda",
            "region": "us-east-1",
            "registry_id": "139464377685",
            "repository_url": "139464377685.dkr.ecr.us-east-1.amazonaws.com/ingest-class-scores-lambda",
            "tags": {},
            "tags_all": {},
            "timeouts": null
          },
          "sensitive_attributes": [],
          "private": "eyJlMmJmYjczMC1lY2FhLTExZTYtOGY4OC0zNDM2M2JjN2M0YzAiOnsiZGVsZXRlIjoxMjAwMDAwMDAwMDAwfX0="
        }
      ]
    },
    {
      "module": "module.docker_image",
      "mode": "managed",
      "type": "docker_image",
      "name": "this",
      "provider": "provider[\"registry.terraform.io/kreuzwerker/docker\"]",
      "instances": [
        {
          "schema_version": 0,
          "attributes": {
            "build": [
              {
                "auth_config": [],
                "build_args": {},
                "build_id": "",
                "build_log_file": "",
                "builder": "",
                "cache_from": [],
                "cgroup_parent": "",
                "context": "./../lambdas/ingest-class-scores",
                "cpu_period": 0,
                "cpu_quota": 0,
                "cpu_set_cpus": "",
                "cpu_set_mems": "",
                "cpu_shares": 0,
                "dockerfile": "Dockerfile",
                "extra_hosts": [],
                "force_remove": false,
                "isolation": "",
                "label": {},
                "labels": {},
                "memory": 0,
                "memory_swap": 0,
                "network_mode": "",
                "no_cache": false,
                "platform": "",
                "pull_parent": false,
                "remote_context": "",
                "remove": true,
                "secrets": [],
                "security_opt": [],
                "session_id": "",
                "shm_size": 0,
                "squash": false,
                "suppress_output": false,
                "tag": [],
                "target": "",
                "ulimit": [],
                "version": ""
              }
            ],
            "force_remove": false,
            "id": "sha256:85ca40c906d62fff21279b34dc288a903d485646fd0c555876a3653d64b0130b139464377685.dkr.ecr.us-east-1.amazonaws.com/ingest-class-scores-lambda:1.35",
            "image_id": "sha256:85ca40c906d62fff21279b34dc288a903d485646fd0c555876a3653d64b0130b",
            "keep_locally": false,
            "name": "139464377685.dkr.ecr.us-east-1.amazonaws.com/ingest-class-scores-lambda:1.35",
            "platform": null,
            "pull_triggers": null,
            "repo_digest": "139464377685.dkr.ecr.us-east-1.amazonaws.com/ingest-class-scores-lambda@sha256:db73634b6c5db569f79ff781e8804d21a17ee2f87caa2ae5de545603dd40b666",
            "timeouts": null,
            "triggers": null
          },
          "sensitive_attributes": [],
          "private": "bnVsbA==",
          "dependencies": [
            "data.aws_ecr_authorization_token.token",
            "module.docker_image.aws_ecr_repository.this",
            "module.docker_image.data.aws_caller_identity.this",
            "module.docker_image.data.aws_region.current"
          ]
        }
      ]
    },
    {
      "module": "module.docker_image",
      "mode": "managed",
      "type": "docker_registry_image",
      "name": "this",
      "provider": "provider[\"registry.terraform.io/kreuzwerker/docker\"]",
      "instances": [
        {
          "schema_version": 0,
          "attributes": {
            "auth_config": [],
            "id": "sha256:db73634b6c5db569f79ff781e8804d21a17ee2f87caa2ae5de545603dd40b666",
            "insecure_skip_verify": false,
            "keep_remotely": false,
            "name": "139464377685.dkr.ecr.us-east-1.amazonaws.com/ingest-class-scores-lambda:1.35",
            "sha256_digest": "sha256:db73634b6c5db569f79ff781e8804d21a17ee2f87caa2ae5de545603dd40b666",
            "triggers": {
              "image_id": "sha256:85ca40c906d62fff21279b34dc288a903d485646fd0c555876a3653d64b0130b"
            }
          },
          "sensitive_attributes": [],
          "private": "bnVsbA==",
          "dependencies": [
            "data.aws_ecr_authorization_token.token",
            "module.docker_image.aws_ecr_repository.this",
            "module.docker_image.data.aws_caller_identity.this",
            "module.docker_image.data.aws_region.current",
            "module.docker_image.docker_image.this"
          ]
        }
      ]
    },
    {
      "module": "module.docker_image",
      "mode": "managed",
      "type": "null_resource",
      "name": "sam_metadata_docker_registry_image",
      "provider": "provider[\"registry.terraform.io/hashicorp/null\"]",
      "instances": []
    },
    {
      "module": "module.docker_image_h5",
      "mode": "data",
      "type": "aws_caller_identity",
      "name": "this",
      "provider": "provider[\"registry.terraform.io/hashicorp/aws\"]",
      "instances": [
        {
          "schema_version": 0,
          "attributes": {
            "account_id": "139464377685",
            "arn": "arn:aws:iam::139464377685:user/eandrews_admin",
            "id": "139464377685",
            "user_id": "AIDASA6FZQVKWH3N5BRJV"
          },
          "sensitive_attributes": []
        }
      ]
    },
    {
      "module": "module.docker_image_h5",
      "mode": "data",
      "type": "aws_region",
      "name": "current",
      "provider": "provider[\"registry.terraform.io/hashicorp/aws\"]",
      "instances": [
        {
          "schema_version": 0,
          "attributes": {
            "description": "US East (N. Virginia)",
            "endpoint": "ec2.us-east-1.amazonaws.com",
            "id": "us-east-1",
            "name": "us-east-1",
            "region": "us-east-1"
          },
          "sensitive_attributes": []
        }
      ]
    },
    {
      "module": "module.docker_image_metadata",
      "mode": "data",
      "type": "aws_caller_identity",
      "name": "this",
      "provider": "provider[\"registry.terraform.io/hashicorp/aws\"]",
      "instances": [
        {
          "schema_version": 0,
          "attributes": {
            "account_id": "139464377685",
            "arn": "arn:aws:iam::139464377685:user/eandrews_admin",
            "id": "139464377685",
            "user_id": "AIDASA6FZQVKWH3N5BRJV"
          },
          "sensitive_attributes": []
        }
      ]
    },
    {
      "module": "module.docker_image_metadata",
      "mode": "data",
      "type": "aws_region",
      "name": "current",
      "provider": "provider[\"registry.terraform.io/hashicorp/aws\"]",
      "instances": [
        {
          "schema_version": 0,
          "attributes": {
            "description": "US East (N. Virginia)",
            "endpoint": "ec2.us-east-1.amazonaws.com",
            "id": "us-east-1",
            "name": "us-east-1",
            "region": "us-east-1"
          },
          "sensitive_attributes": []
        }
      ]
    },
    {
      "module": "module.docker_image_metadata",
      "mode": "managed",
      "type": "aws_ecr_lifecycle_policy",
      "name": "this",
      "provider": "provider[\"registry.terraform.io/hashicorp/aws\"]",
      "instances": []
    },
    {
      "module": "module.docker_image_metadata",
      "mode": "managed",
      "type": "aws_ecr_repository",
      "name": "this",
      "provider": "provider[\"registry.terraform.io/hashicorp/aws\"]",
      "instances": [
        {
          "index_key": 0,
          "schema_version": 0,
          "attributes": {
            "arn": "arn:aws:ecr:us-east-1:139464377685:repository/ingest-metadata-adc-files-lambda",
            "encryption_configuration": [
              {
                "encryption_type": "AES256",
                "kms_key": ""
              }
            ],
            "force_delete": true,
            "id": "ingest-metadata-adc-files-lambda",
            "image_scanning_configuration": [
              {
                "scan_on_push": false
              }
            ],
            "image_tag_mutability": "MUTABLE",
            "image_tag_mutability_exclusion_filter": [],
            "name": "ingest-metadata-adc-files-lambda",
            "region": "us-east-1",
            "registry_id": "139464377685",
            "repository_url": "139464377685.dkr.ecr.us-east-1.amazonaws.com/ingest-metadata-adc-files-lambda",
            "tags": {},
            "tags_all": {},
            "timeouts": null
          },
          "sensitive_attributes": [],
          "private": "eyJlMmJmYjczMC1lY2FhLTExZTYtOGY4OC0zNDM2M2JjN2M0YzAiOnsiZGVsZXRlIjoxMjAwMDAwMDAwMDAwfX0="
        }
      ]
    },
    {
      "module": "module.docker_image_metadata",
      "mode": "managed",
      "type": "docker_image",
      "name": "this",
      "provider": "provider[\"registry.terraform.io/kreuzwerker/docker\"]",
      "instances": [
        {
          "schema_version": 0,
          "attributes": {
            "build": [
              {
                "auth_config": [],
                "build_args": {},
                "build_id": "",
                "build_log_file": "",
                "builder": "",
                "cache_from": [],
                "cgroup_parent": "",
                "context": "./../lambdas/ingest-metadata-adc-files",
                "cpu_period": 0,
                "cpu_quota": 0,
                "cpu_set_cpus": "",
                "cpu_set_mems": "",
                "cpu_shares": 0,
                "dockerfile": "Dockerfile",
                "extra_hosts": [],
                "force_remove": false,
                "isolation": "",
                "label": {},
                "labels": {},
                "memory": 0,
                "memory_swap": 0,
                "network_mode": "",
                "no_cache": false,
                "platform": "",
                "pull_parent": false,
                "remote_context": "",
                "remove": true,
                "secrets": [],
                "security_opt": [],
                "session_id": "",
                "shm_size": 0,
                "squash": false,
                "suppress_output": false,
                "tag": [],
                "target": "",
                "ulimit": [],
                "version": ""
              }
            ],
            "force_remove": false,
            "id": "sha256:692cf3c67b84eaade4ad57b7294e5988f3bbe8a5a43f7799a5265d6e60a9cc93139464377685.dkr.ecr.us-east-1.amazonaws.com/ingest-metadata-adc-files-lambda:1.9",
            "image_id": "sha256:692cf3c67b84eaade4ad57b7294e5988f3bbe8a5a43f7799a5265d6e60a9cc93",
            "keep_locally": false,
            "name": "139464377685.dkr.ecr.us-east-1.amazonaws.com/ingest-metadata-adc-files-lambda:1.9",
            "platform": null,
            "pull_triggers": null,
            "repo_digest": "139464377685.dkr.ecr.us-east-1.amazonaws.com/ingest-metadata-adc-files-lambda@sha256:145add7ada7b7bd92a8074684d24e83cfd919e701322cd5e4ec2f862a6cdfeb7",
            "timeouts": null,
            "triggers": null
          },
          "sensitive_attributes": [],
          "private": "bnVsbA==",
          "dependencies": [
            "data.aws_ecr_authorization_token.token",
            "module.docker_image_metadata.aws_ecr_repository.this",
            "module.docker_image_metadata.data.aws_caller_identity.this",
            "module.docker_image_metadata.data.aws_region.current"
          ]
        }
      ]
    },
    {
      "module": "module.docker_image_metadata",
      "mode": "managed",
      "type": "docker_registry_image",
      "name": "this",
      "provider": "provider[\"registry.terraform.io/kreuzwerker/docker\"]",
      "instances": [
        {
          "schema_version": 0,
          "attributes": {
            "auth_config": [],
            "id": "sha256:145add7ada7b7bd92a8074684d24e83cfd919e701322cd5e4ec2f862a6cdfeb7",
            "insecure_skip_verify": false,
            "keep_remotely": false,
            "name": "139464377685.dkr.ecr.us-east-1.amazonaws.com/ingest-metadata-adc-files-lambda:1.9",
            "sha256_digest": "sha256:145add7ada7b7bd92a8074684d24e83cfd919e701322cd5e4ec2f862a6cdfeb7",
            "triggers": {
              "image_id": "sha256:692cf3c67b84eaade4ad57b7294e5988f3bbe8a5a43f7799a5265d6e60a9cc93"
            }
          },
          "sensitive_attributes": [],
          "private": "bnVsbA==",
          "dependencies": [
            "data.aws_ecr_authorization_token.token",
            "module.docker_image_metadata.aws_ecr_repository.this",
            "module.docker_image_metadata.data.aws_caller_identity.this",
            "module.docker_image_metadata.data.aws_region.current",
            "module.docker_image_metadata.docker_image.this"
          ]
        }
      ]
    },
    {
      "module": "module.docker_image_metadata",
      "mode": "managed",
      "type": "null_resource",
      "name": "sam_metadata_docker_registry_image",
      "provider": "provider[\"registry.terraform.io/hashicorp/null\"]",
      "instances": []
    },
    {
      "module": "module.dynamodb_table",
      "mode": "managed",
      "type": "aws_appautoscaling_policy",
      "name": "index_read_policy",
      "provider": "provider[\"registry.terraform.io/hashicorp/aws\"]",
      "instances": []
    },
    {
      "module": "module.dynamodb_table",
      "mode": "managed",
      "type": "aws_appautoscaling_policy",
      "name": "index_write_policy",
      "provider": "provider[\"registry.terraform.io/hashicorp/aws\"]",
      "instances": []
    },
    {
      "module": "module.dynamodb_table",
      "mode": "managed",
      "type": "aws_appautoscaling_policy",
      "name": "table_read_policy",
      "provider": "provider[\"registry.terraform.io/hashicorp/aws\"]",
      "instances": []
    },
    {
      "module": "module.dynamodb_table",
      "mode": "managed",
      "type": "aws_appautoscaling_policy",
      "name": "table_write_policy",
      "provider": "provider[\"registry.terraform.io/hashicorp/aws\"]",
      "instances": []
    },
    {
      "module": "module.dynamodb_table",
      "mode": "managed",
      "type": "aws_appautoscaling_target",
      "name": "index_read",
      "provider": "provider[\"registry.terraform.io/hashicorp/aws\"]",
      "instances": []
    },
    {
      "module": "module.dynamodb_table",
      "mode": "managed",
      "type": "aws_appautoscaling_target",
      "name": "index_write",
      "provider": "provider[\"registry.terraform.io/hashicorp/aws\"]",
      "instances": []
    },
    {
      "module": "module.dynamodb_table",
      "mode": "managed",
      "type": "aws_appautoscaling_target",
      "name": "table_read",
      "provider": "provider[\"registry.terraform.io/hashicorp/aws\"]",
      "instances": []
    },
    {
      "module": "module.dynamodb_table",
      "mode": "managed",
      "type": "aws_appautoscaling_target",
      "name": "table_write",
      "provider": "provider[\"registry.terraform.io/hashicorp/aws\"]",
      "instances": []
    },
    {
      "module": "module.dynamodb_table",
      "mode": "managed",
      "type": "aws_dynamodb_resource_policy",
      "name": "this",
      "provider": "provider[\"registry.terraform.io/hashicorp/aws\"]",
      "instances": []
    },
    {
      "module": "module.dynamodb_table",
      "mode": "managed",
      "type": "aws_dynamodb_table",
      "name": "autoscaled",
      "provider": "provider[\"registry.terraform.io/hashicorp/aws\"]",
      "instances": []
    },
    {
      "module": "module.dynamodb_table",
      "mode": "managed",
      "type": "aws_dynamodb_table",
      "name": "autoscaled_gsi_ignore",
      "provider": "provider[\"registry.terraform.io/hashicorp/aws\"]",
      "instances": []
    },
    {
      "module": "module.dynamodb_table",
      "mode": "managed",
      "type": "aws_dynamodb_table",
      "name": "this",
      "provider": "provider[\"registry.terraform.io/hashicorp/aws\"]",
      "instances": [
        {
          "index_key": 0,
          "schema_version": 1,
          "attributes": {
            "arn": "arn:aws:dynamodb:us-east-1:139464377685:table/habhub-bins-metadata",
            "attribute": [
              {
                "name": "pid",
                "type": "S"
              }
            ],
            "billing_mode": "PAY_PER_REQUEST",
            "deletion_protection_enabled": false,
            "global_secondary_index": [],
            "global_table_witness": [],
            "hash_key": "pid",
            "id": "habhub-bins-metadata",
            "import_table": [],
            "local_secondary_index": [],
            "name": "habhub-bins-metadata",
            "on_demand_throughput": [],
            "point_in_time_recovery": [
              {
                "enabled": false,
                "recovery_period_in_days": 0
              }
            ],
            "range_key": null,
            "read_capacity": 0,
            "region": "us-east-1",
            "replica": [],
            "restore_date_time": null,
            "restore_source_name": null,
            "restore_source_table_arn": null,
            "restore_to_latest_time": null,
            "server_side_encryption": [],
            "stream_arn": "",
            "stream_enabled": false,
            "stream_label": "",
            "stream_view_type": "",
            "table_class": "STANDARD",
            "tags": {
              "Name": "habhub-bins-metadata",
              "Project": "habhub-data-pipeline"
            },
            "tags_all": {
              "Name": "habhub-bins-metadata",
              "Project": "habhub-data-pipeline"
            },
            "timeouts": {
              "create": "10m",
              "delete": "10m",
              "update": "60m"
            },
            "ttl": [
              {
                "attribute_name": "",
                "enabled": false
              }
            ],
            "warm_throughput": [],
            "write_capacity": 0
          },
          "sensitive_attributes": [],
          "private": "eyJlMmJmYjczMC1lY2FhLTExZTYtOGY4OC0zNDM2M2JjN2M0YzAiOnsiY3JlYXRlIjo2MDAwMDAwMDAwMDAsImRlbGV0ZSI6NjAwMDAwMDAwMDAwLCJ1cGRhdGUiOjM2MDAwMDAwMDAwMDB9LCJzY2hlbWFfdmVyc2lvbiI6IjEifQ=="
        }
      ]
    },
    {
      "module": "module.lambda_function",
      "mode": "data",
      "type": "aws_arn",
      "name": "log_group_arn",
      "provider": "provider[\"registry.terraform.io/hashicorp/aws\"]",
      "instances": []
    },
    {
      "module": "module.lambda_function",
      "mode": "data",
      "type": "aws_caller_identity",
      "name": "current",
      "provider": "provider[\"registry.terraform.io/hashicorp/aws\"]",
      "instances": [
        {
          "schema_version": 0,
          "attributes": {
            "account_id": "139464377685",
            "arn": "arn:aws:iam::139464377685:user/eandrews_admin",
            "id": "139464377685",
            "user_id": "AIDASA6FZQVKWH3N5BRJV"
          },
          "sensitive_attributes": []
        }
      ]
    },
    {
      "module": "module.lambda_function",
      "mode": "data",
      "type": "aws_cloudwatch_log_group",
      "name": "lambda",
      "provider": "provider[\"registry.terraform.io/hashicorp/aws\"]",
      "instances": []
    },
    {
      "module": "module.lambda_function",
      "mode": "data",
      "type": "aws_iam_policy",
      "name": "tracing",
      "provider": "provider[\"registry.terraform.io/hashicorp/aws\"]",
      "instances": []
    },
    {
      "module": "module.lambda_function",
      "mode": "data",
      "type": "aws_iam_policy",
      "name": "vpc",
      "provider": "provider[\"registry.terraform.io/hashicorp/aws\"]",
      "instances": []
    },
    {
      "module": "module.lambda_function",
      "mode": "data",
      "type": "aws_iam_policy_document",
      "name": "additional_inline",
      "provider": "provider[\"registry.terraform.io/hashicorp/aws\"]",
      "instances": [
        {
          "index_key": 0,
          "schema_version": 0,
          "attributes": {
            "id": "2282446434",
            "json": "{\n  \"Version\": \"2012-10-17\",\n  \"Statement\": [\n    {\n      \"Sid\": \"DynamoItems\",\n      \"Effect\": \"Allow\",\n      \"Action\": [\n        \"dynamodb:UpdateItem\",\n        \"dynamodb:PutItem\",\n        \"dynamodb:GetItem\"\n      ],\n      \"Resource\": \"arn:aws:dynamodb:us-east-1:139464377685:table/habhub-bins-metadata\"\n    },\n    {\n      \"Sid\": \"GetS3Objects\",\n      \"Effect\": \"Allow\",\n      \"Action\": [\n        \"s3:GetObject\",\n        \"s3:DeleteObject\"\n      ],\n      \"Resource\": [\n        \"arn:aws:s3:::habhub.data-pipeline-files/*\",\n        \"arn:aws:s3:::habhub.data-pipeline-files\"\n      ]\n    },\n    {\n      \"Sid\": \"OpenSearch\",\n      \"Effect\": \"Allow\",\n      \"Action\": \"es:*\",\n      \"Resource\": \"arn:aws:es:us-east-1:139464377685:domain/habhub-production/*\"\n    }\n  ]\n}",
            "minified_json": "{\"Version\":\"2012-10-17\",\"Statement\":[{\"Sid\":\"DynamoItems\",\"Effect\":\"Allow\",\"Action\":[\"dynamodb:UpdateItem\",\"dynamodb:PutItem\",\"dynamodb:GetItem\"],\"Resource\":\"arn:aws:dynamodb:us-east-1:139464377685:table/habhub-bins-metadata\"},{\"Sid\":\"GetS3Objects\",\"Effect\":\"Allow\",\"Action\":[\"s3:GetObject\",\"s3:DeleteObject\"],\"Resource\":[\"arn:aws:s3:::habhub.data-pipeline-files/*\",\"arn:aws:s3:::habhub.data-pipeline-files\"]},{\"Sid\":\"OpenSearch\",\"Effect\":\"Allow\",\"Action\":\"es:*\",\"Resource\":\"arn:aws:es:us-east-1:139464377685:domain/habhub-production/*\"}]}",
            "override_json": null,
            "override_policy_documents": null,
            "policy_id": null,
            "source_json": null,
            "source_policy_documents": null,
            "statement": [
              {
                "actions": [
                  "dynamodb:GetItem",
                  "dynamodb:PutItem",
                  "dynamodb:UpdateItem"
                ],
                "condition": [],
                "effect": "Allow",
                "not_actions": [],
                "not_principals": [],
                "not_resources": [],
                "principals": [],
                "resources": [
                  "arn:aws:dynamodb:us-east-1:139464377685:table/habhub-bins-metadata"
                ],
                "sid": "DynamoItems"
              },
              {
                "actions": [
                  "s3:DeleteObject",
                  "s3:GetObject"
                ],
                "condition": [],
                "effect": "Allow",
                "not_actions": [],
                "not_principals": [],
                "not_resources": [],
                "principals": [],
                "resources": [
                  "arn:aws:s3:::habhub.data-pipeline-files",
                  "arn:aws:s3:::habhub.data-pipeline-files/*"
                ],
                "sid": "GetS3Objects"
              },
              {
                "actions": [
                  "es:*"
                ],
                "condition": [],
                "effect": "Allow",
                "not_actions": [],
                "not_principals": [],
                "not_resources": [],
                "principals": [],
                "resources": [
                  "arn:aws:es:us-east-1:139464377685:domain/habhub-production/*"
                ],
                "sid": "OpenSearch"
              }
            ],
            "version": "2012-10-17"
          },
          "sensitive_attributes": []
        }
      ]
    },
    {
      "module": "module.lambda_function",
      "mode": "data",
      "type": "aws_iam_policy_document",
      "name": "assume_role",
      "provider": "provider[\"registry.terraform.io/hashicorp/aws\"]",
      "instances": [
        {
          "index_key": 0,
          "schema_version": 0,
          "attributes": {
            "id": "2690255455",
            "json": "{\n  \"Version\": \"2012-10-17\",\n  \"Statement\": [\n    {\n      \"Effect\": \"Allow\",\n      \"Action\": \"sts:AssumeRole\",\n      \"Principal\": {\n        \"Service\": \"lambda.amazonaws.com\"\n      }\n    }\n  ]\n}",
            "minified_json": "{\"Version\":\"2012-10-17\",\"Statement\":[{\"Effect\":\"Allow\",\"Action\":\"sts:AssumeRole\",\"Principal\":{\"Service\":\"lambda.amazonaws.com\"}}]}",
            "override_json": null,
            "override_policy_documents": null,
            "policy_id": null,
            "source_json": null,
            "source_policy_documents": null,
            "statement": [
              {
                "actions": [
                  "sts:AssumeRole"
                ],
                "condition": [],
                "effect": "Allow",
                "not_actions": [],
                "not_principals": [],
                "not_resources": [],
                "principals": [
                  {
                    "identifiers": [
                      "lambda.amazonaws.com"
                    ],
                    "type": "Service"
                  }
                ],
                "resources": [],
                "sid": ""
              }
            ],
            "version": "2012-10-17"
          },
          "sensitive_attributes": []
        }
      ]
    },
    {
      "module": "module.lambda_function",
      "mode": "data",
      "type": "aws_iam_policy_document",
      "name": "async",
      "provider": "provider[\"registry.terraform.io/hashicorp/aws\"]",
      "instances": []
    },
    {
      "module": "module.lambda_function",
      "mode": "data",
      "type": "aws_iam_policy_document",
      "name": "dead_letter",
      "provider": "provider[\"registry.terraform.io/hashicorp/aws\"]",
      "instances": []
    },
    {
      "module": "module.lambda_function",
      "mode": "data",
      "type": "aws_iam_policy_document",
      "name": "logs",
      "provider": "provider[\"registry.terraform.io/hashicorp/aws\"]",
      "instances": [
        {
          "index_key": 0,
          "schema_version": 0,
          "attributes": {
            "id": "2742649719",
            "json": "{\n  \"Version\": \"2012-10-17\",\n  \"Statement\": [\n    {\n      \"Effect\": \"Allow\",\n      \"Action\": [\n        \"logs:PutLogEvents\",\n        \"logs:CreateLogStream\",\n        \"logs:CreateLogGroup\"\n      ],\n      \"Resource\": [\n        \"arn:aws:logs:us-east-1:139464377685:log-group:/aws/lambda/ingest-class-scores-lambda:*:*\",\n        \"arn:aws:logs:us-east-1:139464377685:log-group:/aws/lambda/ingest-class-scores-lambda:*\"\n      ]\n    }\n  ]\n}",
            "minified_json": "{\"Version\":\"2012-10-17\",\"Statement\":[{\"Effect\":\"Allow\",\"Action\":[\"logs:PutLogEvents\",\"logs:CreateLogStream\",\"logs:CreateLogGroup\"],\"Resource\":[\"arn:aws:logs:us-east-1:139464377685:log-group:/aws/lambda/ingest-class-scores-lambda:*:*\",\"arn:aws:logs:us-east-1:139464377685:log-group:/aws/lambda/ingest-class-scores-lambda:*\"]}]}",
            "override_json": null,
            "override_policy_documents": null,
            "policy_id": null,
            "source_json": null,
            "source_policy_documents": null,
            "statement": [
              {
                "actions": [
                  "logs:CreateLogGroup",
                  "logs:CreateLogStream",
                  "logs:PutLogEvents"
                ],
                "condition": [],
                "effect": "Allow",
                "not_actions": [],
                "not_principals": [],
                "not_resources": [],
                "principals": [],
                "resources": [
                  "arn:aws:logs:us-east-1:139464377685:log-group:/aws/lambda/ingest-class-scores-lambda:*",
                  "arn:aws:logs:us-east-1:139464377685:log-group:/aws/lambda/ingest-class-scores-lambda:*:*"
                ],
                "sid": ""
              }
            ],
            "version": "2012-10-17"
          },
          "sensitive_attributes": []
        }
      ]
    },
    {
      "module": "module.lambda_function",
      "mode": "data",
      "type": "aws_partition",
      "name": "current",
      "provider": "provider[\"registry.terraform.io/hashicorp/aws\"]",
      "instances": [
        {
          "schema_version": 0,
          "attributes": {
            "dns_suffix": "amazonaws.com",
            "id": "aws",
            "partition": "aws",
            "reverse_dns_prefix": "com.amazonaws"
          },
          "sensitive_attributes": []
        }
      ]
    },
    {
      "module": "module.lambda_function",
      "mode": "data",
      "type": "aws_region",
      "name": "current",
      "provider": "provider[\"registry.terraform.io/hashicorp/aws\"]",
      "instances": [
        {
          "schema_version": 0,
          "attributes": {
            "description": "US East (N. Virginia)",
            "endpoint": "ec2.us-east-1.amazonaws.com",
            "id": "us-east-1",
            "name": "us-east-1",
            "region": "us-east-1"
          },
          "sensitive_attributes": []
        }
      ]
    },
    {
      "module": "module.lambda_function",
      "mode": "data",
      "type": "external",
      "name": "archive_prepare",
      "provider": "provider[\"registry.terraform.io/hashicorp/external\"]",
      "instances": []
    },
    {
      "module": "module.lambda_function",
      "mode": "managed",
      "type": "aws_cloudwatch_log_group",
      "name": "lambda",
      "provider": "provider[\"registry.terraform.io/hashicorp/aws\"]",
      "instances": [
        {
          "index_key": 0,
          "schema_version": 0,
          "attributes": {
            "arn": "arn:aws:logs:us-east-1:139464377685:log-group:/aws/lambda/ingest-class-scores-lambda",
            "deletion_protection_enabled": false,
            "id": "/aws/lambda/ingest-class-scores-lambda",
            "kms_key_id": "",
            "log_group_class": "STANDARD",
            "name": "/aws/lambda/ingest-class-scores-lambda",
            "name_prefix": "",
            "region": "us-east-1",
            "retention_in_days": 7,
            "skip_destroy": false,
            "tags": {},
            "tags_all": {}
          },
          "sensitive_attributes": [],
          "private": "bnVsbA=="
        }
      ]
    },
    {
      "module": "module.lambda_function",
      "mode": "managed",
      "type": "aws_iam_policy",
      "name": "additional_inline",
      "provider": "provider[\"registry.terraform.io/hashicorp/aws\"]",
      "instances": [
        {
          "index_key": 0,
          "schema_version": 0,
          "attributes": {
            "arn": "arn:aws:iam::139464377685:policy/ingest-class-scores-lambda-inline",
            "attachment_count": 1,
            "description": "",
            "id": "arn:aws:iam::139464377685:policy/ingest-class-scores-lambda-inline",
            "name": "ingest-class-scores-lambda-inline",
            "name_prefix": "",
            "path": "/",
            "policy": "{\"Statement\":[{\"Action\":[\"dynamodb:UpdateItem\",\"dynamodb:PutItem\",\"dynamodb:GetItem\"],\"Effect\":\"Allow\",\"Resource\":\"arn:aws:dynamodb:us-east-1:139464377685:table/habhub-bins-metadata\",\"Sid\":\"DynamoItems\"},{\"Action\":[\"s3:GetObject\",\"s3:DeleteObject\"],\"Effect\":\"Allow\",\"Resource\":[\"arn:aws:s3:::habhub.data-pipeline-files/*\",\"arn:aws:s3:::habhub.data-pipeline-files\"],\"Sid\":\"GetS3Objects\"},{\"Action\":\"es:*\",\"Effect\":\"Allow\",\"Resource\":\"arn:aws:es:us-east-1:139464377685:domain/habhub-production/*\",\"Sid\":\"OpenSearch\"}],\"Version\":\"2012-10-17\"}",
            "policy_id": "ANPASA6FZQVK2ABDH64OF",
            "tags": {},
            "tags_all": {}
          },
          "sensitive_attributes": [],
          "private": "bnVsbA==",
          "dependencies": [
            "module.dynamodb_table.aws_dynamodb_table.autoscaled",
            "module.dynamodb_table.aws_dynamodb_table.autoscaled_gsi_ignore",
            "module.dynamodb_table.aws_dynamodb_table.this",
            "module.lambda_function.data.aws_iam_policy_document.additional_inline",
            "module.s3_bucket.aws_s3_bucket.this"
          ]
        }
      ]
    },
    {
      "module": "module.lambda_function",
      "mode": "managed",
      "type": "aws_iam_policy",
      "name": "additional_json",
      "provider": "provider[\"registry.terraform.io/hashicorp/aws\"]",
      "instances": []
    },
    {
      "module": "module.lambda_function",
      "mode": "managed",
      "type": "aws_iam_policy",
      "name": "additional_jsons",
      "provider": "provider[\"registry.terraform.io/hashicorp/aws\"]",
      "instances": []
    },
    {
      "module": "module.lambda_function",
      "mode": "managed",
      "type": "aws_iam_policy",
      "name": "async",
      "provider": "provider[\"registry.terraform.io/hashicorp/aws\"]",
      "instances": []
    },
    {
      "module": "module.lambda_function",
      "mode": "managed",
      "type": "aws_iam_policy",
      "name": "dead_letter",
      "provider": "provider[\"registry.terraform.io/hashicorp/aws\"]",
      "instances": []
    },
    {
      "module": "module.lambda_function",
      "mode": "managed",
      "type": "aws_iam_policy",
      "name": "logs",
      "provider": "provider[\"registry.terraform.io/hashicorp/aws\"]",
      "instances": [
        {
          "index_key": 0,
          "schema_version": 0,
          "attributes": {
            "arn": "arn:aws:iam::139464377685:policy/ingest-class-scores-lambda-logs",
            "attachment_count": 1,
            "description": "",
            "id": "arn:aws:iam::139464377685:policy/ingest-class-scores-lambda-logs",
            "name": "ingest-class-scores-lambda-logs",
            "name_prefix": "",
            "path": "/",
            "policy": "{\"Statement\":[{\"Action\":[\"logs:PutLogEvents\",\"logs:CreateLogStream\",\"logs:CreateLogGroup\"],\"Effect\":\"Allow\",\"Resource\":[\"arn:aws:logs:us-east-1:139464377685:log-group:/aws/lambda/ingest-class-scores-lambda:*:*\",\"arn:aws:logs:us-east-1:139464377685:log-group:/aws/lambda/ingest-class-scores-lambda:*\"]}],\"Version\":\"2012-10-17\"}",
            "policy_id": "ANPASA6FZQVKXWJZXHFF5",
            "tags": {},
            "tags_all": {}
          },
          "sensitive_attributes": [],
          "private": "bnVsbA==",
          "dependencies": [
            "module.lambda_function.aws_cloudwatch_log_group.lambda",
            "module.lambda_function.data.aws_arn.log_group_arn",
            "module.lambda_function.data.aws_cloudwatch_log_group.lambda",
            "module.lambda_function.data.aws_iam_policy_document.logs"
          ]
        }
      ]
    },
    {
      "module": "module.lambda_function",
      "mode": "managed",
      "type": "aws_iam_policy",
      "name": "tracing",
      "provider": "provider[\"registry.terraform.io/hashicorp/aws\"]",
      "instances": []
    },
    {
      "module": "module.lambda_function",
      "mode": "managed",
      "type": "aws_iam_policy",
      "name": "vpc",
      "provider": "provider[\"registry.terraform.io/hashicorp/aws\"]",
      "instances": []
    },
    {
      "module": "module.lambda_function",
      "mode": "managed",
      "type": "aws_iam_role",
      "name": "lambda",
      "provider": "provider[\"registry.terraform.io/hashicorp/aws\"]",
      "instances": [
        {
          "index_key": 0,
          "schema_version": 0,
          "attributes": {
            "arn": "arn:aws:iam::139464377685:role/ingest-class-scores-lambda",
            "assume_role_policy": "{\"Statement\":[{\"Action\":\"sts:AssumeRole\",\"Effect\":\"Allow\",\"Principal\":{\"Service\":\"lambda.amazonaws.com\"}}],\"Version\":\"2012-10-17\"}",
            "create_date": "2024-03-05T19:47:40Z",
            "description": "",
            "force_detach_policies": true,
            "id": "ingest-class-scores-lambda",
            "inline_policy": [],
            "managed_policy_arns": [
              "arn:aws:iam::139464377685:policy/ingest-class-scores-lambda-inline",
              "arn:aws:iam::139464377685:policy/ingest-class-scores-lambda-logs"
            ],
            "max_session_duration": 3600,
            "name": "ingest-class-scores-lambda",
            "name_prefix": "",
            "path": "/",
            "permissions_boundary": "",
            "tags": {},
            "tags_all": {},
            "unique_id": "AROASA6FZQVK5XH5BIUS2"
          },
          "sensitive_attributes": [],
          "private": "bnVsbA==",
          "dependencies": [
            "module.lambda_function.data.aws_iam_policy_document.assume_role"
          ]
        }
      ]
    },
    {
      "module": "module.lambda_function",
      "mode": "managed",
      "type": "aws_iam_role_policy_attachment",
      "name": "additional_inline",
      "provider": "provider[\"registry.terraform.io/hashicorp/aws\"]",
      "instances": [
        {
          "index_key": 0,
          "schema_version": 0,
          "attributes": {
            "id": "ingest-class-scores-lambda-20240306181134958800000001",
            "policy_arn": "arn:aws:iam::139464377685:policy/ingest-class-scores-lambda-inline",
            "role": "ingest-class-scores-lambda"
          },
          "sensitive_attributes": [],
          "private": "bnVsbA==",
          "dependencies": [
            "module.dynamodb_table.aws_dynamodb_table.autoscaled",
            "module.dynamodb_table.aws_dynamodb_table.autoscaled_gsi_ignore",
            "module.dynamodb_table.aws_dynamodb_table.this",
            "module.lambda_function.aws_iam_policy.additional_inline",
            "module.lambda_function.aws_iam_role.lambda",
            "module.lambda_function.data.aws_iam_policy_document.additional_inline",
            "module.lambda_function.data.aws_iam_policy_document.assume_role",
            "module.s3_bucket.aws_s3_bucket.this"
          ]
        }
      ]
    },
    {
      "module": "module.lambda_function",
      "mode": "managed",
      "type": "aws_iam_role_policy_attachment",
      "name": "additional_json",
      "provider": "provider[\"registry.terraform.io/hashicorp/aws\"]",
      "instances": []
    },
    {
      "module": "module.lambda_function",
      "mode": "managed",
      "type": "aws_iam_role_policy_attachment",
      "name": "additional_jsons",
      "provider": "provider[\"registry.terraform.io/hashicorp/aws\"]",
      "instances": []
    },
    {
      "module": "module.lambda_function",
      "mode": "managed",
      "type": "aws_iam_role_policy_attachment",
      "name": "additional_many",
      "provider": "provider[\"registry.terraform.io/hashicorp/aws\"]",
      "instances": []
    },
    {
      "module": "module.lambda_function",
      "mode": "managed",
      "type": "aws_iam_role_policy_attachment",
      "name": "additional_one",
      "provider": "provider[\"registry.terraform.io/hashicorp/aws\"]",
      "instances": []
    },
    {
      "module": "module.lambda_function",
      "mode": "managed",
      "type": "aws_iam_role_policy_attachment",
      "name": "async",
      "provider": "provider[\"registry.terraform.io/hashicorp/aws\"]",
      "instances": []
    },
    {
      "module": "module.lambda_function",
      "mode": "managed",
      "type": "aws_iam_role_policy_attachment",
      "name": "dead_letter",
      "provider": "provider[\"registry.terraform.io/hashicorp/aws\"]",
      "instances": []
    },
    {
      "module": "module.lambda_function",
      "mode": "managed",
      "type": "aws_iam_role_policy_attachment",
      "name": "logs",
      "provider": "provider[\"registry.terraform.io/hashicorp/aws\"]",
      "instances": [
        {
          "index_key": 0,
          "schema_version": 0,
          "attributes": {
            "id": "ingest-class-scores-lambda-20240305194740678400000001",
            "policy_arn": "arn:aws:iam::139464377685:policy/ingest-class-scores-lambda-logs",
            "role": "ingest-class-scores-lambda"
          },
          "sensitive_attributes": [],
          "private": "bnVsbA==",
          "dependencies": [
            "module.lambda_function.aws_cloudwatch_log_group.lambda",
            "module.lambda_function.aws_iam_policy.logs",
            "module.lambda_function.aws_iam_role.lambda",
            "module.lambda_function.data.aws_arn.log_group_arn",
            "module.lambda_function.data.aws_cloudwatch_log_group.lambda",
            "module.lambda_function.data.aws_iam_policy_document.assume_role",
            "module.lambda_function.data.aws_iam_policy_document.logs"
          ]
        }
      ]
    },
    {
      "module": "module.lambda_function",
      "mode": "managed",
      "type": "aws_iam_role_policy_attachment",
      "name": "tracing",
      "provider": "provider[\"registry.terraform.io/hashicorp/aws\"]",
      "instances": []
    },
    {
      "module": "module.lambda_function",
      "mode": "managed",
      "type": "aws_iam_role_policy_attachment",
      "name": "vpc",
      "provider": "provider[\"registry.terraform.io/hashicorp/aws\"]",
      "instances": []
    },
    {
      "module": "module.lambda_function",
      "mode": "managed",
      "type": "aws_lambda_event_source_mapping",
      "name": "this",
      "provider": "provider[\"registry.terraform.io/hashicorp/aws\"]",
      "instances": []
    },
    {
      "module": "module.lambda_function",
      "mode": "managed",
      "type": "aws_lambda_function",
      "name": "this",
      "provider": "provider[\"registry.terraform.io/hashicorp/aws\"]",
      "instances": [
        {
          "index_key": 0,
          "schema_version": 0,
          "attributes": {
            "architectures": [
              "x86_64"
            ],
            "arn": "arn:aws:lambda:us-east-1:139464377685:function:ingest-class-scores-lambda",
            "capacity_provider_config": [],
            "code_sha256": "db73634b6c5db569f79ff781e8804d21a17ee2f87caa2ae5de545603dd40b666",
            "code_signing_config_arn": "",
            "dead_letter_config": [],
            "description": "Ingest classifier scores from H5 files",
            "durable_config": [],
            "environment": [],
            "ephemeral_storage": [
              {
                "size": 512
              }
            ],
            "file_system_config": [],
            "filename": null,
            "function_name": "ingest-class-scores-lambda",
            "handler": "",
            "id": "ingest-class-scores-lambda",
            "image_config": [],
            "image_uri": "139464377685.dkr.ecr.us-east-1.amazonaws.com/ingest-class-scores-lambda:1.35",
            "invoke_arn": "arn:aws:apigateway:us-east-1:lambda:path/2015-03-31/functions/arn:aws:lambda:us-east-1:139464377685:function:ingest-class-scores-lambda/invocations",
            "kms_key_arn": "",
            "last_modified": "2025-10-14T15:35:54.835+0000",
            "layers": [],
            "logging_config": [
              {
                "application_log_level": "",
                "log_format": "Text",
                "log_group": "/aws/lambda/ingest-class-scores-lambda",
                "system_log_level": ""
              }
            ],
            "memory_size": 256,
            "package_type": "Image",
            "publish": true,
            "publish_to": null,
            "qualified_arn": "arn:aws:lambda:us-east-1:139464377685:function:ingest-class-scores-lambda:49",
            "qualified_invoke_arn": "arn:aws:apigateway:us-east-1:lambda:path/2015-03-31/functions/arn:aws:lambda:us-east-1:139464377685:function:ingest-class-scores-lambda:49/invocations",
            "region": "us-east-1",
            "replace_security_groups_on_destroy": null,
            "replacement_security_group_ids": null,
            "reserved_concurrent_executions": 10,
            "role": "arn:aws:iam::139464377685:role/ingest-class-scores-lambda",
            "runtime": "",
            "s3_bucket": null,
            "s3_key": null,
            "s3_object_version": null,
            "signing_job_arn": "",
            "signing_profile_version_arn": "",
            "skip_destroy": false,
            "snap_start": [],
            "source_code_hash": "db73634b6c5db569f79ff781e8804d21a17ee2f87caa2ae5de545603dd40b666",
            "source_code_size": 0,
            "source_kms_key_arn": "",
            "tags": {},
            "tags_all": {},
            "tenancy_config": [],
            "timeout": 300,
            "timeouts": null,
            "tracing_config": [
              {
                "mode": "PassThrough"
              }
            ],
            "version": "49",
            "vpc_config": []
          },
          "sensitive_attributes": [],
          "private": "eyJlMmJmYjczMC1lY2FhLTExZTYtOGY4OC0zNDM2M2JjN2M0YzAiOnsiY3JlYXRlIjo2MDAwMDAwMDAwMDAsImRlbGV0ZSI6NjAwMDAwMDAwMDAwLCJ1cGRhdGUiOjYwMDAwMDAwMDAwMH19",
          "dependencies": [
            "data.aws_ecr_authorization_token.token",
            "module.docker_image.aws_ecr_repository.this",
            "module.docker_image.data.aws_caller_identity.this",
            "module.docker_image.data.aws_region.current",
            "module.docker_image.docker_image.this",
            "module.docker_image.docker_registry_image.this",
            "module.dynamodb_table.aws_dynamodb_table.autoscaled",
            "module.dynamodb_table.aws_dynamodb_table.autoscaled_gsi_ignore",
            "module.dynamodb_table.aws_dynamodb_table.this",
            "module.lambda_function.aws_cloudwatch_log_group.lambda",
            "module.lambda_function.aws_iam_policy.additional_inline",
            "module.lambda_function.aws_iam_policy.additional_json",
            "module.lambda_function.aws_iam_policy.additional_jsons",
            "module.lambda_function.aws_iam_policy.async",
            "module.lambda_function.aws_iam_policy.dead_letter",
            "module.lambda_function.aws_iam_policy.logs",
            "module.lambda_function.aws_iam_policy.tracing",
            "module.lambda_function.aws_iam_policy.vpc",
            "module.lambda_function.aws_iam_role.lambda",
            "module.lambda_function.aws_iam_role_policy_attachment.additional_inline",
            "module.lambda_function.aws_iam_role_policy_attachment.additional_json",
            "module.lambda_function.aws_iam_role_policy_attachment.additional_jsons",
            "module.lambda_function.aws_iam_role_policy_attachment.additional_many",
            "module.lambda_function.aws_iam_role_policy_attachment.additional_one",
            "module.lambda_function.aws_iam_role_policy_attachment.async",
            "module.lambda_function.aws_iam_role_policy_attachment.dead_letter",
            "module.lambda_function.aws_iam_role_policy_attachment.logs",
            "module.lambda_function.aws_iam_role_policy_attachment.tracing",
            "module.lambda_function.aws_iam_role_policy_attachment.vpc",
            "module.lambda_function.aws_s3_object.lambda_package",
            "module.lambda_function.data.aws_arn.log_group_arn",
            "module.lambda_function.data.aws_cloudwatch_log_group.lambda",
            "module.lambda_function.data.aws_iam_policy.tracing",
            "module.lambda_function.data.aws_iam_policy.vpc",
            "module.lambda_function.data.aws_iam_policy_document.additional_inline",
            "module.lambda_function.data.aws_iam_policy_document.assume_role",
            "module.lambda_function.data.aws_iam_policy_document.async",
            "module.lambda_function.data.aws_iam_policy_document.dead_letter",
            "module.lambda_function.data.aws_iam_policy_document.logs",
            "module.lambda_function.data.aws_partition.current",
            "module.lambda_function.data.external.archive_prepare",
            "module.lambda_function.local_file.archive_plan",
            "module.lambda_function.null_resource.archive",
            "module.s3_bucket.aws_s3_bucket.this"
          ]
        }
      ]
    },
    {
      "module": "module.lambda_function",
      "mode": "managed",
      "type": "aws_lambda_function_event_invoke_config",
      "name": "this",
      "provider": "provider[\"registry.terraform.io/hashicorp/aws\"]",
      "instances": []
    },
    {
      "module": "module.lambda_function",
      "mode": "managed",
      "type": "aws_lambda_function_url",
      "name": "this",
      "provider": "provider[\"registry.terraform.io/hashicorp/aws\"]",
      "instances": []
    },
    {
      "module": "module.lambda_function",
      "mode": "managed",
      "type": "aws_lambda_layer_version",
      "name": "this",
      "provider": "provider[\"registry.terraform.io/hashicorp/aws\"]",
      "instances": []
    },
    {
      "module": "module.lambda_function",
      "mode": "managed",
      "type": "aws_lambda_permission",
      "name": "current_version_triggers",
      "provider": "provider[\"registry.terraform.io/hashicorp/aws\"]",
      "instances": [
        {
          "index_key": "AllowExecutionFromS3Bucket",
          "schema_version": 0,
          "attributes": {
            "action": "lambda:InvokeFunction",
            "event_source_token": null,
            "function_name": "ingest-class-scores-lambda",
            "function_url_auth_type": null,
            "id": "AllowExecutionFromS3Bucket",
            "principal": "s3.amazonaws.com",
            "principal_org_id": null,
            "qualifier": "49",
            "region": "us-east-1",
            "source_account": null,
            "source_arn": "arn:aws:s3:::habhub.data-pipeline-files",
            "statement_id": "AllowExecutionFromS3Bucket",
            "statement_id_prefix": ""
          },
          "sensitive_attributes": [],
          "private": "bnVsbA==",
          "dependencies": [
            "data.aws_ecr_authorization_token.token",
            "module.docker_image.aws_ecr_repository.this",
            "module.docker_image.data.aws_caller_identity.this",
            "module.docker_image.data.aws_region.current",
            "module.docker_image.docker_image.this",
            "module.docker_image.docker_registry_image.this",
            "module.dynamodb_table.aws_dynamodb_table.autoscaled",
            "module.dynamodb_table.aws_dynamodb_table.autoscaled_gsi_ignore",
            "module.dynamodb_table.aws_dynamodb_table.this",
            "module.lambda_function.aws_cloudwatch_log_group.lambda",
            "module.lambda_function.aws_iam_policy.additional_inline",
            "module.lambda_function.aws_iam_policy.additional_json",
            "module.lambda_function.aws_iam_policy.additional_jsons",
            "module.lambda_function.aws_iam_policy.async",
            "module.lambda_function.aws_iam_policy.dead_letter",
            "module.lambda_function.aws_iam_policy.logs",
            "module.lambda_function.aws_iam_policy.tracing",
            "module.lambda_function.aws_iam_policy.vpc",
            "module.lambda_function.aws_iam_role.lambda",
            "module.lambda_function.aws_iam_role_policy_attachment.additional_inline",
            "module.lambda_function.aws_iam_role_policy_attachment.additional_json",
            "module.lambda_function.aws_iam_role_policy_attachment.additional_jsons",
            "module.lambda_function.aws_iam_role_policy_attachment.additional_many",
            "module.lambda_function.aws_iam_role_policy_attachment.additional_one",
            "module.lambda_function.aws_iam_role_policy_attachment.async",
            "module.lambda_function.aws_iam_role_policy_attachment.dead_letter",
            "module.lambda_function.aws_iam_role_policy_attachment.logs",
            "module.lambda_function.aws_iam_role_policy_attachment.tracing",
            "module.lambda_function.aws_iam_role_policy_attachment.vpc",
            "module.lambda_function.aws_lambda_function.this",
            "module.lambda_function.aws_s3_object.lambda_package",
            "module.lambda_function.data.aws_arn.log_group_arn",
            "module.lambda_function.data.aws_cloudwatch_log_group.lambda",
            "module.lambda_function.data.aws_iam_policy.tracing",
            "module.lambda_function.data.aws_iam_policy.vpc",
            "module.lambda_function.data.aws_iam_policy_document.additional_inline",
            "module.lambda_function.data.aws_iam_policy_document.assume_role",
            "module.lambda_function.data.aws_iam_policy_document.async",
            "module.lambda_function.data.aws_iam_policy_document.dead_letter",
            "module.lambda_function.data.aws_iam_policy_document.logs",
            "module.lambda_function.data.aws_partition.current",
            "module.lambda_function.data.external.archive_prepare",
            "module.lambda_function.local_file.archive_plan",
            "module.lambda_function.null_resource.archive",
            "module.s3_bucket.aws_s3_bucket.this"
          ]
        }
      ]
    },
    {
      "module": "module.lambda_function",
      "mode": "managed",
      "type": "aws_lambda_permission",
      "name": "unqualified_alias_triggers",
      "provider": "provider[\"registry.terraform.io/hashicorp/aws\"]",
      "instances": [
        {
          "index_key": "AllowExecutionFromS3Bucket",
          "schema_version": 0,
          "attributes": {
            "action": "lambda:InvokeFunction",
            "event_source_token": null,
            "function_name": "ingest-class-scores-lambda",
            "function_url_auth_type": null,
            "id": "AllowExecutionFromS3Bucket",
            "principal": "s3.amazonaws.com",
            "principal_org_id": null,
            "qualifier": "",
            "region": "us-east-1",
            "source_account": null,
            "source_arn": "arn:aws:s3:::habhub.data-pipeline-files",
            "statement_id": "AllowExecutionFromS3Bucket",
            "statement_id_prefix": ""
          },
          "sensitive_attributes": [],
          "private": "bnVsbA==",
          "dependencies": [
            "data.aws_ecr_authorization_token.token",
            "module.docker_image.aws_ecr_repository.this",
            "module.docker_image.data.aws_caller_identity.this",
            "module.docker_image.data.aws_region.current",
            "module.docker_image.docker_image.this",
            "module.docker_image.docker_registry_image.this",
            "module.dynamodb_table.aws_dynamodb_table.autoscaled",
            "module.dynamodb_table.aws_dynamodb_table.autoscaled_gsi_ignore",
            "module.dynamodb_table.aws_dynamodb_table.this",
            "module.lambda_function.aws_cloudwatch_log_group.lambda",
            "module.lambda_function.aws_iam_policy.additional_inline",
            "module.lambda_function.aws_iam_policy.additional_json",
            "module.lambda_function.aws_iam_policy.additional_jsons",
            "module.lambda_function.aws_iam_policy.async",
            "module.lambda_function.aws_iam_policy.dead_letter",
            "module.lambda_function.aws_iam_policy.logs",
            "module.lambda_function.aws_iam_policy.tracing",
            "module.lambda_function.aws_iam_policy.vpc",
            "module.lambda_function.aws_iam_role.lambda",
            "module.lambda_function.aws_iam_role_policy_attachment.additional_inline",
            "module.lambda_function.aws_iam_role_policy_attachment.additional_json",
            "module.lambda_function.aws_iam_role_policy_attachment.additional_jsons",
            "module.lambda_function.aws_iam_role_policy_attachment.additional_many",
            "module.lambda_function.aws_iam_role_policy_attachment.additional_one",
            "module.lambda_function.aws_iam_role_policy_attachment.async",
            "module.lambda_function.aws_iam_role_policy_attachment.dead_letter",
            "module.lambda_function.aws_iam_role_policy_attachment.logs",
            "module.lambda_function.aws_iam_role_policy_attachment.tracing",
            "module.lambda_function.aws_iam_role_policy_attachment.vpc",
            "module.lambda_function.aws_lambda_function.this",
            "module.lambda_function.aws_s3_object.lambda_package",
            "module.lambda_function.data.aws_arn.log_group_arn",
            "module.lambda_function.data.aws_cloudwatch_log_group.lambda",
            "module.lambda_function.data.aws_iam_policy.tracing",
            "module.lambda_function.data.aws_iam_policy.vpc",
            "module.lambda_function.data.aws_iam_policy_document.additional_inline",
            "module.lambda_function.data.aws_iam_policy_document.assume_role",
            "module.lambda_function.data.aws_iam_policy_document.async",
            "module.lambda_function.data.aws_iam_policy_document.dead_letter",
            "module.lambda_function.data.aws_iam_policy_document.logs",
            "module.lambda_function.data.aws_partition.current",
            "module.lambda_function.data.external.archive_prepare",
            "module.lambda_function.local_file.archive_plan",
            "module.lambda_function.null_resource.archive",
            "module.s3_bucket.aws_s3_bucket.this"
          ]
        }
      ]
    },
    {
      "module": "module.lambda_function",
      "mode": "managed",
      "type": "aws_lambda_provisioned_concurrency_config",
      "name": "current_version",
      "provider": "provider[\"registry.terraform.io/hashicorp/aws\"]",
      "instances": []
    },
    {
      "module": "module.lambda_function",
      "mode": "managed",
      "type": "aws_s3_object",
      "name": "lambda_package",
      "provider": "provider[\"registry.terraform.io/hashicorp/aws\"]",
      "instances": []
    },
    {
      "module": "module.lambda_function",
      "mode": "managed",
      "type": "local_file",
      "name": "archive_plan",
      "provider": "provider[\"registry.terraform.io/hashicorp/local\"]",
      "instances": []
    },
    {
      "module": "module.lambda_function",
      "mode": "managed",
      "type": "null_resource",
      "name": "archive",
      "provider": "provider[\"registry.terraform.io/hashicorp/null\"]",
      "instances": []
    },
    {
      "module": "module.lambda_function",
      "mode": "managed",
      "type": "null_resource",
      "name": "sam_metadata_aws_lambda_function",
      "provider": "provider[\"registry.terraform.io/hashicorp/null\"]",
      "instances": []
    },
    {
      "module": "module.lambda_function",
      "mode": "managed",
      "type": "null_resource",
      "name": "sam_metadata_aws_lambda_layer_version",
      "provider": "provider[\"registry.terraform.io/hashicorp/null\"]",
      "instances": []
    },
    {
      "module": "module.lambda_function_h5",
      "mode": "data",
      "type": "aws_arn",
      "name": "log_group_arn",
      "provider": "provider[\"registry.terraform.io/hashicorp/aws\"]",
      "instances": []
    },
    {
      "module": "module.lambda_function_h5",
      "mode": "data",
      "type": "aws_caller_identity",
      "name": "current",
      "provider": "provider[\"registry.terraform.io/hashicorp/aws\"]",
      "instances": [
        {
          "schema_version": 0,
          "attributes": {
            "account_id": "139464377685",
            "arn": "arn:aws:iam::139464377685:user/eandrews_admin",
            "id": "139464377685",
            "user_id": "AIDASA6FZQVKWH3N5BRJV"
          },
          "sensitive_attributes": []
        }
      ]
    },
    {
      "module": "module.lambda_function_h5",
      "mode": "data",
      "type": "aws_cloudwatch_log_group",
      "name": "lambda",
      "provider": "provider[\"registry.terraform.io/hashicorp/aws\"]",
      "instances": []
    },
    {
      "module": "module.lambda_function_h5",
      "mode": "data",
      "type": "aws_iam_policy",
      "name": "tracing",
      "provider": "provider[\"registry.terraform.io/hashicorp/aws\"]",
      "instances": []
    },
    {
      "module": "module.lambda_function_h5",
      "mode": "data",
      "type": "aws_iam_policy",
      "name": "vpc",
      "provider": "provider[\"registry.terraform.io/hashicorp/aws\"]",
      "instances": []
    },
    {
      "module": "module.lambda_function_h5",
      "mode": "data",
      "type": "aws_iam_policy_document",
      "name": "additional_inline",
      "provider": "provider[\"registry.terraform.io/hashicorp/aws\"]",
      "instances": [
        {
          "index_key": 0,
          "schema_version": 0,
          "attributes": {
            "id": "4071478170",
            "json": "{\n  \"Version\": \"2012-10-17\",\n  \"Statement\": [\n    {\n      \"Sid\": \"DynamoItems\",\n      \"Effect\": \"Allow\",\n      \"Action\": [\n        \"dynamodb:UpdateItem\",\n        \"dynamodb:PutItem\",\n        \"dynamodb:GetItem\"\n      ],\n      \"Resource\": \"arn:aws:dynamodb:us-east-1:139464377685:table/habhub-bins-metadata\"\n    },\n    {\n      \"Sid\": \"GetS3Objects\",\n      \"Effect\": \"Allow\",\n      \"Action\": [\n        \"s3:GetObject\",\n        \"s3:DeleteObject\"\n      ],\n      \"Resource\": [\n        \"arn:aws:s3:::habhub.data-pipeline-files/*\",\n        \"arn:aws:s3:::habhub.data-pipeline-files\"\n      ]\n    },\n    {\n      \"Sid\": \"OpenSearch\",\n      \"Effect\": \"Allow\",\n      \"Action\": \"es:*\",\n      \"Resource\": \"arn:aws:es:us-east-1:139464377685:domain/habhub-production/*\"\n    },\n    {\n      \"Sid\": \"SQSfailure\",\n      \"Effect\": \"Allow\",\n      \"Action\": \"sqs:SendMessage\",\n      \"Resource\": \"arn:aws:sqs:us-east-1:139464377685:ingest-class-scores-failure\"\n    }\n  ]\n}",
            "minified_json": "{\"Version\":\"2012-10-17\",\"Statement\":[{\"Sid\":\"DynamoItems\",\"Effect\":\"Allow\",\"Action\":[\"dynamodb:UpdateItem\",\"dynamodb:PutItem\",\"dynamodb:GetItem\"],\"Resource\":\"arn:aws:dynamodb:us-east-1:139464377685:table/habhub-bins-metadata\"},{\"Sid\":\"GetS3Objects\",\"Effect\":\"Allow\",\"Action\":[\"s3:GetObject\",\"s3:DeleteObject\"],\"Resource\":[\"arn:aws:s3:::habhub.data-pipeline-files/*\",\"arn:aws:s3:::habhub.data-pipeline-files\"]},{\"Sid\":\"OpenSearch\",\"Effect\":\"Allow\",\"Action\":\"es:*\",\"Resource\":\"arn:aws:es:us-east-1:139464377685:domain/habhub-production/*\"},{\"Sid\":\"SQSfailure\",\"Effect\":\"Allow\",\"Action\":\"sqs:SendMessage\",\"Resource\":\"arn:aws:sqs:us-east-1:139464377685:ingest-class-scores-failure\"}]}",
            "override_json": null,
            "override_policy_documents": null,
            "policy_id": null,
            "source_json": null,
            "source_policy_documents": null,
            "statement": [
              {
                "actions": [
                  "dynamodb:GetItem",
                  "dynamodb:PutItem",
                  "dynamodb:UpdateItem"
                ],
                "condition": [],
                "effect": "Allow",
                "not_actions": [],
                "not_principals": [],
                "not_resources": [],
                "principals": [],
                "resources": [
                  "arn:aws:dynamodb:us-east-1:139464377685:table/habhub-bins-metadata"
                ],
                "sid": "DynamoItems"
              },
              {
                "actions": [
                  "s3:DeleteObject",
                  "s3:GetObject"
                ],
                "condition": [],
                "effect": "Allow",
                "not_actions": [],
                "not_principals": [],
                "not_resources": [],
                "principals": [],
                "resources": [
                  "arn:aws:s3:::habhub.data-pipeline-files",
                  "arn:aws:s3:::habhub.data-pipeline-files/*"
                ],
                "sid": "GetS3Objects"
              },
              {
                "actions": [
                  "es:*"
                ],
                "condition": [],
                "effect": "Allow",
                "not_actions": [],
                "not_principals": [],
                "not_resources": [],
                "principals": [],
                "resources": [
                  "arn:aws:es:us-east-1:139464377685:domain/habhub-production/*"
                ],
                "sid": "OpenSearch"
              },
              {
                "actions": [
                  "sqs:SendMessage"
                ],
                "condition": [],
                "effect": "Allow",
                "not_actions": [],
                "not_principals": [],
                "not_resources": [],
                "principals": [],
                "resources": [
                  "arn:aws:sqs:us-east-1:139464377685:ingest-class-scores-failure"
                ],
                "sid": "SQSfailure"
              }
            ],
            "version": "2012-10-17"
          },
          "sensitive_attributes": []
        }
      ]
    },
    {
      "module": "module.lambda_function_h5",
      "mode": "data",
      "type": "aws_iam_policy_document",
      "name": "assume_role",
      "provider": "provider[\"registry.terraform.io/hashicorp/aws\"]",
      "instances": [
        {
          "index_key": 0,
          "schema_version": 0,
          "attributes": {
            "id": "2690255455",
            "json": "{\n  \"Version\": \"2012-10-17\",\n  \"Statement\": [\n    {\n      \"Effect\": \"Allow\",\n      \"Action\": \"sts:AssumeRole\",\n      \"Principal\": {\n        \"Service\": \"lambda.amazonaws.com\"\n      }\n    }\n  ]\n}",
            "minified_json": "{\"Version\":\"2012-10-17\",\"Statement\":[{\"Effect\":\"Allow\",\"Action\":\"sts:AssumeRole\",\"Principal\":{\"Service\":\"lambda.amazonaws.com\"}}]}",
            "override_json": null,
            "override_policy_documents": null,
            "policy_id": null,
            "source_json": null,
            "source_policy_documents": null,
            "statement": [
              {
                "actions": [
                  "sts:AssumeRole"
                ],
                "condition": [],
                "effect": "Allow",
                "not_actions": [],
                "not_principals": [],
                "not_resources": [],
                "principals": [
                  {
                    "identifiers": [
                      "lambda.amazonaws.com"
                    ],
                    "type": "Service"
                  }
                ],
                "resources": [],
                "sid": ""
              }
            ],
            "version": "2012-10-17"
          },
          "sensitive_attributes": []
        }
      ]
    },
    {
      "module": "module.lambda_function_h5",
      "mode": "data",
      "type": "aws_iam_policy_document",
      "name": "async",
      "provider": "provider[\"registry.terraform.io/hashicorp/aws\"]",
      "instances": []
    },
    {
      "module": "module.lambda_function_h5",
      "mode": "data",
      "type": "aws_iam_policy_document",
      "name": "dead_letter",
      "provider": "provider[\"registry.terraform.io/hashicorp/aws\"]",
      "instances": []
    },
    {
      "module": "module.lambda_function_h5",
      "mode": "data",
      "type": "aws_iam_policy_document",
      "name": "logs",
      "provider": "provider[\"registry.terraform.io/hashicorp/aws\"]",
      "instances": [
        {
          "index_key": 0,
          "schema_version": 0,
          "attributes": {
            "id": "2240798507",
            "json": "{\n  \"Version\": \"2012-10-17\",\n  \"Statement\": [\n    {\n      \"Effect\": \"Allow\",\n      \"Action\": [\n        \"logs:PutLogEvents\",\n        \"logs:CreateLogStream\",\n        \"logs:CreateLogGroup\"\n      ],\n      \"Resource\": [\n        \"arn:aws:logs:us-east-1:139464377685:log-group:/aws/lambda/ingest-class-scores-sqs:*:*\",\n        \"arn:aws:logs:us-east-1:139464377685:log-group:/aws/lambda/ingest-class-scores-sqs:*\"\n      ]\n    }\n  ]\n}",
            "minified_json": "{\"Version\":\"2012-10-17\",\"Statement\":[{\"Effect\":\"Allow\",\"Action\":[\"logs:PutLogEvents\",\"logs:CreateLogStream\",\"logs:CreateLogGroup\"],\"Resource\":[\"arn:aws:logs:us-east-1:139464377685:log-group:/aws/lambda/ingest-class-scores-sqs:*:*\",\"arn:aws:logs:us-east-1:139464377685:log-group:/aws/lambda/ingest-class-scores-sqs:*\"]}]}",
            "override_json": null,
            "override_policy_documents": null,
            "policy_id": null,
            "source_json": null,
            "source_policy_documents": null,
            "statement": [
              {
                "actions": [
                  "logs:CreateLogGroup",
                  "logs:CreateLogStream",
                  "logs:PutLogEvents"
                ],
                "condition": [],
                "effect": "Allow",
                "not_actions": [],
                "not_principals": [],
                "not_resources": [],
                "principals": [],
                "resources": [
                  "arn:aws:logs:us-east-1:139464377685:log-group:/aws/lambda/ingest-class-scores-sqs:*",
                  "arn:aws:logs:us-east-1:139464377685:log-group:/aws/lambda/ingest-class-scores-sqs:*:*"
                ],
                "sid": ""
              }
            ],
            "version": "2012-10-17"
          },
          "sensitive_attributes": []
        }
      ]
    },
    {
      "module": "module.lambda_function_h5",
      "mode": "data",
      "type": "aws_partition",
      "name": "current",
      "provider": "provider[\"registry.terraform.io/hashicorp/aws\"]",
      "instances": [
        {
          "schema_version": 0,
          "attributes": {
            "dns_suffix": "amazonaws.com",
            "id": "aws",
            "partition": "aws",
            "reverse_dns_prefix": "com.amazonaws"
          },
          "sensitive_attributes": []
        }
      ]
    },
    {
      "module": "module.lambda_function_h5",
      "mode": "data",
      "type": "aws_region",
      "name": "current",
      "provider": "provider[\"registry.terraform.io/hashicorp/aws\"]",
      "instances": [
        {
          "schema_version": 0,
          "attributes": {
            "description": "US East (N. Virginia)",
            "endpoint": "ec2.us-east-1.amazonaws.com",
            "id": "us-east-1",
            "name": "us-east-1",
            "region": "us-east-1"
          },
          "sensitive_attributes": []
        }
      ]
    },
    {
      "module": "module.lambda_function_h5",
      "mode": "data",
      "type": "external",
      "name": "archive_prepare",
      "provider": "provider[\"registry.terraform.io/hashicorp/external\"]",
      "instances": []
    },
    {
      "module": "module.lambda_function_h5",
      "mode": "managed",
      "type": "aws_cloudwatch_log_group",
      "name": "lambda",
      "provider": "provider[\"registry.terraform.io/hashicorp/aws\"]",
      "instances": [
        {
          "index_key": 0,
          "schema_version": 0,
          "attributes": {
            "arn": "arn:aws:logs:us-east-1:139464377685:log-group:/aws/lambda/ingest-class-scores-sqs",
            "deletion_protection_enabled": false,
            "id": "/aws/lambda/ingest-class-scores-sqs",
            "kms_key_id": "",
            "log_group_class": "STANDARD",
            "name": "/aws/lambda/ingest-class-scores-sqs",
            "name_prefix": "",
            "region": "us-east-1",
            "retention_in_days": 7,
            "skip_destroy": false,
            "tags": null,
            "tags_all": {}
          },
          "sensitive_attributes": [],
          "private": "bnVsbA=="
        }
      ]
    },
    {
      "module": "module.lambda_function_h5",
      "mode": "managed",
      "type": "aws_iam_policy",
      "name": "additional_inline",
      "provider": "provider[\"registry.terraform.io/hashicorp/aws\"]",
      "instances": [
        {
          "index_key": 0,
          "schema_version": 0,
          "attributes": {
            "arn": "arn:aws:iam::139464377685:policy/ingest-class-scores-sqs-inline",
            "attachment_count": 0,
            "description": "",
            "id": "arn:aws:iam::139464377685:policy/ingest-class-scores-sqs-inline",
            "name": "ingest-class-scores-sqs-inline",
            "name_prefix": "",
            "path": "/",
            "policy": "{\"Statement\":[{\"Action\":[\"dynamodb:UpdateItem\",\"dynamodb:PutItem\",\"dynamodb:GetItem\"],\"Effect\":\"Allow\",\"Resource\":\"arn:aws:dynamodb:us-east-1:139464377685:table/habhub-bins-metadata\",\"Sid\":\"DynamoItems\"},{\"Action\":[\"s3:GetObject\",\"s3:DeleteObject\"],\"Effect\":\"Allow\",\"Resource\":[\"arn:aws:s3:::habhub.data-pipeline-files/*\",\"arn:aws:s3:::habhub.data-pipeline-files\"],\"Sid\":\"GetS3Objects\"},{\"Action\":\"es:*\",\"Effect\":\"Allow\",\"Resource\":\"arn:aws:es:us-east-1:139464377685:domain/habhub-production/*\",\"Sid\":\"OpenSearch\"},{\"Action\":\"sqs:SendMessage\",\"Effect\":\"Allow\",\"Resource\":\"arn:aws:sqs:us-east-1:139464377685:ingest-class-scores-failure\",\"Sid\":\"SQSfailure\"}],\"Version\":\"2012-10-17\"}",
            "policy_id": "ANPASA6FZQVKXWQCB5GGE",
            "tags": null,
            "tags_all": {}
          },
          "sensitive_attributes": [],
          "private": "bnVsbA==",
          "dependencies": [
            "aws_sqs_queue.failure",
            "module.dynamodb_table.aws_dynamodb_table.autoscaled",
            "module.dynamodb_table.aws_dynamodb_table.autoscaled_gsi_ignore",
            "module.dynamodb_table.aws_dynamodb_table.this",
            "module.lambda_function_h5.data.aws_iam_policy_document.additional_inline",
            "module.s3_bucket.aws_s3_bucket.this"
          ]
        }
      ]
    },
    {
      "module": "module.lambda_function_h5",
      "mode": "managed",
      "type": "aws_iam_policy",
      "name": "additional_json",
      "provider": "provider[\"registry.terraform.io/hashicorp/aws\"]",
      "instances": []
    },
    {
      "module": "module.lambda_function_h5",
      "mode": "managed",
      "type": "aws_iam_policy",
      "name": "additional_jsons",
      "provider": "provider[\"registry.terraform.io/hashicorp/aws\"]",
      "instances": []
    },
    {
      "module": "module.lambda_function_h5",
      "mode": "managed",
      "type": "aws_iam_policy",
      "name": "async",
      "provider": "provider[\"registry.terraform.io/hashicorp/aws\"]",
      "instances": []
    },
    {
      "module": "module.lambda_function_h5",
      "mode": "managed",
      "type": "aws_iam_policy",
      "name": "dead_letter",
      "provider": "provider[\"registry.terraform.io/hashicorp/aws\"]",
      "instances": []
    },
    {
      "module": "module.lambda_function_h5",
      "mode": "managed",
      "type": "aws_iam_policy",
      "name": "logs",
      "provider": "provider[\"registry.terraform.io/hashicorp/aws\"]",
      "instances": [
        {
          "index_key": 0,
          "schema_version": 0,
          "attributes": {
            "arn": "arn:aws:iam::139464377685:policy/ingest-class-scores-sqs-logs",
            "attachment_count": 0,
            "description": "",
            "id": "arn:aws:iam::139464377685:policy/ingest-class-scores-sqs-logs",
            "name": "ingest-class-scores-sqs-logs",
            "name_prefix": "",
            "path": "/",
            "policy": "{\"Statement\":[{\"Action\":[\"logs:PutLogEvents\",\"logs:CreateLogStream\",\"logs:CreateLogGroup\"],\"Effect\":\"Allow\",\"Resource\":[\"arn:aws:logs:us-east-1:139464377685:log-group:/aws/lambda/ingest-class-scores-sqs:*:*\",\"arn:aws:logs:us-east-1:139464377685:log-group:/aws/lambda/ingest-class-scores-sqs:*\"]}],\"Version\":\"2012-10-17\"}",
            "policy_id": "ANPASA6FZQVKTQSDL7EYM",
            "tags": null,
            "tags_all": {}
          },
          "sensitive_attributes": [],
          "private": "bnVsbA==",
          "dependencies": [
            "module.lambda_function_h5.aws_cloudwatch_log_group.lambda",
            "module.lambda_function_h5.data.aws_arn.log_group_arn",
            "module.lambda_function_h5.data.aws_cloudwatch_log_group.lambda",
            "module.lambda_function_h5.data.aws_iam_policy_document.logs"
          ]
        }
      ]
    },
    {
      "module": "module.lambda_function_h5",
      "mode": "managed",
      "type": "aws_iam_policy",
      "name": "tracing",
      "provider": "provider[\"registry.terraform.io/hashicorp/aws\"]",
      "instances": []
    },
    {
      "module": "module.lambda_function_h5",
      "mode": "managed",
      "type": "aws_iam_policy",
      "name": "vpc",
      "provider": "provider[\"registry.terraform.io/hashicorp/aws\"]",
      "instances": []
    },
    {
      "module": "module.lambda_function_h5",
      "mode": "managed",
      "type": "aws_iam_role",
      "name": "lambda",
      "provider": "provider[\"registry.terraform.io/hashicorp/aws\"]",
      "instances": [
        {
          "index_key": 0,
          "schema_version": 0,
          "attributes": {
            "arn": "arn:aws:iam::139464377685:role/ingest-class-scores-sqs",
            "assume_role_policy": "{\"Statement\":[{\"Action\":\"sts:AssumeRole\",\"Effect\":\"Allow\",\"Principal\":{\"Service\":\"lambda.amazonaws.com\"}}],\"Version\":\"2012-10-17\"}",
            "create_date": "2025-12-05T17:58:37Z",
            "description": "",
            "force_detach_policies": true,
            "id": "ingest-class-scores-sqs",
            "inline_policy": [],
            "managed_policy_arns": [],
            "max_session_duration": 3600,
            "name": "ingest-class-scores-sqs",
            "name_prefix": "",
            "path": "/",
            "permissions_boundary": "",
            "tags": null,
            "tags_all": {},
            "unique_id": "AROASA6FZQVK34QHWVMHQ"
          },
          "sensitive_attributes": [],
          "private": "bnVsbA==",
          "dependencies": [
            "module.lambda_function_h5.data.aws_iam_policy_document.assume_role"
          ]
        }
      ]
    },
    {
      "module": "module.lambda_function_h5",
      "mode": "managed",
      "type": "aws_iam_role_policy_attachment",
      "name": "additional_inline",
      "provider": "provider[\"registry.terraform.io/hashicorp/aws\"]",
      "instances": [
        {
          "index_key": 0,
          "schema_version": 0,
          "attributes": {
            "id": "ingest-class-scores-sqs/arn:aws:iam::139464377685:policy/ingest-class-scores-sqs-inline",
            "policy_arn": "arn:aws:iam::139464377685:policy/ingest-class-scores-sqs-inline",
            "role": "ingest-class-scores-sqs"
          },
          "sensitive_attributes": [],
          "private": "bnVsbA==",
          "dependencies": [
            "aws_sqs_queue.failure",
            "module.dynamodb_table.aws_dynamodb_table.autoscaled",
            "module.dynamodb_table.aws_dynamodb_table.autoscaled_gsi_ignore",
            "module.dynamodb_table.aws_dynamodb_table.this",
            "module.lambda_function_h5.aws_iam_policy.additional_inline",
            "module.lambda_function_h5.aws_iam_role.lambda",
            "module.lambda_function_h5.data.aws_iam_policy_document.additional_inline",
            "module.lambda_function_h5.data.aws_iam_policy_document.assume_role",
            "module.s3_bucket.aws_s3_bucket.this"
          ]
        }
      ]
    },
    {
      "module": "module.lambda_function_h5",
      "mode": "managed",
      "type": "aws_iam_role_policy_attachment",
      "name": "additional_json",
      "provider": "provider[\"registry.terraform.io/hashicorp/aws\"]",
      "instances": []
    },
    {
      "module": "module.lambda_function_h5",
      "mode": "managed",
      "type": "aws_iam_role_policy_attachment",
      "name": "additional_jsons",
      "provider": "provider[\"registry.terraform.io/hashicorp/aws\"]",
      "instances": []
    },
    {
      "module": "module.lambda_function_h5",
      "mode": "managed",
      "type": "aws_iam_role_policy_attachment",
      "name": "additional_many",
      "provider": "provider[\"registry.terraform.io/hashicorp/aws\"]",
      "instances": [
        {
          "index_key": 0,
          "schema_version": 0,
          "attributes": {
            "id": "ingest-class-scores-sqs/arn:aws:iam::aws:policy/service-role/AWSLambdaSQSQueueExecutionRole",
            "policy_arn": "arn:aws:iam::aws:policy/service-role/AWSLambdaSQSQueueExecutionRole",
            "role": "ingest-class-scores-sqs"
          },
          "sensitive_attributes": [],
          "private": "bnVsbA==",
          "dependencies": [
            "module.lambda_function_h5.aws_iam_role.lambda",
            "module.lambda_function_h5.data.aws_iam_policy_document.assume_role"
          ]
        }
      ]
    },
    {
      "module": "module.lambda_function_h5",
      "mode": "managed",
      "type": "aws_iam_role_policy_attachment",
      "name": "additional_one",
      "provider": "provider[\"registry.terraform.io/hashicorp/aws\"]",
      "instances": []
    },
    {
      "module": "module.lambda_function_h5",
      "mode": "managed",
      "type": "aws_iam_role_policy_attachment",
      "name": "async",
      "provider": "provider[\"registry.terraform.io/hashicorp/aws\"]",
      "instances": []
    },
    {
      "module": "module.lambda_function_h5",
      "mode": "managed",
      "type": "aws_iam_role_policy_attachment",
      "name": "dead_letter",
      "provider": "provider[\"registry.terraform.io/hashicorp/aws\"]",
      "instances": []
    },
    {
      "module": "module.lambda_function_h5",
      "mode": "managed",
      "type": "aws_iam_role_policy_attachment",
      "name": "logs",
      "provider": "provider[\"registry.terraform.io/hashicorp/aws\"]",
      "instances": [
        {
          "index_key": 0,
          "schema_version": 0,
          "attributes": {
            "id": "ingest-class-scores-sqs/arn:aws:iam::139464377685:policy/ingest-class-scores-sqs-logs",
            "policy_arn": "arn:aws:iam::139464377685:policy/ingest-class-scores-sqs-logs",
            "role": "ingest-class-scores-sqs"
          },
          "sensitive_attributes": [],
          "private": "bnVsbA==",
          "dependencies": [
            "module.lambda_function_h5.aws_cloudwatch_log_group.lambda",
            "module.lambda_function_h5.aws_iam_policy.logs",
            "module.lambda_function_h5.aws_iam_role.lambda",
            "module.lambda_function_h5.data.aws_arn.log_group_arn",
            "module.lambda_function_h5.data.aws_cloudwatch_log_group.lambda",
            "module.lambda_function_h5.data.aws_iam_policy_document.assume_role",
            "module.lambda_function_h5.data.aws_iam_policy_document.logs"
          ]
        }
      ]
    },
    {
      "module": "module.lambda_function_h5",
      "mode": "managed",
      "type": "aws_iam_role_policy_attachment",
      "name": "tracing",
      "provider": "provider[\"registry.terraform.io/hashicorp/aws\"]",
      "instances": []
    },
    {
      "module": "module.lambda_function_h5",
      "mode": "managed",
      "type": "aws_iam_role_policy_attachment",
      "name": "vpc",
      "provider": "provider[\"registry.terraform.io/hashicorp/aws\"]",
      "instances": []
    },
    {
      "module": "module.lambda_function_h5",
      "mode": "managed",
      "type": "aws_lambda_layer_version",
      "name": "this",
      "provider": "provider[\"registry.terraform.io/hashicorp/aws\"]",
      "instances": []
    },
    {
      "module": "module.lambda_function_h5",
      "mode": "managed",
      "type": "aws_s3_object",
      "name": "lambda_package",
      "provider": "provider[\"registry.terraform.io/hashicorp/aws\"]",
      "instances": []
    },
    {
      "module": "module.lambda_function_h5",
      "mode": "managed",
      "type": "local_file",
      "name": "archive_plan",
      "provider": "provider[\"registry.terraform.io/hashicorp/local\"]",
      "instances": []
    },
    {
      "module": "module.lambda_function_h5",
      "mode": "managed",
      "type": "null_resource",
      "name": "archive",
      "provider": "provider[\"registry.terraform.io/hashicorp/null\"]",
      "instances": []
    },
    {
      "module": "module.lambda_function_h5",
      "mode": "managed",
      "type": "null_resource",
      "name": "sam_metadata_aws_lambda_function",
      "provider": "provider[\"registry.terraform.io/hashicorp/null\"]",
      "instances": []
    },
    {
      "module": "module.lambda_function_h5",
      "mode": "managed",
      "type": "null_resource",
      "name": "sam_metadata_aws_lambda_layer_version",
      "provider": "provider[\"registry.terraform.io/hashicorp/null\"]",
      "instances": []
    },
    {
      "module": "module.lambda_function_metadata",
      "mode": "data",
      "type": "aws_arn",
      "name": "log_group_arn",
      "provider": "provider[\"registry.terraform.io/hashicorp/aws\"]",
      "instances": []
    },
    {
      "module": "module.lambda_function_metadata",
      "mode": "data",
      "type": "aws_caller_identity",
      "name": "current",
      "provider": "provider[\"registry.terraform.io/hashicorp/aws\"]",
      "instances": [
        {
          "schema_version": 0,
          "attributes": {
            "account_id": "139464377685",
            "arn": "arn:aws:iam::139464377685:user/eandrews_admin",
            "id": "139464377685",
            "user_id": "AIDASA6FZQVKWH3N5BRJV"
          },
          "sensitive_attributes": []
        }
      ]
    },
    {
      "module": "module.lambda_function_metadata",
      "mode": "data",
      "type": "aws_cloudwatch_log_group",
      "name": "lambda",
      "provider": "provider[\"registry.terraform.io/hashicorp/aws\"]",
      "instances": []
    },
    {
      "module": "module.lambda_function_metadata",
      "mode": "data",
      "type": "aws_iam_policy",
      "name": "tracing",
      "provider": "provider[\"registry.terraform.io/hashicorp/aws\"]",
      "instances": []
    },
    {
      "module": "module.lambda_function_metadata",
      "mode": "data",
      "type": "aws_iam_policy",
      "name": "vpc",
      "provider": "provider[\"registry.terraform.io/hashicorp/aws\"]",
      "instances": []
    },
    {
      "module": "module.lambda_function_metadata",
      "mode": "data",
      "type": "aws_iam_policy_document",
      "name": "additional_inline",
      "provider": "provider[\"registry.terraform.io/hashicorp/aws\"]",
      "instances": [
        {
          "index_key": 0,
          "schema_version": 0,
          "attributes": {
            "id": "2903458360",
            "json": "{\n  \"Version\": \"2012-10-17\",\n  \"Statement\": [\n    {\n      \"Sid\": \"DynamoItems\",\n      \"Effect\": \"Allow\",\n      \"Action\": [\n        \"dynamodb:UpdateItem\",\n        \"dynamodb:PutItem\",\n        \"dynamodb:GetItem\"\n      ],\n      \"Resource\": \"arn:aws:dynamodb:us-east-1:139464377685:table/habhub-bins-metadata\"\n    },\n    {\n      \"Sid\": \"GetS3Objects\",\n      \"Effect\": \"Allow\",\n      \"Action\": [\n        \"s3:GetObject\",\n        \"s3:DeleteObject\"\n      ],\n      \"Resource\": [\n        \"arn:aws:s3:::habhub.data-pipeline-files/*\",\n        \"arn:aws:s3:::habhub.data-pipeline-files\"\n      ]\n    }\n  ]\n}",
            "minified_json": "{\"Version\":\"2012-10-17\",\"Statement\":[{\"Sid\":\"DynamoItems\",\"Effect\":\"Allow\",\"Action\":[\"dynamodb:UpdateItem\",\"dynamodb:PutItem\",\"dynamodb:GetItem\"],\"Resource\":\"arn:aws:dynamodb:us-east-1:139464377685:table/habhub-bins-metadata\"},{\"Sid\":\"GetS3Objects\",\"Effect\":\"Allow\",\"Action\":[\"s3:GetObject\",\"s3:DeleteObject\"],\"Resource\":[\"arn:aws:s3:::habhub.data-pipeline-files/*\",\"arn:aws:s3:::habhub.data-pipeline-files\"]}]}",
            "override_json": null,
            "override_policy_documents": null,
            "policy_id": null,
            "source_json": null,
            "source_policy_documents": null,
            "statement": [
              {
                "actions": [
                  "dynamodb:GetItem",
                  "dynamodb:PutItem",
                  "dynamodb:UpdateItem"
                ],
                "condition": [],
                "effect": "Allow",
                "not_actions": [],
                "not_principals": [],
                "not_resources": [],
                "principals": [],
                "resources": [
                  "arn:aws:dynamodb:us-east-1:139464377685:table/habhub-bins-metadata"
                ],
                "sid": "DynamoItems"
              },
              {
                "actions": [
                  "s3:DeleteObject",
                  "s3:GetObject"
                ],
                "condition": [],
                "effect": "Allow",
                "not_actions": [],
                "not_principals": [],
                "not_resources": [],
                "principals": [],
                "resources": [
                  "arn:aws:s3:::habhub.data-pipeline-files",
                  "arn:aws:s3:::habhub.data-pipeline-files/*"
                ],
                "sid": "GetS3Objects"
              }
            ],
            "version": "2012-10-17"
          },
          "sensitive_attributes": []
        }
      ]
    },
    {
      "module": "module.lambda_function_metadata",
      "mode": "data",
      "type": "aws_iam_policy_document",
      "name": "assume_role",
      "provider": "provider[\"registry.terraform.io/hashicorp/aws\"]",
      "instances": [
        {
          "index_key": 0,
          "schema_version": 0,
          "attributes": {
            "id": "2690255455",
            "json": "{\n  \"Version\": \"2012-10-17\",\n  \"Statement\": [\n    {\n      \"Effect\": \"Allow\",\n      \"Action\": \"sts:AssumeRole\",\n      \"Principal\": {\n        \"Service\": \"lambda.amazonaws.com\"\n      }\n    }\n  ]\n}",
            "minified_json": "{\"Version\":\"2012-10-17\",\"Statement\":[{\"Effect\":\"Allow\",\"Action\":\"sts:AssumeRole\",\"Principal\":{\"Service\":\"lambda.amazonaws.com\"}}]}",
            "override_json": null,
            "override_policy_documents": null,
            "policy_id": null,
            "source_json": null,
            "source_policy_documents": null,
            "statement": [
              {
                "actions": [
                  "sts:AssumeRole"
                ],
                "condition": [],
                "effect": "Allow",
                "not_actions": [],
                "not_principals": [],
                "not_resources": [],
                "principals": [
                  {
                    "identifiers": [
                      "lambda.amazonaws.com"
                    ],
                    "type": "Service"
                  }
                ],
                "resources": [],
                "sid": ""
              }
            ],
            "version": "2012-10-17"
          },
          "sensitive_attributes": []
        }
      ]
    },
    {
      "module": "module.lambda_function_metadata",
      "mode": "data",
      "type": "aws_iam_policy_document",
      "name": "async",
      "provider": "provider[\"registry.terraform.io/hashicorp/aws\"]",
      "instances": []
    },
    {
      "module": "module.lambda_function_metadata",
      "mode": "data",
      "type": "aws_iam_policy_document",
      "name": "dead_letter",
      "provider": "provider[\"registry.terraform.io/hashicorp/aws\"]",
      "instances": []
    },
    {
      "module": "module.lambda_function_metadata",
      "mode": "data",
      "type": "aws_iam_policy_document",
      "name": "logs",
      "provider": "provider[\"registry.terraform.io/hashicorp/aws\"]",
      "instances": [
        {
          "index_key": 0,
          "schema_version": 0,
          "attributes": {
            "id": "2048784210",
            "json": "{\n  \"Version\": \"2012-10-17\",\n  \"Statement\": [\n    {\n      \"Effect\": \"Allow\",\n      \"Action\": [\n        \"logs:PutLogEvents\",\n        \"logs:CreateLogStream\",\n        \"logs:CreateLogGroup\"\n      ],\n      \"Resource\": [\n        \"arn:aws:logs:us-east-1:139464377685:log-group:/aws/lambda/ingest-metadata-adc-files-lambda:*:*\",\n        \"arn:aws:logs:us-east-1:139464377685:log-group:/aws/lambda/ingest-metadata-adc-files-lambda:*\"\n      ]\n    }\n  ]\n}",
            "minified_json": "{\"Version\":\"2012-10-17\",\"Statement\":[{\"Effect\":\"Allow\",\"Action\":[\"logs:PutLogEvents\",\"logs:CreateLogStream\",\"logs:CreateLogGroup\"],\"Resource\":[\"arn:aws:logs:us-east-1:139464377685:log-group:/aws/lambda/ingest-metadata-adc-files-lambda:*:*\",\"arn:aws:logs:us-east-1:139464377685:log-group:/aws/lambda/ingest-metadata-adc-files-lambda:*\"]}]}",
            "override_json": null,
            "override_policy_documents": null,
            "policy_id": null,
            "source_json": null,
            "source_policy_documents": null,
            "statement": [
              {
                "actions": [
                  "logs:CreateLogGroup",
                  "logs:CreateLogStream",
                  "logs:PutLogEvents"
                ],
                "condition": [],
                "effect": "Allow",
                "not_actions": [],
                "not_principals": [],
                "not_resources": [],
                "principals": [],
                "resources": [
                  "arn:aws:logs:us-east-1:139464377685:log-group:/aws/lambda/ingest-metadata-adc-files-lambda:*",
                  "arn:aws:logs:us-east-1:139464377685:log-group:/aws/lambda/ingest-metadata-adc-files-lambda:*:*"
                ],
                "sid": ""
              }
            ],
            "version": "2012-10-17"
          },
          "sensitive_attributes": []
        }
      ]
    },
    {
      "module": "module.lambda_function_metadata",
      "mode": "data",
      "type": "aws_partition",
      "name": "current",
      "provider": "provider[\"registry.terraform.io/hashicorp/aws\"]",
      "instances": [
        {
          "schema_version": 0,
          "attributes": {
            "dns_suffix": "amazonaws.com",
            "id": "aws",
            "partition": "aws",
            "reverse_dns_prefix": "com.amazonaws"
          },
          "sensitive_attributes": []
        }
      ]
    },
    {
      "module": "module.lambda_function_metadata",
      "mode": "data",
      "type": "aws_region",
      "name": "current",
      "provider": "provider[\"registry.terraform.io/hashicorp/aws\"]",
      "instances": [
        {
          "schema_version": 0,
          "attributes": {
            "description": "US East (N. Virginia)",
            "endpoint": "ec2.us-east-1.amazonaws.com",
            "id": "us-east-1",
            "name": "us-east-1",
            "region": "us-east-1"
          },
          "sensitive_attributes": []
        }
      ]
    },
    {
      "module": "module.lambda_function_metadata",
      "mode": "data",
      "type": "external",
      "name": "archive_prepare",
      "provider": "provider[\"registry.terraform.io/hashicorp/external\"]",
      "instances": []
    },
    {
      "module": "module.lambda_function_metadata",
      "mode": "managed",
      "type": "aws_cloudwatch_log_group",
      "name": "lambda",
      "provider": "provider[\"registry.terraform.io/hashicorp/aws\"]",
      "instances": [
        {
          "index_key": 0,
          "schema_version": 0,
          "attributes": {
            "arn": "arn:aws:logs:us-east-1:139464377685:log-group:/aws/lambda/ingest-metadata-adc-files-lambda",
            "deletion_protection_enabled": false,
            "id": "/aws/lambda/ingest-metadata-adc-files-lambda",
            "kms_key_id": "",
            "log_group_class": "STANDARD",
            "name": "/aws/lambda/ingest-metadata-adc-files-lambda",
            "name_prefix": "",
            "region": "us-east-1",
            "retention_in_days": 0,
            "skip_destroy": false,
            "tags": {},
            "tags_all": {}
          },
          "sensitive_attributes": [],
          "private": "bnVsbA=="
        }
      ]
    },
    {
      "module": "module.lambda_function_metadata",
      "mode": "managed",
      "type": "aws_iam_policy",
      "name": "additional_inline",
      "provider": "provider[\"registry.terraform.io/hashicorp/aws\"]",
      "instances": [
        {
          "index_key": 0,
          "schema_version": 0,
          "attributes": {
            "arn": "arn:aws:iam::139464377685:policy/ingest-metadata-adc-files-lambda-inline",
            "attachment_count": 1,
            "description": "",
            "id": "arn:aws:iam::139464377685:policy/ingest-metadata-adc-files-lambda-inline",
            "name": "ingest-metadata-adc-files-lambda-inline",
            "name_prefix": "",
            "path": "/",
            "policy": "{\"Statement\":[{\"Action\":[\"dynamodb:UpdateItem\",\"dynamodb:PutItem\",\"dynamodb:GetItem\"],\"Effect\":\"Allow\",\"Resource\":\"arn:aws:dynamodb:us-east-1:139464377685:table/habhub-bins-metadata\",\"Sid\":\"DynamoItems\"},{\"Action\":[\"s3:GetObject\",\"s3:DeleteObject\"],\"Effect\":\"Allow\",\"Resource\":[\"arn:aws:s3:::habhub.data-pipeline-files/*\",\"arn:aws:s3:::habhub.data-pipeline-files\"],\"Sid\":\"GetS3Objects\"}],\"Version\":\"2012-10-17\"}",
            "policy_id": "ANPASA6FZQVKVBEXSHZ7Q",
            "tags": {},
            "tags_all": {}
          },
          "sensitive_attributes": [],
          "private": "bnVsbA==",
          "dependencies": [
            "module.dynamodb_table.aws_dynamodb_table.autoscaled",
            "module.dynamodb_table.aws_dynamodb_table.autoscaled_gsi_ignore",
            "module.dynamodb_table.aws_dynamodb_table.this",
            "module.lambda_function_metadata.data.aws_iam_policy_document.additional_inline",
            "module.s3_bucket.aws_s3_bucket.this"
          ]
        }
      ]
    },
    {
      "module": "module.lambda_function_metadata",
      "mode": "managed",
      "type": "aws_iam_policy",
      "name": "additional_json",
      "provider": "provider[\"registry.terraform.io/hashicorp/aws\"]",
      "instances": []
    },
    {
      "module": "module.lambda_function_metadata",
      "mode": "managed",
      "type": "aws_iam_policy",
      "name": "additional_jsons",
      "provider": "provider[\"registry.terraform.io/hashicorp/aws\"]",
      "instances": []
    },
    {
      "module": "module.lambda_function_metadata",
      "mode": "managed",
      "type": "aws_iam_policy",
      "name": "async",
      "provider": "provider[\"registry.terraform.io/hashicorp/aws\"]",
      "instances": []
    },
    {
      "module": "module.lambda_function_metadata",
      "mode": "managed",
      "type": "aws_iam_policy",
      "name": "dead_letter",
      "provider": "provider[\"registry.terraform.io/hashicorp/aws\"]",
      "instances": []
    },
    {
      "module": "module.lambda_function_metadata",
      "mode": "managed",
      "type": "aws_iam_policy",
      "name": "logs",
      "provider": "provider[\"registry.terraform.io/hashicorp/aws\"]",
      "instances": [
        {
          "index_key": 0,
          "schema_version": 0,
          "attributes": {
            "arn": "arn:aws:iam::139464377685:policy/ingest-metadata-adc-files-lambda-logs",
            "attachment_count": 1,
            "description": "",
            "id": "arn:aws:iam::139464377685:policy/ingest-metadata-adc-files-lambda-logs",
            "name": "ingest-metadata-adc-files-lambda-logs",
            "name_prefix": "",
            "path": "/",
            "policy": "{\"Statement\":[{\"Action\":[\"logs:PutLogEvents\",\"logs:CreateLogStream\",\"logs:CreateLogGroup\"],\"Effect\":\"Allow\",\"Resource\":[\"arn:aws:logs:us-east-1:139464377685:log-group:/aws/lambda/ingest-metadata-adc-files-lambda:*:*\",\"arn:aws:logs:us-east-1:139464377685:log-group:/aws/lambda/ingest-metadata-adc-files-lambda:*\"]}],\"Version\":\"2012-10-17\"}",
            "policy_id": "ANPASA6FZQVKVGANCHMDB",
            "tags": {},
            "tags_all": {}
          },
          "sensitive_attributes": [],
          "private": "bnVsbA==",
          "dependencies": [
            "module.lambda_function_metadata.aws_cloudwatch_log_group.lambda",
            "module.lambda_function_metadata.data.aws_arn.log_group_arn",
            "module.lambda_function_metadata.data.aws_cloudwatch_log_group.lambda",
            "module.lambda_function_metadata.data.aws_iam_policy_document.logs"
          ]
        }
      ]
    },
    {
      "module": "module.lambda_function_metadata",
      "mode": "managed",
      "type": "aws_iam_policy",
      "name": "tracing",
      "provider": "provider[\"registry.terraform.io/hashicorp/aws\"]",
      "instances": []
    },
    {
      "module": "module.lambda_function_metadata",
      "mode": "managed",
      "type": "aws_iam_policy",
      "name": "vpc",
      "provider": "provider[\"registry.terraform.io/hashicorp/aws\"]",
      "instances": []
    },
    {
      "module": "module.lambda_function_metadata",
      "mode": "managed",
      "type": "aws_iam_role",
      "name": "lambda",
      "provider": "provider[\"registry.terraform.io/hashicorp/aws\"]",
      "instances": [
        {
          "index_key": 0,
          "schema_version": 0,
          "attributes": {
            "arn": "arn:aws:iam::139464377685:role/ingest-metadata-adc-files-lambda",
            "assume_role_policy": "{\"Statement\":[{\"Action\":\"sts:AssumeRole\",\"Effect\":\"Allow\",\"Principal\":{\"Service\":\"lambda.amazonaws.com\"}}],\"Version\":\"2012-10-17\"}",
            "create_date": "2024-06-13T17:49:37Z",
            "description": "",
            "force_detach_policies": true,
            "id": "ingest-metadata-adc-files-lambda",
            "inline_policy": [],
            "managed_policy_arns": [
              "arn:aws:iam::139464377685:policy/ingest-metadata-adc-files-lambda-inline",
              "arn:aws:iam::139464377685:policy/ingest-metadata-adc-files-lambda-logs"
            ],
            "max_session_duration": 3600,
            "name": "ingest-metadata-adc-files-lambda",
            "name_prefix": "",
            "path": "/",
            "permissions_boundary": "",
            "tags": {},
            "tags_all": {},
            "unique_id": "AROASA6FZQVKQ63DUKJLB"
          },
          "sensitive_attributes": [],
          "private": "bnVsbA==",
          "dependencies": [
            "module.lambda_function_metadata.data.aws_iam_policy_document.assume_role"
          ]
        }
      ]
    },
    {
      "module": "module.lambda_function_metadata",
      "mode": "managed",
      "type": "aws_iam_role_policy_attachment",
      "name": "additional_inline",
      "provider": "provider[\"registry.terraform.io/hashicorp/aws\"]",
      "instances": [
        {
          "index_key": 0,
          "schema_version": 0,
          "attributes": {
            "id": "ingest-metadata-adc-files-lambda-20240613174937876300000001",
            "policy_arn": "arn:aws:iam::139464377685:policy/ingest-metadata-adc-files-lambda-inline",
            "role": "ingest-metadata-adc-files-lambda"
          },
          "sensitive_attributes": [],
          "private": "bnVsbA==",
          "dependencies": [
            "module.dynamodb_table.aws_dynamodb_table.autoscaled",
            "module.dynamodb_table.aws_dynamodb_table.autoscaled_gsi_ignore",
            "module.dynamodb_table.aws_dynamodb_table.this",
            "module.lambda_function_metadata.aws_iam_policy.additional_inline",
            "module.lambda_function_metadata.aws_iam_role.lambda",
            "module.lambda_function_metadata.data.aws_iam_policy_document.additional_inline",
            "module.lambda_function_metadata.data.aws_iam_policy_document.assume_role",
            "module.s3_bucket.aws_s3_bucket.this"
          ]
        }
      ]
    },
    {
      "module": "module.lambda_function_metadata",
      "mode": "managed",
      "type": "aws_iam_role_policy_attachment",
      "name": "additional_json",
      "provider": "provider[\"registry.terraform.io/hashicorp/aws\"]",
      "instances": []
    },
    {
      "module": "module.lambda_function_metadata",
      "mode": "managed",
      "type": "aws_iam_role_policy_attachment",
      "name": "additional_jsons",
      "provider": "provider[\"registry.terraform.io/hashicorp/aws\"]",
      "instances": []
    },
    {
      "module": "module.lambda_function_metadata",
      "mode": "managed",
      "type": "aws_iam_role_policy_attachment",
      "name": "additional_many",
      "provider": "provider[\"registry.terraform.io/hashicorp/aws\"]",
      "instances": []
    },
    {
      "module": "module.lambda_function_metadata",
      "mode": "managed",
      "type": "aws_iam_role_policy_attachment",
      "name": "additional_one",
      "provider": "provider[\"registry.terraform.io/hashicorp/aws\"]",
      "instances": []
    },
    {
      "module": "module.lambda_function_metadata",
      "mode": "managed",
      "type": "aws_iam_role_policy_attachment",
      "name": "async",
      "provider": "provider[\"registry.terraform.io/hashicorp/aws\"]",
      "instances": []
    },
    {
      "module": "module.lambda_function_metadata",
      "mode": "managed",
      "type": "aws_iam_role_policy_attachment",
      "name": "dead_letter",
      "provider": "provider[\"registry.terraform.io/hashicorp/aws\"]",
      "instances": []
    },
    {
      "module": "module.lambda_function_metadata",
      "mode": "managed",
      "type": "aws_iam_role_policy_attachment",
      "name": "logs",
      "provider": "provider[\"registry.terraform.io/hashicorp/aws\"]",
      "instances": [
        {
          "index_key": 0,
          "schema_version": 0,
          "attributes": {
            "id": "ingest-metadata-adc-files-lambda-20240613174937887700000002",
            "policy_arn": "arn:aws:iam::139464377685:policy/ingest-metadata-adc-files-lambda-logs",
            "role": "ingest-metadata-adc-files-lambda"
          },
          "sensitive_attributes": [],
          "private": "bnVsbA==",
          "dependencies": [
            "module.lambda_function_metadata.aws_cloudwatch_log_group.lambda",
            "module.lambda_function_metadata.aws_iam_policy.logs",
            "module.lambda_function_metadata.aws_iam_role.lambda",
            "module.lambda_function_metadata.data.aws_arn.log_group_arn",
            "module.lambda_function_metadata.data.aws_cloudwatch_log_group.lambda",
            "module.lambda_function_metadata.data.aws_iam_policy_document.assume_role",
            "module.lambda_function_metadata.data.aws_iam_policy_document.logs"
          ]
        }
      ]
    },
    {
      "module": "module.lambda_function_metadata",
      "mode": "managed",
      "type": "aws_iam_role_policy_attachment",
      "name": "tracing",
      "provider": "provider[\"registry.terraform.io/hashicorp/aws\"]",
      "instances": []
    },
    {
      "module": "module.lambda_function_metadata",
      "mode": "managed",
      "type": "aws_iam_role_policy_attachment",
      "name": "vpc",
      "provider": "provider[\"registry.terraform.io/hashicorp/aws\"]",
      "instances": []
    },
    {
      "module": "module.lambda_function_metadata",
      "mode": "managed",
      "type": "aws_lambda_event_source_mapping",
      "name": "this",
      "provider": "provider[\"registry.terraform.io/hashicorp/aws\"]",
      "instances": []
    },
    {
      "module": "module.lambda_function_metadata",
      "mode": "managed",
      "type": "aws_lambda_function",
      "name": "this",
      "provider": "provider[\"registry.terraform.io/hashicorp/aws\"]",
      "instances": [
        {
          "index_key": 0,
          "schema_version": 0,
          "attributes": {
            "architectures": [
              "x86_64"
            ],
            "arn": "arn:aws:lambda:us-east-1:139464377685:function:ingest-metadata-adc-files-lambda",
            "capacity_provider_config": [],
            "code_sha256": "145add7ada7b7bd92a8074684d24e83cfd919e701322cd5e4ec2f862a6cdfeb7",
            "code_signing_config_arn": "",
            "dead_letter_config": [],
            "description": "Ingest ml_analyzed metadata from ADC files",
            "durable_config": [],
            "environment": [],
            "ephemeral_storage": [
              {
                "size": 512
              }
            ],
            "file_system_config": [],
            "filename": null,
            "function_name": "ingest-metadata-adc-files-lambda",
            "handler": "",
            "id": "ingest-metadata-adc-files-lambda",
            "image_config": [],
            "image_uri": "139464377685.dkr.ecr.us-east-1.amazonaws.com/ingest-metadata-adc-files-lambda:1.9",
            "invoke_arn": "arn:aws:apigateway:us-east-1:lambda:path/2015-03-31/functions/arn:aws:lambda:us-east-1:139464377685:function:ingest-metadata-adc-files-lambda/invocations",
            "kms_key_arn": "",
            "last_modified": "2024-06-18T15:59:43.000+0000",
            "layers": [],
            "logging_config": [
              {
                "application_log_level": "",
                "log_format": "Text",
                "log_group": "/aws/lambda/ingest-metadata-adc-files-lambda",
                "system_log_level": ""
              }
            ],
            "memory_size": 256,
            "package_type": "Image",
            "publish": true,
            "publish_to": null,
            "qualified_arn": "arn:aws:lambda:us-east-1:139464377685:function:ingest-metadata-adc-files-lambda:13",
            "qualified_invoke_arn": "arn:aws:apigateway:us-east-1:lambda:path/2015-03-31/functions/arn:aws:lambda:us-east-1:139464377685:function:ingest-metadata-adc-files-lambda:13/invocations",
            "region": "us-east-1",
            "replace_security_groups_on_destroy": null,
            "replacement_security_group_ids": null,
            "reserved_concurrent_executions": -1,
            "role": "arn:aws:iam::139464377685:role/ingest-metadata-adc-files-lambda",
            "runtime": "",
            "s3_bucket": null,
            "s3_key": null,
            "s3_object_version": null,
            "signing_job_arn": "",
            "signing_profile_version_arn": "",
            "skip_destroy": false,
            "snap_start": [],
            "source_code_hash": "145add7ada7b7bd92a8074684d24e83cfd919e701322cd5e4ec2f862a6cdfeb7",
            "source_code_size": 0,
            "source_kms_key_arn": "",
            "tags": {},
            "tags_all": {},
            "tenancy_config": [],
            "timeout": 300,
            "timeouts": null,
            "tracing_config": [
              {
                "mode": "PassThrough"
              }
            ],
            "version": "13",
            "vpc_config": []
          },
          "sensitive_attributes": [],
          "private": "eyJlMmJmYjczMC1lY2FhLTExZTYtOGY4OC0zNDM2M2JjN2M0YzAiOnsiY3JlYXRlIjo2MDAwMDAwMDAwMDAsImRlbGV0ZSI6NjAwMDAwMDAwMDAwLCJ1cGRhdGUiOjYwMDAwMDAwMDAwMH19",
          "dependencies": [
            "data.aws_ecr_authorization_token.token",
            "module.docker_image_metadata.aws_ecr_repository.this",
            "module.docker_image_metadata.data.aws_caller_identity.this",
            "module.docker_image_metadata.data.aws_region.current",
            "module.docker_image_metadata.docker_image.this",
            "module.docker_image_metadata.docker_registry_image.this",
            "module.dynamodb_table.aws_dynamodb_table.autoscaled",
            "module.dynamodb_table.aws_dynamodb_table.autoscaled_gsi_ignore",
            "module.dynamodb_table.aws_dynamodb_table.this",
            "module.lambda_function_metadata.aws_cloudwatch_log_group.lambda",
            "module.lambda_function_metadata.aws_iam_policy.additional_inline",
            "module.lambda_function_metadata.aws_iam_policy.additional_json",
            "module.lambda_function_metadata.aws_iam_policy.additional_jsons",
            "module.lambda_function_metadata.aws_iam_policy.async",
            "module.lambda_function_metadata.aws_iam_policy.dead_letter",
            "module.lambda_function_metadata.aws_iam_policy.logs",
            "module.lambda_function_metadata.aws_iam_policy.tracing",
            "module.lambda_function_metadata.aws_iam_policy.vpc",
            "module.lambda_function_metadata.aws_iam_role.lambda",
            "module.lambda_function_metadata.aws_iam_role_policy_attachment.additional_inline",
            "module.lambda_function_metadata.aws_iam_role_policy_attachment.additional_json",
            "module.lambda_function_metadata.aws_iam_role_policy_attachment.additional_jsons",
            "module.lambda_function_metadata.aws_iam_role_policy_attachment.additional_many",
            "module.lambda_function_metadata.aws_iam_role_policy_attachment.additional_one",
            "module.lambda_function_metadata.aws_iam_role_policy_attachment.async",
            "module.lambda_function_metadata.aws_iam_role_policy_attachment.dead_letter",
            "module.lambda_function_metadata.aws_iam_role_policy_attachment.logs",
            "module.lambda_function_metadata.aws_iam_role_policy_attachment.tracing",
            "module.lambda_function_metadata.aws_iam_role_policy_attachment.vpc",
            "module.lambda_function_metadata.aws_s3_object.lambda_package",
            "module.lambda_function_metadata.data.aws_arn.log_group_arn",
            "module.lambda_function_metadata.data.aws_cloudwatch_log_group.lambda",
            "module.lambda_function_metadata.data.aws_iam_policy.tracing",
            "module.lambda_function_metadata.data.aws_iam_policy.vpc",
            "module.lambda_function_metadata.data.aws_iam_policy_document.additional_inline",
            "module.lambda_function_metadata.data.aws_iam_policy_document.assume_role",
            "module.lambda_function_metadata.data.aws_iam_policy_document.async",
            "module.lambda_function_metadata.data.aws_iam_policy_document.dead_letter",
            "module.lambda_function_metadata.data.aws_iam_policy_document.logs",
            "module.lambda_function_metadata.data.aws_partition.current",
            "module.lambda_function_metadata.data.external.archive_prepare",
            "module.lambda_function_metadata.local_file.archive_plan",
            "module.lambda_function_metadata.null_resource.archive",
            "module.s3_bucket.aws_s3_bucket.this"
          ]
        }
      ]
    },
    {
      "module": "module.lambda_function_metadata",
      "mode": "managed",
      "type": "aws_lambda_function_event_invoke_config",
      "name": "this",
      "provider": "provider[\"registry.terraform.io/hashicorp/aws\"]",
      "instances": []
    },
    {
      "module": "module.lambda_function_metadata",
      "mode": "managed",
      "type": "aws_lambda_function_url",
      "name": "this",
      "provider": "provider[\"registry.terraform.io/hashicorp/aws\"]",
      "instances": []
    },
    {
      "module": "module.lambda_function_metadata",
      "mode": "managed",
      "type": "aws_lambda_layer_version",
      "name": "this",
      "provider": "provider[\"registry.terraform.io/hashicorp/aws\"]",
      "instances": []
    },
    {
      "module": "module.lambda_function_metadata",
      "mode": "managed",
      "type": "aws_lambda_permission",
      "name": "current_version_triggers",
      "provider": "provider[\"registry.terraform.io/hashicorp/aws\"]",
      "instances": [
        {
          "index_key": "AllowExecutionFromS3Bucket",
          "schema_version": 0,
          "attributes": {
            "action": "lambda:InvokeFunction",
            "event_source_token": null,
            "function_name": "ingest-metadata-adc-files-lambda",
            "function_url_auth_type": null,
            "id": "AllowExecutionFromS3Bucket",
            "principal": "s3.amazonaws.com",
            "principal_org_id": null,
            "qualifier": "13",
            "region": "us-east-1",
            "source_account": null,
            "source_arn": "arn:aws:s3:::habhub.data-pipeline-files",
            "statement_id": "AllowExecutionFromS3Bucket",
            "statement_id_prefix": ""
          },
          "sensitive_attributes": [],
          "private": "bnVsbA==",
          "dependencies": [
            "data.aws_ecr_authorization_token.token",
            "module.docker_image_metadata.aws_ecr_repository.this",
            "module.docker_image_metadata.data.aws_caller_identity.this",
            "module.docker_image_metadata.data.aws_region.current",
            "module.docker_image_metadata.docker_image.this",
            "module.docker_image_metadata.docker_registry_image.this",
            "module.dynamodb_table.aws_dynamodb_table.autoscaled",
            "module.dynamodb_table.aws_dynamodb_table.autoscaled_gsi_ignore",
            "module.dynamodb_table.aws_dynamodb_table.this",
            "module.lambda_function_metadata.aws_cloudwatch_log_group.lambda",
            "module.lambda_function_metadata.aws_iam_policy.additional_inline",
            "module.lambda_function_metadata.aws_iam_policy.additional_json",
            "module.lambda_function_metadata.aws_iam_policy.additional_jsons",
            "module.lambda_function_metadata.aws_iam_policy.async",
            "module.lambda_function_metadata.aws_iam_policy.dead_letter",
            "module.lambda_function_metadata.aws_iam_policy.logs",
            "module.lambda_function_metadata.aws_iam_policy.tracing",
            "module.lambda_function_metadata.aws_iam_policy.vpc",
            "module.lambda_function_metadata.aws_iam_role.lambda",
            "module.lambda_function_metadata.aws_iam_role_policy_attachment.additional_inline",
            "module.lambda_function_metadata.aws_iam_role_policy_attachment.additional_json",
            "module.lambda_function_metadata.aws_iam_role_policy_attachment.additional_jsons",
            "module.lambda_function_metadata.aws_iam_role_policy_attachment.additional_many",
            "module.lambda_function_metadata.aws_iam_role_policy_attachment.additional_one",
            "module.lambda_function_metadata.aws_iam_role_policy_attachment.async",
            "module.lambda_function_metadata.aws_iam_role_policy_attachment.dead_letter",
            "module.lambda_function_metadata.aws_iam_role_policy_attachment.logs",
            "module.lambda_function_metadata.aws_iam_role_policy_attachment.tracing",
            "module.lambda_function_metadata.aws_iam_role_policy_attachment.vpc",
            "module.lambda_function_metadata.aws_lambda_function.this",
            "module.lambda_function_metadata.aws_s3_object.lambda_package",
            "module.lambda_function_metadata.data.aws_arn.log_group_arn",
            "module.lambda_function_metadata.data.aws_cloudwatch_log_group.lambda",
            "module.lambda_function_metadata.data.aws_iam_policy.tracing",
            "module.lambda_function_metadata.data.aws_iam_policy.vpc",
            "module.lambda_function_metadata.data.aws_iam_policy_document.additional_inline",
            "module.lambda_function_metadata.data.aws_iam_policy_document.assume_role",
            "module.lambda_function_metadata.data.aws_iam_policy_document.async",
            "module.lambda_function_metadata.data.aws_iam_policy_document.dead_letter",
            "module.lambda_function_metadata.data.aws_iam_policy_document.logs",
            "module.lambda_function_metadata.data.aws_partition.current",
            "module.lambda_function_metadata.data.external.archive_prepare",
            "module.lambda_function_metadata.local_file.archive_plan",
            "module.lambda_function_metadata.null_resource.archive",
            "module.s3_bucket.aws_s3_bucket.this"
          ]
        }
      ]
    },
    {
      "module": "module.lambda_function_metadata",
      "mode": "managed",
      "type": "aws_lambda_permission",
      "name": "unqualified_alias_triggers",
      "provider": "provider[\"registry.terraform.io/hashicorp/aws\"]",
      "instances": [
        {
          "index_key": "AllowExecutionFromS3Bucket",
          "schema_version": 0,
          "attributes": {
            "action": "lambda:InvokeFunction",
            "event_source_token": null,
            "function_name": "ingest-metadata-adc-files-lambda",
            "function_url_auth_type": null,
            "id": "AllowExecutionFromS3Bucket",
            "principal": "s3.amazonaws.com",
            "principal_org_id": null,
            "qualifier": "",
            "region": "us-east-1",
            "source_account": null,
            "source_arn": "arn:aws:s3:::habhub.data-pipeline-files",
            "statement_id": "AllowExecutionFromS3Bucket",
            "statement_id_prefix": ""
          },
          "sensitive_attributes": [],
          "private": "bnVsbA==",
          "dependencies": [
            "data.aws_ecr_authorization_token.token",
            "module.docker_image_metadata.aws_ecr_repository.this",
            "module.docker_image_metadata.data.aws_caller_identity.this",
            "module.docker_image_metadata.data.aws_region.current",
            "module.docker_image_metadata.docker_image.this",
            "module.docker_image_metadata.docker_registry_image.this",
            "module.dynamodb_table.aws_dynamodb_table.autoscaled",
            "module.dynamodb_table.aws_dynamodb_table.autoscaled_gsi_ignore",
            "module.dynamodb_table.aws_dynamodb_table.this",
            "module.lambda_function_metadata.aws_cloudwatch_log_group.lambda",
            "module.lambda_function_metadata.aws_iam_policy.additional_inline",
            "module.lambda_function_metadata.aws_iam_policy.additional_json",
            "module.lambda_function_metadata.aws_iam_policy.additional_jsons",
            "module.lambda_function_metadata.aws_iam_policy.async",
            "module.lambda_function_metadata.aws_iam_policy.dead_letter",
            "module.lambda_function_metadata.aws_iam_policy.logs",
            "module.lambda_function_metadata.aws_iam_policy.tracing",
            "module.lambda_function_metadata.aws_iam_policy.vpc",
            "module.lambda_function_metadata.aws_iam_role.lambda",
            "module.lambda_function_metadata.aws_iam_role_policy_attachment.additional_inline",
            "module.lambda_function_metadata.aws_iam_role_policy_attachment.additional_json",
            "module.lambda_function_metadata.aws_iam_role_policy_attachment.additional_jsons",
            "module.lambda_function_metadata.aws_iam_role_policy_attachment.additional_many",
            "module.lambda_function_metadata.aws_iam_role_policy_attachment.additional_one",
            "module.lambda_function_metadata.aws_iam_role_policy_attachment.async",
            "module.lambda_function_metadata.aws_iam_role_policy_attachment.dead_letter",
            "module.lambda_function_metadata.aws_iam_role_policy_attachment.logs",
            "module.lambda_function_metadata.aws_iam_role_policy_attachment.tracing",
            "module.lambda_function_metadata.aws_iam_role_policy_attachment.vpc",
            "module.lambda_function_metadata.aws_lambda_function.this",
            "module.lambda_function_metadata.aws_s3_object.lambda_package",
            "module.lambda_function_metadata.data.aws_arn.log_group_arn",
            "module.lambda_function_metadata.data.aws_cloudwatch_log_group.lambda",
            "module.lambda_function_metadata.data.aws_iam_policy.tracing",
            "module.lambda_function_metadata.data.aws_iam_policy.vpc",
            "module.lambda_function_metadata.data.aws_iam_policy_document.additional_inline",
            "module.lambda_function_metadata.data.aws_iam_policy_document.assume_role",
            "module.lambda_function_metadata.data.aws_iam_policy_document.async",
            "module.lambda_function_metadata.data.aws_iam_policy_document.dead_letter",
            "module.lambda_function_metadata.data.aws_iam_policy_document.logs",
            "module.lambda_function_metadata.data.aws_partition.current",
            "module.lambda_function_metadata.data.external.archive_prepare",
            "module.lambda_function_metadata.local_file.archive_plan",
            "module.lambda_function_metadata.null_resource.archive",
            "module.s3_bucket.aws_s3_bucket.this"
          ]
        }
      ]
    },
    {
      "module": "module.lambda_function_metadata",
      "mode": "managed",
      "type": "aws_lambda_provisioned_concurrency_config",
      "name": "current_version",
      "provider": "provider[\"registry.terraform.io/hashicorp/aws\"]",
      "instances": []
    },
    {
      "module": "module.lambda_function_metadata",
      "mode": "managed",
      "type": "aws_s3_object",
      "name": "lambda_package",
      "provider": "provider[\"registry.terraform.io/hashicorp/aws\"]",
      "instances": []
    },
    {
      "module": "module.lambda_function_metadata",
      "mode": "managed",
      "type": "local_file",
      "name": "archive_plan",
      "provider": "provider[\"registry.terraform.io/hashicorp/local\"]",
      "instances": []
    },
    {
      "module": "module.lambda_function_metadata",
      "mode": "managed",
      "type": "null_resource",
      "name": "archive",
      "provider": "provider[\"registry.terraform.io/hashicorp/null\"]",
      "instances": []
    },
    {
      "module": "module.lambda_function_metadata",
      "mode": "managed",
      "type": "null_resource",
      "name": "sam_metadata_aws_lambda_function",
      "provider": "provider[\"registry.terraform.io/hashicorp/null\"]",
      "instances": []
    },
    {
      "module": "module.lambda_function_metadata",
      "mode": "managed",
      "type": "null_resource",
      "name": "sam_metadata_aws_lambda_layer_version",
      "provider": "provider[\"registry.terraform.io/hashicorp/null\"]",
      "instances": []
    },
    {
      "module": "module.lambda_function_metadata_2",
      "mode": "data",
      "type": "aws_arn",
      "name": "log_group_arn",
      "provider": "provider[\"registry.terraform.io/hashicorp/aws\"]",
      "instances": []
    },
    {
      "module": "module.lambda_function_metadata_2",
      "mode": "data",
      "type": "aws_caller_identity",
      "name": "current",
      "provider": "provider[\"registry.terraform.io/hashicorp/aws\"]",
      "instances": [
        {
          "schema_version": 0,
          "attributes": {
            "account_id": "139464377685",
            "arn": "arn:aws:iam::139464377685:user/eandrews_admin",
            "id": "139464377685",
            "user_id": "AIDASA6FZQVKWH3N5BRJV"
          },
          "sensitive_attributes": []
        }
      ]
    },
    {
      "module": "module.lambda_function_metadata_2",
      "mode": "data",
      "type": "aws_cloudwatch_log_group",
      "name": "lambda",
      "provider": "provider[\"registry.terraform.io/hashicorp/aws\"]",
      "instances": []
    },
    {
      "module": "module.lambda_function_metadata_2",
      "mode": "data",
      "type": "aws_iam_policy",
      "name": "tracing",
      "provider": "provider[\"registry.terraform.io/hashicorp/aws\"]",
      "instances": []
    },
    {
      "module": "module.lambda_function_metadata_2",
      "mode": "data",
      "type": "aws_iam_policy",
      "name": "vpc",
      "provider": "provider[\"registry.terraform.io/hashicorp/aws\"]",
      "instances": []
    },
    {
      "module": "module.lambda_function_metadata_2",
      "mode": "data",
      "type": "aws_iam_policy_document",
      "name": "additional_inline",
      "provider": "provider[\"registry.terraform.io/hashicorp/aws\"]",
      "instances": [
        {
          "index_key": 0,
          "schema_version": 0,
          "attributes": {
            "id": "2903458360",
            "json": "{\n  \"Version\": \"2012-10-17\",\n  \"Statement\": [\n    {\n      \"Sid\": \"DynamoItems\",\n      \"Effect\": \"Allow\",\n      \"Action\": [\n        \"dynamodb:UpdateItem\",\n        \"dynamodb:PutItem\",\n        \"dynamodb:GetItem\"\n      ],\n      \"Resource\": \"arn:aws:dynamodb:us-east-1:139464377685:table/habhub-bins-metadata\"\n    },\n    {\n      \"Sid\": \"GetS3Objects\",\n      \"Effect\": \"Allow\",\n      \"Action\": [\n        \"s3:GetObject\",\n        \"s3:DeleteObject\"\n      ],\n      \"Resource\": [\n        \"arn:aws:s3:::habhub.data-pipeline-files/*\",\n        \"arn:aws:s3:::habhub.data-pipeline-files\"\n      ]\n    }\n  ]\n}",
            "minified_json": "{\"Version\":\"2012-10-17\",\"Statement\":[{\"Sid\":\"DynamoItems\",\"Effect\":\"Allow\",\"Action\":[\"dynamodb:UpdateItem\",\"dynamodb:PutItem\",\"dynamodb:GetItem\"],\"Resource\":\"arn:aws:dynamodb:us-east-1:139464377685:table/habhub-bins-metadata\"},{\"Sid\":\"GetS3Objects\",\"Effect\":\"Allow\",\"Action\":[\"s3:GetObject\",\"s3:DeleteObject\"],\"Resource\":[\"arn:aws:s3:::habhub.data-pipeline-files/*\",\"arn:aws:s3:::habhub.data-pipeline-files\"]}]}",
            "override_json": null,
            "override_policy_documents": null,
            "policy_id": null,
            "source_json": null,
            "source_policy_documents": null,
            "statement": [
              {
                "actions": [
                  "dynamodb:GetItem",
                  "dynamodb:PutItem",
                  "dynamodb:UpdateItem"
                ],
                "condition": [],
                "effect": "Allow",
                "not_actions": [],
                "not_principals": [],
                "not_resources": [],
                "principals": [],
                "resources": [
                  "arn:aws:dynamodb:us-east-1:139464377685:table/habhub-bins-metadata"
                ],
                "sid": "DynamoItems"
              },
              {
                "actions": [
                  "s3:DeleteObject",
                  "s3:GetObject"
                ],
                "condition": [],
                "effect": "Allow",
                "not_actions": [],
                "not_principals": [],
                "not_resources": [],
                "principals": [],
                "resources": [
                  "arn:aws:s3:::habhub.data-pipeline-files",
                  "arn:aws:s3:::habhub.data-pipeline-files/*"
                ],
                "sid": "GetS3Objects"
              }
            ],
            "version": "2012-10-17"
          },
          "sensitive_attributes": []
        }
      ]
    },
    {
      "module": "module.lambda_function_metadata_2",
      "mode": "data",
      "type": "aws_iam_policy_document",
      "name": "assume_role",
      "provider": "provider[\"registry.terraform.io/hashicorp/aws\"]",
      "instances": [
        {
          "index_key": 0,
          "schema_version": 0,
          "attributes": {
            "id": "2690255455",
            "json": "{\n  \"Version\": \"2012-10-17\",\n  \"Statement\": [\n    {\n      \"Effect\": \"Allow\",\n      \"Action\": \"sts:AssumeRole\",\n      \"Principal\": {\n        \"Service\": \"lambda.amazonaws.com\"\n      }\n    }\n  ]\n}",
            "minified_json": "{\"Version\":\"2012-10-17\",\"Statement\":[{\"Effect\":\"Allow\",\"Action\":\"sts:AssumeRole\",\"Principal\":{\"Service\":\"lambda.amazonaws.com\"}}]}",
            "override_json": null,
            "override_policy_documents": null,
            "policy_id": null,
            "source_json": null,
            "source_policy_documents": null,
            "statement": [
              {
                "actions": [
                  "sts:AssumeRole"
                ],
                "condition": [],
                "effect": "Allow",
                "not_actions": [],
                "not_principals": [],
                "not_resources": [],
                "principals": [
                  {
                    "identifiers": [
                      "lambda.amazonaws.com"
                    ],
                    "type": "Service"
                  }
                ],
                "resources": [],
                "sid": ""
              }
            ],
            "version": "2012-10-17"
          },
          "sensitive_attributes": []
        }
      ]
    },
    {
      "module": "module.lambda_function_metadata_2",
      "mode": "data",
      "type": "aws_iam_policy_document",
      "name": "async",
      "provider": "provider[\"registry.terraform.io/hashicorp/aws\"]",
      "instances": []
    },
    {
      "module": "module.lambda_function_metadata_2",
      "mode": "data",
      "type": "aws_iam_policy_document",
      "name": "dead_letter",
      "provider": "provider[\"registry.terraform.io/hashicorp/aws\"]",
      "instances": []
    },
    {
      "module": "module.lambda_function_metadata_2",
      "mode": "data",
      "type": "aws_iam_policy_document",
      "name": "logs",
      "provider": "provider[\"registry.terraform.io/hashicorp/aws\"]",
      "instances": [
        {
          "index_key": 0,
          "schema_version": 0,
          "attributes": {
            "id": "57234577",
            "json": "{\n  \"Version\": \"2012-10-17\",\n  \"Statement\": [\n    {\n      \"Effect\": \"Allow\",\n      \"Action\": [\n        \"logs:PutLogEvents\",\n        \"logs:CreateLogStream\",\n        \"logs:CreateLogGroup\"\n      ],\n      \"Resource\": [\n        \"arn:aws:logs:us-east-1:139464377685:log-group:/aws/lambda/ingest-metadata-hdr-files-lambda:*:*\",\n        \"arn:aws:logs:us-east-1:139464377685:log-group:/aws/lambda/ingest-metadata-hdr-files-lambda:*\"\n      ]\n    }\n  ]\n}",
            "minified_json": "{\"Version\":\"2012-10-17\",\"Statement\":[{\"Effect\":\"Allow\",\"Action\":[\"logs:PutLogEvents\",\"logs:CreateLogStream\",\"logs:CreateLogGroup\"],\"Resource\":[\"arn:aws:logs:us-east-1:139464377685:log-group:/aws/lambda/ingest-metadata-hdr-files-lambda:*:*\",\"arn:aws:logs:us-east-1:139464377685:log-group:/aws/lambda/ingest-metadata-hdr-files-lambda:*\"]}]}",
            "override_json": null,
            "override_policy_documents": null,
            "policy_id": null,
            "source_json": null,
            "source_policy_documents": null,
            "statement": [
              {
                "actions": [
                  "logs:CreateLogGroup",
                  "logs:CreateLogStream",
                  "logs:PutLogEvents"
                ],
                "condition": [],
                "effect": "Allow",
                "not_actions": [],
                "not_principals": [],
                "not_resources": [],
                "principals": [],
                "resources": [
                  "arn:aws:logs:us-east-1:139464377685:log-group:/aws/lambda/ingest-metadata-hdr-files-lambda:*",
                  "arn:aws:logs:us-east-1:139464377685:log-group:/aws/lambda/ingest-metadata-hdr-files-lambda:*:*"
                ],
                "sid": ""
              }
            ],
            "version": "2012-10-17"
          },
          "sensitive_attributes": []
        }
      ]
    },
    {
      "module": "module.lambda_function_metadata_2",
      "mode": "data",
      "type": "aws_partition",
      "name": "current",
      "provider": "provider[\"registry.terraform.io/hashicorp/aws\"]",
      "instances": [
        {
          "schema_version": 0,
          "attributes": {
            "dns_suffix": "amazonaws.com",
            "id": "aws",
            "partition": "aws",
            "reverse_dns_prefix": "com.amazonaws"
          },
          "sensitive_attributes": []
        }
      ]
    },
    {
      "module": "module.lambda_function_metadata_2",
      "mode": "data",
      "type": "aws_region",
      "name": "current",
      "provider": "provider[\"registry.terraform.io/hashicorp/aws\"]",
      "instances": [
        {
          "schema_version": 0,
          "attributes": {
            "description": "US East (N. Virginia)",
            "endpoint": "ec2.us-east-1.amazonaws.com",
            "id": "us-east-1",
            "name": "us-east-1",
            "region": "us-east-1"
          },
          "sensitive_attributes": []
        }
      ]
    },
    {
      "module": "module.lambda_function_metadata_2",
      "mode": "data",
      "type": "external",
      "name": "archive_prepare",
      "provider": "provider[\"registry.terraform.io/hashicorp/external\"]",
      "instances": [
        {
          "index_key": 0,
          "schema_version": 0,
          "attributes": {
            "id": "-",
            "program": [
              "python3",
              ".terraform/modules/lambda_function_metadata_2/package.py",
              "prepare"
            ],
            "query": {
              "artifacts_dir": "builds",
              "docker": null,
              "hash_extra": "",
              "hash_extra_paths": "[]",
              "paths": "{\"cwd\":\"/Users/ethanandrews/Projects/habhub/whoi-hab-hub/aws-pipeline/terraform\",\"module\":\".terraform/modules/lambda_function_metadata_2\",\"root\":\".\"}",
              "recreate_missing_package": "true",
              "runtime": "python3.12",
              "source_path": "\"../lambdas/ingest-metadata-hdr-files\""
            },
            "result": {
              "build_plan": "{\"filename\": \"builds/adad2a0d5a6c5a7e5ac538aa4ba6587e3d44b880a27782434d14f5eb5127d682.zip\", \"runtime\": \"python3.12\", \"artifacts_dir\": \"builds\", \"build_plan\": [[\"zip\", \"../lambdas/ingest-metadata-hdr-files\", null]]}",
              "build_plan_filename": "builds/adad2a0d5a6c5a7e5ac538aa4ba6587e3d44b880a27782434d14f5eb5127d682.plan.json",
              "filename": "builds/adad2a0d5a6c5a7e5ac538aa4ba6587e3d44b880a27782434d14f5eb5127d682.zip",
              "timestamp": "1718730946246547000",
              "was_missing": "false"
            },
            "working_dir": null
          },
          "sensitive_attributes": []
        }
      ]
    },
    {
      "module": "module.lambda_function_metadata_2",
      "mode": "managed",
      "type": "aws_cloudwatch_log_group",
      "name": "lambda",
      "provider": "provider[\"registry.terraform.io/hashicorp/aws\"]",
      "instances": [
        {
          "index_key": 0,
          "schema_version": 0,
          "attributes": {
            "arn": "arn:aws:logs:us-east-1:139464377685:log-group:/aws/lambda/ingest-metadata-hdr-files-lambda",
            "deletion_protection_enabled": false,
            "id": "/aws/lambda/ingest-metadata-hdr-files-lambda",
            "kms_key_id": "",
            "log_group_class": "STANDARD",
            "name": "/aws/lambda/ingest-metadata-hdr-files-lambda",
            "name_prefix": "",
            "region": "us-east-1",
            "retention_in_days": 0,
            "skip_destroy": false,
            "tags": {},
            "tags_all": {}
          },
          "sensitive_attributes": [],
          "private": "bnVsbA=="
        }
      ]
    },
    {
      "module": "module.lambda_function_metadata_2",
      "mode": "managed",
      "type": "aws_iam_policy",
      "name": "additional_inline",
      "provider": "provider[\"registry.terraform.io/hashicorp/aws\"]",
      "instances": [
        {
          "index_key": 0,
          "schema_version": 0,
          "attributes": {
            "arn": "arn:aws:iam::139464377685:policy/ingest-metadata-hdr-files-lambda-inline",
            "attachment_count": 1,
            "description": "",
            "id": "arn:aws:iam::139464377685:policy/ingest-metadata-hdr-files-lambda-inline",
            "name": "ingest-metadata-hdr-files-lambda-inline",
            "name_prefix": "",
            "path": "/",
            "policy": "{\"Statement\":[{\"Action\":[\"dynamodb:UpdateItem\",\"dynamodb:PutItem\",\"dynamodb:GetItem\"],\"Effect\":\"Allow\",\"Resource\":\"arn:aws:dynamodb:us-east-1:139464377685:table/habhub-bins-metadata\",\"Sid\":\"DynamoItems\"},{\"Action\":[\"s3:GetObject\",\"s3:DeleteObject\"],\"Effect\":\"Allow\",\"Resource\":[\"arn:aws:s3:::habhub.data-pipeline-files/*\",\"arn:aws:s3:::habhub.data-pipeline-files\"],\"Sid\":\"GetS3Objects\"}],\"Version\":\"2012-10-17\"}",
            "policy_id": "ANPASA6FZQVK2VLELSOIF",
            "tags": {},
            "tags_all": {}
          },
          "sensitive_attributes": [],
          "private": "bnVsbA==",
          "dependencies": [
            "module.dynamodb_table.aws_dynamodb_table.autoscaled",
            "module.dynamodb_table.aws_dynamodb_table.autoscaled_gsi_ignore",
            "module.dynamodb_table.aws_dynamodb_table.this",
            "module.lambda_function_metadata_2.data.aws_iam_policy_document.additional_inline",
            "module.s3_bucket.aws_s3_bucket.this"
          ]
        }
      ]
    },
    {
      "module": "module.lambda_function_metadata_2",
      "mode": "managed",
      "type": "aws_iam_policy",
      "name": "additional_json",
      "provider": "provider[\"registry.terraform.io/hashicorp/aws\"]",
      "instances": []
    },
    {
      "module": "module.lambda_function_metadata_2",
      "mode": "managed",
      "type": "aws_iam_policy",
      "name": "additional_jsons",
      "provider": "provider[\"registry.terraform.io/hashicorp/aws\"]",
      "instances": []
    },
    {
      "module": "module.lambda_function_metadata_2",
      "mode": "managed",
      "type": "aws_iam_policy",
      "name": "async",
      "provider": "provider[\"registry.terraform.io/hashicorp/aws\"]",
      "instances": []
    },
    {
      "module": "module.lambda_function_metadata_2",
      "mode": "managed",
      "type": "aws_iam_policy",
      "name": "dead_letter",
      "provider": "provider[\"registry.terraform.io/hashicorp/aws\"]",
      "instances": []
    },
    {
      "module": "module.lambda_function_metadata_2",
      "mode": "managed",
      "type": "aws_iam_policy",
      "name": "logs",
      "provider": "provider[\"registry.terraform.io/hashicorp/aws\"]",
      "instances": [
        {
          "index_key": 0,
          "schema_version": 0,
          "attributes": {
            "arn": "arn:aws:iam::139464377685:policy/ingest-metadata-hdr-files-lambda-logs",
            "attachment_count": 1,
            "description": "",
            "id": "arn:aws:iam::139464377685:policy/ingest-metadata-hdr-files-lambda-logs",
            "name": "ingest-metadata-hdr-files-lambda-logs",
            "name_prefix": "",
            "path": "/",
            "policy": "{\"Statement\":[{\"Action\":[\"logs:PutLogEvents\",\"logs:CreateLogStream\",\"logs:CreateLogGroup\"],\"Effect\":\"Allow\",\"Resource\":[\"arn:aws:logs:us-east-1:139464377685:log-group:/aws/lambda/ingest-metadata-hdr-files-lambda:*:*\",\"arn:aws:logs:us-east-1:139464377685:log-group:/aws/lambda/ingest-metadata-hdr-files-lambda:*\"]}],\"Version\":\"2012-10-17\"}",
            "policy_id": "ANPASA6FZQVK7E5NNUZ5K",
            "tags": {},
            "tags_all": {}
          },
          "sensitive_attributes": [],
          "private": "bnVsbA==",
          "dependencies": [
            "module.lambda_function_metadata_2.aws_cloudwatch_log_group.lambda",
            "module.lambda_function_metadata_2.data.aws_arn.log_group_arn",
            "module.lambda_function_metadata_2.data.aws_cloudwatch_log_group.lambda",
            "module.lambda_function_metadata_2.data.aws_iam_policy_document.logs"
          ]
        }
      ]
    },
    {
      "module": "module.lambda_function_metadata_2",
      "mode": "managed",
      "type": "aws_iam_policy",
      "name": "tracing",
      "provider": "provider[\"registry.terraform.io/hashicorp/aws\"]",
      "instances": []
    },
    {
      "module": "module.lambda_function_metadata_2",
      "mode": "managed",
      "type": "aws_iam_policy",
      "name": "vpc",
      "provider": "provider[\"registry.terraform.io/hashicorp/aws\"]",
      "instances": []
    },
    {
      "module": "module.lambda_function_metadata_2",
      "mode": "managed",
      "type": "aws_iam_role",
      "name": "lambda",
      "provider": "provider[\"registry.terraform.io/hashicorp/aws\"]",
      "instances": [
        {
          "index_key": 0,
          "schema_version": 0,
          "attributes": {
            "arn": "arn:aws:iam::139464377685:role/ingest-metadata-hdr-files-lambda",
            "assume_role_policy": "{\"Statement\":[{\"Action\":\"sts:AssumeRole\",\"Effect\":\"Allow\",\"Principal\":{\"Service\":\"lambda.amazonaws.com\"}}],\"Version\":\"2012-10-17\"}",
            "create_date": "2024-06-18T15:57:29Z",
            "description": "",
            "force_detach_policies": true,
            "id": "ingest-metadata-hdr-files-lambda",
            "inline_policy": [],
            "managed_policy_arns": [
              "arn:aws:iam::139464377685:policy/ingest-metadata-hdr-files-lambda-inline",
              "arn:aws:iam::139464377685:policy/ingest-metadata-hdr-files-lambda-logs"
            ],
            "max_session_duration": 3600,
            "name": "ingest-metadata-hdr-files-lambda",
            "name_prefix": "",
            "path": "/",
            "permissions_boundary": "",
            "tags": {},
            "tags_all": {},
            "unique_id": "AROASA6FZQVKVPYMG72NM"
          },
          "sensitive_attributes": [],
          "private": "bnVsbA==",
          "dependencies": [
            "module.lambda_function_metadata_2.data.aws_iam_policy_document.assume_role"
          ]
        }
      ]
    },
    {
      "module": "module.lambda_function_metadata_2",
      "mode": "managed",
      "type": "aws_iam_role_policy_attachment",
      "name": "additional_inline",
      "provider": "provider[\"registry.terraform.io/hashicorp/aws\"]",
      "instances": [
        {
          "index_key": 0,
          "schema_version": 0,
          "attributes": {
            "id": "ingest-metadata-hdr-files-lambda-20240618155729820400000001",
            "policy_arn": "arn:aws:iam::139464377685:policy/ingest-metadata-hdr-files-lambda-inline",
            "role": "ingest-metadata-hdr-files-lambda"
          },
          "sensitive_attributes": [],
          "private": "bnVsbA==",
          "dependencies": [
            "module.dynamodb_table.aws_dynamodb_table.autoscaled",
            "module.dynamodb_table.aws_dynamodb_table.autoscaled_gsi_ignore",
            "module.dynamodb_table.aws_dynamodb_table.this",
            "module.lambda_function_metadata_2.aws_iam_policy.additional_inline",
            "module.lambda_function_metadata_2.aws_iam_role.lambda",
            "module.lambda_function_metadata_2.data.aws_iam_policy_document.additional_inline",
            "module.lambda_function_metadata_2.data.aws_iam_policy_document.assume_role",
            "module.s3_bucket.aws_s3_bucket.this"
          ]
        }
      ]
    },
    {
      "module": "module.lambda_function_metadata_2",
      "mode": "managed",
      "type": "aws_iam_role_policy_attachment",
      "name": "additional_json",
      "provider": "provider[\"registry.terraform.io/hashicorp/aws\"]",
      "instances": []
    },
    {
      "module": "module.lambda_function_metadata_2",
      "mode": "managed",
      "type": "aws_iam_role_policy_attachment",
      "name": "additional_jsons",
      "provider": "provider[\"registry.terraform.io/hashicorp/aws\"]",
      "instances": []
    },
    {
      "module": "module.lambda_function_metadata_2",
      "mode": "managed",
      "type": "aws_iam_role_policy_attachment",
      "name": "additional_many",
      "provider": "provider[\"registry.terraform.io/hashicorp/aws\"]",
      "instances": []
    },
    {
      "module": "module.lambda_function_metadata_2",
      "mode": "managed",
      "type": "aws_iam_role_policy_attachment",
      "name": "additional_one",
      "provider": "provider[\"registry.terraform.io/hashicorp/aws\"]",
      "instances": []
    },
    {
      "module": "module.lambda_function_metadata_2",
      "mode": "managed",
      "type": "aws_iam_role_policy_attachment",
      "name": "async",
      "provider": "provider[\"registry.terraform.io/hashicorp/aws\"]",
      "instances": []
    },
    {
      "module": "module.lambda_function_metadata_2",
      "mode": "managed",
      "type": "aws_iam_role_policy_attachment",
      "name": "dead_letter",
      "provider": "provider[\"registry.terraform.io/hashicorp/aws\"]",
      "instances": []
    },
    {
      "module": "module.lambda_function_metadata_2",
      "mode": "managed",
      "type": "aws_iam_role_policy_attachment",
      "name": "logs",
      "provider": "provider[\"registry.terraform.io/hashicorp/aws\"]",
      "instances": [
        {
          "index_key": 0,
          "schema_version": 0,
          "attributes": {
            "id": "ingest-metadata-hdr-files-lambda-20240618155729945200000002",
            "policy_arn": "arn:aws:iam::139464377685:policy/ingest-metadata-hdr-files-lambda-logs",
            "role": "ingest-metadata-hdr-files-lambda"
          },
          "sensitive_attributes": [],
          "private": "bnVsbA==",
          "dependencies": [
            "module.lambda_function_metadata_2.aws_cloudwatch_log_group.lambda",
            "module.lambda_function_metadata_2.aws_iam_policy.logs",
            "module.lambda_function_metadata_2.aws_iam_role.lambda",
            "module.lambda_function_metadata_2.data.aws_arn.log_group_arn",
            "module.lambda_function_metadata_2.data.aws_cloudwatch_log_group.lambda",
            "module.lambda_function_metadata_2.data.aws_iam_policy_document.assume_role",
            "module.lambda_function_metadata_2.data.aws_iam_policy_document.logs"
          ]
        }
      ]
    },
    {
      "module": "module.lambda_function_metadata_2",
      "mode": "managed",
      "type": "aws_iam_role_policy_attachment",
      "name": "tracing",
      "provider": "provider[\"registry.terraform.io/hashicorp/aws\"]",
      "instances": []
    },
    {
      "module": "module.lambda_function_metadata_2",
      "mode": "managed",
      "type": "aws_iam_role_policy_attachment",
      "name": "vpc",
      "provider": "provider[\"registry.terraform.io/hashicorp/aws\"]",
      "instances": []
    },
    {
      "module": "module.lambda_function_metadata_2",
      "mode": "managed",
      "type": "aws_lambda_event_source_mapping",
      "name": "this",
      "provider": "provider[\"registry.terraform.io/hashicorp/aws\"]",
      "instances": []
    },
    {
      "module": "module.lambda_function_metadata_2",
      "mode": "managed",
      "type": "aws_lambda_function",
      "name": "this",
      "provider": "provider[\"registry.terraform.io/hashicorp/aws\"]",
      "instances": [
        {
          "index_key": 0,
          "schema_version": 0,
          "attributes": {
            "architectures": [
              "x86_64"
            ],
            "arn": "arn:aws:lambda:us-east-1:139464377685:function:ingest-metadata-hdr-files-lambda",
            "capacity_provider_config": [],
            "code_sha256": "6Je9AKaYjqzXWuyST4sr1iwvlH/Uf1iIU2a6Nr0UsjQ=",
            "code_signing_config_arn": "",
            "dead_letter_config": [],
            "description": "Ingest lat/long metadata from HDR files",
            "durable_config": [],
            "environment": [],
            "ephemeral_storage": [
              {
                "size": 512
              }
            ],
            "file_system_config": [],
            "filename": "builds/adad2a0d5a6c5a7e5ac538aa4ba6587e3d44b880a27782434d14f5eb5127d682.zip",
            "function_name": "ingest-metadata-hdr-files-lambda",
            "handler": "app.lambda_handler",
            "id": "ingest-metadata-hdr-files-lambda",
            "image_config": [],
            "image_uri": "",
            "invoke_arn": "arn:aws:apigateway:us-east-1:lambda:path/2015-03-31/functions/arn:aws:lambda:us-east-1:139464377685:function:ingest-metadata-hdr-files-lambda/invocations",
            "kms_key_arn": "",
            "last_modified": "2024-06-18T17:15:56.000+0000",
            "layers": [],
            "logging_config": [
              {
                "application_log_level": "",
                "log_format": "Text",
                "log_group": "/aws/lambda/ingest-metadata-hdr-files-lambda",
                "system_log_level": ""
              }
            ],
            "memory_size": 200,
            "package_type": "Zip",
            "publish": true,
            "publish_to": null,
            "qualified_arn": "arn:aws:lambda:us-east-1:139464377685:function:ingest-metadata-hdr-files-lambda:3",
            "qualified_invoke_arn": "arn:aws:apigateway:us-east-1:lambda:path/2015-03-31/functions/arn:aws:lambda:us-east-1:139464377685:function:ingest-metadata-hdr-files-lambda:3/invocations",
            "region": "us-east-1",
            "replace_security_groups_on_destroy": null,
            "replacement_security_group_ids": null,
            "reserved_concurrent_executions": -1,
            "role": "arn:aws:iam::139464377685:role/ingest-metadata-hdr-files-lambda",
            "runtime": "python3.12",
            "s3_bucket": null,
            "s3_key": null,
            "s3_object_version": null,
            "signing_job_arn": "",
            "signing_profile_version_arn": "",
            "skip_destroy": false,
            "snap_start": [],
            "source_code_hash": "6Je9AKaYjqzXWuyST4sr1iwvlH/Uf1iIU2a6Nr0UsjQ=",
            "source_code_size": 2361,
            "source_kms_key_arn": "",
            "tags": {},
            "tags_all": {},
            "tenancy_config": [],
            "timeout": 300,
            "timeouts": null,
            "tracing_config": [
              {
                "mode": "PassThrough"
              }
            ],
            "version": "3",
            "vpc_config": []
          },
          "sensitive_attributes": [],
          "private": "eyJlMmJmYjczMC1lY2FhLTExZTYtOGY4OC0zNDM2M2JjN2M0YzAiOnsiY3JlYXRlIjo2MDAwMDAwMDAwMDAsImRlbGV0ZSI6NjAwMDAwMDAwMDAwLCJ1cGRhdGUiOjYwMDAwMDAwMDAwMH19",
          "dependencies": [
            "module.dynamodb_table.aws_dynamodb_table.autoscaled",
            "module.dynamodb_table.aws_dynamodb_table.autoscaled_gsi_ignore",
            "module.dynamodb_table.aws_dynamodb_table.this",
            "module.lambda_function_metadata_2.aws_cloudwatch_log_group.lambda",
            "module.lambda_function_metadata_2.aws_iam_policy.additional_inline",
            "module.lambda_function_metadata_2.aws_iam_policy.additional_json",
            "module.lambda_function_metadata_2.aws_iam_policy.additional_jsons",
            "module.lambda_function_metadata_2.aws_iam_policy.async",
            "module.lambda_function_metadata_2.aws_iam_policy.dead_letter",
            "module.lambda_function_metadata_2.aws_iam_policy.logs",
            "module.lambda_function_metadata_2.aws_iam_policy.tracing",
            "module.lambda_function_metadata_2.aws_iam_policy.vpc",
            "module.lambda_function_metadata_2.aws_iam_role.lambda",
            "module.lambda_function_metadata_2.aws_iam_role_policy_attachment.additional_inline",
            "module.lambda_function_metadata_2.aws_iam_role_policy_attachment.additional_json",
            "module.lambda_function_metadata_2.aws_iam_role_policy_attachment.additional_jsons",
            "module.lambda_function_metadata_2.aws_iam_role_policy_attachment.additional_many",
            "module.lambda_function_metadata_2.aws_iam_role_policy_attachment.additional_one",
            "module.lambda_function_metadata_2.aws_iam_role_policy_attachment.async",
            "module.lambda_function_metadata_2.aws_iam_role_policy_attachment.dead_letter",
            "module.lambda_function_metadata_2.aws_iam_role_policy_attachment.logs",
            "module.lambda_function_metadata_2.aws_iam_role_policy_attachment.tracing",
            "module.lambda_function_metadata_2.aws_iam_role_policy_attachment.vpc",
            "module.lambda_function_metadata_2.aws_s3_object.lambda_package",
            "module.lambda_function_metadata_2.data.aws_arn.log_group_arn",
            "module.lambda_function_metadata_2.data.aws_cloudwatch_log_group.lambda",
            "module.lambda_function_metadata_2.data.aws_iam_policy.tracing",
            "module.lambda_function_metadata_2.data.aws_iam_policy.vpc",
            "module.lambda_function_metadata_2.data.aws_iam_policy_document.additional_inline",
            "module.lambda_function_metadata_2.data.aws_iam_policy_document.assume_role",
            "module.lambda_function_metadata_2.data.aws_iam_policy_document.async",
            "module.lambda_function_metadata_2.data.aws_iam_policy_document.dead_letter",
            "module.lambda_function_metadata_2.data.aws_iam_policy_document.logs",
            "module.lambda_function_metadata_2.data.aws_partition.current",
            "module.lambda_function_metadata_2.data.external.archive_prepare",
            "module.lambda_function_metadata_2.local_file.archive_plan",
            "module.lambda_function_metadata_2.null_resource.archive",
            "module.s3_bucket.aws_s3_bucket.this"
          ]
        }
      ]
    },
    {
      "module": "module.lambda_function_metadata_2",
      "mode": "managed",
      "type": "aws_lambda_function_event_invoke_config",
      "name": "this",
      "provider": "provider[\"registry.terraform.io/hashicorp/aws\"]",
      "instances": []
    },
    {
      "module": "module.lambda_function_metadata_2",
      "mode": "managed",
      "type": "aws_lambda_function_url",
      "name": "this",
      "provider": "provider[\"registry.terraform.io/hashicorp/aws\"]",
      "instances": []
    },
    {
      "module": "module.lambda_function_metadata_2",
      "mode": "managed",
      "type": "aws_lambda_layer_version",
      "name": "this",
      "provider": "provider[\"registry.terraform.io/hashicorp/aws\"]",
      "instances": []
    },
    {
      "module": "module.lambda_function_metadata_2",
      "mode": "managed",
      "type": "aws_lambda_permission",
      "name": "current_version_triggers",
      "provider": "provider[\"registry.terraform.io/hashicorp/aws\"]",
      "instances": [
        {
          "index_key": "AllowExecutionFromS3Bucket",
          "schema_version": 0,
          "attributes": {
            "action": "lambda:InvokeFunction",
            "event_source_token": null,
            "function_name": "ingest-metadata-hdr-files-lambda",
            "function_url_auth_type": null,
            "id": "AllowExecutionFromS3Bucket",
            "principal": "s3.amazonaws.com",
            "principal_org_id": null,
            "qualifier": "3",
            "region": "us-east-1",
            "source_account": null,
            "source_arn": "arn:aws:s3:::habhub.data-pipeline-files",
            "statement_id": "AllowExecutionFromS3Bucket",
            "statement_id_prefix": ""
          },
          "sensitive_attributes": [],
          "private": "bnVsbA==",
          "dependencies": [
            "module.dynamodb_table.aws_dynamodb_table.autoscaled",
            "module.dynamodb_table.aws_dynamodb_table.autoscaled_gsi_ignore",
            "module.dynamodb_table.aws_dynamodb_table.this",
            "module.lambda_function_metadata_2.aws_cloudwatch_log_group.lambda",
            "module.lambda_function_metadata_2.aws_iam_policy.additional_inline",
            "module.lambda_function_metadata_2.aws_iam_policy.additional_json",
            "module.lambda_function_metadata_2.aws_iam_policy.additional_jsons",
            "module.lambda_function_metadata_2.aws_iam_policy.async",
            "module.lambda_function_metadata_2.aws_iam_policy.dead_letter",
            "module.lambda_function_metadata_2.aws_iam_policy.logs",
            "module.lambda_function_metadata_2.aws_iam_policy.tracing",
            "module.lambda_function_metadata_2.aws_iam_policy.vpc",
            "module.lambda_function_metadata_2.aws_iam_role.lambda",
            "module.lambda_function_metadata_2.aws_iam_role_policy_attachment.additional_inline",
            "module.lambda_function_metadata_2.aws_iam_role_policy_attachment.additional_json",
            "module.lambda_function_metadata_2.aws_iam_role_policy_attachment.additional_jsons",
            "module.lambda_function_metadata_2.aws_iam_role_policy_attachment.additional_many",
            "module.lambda_function_metadata_2.aws_iam_role_policy_attachment.additional_one",
            "module.lambda_function_metadata_2.aws_iam_role_policy_attachment.async",
            "module.lambda_function_metadata_2.aws_iam_role_policy_attachment.dead_letter",
            "module.lambda_function_metadata_2.aws_iam_role_policy_attachment.logs",
            "module.lambda_function_metadata_2.aws_iam_role_policy_attachment.tracing",
            "module.lambda_function_metadata_2.aws_iam_role_policy_attachment.vpc",
            "module.lambda_function_metadata_2.aws_lambda_function.this",
            "module.lambda_function_metadata_2.aws_s3_object.lambda_package",
            "module.lambda_function_metadata_2.data.aws_arn.log_group_arn",
            "module.lambda_function_metadata_2.data.aws_cloudwatch_log_group.lambda",
            "module.lambda_function_metadata_2.data.aws_iam_policy.tracing",
            "module.lambda_function_metadata_2.data.aws_iam_policy.vpc",
            "module.lambda_function_metadata_2.data.aws_iam_policy_document.additional_inline",
            "module.lambda_function_metadata_2.data.aws_iam_policy_document.assume_role",
            "module.lambda_function_metadata_2.data.aws_iam_policy_document.async",
            "module.lambda_function_metadata_2.data.aws_iam_policy_document.dead_letter",
            "module.lambda_function_metadata_2.data.aws_iam_policy_document.logs",
            "module.lambda_function_metadata_2.data.aws_partition.current",
            "module.lambda_function_metadata_2.data.external.archive_prepare",
            "module.lambda_function_metadata_2.local_file.archive_plan",
            "module.lambda_function_metadata_2.null_resource.archive",
            "module.s3_bucket.aws_s3_bucket.this"
          ]
        }
      ]
    },
    {
      "module": "module.lambda_function_metadata_2",
      "mode": "managed",
      "type": "aws_lambda_permission",
      "name": "unqualified_alias_triggers",
      "provider": "provider[\"registry.terraform.io/hashicorp/aws\"]",
      "instances": [
        {
          "index_key": "AllowExecutionFromS3Bucket",
          "schema_version": 0,
          "attributes": {
            "action": "lambda:InvokeFunction",
            "event_source_token": null,
            "function_name": "ingest-metadata-hdr-files-lambda",
            "function_url_auth_type": null,
            "id": "AllowExecutionFromS3Bucket",
            "principal": "s3.amazonaws.com",
            "principal_org_id": null,
            "qualifier": "",
            "region": "us-east-1",
            "source_account": null,
            "source_arn": "arn:aws:s3:::habhub.data-pipeline-files",
            "statement_id": "AllowExecutionFromS3Bucket",
            "statement_id_prefix": ""
          },
          "sensitive_attributes": [],
          "private": "bnVsbA==",
          "dependencies": [
            "module.dynamodb_table.aws_dynamodb_table.autoscaled",
            "module.dynamodb_table.aws_dynamodb_table.autoscaled_gsi_ignore",
            "module.dynamodb_table.aws_dynamodb_table.this",
            "module.lambda_function_metadata_2.aws_cloudwatch_log_group.lambda",
            "module.lambda_function_metadata_2.aws_iam_policy.additional_inline",
            "module.lambda_function_metadata_2.aws_iam_policy.additional_json",
            "module.lambda_function_metadata_2.aws_iam_policy.additional_jsons",
            "module.lambda_function_metadata_2.aws_iam_policy.async",
            "module.lambda_function_metadata_2.aws_iam_policy.dead_letter",
            "module.lambda_function_metadata_2.aws_iam_policy.logs",
            "module.lambda_function_metadata_2.aws_iam_policy.tracing",
            "module.lambda_function_metadata_2.aws_iam_policy.vpc",
            "module.lambda_function_metadata_2.aws_iam_role.lambda",
            "module.lambda_function_metadata_2.aws_iam_role_policy_attachment.additional_inline",
            "module.lambda_function_metadata_2.aws_iam_role_policy_attachment.additional_json",
            "module.lambda_function_metadata_2.aws_iam_role_policy_attachment.additional_jsons",
            "module.lambda_function_metadata_2.aws_iam_role_policy_attachment.additional_many",
            "module.lambda_function_metadata_2.aws_iam_role_policy_attachment.additional_one",
            "module.lambda_function_metadata_2.aws_iam_role_policy_attachment.async",
            "module.lambda_function_metadata_2.aws_iam_role_policy_attachment.dead_letter",
            "module.lambda_function_metadata_2.aws_iam_role_policy_attachment.logs",
            "module.lambda_function_metadata_2.aws_iam_role_policy_attachment.tracing",
            "module.lambda_function_metadata_2.aws_iam_role_policy_attachment.vpc",
            "module.lambda_function_metadata_2.aws_lambda_function.this",
            "module.lambda_function_metadata_2.aws_s3_object.lambda_package",
            "module.lambda_function_metadata_2.data.aws_arn.log_group_arn",
            "module.lambda_function_metadata_2.data.aws_cloudwatch_log_group.lambda",
            "module.lambda_function_metadata_2.data.aws_iam_policy.tracing",
            "module.lambda_function_metadata_2.data.aws_iam_policy.vpc",
            "module.lambda_function_metadata_2.data.aws_iam_policy_document.additional_inline",
            "module.lambda_function_metadata_2.data.aws_iam_policy_document.assume_role",
            "module.lambda_function_metadata_2.data.aws_iam_policy_document.async",
            "module.lambda_function_metadata_2.data.aws_iam_policy_document.dead_letter",
            "module.lambda_function_metadata_2.data.aws_iam_policy_document.logs",
            "module.lambda_function_metadata_2.data.aws_partition.current",
            "module.lambda_function_metadata_2.data.external.archive_prepare",
            "module.lambda_function_metadata_2.local_file.archive_plan",
            "module.lambda_function_metadata_2.null_resource.archive",
            "module.s3_bucket.aws_s3_bucket.this"
          ]
        }
      ]
    },
    {
      "module": "module.lambda_function_metadata_2",
      "mode": "managed",
      "type": "aws_lambda_provisioned_concurrency_config",
      "name": "current_version",
      "provider": "provider[\"registry.terraform.io/hashicorp/aws\"]",
      "instances": []
    },
    {
      "module": "module.lambda_function_metadata_2",
      "mode": "managed",
      "type": "aws_s3_object",
      "name": "lambda_package",
      "provider": "provider[\"registry.terraform.io/hashicorp/aws\"]",
      "instances": []
    },
    {
      "module": "module.lambda_function_metadata_2",
      "mode": "managed",
      "type": "local_file",
      "name": "archive_plan",
      "provider": "provider[\"registry.terraform.io/hashicorp/local\"]",
      "instances": [
        {
          "index_key": 0,
          "schema_version": 0,
          "attributes": {
            "content": "{\"filename\": \"builds/adad2a0d5a6c5a7e5ac538aa4ba6587e3d44b880a27782434d14f5eb5127d682.zip\", \"runtime\": \"python3.12\", \"artifacts_dir\": \"builds\", \"build_plan\": [[\"zip\", \"../lambdas/ingest-metadata-hdr-files\", null]]}",
            "content_base64": null,
            "content_base64sha256": "ou2DB/edC1KPdC+SXerRIlSm2md7c2oTfSaPIbpcLmY=",
            "content_base64sha512": "z4fUmNyFO6qywKFEQ7U25kUPTaV5yeyu2k6c3ToND6/PbN6MgR47DksTToBqbu68SWth5cXmUKC7aVbZzalP3w==",
            "content_md5": "67192017c41231a5c18c40ef56f2b63e",
            "content_sha1": "f41a81c9feaa6916f529bd42be05f3b423fb4c78",
            "content_sha256": "a2ed8307f79d0b528f742f925dead12254a6da677b736a137d268f21ba5c2e66",
            "content_sha512": "cf87d498dc853baab2c0a14443b536e6450f4da579c9ecaeda4e9cdd3a0d0fafcf6cde8c811e3b0e4b134e806a6eeebc496b61e5c5e650a0bb6956d9cda94fdf",
            "directory_permission": "0755",
            "file_permission": "0644",
            "filename": "builds/adad2a0d5a6c5a7e5ac538aa4ba6587e3d44b880a27782434d14f5eb5127d682.plan.json",
            "id": "f41a81c9feaa6916f529bd42be05f3b423fb4c78",
            "sensitive_content": null,
            "source": null
          },
          "sensitive_attributes": [
            [
              {
                "type": "get_attr",
                "value": "sensitive_content"
              }
            ]
          ],
          "dependencies": [
            "module.lambda_function_metadata_2.data.external.archive_prepare"
          ]
        }
      ]
    },
    {
      "module": "module.lambda_function_metadata_2",
      "mode": "managed",
      "type": "null_resource",
      "name": "archive",
      "provider": "provider[\"registry.terraform.io/hashicorp/null\"]",
      "instances": [
        {
          "index_key": 0,
          "schema_version": 0,
          "attributes": {
            "id": "948560414579506652",
            "triggers": {
              "filename": "builds/adad2a0d5a6c5a7e5ac538aa4ba6587e3d44b880a27782434d14f5eb5127d682.zip",
              "timestamp": "1718730946246547000"
            }
          },
          "sensitive_attributes": [],
          "dependencies": [
            "module.lambda_function_metadata_2.data.external.archive_prepare",
            "module.lambda_function_metadata_2.local_file.archive_plan"
          ]
        }
      ]
    },
    {
      "module": "module.lambda_function_metadata_2",
      "mode": "managed",
      "type": "null_resource",
      "name": "sam_metadata_aws_lambda_function",
      "provider": "provider[\"registry.terraform.io/hashicorp/null\"]",
      "instances": []
    },
    {
      "module": "module.lambda_function_metadata_2",
      "mode": "managed",
      "type": "null_resource",
      "name": "sam_metadata_aws_lambda_layer_version",
      "provider": "provider[\"registry.terraform.io/hashicorp/null\"]",
      "instances": []
    },
    {
      "module": "module.s3_bucket",
      "mode": "data",
      "type": "aws_caller_identity",
      "name": "current",
      "provider": "provider[\"registry.terraform.io/hashicorp/aws\"]",
      "instances": [
        {
          "schema_version": 0,
          "attributes": {
            "account_id": "139464377685",
            "arn": "arn:aws:iam::139464377685:user/eandrews_admin",
            "id": "139464377685",
            "user_id": "AIDASA6FZQVKWH3N5BRJV"
          },
          "sensitive_attributes": []
        }
      ]
    },
    {
      "module": "module.s3_bucket",
      "mode": "data",
      "type": "aws_canonical_user_id",
      "name": "this",
      "provider": "provider[\"registry.terraform.io/hashicorp/aws\"]",
      "instances": [
        {
          "index_key": 0,
          "schema_version": 0,
          "attributes": {
            "display_name": "",
            "id": "bf550d8b973e962e8649a9386e1342bd10f6de14310d9b5de771db6bb2b97cc9"
          },
          "sensitive_attributes": []
        }
      ]
    },
    {
      "module": "module.s3_bucket",
      "mode": "data",
      "type": "aws_iam_policy_document",
      "name": "access_log_delivery",
      "provider": "provider[\"registry.terraform.io/hashicorp/aws\"]",
      "instances": []
    },
    {
      "module": "module.s3_bucket",
      "mode": "data",
      "type": "aws_iam_policy_document",
      "name": "combined",
      "provider": "provider[\"registry.terraform.io/hashicorp/aws\"]",
      "instances": []
    },
    {
      "module": "module.s3_bucket",
      "mode": "data",
      "type": "aws_iam_policy_document",
      "name": "deny_incorrect_encryption_headers",
      "provider": "provider[\"registry.terraform.io/hashicorp/aws\"]",
      "instances": []
    },
    {
      "module": "module.s3_bucket",
      "mode": "data",
      "type": "aws_iam_policy_document",
      "name": "deny_incorrect_kms_key_sse",
      "provider": "provider[\"registry.terraform.io/hashicorp/aws\"]",
      "instances": []
    },
    {
      "module": "module.s3_bucket",
      "mode": "data",
      "type": "aws_iam_policy_document",
      "name": "deny_insecure_transport",
      "provider": "provider[\"registry.terraform.io/hashicorp/aws\"]",
      "instances": []
    },
    {
      "module": "module.s3_bucket",
      "mode": "data",
      "type": "aws_iam_policy_document",
      "name": "deny_unencrypted_object_uploads",
      "provider": "provider[\"registry.terraform.io/hashicorp/aws\"]",
      "instances": []
    },
    {
      "module": "module.s3_bucket",
      "mode": "data",
      "type": "aws_iam_policy_document",
      "name": "elb_log_delivery",
      "provider": "provider[\"registry.terraform.io/hashicorp/aws\"]",
      "instances": []
    },
    {
      "module": "module.s3_bucket",
      "mode": "data",
      "type": "aws_iam_policy_document",
      "name": "inventory_and_analytics_destination_policy",
      "provider": "provider[\"registry.terraform.io/hashicorp/aws\"]",
      "instances": []
    },
    {
      "module": "module.s3_bucket",
      "mode": "data",
      "type": "aws_iam_policy_document",
      "name": "lb_log_delivery",
      "provider": "provider[\"registry.terraform.io/hashicorp/aws\"]",
      "instances": []
    },
    {
      "module": "module.s3_bucket",
      "mode": "data",
      "type": "aws_iam_policy_document",
      "name": "require_latest_tls",
      "provider": "provider[\"registry.terraform.io/hashicorp/aws\"]",
      "instances": []
    },
    {
      "module": "module.s3_bucket",
      "mode": "data",
      "type": "aws_partition",
      "name": "current",
      "provider": "provider[\"registry.terraform.io/hashicorp/aws\"]",
      "instances": [
        {
          "schema_version": 0,
          "attributes": {
            "dns_suffix": "amazonaws.com",
            "id": "aws",
            "partition": "aws",
            "reverse_dns_prefix": "com.amazonaws"
          },
          "sensitive_attributes": []
        }
      ]
    },
    {
      "module": "module.s3_bucket",
      "mode": "data",
      "type": "aws_region",
      "name": "current",
      "provider": "provider[\"registry.terraform.io/hashicorp/aws\"]",
      "instances": [
        {
          "schema_version": 0,
          "attributes": {
            "description": "US East (N. Virginia)",
            "endpoint": "ec2.us-east-1.amazonaws.com",
            "id": "us-east-1",
            "name": "us-east-1",
            "region": "us-east-1"
          },
          "sensitive_attributes": []
        }
      ]
    },
    {
      "module": "module.s3_bucket",
      "mode": "managed",
      "type": "aws_s3_bucket",
      "name": "this",
      "provider": "provider[\"registry.terraform.io/hashicorp/aws\"]",
      "instances": [
        {
          "index_key": 0,
          "schema_version": 0,
          "attributes": {
            "acceleration_status": "",
            "acl": null,
            "arn": "arn:aws:s3:::habhub.data-pipeline-files",
            "bucket": "habhub.data-pipeline-files",
            "bucket_domain_name": "habhub.data-pipeline-files.s3.amazonaws.com",
            "bucket_prefix": "",
            "bucket_region": "us-east-1",
            "bucket_regional_domain_name": "habhub.data-pipeline-files.s3.us-east-1.amazonaws.com",
            "cors_rule": [],
            "force_destroy": true,
            "grant": [
              {
                "id": "bf550d8b973e962e8649a9386e1342bd10f6de14310d9b5de771db6bb2b97cc9",
                "permissions": [
                  "FULL_CONTROL"
                ],
                "type": "CanonicalUser",
                "uri": ""
              }
            ],
            "hosted_zone_id": "Z3AQBSTGFYJSTF",
            "id": "habhub.data-pipeline-files",
            "lifecycle_rule": [],
            "logging": [],
            "object_lock_configuration": [],
            "object_lock_enabled": false,
            "policy": "",
            "region": "us-east-1",
            "replication_configuration": [],
            "request_payer": "BucketOwner",
            "server_side_encryption_configuration": [
              {
                "rule": [
                  {
                    "apply_server_side_encryption_by_default": [
                      {
                        "kms_master_key_id": "",
                        "sse_algorithm": "AES256"
                      }
                    ],
                    "bucket_key_enabled": false
                  }
                ]
              }
            ],
            "tags": {},
            "tags_all": {},
            "timeouts": null,
            "versioning": [
              {
                "enabled": false,
                "mfa_delete": false
              }
            ],
            "website": [],
            "website_domain": null,
            "website_endpoint": null
          },
          "sensitive_attributes": [],
          "private": "eyJlMmJmYjczMC1lY2FhLTExZTYtOGY4OC0zNDM2M2JjN2M0YzAiOnsiY3JlYXRlIjoxMjAwMDAwMDAwMDAwLCJkZWxldGUiOjM2MDAwMDAwMDAwMDAsInJlYWQiOjEyMDAwMDAwMDAwMDAsInVwZGF0ZSI6MTIwMDAwMDAwMDAwMH19"
        }
      ]
    },
    {
      "module": "module.s3_bucket",
      "mode": "managed",
      "type": "aws_s3_bucket_accelerate_configuration",
      "name": "this",
      "provider": "provider[\"registry.terraform.io/hashicorp/aws\"]",
      "instances": []
    },
    {
      "module": "module.s3_bucket",
      "mode": "managed",
      "type": "aws_s3_bucket_acl",
      "name": "this",
      "provider": "provider[\"registry.terraform.io/hashicorp/aws\"]",
      "instances": [
        {
          "index_key": 0,
          "schema_version": 0,
          "attributes": {
            "access_control_policy": [
              {
                "grant": [
                  {
                    "grantee": [
                      {
                        "display_name": "",
                        "email_address": "",
                        "id": "bf550d8b973e962e8649a9386e1342bd10f6de14310d9b5de771db6bb2b97cc9",
                        "type": "CanonicalUser",
                        "uri": ""
                      }
                    ],
                    "permission": "FULL_CONTROL"
                  }
                ],
                "owner": [
                  {
                    "display_name": "",
                    "id": "bf550d8b973e962e8649a9386e1342bd10f6de14310d9b5de771db6bb2b97cc9"
                  }
                ]
              }
            ],
            "acl": "private",
            "bucket": "habhub.data-pipeline-files",
            "expected_bucket_owner": "",
            "id": "habhub.data-pipeline-files,private",
            "region": "us-east-1"
          },
          "sensitive_attributes": [],
          "private": "bnVsbA==",
          "dependencies": [
            "module.s3_bucket.aws_s3_bucket.this",
            "module.s3_bucket.aws_s3_bucket_ownership_controls.this",
            "module.s3_bucket.aws_s3_bucket_policy.this",
            "module.s3_bucket.aws_s3_bucket_public_access_block.this",
            "module.s3_bucket.data.aws_caller_identity.current",
            "module.s3_bucket.data.aws_canonical_user_id.this",
            "module.s3_bucket.data.aws_iam_policy_document.access_log_delivery",
            "module.s3_bucket.data.aws_iam_policy_document.combined",
            "module.s3_bucket.data.aws_iam_policy_document.deny_incorrect_encryption_headers",
            "module.s3_bucket.data.aws_iam_policy_document.deny_incorrect_kms_key_sse",
            "module.s3_bucket.data.aws_iam_policy_document.deny_insecure_transport",
            "module.s3_bucket.data.aws_iam_policy_document.deny_unencrypted_object_uploads",
            "module.s3_bucket.data.aws_iam_policy_document.elb_log_delivery",
            "module.s3_bucket.data.aws_iam_policy_document.inventory_and_analytics_destination_policy",
            "module.s3_bucket.data.aws_iam_policy_document.lb_log_delivery",
            "module.s3_bucket.data.aws_iam_policy_document.require_latest_tls",
            "module.s3_bucket.data.aws_partition.current",
            "module.s3_bucket.data.aws_region.current"
          ]
        }
      ]
    },
    {
      "module": "module.s3_bucket",
      "mode": "managed",
      "type": "aws_s3_bucket_analytics_configuration",
      "name": "this",
      "provider": "provider[\"registry.terraform.io/hashicorp/aws\"]",
      "instances": []
    },
    {
      "module": "module.s3_bucket",
      "mode": "managed",
      "type": "aws_s3_bucket_cors_configuration",
      "name": "this",
      "provider": "provider[\"registry.terraform.io/hashicorp/aws\"]",
      "instances": []
    },
    {
      "module": "module.s3_bucket",
      "mode": "managed",
      "type": "aws_s3_bucket_intelligent_tiering_configuration",
      "name": "this",
      "provider": "provider[\"registry.terraform.io/hashicorp/aws\"]",
      "instances": []
    },
    {
      "module": "module.s3_bucket",
      "mode": "managed",
      "type": "aws_s3_bucket_inventory",
      "name": "this",
      "provider": "provider[\"registry.terraform.io/hashicorp/aws\"]",
      "instances": []
    },
    {
      "module": "module.s3_bucket",
      "mode": "managed",
      "type": "aws_s3_bucket_lifecycle_configuration",
      "name": "this",
      "provider": "provider[\"registry.terraform.io/hashicorp/aws\"]",
      "instances": []
    },
    {
      "module": "module.s3_bucket",
      "mode": "managed",
      "type": "aws_s3_bucket_logging",
      "name": "this",
      "provider": "provider[\"registry.terraform.io/hashicorp/aws\"]",
      "instances": []
    },
    {
      "module": "module.s3_bucket",
      "mode": "managed",
      "type": "aws_s3_bucket_metric",
      "name": "this",
      "provider": "provider[\"registry.terraform.io/hashicorp/aws\"]",
      "instances": []
    },
    {
      "module": "module.s3_bucket",
      "mode": "managed",
      "type": "aws_s3_bucket_object_lock_configuration",
      "name": "this",
      "provider": "provider[\"registry.terraform.io/hashicorp/aws\"]",
      "instances": []
    },
    {
      "module": "module.s3_bucket",
      "mode": "managed",
      "type": "aws_s3_bucket_ownership_controls",
      "name": "this",
      "provider": "provider[\"registry.terraform.io/hashicorp/aws\"]",
      "instances": [
        {
          "index_key": 0,
          "schema_version": 0,
          "attributes": {
            "bucket": "habhub.data-pipeline-files",
            "id": "habhub.data-pipeline-files",
            "region": "us-east-1",
            "rule": [
              {
                "object_ownership": "ObjectWriter"
              }
            ]
          },
          "sensitive_attributes": [],
          "private": "bnVsbA==",
          "dependencies": [
            "module.s3_bucket.aws_s3_bucket.this",
            "module.s3_bucket.aws_s3_bucket_policy.this",
            "module.s3_bucket.aws_s3_bucket_public_access_block.this",
            "module.s3_bucket.data.aws_caller_identity.current",
            "module.s3_bucket.data.aws_iam_policy_document.access_log_delivery",
            "module.s3_bucket.data.aws_iam_policy_document.combined",
            "module.s3_bucket.data.aws_iam_policy_document.deny_incorrect_encryption_headers",
            "module.s3_bucket.data.aws_iam_policy_document.deny_incorrect_kms_key_sse",
            "module.s3_bucket.data.aws_iam_policy_document.deny_insecure_transport",
            "module.s3_bucket.data.aws_iam_policy_document.deny_unencrypted_object_uploads",
            "module.s3_bucket.data.aws_iam_policy_document.elb_log_delivery",
            "module.s3_bucket.data.aws_iam_policy_document.inventory_and_analytics_destination_policy",
            "module.s3_bucket.data.aws_iam_policy_document.lb_log_delivery",
            "module.s3_bucket.data.aws_iam_policy_document.require_latest_tls",
            "module.s3_bucket.data.aws_partition.current",
            "module.s3_bucket.data.aws_region.current"
          ]
        }
      ]
    },
    {
      "module": "module.s3_bucket",
      "mode": "managed",
      "type": "aws_s3_bucket_policy",
      "name": "this",
      "provider": "provider[\"registry.terraform.io/hashicorp/aws\"]",
      "instances": []
    },
    {
      "module": "module.s3_bucket",
      "mode": "managed",
      "type": "aws_s3_bucket_public_access_block",
      "name": "this",
      "provider": "provider[\"registry.terraform.io/hashicorp/aws\"]",
      "instances": [
        {
          "index_key": 0,
          "schema_version": 0,
          "attributes": {
            "block_public_acls": true,
            "block_public_policy": true,
            "bucket": "habhub.data-pipeline-files",
            "id": "habhub.data-pipeline-files",
            "ignore_public_acls": true,
            "region": "us-east-1",
            "restrict_public_buckets": true,
            "skip_destroy": null
          },
          "sensitive_attributes": [],
          "private": "bnVsbA==",
          "dependencies": [
            "module.s3_bucket.aws_s3_bucket.this"
          ]
        }
      ]
    },
    {
      "module": "module.s3_bucket",
      "mode": "managed",
      "type": "aws_s3_bucket_replication_configuration",
      "name": "this",
      "provider": "provider[\"registry.terraform.io/hashicorp/aws\"]",
      "instances": []
    },
    {
      "module": "module.s3_bucket",
      "mode": "managed",
      "type": "aws_s3_bucket_request_payment_configuration",
      "name": "this",
      "provider": "provider[\"registry.terraform.io/hashicorp/aws\"]",
      "instances": []
    },
    {
      "module": "module.s3_bucket",
      "mode": "managed",
      "type": "aws_s3_bucket_server_side_encryption_configuration",
      "name": "this",
      "provider": "provider[\"registry.terraform.io/hashicorp/aws\"]",
      "instances": []
    },
    {
      "module": "module.s3_bucket",
      "mode": "managed",
      "type": "aws_s3_bucket_versioning",
      "name": "this",
      "provider": "provider[\"registry.terraform.io/hashicorp/aws\"]",
      "instances": []
    },
    {
      "module": "module.s3_bucket",
      "mode": "managed",
      "type": "aws_s3_bucket_website_configuration",
      "name": "this",
      "provider": "provider[\"registry.terraform.io/hashicorp/aws\"]",
      "instances": []
    },
    {
      "module": "module.s3_notification",
      "mode": "data",
      "type": "aws_arn",
      "name": "queue",
      "provider": "provider[\"registry.terraform.io/hashicorp/aws\"]",
      "instances": [
        {
          "index_key": "sqs1",
          "schema_version": 0,
          "attributes": {
            "account": "139464377685",
            "arn": "arn:aws:sqs:us-east-1:139464377685:ingest-class-scores",
            "id": "arn:aws:sqs:us-east-1:139464377685:ingest-class-scores",
            "partition": "aws",
            "region": "us-east-1",
            "resource": "ingest-class-scores",
            "service": "sqs"
          },
          "sensitive_attributes": []
        }
      ]
    },
    {
      "module": "module.s3_notification",
      "mode": "data",
      "type": "aws_iam_policy_document",
      "name": "sns",
      "provider": "provider[\"registry.terraform.io/hashicorp/aws\"]",
      "instances": []
    },
    {
      "module": "module.s3_notification",
      "mode": "data",
      "type": "aws_iam_policy_document",
      "name": "sqs",
      "provider": "provider[\"registry.terraform.io/hashicorp/aws\"]",
      "instances": [
        {
          "index_key": "sqs1",
          "schema_version": 0,
          "attributes": {
            "id": "3884279790",
            "json": "{\n  \"Version\": \"2012-10-17\",\n  \"Statement\": [\n    {\n      \"Sid\": \"AllowSQSS3BucketNotification\",\n      \"Effect\": \"Allow\",\n      \"Action\": \"sqs:SendMessage\",\n      \"Resource\": \"arn:aws:sqs:us-east-1:139464377685:ingest-class-scores\",\n      \"Principal\": {\n        \"Service\": \"s3.amazonaws.com\"\n      },\n      \"Condition\": {\n        \"ArnEquals\": {\n          \"aws:SourceArn\": \"arn:aws:s3:::habhub.data-pipeline-files\"\n        }\n      }\n    }\n  ]\n}",
            "minified_json": "{\"Version\":\"2012-10-17\",\"Statement\":[{\"Sid\":\"AllowSQSS3BucketNotification\",\"Effect\":\"Allow\",\"Action\":\"sqs:SendMessage\",\"Resource\":\"arn:aws:sqs:us-east-1:139464377685:ingest-class-scores\",\"Principal\":{\"Service\":\"s3.amazonaws.com\"},\"Condition\":{\"ArnEquals\":{\"aws:SourceArn\":\"arn:aws:s3:::habhub.data-pipeline-files\"}}}]}",
            "override_json": null,
            "override_policy_documents": null,
            "policy_id": null,
            "source_json": null,
            "source_policy_documents": null,
            "statement": [
              {
                "actions": [
                  "sqs:SendMessage"
                ],
                "condition": [
                  {
                    "test": "ArnEquals",
                    "values": [
                      "arn:aws:s3:::habhub.data-pipeline-files"
                    ],
                    "variable": "aws:SourceArn"
                  }
                ],
                "effect": "Allow",
                "not_actions": [],
                "not_principals": [],
                "not_resources": [],
                "principals": [
                  {
                    "identifiers": [
                      "s3.amazonaws.com"
                    ],
                    "type": "Service"
                  }
                ],
                "resources": [
                  "arn:aws:sqs:us-east-1:139464377685:ingest-class-scores"
                ],
                "sid": "AllowSQSS3BucketNotification"
              }
            ],
            "version": "2012-10-17"
          },
          "sensitive_attributes": []
        }
      ]
    },
    {
      "module": "module.s3_notification",
      "mode": "data",
      "type": "aws_partition",
      "name": "this",
      "provider": "provider[\"registry.terraform.io/hashicorp/aws\"]",
      "instances": [
        {
          "schema_version": 0,
          "attributes": {
            "dns_suffix": "amazonaws.com",
            "id": "aws",
            "partition": "aws",
            "reverse_dns_prefix": "com.amazonaws"
          },
          "sensitive_attributes": []
        }
      ]
    },
    {
      "module": "module.s3_notification",
      "mode": "managed",
      "type": "aws_lambda_permission",
      "name": "allow",
      "provider": "provider[\"registry.terraform.io/hashicorp/aws\"]",
      "instances": [
        {
          "index_key": "lambda1",
          "schema_version": 0,
          "attributes": {
            "action": "lambda:InvokeFunction",
            "event_source_token": null,
            "function_name": "ingest-class-scores-lambda",
            "function_url_auth_type": null,
            "id": "AllowLambdaS3BucketNotification-20251014153614322700000001",
            "principal": "s3.amazonaws.com",
            "principal_org_id": null,
            "qualifier": "",
            "region": "us-east-1",
            "source_account": null,
            "source_arn": "arn:aws:s3:::habhub.data-pipeline-files",
            "statement_id": "AllowLambdaS3BucketNotification-20251014153614322700000001",
            "statement_id_prefix": "AllowLambdaS3BucketNotification-"
          },
          "sensitive_attributes": [],
          "private": "bnVsbA==",
          "dependencies": [
            "data.aws_ecr_authorization_token.token",
            "module.docker_image.aws_ecr_repository.this",
            "module.docker_image.data.aws_caller_identity.this",
            "module.docker_image.data.aws_region.current",
            "module.docker_image.docker_image.this",
            "module.docker_image.docker_registry_image.this",
            "module.docker_image_metadata.aws_ecr_repository.this",
            "module.docker_image_metadata.data.aws_caller_identity.this",
            "module.docker_image_metadata.data.aws_region.current",
            "module.docker_image_metadata.docker_image.this",
            "module.docker_image_metadata.docker_registry_image.this",
            "module.dynamodb_table.aws_dynamodb_table.autoscaled",
            "module.dynamodb_table.aws_dynamodb_table.autoscaled_gsi_ignore",
            "module.dynamodb_table.aws_dynamodb_table.this",
            "module.lambda_function.aws_cloudwatch_log_group.lambda",
            "module.lambda_function.aws_iam_policy.additional_inline",
            "module.lambda_function.aws_iam_policy.additional_json",
            "module.lambda_function.aws_iam_policy.additional_jsons",
            "module.lambda_function.aws_iam_policy.async",
            "module.lambda_function.aws_iam_policy.dead_letter",
            "module.lambda_function.aws_iam_policy.logs",
            "module.lambda_function.aws_iam_policy.tracing",
            "module.lambda_function.aws_iam_policy.vpc",
            "module.lambda_function.aws_iam_role.lambda",
            "module.lambda_function.aws_iam_role_policy_attachment.additional_inline",
            "module.lambda_function.aws_iam_role_policy_attachment.additional_json",
            "module.lambda_function.aws_iam_role_policy_attachment.additional_jsons",
            "module.lambda_function.aws_iam_role_policy_attachment.additional_many",
            "module.lambda_function.aws_iam_role_policy_attachment.additional_one",
            "module.lambda_function.aws_iam_role_policy_attachment.async",
            "module.lambda_function.aws_iam_role_policy_attachment.dead_letter",
            "module.lambda_function.aws_iam_role_policy_attachment.logs",
            "module.lambda_function.aws_iam_role_policy_attachment.tracing",
            "module.lambda_function.aws_iam_role_policy_attachment.vpc",
            "module.lambda_function.aws_lambda_function.this",
            "module.lambda_function.aws_s3_object.lambda_package",
            "module.lambda_function.data.aws_arn.log_group_arn",
            "module.lambda_function.data.aws_cloudwatch_log_group.lambda",
            "module.lambda_function.data.aws_iam_policy.tracing",
            "module.lambda_function.data.aws_iam_policy.vpc",
            "module.lambda_function.data.aws_iam_policy_document.additional_inline",
            "module.lambda_function.data.aws_iam_policy_document.assume_role",
            "module.lambda_function.data.aws_iam_policy_document.async",
            "module.lambda_function.data.aws_iam_policy_document.dead_letter",
            "module.lambda_function.data.aws_iam_policy_document.logs",
            "module.lambda_function.data.aws_partition.current",
            "module.lambda_function.data.external.archive_prepare",
            "module.lambda_function.local_file.archive_plan",
            "module.lambda_function.null_resource.archive",
            "module.lambda_function_metadata.aws_cloudwatch_log_group.lambda",
            "module.lambda_function_metadata.aws_iam_policy.additional_inline",
            "module.lambda_function_metadata.aws_iam_policy.additional_json",
            "module.lambda_function_metadata.aws_iam_policy.additional_jsons",
            "module.lambda_function_metadata.aws_iam_policy.async",
            "module.lambda_function_metadata.aws_iam_policy.dead_letter",
            "module.lambda_function_metadata.aws_iam_policy.logs",
            "module.lambda_function_metadata.aws_iam_policy.tracing",
            "module.lambda_function_metadata.aws_iam_policy.vpc",
            "module.lambda_function_metadata.aws_iam_role.lambda",
            "module.lambda_function_metadata.aws_iam_role_policy_attachment.additional_inline",
            "module.lambda_function_metadata.aws_iam_role_policy_attachment.additional_json",
            "module.lambda_function_metadata.aws_iam_role_policy_attachment.additional_jsons",
            "module.lambda_function_metadata.aws_iam_role_policy_attachment.additional_many",
            "module.lambda_function_metadata.aws_iam_role_policy_attachment.additional_one",
            "module.lambda_function_metadata.aws_iam_role_policy_attachment.async",
            "module.lambda_function_metadata.aws_iam_role_policy_attachment.dead_letter",
            "module.lambda_function_metadata.aws_iam_role_policy_attachment.logs",
            "module.lambda_function_metadata.aws_iam_role_policy_attachment.tracing",
            "module.lambda_function_metadata.aws_iam_role_policy_attachment.vpc",
            "module.lambda_function_metadata.aws_lambda_function.this",
            "module.lambda_function_metadata.aws_s3_object.lambda_package",
            "module.lambda_function_metadata.data.aws_arn.log_group_arn",
            "module.lambda_function_metadata.data.aws_cloudwatch_log_group.lambda",
            "module.lambda_function_metadata.data.aws_iam_policy.tracing",
            "module.lambda_function_metadata.data.aws_iam_policy.vpc",
            "module.lambda_function_metadata.data.aws_iam_policy_document.additional_inline",
            "module.lambda_function_metadata.data.aws_iam_policy_document.assume_role",
            "module.lambda_function_metadata.data.aws_iam_policy_document.async",
            "module.lambda_function_metadata.data.aws_iam_policy_document.dead_letter",
            "module.lambda_function_metadata.data.aws_iam_policy_document.logs",
            "module.lambda_function_metadata.data.aws_partition.current",
            "module.lambda_function_metadata.data.external.archive_prepare",
            "module.lambda_function_metadata.local_file.archive_plan",
            "module.lambda_function_metadata.null_resource.archive",
            "module.lambda_function_metadata_2.aws_cloudwatch_log_group.lambda",
            "module.lambda_function_metadata_2.aws_iam_policy.additional_inline",
            "module.lambda_function_metadata_2.aws_iam_policy.additional_json",
            "module.lambda_function_metadata_2.aws_iam_policy.additional_jsons",
            "module.lambda_function_metadata_2.aws_iam_policy.async",
            "module.lambda_function_metadata_2.aws_iam_policy.dead_letter",
            "module.lambda_function_metadata_2.aws_iam_policy.logs",
            "module.lambda_function_metadata_2.aws_iam_policy.tracing",
            "module.lambda_function_metadata_2.aws_iam_policy.vpc",
            "module.lambda_function_metadata_2.aws_iam_role.lambda",
            "module.lambda_function_metadata_2.aws_iam_role_policy_attachment.additional_inline",
            "module.lambda_function_metadata_2.aws_iam_role_policy_attachment.additional_json",
            "module.lambda_function_metadata_2.aws_iam_role_policy_attachment.additional_jsons",
            "module.lambda_function_metadata_2.aws_iam_role_policy_attachment.additional_many",
            "module.lambda_function_metadata_2.aws_iam_role_policy_attachment.additional_one",
            "module.lambda_function_metadata_2.aws_iam_role_policy_attachment.async",
            "module.lambda_function_metadata_2.aws_iam_role_policy_attachment.dead_letter",
            "module.lambda_function_metadata_2.aws_iam_role_policy_attachment.logs",
            "module.lambda_function_metadata_2.aws_iam_role_policy_attachment.tracing",
            "module.lambda_function_metadata_2.aws_iam_role_policy_attachment.vpc",
            "module.lambda_function_metadata_2.aws_lambda_function.this",
            "module.lambda_function_metadata_2.aws_s3_object.lambda_package",
            "module.lambda_function_metadata_2.data.aws_arn.log_group_arn",
            "module.lambda_function_metadata_2.data.aws_cloudwatch_log_group.lambda",
            "module.lambda_function_metadata_2.data.aws_iam_policy.tracing",
            "module.lambda_function_metadata_2.data.aws_iam_policy.vpc",
            "module.lambda_function_metadata_2.data.aws_iam_policy_document.additional_inline",
            "module.lambda_function_metadata_2.data.aws_iam_policy_document.assume_role",
            "module.lambda_function_metadata_2.data.aws_iam_policy_document.async",
            "module.lambda_function_metadata_2.data.aws_iam_policy_document.dead_letter",
            "module.lambda_function_metadata_2.data.aws_iam_policy_document.logs",
            "module.lambda_function_metadata_2.data.aws_partition.current",
            "module.lambda_function_metadata_2.data.external.archive_prepare",
            "module.lambda_function_metadata_2.local_file.archive_plan",
            "module.lambda_function_metadata_2.null_resource.archive",
            "module.s3_bucket.aws_s3_bucket.this",
            "module.s3_bucket.aws_s3_bucket_policy.this",
            "module.s3_bucket.aws_s3_bucket_public_access_block.this",
            "module.s3_bucket.data.aws_caller_identity.current",
            "module.s3_bucket.data.aws_iam_policy_document.access_log_delivery",
            "module.s3_bucket.data.aws_iam_policy_document.combined",
            "module.s3_bucket.data.aws_iam_policy_document.deny_incorrect_encryption_headers",
            "module.s3_bucket.data.aws_iam_policy_document.deny_incorrect_kms_key_sse",
            "module.s3_bucket.data.aws_iam_policy_document.deny_insecure_transport",
            "module.s3_bucket.data.aws_iam_policy_document.deny_unencrypted_object_uploads",
            "module.s3_bucket.data.aws_iam_policy_document.elb_log_delivery",
            "module.s3_bucket.data.aws_iam_policy_document.inventory_and_analytics_destination_policy",
            "module.s3_bucket.data.aws_iam_policy_document.lb_log_delivery",
            "module.s3_bucket.data.aws_iam_policy_document.require_latest_tls",
            "module.s3_bucket.data.aws_partition.current",
            "module.s3_bucket.data.aws_region.current",
            "module.s3_notification.data.aws_partition.this"
          ]
        },
        {
          "index_key": "lambda2",
          "schema_version": 0,
          "attributes": {
            "action": "lambda:InvokeFunction",
            "event_source_token": null,
            "function_name": "ingest-metadata-adc-files-lambda",
            "function_url_auth_type": null,
            "id": "AllowLambdaS3BucketNotification-20240613180726651100000001",
            "principal": "s3.amazonaws.com",
            "principal_org_id": null,
            "qualifier": "",
            "region": "us-east-1",
            "source_account": null,
            "source_arn": "arn:aws:s3:::habhub.data-pipeline-files",
            "statement_id": "AllowLambdaS3BucketNotification-20240613180726651100000001",
            "statement_id_prefix": "AllowLambdaS3BucketNotification-"
          },
          "sensitive_attributes": [],
          "private": "bnVsbA==",
          "dependencies": [
            "data.aws_ecr_authorization_token.token",
            "module.docker_image.aws_ecr_repository.this",
            "module.docker_image.data.aws_caller_identity.this",
            "module.docker_image.data.aws_region.current",
            "module.docker_image.docker_image.this",
            "module.docker_image.docker_registry_image.this",
            "module.docker_image_metadata.aws_ecr_repository.this",
            "module.docker_image_metadata.data.aws_caller_identity.this",
            "module.docker_image_metadata.data.aws_region.current",
            "module.docker_image_metadata.docker_image.this",
            "module.docker_image_metadata.docker_registry_image.this",
            "module.dynamodb_table.aws_dynamodb_table.autoscaled",
            "module.dynamodb_table.aws_dynamodb_table.autoscaled_gsi_ignore",
            "module.dynamodb_table.aws_dynamodb_table.this",
            "module.lambda_function.aws_cloudwatch_log_group.lambda",
            "module.lambda_function.aws_iam_policy.additional_inline",
            "module.lambda_function.aws_iam_policy.additional_json",
            "module.lambda_function.aws_iam_policy.additional_jsons",
            "module.lambda_function.aws_iam_policy.async",
            "module.lambda_function.aws_iam_policy.dead_letter",
            "module.lambda_function.aws_iam_policy.logs",
            "module.lambda_function.aws_iam_policy.tracing",
            "module.lambda_function.aws_iam_policy.vpc",
            "module.lambda_function.aws_iam_role.lambda",
            "module.lambda_function.aws_iam_role_policy_attachment.additional_inline",
            "module.lambda_function.aws_iam_role_policy_attachment.additional_json",
            "module.lambda_function.aws_iam_role_policy_attachment.additional_jsons",
            "module.lambda_function.aws_iam_role_policy_attachment.additional_many",
            "module.lambda_function.aws_iam_role_policy_attachment.additional_one",
            "module.lambda_function.aws_iam_role_policy_attachment.async",
            "module.lambda_function.aws_iam_role_policy_attachment.dead_letter",
            "module.lambda_function.aws_iam_role_policy_attachment.logs",
            "module.lambda_function.aws_iam_role_policy_attachment.tracing",
            "module.lambda_function.aws_iam_role_policy_attachment.vpc",
            "module.lambda_function.aws_lambda_function.this",
            "module.lambda_function.aws_s3_object.lambda_package",
            "module.lambda_function.data.aws_arn.log_group_arn",
            "module.lambda_function.data.aws_cloudwatch_log_group.lambda",
            "module.lambda_function.data.aws_iam_policy.tracing",
            "module.lambda_function.data.aws_iam_policy.vpc",
            "module.lambda_function.data.aws_iam_policy_document.additional_inline",
            "module.lambda_function.data.aws_iam_policy_document.assume_role",
            "module.lambda_function.data.aws_iam_policy_document.async",
            "module.lambda_function.data.aws_iam_policy_document.dead_letter",
            "module.lambda_function.data.aws_iam_policy_document.logs",
            "module.lambda_function.data.aws_partition.current",
            "module.lambda_function.data.external.archive_prepare",
            "module.lambda_function.local_file.archive_plan",
            "module.lambda_function.null_resource.archive",
            "module.lambda_function_metadata.aws_cloudwatch_log_group.lambda",
            "module.lambda_function_metadata.aws_iam_policy.additional_inline",
            "module.lambda_function_metadata.aws_iam_policy.additional_json",
            "module.lambda_function_metadata.aws_iam_policy.additional_jsons",
            "module.lambda_function_metadata.aws_iam_policy.async",
            "module.lambda_function_metadata.aws_iam_policy.dead_letter",
            "module.lambda_function_metadata.aws_iam_policy.logs",
            "module.lambda_function_metadata.aws_iam_policy.tracing",
            "module.lambda_function_metadata.aws_iam_policy.vpc",
            "module.lambda_function_metadata.aws_iam_role.lambda",
            "module.lambda_function_metadata.aws_iam_role_policy_attachment.additional_inline",
            "module.lambda_function_metadata.aws_iam_role_policy_attachment.additional_json",
            "module.lambda_function_metadata.aws_iam_role_policy_attachment.additional_jsons",
            "module.lambda_function_metadata.aws_iam_role_policy_attachment.additional_many",
            "module.lambda_function_metadata.aws_iam_role_policy_attachment.additional_one",
            "module.lambda_function_metadata.aws_iam_role_policy_attachment.async",
            "module.lambda_function_metadata.aws_iam_role_policy_attachment.dead_letter",
            "module.lambda_function_metadata.aws_iam_role_policy_attachment.logs",
            "module.lambda_function_metadata.aws_iam_role_policy_attachment.tracing",
            "module.lambda_function_metadata.aws_iam_role_policy_attachment.vpc",
            "module.lambda_function_metadata.aws_lambda_function.this",
            "module.lambda_function_metadata.aws_s3_object.lambda_package",
            "module.lambda_function_metadata.data.aws_arn.log_group_arn",
            "module.lambda_function_metadata.data.aws_cloudwatch_log_group.lambda",
            "module.lambda_function_metadata.data.aws_iam_policy.tracing",
            "module.lambda_function_metadata.data.aws_iam_policy.vpc",
            "module.lambda_function_metadata.data.aws_iam_policy_document.additional_inline",
            "module.lambda_function_metadata.data.aws_iam_policy_document.assume_role",
            "module.lambda_function_metadata.data.aws_iam_policy_document.async",
            "module.lambda_function_metadata.data.aws_iam_policy_document.dead_letter",
            "module.lambda_function_metadata.data.aws_iam_policy_document.logs",
            "module.lambda_function_metadata.data.aws_partition.current",
            "module.lambda_function_metadata.data.external.archive_prepare",
            "module.lambda_function_metadata.local_file.archive_plan",
            "module.lambda_function_metadata.null_resource.archive",
            "module.lambda_function_metadata_2.aws_cloudwatch_log_group.lambda",
            "module.lambda_function_metadata_2.aws_iam_policy.additional_inline",
            "module.lambda_function_metadata_2.aws_iam_policy.additional_json",
            "module.lambda_function_metadata_2.aws_iam_policy.additional_jsons",
            "module.lambda_function_metadata_2.aws_iam_policy.async",
            "module.lambda_function_metadata_2.aws_iam_policy.dead_letter",
            "module.lambda_function_metadata_2.aws_iam_policy.logs",
            "module.lambda_function_metadata_2.aws_iam_policy.tracing",
            "module.lambda_function_metadata_2.aws_iam_policy.vpc",
            "module.lambda_function_metadata_2.aws_iam_role.lambda",
            "module.lambda_function_metadata_2.aws_iam_role_policy_attachment.additional_inline",
            "module.lambda_function_metadata_2.aws_iam_role_policy_attachment.additional_json",
            "module.lambda_function_metadata_2.aws_iam_role_policy_attachment.additional_jsons",
            "module.lambda_function_metadata_2.aws_iam_role_policy_attachment.additional_many",
            "module.lambda_function_metadata_2.aws_iam_role_policy_attachment.additional_one",
            "module.lambda_function_metadata_2.aws_iam_role_policy_attachment.async",
            "module.lambda_function_metadata_2.aws_iam_role_policy_attachment.dead_letter",
            "module.lambda_function_metadata_2.aws_iam_role_policy_attachment.logs",
            "module.lambda_function_metadata_2.aws_iam_role_policy_attachment.tracing",
            "module.lambda_function_metadata_2.aws_iam_role_policy_attachment.vpc",
            "module.lambda_function_metadata_2.aws_lambda_function.this",
            "module.lambda_function_metadata_2.aws_s3_object.lambda_package",
            "module.lambda_function_metadata_2.data.aws_arn.log_group_arn",
            "module.lambda_function_metadata_2.data.aws_cloudwatch_log_group.lambda",
            "module.lambda_function_metadata_2.data.aws_iam_policy.tracing",
            "module.lambda_function_metadata_2.data.aws_iam_policy.vpc",
            "module.lambda_function_metadata_2.data.aws_iam_policy_document.additional_inline",
            "module.lambda_function_metadata_2.data.aws_iam_policy_document.assume_role",
            "module.lambda_function_metadata_2.data.aws_iam_policy_document.async",
            "module.lambda_function_metadata_2.data.aws_iam_policy_document.dead_letter",
            "module.lambda_function_metadata_2.data.aws_iam_policy_document.logs",
            "module.lambda_function_metadata_2.data.aws_partition.current",
            "module.lambda_function_metadata_2.data.external.archive_prepare",
            "module.lambda_function_metadata_2.local_file.archive_plan",
            "module.lambda_function_metadata_2.null_resource.archive",
            "module.s3_bucket.aws_s3_bucket.this",
            "module.s3_bucket.aws_s3_bucket_policy.this",
            "module.s3_bucket.aws_s3_bucket_public_access_block.this",
            "module.s3_bucket.data.aws_caller_identity.current",
            "module.s3_bucket.data.aws_iam_policy_document.access_log_delivery",
            "module.s3_bucket.data.aws_iam_policy_document.combined",
            "module.s3_bucket.data.aws_iam_policy_document.deny_incorrect_encryption_headers",
            "module.s3_bucket.data.aws_iam_policy_document.deny_incorrect_kms_key_sse",
            "module.s3_bucket.data.aws_iam_policy_document.deny_insecure_transport",
            "module.s3_bucket.data.aws_iam_policy_document.deny_unencrypted_object_uploads",
            "module.s3_bucket.data.aws_iam_policy_document.elb_log_delivery",
            "module.s3_bucket.data.aws_iam_policy_document.inventory_and_analytics_destination_policy",
            "module.s3_bucket.data.aws_iam_policy_document.lb_log_delivery",
            "module.s3_bucket.data.aws_iam_policy_document.require_latest_tls",
            "module.s3_bucket.data.aws_partition.current",
            "module.s3_bucket.data.aws_region.current",
            "module.s3_notification.data.aws_partition.this"
          ]
        },
        {
          "index_key": "lambda3",
          "schema_version": 0,
          "attributes": {
            "action": "lambda:InvokeFunction",
            "event_source_token": null,
            "function_name": "ingest-metadata-hdr-files-lambda",
            "function_url_auth_type": null,
            "id": "AllowLambdaS3BucketNotification-20240618160012670400000003",
            "principal": "s3.amazonaws.com",
            "principal_org_id": null,
            "qualifier": "",
            "region": "us-east-1",
            "source_account": null,
            "source_arn": "arn:aws:s3:::habhub.data-pipeline-files",
            "statement_id": "AllowLambdaS3BucketNotification-20240618160012670400000003",
            "statement_id_prefix": "AllowLambdaS3BucketNotification-"
          },
          "sensitive_attributes": [],
          "private": "bnVsbA==",
          "dependencies": [
            "data.aws_ecr_authorization_token.token",
            "module.docker_image.aws_ecr_repository.this",
            "module.docker_image.data.aws_caller_identity.this",
            "module.docker_image.data.aws_region.current",
            "module.docker_image.docker_image.this",
            "module.docker_image.docker_registry_image.this",
            "module.docker_image_metadata.aws_ecr_repository.this",
            "module.docker_image_metadata.data.aws_caller_identity.this",
            "module.docker_image_metadata.data.aws_region.current",
            "module.docker_image_metadata.docker_image.this",
            "module.docker_image_metadata.docker_registry_image.this",
            "module.dynamodb_table.aws_dynamodb_table.autoscaled",
            "module.dynamodb_table.aws_dynamodb_table.autoscaled_gsi_ignore",
            "module.dynamodb_table.aws_dynamodb_table.this",
            "module.lambda_function.aws_cloudwatch_log_group.lambda",
            "module.lambda_function.aws_iam_policy.additional_inline",
            "module.lambda_function.aws_iam_policy.additional_json",
            "module.lambda_function.aws_iam_policy.additional_jsons",
            "module.lambda_function.aws_iam_policy.async",
            "module.lambda_function.aws_iam_policy.dead_letter",
            "module.lambda_function.aws_iam_policy.logs",
            "module.lambda_function.aws_iam_policy.tracing",
            "module.lambda_function.aws_iam_policy.vpc",
            "module.lambda_function.aws_iam_role.lambda",
            "module.lambda_function.aws_iam_role_policy_attachment.additional_inline",
            "module.lambda_function.aws_iam_role_policy_attachment.additional_json",
            "module.lambda_function.aws_iam_role_policy_attachment.additional_jsons",
            "module.lambda_function.aws_iam_role_policy_attachment.additional_many",
            "module.lambda_function.aws_iam_role_policy_attachment.additional_one",
            "module.lambda_function.aws_iam_role_policy_attachment.async",
            "module.lambda_function.aws_iam_role_policy_attachment.dead_letter",
            "module.lambda_function.aws_iam_role_policy_attachment.logs",
            "module.lambda_function.aws_iam_role_policy_attachment.tracing",
            "module.lambda_function.aws_iam_role_policy_attachment.vpc",
            "module.lambda_function.aws_lambda_function.this",
            "module.lambda_function.aws_s3_object.lambda_package",
            "module.lambda_function.data.aws_arn.log_group_arn",
            "module.lambda_function.data.aws_cloudwatch_log_group.lambda",
            "module.lambda_function.data.aws_iam_policy.tracing",
            "module.lambda_function.data.aws_iam_policy.vpc",
            "module.lambda_function.data.aws_iam_policy_document.additional_inline",
            "module.lambda_function.data.aws_iam_policy_document.assume_role",
            "module.lambda_function.data.aws_iam_policy_document.async",
            "module.lambda_function.data.aws_iam_policy_document.dead_letter",
            "module.lambda_function.data.aws_iam_policy_document.logs",
            "module.lambda_function.data.aws_partition.current",
            "module.lambda_function.data.external.archive_prepare",
            "module.lambda_function.local_file.archive_plan",
            "module.lambda_function.null_resource.archive",
            "module.lambda_function_metadata.aws_cloudwatch_log_group.lambda",
            "module.lambda_function_metadata.aws_iam_policy.additional_inline",
            "module.lambda_function_metadata.aws_iam_policy.additional_json",
            "module.lambda_function_metadata.aws_iam_policy.additional_jsons",
            "module.lambda_function_metadata.aws_iam_policy.async",
            "module.lambda_function_metadata.aws_iam_policy.dead_letter",
            "module.lambda_function_metadata.aws_iam_policy.logs",
            "module.lambda_function_metadata.aws_iam_policy.tracing",
            "module.lambda_function_metadata.aws_iam_policy.vpc",
            "module.lambda_function_metadata.aws_iam_role.lambda",
            "module.lambda_function_metadata.aws_iam_role_policy_attachment.additional_inline",
            "module.lambda_function_metadata.aws_iam_role_policy_attachment.additional_json",
            "module.lambda_function_metadata.aws_iam_role_policy_attachment.additional_jsons",
            "module.lambda_function_metadata.aws_iam_role_policy_attachment.additional_many",
            "module.lambda_function_metadata.aws_iam_role_policy_attachment.additional_one",
            "module.lambda_function_metadata.aws_iam_role_policy_attachment.async",
            "module.lambda_function_metadata.aws_iam_role_policy_attachment.dead_letter",
            "module.lambda_function_metadata.aws_iam_role_policy_attachment.logs",
            "module.lambda_function_metadata.aws_iam_role_policy_attachment.tracing",
            "module.lambda_function_metadata.aws_iam_role_policy_attachment.vpc",
            "module.lambda_function_metadata.aws_lambda_function.this",
            "module.lambda_function_metadata.aws_s3_object.lambda_package",
            "module.lambda_function_metadata.data.aws_arn.log_group_arn",
            "module.lambda_function_metadata.data.aws_cloudwatch_log_group.lambda",
            "module.lambda_function_metadata.data.aws_iam_policy.tracing",
            "module.lambda_function_metadata.data.aws_iam_policy.vpc",
            "module.lambda_function_metadata.data.aws_iam_policy_document.additional_inline",
            "module.lambda_function_metadata.data.aws_iam_policy_document.assume_role",
            "module.lambda_function_metadata.data.aws_iam_policy_document.async",
            "module.lambda_function_metadata.data.aws_iam_policy_document.dead_letter",
            "module.lambda_function_metadata.data.aws_iam_policy_document.logs",
            "module.lambda_function_metadata.data.aws_partition.current",
            "module.lambda_function_metadata.data.external.archive_prepare",
            "module.lambda_function_metadata.local_file.archive_plan",
            "module.lambda_function_metadata.null_resource.archive",
            "module.lambda_function_metadata_2.aws_cloudwatch_log_group.lambda",
            "module.lambda_function_metadata_2.aws_iam_policy.additional_inline",
            "module.lambda_function_metadata_2.aws_iam_policy.additional_json",
            "module.lambda_function_metadata_2.aws_iam_policy.additional_jsons",
            "module.lambda_function_metadata_2.aws_iam_policy.async",
            "module.lambda_function_metadata_2.aws_iam_policy.dead_letter",
            "module.lambda_function_metadata_2.aws_iam_policy.logs",
            "module.lambda_function_metadata_2.aws_iam_policy.tracing",
            "module.lambda_function_metadata_2.aws_iam_policy.vpc",
            "module.lambda_function_metadata_2.aws_iam_role.lambda",
            "module.lambda_function_metadata_2.aws_iam_role_policy_attachment.additional_inline",
            "module.lambda_function_metadata_2.aws_iam_role_policy_attachment.additional_json",
            "module.lambda_function_metadata_2.aws_iam_role_policy_attachment.additional_jsons",
            "module.lambda_function_metadata_2.aws_iam_role_policy_attachment.additional_many",
            "module.lambda_function_metadata_2.aws_iam_role_policy_attachment.additional_one",
            "module.lambda_function_metadata_2.aws_iam_role_policy_attachment.async",
            "module.lambda_function_metadata_2.aws_iam_role_policy_attachment.dead_letter",
            "module.lambda_function_metadata_2.aws_iam_role_policy_attachment.logs",
            "module.lambda_function_metadata_2.aws_iam_role_policy_attachment.tracing",
            "module.lambda_function_metadata_2.aws_iam_role_policy_attachment.vpc",
            "module.lambda_function_metadata_2.aws_lambda_function.this",
            "module.lambda_function_metadata_2.aws_s3_object.lambda_package",
            "module.lambda_function_metadata_2.data.aws_arn.log_group_arn",
            "module.lambda_function_metadata_2.data.aws_cloudwatch_log_group.lambda",
            "module.lambda_function_metadata_2.data.aws_iam_policy.tracing",
            "module.lambda_function_metadata_2.data.aws_iam_policy.vpc",
            "module.lambda_function_metadata_2.data.aws_iam_policy_document.additional_inline",
            "module.lambda_function_metadata_2.data.aws_iam_policy_document.assume_role",
            "module.lambda_function_metadata_2.data.aws_iam_policy_document.async",
            "module.lambda_function_metadata_2.data.aws_iam_policy_document.dead_letter",
            "module.lambda_function_metadata_2.data.aws_iam_policy_document.logs",
            "module.lambda_function_metadata_2.data.aws_partition.current",
            "module.lambda_function_metadata_2.data.external.archive_prepare",
            "module.lambda_function_metadata_2.local_file.archive_plan",
            "module.lambda_function_metadata_2.null_resource.archive",
            "module.s3_bucket.aws_s3_bucket.this",
            "module.s3_bucket.aws_s3_bucket_policy.this",
            "module.s3_bucket.aws_s3_bucket_public_access_block.this",
            "module.s3_bucket.data.aws_caller_identity.current",
            "module.s3_bucket.data.aws_iam_policy_document.access_log_delivery",
            "module.s3_bucket.data.aws_iam_policy_document.combined",
            "module.s3_bucket.data.aws_iam_policy_document.deny_incorrect_encryption_headers",
            "module.s3_bucket.data.aws_iam_policy_document.deny_incorrect_kms_key_sse",
            "module.s3_bucket.data.aws_iam_policy_document.deny_insecure_transport",
            "module.s3_bucket.data.aws_iam_policy_document.deny_unencrypted_object_uploads",
            "module.s3_bucket.data.aws_iam_policy_document.elb_log_delivery",
            "module.s3_bucket.data.aws_iam_policy_document.inventory_and_analytics_destination_policy",
            "module.s3_bucket.data.aws_iam_policy_document.lb_log_delivery",
            "module.s3_bucket.data.aws_iam_policy_document.require_latest_tls",
            "module.s3_bucket.data.aws_partition.current",
            "module.s3_bucket.data.aws_region.current",
            "module.s3_notification.data.aws_partition.this"
          ]
        }
      ]
    },
    {
      "module": "module.s3_notification",
      "mode": "managed",
      "type": "aws_s3_bucket_notification",
      "name": "this",
      "provider": "provider[\"registry.terraform.io/hashicorp/aws\"]",
      "instances": [
        {
          "index_key": 0,
          "schema_version": 0,
          "attributes": {
            "bucket": "habhub.data-pipeline-files",
            "eventbridge": true,
            "id": "habhub.data-pipeline-files",
            "lambda_function": [
              {
                "events": [
                  "s3:ObjectCreated:*"
                ],
                "filter_prefix": "",
                "filter_suffix": ".h5",
                "id": "lambda1",
                "lambda_function_arn": "arn:aws:lambda:us-east-1:139464377685:function:ingest-class-scores-lambda"
              },
              {
                "events": [
                  "s3:ObjectCreated:*"
                ],
                "filter_prefix": "",
                "filter_suffix": ".adc",
                "id": "lambda2",
                "lambda_function_arn": "arn:aws:lambda:us-east-1:139464377685:function:ingest-metadata-adc-files-lambda"
              },
              {
                "events": [
                  "s3:ObjectCreated:*"
                ],
                "filter_prefix": "",
                "filter_suffix": ".hdr",
                "id": "lambda3",
                "lambda_function_arn": "arn:aws:lambda:us-east-1:139464377685:function:ingest-metadata-hdr-files-lambda"
              }
            ],
            "queue": [
              {
                "events": [
                  "s3:ObjectCreated:*"
                ],
                "filter_prefix": "",
                "filter_suffix": ".h5",
                "id": "sqs1",
                "queue_arn": "arn:aws:sqs:us-east-1:139464377685:ingest-class-scores"
              }
            ],
            "region": "us-east-1",
            "topic": []
          },
          "sensitive_attributes": [],
          "private": "bnVsbA==",
          "dependencies": [
            "aws_sqs_queue.main",
            "data.aws_ecr_authorization_token.token",
            "module.docker_image.aws_ecr_repository.this",
            "module.docker_image.data.aws_caller_identity.this",
            "module.docker_image.data.aws_region.current",
            "module.docker_image.docker_image.this",
            "module.docker_image.docker_registry_image.this",
            "module.docker_image_metadata.aws_ecr_repository.this",
            "module.docker_image_metadata.data.aws_caller_identity.this",
            "module.docker_image_metadata.data.aws_region.current",
            "module.docker_image_metadata.docker_image.this",
            "module.docker_image_metadata.docker_registry_image.this",
            "module.dynamodb_table.aws_dynamodb_table.autoscaled",
            "module.dynamodb_table.aws_dynamodb_table.autoscaled_gsi_ignore",
            "module.dynamodb_table.aws_dynamodb_table.this",
            "module.lambda_function.aws_cloudwatch_log_group.lambda",
            "module.lambda_function.aws_iam_policy.additional_inline",
            "module.lambda_function.aws_iam_policy.additional_json",
            "module.lambda_function.aws_iam_policy.additional_jsons",
            "module.lambda_function.aws_iam_policy.async",
            "module.lambda_function.aws_iam_policy.dead_letter",
            "module.lambda_function.aws_iam_policy.logs",
            "module.lambda_function.aws_iam_policy.tracing",
            "module.lambda_function.aws_iam_policy.vpc",
            "module.lambda_function.aws_iam_role.lambda",
            "module.lambda_function.aws_iam_role_policy_attachment.additional_inline",
            "module.lambda_function.aws_iam_role_policy_attachment.additional_json",
            "module.lambda_function.aws_iam_role_policy_attachment.additional_jsons",
            "module.lambda_function.aws_iam_role_policy_attachment.additional_many",
            "module.lambda_function.aws_iam_role_policy_attachment.additional_one",
            "module.lambda_function.aws_iam_role_policy_attachment.async",
            "module.lambda_function.aws_iam_role_policy_attachment.dead_letter",
            "module.lambda_function.aws_iam_role_policy_attachment.logs",
            "module.lambda_function.aws_iam_role_policy_attachment.tracing",
            "module.lambda_function.aws_iam_role_policy_attachment.vpc",
            "module.lambda_function.aws_lambda_function.this",
            "module.lambda_function.aws_s3_object.lambda_package",
            "module.lambda_function.data.aws_arn.log_group_arn",
            "module.lambda_function.data.aws_cloudwatch_log_group.lambda",
            "module.lambda_function.data.aws_iam_policy.tracing",
            "module.lambda_function.data.aws_iam_policy.vpc",
            "module.lambda_function.data.aws_iam_policy_document.additional_inline",
            "module.lambda_function.data.aws_iam_policy_document.assume_role",
            "module.lambda_function.data.aws_iam_policy_document.async",
            "module.lambda_function.data.aws_iam_policy_document.dead_letter",
            "module.lambda_function.data.aws_iam_policy_document.logs",
            "module.lambda_function.data.aws_partition.current",
            "module.lambda_function.data.external.archive_prepare",
            "module.lambda_function.local_file.archive_plan",
            "module.lambda_function.null_resource.archive",
            "module.lambda_function_metadata.aws_cloudwatch_log_group.lambda",
            "module.lambda_function_metadata.aws_iam_policy.additional_inline",
            "module.lambda_function_metadata.aws_iam_policy.additional_json",
            "module.lambda_function_metadata.aws_iam_policy.additional_jsons",
            "module.lambda_function_metadata.aws_iam_policy.async",
            "module.lambda_function_metadata.aws_iam_policy.dead_letter",
            "module.lambda_function_metadata.aws_iam_policy.logs",
            "module.lambda_function_metadata.aws_iam_policy.tracing",
            "module.lambda_function_metadata.aws_iam_policy.vpc",
            "module.lambda_function_metadata.aws_iam_role.lambda",
            "module.lambda_function_metadata.aws_iam_role_policy_attachment.additional_inline",
            "module.lambda_function_metadata.aws_iam_role_policy_attachment.additional_json",
            "module.lambda_function_metadata.aws_iam_role_policy_attachment.additional_jsons",
            "module.lambda_function_metadata.aws_iam_role_policy_attachment.additional_many",
            "module.lambda_function_metadata.aws_iam_role_policy_attachment.additional_one",
            "module.lambda_function_metadata.aws_iam_role_policy_attachment.async",
            "module.lambda_function_metadata.aws_iam_role_policy_attachment.dead_letter",
            "module.lambda_function_metadata.aws_iam_role_policy_attachment.logs",
            "module.lambda_function_metadata.aws_iam_role_policy_attachment.tracing",
            "module.lambda_function_metadata.aws_iam_role_policy_attachment.vpc",
            "module.lambda_function_metadata.aws_lambda_function.this",
            "module.lambda_function_metadata.aws_s3_object.lambda_package",
            "module.lambda_function_metadata.data.aws_arn.log_group_arn",
            "module.lambda_function_metadata.data.aws_cloudwatch_log_group.lambda",
            "module.lambda_function_metadata.data.aws_iam_policy.tracing",
            "module.lambda_function_metadata.data.aws_iam_policy.vpc",
            "module.lambda_function_metadata.data.aws_iam_policy_document.additional_inline",
            "module.lambda_function_metadata.data.aws_iam_policy_document.assume_role",
            "module.lambda_function_metadata.data.aws_iam_policy_document.async",
            "module.lambda_function_metadata.data.aws_iam_policy_document.dead_letter",
            "module.lambda_function_metadata.data.aws_iam_policy_document.logs",
            "module.lambda_function_metadata.data.aws_partition.current",
            "module.lambda_function_metadata.data.external.archive_prepare",
            "module.lambda_function_metadata.local_file.archive_plan",
            "module.lambda_function_metadata.null_resource.archive",
            "module.lambda_function_metadata_2.aws_cloudwatch_log_group.lambda",
            "module.lambda_function_metadata_2.aws_iam_policy.additional_inline",
            "module.lambda_function_metadata_2.aws_iam_policy.additional_json",
            "module.lambda_function_metadata_2.aws_iam_policy.additional_jsons",
            "module.lambda_function_metadata_2.aws_iam_policy.async",
            "module.lambda_function_metadata_2.aws_iam_policy.dead_letter",
            "module.lambda_function_metadata_2.aws_iam_policy.logs",
            "module.lambda_function_metadata_2.aws_iam_policy.tracing",
            "module.lambda_function_metadata_2.aws_iam_policy.vpc",
            "module.lambda_function_metadata_2.aws_iam_role.lambda",
            "module.lambda_function_metadata_2.aws_iam_role_policy_attachment.additional_inline",
            "module.lambda_function_metadata_2.aws_iam_role_policy_attachment.additional_json",
            "module.lambda_function_metadata_2.aws_iam_role_policy_attachment.additional_jsons",
            "module.lambda_function_metadata_2.aws_iam_role_policy_attachment.additional_many",
            "module.lambda_function_metadata_2.aws_iam_role_policy_attachment.additional_one",
            "module.lambda_function_metadata_2.aws_iam_role_policy_attachment.async",
            "module.lambda_function_metadata_2.aws_iam_role_policy_attachment.dead_letter",
            "module.lambda_function_metadata_2.aws_iam_role_policy_attachment.logs",
            "module.lambda_function_metadata_2.aws_iam_role_policy_attachment.tracing",
            "module.lambda_function_metadata_2.aws_iam_role_policy_attachment.vpc",
            "module.lambda_function_metadata_2.aws_lambda_function.this",
            "module.lambda_function_metadata_2.aws_s3_object.lambda_package",
            "module.lambda_function_metadata_2.data.aws_arn.log_group_arn",
            "module.lambda_function_metadata_2.data.aws_cloudwatch_log_group.lambda",
            "module.lambda_function_metadata_2.data.aws_iam_policy.tracing",
            "module.lambda_function_metadata_2.data.aws_iam_policy.vpc",
            "module.lambda_function_metadata_2.data.aws_iam_policy_document.additional_inline",
            "module.lambda_function_metadata_2.data.aws_iam_policy_document.assume_role",
            "module.lambda_function_metadata_2.data.aws_iam_policy_document.async",
            "module.lambda_function_metadata_2.data.aws_iam_policy_document.dead_letter",
            "module.lambda_function_metadata_2.data.aws_iam_policy_document.logs",
            "module.lambda_function_metadata_2.data.aws_partition.current",
            "module.lambda_function_metadata_2.data.external.archive_prepare",
            "module.lambda_function_metadata_2.local_file.archive_plan",
            "module.lambda_function_metadata_2.null_resource.archive",
            "module.s3_bucket.aws_s3_bucket.this",
            "module.s3_bucket.aws_s3_bucket_policy.this",
            "module.s3_bucket.aws_s3_bucket_public_access_block.this",
            "module.s3_bucket.data.aws_caller_identity.current",
            "module.s3_bucket.data.aws_iam_policy_document.access_log_delivery",
            "module.s3_bucket.data.aws_iam_policy_document.combined",
            "module.s3_bucket.data.aws_iam_policy_document.deny_incorrect_encryption_headers",
            "module.s3_bucket.data.aws_iam_policy_document.deny_incorrect_kms_key_sse",
            "module.s3_bucket.data.aws_iam_policy_document.deny_insecure_transport",
            "module.s3_bucket.data.aws_iam_policy_document.deny_unencrypted_object_uploads",
            "module.s3_bucket.data.aws_iam_policy_document.elb_log_delivery",
            "module.s3_bucket.data.aws_iam_policy_document.inventory_and_analytics_destination_policy",
            "module.s3_bucket.data.aws_iam_policy_document.lb_log_delivery",
            "module.s3_bucket.data.aws_iam_policy_document.require_latest_tls",
            "module.s3_bucket.data.aws_partition.current",
            "module.s3_bucket.data.aws_region.current",
            "module.s3_notification.aws_lambda_permission.allow",
            "module.s3_notification.aws_sns_topic_policy.allow",
            "module.s3_notification.aws_sqs_queue_policy.allow",
            "module.s3_notification.data.aws_arn.queue",
            "module.s3_notification.data.aws_iam_policy_document.sns",
            "module.s3_notification.data.aws_iam_policy_document.sqs",
            "module.s3_notification.data.aws_partition.this"
          ]
        }
      ]
    },
    {
      "module": "module.s3_notification",
      "mode": "managed",
      "type": "aws_sns_topic_policy",
      "name": "allow",
      "provider": "provider[\"registry.terraform.io/hashicorp/aws\"]",
      "instances": []
    },
    {
      "module": "module.s3_notification",
      "mode": "managed",
      "type": "aws_sqs_queue_policy",
      "name": "allow",
      "provider": "provider[\"registry.terraform.io/hashicorp/aws\"]",
      "instances": [
        {
          "index_key": "sqs1",
          "schema_version": 1,
          "attributes": {
            "id": "https://sqs.us-east-1.amazonaws.com/139464377685/ingest-class-scores",
            "policy": "{\"Statement\":[{\"Action\":\"sqs:SendMessage\",\"Condition\":{\"ArnEquals\":{\"aws:SourceArn\":\"arn:aws:s3:::habhub.data-pipeline-files\"}},\"Effect\":\"Allow\",\"Principal\":{\"Service\":\"s3.amazonaws.com\"},\"Resource\":\"arn:aws:sqs:us-east-1:139464377685:ingest-class-scores\",\"Sid\":\"AllowSQSS3BucketNotification\"}],\"Version\":\"2012-10-17\"}",
            "queue_url": "https://sqs.us-east-1.amazonaws.com/139464377685/ingest-class-scores",
            "region": "us-east-1"
          },
          "sensitive_attributes": [],
          "private": "eyJzY2hlbWFfdmVyc2lvbiI6IjEifQ==",
          "dependencies": [
            "aws_sqs_queue.main",
            "module.s3_bucket.aws_s3_bucket.this",
            "module.s3_bucket.aws_s3_bucket_policy.this",
            "module.s3_bucket.aws_s3_bucket_public_access_block.this",
            "module.s3_bucket.data.aws_caller_identity.current",
            "module.s3_bucket.data.aws_iam_policy_document.access_log_delivery",
            "module.s3_bucket.data.aws_iam_policy_document.combined",
            "module.s3_bucket.data.aws_iam_policy_document.deny_incorrect_encryption_headers",
            "module.s3_bucket.data.aws_iam_policy_document.deny_incorrect_kms_key_sse",
            "module.s3_bucket.data.aws_iam_policy_document.deny_insecure_transport",
            "module.s3_bucket.data.aws_iam_policy_document.deny_unencrypted_object_uploads",
            "module.s3_bucket.data.aws_iam_policy_document.elb_log_delivery",
            "module.s3_bucket.data.aws_iam_policy_document.inventory_and_analytics_destination_policy",
            "module.s3_bucket.data.aws_iam_policy_document.lb_log_delivery",
            "module.s3_bucket.data.aws_iam_policy_document.require_latest_tls",
            "module.s3_bucket.data.aws_partition.current",
            "module.s3_bucket.data.aws_region.current",
            "module.s3_notification.data.aws_arn.queue",
            "module.s3_notification.data.aws_iam_policy_document.sqs",
            "module.s3_notification.data.aws_partition.this"
          ]
        }
      ]
    }
  ],
  "check_results": null
}
