{
  "version": 4,
  "terraform_version": "1.8.5",
  "serial": 725,
  "lineage": "a5eac384-8d44-9552-8f48-4ff69f39f103",
  "outputs": {},
  "resources": [
    {
      "mode": "data",
      "type": "aws_ecr_authorization_token",
      "name": "token",
      "provider": "provider[\"registry.terraform.io/hashicorp/aws\"]",
      "instances": [
        {
          "schema_version": 0,
          "attributes": {
            "authorization_token": "QVdTOmV5SndZWGxzYjJGa0lqb2lhMmxvVUVGaWJETXljMGNyTDFoUk5tSTRhMmxUY0dwSVdsTjZWMFE0Unk4M05qRkRjRkU1VkVGM01uZ3ZZMlo0ZFdaNlZGVkhjakJDVEVwVlEyeFRZMVZSUTJFd1VWQllabE5sYkdJNVJEWmthREZWWTNaUUszcHFWbXBpZUhNMU5UQXlObFZsYlZoemNqVllVMWwyYUV4dE1UQTNLMUEzSzNCRlZYUXpVMHBuVmt0RFdWTkpRVVF5ZHl0blEwMHZOVzh2Y2xweGQwOVNNVlV2YW5Oa2RtOVdORkpaYldseVkwUlZiazlaWmpad05WRjRkVzRyWkhSbGVUSlNjU3RoYTJoSVJ6VTJOa05wUzBkb05XdHRWSFJZVmxWbFlsQkRhVllyWlhrNGJHSlhRa3hOU210MVdrbE1XR1JxVURKRFVrb3ZkVFY0YTBFd0wzQXZiRkV6ZVZjdk4wZEtUVEpyYVZaS1ZFRkpiekZTY2t4V1FpdGplRkF2Y1dKWWVqVk9iMVJOTm01bmNGbFhjV1ppYkhBNFFVcGFWMjB2VkhKMFF5dEhla1YwZWxZeVVDOHlVemd5Tm5wU2VtNXFSVkIwUzB0aVpWQlBNR1pDWlZGd1N6SmFTa3h6ZW05SWVWSXplVlJ6YVVNemJXUldVRFJVZEVwWFYybHlhSGhQU1UwM2FtbDFhSEJIWlM5SFJXUkJiRXhXVWxoTVZWazNTbFZFUkV0SldVcFdlRE5zTTJ0MWFHUkpkVUZwTTB0TGIwUlZMMWRSZW5scVp6WTVWR042U0c1MU5GWmxZelo2VUN0YWVXTjNTMjVXVjJWR1lXRTJTV0ZDYzBaME4yeE1kV3AwYzFSVGFrRlFZMHB0VDFSdlVsWnJjRFowVFhkaE1FSkNXbmxSZDNWQkwxaHphRlozYldKQ0swdG9ZVzVPYmt4eVR6UXJTV1ZrU0haVFMzQnBlRUU0TTJreVRsbzBMMFZTVlM5RlFqaENZbFVyVUhSb1RFUmFWVXRuYldOcmNXTmpRVEJFZHpab1lUbHdSR1JxZWt0b1NVbGpia2hXZGk5RFVUSmhabkl4UVUxWmRtWkdTMHBpUTJsaEswODBNVGxIYjNReVZYbzFVbFk0UWtrdllqWjBXbkF6TjFJeVExWjRMMHh1Y1hWbFV6Vm9ObFJaV2k5cVQyODVWSGwzYzJWRVIwVTJTMFpDVjBoYU9FaDVXRE5wVEdndlEzTlhOMnhHUkdkM1FscGhTRVJVVjNKSU1sZE5UaXRITjJ4MFQzTnhjVkJLY25WdVZXWkRjM0ZTVTNGMGIwNWliVU5rYWtSeFpUQTJNR3ROVkhWd1ozVndOVzVpUm5CT1ZUSTRkakpEZWs5WGMyUjBUblV5ZDNKQ01sWkdPU3RsUWpVNFRsRTFVRXd4VVhGU05HeG9Ua0p5Y21ocFJYaHZXbkJwVUZWMVl6TjJSV2QzZUV4S2JFRmhkaXN5V2l0TVdHOHJXRTVyYUc4MldWTXphUzlLZUhSWk1saGpSSFI0TVdoaFNtNXRVWGx3VTJoYWFYQTBOMjlLWldWcE5qaEJjRUZIVEhKTE4zVXhMM2RqWW1sRlJuZDJhMmN5ZG5GRWNIYzBjMWRoTXpJemRIbHVhRmt4TjNVMVUxZDVObXROTURWRldUTnRXVXMwUkM5NFprUkplbUpJYjBKUlJYUklObTVQYkVWRmVUTk5UbkUyZDFvclVIWk5iR1pGUWk5UVRsQkZNamd5VGs5SGRDczVRM1ZXVkU1b1ZrbHBRa1ZTYlVGUVYwZ3ZWMWRJTnpOMU5GcFVNM1IwZFVrNGRVRTRVRkZJTDJZeWEyaHVOVWRoVGxCWk9WQlJSelZ2T1dKcldIVjNZVTh2YTFSMmQzVkpabFJDY2swM1NHY3lVVU13WjBGT05saG5TMHM0WjFoYWIzVnFNVzl1TTBST2JtVkdXbEJxUWpsUUx6azBhMUl2YldOUWJVeElaVnBzVDFoVWIzRkhWVmgyT1VWMGNFSmtObTVsYlUwMk5URlFiMDAyVUZCTFpTdENLekprWmxKRldrNXRaVU5tWjNaV1JubE9TVzlqVkhaSWNUWjRRa0UwYWtnd2JVaHJhWGhrY0hOMlYzSjVabVZyZVZGSWFtNXJUbmt3VUVWak9WSndkM0Z4U0dVeVJWcDNUbTFhV2xCNWRrODRhMVExVkRCSlQwbGpNM1JDWkM5SWRVRmFOWFJtT0N0UGRFZFlNRzlHWldkTmMxUlljVGcwTlRoSVRFOTViR3RNTTAxd1VXZERjRlZSYlUxQlJuZHVjRWN2WjBGbFprOUxUMDFqV0U1MllXeFRlVFI2Y2tocVFsQlJUamMwZVZCelZsUnRUbU5xUkdoRFZVSXZTVFZCU2tOUFJYcE5kelIxY0ZJMk0wRk5NR3hCUjBoTFpFUXlSMHh4Tm5KR1JYRlhNRlZTYm5JMllsVTRlVVJUV1VnMGVHUmpkbmRDU25SalNrTllkbmxaYXl0emNVNVliWGhwUkhNMlJVTlJUMWswU3k5dlExZHFSRU5vYmtFaUxDSmtZWFJoYTJWNUlqb2lRVkZGUWtGSWFIZHRNRmxoU1ZOS1pWSjBTbTAxYmpGSE5uVnhaV1ZyV0hWdldGaFFaVFZWUm1ObE9WSnhPQzh4TkhkQlFVRklOSGRtUVZsS1MyOWFTV2gyWTA1QlVXTkhiMGM0ZDJKUlNVSkJSRUp2UW1kcmNXaHJhVWM1ZHpCQ1FuZEZkMGhuV1VwWlNWcEpRVmRWUkVKQlJYVk5Ra1ZGUkVjM2MzYzBSRWRIUmt4UVFuZzJjVmRSU1VKRlNVRTNaVzA1VFZOaFlUQm9jVVJGY21kTWF6VmxTblZVT0dOSlRWVjFXbEJZYjJSMWRFTmtlbU4yYlZWWFREUTBNMHRLWlhnellYRllNazVWT1VOMGVtWk5SMlpZUkRoQ1VEVm9jMWhEWjBoRVZUMGlMQ0oyWlhKemFXOXVJam9pTWlJc0luUjVjR1VpT2lKRVFWUkJYMHRGV1NJc0ltVjRjR2x5WVhScGIyNGlPakUzTVRrd05EZ3dNemw5",
            "expires_at": "2024-06-22T09:20:39Z",
            "id": "us-east-1",
            "password": "eyJwYXlsb2FkIjoia2loUEFibDMyc0crL1hRNmI4a2lTcGpIWlN6V0Q4Ry83NjFDcFE5VEF3MngvY2Z4dWZ6VFVHcjBCTEpVQ2xTY1VRQ2EwUVBYZlNlbGI5RDZkaDFVY3ZQK3pqVmpieHM1NTAyNlVlbVhzcjVYU1l2aExtMTA3K1A3K3BFVXQzU0pnVktDWVNJQUQydytnQ00vNW8vclpxd09SMVUvanNkdm9WNFJZbWlyY0RVbk9ZZjZwNVF4dW4rZHRleTJScStha2hIRzU2NkNpS0doNWttVHRYVlVlYlBDaVYrZXk4bGJXQkxNSmt1WklMWGRqUDJDUkovdTV4a0EwL3AvbFEzeVcvN0dKTTJraVZKVEFJbzFSckxWQitjeFAvcWJYejVOb1RNNm5ncFlXcWZibHA4QUpaV20vVHJ0QytHekV0elYyUC8yUzgyNnpSem5qRVB0S0tiZVBPMGZCZVFwSzJaSkxzem9IeVIzeVRzaUMzbWRWUDRUdEpXV2lyaHhPSU03aml1aHBHZS9HRWRBbExWUlhMVVk3SlVEREtJWUpWeDNsM2t1aGRJdUFpM0tLb0RVL1dRenlqZzY5VGN6SG51NFZlYzZ6UCtaeWN3S25WV2VGYWE2SWFCc0Z0N2xMdWp0c1RTakFQY0ptT1RvUlZrcDZ0TXdhMEJCWnlRd3VBL1hzaFZ3bWJCK0toYW5ObkxyTzQrSWVkSHZTS3BpeEE4M2kyTlo0L0VSVS9FQjhCYlUrUHRoTERaVUtnbWNrcWNjQTBEdzZoYTlwRGRqektoSUljbkhWdi9DUTJhZnIxQU1ZdmZGS0piQ2lhK080MTlHb3QyVXo1UlY4QkkvYjZ0WnAzN1IyQ1Z4L0xucXVlUzVoNlRZWi9qT285VHl3c2VER0U2S0ZCV0haOEh5WDNpTGgvQ3NXN2xGRGd3QlphSERUV3JIMldNTitHN2x0T3NxcVBKcnVuVWZDc3FSU3F0b05ibUNkakRxZTA2MGtNVHVwZ3VwNW5iRnBOVTI4djJDek9Xc2R0TnUyd3JCMlZGOStlQjU4TlE1UEwxUXFSNGxoTkJycmhpRXhvWnBpUFV1YzN2RWd3eExKbEFhdisyWitMWG8rWE5raG82WVMzaS9KeHRZMlhjRHR4MWhhSm5tUXlwU2haaXA0N29KZWVpNjhBcEFHTHJLN3UxL3djYmlFRnd2a2cydnFEcHc0c1dhMzIzdHluaFkxN3U1U1d5NmtNMDVFWTNtWUs0RC94ZkRJemJIb0JRRXRINm5PbEVFeTNNTnE2d1orUHZNbGZFQi9QTlBFMjgyTk9HdCs5Q3VWVE5oVklpQkVSbUFQV0gvV1dINzN1NFpUM3R0dUk4dUE4UFFIL2Yya2huNUdhTlBZOVBRRzVvOWJrWHV3YU8va1R2d3VJZlRCck03SGcyUUMwZ0FONlhnS0s4Z1hab3VqMW9uM0RObmVGWlBqQjlQLzk0a1IvbWNQbUxIZVpsT1hUb3FHVVh2OUV0cEJkNm5lbU02NTFQb002UFBLZStCKzJkZlJFWk5tZUNmZ3ZWRnlOSW9jVHZIcTZ4QkE0akgwbUhraXhkcHN2V3J5ZmVreVFIam5rTnkwUEVjOVJwd3FxSGUyRVp3Tm1aWlB5dk84a1Q1VDBJT0ljM3RCZC9IdUFaNXRmOCtPdEdYMG9GZWdNc1RYcTg0NThITE95bGtMM01wUWdDcFVRbU1BRnducEcvZ0FlZk9LT01jWE52YWxTeTR6ckhqQlBRTjc0eVBzVlRtTmNqRGhDVUIvSTVBSkNPRXpNdzR1cFI2M0FNMGxBR0hLZEQyR0xxNnJGRXFXMFVSbnI2YlU4eURTWUg0eGRjdndCSnRjSkNYdnlZaytzcU5YbXhpRHM2RUNRT1k0Sy9vQ1dqRENobkEiLCJkYXRha2V5IjoiQVFFQkFIaHdtMFlhSVNKZVJ0Sm01bjFHNnVxZWVrWHVvWFhQZTVVRmNlOVJxOC8xNHdBQUFINHdmQVlKS29aSWh2Y05BUWNHb0c4d2JRSUJBREJvQmdrcWhraUc5dzBCQndFd0hnWUpZSVpJQVdVREJBRXVNQkVFREc3c3c0REdHRkxQQng2cVdRSUJFSUE3ZW05TVNhYTBocURFcmdMazVlSnVUOGNJTVV1WlBYb2R1dENkemN2bVVXTDQ0M0tKZXgzYXFYMk5VOUN0emZNR2ZYRDhCUDVoc1hDZ0hEVT0iLCJ2ZXJzaW9uIjoiMiIsInR5cGUiOiJEQVRBX0tFWSIsImV4cGlyYXRpb24iOjE3MTkwNDgwMzl9",
            "proxy_endpoint": "https://139464377685.dkr.ecr.us-east-1.amazonaws.com",
            "registry_id": null,
            "user_name": "AWS"
          },
          "sensitive_attributes": [
            [
              {
                "type": "get_attr",
                "value": "authorization_token"
              }
            ],
            [
              {
                "type": "get_attr",
                "value": "password"
              }
            ]
          ]
        }
      ]
    },
    {
      "mode": "managed",
      "type": "aws_iam_user",
      "name": "prod_bucket",
      "provider": "provider[\"registry.terraform.io/hashicorp/aws\"]",
      "instances": [
        {
          "schema_version": 0,
          "attributes": {
            "arn": "arn:aws:iam::139464377685:user/habhub-data-pipeline-s3-bucket",
            "force_destroy": false,
            "id": "habhub-data-pipeline-s3-bucket",
            "name": "habhub-data-pipeline-s3-bucket",
            "path": "/",
            "permissions_boundary": "",
            "tags": {},
            "tags_all": {},
            "unique_id": "AIDASA6FZQVK76HTZF47X"
          },
          "sensitive_attributes": [],
          "private": "bnVsbA=="
        }
      ]
    },
    {
      "mode": "managed",
      "type": "aws_iam_user_policy",
      "name": "prod_bucket",
      "provider": "provider[\"registry.terraform.io/hashicorp/aws\"]",
      "instances": [
        {
          "schema_version": 0,
          "attributes": {
            "id": "habhub-data-pipeline-s3-bucket:terraform-20240412171436765900000001",
            "name": "terraform-20240412171436765900000001",
            "name_prefix": "terraform-",
            "policy": "{\"Version\":\"2012-10-17\",\"Statement\":[{\"Action\":[\"s3:*\"],\"Effect\":\"Allow\",\"Resource\":[\"arn:aws:s3:::habhub.data-pipeline-files\",\"arn:aws:s3:::habhub.data-pipeline-files/*\"]}]}",
            "user": "habhub-data-pipeline-s3-bucket"
          },
          "sensitive_attributes": [],
          "private": "bnVsbA==",
          "dependencies": [
            "aws_iam_user.prod_bucket",
            "module.s3_bucket.aws_s3_bucket.this"
          ]
        }
      ]
    },
    {
      "mode": "managed",
      "type": "aws_security_group",
      "name": "lambda_sg",
      "provider": "provider[\"registry.terraform.io/hashicorp/aws\"]",
      "instances": [
        {
          "schema_version": 1,
          "attributes": {
            "arn": "arn:aws:ec2:us-east-1:139464377685:security-group/sg-0462faadf7ff41662",
            "description": "Allow TLS inbound traffic and all outbound traffic",
            "egress": [
              {
                "cidr_blocks": [
                  "0.0.0.0/0"
                ],
                "description": "",
                "from_port": 0,
                "ipv6_cidr_blocks": [
                  "::/0"
                ],
                "prefix_list_ids": [],
                "protocol": "-1",
                "security_groups": [],
                "self": false,
                "to_port": 0
              }
            ],
            "id": "sg-0462faadf7ff41662",
            "ingress": [],
            "name": "lambda_sg",
            "name_prefix": "",
            "owner_id": "139464377685",
            "revoke_rules_on_delete": false,
            "tags": {},
            "tags_all": {},
            "timeouts": null,
            "vpc_id": "vpc-0f786e98f5cdba188"
          },
          "sensitive_attributes": [],
          "private": "eyJlMmJmYjczMC1lY2FhLTExZTYtOGY4OC0zNDM2M2JjN2M0YzAiOnsiY3JlYXRlIjo2MDAwMDAwMDAwMDAsImRlbGV0ZSI6OTAwMDAwMDAwMDAwfSwic2NoZW1hX3ZlcnNpb24iOiIxIn0="
        }
      ]
    },
    {
      "mode": "managed",
      "type": "aws_vpc_security_group_egress_rule",
      "name": "allow_all_traffic_ipv4",
      "provider": "provider[\"registry.terraform.io/hashicorp/aws\"]",
      "instances": [
        {
          "schema_version": 0,
          "attributes": {
            "arn": "arn:aws:ec2:us-east-1:139464377685:security-group-rule/sgr-06a7526ae218b922d",
            "cidr_ipv4": "0.0.0.0/0",
            "cidr_ipv6": null,
            "description": null,
            "from_port": null,
            "id": "sgr-06a7526ae218b922d",
            "ip_protocol": "-1",
            "prefix_list_id": null,
            "referenced_security_group_id": null,
            "security_group_id": "sg-0462faadf7ff41662",
            "security_group_rule_id": "sgr-06a7526ae218b922d",
            "tags": null,
            "tags_all": {},
            "to_port": null
          },
          "sensitive_attributes": [],
          "dependencies": [
            "aws_security_group.lambda_sg"
          ]
        }
      ]
    },
    {
      "mode": "managed",
      "type": "aws_vpc_security_group_egress_rule",
      "name": "allow_all_traffic_ipv6",
      "provider": "provider[\"registry.terraform.io/hashicorp/aws\"]",
      "instances": [
        {
          "schema_version": 0,
          "attributes": {
            "arn": "arn:aws:ec2:us-east-1:139464377685:security-group-rule/sgr-0bbbd5c741cd31082",
            "cidr_ipv4": null,
            "cidr_ipv6": "::/0",
            "description": null,
            "from_port": null,
            "id": "sgr-0bbbd5c741cd31082",
            "ip_protocol": "-1",
            "prefix_list_id": null,
            "referenced_security_group_id": null,
            "security_group_id": "sg-0462faadf7ff41662",
            "security_group_rule_id": "sgr-0bbbd5c741cd31082",
            "tags": null,
            "tags_all": {},
            "to_port": null
          },
          "sensitive_attributes": [],
          "dependencies": [
            "aws_security_group.lambda_sg"
          ]
        }
      ]
    },
    {
      "module": "module.docker_image",
      "mode": "data",
      "type": "aws_caller_identity",
      "name": "this",
      "provider": "provider[\"registry.terraform.io/hashicorp/aws\"]",
      "instances": [
        {
          "schema_version": 0,
          "attributes": {
            "account_id": "139464377685",
            "arn": "arn:aws:sts::139464377685:assumed-role/AWSReservedSSO_AWSAdministratorAccess_a1d37e058008aa2e/eandrews_admin@whoi.edu",
            "id": "139464377685",
            "user_id": "AROASA6FZQVKXTDX4RQKP:eandrews_admin@whoi.edu"
          },
          "sensitive_attributes": []
        }
      ]
    },
    {
      "module": "module.docker_image",
      "mode": "data",
      "type": "aws_region",
      "name": "current",
      "provider": "provider[\"registry.terraform.io/hashicorp/aws\"]",
      "instances": [
        {
          "schema_version": 0,
          "attributes": {
            "description": "US East (N. Virginia)",
            "endpoint": "ec2.us-east-1.amazonaws.com",
            "id": "us-east-1",
            "name": "us-east-1"
          },
          "sensitive_attributes": []
        }
      ]
    },
    {
      "module": "module.docker_image",
      "mode": "managed",
      "type": "aws_ecr_repository",
      "name": "this",
      "provider": "provider[\"registry.terraform.io/hashicorp/aws\"]",
      "instances": [
        {
          "index_key": 0,
          "schema_version": 0,
          "attributes": {
            "arn": "arn:aws:ecr:us-east-1:139464377685:repository/ingest-class-scores-lambda",
            "encryption_configuration": [
              {
                "encryption_type": "AES256",
                "kms_key": ""
              }
            ],
            "force_delete": true,
            "id": "ingest-class-scores-lambda",
            "image_scanning_configuration": [
              {
                "scan_on_push": false
              }
            ],
            "image_tag_mutability": "MUTABLE",
            "name": "ingest-class-scores-lambda",
            "registry_id": "139464377685",
            "repository_url": "139464377685.dkr.ecr.us-east-1.amazonaws.com/ingest-class-scores-lambda",
            "tags": {},
            "tags_all": {},
            "timeouts": null
          },
          "sensitive_attributes": [],
          "private": "eyJlMmJmYjczMC1lY2FhLTExZTYtOGY4OC0zNDM2M2JjN2M0YzAiOnsiZGVsZXRlIjoxMjAwMDAwMDAwMDAwfX0="
        }
      ]
    },
    {
      "module": "module.docker_image",
      "mode": "managed",
      "type": "docker_image",
      "name": "this",
      "provider": "provider[\"registry.terraform.io/kreuzwerker/docker\"]",
      "instances": [
        {
          "schema_version": 0,
          "attributes": {
            "build": [
              {
                "auth_config": [],
                "build_arg": null,
                "build_args": null,
                "build_id": "",
                "cache_from": [],
                "cgroup_parent": "",
                "context": "./../lambdas/ingest-class-scores",
                "cpu_period": null,
                "cpu_quota": null,
                "cpu_set_cpus": "",
                "cpu_set_mems": "",
                "cpu_shares": null,
                "dockerfile": "Dockerfile",
                "extra_hosts": [],
                "force_remove": null,
                "isolation": "",
                "label": null,
                "labels": null,
                "memory": null,
                "memory_swap": null,
                "network_mode": "",
                "no_cache": null,
                "platform": "",
                "pull_parent": null,
                "remote_context": "",
                "remove": true,
                "security_opt": [],
                "session_id": "",
                "shm_size": null,
                "squash": null,
                "suppress_output": null,
                "tag": [],
                "target": "",
                "ulimit": [],
                "version": ""
              }
            ],
            "force_remove": false,
            "id": "sha256:3172516735d379d4f138f5d54ac237626f3c13b27d4cd79b3de32d7c05a67155139464377685.dkr.ecr.us-east-1.amazonaws.com/ingest-class-scores-lambda:1.15",
            "image_id": "sha256:3172516735d379d4f138f5d54ac237626f3c13b27d4cd79b3de32d7c05a67155",
            "keep_locally": false,
            "name": "139464377685.dkr.ecr.us-east-1.amazonaws.com/ingest-class-scores-lambda:1.15",
            "platform": null,
            "pull_triggers": null,
            "repo_digest": "",
            "triggers": null
          },
          "sensitive_attributes": [],
          "private": "bnVsbA==",
          "dependencies": [
            "data.aws_ecr_authorization_token.token",
            "module.docker_image.aws_ecr_repository.this",
            "module.docker_image.data.aws_caller_identity.this",
            "module.docker_image.data.aws_region.current"
          ]
        }
      ]
    },
    {
      "module": "module.docker_image",
      "mode": "managed",
      "type": "docker_registry_image",
      "name": "this",
      "provider": "provider[\"registry.terraform.io/kreuzwerker/docker\"]",
      "instances": [
        {
          "schema_version": 0,
          "attributes": {
            "id": "sha256:5fdb225154027b3a5c444a9d6a6a4d0fdcd875e2709dd3a55684270fa77a5bc7",
            "insecure_skip_verify": false,
            "keep_remotely": false,
            "name": "139464377685.dkr.ecr.us-east-1.amazonaws.com/ingest-class-scores-lambda:1.15",
            "sha256_digest": "sha256:5fdb225154027b3a5c444a9d6a6a4d0fdcd875e2709dd3a55684270fa77a5bc7",
            "triggers": {
              "image_id": "sha256:3172516735d379d4f138f5d54ac237626f3c13b27d4cd79b3de32d7c05a67155"
            }
          },
          "sensitive_attributes": [],
          "private": "bnVsbA==",
          "dependencies": [
            "data.aws_ecr_authorization_token.token",
            "module.docker_image.aws_ecr_repository.this",
            "module.docker_image.data.aws_caller_identity.this",
            "module.docker_image.data.aws_region.current",
            "module.docker_image.docker_image.this"
          ]
        }
      ]
    },
    {
      "module": "module.docker_image_metadata",
      "mode": "data",
      "type": "aws_caller_identity",
      "name": "this",
      "provider": "provider[\"registry.terraform.io/hashicorp/aws\"]",
      "instances": [
        {
          "schema_version": 0,
          "attributes": {
            "account_id": "139464377685",
            "arn": "arn:aws:sts::139464377685:assumed-role/AWSReservedSSO_AWSAdministratorAccess_a1d37e058008aa2e/eandrews_admin@whoi.edu",
            "id": "139464377685",
            "user_id": "AROASA6FZQVKXTDX4RQKP:eandrews_admin@whoi.edu"
          },
          "sensitive_attributes": []
        }
      ]
    },
    {
      "module": "module.docker_image_metadata",
      "mode": "data",
      "type": "aws_region",
      "name": "current",
      "provider": "provider[\"registry.terraform.io/hashicorp/aws\"]",
      "instances": [
        {
          "schema_version": 0,
          "attributes": {
            "description": "US East (N. Virginia)",
            "endpoint": "ec2.us-east-1.amazonaws.com",
            "id": "us-east-1",
            "name": "us-east-1"
          },
          "sensitive_attributes": []
        }
      ]
    },
    {
      "module": "module.docker_image_metadata",
      "mode": "managed",
      "type": "aws_ecr_repository",
      "name": "this",
      "provider": "provider[\"registry.terraform.io/hashicorp/aws\"]",
      "instances": [
        {
          "index_key": 0,
          "schema_version": 0,
          "attributes": {
            "arn": "arn:aws:ecr:us-east-1:139464377685:repository/ingest-metadata-adc-files-lambda",
            "encryption_configuration": [
              {
                "encryption_type": "AES256",
                "kms_key": ""
              }
            ],
            "force_delete": true,
            "id": "ingest-metadata-adc-files-lambda",
            "image_scanning_configuration": [
              {
                "scan_on_push": false
              }
            ],
            "image_tag_mutability": "MUTABLE",
            "name": "ingest-metadata-adc-files-lambda",
            "registry_id": "139464377685",
            "repository_url": "139464377685.dkr.ecr.us-east-1.amazonaws.com/ingest-metadata-adc-files-lambda",
            "tags": {},
            "tags_all": {},
            "timeouts": null
          },
          "sensitive_attributes": [],
          "private": "eyJlMmJmYjczMC1lY2FhLTExZTYtOGY4OC0zNDM2M2JjN2M0YzAiOnsiZGVsZXRlIjoxMjAwMDAwMDAwMDAwfX0="
        }
      ]
    },
    {
      "module": "module.docker_image_metadata",
      "mode": "managed",
      "type": "docker_image",
      "name": "this",
      "provider": "provider[\"registry.terraform.io/kreuzwerker/docker\"]",
      "instances": [
        {
          "schema_version": 0,
          "attributes": {
            "build": [
              {
                "auth_config": [],
                "build_arg": {},
                "build_args": {},
                "build_id": "",
                "cache_from": [],
                "cgroup_parent": "",
                "context": "./../lambdas/ingest-metadata-adc-files",
                "cpu_period": 0,
                "cpu_quota": 0,
                "cpu_set_cpus": "",
                "cpu_set_mems": "",
                "cpu_shares": 0,
                "dockerfile": "Dockerfile",
                "extra_hosts": [],
                "force_remove": false,
                "isolation": "",
                "label": {},
                "labels": {},
                "memory": 0,
                "memory_swap": 0,
                "network_mode": "",
                "no_cache": false,
                "platform": "",
                "pull_parent": false,
                "remote_context": "",
                "remove": true,
                "security_opt": [],
                "session_id": "",
                "shm_size": 0,
                "squash": false,
                "suppress_output": false,
                "tag": [],
                "target": "",
                "ulimit": [],
                "version": ""
              }
            ],
            "force_remove": false,
            "id": "sha256:692cf3c67b84eaade4ad57b7294e5988f3bbe8a5a43f7799a5265d6e60a9cc93139464377685.dkr.ecr.us-east-1.amazonaws.com/ingest-metadata-adc-files-lambda:1.9",
            "image_id": "sha256:692cf3c67b84eaade4ad57b7294e5988f3bbe8a5a43f7799a5265d6e60a9cc93",
            "keep_locally": false,
            "name": "139464377685.dkr.ecr.us-east-1.amazonaws.com/ingest-metadata-adc-files-lambda:1.9",
            "platform": null,
            "pull_triggers": null,
            "repo_digest": "139464377685.dkr.ecr.us-east-1.amazonaws.com/ingest-metadata-adc-files-lambda@sha256:145add7ada7b7bd92a8074684d24e83cfd919e701322cd5e4ec2f862a6cdfeb7",
            "triggers": null
          },
          "sensitive_attributes": [],
          "private": "bnVsbA==",
          "dependencies": [
            "data.aws_ecr_authorization_token.token",
            "module.docker_image_metadata.aws_ecr_repository.this",
            "module.docker_image_metadata.data.aws_caller_identity.this",
            "module.docker_image_metadata.data.aws_region.current"
          ]
        }
      ]
    },
    {
      "module": "module.docker_image_metadata",
      "mode": "managed",
      "type": "docker_registry_image",
      "name": "this",
      "provider": "provider[\"registry.terraform.io/kreuzwerker/docker\"]",
      "instances": [
        {
          "schema_version": 0,
          "attributes": {
            "id": "sha256:145add7ada7b7bd92a8074684d24e83cfd919e701322cd5e4ec2f862a6cdfeb7",
            "insecure_skip_verify": false,
            "keep_remotely": false,
            "name": "139464377685.dkr.ecr.us-east-1.amazonaws.com/ingest-metadata-adc-files-lambda:1.9",
            "sha256_digest": "sha256:145add7ada7b7bd92a8074684d24e83cfd919e701322cd5e4ec2f862a6cdfeb7",
            "triggers": {
              "image_id": "sha256:692cf3c67b84eaade4ad57b7294e5988f3bbe8a5a43f7799a5265d6e60a9cc93"
            }
          },
          "sensitive_attributes": [],
          "private": "bnVsbA==",
          "dependencies": [
            "data.aws_ecr_authorization_token.token",
            "module.docker_image_metadata.aws_ecr_repository.this",
            "module.docker_image_metadata.data.aws_caller_identity.this",
            "module.docker_image_metadata.data.aws_region.current",
            "module.docker_image_metadata.docker_image.this"
          ]
        }
      ]
    },
    {
      "module": "module.dynamodb_table",
      "mode": "managed",
      "type": "aws_dynamodb_table",
      "name": "this",
      "provider": "provider[\"registry.terraform.io/hashicorp/aws\"]",
      "instances": [
        {
          "index_key": 0,
          "schema_version": 1,
          "attributes": {
            "arn": "arn:aws:dynamodb:us-east-1:139464377685:table/habhub-bins-metadata",
            "attribute": [
              {
                "name": "pid",
                "type": "S"
              }
            ],
            "billing_mode": "PAY_PER_REQUEST",
            "deletion_protection_enabled": false,
            "global_secondary_index": [],
            "hash_key": "pid",
            "id": "habhub-bins-metadata",
            "import_table": [],
            "local_secondary_index": [],
            "name": "habhub-bins-metadata",
            "point_in_time_recovery": [
              {
                "enabled": false
              }
            ],
            "range_key": null,
            "read_capacity": 0,
            "replica": [],
            "restore_date_time": null,
            "restore_source_name": null,
            "restore_to_latest_time": null,
            "server_side_encryption": [],
            "stream_arn": "",
            "stream_enabled": false,
            "stream_label": "",
            "stream_view_type": "",
            "table_class": "STANDARD",
            "tags": {
              "Name": "habhub-bins-metadata",
              "Project": "habhub-data-pipeline"
            },
            "tags_all": {
              "Name": "habhub-bins-metadata",
              "Project": "habhub-data-pipeline"
            },
            "timeouts": {
              "create": "10m",
              "delete": "10m",
              "update": "60m"
            },
            "ttl": [
              {
                "attribute_name": "",
                "enabled": false
              }
            ],
            "write_capacity": 0
          },
          "sensitive_attributes": [],
          "private": "eyJlMmJmYjczMC1lY2FhLTExZTYtOGY4OC0zNDM2M2JjN2M0YzAiOnsiY3JlYXRlIjo2MDAwMDAwMDAwMDAsImRlbGV0ZSI6NjAwMDAwMDAwMDAwLCJ1cGRhdGUiOjM2MDAwMDAwMDAwMDB9LCJzY2hlbWFfdmVyc2lvbiI6IjEifQ=="
        }
      ]
    },
    {
      "module": "module.lambda_function",
      "mode": "data",
      "type": "aws_caller_identity",
      "name": "current",
      "provider": "provider[\"registry.terraform.io/hashicorp/aws\"]",
      "instances": [
        {
          "schema_version": 0,
          "attributes": {
            "account_id": "139464377685",
            "arn": "arn:aws:sts::139464377685:assumed-role/AWSReservedSSO_AWSAdministratorAccess_a1d37e058008aa2e/eandrews_admin@whoi.edu",
            "id": "139464377685",
            "user_id": "AROASA6FZQVKXTDX4RQKP:eandrews_admin@whoi.edu"
          },
          "sensitive_attributes": []
        }
      ]
    },
    {
      "module": "module.lambda_function",
      "mode": "data",
      "type": "aws_iam_policy",
      "name": "vpc",
      "provider": "provider[\"registry.terraform.io/hashicorp/aws\"]",
      "instances": [
        {
          "index_key": 0,
          "schema_version": 0,
          "attributes": {
            "arn": "arn:aws:iam::aws:policy/service-role/AWSLambdaENIManagementAccess",
            "description": "Provides minimum permissions for a Lambda function to manage ENIs (create, describe, delete) used by a VPC-enabled Lambda Function.",
            "id": "arn:aws:iam::aws:policy/service-role/AWSLambdaENIManagementAccess",
            "name": "AWSLambdaENIManagementAccess",
            "path": "/service-role/",
            "path_prefix": null,
            "policy": "{\n  \"Version\": \"2012-10-17\",\n  \"Statement\": [\n    {\n      \"Effect\": \"Allow\",\n      \"Action\": [\n        \"ec2:CreateNetworkInterface\",\n        \"ec2:DescribeNetworkInterfaces\",\n        \"ec2:DeleteNetworkInterface\",\n        \"ec2:AssignPrivateIpAddresses\",\n        \"ec2:UnassignPrivateIpAddresses\"\n      ],\n      \"Resource\": \"*\"\n    }\n  ]\n}",
            "policy_id": "ANPAJXAW2Q3KPTURUT2QC",
            "tags": {}
          },
          "sensitive_attributes": []
        }
      ]
    },
    {
      "module": "module.lambda_function",
      "mode": "data",
      "type": "aws_iam_policy_document",
      "name": "additional_inline",
      "provider": "provider[\"registry.terraform.io/hashicorp/aws\"]",
      "instances": [
        {
          "index_key": 0,
          "schema_version": 0,
          "attributes": {
            "id": "3374360499",
            "json": "{\n  \"Version\": \"2012-10-17\",\n  \"Statement\": [\n    {\n      \"Sid\": \"DynamoItems\",\n      \"Effect\": \"Allow\",\n      \"Action\": [\n        \"dynamodb:UpdateItem\",\n        \"dynamodb:PutItem\",\n        \"dynamodb:GetItem\"\n      ],\n      \"Resource\": \"arn:aws:dynamodb:us-east-1:139464377685:table/habhub-bins-metadata\"\n    },\n    {\n      \"Sid\": \"GetS3Objects\",\n      \"Effect\": \"Allow\",\n      \"Action\": [\n        \"s3:GetObject\",\n        \"s3:DeleteObject\"\n      ],\n      \"Resource\": [\n        \"arn:aws:s3:::habhub.data-pipeline-files/*\",\n        \"arn:aws:s3:::habhub.data-pipeline-files\"\n      ]\n    },\n    {\n      \"Sid\": \"OpenSearch\",\n      \"Effect\": \"Allow\",\n      \"Action\": \"es:*\",\n      \"Resource\": \"arn:aws:es:us-east-1:139464377685:domain/habhub-prod/*\"\n    }\n  ]\n}",
            "override_policy_documents": null,
            "policy_id": null,
            "source_policy_documents": null,
            "statement": [
              {
                "actions": [
                  "dynamodb:GetItem",
                  "dynamodb:PutItem",
                  "dynamodb:UpdateItem"
                ],
                "condition": [],
                "effect": "Allow",
                "not_actions": [],
                "not_principals": [],
                "not_resources": [],
                "principals": [],
                "resources": [
                  "arn:aws:dynamodb:us-east-1:139464377685:table/habhub-bins-metadata"
                ],
                "sid": "DynamoItems"
              },
              {
                "actions": [
                  "s3:DeleteObject",
                  "s3:GetObject"
                ],
                "condition": [],
                "effect": "Allow",
                "not_actions": [],
                "not_principals": [],
                "not_resources": [],
                "principals": [],
                "resources": [
                  "arn:aws:s3:::habhub.data-pipeline-files",
                  "arn:aws:s3:::habhub.data-pipeline-files/*"
                ],
                "sid": "GetS3Objects"
              },
              {
                "actions": [
                  "es:*"
                ],
                "condition": [],
                "effect": "Allow",
                "not_actions": [],
                "not_principals": [],
                "not_resources": [],
                "principals": [],
                "resources": [
                  "arn:aws:es:us-east-1:139464377685:domain/habhub-prod/*"
                ],
                "sid": "OpenSearch"
              }
            ],
            "version": "2012-10-17"
          },
          "sensitive_attributes": []
        }
      ]
    },
    {
      "module": "module.lambda_function",
      "mode": "data",
      "type": "aws_iam_policy_document",
      "name": "assume_role",
      "provider": "provider[\"registry.terraform.io/hashicorp/aws\"]",
      "instances": [
        {
          "index_key": 0,
          "schema_version": 0,
          "attributes": {
            "id": "2690255455",
            "json": "{\n  \"Version\": \"2012-10-17\",\n  \"Statement\": [\n    {\n      \"Effect\": \"Allow\",\n      \"Action\": \"sts:AssumeRole\",\n      \"Principal\": {\n        \"Service\": \"lambda.amazonaws.com\"\n      }\n    }\n  ]\n}",
            "override_policy_documents": null,
            "policy_id": null,
            "source_policy_documents": null,
            "statement": [
              {
                "actions": [
                  "sts:AssumeRole"
                ],
                "condition": [],
                "effect": "Allow",
                "not_actions": [],
                "not_principals": [],
                "not_resources": [],
                "principals": [
                  {
                    "identifiers": [
                      "lambda.amazonaws.com"
                    ],
                    "type": "Service"
                  }
                ],
                "resources": [],
                "sid": ""
              }
            ],
            "version": "2012-10-17"
          },
          "sensitive_attributes": []
        }
      ]
    },
    {
      "module": "module.lambda_function",
      "mode": "data",
      "type": "aws_iam_policy_document",
      "name": "logs",
      "provider": "provider[\"registry.terraform.io/hashicorp/aws\"]",
      "instances": [
        {
          "index_key": 0,
          "schema_version": 0,
          "attributes": {
            "id": "2742649719",
            "json": "{\n  \"Version\": \"2012-10-17\",\n  \"Statement\": [\n    {\n      \"Effect\": \"Allow\",\n      \"Action\": [\n        \"logs:PutLogEvents\",\n        \"logs:CreateLogStream\",\n        \"logs:CreateLogGroup\"\n      ],\n      \"Resource\": [\n        \"arn:aws:logs:us-east-1:139464377685:log-group:/aws/lambda/ingest-class-scores-lambda:*:*\",\n        \"arn:aws:logs:us-east-1:139464377685:log-group:/aws/lambda/ingest-class-scores-lambda:*\"\n      ]\n    }\n  ]\n}",
            "override_policy_documents": null,
            "policy_id": null,
            "source_policy_documents": null,
            "statement": [
              {
                "actions": [
                  "logs:CreateLogGroup",
                  "logs:CreateLogStream",
                  "logs:PutLogEvents"
                ],
                "condition": [],
                "effect": "Allow",
                "not_actions": [],
                "not_principals": [],
                "not_resources": [],
                "principals": [],
                "resources": [
                  "arn:aws:logs:us-east-1:139464377685:log-group:/aws/lambda/ingest-class-scores-lambda:*",
                  "arn:aws:logs:us-east-1:139464377685:log-group:/aws/lambda/ingest-class-scores-lambda:*:*"
                ],
                "sid": ""
              }
            ],
            "version": "2012-10-17"
          },
          "sensitive_attributes": []
        }
      ]
    },
    {
      "module": "module.lambda_function",
      "mode": "data",
      "type": "aws_partition",
      "name": "current",
      "provider": "provider[\"registry.terraform.io/hashicorp/aws\"]",
      "instances": [
        {
          "schema_version": 0,
          "attributes": {
            "dns_suffix": "amazonaws.com",
            "id": "aws",
            "partition": "aws",
            "reverse_dns_prefix": "com.amazonaws"
          },
          "sensitive_attributes": []
        }
      ]
    },
    {
      "module": "module.lambda_function",
      "mode": "data",
      "type": "aws_region",
      "name": "current",
      "provider": "provider[\"registry.terraform.io/hashicorp/aws\"]",
      "instances": [
        {
          "schema_version": 0,
          "attributes": {
            "description": "US East (N. Virginia)",
            "endpoint": "ec2.us-east-1.amazonaws.com",
            "id": "us-east-1",
            "name": "us-east-1"
          },
          "sensitive_attributes": []
        }
      ]
    },
    {
      "module": "module.lambda_function",
      "mode": "managed",
      "type": "aws_cloudwatch_log_group",
      "name": "lambda",
      "provider": "provider[\"registry.terraform.io/hashicorp/aws\"]",
      "instances": [
        {
          "index_key": 0,
          "schema_version": 0,
          "attributes": {
            "arn": "arn:aws:logs:us-east-1:139464377685:log-group:/aws/lambda/ingest-class-scores-lambda",
            "id": "/aws/lambda/ingest-class-scores-lambda",
            "kms_key_id": "",
            "log_group_class": "STANDARD",
            "name": "/aws/lambda/ingest-class-scores-lambda",
            "name_prefix": "",
            "retention_in_days": 0,
            "skip_destroy": false,
            "tags": {},
            "tags_all": {}
          },
          "sensitive_attributes": [],
          "private": "bnVsbA=="
        }
      ]
    },
    {
      "module": "module.lambda_function",
      "mode": "managed",
      "type": "aws_iam_policy",
      "name": "additional_inline",
      "provider": "provider[\"registry.terraform.io/hashicorp/aws\"]",
      "instances": [
        {
          "index_key": 0,
          "schema_version": 0,
          "attributes": {
            "arn": "arn:aws:iam::139464377685:policy/ingest-class-scores-lambda-inline",
            "description": "",
            "id": "arn:aws:iam::139464377685:policy/ingest-class-scores-lambda-inline",
            "name": "ingest-class-scores-lambda-inline",
            "name_prefix": "",
            "path": "/",
            "policy": "{\"Statement\":[{\"Action\":[\"dynamodb:UpdateItem\",\"dynamodb:PutItem\",\"dynamodb:GetItem\"],\"Effect\":\"Allow\",\"Resource\":\"arn:aws:dynamodb:us-east-1:139464377685:table/habhub-bins-metadata\",\"Sid\":\"DynamoItems\"},{\"Action\":[\"s3:GetObject\",\"s3:DeleteObject\"],\"Effect\":\"Allow\",\"Resource\":[\"arn:aws:s3:::habhub.data-pipeline-files/*\",\"arn:aws:s3:::habhub.data-pipeline-files\"],\"Sid\":\"GetS3Objects\"},{\"Action\":\"es:*\",\"Effect\":\"Allow\",\"Resource\":\"arn:aws:es:us-east-1:139464377685:domain/habhub-prod/*\",\"Sid\":\"OpenSearch\"}],\"Version\":\"2012-10-17\"}",
            "policy_id": "ANPASA6FZQVK2ABDH64OF",
            "tags": {},
            "tags_all": {}
          },
          "sensitive_attributes": [],
          "private": "bnVsbA==",
          "dependencies": [
            "module.dynamodb_table.aws_dynamodb_table.autoscaled",
            "module.dynamodb_table.aws_dynamodb_table.autoscaled_gsi_ignore",
            "module.dynamodb_table.aws_dynamodb_table.this",
            "module.lambda_function.data.aws_iam_policy_document.additional_inline",
            "module.s3_bucket.aws_s3_bucket.this"
          ]
        }
      ]
    },
    {
      "module": "module.lambda_function",
      "mode": "managed",
      "type": "aws_iam_policy",
      "name": "logs",
      "provider": "provider[\"registry.terraform.io/hashicorp/aws\"]",
      "instances": [
        {
          "index_key": 0,
          "schema_version": 0,
          "attributes": {
            "arn": "arn:aws:iam::139464377685:policy/ingest-class-scores-lambda-logs",
            "description": "",
            "id": "arn:aws:iam::139464377685:policy/ingest-class-scores-lambda-logs",
            "name": "ingest-class-scores-lambda-logs",
            "name_prefix": "",
            "path": "/",
            "policy": "{\"Statement\":[{\"Action\":[\"logs:PutLogEvents\",\"logs:CreateLogStream\",\"logs:CreateLogGroup\"],\"Effect\":\"Allow\",\"Resource\":[\"arn:aws:logs:us-east-1:139464377685:log-group:/aws/lambda/ingest-class-scores-lambda:*:*\",\"arn:aws:logs:us-east-1:139464377685:log-group:/aws/lambda/ingest-class-scores-lambda:*\"]}],\"Version\":\"2012-10-17\"}",
            "policy_id": "ANPASA6FZQVKXWJZXHFF5",
            "tags": {},
            "tags_all": {}
          },
          "sensitive_attributes": [],
          "private": "bnVsbA==",
          "dependencies": [
            "module.lambda_function.aws_cloudwatch_log_group.lambda",
            "module.lambda_function.data.aws_arn.log_group_arn",
            "module.lambda_function.data.aws_cloudwatch_log_group.lambda",
            "module.lambda_function.data.aws_iam_policy_document.logs"
          ]
        }
      ]
    },
    {
      "module": "module.lambda_function",
      "mode": "managed",
      "type": "aws_iam_policy",
      "name": "vpc",
      "provider": "provider[\"registry.terraform.io/hashicorp/aws\"]",
      "instances": [
        {
          "index_key": 0,
          "schema_version": 0,
          "attributes": {
            "arn": "arn:aws:iam::139464377685:policy/ingest-class-scores-lambda-vpc",
            "description": "",
            "id": "arn:aws:iam::139464377685:policy/ingest-class-scores-lambda-vpc",
            "name": "ingest-class-scores-lambda-vpc",
            "name_prefix": "",
            "path": "/",
            "policy": "{\"Statement\":[{\"Action\":[\"ec2:CreateNetworkInterface\",\"ec2:DescribeNetworkInterfaces\",\"ec2:DeleteNetworkInterface\",\"ec2:AssignPrivateIpAddresses\",\"ec2:UnassignPrivateIpAddresses\"],\"Effect\":\"Allow\",\"Resource\":\"*\"}],\"Version\":\"2012-10-17\"}",
            "policy_id": "ANPASA6FZQVK35IK6TGWG",
            "tags": {},
            "tags_all": {}
          },
          "sensitive_attributes": [],
          "private": "bnVsbA==",
          "dependencies": [
            "module.lambda_function.data.aws_iam_policy.vpc",
            "module.lambda_function.data.aws_partition.current"
          ]
        }
      ]
    },
    {
      "module": "module.lambda_function",
      "mode": "managed",
      "type": "aws_iam_role",
      "name": "lambda",
      "provider": "provider[\"registry.terraform.io/hashicorp/aws\"]",
      "instances": [
        {
          "index_key": 0,
          "schema_version": 0,
          "attributes": {
            "arn": "arn:aws:iam::139464377685:role/ingest-class-scores-lambda",
            "assume_role_policy": "{\"Statement\":[{\"Action\":\"sts:AssumeRole\",\"Effect\":\"Allow\",\"Principal\":{\"Service\":\"lambda.amazonaws.com\"}}],\"Version\":\"2012-10-17\"}",
            "create_date": "2024-03-05T19:47:40Z",
            "description": "",
            "force_detach_policies": true,
            "id": "ingest-class-scores-lambda",
            "inline_policy": [],
            "managed_policy_arns": [
              "arn:aws:iam::139464377685:policy/ingest-class-scores-lambda-inline",
              "arn:aws:iam::139464377685:policy/ingest-class-scores-lambda-logs",
              "arn:aws:iam::139464377685:policy/ingest-class-scores-lambda-vpc"
            ],
            "max_session_duration": 3600,
            "name": "ingest-class-scores-lambda",
            "name_prefix": "",
            "path": "/",
            "permissions_boundary": "",
            "tags": {},
            "tags_all": {},
            "unique_id": "AROASA6FZQVK5XH5BIUS2"
          },
          "sensitive_attributes": [],
          "private": "bnVsbA==",
          "dependencies": [
            "module.lambda_function.data.aws_iam_policy_document.assume_role"
          ]
        }
      ]
    },
    {
      "module": "module.lambda_function",
      "mode": "managed",
      "type": "aws_iam_role_policy_attachment",
      "name": "additional_inline",
      "provider": "provider[\"registry.terraform.io/hashicorp/aws\"]",
      "instances": [
        {
          "index_key": 0,
          "schema_version": 0,
          "attributes": {
            "id": "ingest-class-scores-lambda-20240306181134958800000001",
            "policy_arn": "arn:aws:iam::139464377685:policy/ingest-class-scores-lambda-inline",
            "role": "ingest-class-scores-lambda"
          },
          "sensitive_attributes": [],
          "private": "bnVsbA==",
          "dependencies": [
            "module.dynamodb_table.aws_dynamodb_table.autoscaled",
            "module.dynamodb_table.aws_dynamodb_table.autoscaled_gsi_ignore",
            "module.dynamodb_table.aws_dynamodb_table.this",
            "module.lambda_function.aws_iam_policy.additional_inline",
            "module.lambda_function.aws_iam_role.lambda",
            "module.lambda_function.data.aws_iam_policy_document.additional_inline",
            "module.lambda_function.data.aws_iam_policy_document.assume_role",
            "module.s3_bucket.aws_s3_bucket.this"
          ]
        }
      ]
    },
    {
      "module": "module.lambda_function",
      "mode": "managed",
      "type": "aws_iam_role_policy_attachment",
      "name": "logs",
      "provider": "provider[\"registry.terraform.io/hashicorp/aws\"]",
      "instances": [
        {
          "index_key": 0,
          "schema_version": 0,
          "attributes": {
            "id": "ingest-class-scores-lambda-20240305194740678400000001",
            "policy_arn": "arn:aws:iam::139464377685:policy/ingest-class-scores-lambda-logs",
            "role": "ingest-class-scores-lambda"
          },
          "sensitive_attributes": [],
          "private": "bnVsbA==",
          "dependencies": [
            "module.lambda_function.aws_cloudwatch_log_group.lambda",
            "module.lambda_function.aws_iam_policy.logs",
            "module.lambda_function.aws_iam_role.lambda",
            "module.lambda_function.data.aws_arn.log_group_arn",
            "module.lambda_function.data.aws_cloudwatch_log_group.lambda",
            "module.lambda_function.data.aws_iam_policy_document.assume_role",
            "module.lambda_function.data.aws_iam_policy_document.logs"
          ]
        }
      ]
    },
    {
      "module": "module.lambda_function",
      "mode": "managed",
      "type": "aws_iam_role_policy_attachment",
      "name": "vpc",
      "provider": "provider[\"registry.terraform.io/hashicorp/aws\"]",
      "instances": [
        {
          "index_key": 0,
          "schema_version": 0,
          "attributes": {
            "id": "ingest-class-scores-lambda-20240618210158570900000001",
            "policy_arn": "arn:aws:iam::139464377685:policy/ingest-class-scores-lambda-vpc",
            "role": "ingest-class-scores-lambda"
          },
          "sensitive_attributes": [],
          "private": "bnVsbA==",
          "dependencies": [
            "module.lambda_function.aws_iam_policy.vpc",
            "module.lambda_function.aws_iam_role.lambda",
            "module.lambda_function.data.aws_iam_policy.vpc",
            "module.lambda_function.data.aws_iam_policy_document.assume_role",
            "module.lambda_function.data.aws_partition.current"
          ]
        }
      ]
    },
    {
      "module": "module.lambda_function",
      "mode": "managed",
      "type": "aws_lambda_function",
      "name": "this",
      "provider": "provider[\"registry.terraform.io/hashicorp/aws\"]",
      "instances": [
        {
          "index_key": 0,
          "schema_version": 0,
          "attributes": {
            "architectures": [
              "x86_64"
            ],
            "arn": "arn:aws:lambda:us-east-1:139464377685:function:ingest-class-scores-lambda",
            "code_signing_config_arn": "",
            "dead_letter_config": [],
            "description": "Ingest classifier scores from H5 files",
            "environment": [],
            "ephemeral_storage": [
              {
                "size": 512
              }
            ],
            "file_system_config": [],
            "filename": null,
            "function_name": "ingest-class-scores-lambda",
            "handler": "",
            "id": "ingest-class-scores-lambda",
            "image_config": [],
            "image_uri": "139464377685.dkr.ecr.us-east-1.amazonaws.com/ingest-class-scores-lambda:1.15",
            "invoke_arn": "arn:aws:apigateway:us-east-1:lambda:path/2015-03-31/functions/arn:aws:lambda:us-east-1:139464377685:function:ingest-class-scores-lambda/invocations",
            "kms_key_arn": "",
            "last_modified": "2024-06-21T21:21:44.000+0000",
            "layers": [],
            "logging_config": [
              {
                "application_log_level": "",
                "log_format": "Text",
                "log_group": "/aws/lambda/ingest-class-scores-lambda",
                "system_log_level": ""
              }
            ],
            "memory_size": 256,
            "package_type": "Image",
            "publish": true,
            "qualified_arn": "arn:aws:lambda:us-east-1:139464377685:function:ingest-class-scores-lambda:30",
            "qualified_invoke_arn": "arn:aws:apigateway:us-east-1:lambda:path/2015-03-31/functions/arn:aws:lambda:us-east-1:139464377685:function:ingest-class-scores-lambda:30/invocations",
            "replace_security_groups_on_destroy": null,
            "replacement_security_group_ids": null,
            "reserved_concurrent_executions": -1,
            "role": "arn:aws:iam::139464377685:role/ingest-class-scores-lambda",
            "runtime": "",
            "s3_bucket": null,
            "s3_key": null,
            "s3_object_version": null,
            "signing_job_arn": "",
            "signing_profile_version_arn": "",
            "skip_destroy": false,
            "snap_start": [],
            "source_code_hash": "5fdb225154027b3a5c444a9d6a6a4d0fdcd875e2709dd3a55684270fa77a5bc7",
            "source_code_size": 0,
            "tags": {},
            "tags_all": {},
            "timeout": 300,
            "timeouts": null,
            "tracing_config": [
              {
                "mode": "PassThrough"
              }
            ],
            "version": "30",
            "vpc_config": [
              {
                "ipv6_allowed_for_dual_stack": false,
                "security_group_ids": [
                  "sg-0462faadf7ff41662"
                ],
                "subnet_ids": [
                  "subnet-04dcb4b0fe6271d4b",
                  "subnet-08d09516ed3c309e5"
                ],
                "vpc_id": "vpc-0f786e98f5cdba188"
              }
            ]
          },
          "sensitive_attributes": [],
          "private": "eyJlMmJmYjczMC1lY2FhLTExZTYtOGY4OC0zNDM2M2JjN2M0YzAiOnsiY3JlYXRlIjo2MDAwMDAwMDAwMDAsImRlbGV0ZSI6NjAwMDAwMDAwMDAwLCJ1cGRhdGUiOjYwMDAwMDAwMDAwMH19",
          "dependencies": [
            "aws_security_group.lambda_sg",
            "data.aws_ecr_authorization_token.token",
            "module.docker_image.aws_ecr_repository.this",
            "module.docker_image.data.aws_caller_identity.this",
            "module.docker_image.data.aws_region.current",
            "module.docker_image.docker_image.this",
            "module.docker_image.docker_registry_image.this",
            "module.dynamodb_table.aws_dynamodb_table.autoscaled",
            "module.dynamodb_table.aws_dynamodb_table.autoscaled_gsi_ignore",
            "module.dynamodb_table.aws_dynamodb_table.this",
            "module.lambda_function.aws_cloudwatch_log_group.lambda",
            "module.lambda_function.aws_iam_policy.additional_inline",
            "module.lambda_function.aws_iam_policy.additional_json",
            "module.lambda_function.aws_iam_policy.additional_jsons",
            "module.lambda_function.aws_iam_policy.async",
            "module.lambda_function.aws_iam_policy.dead_letter",
            "module.lambda_function.aws_iam_policy.logs",
            "module.lambda_function.aws_iam_policy.tracing",
            "module.lambda_function.aws_iam_policy.vpc",
            "module.lambda_function.aws_iam_role.lambda",
            "module.lambda_function.aws_iam_role_policy_attachment.additional_inline",
            "module.lambda_function.aws_iam_role_policy_attachment.additional_json",
            "module.lambda_function.aws_iam_role_policy_attachment.additional_jsons",
            "module.lambda_function.aws_iam_role_policy_attachment.additional_many",
            "module.lambda_function.aws_iam_role_policy_attachment.additional_one",
            "module.lambda_function.aws_iam_role_policy_attachment.async",
            "module.lambda_function.aws_iam_role_policy_attachment.dead_letter",
            "module.lambda_function.aws_iam_role_policy_attachment.logs",
            "module.lambda_function.aws_iam_role_policy_attachment.tracing",
            "module.lambda_function.aws_iam_role_policy_attachment.vpc",
            "module.lambda_function.aws_s3_object.lambda_package",
            "module.lambda_function.data.aws_arn.log_group_arn",
            "module.lambda_function.data.aws_cloudwatch_log_group.lambda",
            "module.lambda_function.data.aws_iam_policy.tracing",
            "module.lambda_function.data.aws_iam_policy.vpc",
            "module.lambda_function.data.aws_iam_policy_document.additional_inline",
            "module.lambda_function.data.aws_iam_policy_document.assume_role",
            "module.lambda_function.data.aws_iam_policy_document.async",
            "module.lambda_function.data.aws_iam_policy_document.dead_letter",
            "module.lambda_function.data.aws_iam_policy_document.logs",
            "module.lambda_function.data.aws_partition.current",
            "module.lambda_function.data.external.archive_prepare",
            "module.lambda_function.local_file.archive_plan",
            "module.lambda_function.null_resource.archive",
            "module.s3_bucket.aws_s3_bucket.this"
          ]
        }
      ]
    },
    {
      "module": "module.lambda_function",
      "mode": "managed",
      "type": "aws_lambda_permission",
      "name": "current_version_triggers",
      "provider": "provider[\"registry.terraform.io/hashicorp/aws\"]",
      "instances": [
        {
          "index_key": "AllowExecutionFromS3Bucket",
          "schema_version": 0,
          "attributes": {
            "action": "lambda:InvokeFunction",
            "event_source_token": null,
            "function_name": "ingest-class-scores-lambda",
            "function_url_auth_type": null,
            "id": "AllowExecutionFromS3Bucket",
            "principal": "s3.amazonaws.com",
            "principal_org_id": null,
            "qualifier": "30",
            "source_account": null,
            "source_arn": "arn:aws:s3:::habhub.data-pipeline-files",
            "statement_id": "AllowExecutionFromS3Bucket",
            "statement_id_prefix": ""
          },
          "sensitive_attributes": [],
          "private": "bnVsbA==",
          "dependencies": [
            "aws_security_group.lambda_sg",
            "data.aws_ecr_authorization_token.token",
            "module.docker_image.aws_ecr_repository.this",
            "module.docker_image.data.aws_caller_identity.this",
            "module.docker_image.data.aws_region.current",
            "module.docker_image.docker_image.this",
            "module.docker_image.docker_registry_image.this",
            "module.dynamodb_table.aws_dynamodb_table.autoscaled",
            "module.dynamodb_table.aws_dynamodb_table.autoscaled_gsi_ignore",
            "module.dynamodb_table.aws_dynamodb_table.this",
            "module.lambda_function.aws_cloudwatch_log_group.lambda",
            "module.lambda_function.aws_iam_policy.additional_inline",
            "module.lambda_function.aws_iam_policy.additional_json",
            "module.lambda_function.aws_iam_policy.additional_jsons",
            "module.lambda_function.aws_iam_policy.async",
            "module.lambda_function.aws_iam_policy.dead_letter",
            "module.lambda_function.aws_iam_policy.logs",
            "module.lambda_function.aws_iam_policy.tracing",
            "module.lambda_function.aws_iam_policy.vpc",
            "module.lambda_function.aws_iam_role.lambda",
            "module.lambda_function.aws_iam_role_policy_attachment.additional_inline",
            "module.lambda_function.aws_iam_role_policy_attachment.additional_json",
            "module.lambda_function.aws_iam_role_policy_attachment.additional_jsons",
            "module.lambda_function.aws_iam_role_policy_attachment.additional_many",
            "module.lambda_function.aws_iam_role_policy_attachment.additional_one",
            "module.lambda_function.aws_iam_role_policy_attachment.async",
            "module.lambda_function.aws_iam_role_policy_attachment.dead_letter",
            "module.lambda_function.aws_iam_role_policy_attachment.logs",
            "module.lambda_function.aws_iam_role_policy_attachment.tracing",
            "module.lambda_function.aws_iam_role_policy_attachment.vpc",
            "module.lambda_function.aws_lambda_function.this",
            "module.lambda_function.aws_s3_object.lambda_package",
            "module.lambda_function.data.aws_arn.log_group_arn",
            "module.lambda_function.data.aws_cloudwatch_log_group.lambda",
            "module.lambda_function.data.aws_iam_policy.tracing",
            "module.lambda_function.data.aws_iam_policy.vpc",
            "module.lambda_function.data.aws_iam_policy_document.additional_inline",
            "module.lambda_function.data.aws_iam_policy_document.assume_role",
            "module.lambda_function.data.aws_iam_policy_document.async",
            "module.lambda_function.data.aws_iam_policy_document.dead_letter",
            "module.lambda_function.data.aws_iam_policy_document.logs",
            "module.lambda_function.data.aws_partition.current",
            "module.lambda_function.data.external.archive_prepare",
            "module.lambda_function.local_file.archive_plan",
            "module.lambda_function.null_resource.archive",
            "module.s3_bucket.aws_s3_bucket.this"
          ]
        }
      ]
    },
    {
      "module": "module.lambda_function",
      "mode": "managed",
      "type": "aws_lambda_permission",
      "name": "unqualified_alias_triggers",
      "provider": "provider[\"registry.terraform.io/hashicorp/aws\"]",
      "instances": [
        {
          "index_key": "AllowExecutionFromS3Bucket",
          "schema_version": 0,
          "attributes": {
            "action": "lambda:InvokeFunction",
            "event_source_token": null,
            "function_name": "ingest-class-scores-lambda",
            "function_url_auth_type": null,
            "id": "AllowExecutionFromS3Bucket",
            "principal": "s3.amazonaws.com",
            "principal_org_id": null,
            "qualifier": "",
            "source_account": null,
            "source_arn": "arn:aws:s3:::habhub.data-pipeline-files",
            "statement_id": "AllowExecutionFromS3Bucket",
            "statement_id_prefix": ""
          },
          "sensitive_attributes": [],
          "private": "bnVsbA==",
          "dependencies": [
            "aws_security_group.lambda_sg",
            "data.aws_ecr_authorization_token.token",
            "module.docker_image.aws_ecr_repository.this",
            "module.docker_image.data.aws_caller_identity.this",
            "module.docker_image.data.aws_region.current",
            "module.docker_image.docker_image.this",
            "module.docker_image.docker_registry_image.this",
            "module.dynamodb_table.aws_dynamodb_table.autoscaled",
            "module.dynamodb_table.aws_dynamodb_table.autoscaled_gsi_ignore",
            "module.dynamodb_table.aws_dynamodb_table.this",
            "module.lambda_function.aws_cloudwatch_log_group.lambda",
            "module.lambda_function.aws_iam_policy.additional_inline",
            "module.lambda_function.aws_iam_policy.additional_json",
            "module.lambda_function.aws_iam_policy.additional_jsons",
            "module.lambda_function.aws_iam_policy.async",
            "module.lambda_function.aws_iam_policy.dead_letter",
            "module.lambda_function.aws_iam_policy.logs",
            "module.lambda_function.aws_iam_policy.tracing",
            "module.lambda_function.aws_iam_policy.vpc",
            "module.lambda_function.aws_iam_role.lambda",
            "module.lambda_function.aws_iam_role_policy_attachment.additional_inline",
            "module.lambda_function.aws_iam_role_policy_attachment.additional_json",
            "module.lambda_function.aws_iam_role_policy_attachment.additional_jsons",
            "module.lambda_function.aws_iam_role_policy_attachment.additional_many",
            "module.lambda_function.aws_iam_role_policy_attachment.additional_one",
            "module.lambda_function.aws_iam_role_policy_attachment.async",
            "module.lambda_function.aws_iam_role_policy_attachment.dead_letter",
            "module.lambda_function.aws_iam_role_policy_attachment.logs",
            "module.lambda_function.aws_iam_role_policy_attachment.tracing",
            "module.lambda_function.aws_iam_role_policy_attachment.vpc",
            "module.lambda_function.aws_lambda_function.this",
            "module.lambda_function.aws_s3_object.lambda_package",
            "module.lambda_function.data.aws_arn.log_group_arn",
            "module.lambda_function.data.aws_cloudwatch_log_group.lambda",
            "module.lambda_function.data.aws_iam_policy.tracing",
            "module.lambda_function.data.aws_iam_policy.vpc",
            "module.lambda_function.data.aws_iam_policy_document.additional_inline",
            "module.lambda_function.data.aws_iam_policy_document.assume_role",
            "module.lambda_function.data.aws_iam_policy_document.async",
            "module.lambda_function.data.aws_iam_policy_document.dead_letter",
            "module.lambda_function.data.aws_iam_policy_document.logs",
            "module.lambda_function.data.aws_partition.current",
            "module.lambda_function.data.external.archive_prepare",
            "module.lambda_function.local_file.archive_plan",
            "module.lambda_function.null_resource.archive",
            "module.s3_bucket.aws_s3_bucket.this"
          ]
        }
      ]
    },
    {
      "module": "module.lambda_function_metadata",
      "mode": "data",
      "type": "aws_caller_identity",
      "name": "current",
      "provider": "provider[\"registry.terraform.io/hashicorp/aws\"]",
      "instances": [
        {
          "schema_version": 0,
          "attributes": {
            "account_id": "139464377685",
            "arn": "arn:aws:sts::139464377685:assumed-role/AWSReservedSSO_AWSAdministratorAccess_a1d37e058008aa2e/eandrews_admin@whoi.edu",
            "id": "139464377685",
            "user_id": "AROASA6FZQVKXTDX4RQKP:eandrews_admin@whoi.edu"
          },
          "sensitive_attributes": []
        }
      ]
    },
    {
      "module": "module.lambda_function_metadata",
      "mode": "data",
      "type": "aws_iam_policy_document",
      "name": "additional_inline",
      "provider": "provider[\"registry.terraform.io/hashicorp/aws\"]",
      "instances": [
        {
          "index_key": 0,
          "schema_version": 0,
          "attributes": {
            "id": "2903458360",
            "json": "{\n  \"Version\": \"2012-10-17\",\n  \"Statement\": [\n    {\n      \"Sid\": \"DynamoItems\",\n      \"Effect\": \"Allow\",\n      \"Action\": [\n        \"dynamodb:UpdateItem\",\n        \"dynamodb:PutItem\",\n        \"dynamodb:GetItem\"\n      ],\n      \"Resource\": \"arn:aws:dynamodb:us-east-1:139464377685:table/habhub-bins-metadata\"\n    },\n    {\n      \"Sid\": \"GetS3Objects\",\n      \"Effect\": \"Allow\",\n      \"Action\": [\n        \"s3:GetObject\",\n        \"s3:DeleteObject\"\n      ],\n      \"Resource\": [\n        \"arn:aws:s3:::habhub.data-pipeline-files/*\",\n        \"arn:aws:s3:::habhub.data-pipeline-files\"\n      ]\n    }\n  ]\n}",
            "override_policy_documents": null,
            "policy_id": null,
            "source_policy_documents": null,
            "statement": [
              {
                "actions": [
                  "dynamodb:GetItem",
                  "dynamodb:PutItem",
                  "dynamodb:UpdateItem"
                ],
                "condition": [],
                "effect": "Allow",
                "not_actions": [],
                "not_principals": [],
                "not_resources": [],
                "principals": [],
                "resources": [
                  "arn:aws:dynamodb:us-east-1:139464377685:table/habhub-bins-metadata"
                ],
                "sid": "DynamoItems"
              },
              {
                "actions": [
                  "s3:DeleteObject",
                  "s3:GetObject"
                ],
                "condition": [],
                "effect": "Allow",
                "not_actions": [],
                "not_principals": [],
                "not_resources": [],
                "principals": [],
                "resources": [
                  "arn:aws:s3:::habhub.data-pipeline-files",
                  "arn:aws:s3:::habhub.data-pipeline-files/*"
                ],
                "sid": "GetS3Objects"
              }
            ],
            "version": "2012-10-17"
          },
          "sensitive_attributes": []
        }
      ]
    },
    {
      "module": "module.lambda_function_metadata",
      "mode": "data",
      "type": "aws_iam_policy_document",
      "name": "assume_role",
      "provider": "provider[\"registry.terraform.io/hashicorp/aws\"]",
      "instances": [
        {
          "index_key": 0,
          "schema_version": 0,
          "attributes": {
            "id": "2690255455",
            "json": "{\n  \"Version\": \"2012-10-17\",\n  \"Statement\": [\n    {\n      \"Effect\": \"Allow\",\n      \"Action\": \"sts:AssumeRole\",\n      \"Principal\": {\n        \"Service\": \"lambda.amazonaws.com\"\n      }\n    }\n  ]\n}",
            "override_policy_documents": null,
            "policy_id": null,
            "source_policy_documents": null,
            "statement": [
              {
                "actions": [
                  "sts:AssumeRole"
                ],
                "condition": [],
                "effect": "Allow",
                "not_actions": [],
                "not_principals": [],
                "not_resources": [],
                "principals": [
                  {
                    "identifiers": [
                      "lambda.amazonaws.com"
                    ],
                    "type": "Service"
                  }
                ],
                "resources": [],
                "sid": ""
              }
            ],
            "version": "2012-10-17"
          },
          "sensitive_attributes": []
        }
      ]
    },
    {
      "module": "module.lambda_function_metadata",
      "mode": "data",
      "type": "aws_iam_policy_document",
      "name": "logs",
      "provider": "provider[\"registry.terraform.io/hashicorp/aws\"]",
      "instances": [
        {
          "index_key": 0,
          "schema_version": 0,
          "attributes": {
            "id": "2048784210",
            "json": "{\n  \"Version\": \"2012-10-17\",\n  \"Statement\": [\n    {\n      \"Effect\": \"Allow\",\n      \"Action\": [\n        \"logs:PutLogEvents\",\n        \"logs:CreateLogStream\",\n        \"logs:CreateLogGroup\"\n      ],\n      \"Resource\": [\n        \"arn:aws:logs:us-east-1:139464377685:log-group:/aws/lambda/ingest-metadata-adc-files-lambda:*:*\",\n        \"arn:aws:logs:us-east-1:139464377685:log-group:/aws/lambda/ingest-metadata-adc-files-lambda:*\"\n      ]\n    }\n  ]\n}",
            "override_policy_documents": null,
            "policy_id": null,
            "source_policy_documents": null,
            "statement": [
              {
                "actions": [
                  "logs:CreateLogGroup",
                  "logs:CreateLogStream",
                  "logs:PutLogEvents"
                ],
                "condition": [],
                "effect": "Allow",
                "not_actions": [],
                "not_principals": [],
                "not_resources": [],
                "principals": [],
                "resources": [
                  "arn:aws:logs:us-east-1:139464377685:log-group:/aws/lambda/ingest-metadata-adc-files-lambda:*",
                  "arn:aws:logs:us-east-1:139464377685:log-group:/aws/lambda/ingest-metadata-adc-files-lambda:*:*"
                ],
                "sid": ""
              }
            ],
            "version": "2012-10-17"
          },
          "sensitive_attributes": []
        }
      ]
    },
    {
      "module": "module.lambda_function_metadata",
      "mode": "data",
      "type": "aws_partition",
      "name": "current",
      "provider": "provider[\"registry.terraform.io/hashicorp/aws\"]",
      "instances": [
        {
          "schema_version": 0,
          "attributes": {
            "dns_suffix": "amazonaws.com",
            "id": "aws",
            "partition": "aws",
            "reverse_dns_prefix": "com.amazonaws"
          },
          "sensitive_attributes": []
        }
      ]
    },
    {
      "module": "module.lambda_function_metadata",
      "mode": "data",
      "type": "aws_region",
      "name": "current",
      "provider": "provider[\"registry.terraform.io/hashicorp/aws\"]",
      "instances": [
        {
          "schema_version": 0,
          "attributes": {
            "description": "US East (N. Virginia)",
            "endpoint": "ec2.us-east-1.amazonaws.com",
            "id": "us-east-1",
            "name": "us-east-1"
          },
          "sensitive_attributes": []
        }
      ]
    },
    {
      "module": "module.lambda_function_metadata",
      "mode": "managed",
      "type": "aws_cloudwatch_log_group",
      "name": "lambda",
      "provider": "provider[\"registry.terraform.io/hashicorp/aws\"]",
      "instances": [
        {
          "index_key": 0,
          "schema_version": 0,
          "attributes": {
            "arn": "arn:aws:logs:us-east-1:139464377685:log-group:/aws/lambda/ingest-metadata-adc-files-lambda",
            "id": "/aws/lambda/ingest-metadata-adc-files-lambda",
            "kms_key_id": "",
            "log_group_class": "STANDARD",
            "name": "/aws/lambda/ingest-metadata-adc-files-lambda",
            "name_prefix": "",
            "retention_in_days": 0,
            "skip_destroy": false,
            "tags": {},
            "tags_all": {}
          },
          "sensitive_attributes": [],
          "private": "bnVsbA=="
        }
      ]
    },
    {
      "module": "module.lambda_function_metadata",
      "mode": "managed",
      "type": "aws_iam_policy",
      "name": "additional_inline",
      "provider": "provider[\"registry.terraform.io/hashicorp/aws\"]",
      "instances": [
        {
          "index_key": 0,
          "schema_version": 0,
          "attributes": {
            "arn": "arn:aws:iam::139464377685:policy/ingest-metadata-adc-files-lambda-inline",
            "description": "",
            "id": "arn:aws:iam::139464377685:policy/ingest-metadata-adc-files-lambda-inline",
            "name": "ingest-metadata-adc-files-lambda-inline",
            "name_prefix": "",
            "path": "/",
            "policy": "{\"Statement\":[{\"Action\":[\"dynamodb:UpdateItem\",\"dynamodb:PutItem\",\"dynamodb:GetItem\"],\"Effect\":\"Allow\",\"Resource\":\"arn:aws:dynamodb:us-east-1:139464377685:table/habhub-bins-metadata\",\"Sid\":\"DynamoItems\"},{\"Action\":[\"s3:GetObject\",\"s3:DeleteObject\"],\"Effect\":\"Allow\",\"Resource\":[\"arn:aws:s3:::habhub.data-pipeline-files/*\",\"arn:aws:s3:::habhub.data-pipeline-files\"],\"Sid\":\"GetS3Objects\"}],\"Version\":\"2012-10-17\"}",
            "policy_id": "ANPASA6FZQVKVBEXSHZ7Q",
            "tags": {},
            "tags_all": {}
          },
          "sensitive_attributes": [],
          "private": "bnVsbA==",
          "dependencies": [
            "module.dynamodb_table.aws_dynamodb_table.autoscaled",
            "module.dynamodb_table.aws_dynamodb_table.autoscaled_gsi_ignore",
            "module.dynamodb_table.aws_dynamodb_table.this",
            "module.lambda_function_metadata.data.aws_iam_policy_document.additional_inline",
            "module.s3_bucket.aws_s3_bucket.this"
          ]
        }
      ]
    },
    {
      "module": "module.lambda_function_metadata",
      "mode": "managed",
      "type": "aws_iam_policy",
      "name": "logs",
      "provider": "provider[\"registry.terraform.io/hashicorp/aws\"]",
      "instances": [
        {
          "index_key": 0,
          "schema_version": 0,
          "attributes": {
            "arn": "arn:aws:iam::139464377685:policy/ingest-metadata-adc-files-lambda-logs",
            "description": "",
            "id": "arn:aws:iam::139464377685:policy/ingest-metadata-adc-files-lambda-logs",
            "name": "ingest-metadata-adc-files-lambda-logs",
            "name_prefix": "",
            "path": "/",
            "policy": "{\"Statement\":[{\"Action\":[\"logs:PutLogEvents\",\"logs:CreateLogStream\",\"logs:CreateLogGroup\"],\"Effect\":\"Allow\",\"Resource\":[\"arn:aws:logs:us-east-1:139464377685:log-group:/aws/lambda/ingest-metadata-adc-files-lambda:*:*\",\"arn:aws:logs:us-east-1:139464377685:log-group:/aws/lambda/ingest-metadata-adc-files-lambda:*\"]}],\"Version\":\"2012-10-17\"}",
            "policy_id": "ANPASA6FZQVKVGANCHMDB",
            "tags": {},
            "tags_all": {}
          },
          "sensitive_attributes": [],
          "private": "bnVsbA==",
          "dependencies": [
            "module.lambda_function_metadata.aws_cloudwatch_log_group.lambda",
            "module.lambda_function_metadata.data.aws_arn.log_group_arn",
            "module.lambda_function_metadata.data.aws_cloudwatch_log_group.lambda",
            "module.lambda_function_metadata.data.aws_iam_policy_document.logs"
          ]
        }
      ]
    },
    {
      "module": "module.lambda_function_metadata",
      "mode": "managed",
      "type": "aws_iam_role",
      "name": "lambda",
      "provider": "provider[\"registry.terraform.io/hashicorp/aws\"]",
      "instances": [
        {
          "index_key": 0,
          "schema_version": 0,
          "attributes": {
            "arn": "arn:aws:iam::139464377685:role/ingest-metadata-adc-files-lambda",
            "assume_role_policy": "{\"Statement\":[{\"Action\":\"sts:AssumeRole\",\"Effect\":\"Allow\",\"Principal\":{\"Service\":\"lambda.amazonaws.com\"}}],\"Version\":\"2012-10-17\"}",
            "create_date": "2024-06-13T17:49:37Z",
            "description": "",
            "force_detach_policies": true,
            "id": "ingest-metadata-adc-files-lambda",
            "inline_policy": [],
            "managed_policy_arns": [
              "arn:aws:iam::139464377685:policy/ingest-metadata-adc-files-lambda-inline",
              "arn:aws:iam::139464377685:policy/ingest-metadata-adc-files-lambda-logs"
            ],
            "max_session_duration": 3600,
            "name": "ingest-metadata-adc-files-lambda",
            "name_prefix": "",
            "path": "/",
            "permissions_boundary": "",
            "tags": {},
            "tags_all": {},
            "unique_id": "AROASA6FZQVKQ63DUKJLB"
          },
          "sensitive_attributes": [],
          "private": "bnVsbA==",
          "dependencies": [
            "module.lambda_function_metadata.data.aws_iam_policy_document.assume_role"
          ]
        }
      ]
    },
    {
      "module": "module.lambda_function_metadata",
      "mode": "managed",
      "type": "aws_iam_role_policy_attachment",
      "name": "additional_inline",
      "provider": "provider[\"registry.terraform.io/hashicorp/aws\"]",
      "instances": [
        {
          "index_key": 0,
          "schema_version": 0,
          "attributes": {
            "id": "ingest-metadata-adc-files-lambda-20240613174937876300000001",
            "policy_arn": "arn:aws:iam::139464377685:policy/ingest-metadata-adc-files-lambda-inline",
            "role": "ingest-metadata-adc-files-lambda"
          },
          "sensitive_attributes": [],
          "private": "bnVsbA==",
          "dependencies": [
            "module.dynamodb_table.aws_dynamodb_table.autoscaled",
            "module.dynamodb_table.aws_dynamodb_table.autoscaled_gsi_ignore",
            "module.dynamodb_table.aws_dynamodb_table.this",
            "module.lambda_function_metadata.aws_iam_policy.additional_inline",
            "module.lambda_function_metadata.aws_iam_role.lambda",
            "module.lambda_function_metadata.data.aws_iam_policy_document.additional_inline",
            "module.lambda_function_metadata.data.aws_iam_policy_document.assume_role",
            "module.s3_bucket.aws_s3_bucket.this"
          ]
        }
      ]
    },
    {
      "module": "module.lambda_function_metadata",
      "mode": "managed",
      "type": "aws_iam_role_policy_attachment",
      "name": "logs",
      "provider": "provider[\"registry.terraform.io/hashicorp/aws\"]",
      "instances": [
        {
          "index_key": 0,
          "schema_version": 0,
          "attributes": {
            "id": "ingest-metadata-adc-files-lambda-20240613174937887700000002",
            "policy_arn": "arn:aws:iam::139464377685:policy/ingest-metadata-adc-files-lambda-logs",
            "role": "ingest-metadata-adc-files-lambda"
          },
          "sensitive_attributes": [],
          "private": "bnVsbA==",
          "dependencies": [
            "module.lambda_function_metadata.aws_cloudwatch_log_group.lambda",
            "module.lambda_function_metadata.aws_iam_policy.logs",
            "module.lambda_function_metadata.aws_iam_role.lambda",
            "module.lambda_function_metadata.data.aws_arn.log_group_arn",
            "module.lambda_function_metadata.data.aws_cloudwatch_log_group.lambda",
            "module.lambda_function_metadata.data.aws_iam_policy_document.assume_role",
            "module.lambda_function_metadata.data.aws_iam_policy_document.logs"
          ]
        }
      ]
    },
    {
      "module": "module.lambda_function_metadata",
      "mode": "managed",
      "type": "aws_lambda_function",
      "name": "this",
      "provider": "provider[\"registry.terraform.io/hashicorp/aws\"]",
      "instances": [
        {
          "index_key": 0,
          "schema_version": 0,
          "attributes": {
            "architectures": [
              "x86_64"
            ],
            "arn": "arn:aws:lambda:us-east-1:139464377685:function:ingest-metadata-adc-files-lambda",
            "code_signing_config_arn": "",
            "dead_letter_config": [],
            "description": "Ingest ml_analyzed metadata from ADC files",
            "environment": [],
            "ephemeral_storage": [
              {
                "size": 512
              }
            ],
            "file_system_config": [],
            "filename": null,
            "function_name": "ingest-metadata-adc-files-lambda",
            "handler": "",
            "id": "ingest-metadata-adc-files-lambda",
            "image_config": [],
            "image_uri": "139464377685.dkr.ecr.us-east-1.amazonaws.com/ingest-metadata-adc-files-lambda:1.9",
            "invoke_arn": "arn:aws:apigateway:us-east-1:lambda:path/2015-03-31/functions/arn:aws:lambda:us-east-1:139464377685:function:ingest-metadata-adc-files-lambda/invocations",
            "kms_key_arn": "",
            "last_modified": "2024-06-18T15:59:43.000+0000",
            "layers": [],
            "logging_config": [
              {
                "application_log_level": "",
                "log_format": "Text",
                "log_group": "/aws/lambda/ingest-metadata-adc-files-lambda",
                "system_log_level": ""
              }
            ],
            "memory_size": 256,
            "package_type": "Image",
            "publish": true,
            "qualified_arn": "arn:aws:lambda:us-east-1:139464377685:function:ingest-metadata-adc-files-lambda:13",
            "qualified_invoke_arn": "arn:aws:apigateway:us-east-1:lambda:path/2015-03-31/functions/arn:aws:lambda:us-east-1:139464377685:function:ingest-metadata-adc-files-lambda:13/invocations",
            "replace_security_groups_on_destroy": null,
            "replacement_security_group_ids": null,
            "reserved_concurrent_executions": -1,
            "role": "arn:aws:iam::139464377685:role/ingest-metadata-adc-files-lambda",
            "runtime": "",
            "s3_bucket": null,
            "s3_key": null,
            "s3_object_version": null,
            "signing_job_arn": "",
            "signing_profile_version_arn": "",
            "skip_destroy": false,
            "snap_start": [],
            "source_code_hash": "145add7ada7b7bd92a8074684d24e83cfd919e701322cd5e4ec2f862a6cdfeb7",
            "source_code_size": 0,
            "tags": {},
            "tags_all": {},
            "timeout": 300,
            "timeouts": null,
            "tracing_config": [
              {
                "mode": "PassThrough"
              }
            ],
            "version": "13",
            "vpc_config": []
          },
          "sensitive_attributes": [],
          "private": "eyJlMmJmYjczMC1lY2FhLTExZTYtOGY4OC0zNDM2M2JjN2M0YzAiOnsiY3JlYXRlIjo2MDAwMDAwMDAwMDAsImRlbGV0ZSI6NjAwMDAwMDAwMDAwLCJ1cGRhdGUiOjYwMDAwMDAwMDAwMH19",
          "dependencies": [
            "data.aws_ecr_authorization_token.token",
            "module.docker_image_metadata.aws_ecr_repository.this",
            "module.docker_image_metadata.data.aws_caller_identity.this",
            "module.docker_image_metadata.data.aws_region.current",
            "module.docker_image_metadata.docker_image.this",
            "module.docker_image_metadata.docker_registry_image.this",
            "module.dynamodb_table.aws_dynamodb_table.autoscaled",
            "module.dynamodb_table.aws_dynamodb_table.autoscaled_gsi_ignore",
            "module.dynamodb_table.aws_dynamodb_table.this",
            "module.lambda_function_metadata.aws_cloudwatch_log_group.lambda",
            "module.lambda_function_metadata.aws_iam_policy.additional_inline",
            "module.lambda_function_metadata.aws_iam_policy.additional_json",
            "module.lambda_function_metadata.aws_iam_policy.additional_jsons",
            "module.lambda_function_metadata.aws_iam_policy.async",
            "module.lambda_function_metadata.aws_iam_policy.dead_letter",
            "module.lambda_function_metadata.aws_iam_policy.logs",
            "module.lambda_function_metadata.aws_iam_policy.tracing",
            "module.lambda_function_metadata.aws_iam_policy.vpc",
            "module.lambda_function_metadata.aws_iam_role.lambda",
            "module.lambda_function_metadata.aws_iam_role_policy_attachment.additional_inline",
            "module.lambda_function_metadata.aws_iam_role_policy_attachment.additional_json",
            "module.lambda_function_metadata.aws_iam_role_policy_attachment.additional_jsons",
            "module.lambda_function_metadata.aws_iam_role_policy_attachment.additional_many",
            "module.lambda_function_metadata.aws_iam_role_policy_attachment.additional_one",
            "module.lambda_function_metadata.aws_iam_role_policy_attachment.async",
            "module.lambda_function_metadata.aws_iam_role_policy_attachment.dead_letter",
            "module.lambda_function_metadata.aws_iam_role_policy_attachment.logs",
            "module.lambda_function_metadata.aws_iam_role_policy_attachment.tracing",
            "module.lambda_function_metadata.aws_iam_role_policy_attachment.vpc",
            "module.lambda_function_metadata.aws_s3_object.lambda_package",
            "module.lambda_function_metadata.data.aws_arn.log_group_arn",
            "module.lambda_function_metadata.data.aws_cloudwatch_log_group.lambda",
            "module.lambda_function_metadata.data.aws_iam_policy.tracing",
            "module.lambda_function_metadata.data.aws_iam_policy.vpc",
            "module.lambda_function_metadata.data.aws_iam_policy_document.additional_inline",
            "module.lambda_function_metadata.data.aws_iam_policy_document.assume_role",
            "module.lambda_function_metadata.data.aws_iam_policy_document.async",
            "module.lambda_function_metadata.data.aws_iam_policy_document.dead_letter",
            "module.lambda_function_metadata.data.aws_iam_policy_document.logs",
            "module.lambda_function_metadata.data.aws_partition.current",
            "module.lambda_function_metadata.data.external.archive_prepare",
            "module.lambda_function_metadata.local_file.archive_plan",
            "module.lambda_function_metadata.null_resource.archive",
            "module.s3_bucket.aws_s3_bucket.this"
          ]
        }
      ]
    },
    {
      "module": "module.lambda_function_metadata",
      "mode": "managed",
      "type": "aws_lambda_permission",
      "name": "current_version_triggers",
      "provider": "provider[\"registry.terraform.io/hashicorp/aws\"]",
      "instances": [
        {
          "index_key": "AllowExecutionFromS3Bucket",
          "schema_version": 0,
          "attributes": {
            "action": "lambda:InvokeFunction",
            "event_source_token": null,
            "function_name": "ingest-metadata-adc-files-lambda",
            "function_url_auth_type": null,
            "id": "AllowExecutionFromS3Bucket",
            "principal": "s3.amazonaws.com",
            "principal_org_id": null,
            "qualifier": "13",
            "source_account": null,
            "source_arn": "arn:aws:s3:::habhub.data-pipeline-files",
            "statement_id": "AllowExecutionFromS3Bucket",
            "statement_id_prefix": ""
          },
          "sensitive_attributes": [],
          "private": "bnVsbA==",
          "dependencies": [
            "data.aws_ecr_authorization_token.token",
            "module.docker_image_metadata.aws_ecr_repository.this",
            "module.docker_image_metadata.data.aws_caller_identity.this",
            "module.docker_image_metadata.data.aws_region.current",
            "module.docker_image_metadata.docker_image.this",
            "module.docker_image_metadata.docker_registry_image.this",
            "module.dynamodb_table.aws_dynamodb_table.autoscaled",
            "module.dynamodb_table.aws_dynamodb_table.autoscaled_gsi_ignore",
            "module.dynamodb_table.aws_dynamodb_table.this",
            "module.lambda_function_metadata.aws_cloudwatch_log_group.lambda",
            "module.lambda_function_metadata.aws_iam_policy.additional_inline",
            "module.lambda_function_metadata.aws_iam_policy.additional_json",
            "module.lambda_function_metadata.aws_iam_policy.additional_jsons",
            "module.lambda_function_metadata.aws_iam_policy.async",
            "module.lambda_function_metadata.aws_iam_policy.dead_letter",
            "module.lambda_function_metadata.aws_iam_policy.logs",
            "module.lambda_function_metadata.aws_iam_policy.tracing",
            "module.lambda_function_metadata.aws_iam_policy.vpc",
            "module.lambda_function_metadata.aws_iam_role.lambda",
            "module.lambda_function_metadata.aws_iam_role_policy_attachment.additional_inline",
            "module.lambda_function_metadata.aws_iam_role_policy_attachment.additional_json",
            "module.lambda_function_metadata.aws_iam_role_policy_attachment.additional_jsons",
            "module.lambda_function_metadata.aws_iam_role_policy_attachment.additional_many",
            "module.lambda_function_metadata.aws_iam_role_policy_attachment.additional_one",
            "module.lambda_function_metadata.aws_iam_role_policy_attachment.async",
            "module.lambda_function_metadata.aws_iam_role_policy_attachment.dead_letter",
            "module.lambda_function_metadata.aws_iam_role_policy_attachment.logs",
            "module.lambda_function_metadata.aws_iam_role_policy_attachment.tracing",
            "module.lambda_function_metadata.aws_iam_role_policy_attachment.vpc",
            "module.lambda_function_metadata.aws_lambda_function.this",
            "module.lambda_function_metadata.aws_s3_object.lambda_package",
            "module.lambda_function_metadata.data.aws_arn.log_group_arn",
            "module.lambda_function_metadata.data.aws_cloudwatch_log_group.lambda",
            "module.lambda_function_metadata.data.aws_iam_policy.tracing",
            "module.lambda_function_metadata.data.aws_iam_policy.vpc",
            "module.lambda_function_metadata.data.aws_iam_policy_document.additional_inline",
            "module.lambda_function_metadata.data.aws_iam_policy_document.assume_role",
            "module.lambda_function_metadata.data.aws_iam_policy_document.async",
            "module.lambda_function_metadata.data.aws_iam_policy_document.dead_letter",
            "module.lambda_function_metadata.data.aws_iam_policy_document.logs",
            "module.lambda_function_metadata.data.aws_partition.current",
            "module.lambda_function_metadata.data.external.archive_prepare",
            "module.lambda_function_metadata.local_file.archive_plan",
            "module.lambda_function_metadata.null_resource.archive",
            "module.s3_bucket.aws_s3_bucket.this"
          ]
        }
      ]
    },
    {
      "module": "module.lambda_function_metadata",
      "mode": "managed",
      "type": "aws_lambda_permission",
      "name": "unqualified_alias_triggers",
      "provider": "provider[\"registry.terraform.io/hashicorp/aws\"]",
      "instances": [
        {
          "index_key": "AllowExecutionFromS3Bucket",
          "schema_version": 0,
          "attributes": {
            "action": "lambda:InvokeFunction",
            "event_source_token": null,
            "function_name": "ingest-metadata-adc-files-lambda",
            "function_url_auth_type": null,
            "id": "AllowExecutionFromS3Bucket",
            "principal": "s3.amazonaws.com",
            "principal_org_id": null,
            "qualifier": "",
            "source_account": null,
            "source_arn": "arn:aws:s3:::habhub.data-pipeline-files",
            "statement_id": "AllowExecutionFromS3Bucket",
            "statement_id_prefix": ""
          },
          "sensitive_attributes": [],
          "private": "bnVsbA==",
          "dependencies": [
            "data.aws_ecr_authorization_token.token",
            "module.docker_image_metadata.aws_ecr_repository.this",
            "module.docker_image_metadata.data.aws_caller_identity.this",
            "module.docker_image_metadata.data.aws_region.current",
            "module.docker_image_metadata.docker_image.this",
            "module.docker_image_metadata.docker_registry_image.this",
            "module.dynamodb_table.aws_dynamodb_table.autoscaled",
            "module.dynamodb_table.aws_dynamodb_table.autoscaled_gsi_ignore",
            "module.dynamodb_table.aws_dynamodb_table.this",
            "module.lambda_function_metadata.aws_cloudwatch_log_group.lambda",
            "module.lambda_function_metadata.aws_iam_policy.additional_inline",
            "module.lambda_function_metadata.aws_iam_policy.additional_json",
            "module.lambda_function_metadata.aws_iam_policy.additional_jsons",
            "module.lambda_function_metadata.aws_iam_policy.async",
            "module.lambda_function_metadata.aws_iam_policy.dead_letter",
            "module.lambda_function_metadata.aws_iam_policy.logs",
            "module.lambda_function_metadata.aws_iam_policy.tracing",
            "module.lambda_function_metadata.aws_iam_policy.vpc",
            "module.lambda_function_metadata.aws_iam_role.lambda",
            "module.lambda_function_metadata.aws_iam_role_policy_attachment.additional_inline",
            "module.lambda_function_metadata.aws_iam_role_policy_attachment.additional_json",
            "module.lambda_function_metadata.aws_iam_role_policy_attachment.additional_jsons",
            "module.lambda_function_metadata.aws_iam_role_policy_attachment.additional_many",
            "module.lambda_function_metadata.aws_iam_role_policy_attachment.additional_one",
            "module.lambda_function_metadata.aws_iam_role_policy_attachment.async",
            "module.lambda_function_metadata.aws_iam_role_policy_attachment.dead_letter",
            "module.lambda_function_metadata.aws_iam_role_policy_attachment.logs",
            "module.lambda_function_metadata.aws_iam_role_policy_attachment.tracing",
            "module.lambda_function_metadata.aws_iam_role_policy_attachment.vpc",
            "module.lambda_function_metadata.aws_lambda_function.this",
            "module.lambda_function_metadata.aws_s3_object.lambda_package",
            "module.lambda_function_metadata.data.aws_arn.log_group_arn",
            "module.lambda_function_metadata.data.aws_cloudwatch_log_group.lambda",
            "module.lambda_function_metadata.data.aws_iam_policy.tracing",
            "module.lambda_function_metadata.data.aws_iam_policy.vpc",
            "module.lambda_function_metadata.data.aws_iam_policy_document.additional_inline",
            "module.lambda_function_metadata.data.aws_iam_policy_document.assume_role",
            "module.lambda_function_metadata.data.aws_iam_policy_document.async",
            "module.lambda_function_metadata.data.aws_iam_policy_document.dead_letter",
            "module.lambda_function_metadata.data.aws_iam_policy_document.logs",
            "module.lambda_function_metadata.data.aws_partition.current",
            "module.lambda_function_metadata.data.external.archive_prepare",
            "module.lambda_function_metadata.local_file.archive_plan",
            "module.lambda_function_metadata.null_resource.archive",
            "module.s3_bucket.aws_s3_bucket.this"
          ]
        }
      ]
    },
    {
      "module": "module.lambda_function_metadata_2",
      "mode": "data",
      "type": "aws_caller_identity",
      "name": "current",
      "provider": "provider[\"registry.terraform.io/hashicorp/aws\"]",
      "instances": [
        {
          "schema_version": 0,
          "attributes": {
            "account_id": "139464377685",
            "arn": "arn:aws:sts::139464377685:assumed-role/AWSReservedSSO_AWSAdministratorAccess_a1d37e058008aa2e/eandrews_admin@whoi.edu",
            "id": "139464377685",
            "user_id": "AROASA6FZQVKXTDX4RQKP:eandrews_admin@whoi.edu"
          },
          "sensitive_attributes": []
        }
      ]
    },
    {
      "module": "module.lambda_function_metadata_2",
      "mode": "data",
      "type": "aws_iam_policy_document",
      "name": "additional_inline",
      "provider": "provider[\"registry.terraform.io/hashicorp/aws\"]",
      "instances": [
        {
          "index_key": 0,
          "schema_version": 0,
          "attributes": {
            "id": "2903458360",
            "json": "{\n  \"Version\": \"2012-10-17\",\n  \"Statement\": [\n    {\n      \"Sid\": \"DynamoItems\",\n      \"Effect\": \"Allow\",\n      \"Action\": [\n        \"dynamodb:UpdateItem\",\n        \"dynamodb:PutItem\",\n        \"dynamodb:GetItem\"\n      ],\n      \"Resource\": \"arn:aws:dynamodb:us-east-1:139464377685:table/habhub-bins-metadata\"\n    },\n    {\n      \"Sid\": \"GetS3Objects\",\n      \"Effect\": \"Allow\",\n      \"Action\": [\n        \"s3:GetObject\",\n        \"s3:DeleteObject\"\n      ],\n      \"Resource\": [\n        \"arn:aws:s3:::habhub.data-pipeline-files/*\",\n        \"arn:aws:s3:::habhub.data-pipeline-files\"\n      ]\n    }\n  ]\n}",
            "override_policy_documents": null,
            "policy_id": null,
            "source_policy_documents": null,
            "statement": [
              {
                "actions": [
                  "dynamodb:GetItem",
                  "dynamodb:PutItem",
                  "dynamodb:UpdateItem"
                ],
                "condition": [],
                "effect": "Allow",
                "not_actions": [],
                "not_principals": [],
                "not_resources": [],
                "principals": [],
                "resources": [
                  "arn:aws:dynamodb:us-east-1:139464377685:table/habhub-bins-metadata"
                ],
                "sid": "DynamoItems"
              },
              {
                "actions": [
                  "s3:DeleteObject",
                  "s3:GetObject"
                ],
                "condition": [],
                "effect": "Allow",
                "not_actions": [],
                "not_principals": [],
                "not_resources": [],
                "principals": [],
                "resources": [
                  "arn:aws:s3:::habhub.data-pipeline-files",
                  "arn:aws:s3:::habhub.data-pipeline-files/*"
                ],
                "sid": "GetS3Objects"
              }
            ],
            "version": "2012-10-17"
          },
          "sensitive_attributes": []
        }
      ]
    },
    {
      "module": "module.lambda_function_metadata_2",
      "mode": "data",
      "type": "aws_iam_policy_document",
      "name": "assume_role",
      "provider": "provider[\"registry.terraform.io/hashicorp/aws\"]",
      "instances": [
        {
          "index_key": 0,
          "schema_version": 0,
          "attributes": {
            "id": "2690255455",
            "json": "{\n  \"Version\": \"2012-10-17\",\n  \"Statement\": [\n    {\n      \"Effect\": \"Allow\",\n      \"Action\": \"sts:AssumeRole\",\n      \"Principal\": {\n        \"Service\": \"lambda.amazonaws.com\"\n      }\n    }\n  ]\n}",
            "override_policy_documents": null,
            "policy_id": null,
            "source_policy_documents": null,
            "statement": [
              {
                "actions": [
                  "sts:AssumeRole"
                ],
                "condition": [],
                "effect": "Allow",
                "not_actions": [],
                "not_principals": [],
                "not_resources": [],
                "principals": [
                  {
                    "identifiers": [
                      "lambda.amazonaws.com"
                    ],
                    "type": "Service"
                  }
                ],
                "resources": [],
                "sid": ""
              }
            ],
            "version": "2012-10-17"
          },
          "sensitive_attributes": []
        }
      ]
    },
    {
      "module": "module.lambda_function_metadata_2",
      "mode": "data",
      "type": "aws_iam_policy_document",
      "name": "logs",
      "provider": "provider[\"registry.terraform.io/hashicorp/aws\"]",
      "instances": [
        {
          "index_key": 0,
          "schema_version": 0,
          "attributes": {
            "id": "57234577",
            "json": "{\n  \"Version\": \"2012-10-17\",\n  \"Statement\": [\n    {\n      \"Effect\": \"Allow\",\n      \"Action\": [\n        \"logs:PutLogEvents\",\n        \"logs:CreateLogStream\",\n        \"logs:CreateLogGroup\"\n      ],\n      \"Resource\": [\n        \"arn:aws:logs:us-east-1:139464377685:log-group:/aws/lambda/ingest-metadata-hdr-files-lambda:*:*\",\n        \"arn:aws:logs:us-east-1:139464377685:log-group:/aws/lambda/ingest-metadata-hdr-files-lambda:*\"\n      ]\n    }\n  ]\n}",
            "override_policy_documents": null,
            "policy_id": null,
            "source_policy_documents": null,
            "statement": [
              {
                "actions": [
                  "logs:CreateLogGroup",
                  "logs:CreateLogStream",
                  "logs:PutLogEvents"
                ],
                "condition": [],
                "effect": "Allow",
                "not_actions": [],
                "not_principals": [],
                "not_resources": [],
                "principals": [],
                "resources": [
                  "arn:aws:logs:us-east-1:139464377685:log-group:/aws/lambda/ingest-metadata-hdr-files-lambda:*",
                  "arn:aws:logs:us-east-1:139464377685:log-group:/aws/lambda/ingest-metadata-hdr-files-lambda:*:*"
                ],
                "sid": ""
              }
            ],
            "version": "2012-10-17"
          },
          "sensitive_attributes": []
        }
      ]
    },
    {
      "module": "module.lambda_function_metadata_2",
      "mode": "data",
      "type": "aws_partition",
      "name": "current",
      "provider": "provider[\"registry.terraform.io/hashicorp/aws\"]",
      "instances": [
        {
          "schema_version": 0,
          "attributes": {
            "dns_suffix": "amazonaws.com",
            "id": "aws",
            "partition": "aws",
            "reverse_dns_prefix": "com.amazonaws"
          },
          "sensitive_attributes": []
        }
      ]
    },
    {
      "module": "module.lambda_function_metadata_2",
      "mode": "data",
      "type": "aws_region",
      "name": "current",
      "provider": "provider[\"registry.terraform.io/hashicorp/aws\"]",
      "instances": [
        {
          "schema_version": 0,
          "attributes": {
            "description": "US East (N. Virginia)",
            "endpoint": "ec2.us-east-1.amazonaws.com",
            "id": "us-east-1",
            "name": "us-east-1"
          },
          "sensitive_attributes": []
        }
      ]
    },
    {
      "module": "module.lambda_function_metadata_2",
      "mode": "data",
      "type": "external",
      "name": "archive_prepare",
      "provider": "provider[\"registry.terraform.io/hashicorp/external\"]",
      "instances": [
        {
          "index_key": 0,
          "schema_version": 0,
          "attributes": {
            "id": "-",
            "program": [
              "python3",
              ".terraform/modules/lambda_function_metadata_2/package.py",
              "prepare"
            ],
            "query": {
              "artifacts_dir": "builds",
              "docker": null,
              "hash_extra": "",
              "hash_extra_paths": "[]",
              "paths": "{\"cwd\":\"/Users/ethanandrews/Projects/habhub/whoi-hab-hub/aws-pipeline/terraform\",\"module\":\".terraform/modules/lambda_function_metadata_2\",\"root\":\".\"}",
              "recreate_missing_package": "true",
              "runtime": "python3.12",
              "source_path": "\"../lambdas/ingest-metadata-hdr-files\""
            },
            "result": {
              "build_plan": "{\"filename\": \"builds/adad2a0d5a6c5a7e5ac538aa4ba6587e3d44b880a27782434d14f5eb5127d682.zip\", \"runtime\": \"python3.12\", \"artifacts_dir\": \"builds\", \"build_plan\": [[\"zip\", \"../lambdas/ingest-metadata-hdr-files\", null]]}",
              "build_plan_filename": "builds/adad2a0d5a6c5a7e5ac538aa4ba6587e3d44b880a27782434d14f5eb5127d682.plan.json",
              "filename": "builds/adad2a0d5a6c5a7e5ac538aa4ba6587e3d44b880a27782434d14f5eb5127d682.zip",
              "timestamp": "1718730946246547000",
              "was_missing": "false"
            },
            "working_dir": null
          },
          "sensitive_attributes": []
        }
      ]
    },
    {
      "module": "module.lambda_function_metadata_2",
      "mode": "managed",
      "type": "aws_cloudwatch_log_group",
      "name": "lambda",
      "provider": "provider[\"registry.terraform.io/hashicorp/aws\"]",
      "instances": [
        {
          "index_key": 0,
          "schema_version": 0,
          "attributes": {
            "arn": "arn:aws:logs:us-east-1:139464377685:log-group:/aws/lambda/ingest-metadata-hdr-files-lambda",
            "id": "/aws/lambda/ingest-metadata-hdr-files-lambda",
            "kms_key_id": "",
            "log_group_class": "STANDARD",
            "name": "/aws/lambda/ingest-metadata-hdr-files-lambda",
            "name_prefix": "",
            "retention_in_days": 0,
            "skip_destroy": false,
            "tags": {},
            "tags_all": {}
          },
          "sensitive_attributes": [],
          "private": "bnVsbA=="
        }
      ]
    },
    {
      "module": "module.lambda_function_metadata_2",
      "mode": "managed",
      "type": "aws_iam_policy",
      "name": "additional_inline",
      "provider": "provider[\"registry.terraform.io/hashicorp/aws\"]",
      "instances": [
        {
          "index_key": 0,
          "schema_version": 0,
          "attributes": {
            "arn": "arn:aws:iam::139464377685:policy/ingest-metadata-hdr-files-lambda-inline",
            "description": "",
            "id": "arn:aws:iam::139464377685:policy/ingest-metadata-hdr-files-lambda-inline",
            "name": "ingest-metadata-hdr-files-lambda-inline",
            "name_prefix": "",
            "path": "/",
            "policy": "{\"Statement\":[{\"Action\":[\"dynamodb:UpdateItem\",\"dynamodb:PutItem\",\"dynamodb:GetItem\"],\"Effect\":\"Allow\",\"Resource\":\"arn:aws:dynamodb:us-east-1:139464377685:table/habhub-bins-metadata\",\"Sid\":\"DynamoItems\"},{\"Action\":[\"s3:GetObject\",\"s3:DeleteObject\"],\"Effect\":\"Allow\",\"Resource\":[\"arn:aws:s3:::habhub.data-pipeline-files/*\",\"arn:aws:s3:::habhub.data-pipeline-files\"],\"Sid\":\"GetS3Objects\"}],\"Version\":\"2012-10-17\"}",
            "policy_id": "ANPASA6FZQVK2VLELSOIF",
            "tags": {},
            "tags_all": {}
          },
          "sensitive_attributes": [],
          "private": "bnVsbA==",
          "dependencies": [
            "module.dynamodb_table.aws_dynamodb_table.autoscaled",
            "module.dynamodb_table.aws_dynamodb_table.autoscaled_gsi_ignore",
            "module.dynamodb_table.aws_dynamodb_table.this",
            "module.lambda_function_metadata_2.data.aws_iam_policy_document.additional_inline",
            "module.s3_bucket.aws_s3_bucket.this"
          ]
        }
      ]
    },
    {
      "module": "module.lambda_function_metadata_2",
      "mode": "managed",
      "type": "aws_iam_policy",
      "name": "logs",
      "provider": "provider[\"registry.terraform.io/hashicorp/aws\"]",
      "instances": [
        {
          "index_key": 0,
          "schema_version": 0,
          "attributes": {
            "arn": "arn:aws:iam::139464377685:policy/ingest-metadata-hdr-files-lambda-logs",
            "description": "",
            "id": "arn:aws:iam::139464377685:policy/ingest-metadata-hdr-files-lambda-logs",
            "name": "ingest-metadata-hdr-files-lambda-logs",
            "name_prefix": "",
            "path": "/",
            "policy": "{\"Statement\":[{\"Action\":[\"logs:PutLogEvents\",\"logs:CreateLogStream\",\"logs:CreateLogGroup\"],\"Effect\":\"Allow\",\"Resource\":[\"arn:aws:logs:us-east-1:139464377685:log-group:/aws/lambda/ingest-metadata-hdr-files-lambda:*:*\",\"arn:aws:logs:us-east-1:139464377685:log-group:/aws/lambda/ingest-metadata-hdr-files-lambda:*\"]}],\"Version\":\"2012-10-17\"}",
            "policy_id": "ANPASA6FZQVK7E5NNUZ5K",
            "tags": {},
            "tags_all": {}
          },
          "sensitive_attributes": [],
          "private": "bnVsbA==",
          "dependencies": [
            "module.lambda_function_metadata_2.aws_cloudwatch_log_group.lambda",
            "module.lambda_function_metadata_2.data.aws_arn.log_group_arn",
            "module.lambda_function_metadata_2.data.aws_cloudwatch_log_group.lambda",
            "module.lambda_function_metadata_2.data.aws_iam_policy_document.logs"
          ]
        }
      ]
    },
    {
      "module": "module.lambda_function_metadata_2",
      "mode": "managed",
      "type": "aws_iam_role",
      "name": "lambda",
      "provider": "provider[\"registry.terraform.io/hashicorp/aws\"]",
      "instances": [
        {
          "index_key": 0,
          "schema_version": 0,
          "attributes": {
            "arn": "arn:aws:iam::139464377685:role/ingest-metadata-hdr-files-lambda",
            "assume_role_policy": "{\"Statement\":[{\"Action\":\"sts:AssumeRole\",\"Effect\":\"Allow\",\"Principal\":{\"Service\":\"lambda.amazonaws.com\"}}],\"Version\":\"2012-10-17\"}",
            "create_date": "2024-06-18T15:57:29Z",
            "description": "",
            "force_detach_policies": true,
            "id": "ingest-metadata-hdr-files-lambda",
            "inline_policy": [],
            "managed_policy_arns": [
              "arn:aws:iam::139464377685:policy/ingest-metadata-hdr-files-lambda-inline",
              "arn:aws:iam::139464377685:policy/ingest-metadata-hdr-files-lambda-logs"
            ],
            "max_session_duration": 3600,
            "name": "ingest-metadata-hdr-files-lambda",
            "name_prefix": "",
            "path": "/",
            "permissions_boundary": "",
            "tags": {},
            "tags_all": {},
            "unique_id": "AROASA6FZQVKVPYMG72NM"
          },
          "sensitive_attributes": [],
          "private": "bnVsbA==",
          "dependencies": [
            "module.lambda_function_metadata_2.data.aws_iam_policy_document.assume_role"
          ]
        }
      ]
    },
    {
      "module": "module.lambda_function_metadata_2",
      "mode": "managed",
      "type": "aws_iam_role_policy_attachment",
      "name": "additional_inline",
      "provider": "provider[\"registry.terraform.io/hashicorp/aws\"]",
      "instances": [
        {
          "index_key": 0,
          "schema_version": 0,
          "attributes": {
            "id": "ingest-metadata-hdr-files-lambda-20240618155729820400000001",
            "policy_arn": "arn:aws:iam::139464377685:policy/ingest-metadata-hdr-files-lambda-inline",
            "role": "ingest-metadata-hdr-files-lambda"
          },
          "sensitive_attributes": [],
          "private": "bnVsbA==",
          "dependencies": [
            "module.dynamodb_table.aws_dynamodb_table.autoscaled",
            "module.dynamodb_table.aws_dynamodb_table.autoscaled_gsi_ignore",
            "module.dynamodb_table.aws_dynamodb_table.this",
            "module.lambda_function_metadata_2.aws_iam_policy.additional_inline",
            "module.lambda_function_metadata_2.aws_iam_role.lambda",
            "module.lambda_function_metadata_2.data.aws_iam_policy_document.additional_inline",
            "module.lambda_function_metadata_2.data.aws_iam_policy_document.assume_role",
            "module.s3_bucket.aws_s3_bucket.this"
          ]
        }
      ]
    },
    {
      "module": "module.lambda_function_metadata_2",
      "mode": "managed",
      "type": "aws_iam_role_policy_attachment",
      "name": "logs",
      "provider": "provider[\"registry.terraform.io/hashicorp/aws\"]",
      "instances": [
        {
          "index_key": 0,
          "schema_version": 0,
          "attributes": {
            "id": "ingest-metadata-hdr-files-lambda-20240618155729945200000002",
            "policy_arn": "arn:aws:iam::139464377685:policy/ingest-metadata-hdr-files-lambda-logs",
            "role": "ingest-metadata-hdr-files-lambda"
          },
          "sensitive_attributes": [],
          "private": "bnVsbA==",
          "dependencies": [
            "module.lambda_function_metadata_2.aws_cloudwatch_log_group.lambda",
            "module.lambda_function_metadata_2.aws_iam_policy.logs",
            "module.lambda_function_metadata_2.aws_iam_role.lambda",
            "module.lambda_function_metadata_2.data.aws_arn.log_group_arn",
            "module.lambda_function_metadata_2.data.aws_cloudwatch_log_group.lambda",
            "module.lambda_function_metadata_2.data.aws_iam_policy_document.assume_role",
            "module.lambda_function_metadata_2.data.aws_iam_policy_document.logs"
          ]
        }
      ]
    },
    {
      "module": "module.lambda_function_metadata_2",
      "mode": "managed",
      "type": "aws_lambda_function",
      "name": "this",
      "provider": "provider[\"registry.terraform.io/hashicorp/aws\"]",
      "instances": [
        {
          "index_key": 0,
          "schema_version": 0,
          "attributes": {
            "architectures": [
              "x86_64"
            ],
            "arn": "arn:aws:lambda:us-east-1:139464377685:function:ingest-metadata-hdr-files-lambda",
            "code_signing_config_arn": "",
            "dead_letter_config": [],
            "description": "Ingest lat/long metadata from HDR files",
            "environment": [],
            "ephemeral_storage": [
              {
                "size": 512
              }
            ],
            "file_system_config": [],
            "filename": "builds/adad2a0d5a6c5a7e5ac538aa4ba6587e3d44b880a27782434d14f5eb5127d682.zip",
            "function_name": "ingest-metadata-hdr-files-lambda",
            "handler": "app.lambda_handler",
            "id": "ingest-metadata-hdr-files-lambda",
            "image_config": [],
            "image_uri": "",
            "invoke_arn": "arn:aws:apigateway:us-east-1:lambda:path/2015-03-31/functions/arn:aws:lambda:us-east-1:139464377685:function:ingest-metadata-hdr-files-lambda/invocations",
            "kms_key_arn": "",
            "last_modified": "2024-06-18T17:15:56.000+0000",
            "layers": [],
            "logging_config": [
              {
                "application_log_level": "",
                "log_format": "Text",
                "log_group": "/aws/lambda/ingest-metadata-hdr-files-lambda",
                "system_log_level": ""
              }
            ],
            "memory_size": 200,
            "package_type": "Zip",
            "publish": true,
            "qualified_arn": "arn:aws:lambda:us-east-1:139464377685:function:ingest-metadata-hdr-files-lambda:3",
            "qualified_invoke_arn": "arn:aws:apigateway:us-east-1:lambda:path/2015-03-31/functions/arn:aws:lambda:us-east-1:139464377685:function:ingest-metadata-hdr-files-lambda:3/invocations",
            "replace_security_groups_on_destroy": null,
            "replacement_security_group_ids": null,
            "reserved_concurrent_executions": -1,
            "role": "arn:aws:iam::139464377685:role/ingest-metadata-hdr-files-lambda",
            "runtime": "python3.12",
            "s3_bucket": null,
            "s3_key": null,
            "s3_object_version": null,
            "signing_job_arn": "",
            "signing_profile_version_arn": "",
            "skip_destroy": false,
            "snap_start": [],
            "source_code_hash": "6Je9AKaYjqzXWuyST4sr1iwvlH/Uf1iIU2a6Nr0UsjQ=",
            "source_code_size": 2361,
            "tags": {},
            "tags_all": {},
            "timeout": 300,
            "timeouts": null,
            "tracing_config": [
              {
                "mode": "PassThrough"
              }
            ],
            "version": "3",
            "vpc_config": []
          },
          "sensitive_attributes": [],
          "private": "eyJlMmJmYjczMC1lY2FhLTExZTYtOGY4OC0zNDM2M2JjN2M0YzAiOnsiY3JlYXRlIjo2MDAwMDAwMDAwMDAsImRlbGV0ZSI6NjAwMDAwMDAwMDAwLCJ1cGRhdGUiOjYwMDAwMDAwMDAwMH19",
          "dependencies": [
            "module.dynamodb_table.aws_dynamodb_table.autoscaled",
            "module.dynamodb_table.aws_dynamodb_table.autoscaled_gsi_ignore",
            "module.dynamodb_table.aws_dynamodb_table.this",
            "module.lambda_function_metadata_2.aws_cloudwatch_log_group.lambda",
            "module.lambda_function_metadata_2.aws_iam_policy.additional_inline",
            "module.lambda_function_metadata_2.aws_iam_policy.additional_json",
            "module.lambda_function_metadata_2.aws_iam_policy.additional_jsons",
            "module.lambda_function_metadata_2.aws_iam_policy.async",
            "module.lambda_function_metadata_2.aws_iam_policy.dead_letter",
            "module.lambda_function_metadata_2.aws_iam_policy.logs",
            "module.lambda_function_metadata_2.aws_iam_policy.tracing",
            "module.lambda_function_metadata_2.aws_iam_policy.vpc",
            "module.lambda_function_metadata_2.aws_iam_role.lambda",
            "module.lambda_function_metadata_2.aws_iam_role_policy_attachment.additional_inline",
            "module.lambda_function_metadata_2.aws_iam_role_policy_attachment.additional_json",
            "module.lambda_function_metadata_2.aws_iam_role_policy_attachment.additional_jsons",
            "module.lambda_function_metadata_2.aws_iam_role_policy_attachment.additional_many",
            "module.lambda_function_metadata_2.aws_iam_role_policy_attachment.additional_one",
            "module.lambda_function_metadata_2.aws_iam_role_policy_attachment.async",
            "module.lambda_function_metadata_2.aws_iam_role_policy_attachment.dead_letter",
            "module.lambda_function_metadata_2.aws_iam_role_policy_attachment.logs",
            "module.lambda_function_metadata_2.aws_iam_role_policy_attachment.tracing",
            "module.lambda_function_metadata_2.aws_iam_role_policy_attachment.vpc",
            "module.lambda_function_metadata_2.aws_s3_object.lambda_package",
            "module.lambda_function_metadata_2.data.aws_arn.log_group_arn",
            "module.lambda_function_metadata_2.data.aws_cloudwatch_log_group.lambda",
            "module.lambda_function_metadata_2.data.aws_iam_policy.tracing",
            "module.lambda_function_metadata_2.data.aws_iam_policy.vpc",
            "module.lambda_function_metadata_2.data.aws_iam_policy_document.additional_inline",
            "module.lambda_function_metadata_2.data.aws_iam_policy_document.assume_role",
            "module.lambda_function_metadata_2.data.aws_iam_policy_document.async",
            "module.lambda_function_metadata_2.data.aws_iam_policy_document.dead_letter",
            "module.lambda_function_metadata_2.data.aws_iam_policy_document.logs",
            "module.lambda_function_metadata_2.data.aws_partition.current",
            "module.lambda_function_metadata_2.data.external.archive_prepare",
            "module.lambda_function_metadata_2.local_file.archive_plan",
            "module.lambda_function_metadata_2.null_resource.archive",
            "module.s3_bucket.aws_s3_bucket.this"
          ]
        }
      ]
    },
    {
      "module": "module.lambda_function_metadata_2",
      "mode": "managed",
      "type": "aws_lambda_permission",
      "name": "current_version_triggers",
      "provider": "provider[\"registry.terraform.io/hashicorp/aws\"]",
      "instances": [
        {
          "index_key": "AllowExecutionFromS3Bucket",
          "schema_version": 0,
          "attributes": {
            "action": "lambda:InvokeFunction",
            "event_source_token": null,
            "function_name": "ingest-metadata-hdr-files-lambda",
            "function_url_auth_type": null,
            "id": "AllowExecutionFromS3Bucket",
            "principal": "s3.amazonaws.com",
            "principal_org_id": null,
            "qualifier": "3",
            "source_account": null,
            "source_arn": "arn:aws:s3:::habhub.data-pipeline-files",
            "statement_id": "AllowExecutionFromS3Bucket",
            "statement_id_prefix": ""
          },
          "sensitive_attributes": [],
          "private": "bnVsbA==",
          "dependencies": [
            "module.dynamodb_table.aws_dynamodb_table.autoscaled",
            "module.dynamodb_table.aws_dynamodb_table.autoscaled_gsi_ignore",
            "module.dynamodb_table.aws_dynamodb_table.this",
            "module.lambda_function_metadata_2.aws_cloudwatch_log_group.lambda",
            "module.lambda_function_metadata_2.aws_iam_policy.additional_inline",
            "module.lambda_function_metadata_2.aws_iam_policy.additional_json",
            "module.lambda_function_metadata_2.aws_iam_policy.additional_jsons",
            "module.lambda_function_metadata_2.aws_iam_policy.async",
            "module.lambda_function_metadata_2.aws_iam_policy.dead_letter",
            "module.lambda_function_metadata_2.aws_iam_policy.logs",
            "module.lambda_function_metadata_2.aws_iam_policy.tracing",
            "module.lambda_function_metadata_2.aws_iam_policy.vpc",
            "module.lambda_function_metadata_2.aws_iam_role.lambda",
            "module.lambda_function_metadata_2.aws_iam_role_policy_attachment.additional_inline",
            "module.lambda_function_metadata_2.aws_iam_role_policy_attachment.additional_json",
            "module.lambda_function_metadata_2.aws_iam_role_policy_attachment.additional_jsons",
            "module.lambda_function_metadata_2.aws_iam_role_policy_attachment.additional_many",
            "module.lambda_function_metadata_2.aws_iam_role_policy_attachment.additional_one",
            "module.lambda_function_metadata_2.aws_iam_role_policy_attachment.async",
            "module.lambda_function_metadata_2.aws_iam_role_policy_attachment.dead_letter",
            "module.lambda_function_metadata_2.aws_iam_role_policy_attachment.logs",
            "module.lambda_function_metadata_2.aws_iam_role_policy_attachment.tracing",
            "module.lambda_function_metadata_2.aws_iam_role_policy_attachment.vpc",
            "module.lambda_function_metadata_2.aws_lambda_function.this",
            "module.lambda_function_metadata_2.aws_s3_object.lambda_package",
            "module.lambda_function_metadata_2.data.aws_arn.log_group_arn",
            "module.lambda_function_metadata_2.data.aws_cloudwatch_log_group.lambda",
            "module.lambda_function_metadata_2.data.aws_iam_policy.tracing",
            "module.lambda_function_metadata_2.data.aws_iam_policy.vpc",
            "module.lambda_function_metadata_2.data.aws_iam_policy_document.additional_inline",
            "module.lambda_function_metadata_2.data.aws_iam_policy_document.assume_role",
            "module.lambda_function_metadata_2.data.aws_iam_policy_document.async",
            "module.lambda_function_metadata_2.data.aws_iam_policy_document.dead_letter",
            "module.lambda_function_metadata_2.data.aws_iam_policy_document.logs",
            "module.lambda_function_metadata_2.data.aws_partition.current",
            "module.lambda_function_metadata_2.data.external.archive_prepare",
            "module.lambda_function_metadata_2.local_file.archive_plan",
            "module.lambda_function_metadata_2.null_resource.archive",
            "module.s3_bucket.aws_s3_bucket.this"
          ]
        }
      ]
    },
    {
      "module": "module.lambda_function_metadata_2",
      "mode": "managed",
      "type": "aws_lambda_permission",
      "name": "unqualified_alias_triggers",
      "provider": "provider[\"registry.terraform.io/hashicorp/aws\"]",
      "instances": [
        {
          "index_key": "AllowExecutionFromS3Bucket",
          "schema_version": 0,
          "attributes": {
            "action": "lambda:InvokeFunction",
            "event_source_token": null,
            "function_name": "ingest-metadata-hdr-files-lambda",
            "function_url_auth_type": null,
            "id": "AllowExecutionFromS3Bucket",
            "principal": "s3.amazonaws.com",
            "principal_org_id": null,
            "qualifier": "",
            "source_account": null,
            "source_arn": "arn:aws:s3:::habhub.data-pipeline-files",
            "statement_id": "AllowExecutionFromS3Bucket",
            "statement_id_prefix": ""
          },
          "sensitive_attributes": [],
          "private": "bnVsbA==",
          "dependencies": [
            "module.dynamodb_table.aws_dynamodb_table.autoscaled",
            "module.dynamodb_table.aws_dynamodb_table.autoscaled_gsi_ignore",
            "module.dynamodb_table.aws_dynamodb_table.this",
            "module.lambda_function_metadata_2.aws_cloudwatch_log_group.lambda",
            "module.lambda_function_metadata_2.aws_iam_policy.additional_inline",
            "module.lambda_function_metadata_2.aws_iam_policy.additional_json",
            "module.lambda_function_metadata_2.aws_iam_policy.additional_jsons",
            "module.lambda_function_metadata_2.aws_iam_policy.async",
            "module.lambda_function_metadata_2.aws_iam_policy.dead_letter",
            "module.lambda_function_metadata_2.aws_iam_policy.logs",
            "module.lambda_function_metadata_2.aws_iam_policy.tracing",
            "module.lambda_function_metadata_2.aws_iam_policy.vpc",
            "module.lambda_function_metadata_2.aws_iam_role.lambda",
            "module.lambda_function_metadata_2.aws_iam_role_policy_attachment.additional_inline",
            "module.lambda_function_metadata_2.aws_iam_role_policy_attachment.additional_json",
            "module.lambda_function_metadata_2.aws_iam_role_policy_attachment.additional_jsons",
            "module.lambda_function_metadata_2.aws_iam_role_policy_attachment.additional_many",
            "module.lambda_function_metadata_2.aws_iam_role_policy_attachment.additional_one",
            "module.lambda_function_metadata_2.aws_iam_role_policy_attachment.async",
            "module.lambda_function_metadata_2.aws_iam_role_policy_attachment.dead_letter",
            "module.lambda_function_metadata_2.aws_iam_role_policy_attachment.logs",
            "module.lambda_function_metadata_2.aws_iam_role_policy_attachment.tracing",
            "module.lambda_function_metadata_2.aws_iam_role_policy_attachment.vpc",
            "module.lambda_function_metadata_2.aws_lambda_function.this",
            "module.lambda_function_metadata_2.aws_s3_object.lambda_package",
            "module.lambda_function_metadata_2.data.aws_arn.log_group_arn",
            "module.lambda_function_metadata_2.data.aws_cloudwatch_log_group.lambda",
            "module.lambda_function_metadata_2.data.aws_iam_policy.tracing",
            "module.lambda_function_metadata_2.data.aws_iam_policy.vpc",
            "module.lambda_function_metadata_2.data.aws_iam_policy_document.additional_inline",
            "module.lambda_function_metadata_2.data.aws_iam_policy_document.assume_role",
            "module.lambda_function_metadata_2.data.aws_iam_policy_document.async",
            "module.lambda_function_metadata_2.data.aws_iam_policy_document.dead_letter",
            "module.lambda_function_metadata_2.data.aws_iam_policy_document.logs",
            "module.lambda_function_metadata_2.data.aws_partition.current",
            "module.lambda_function_metadata_2.data.external.archive_prepare",
            "module.lambda_function_metadata_2.local_file.archive_plan",
            "module.lambda_function_metadata_2.null_resource.archive",
            "module.s3_bucket.aws_s3_bucket.this"
          ]
        }
      ]
    },
    {
      "module": "module.lambda_function_metadata_2",
      "mode": "managed",
      "type": "local_file",
      "name": "archive_plan",
      "provider": "provider[\"registry.terraform.io/hashicorp/local\"]",
      "instances": [
        {
          "index_key": 0,
          "schema_version": 0,
          "attributes": {
            "content": "{\"filename\": \"builds/adad2a0d5a6c5a7e5ac538aa4ba6587e3d44b880a27782434d14f5eb5127d682.zip\", \"runtime\": \"python3.12\", \"artifacts_dir\": \"builds\", \"build_plan\": [[\"zip\", \"../lambdas/ingest-metadata-hdr-files\", null]]}",
            "content_base64": null,
            "content_base64sha256": "ou2DB/edC1KPdC+SXerRIlSm2md7c2oTfSaPIbpcLmY=",
            "content_base64sha512": "z4fUmNyFO6qywKFEQ7U25kUPTaV5yeyu2k6c3ToND6/PbN6MgR47DksTToBqbu68SWth5cXmUKC7aVbZzalP3w==",
            "content_md5": "67192017c41231a5c18c40ef56f2b63e",
            "content_sha1": "f41a81c9feaa6916f529bd42be05f3b423fb4c78",
            "content_sha256": "a2ed8307f79d0b528f742f925dead12254a6da677b736a137d268f21ba5c2e66",
            "content_sha512": "cf87d498dc853baab2c0a14443b536e6450f4da579c9ecaeda4e9cdd3a0d0fafcf6cde8c811e3b0e4b134e806a6eeebc496b61e5c5e650a0bb6956d9cda94fdf",
            "directory_permission": "0755",
            "file_permission": "0644",
            "filename": "builds/adad2a0d5a6c5a7e5ac538aa4ba6587e3d44b880a27782434d14f5eb5127d682.plan.json",
            "id": "f41a81c9feaa6916f529bd42be05f3b423fb4c78",
            "sensitive_content": null,
            "source": null
          },
          "sensitive_attributes": [
            [
              {
                "type": "get_attr",
                "value": "sensitive_content"
              }
            ]
          ],
          "dependencies": [
            "module.lambda_function_metadata_2.data.external.archive_prepare"
          ]
        }
      ]
    },
    {
      "module": "module.lambda_function_metadata_2",
      "mode": "managed",
      "type": "null_resource",
      "name": "archive",
      "provider": "provider[\"registry.terraform.io/hashicorp/null\"]",
      "instances": [
        {
          "index_key": 0,
          "schema_version": 0,
          "attributes": {
            "id": "948560414579506652",
            "triggers": {
              "filename": "builds/adad2a0d5a6c5a7e5ac538aa4ba6587e3d44b880a27782434d14f5eb5127d682.zip",
              "timestamp": "1718730946246547000"
            }
          },
          "sensitive_attributes": [],
          "dependencies": [
            "module.lambda_function_metadata_2.data.external.archive_prepare",
            "module.lambda_function_metadata_2.local_file.archive_plan"
          ]
        }
      ]
    },
    {
      "module": "module.s3_bucket",
      "mode": "data",
      "type": "aws_caller_identity",
      "name": "current",
      "provider": "provider[\"registry.terraform.io/hashicorp/aws\"]",
      "instances": [
        {
          "schema_version": 0,
          "attributes": {
            "account_id": "139464377685",
            "arn": "arn:aws:sts::139464377685:assumed-role/AWSReservedSSO_AWSAdministratorAccess_a1d37e058008aa2e/eandrews_admin@whoi.edu",
            "id": "139464377685",
            "user_id": "AROASA6FZQVKXTDX4RQKP:eandrews_admin@whoi.edu"
          },
          "sensitive_attributes": []
        }
      ]
    },
    {
      "module": "module.s3_bucket",
      "mode": "data",
      "type": "aws_canonical_user_id",
      "name": "this",
      "provider": "provider[\"registry.terraform.io/hashicorp/aws\"]",
      "instances": [
        {
          "index_key": 0,
          "schema_version": 0,
          "attributes": {
            "display_name": "habhub+aws-management",
            "id": "bf550d8b973e962e8649a9386e1342bd10f6de14310d9b5de771db6bb2b97cc9"
          },
          "sensitive_attributes": []
        }
      ]
    },
    {
      "module": "module.s3_bucket",
      "mode": "data",
      "type": "aws_partition",
      "name": "current",
      "provider": "provider[\"registry.terraform.io/hashicorp/aws\"]",
      "instances": [
        {
          "schema_version": 0,
          "attributes": {
            "dns_suffix": "amazonaws.com",
            "id": "aws",
            "partition": "aws",
            "reverse_dns_prefix": "com.amazonaws"
          },
          "sensitive_attributes": []
        }
      ]
    },
    {
      "module": "module.s3_bucket",
      "mode": "data",
      "type": "aws_region",
      "name": "current",
      "provider": "provider[\"registry.terraform.io/hashicorp/aws\"]",
      "instances": [
        {
          "schema_version": 0,
          "attributes": {
            "description": "US East (N. Virginia)",
            "endpoint": "ec2.us-east-1.amazonaws.com",
            "id": "us-east-1",
            "name": "us-east-1"
          },
          "sensitive_attributes": []
        }
      ]
    },
    {
      "module": "module.s3_bucket",
      "mode": "managed",
      "type": "aws_s3_bucket",
      "name": "this",
      "provider": "provider[\"registry.terraform.io/hashicorp/aws\"]",
      "instances": [
        {
          "index_key": 0,
          "schema_version": 0,
          "attributes": {
            "acceleration_status": "",
            "acl": null,
            "arn": "arn:aws:s3:::habhub.data-pipeline-files",
            "bucket": "habhub.data-pipeline-files",
            "bucket_domain_name": "habhub.data-pipeline-files.s3.amazonaws.com",
            "bucket_prefix": "",
            "bucket_regional_domain_name": "habhub.data-pipeline-files.s3.us-east-1.amazonaws.com",
            "cors_rule": [],
            "force_destroy": true,
            "grant": [
              {
                "id": "bf550d8b973e962e8649a9386e1342bd10f6de14310d9b5de771db6bb2b97cc9",
                "permissions": [
                  "FULL_CONTROL"
                ],
                "type": "CanonicalUser",
                "uri": ""
              }
            ],
            "hosted_zone_id": "Z3AQBSTGFYJSTF",
            "id": "habhub.data-pipeline-files",
            "lifecycle_rule": [],
            "logging": [],
            "object_lock_configuration": [],
            "object_lock_enabled": false,
            "policy": "",
            "region": "us-east-1",
            "replication_configuration": [],
            "request_payer": "BucketOwner",
            "server_side_encryption_configuration": [
              {
                "rule": [
                  {
                    "apply_server_side_encryption_by_default": [
                      {
                        "kms_master_key_id": "",
                        "sse_algorithm": "AES256"
                      }
                    ],
                    "bucket_key_enabled": false
                  }
                ]
              }
            ],
            "tags": {},
            "tags_all": {},
            "timeouts": null,
            "versioning": [
              {
                "enabled": false,
                "mfa_delete": false
              }
            ],
            "website": [],
            "website_domain": null,
            "website_endpoint": null
          },
          "sensitive_attributes": [],
          "private": "eyJlMmJmYjczMC1lY2FhLTExZTYtOGY4OC0zNDM2M2JjN2M0YzAiOnsiY3JlYXRlIjoxMjAwMDAwMDAwMDAwLCJkZWxldGUiOjM2MDAwMDAwMDAwMDAsInJlYWQiOjEyMDAwMDAwMDAwMDAsInVwZGF0ZSI6MTIwMDAwMDAwMDAwMH19"
        }
      ]
    },
    {
      "module": "module.s3_bucket",
      "mode": "managed",
      "type": "aws_s3_bucket_acl",
      "name": "this",
      "provider": "provider[\"registry.terraform.io/hashicorp/aws\"]",
      "instances": [
        {
          "index_key": 0,
          "schema_version": 0,
          "attributes": {
            "access_control_policy": [
              {
                "grant": [
                  {
                    "grantee": [
                      {
                        "display_name": "habhub+aws-management",
                        "email_address": "",
                        "id": "bf550d8b973e962e8649a9386e1342bd10f6de14310d9b5de771db6bb2b97cc9",
                        "type": "CanonicalUser",
                        "uri": ""
                      }
                    ],
                    "permission": "FULL_CONTROL"
                  }
                ],
                "owner": [
                  {
                    "display_name": "habhub+aws-management",
                    "id": "bf550d8b973e962e8649a9386e1342bd10f6de14310d9b5de771db6bb2b97cc9"
                  }
                ]
              }
            ],
            "acl": "private",
            "bucket": "habhub.data-pipeline-files",
            "expected_bucket_owner": "",
            "id": "habhub.data-pipeline-files,private"
          },
          "sensitive_attributes": [],
          "private": "bnVsbA==",
          "dependencies": [
            "module.s3_bucket.aws_s3_bucket.this",
            "module.s3_bucket.aws_s3_bucket_ownership_controls.this",
            "module.s3_bucket.aws_s3_bucket_policy.this",
            "module.s3_bucket.aws_s3_bucket_public_access_block.this",
            "module.s3_bucket.data.aws_caller_identity.current",
            "module.s3_bucket.data.aws_canonical_user_id.this",
            "module.s3_bucket.data.aws_iam_policy_document.access_log_delivery",
            "module.s3_bucket.data.aws_iam_policy_document.combined",
            "module.s3_bucket.data.aws_iam_policy_document.deny_incorrect_encryption_headers",
            "module.s3_bucket.data.aws_iam_policy_document.deny_incorrect_kms_key_sse",
            "module.s3_bucket.data.aws_iam_policy_document.deny_insecure_transport",
            "module.s3_bucket.data.aws_iam_policy_document.deny_unencrypted_object_uploads",
            "module.s3_bucket.data.aws_iam_policy_document.elb_log_delivery",
            "module.s3_bucket.data.aws_iam_policy_document.inventory_and_analytics_destination_policy",
            "module.s3_bucket.data.aws_iam_policy_document.lb_log_delivery",
            "module.s3_bucket.data.aws_iam_policy_document.require_latest_tls",
            "module.s3_bucket.data.aws_partition.current",
            "module.s3_bucket.data.aws_region.current"
          ]
        }
      ]
    },
    {
      "module": "module.s3_bucket",
      "mode": "managed",
      "type": "aws_s3_bucket_ownership_controls",
      "name": "this",
      "provider": "provider[\"registry.terraform.io/hashicorp/aws\"]",
      "instances": [
        {
          "index_key": 0,
          "schema_version": 0,
          "attributes": {
            "bucket": "habhub.data-pipeline-files",
            "id": "habhub.data-pipeline-files",
            "rule": [
              {
                "object_ownership": "ObjectWriter"
              }
            ]
          },
          "sensitive_attributes": [],
          "private": "bnVsbA==",
          "dependencies": [
            "module.s3_bucket.aws_s3_bucket.this",
            "module.s3_bucket.aws_s3_bucket_policy.this",
            "module.s3_bucket.aws_s3_bucket_public_access_block.this",
            "module.s3_bucket.data.aws_caller_identity.current",
            "module.s3_bucket.data.aws_iam_policy_document.access_log_delivery",
            "module.s3_bucket.data.aws_iam_policy_document.combined",
            "module.s3_bucket.data.aws_iam_policy_document.deny_incorrect_encryption_headers",
            "module.s3_bucket.data.aws_iam_policy_document.deny_incorrect_kms_key_sse",
            "module.s3_bucket.data.aws_iam_policy_document.deny_insecure_transport",
            "module.s3_bucket.data.aws_iam_policy_document.deny_unencrypted_object_uploads",
            "module.s3_bucket.data.aws_iam_policy_document.elb_log_delivery",
            "module.s3_bucket.data.aws_iam_policy_document.inventory_and_analytics_destination_policy",
            "module.s3_bucket.data.aws_iam_policy_document.lb_log_delivery",
            "module.s3_bucket.data.aws_iam_policy_document.require_latest_tls",
            "module.s3_bucket.data.aws_partition.current",
            "module.s3_bucket.data.aws_region.current"
          ]
        }
      ]
    },
    {
      "module": "module.s3_bucket",
      "mode": "managed",
      "type": "aws_s3_bucket_public_access_block",
      "name": "this",
      "provider": "provider[\"registry.terraform.io/hashicorp/aws\"]",
      "instances": [
        {
          "index_key": 0,
          "schema_version": 0,
          "attributes": {
            "block_public_acls": true,
            "block_public_policy": true,
            "bucket": "habhub.data-pipeline-files",
            "id": "habhub.data-pipeline-files",
            "ignore_public_acls": true,
            "restrict_public_buckets": true
          },
          "sensitive_attributes": [],
          "private": "bnVsbA==",
          "dependencies": [
            "module.s3_bucket.aws_s3_bucket.this"
          ]
        }
      ]
    },
    {
      "module": "module.s3_notification",
      "mode": "data",
      "type": "aws_partition",
      "name": "this",
      "provider": "provider[\"registry.terraform.io/hashicorp/aws\"]",
      "instances": [
        {
          "schema_version": 0,
          "attributes": {
            "dns_suffix": "amazonaws.com",
            "id": "aws",
            "partition": "aws",
            "reverse_dns_prefix": "com.amazonaws"
          },
          "sensitive_attributes": []
        }
      ]
    },
    {
      "module": "module.s3_notification",
      "mode": "managed",
      "type": "aws_lambda_permission",
      "name": "allow",
      "provider": "provider[\"registry.terraform.io/hashicorp/aws\"]",
      "instances": [
        {
          "index_key": "lambda1",
          "schema_version": 0,
          "attributes": {
            "action": "lambda:InvokeFunction",
            "event_source_token": null,
            "function_name": "ingest-class-scores-lambda",
            "function_url_auth_type": null,
            "id": "AllowLambdaS3BucketNotification-20240612175628792900000001",
            "principal": "s3.amazonaws.com",
            "principal_org_id": null,
            "qualifier": "",
            "source_account": null,
            "source_arn": "arn:aws:s3:::habhub.data-pipeline-files",
            "statement_id": "AllowLambdaS3BucketNotification-20240612175628792900000001",
            "statement_id_prefix": "AllowLambdaS3BucketNotification-"
          },
          "sensitive_attributes": [],
          "private": "bnVsbA==",
          "dependencies": [
            "aws_security_group.lambda_sg",
            "data.aws_ecr_authorization_token.token",
            "module.docker_image.aws_ecr_repository.this",
            "module.docker_image.data.aws_caller_identity.this",
            "module.docker_image.data.aws_region.current",
            "module.docker_image.docker_image.this",
            "module.docker_image.docker_registry_image.this",
            "module.docker_image_metadata.aws_ecr_repository.this",
            "module.docker_image_metadata.data.aws_caller_identity.this",
            "module.docker_image_metadata.data.aws_region.current",
            "module.docker_image_metadata.docker_image.this",
            "module.docker_image_metadata.docker_registry_image.this",
            "module.dynamodb_table.aws_dynamodb_table.autoscaled",
            "module.dynamodb_table.aws_dynamodb_table.autoscaled_gsi_ignore",
            "module.dynamodb_table.aws_dynamodb_table.this",
            "module.lambda_function.aws_cloudwatch_log_group.lambda",
            "module.lambda_function.aws_iam_policy.additional_inline",
            "module.lambda_function.aws_iam_policy.additional_json",
            "module.lambda_function.aws_iam_policy.additional_jsons",
            "module.lambda_function.aws_iam_policy.async",
            "module.lambda_function.aws_iam_policy.dead_letter",
            "module.lambda_function.aws_iam_policy.logs",
            "module.lambda_function.aws_iam_policy.tracing",
            "module.lambda_function.aws_iam_policy.vpc",
            "module.lambda_function.aws_iam_role.lambda",
            "module.lambda_function.aws_iam_role_policy_attachment.additional_inline",
            "module.lambda_function.aws_iam_role_policy_attachment.additional_json",
            "module.lambda_function.aws_iam_role_policy_attachment.additional_jsons",
            "module.lambda_function.aws_iam_role_policy_attachment.additional_many",
            "module.lambda_function.aws_iam_role_policy_attachment.additional_one",
            "module.lambda_function.aws_iam_role_policy_attachment.async",
            "module.lambda_function.aws_iam_role_policy_attachment.dead_letter",
            "module.lambda_function.aws_iam_role_policy_attachment.logs",
            "module.lambda_function.aws_iam_role_policy_attachment.tracing",
            "module.lambda_function.aws_iam_role_policy_attachment.vpc",
            "module.lambda_function.aws_lambda_function.this",
            "module.lambda_function.aws_s3_object.lambda_package",
            "module.lambda_function.data.aws_arn.log_group_arn",
            "module.lambda_function.data.aws_cloudwatch_log_group.lambda",
            "module.lambda_function.data.aws_iam_policy.tracing",
            "module.lambda_function.data.aws_iam_policy.vpc",
            "module.lambda_function.data.aws_iam_policy_document.additional_inline",
            "module.lambda_function.data.aws_iam_policy_document.assume_role",
            "module.lambda_function.data.aws_iam_policy_document.async",
            "module.lambda_function.data.aws_iam_policy_document.dead_letter",
            "module.lambda_function.data.aws_iam_policy_document.logs",
            "module.lambda_function.data.aws_partition.current",
            "module.lambda_function.data.external.archive_prepare",
            "module.lambda_function.local_file.archive_plan",
            "module.lambda_function.null_resource.archive",
            "module.lambda_function_metadata.aws_cloudwatch_log_group.lambda",
            "module.lambda_function_metadata.aws_iam_policy.additional_inline",
            "module.lambda_function_metadata.aws_iam_policy.additional_json",
            "module.lambda_function_metadata.aws_iam_policy.additional_jsons",
            "module.lambda_function_metadata.aws_iam_policy.async",
            "module.lambda_function_metadata.aws_iam_policy.dead_letter",
            "module.lambda_function_metadata.aws_iam_policy.logs",
            "module.lambda_function_metadata.aws_iam_policy.tracing",
            "module.lambda_function_metadata.aws_iam_policy.vpc",
            "module.lambda_function_metadata.aws_iam_role.lambda",
            "module.lambda_function_metadata.aws_iam_role_policy_attachment.additional_inline",
            "module.lambda_function_metadata.aws_iam_role_policy_attachment.additional_json",
            "module.lambda_function_metadata.aws_iam_role_policy_attachment.additional_jsons",
            "module.lambda_function_metadata.aws_iam_role_policy_attachment.additional_many",
            "module.lambda_function_metadata.aws_iam_role_policy_attachment.additional_one",
            "module.lambda_function_metadata.aws_iam_role_policy_attachment.async",
            "module.lambda_function_metadata.aws_iam_role_policy_attachment.dead_letter",
            "module.lambda_function_metadata.aws_iam_role_policy_attachment.logs",
            "module.lambda_function_metadata.aws_iam_role_policy_attachment.tracing",
            "module.lambda_function_metadata.aws_iam_role_policy_attachment.vpc",
            "module.lambda_function_metadata.aws_lambda_function.this",
            "module.lambda_function_metadata.aws_s3_object.lambda_package",
            "module.lambda_function_metadata.data.aws_arn.log_group_arn",
            "module.lambda_function_metadata.data.aws_cloudwatch_log_group.lambda",
            "module.lambda_function_metadata.data.aws_iam_policy.tracing",
            "module.lambda_function_metadata.data.aws_iam_policy.vpc",
            "module.lambda_function_metadata.data.aws_iam_policy_document.additional_inline",
            "module.lambda_function_metadata.data.aws_iam_policy_document.assume_role",
            "module.lambda_function_metadata.data.aws_iam_policy_document.async",
            "module.lambda_function_metadata.data.aws_iam_policy_document.dead_letter",
            "module.lambda_function_metadata.data.aws_iam_policy_document.logs",
            "module.lambda_function_metadata.data.aws_partition.current",
            "module.lambda_function_metadata.data.external.archive_prepare",
            "module.lambda_function_metadata.local_file.archive_plan",
            "module.lambda_function_metadata.null_resource.archive",
            "module.lambda_function_metadata_2.aws_cloudwatch_log_group.lambda",
            "module.lambda_function_metadata_2.aws_iam_policy.additional_inline",
            "module.lambda_function_metadata_2.aws_iam_policy.additional_json",
            "module.lambda_function_metadata_2.aws_iam_policy.additional_jsons",
            "module.lambda_function_metadata_2.aws_iam_policy.async",
            "module.lambda_function_metadata_2.aws_iam_policy.dead_letter",
            "module.lambda_function_metadata_2.aws_iam_policy.logs",
            "module.lambda_function_metadata_2.aws_iam_policy.tracing",
            "module.lambda_function_metadata_2.aws_iam_policy.vpc",
            "module.lambda_function_metadata_2.aws_iam_role.lambda",
            "module.lambda_function_metadata_2.aws_iam_role_policy_attachment.additional_inline",
            "module.lambda_function_metadata_2.aws_iam_role_policy_attachment.additional_json",
            "module.lambda_function_metadata_2.aws_iam_role_policy_attachment.additional_jsons",
            "module.lambda_function_metadata_2.aws_iam_role_policy_attachment.additional_many",
            "module.lambda_function_metadata_2.aws_iam_role_policy_attachment.additional_one",
            "module.lambda_function_metadata_2.aws_iam_role_policy_attachment.async",
            "module.lambda_function_metadata_2.aws_iam_role_policy_attachment.dead_letter",
            "module.lambda_function_metadata_2.aws_iam_role_policy_attachment.logs",
            "module.lambda_function_metadata_2.aws_iam_role_policy_attachment.tracing",
            "module.lambda_function_metadata_2.aws_iam_role_policy_attachment.vpc",
            "module.lambda_function_metadata_2.aws_lambda_function.this",
            "module.lambda_function_metadata_2.aws_s3_object.lambda_package",
            "module.lambda_function_metadata_2.data.aws_arn.log_group_arn",
            "module.lambda_function_metadata_2.data.aws_cloudwatch_log_group.lambda",
            "module.lambda_function_metadata_2.data.aws_iam_policy.tracing",
            "module.lambda_function_metadata_2.data.aws_iam_policy.vpc",
            "module.lambda_function_metadata_2.data.aws_iam_policy_document.additional_inline",
            "module.lambda_function_metadata_2.data.aws_iam_policy_document.assume_role",
            "module.lambda_function_metadata_2.data.aws_iam_policy_document.async",
            "module.lambda_function_metadata_2.data.aws_iam_policy_document.dead_letter",
            "module.lambda_function_metadata_2.data.aws_iam_policy_document.logs",
            "module.lambda_function_metadata_2.data.aws_partition.current",
            "module.lambda_function_metadata_2.data.external.archive_prepare",
            "module.lambda_function_metadata_2.local_file.archive_plan",
            "module.lambda_function_metadata_2.null_resource.archive",
            "module.s3_bucket.aws_s3_bucket.this",
            "module.s3_bucket.aws_s3_bucket_policy.this",
            "module.s3_bucket.aws_s3_bucket_public_access_block.this",
            "module.s3_bucket.data.aws_caller_identity.current",
            "module.s3_bucket.data.aws_iam_policy_document.access_log_delivery",
            "module.s3_bucket.data.aws_iam_policy_document.combined",
            "module.s3_bucket.data.aws_iam_policy_document.deny_incorrect_encryption_headers",
            "module.s3_bucket.data.aws_iam_policy_document.deny_incorrect_kms_key_sse",
            "module.s3_bucket.data.aws_iam_policy_document.deny_insecure_transport",
            "module.s3_bucket.data.aws_iam_policy_document.deny_unencrypted_object_uploads",
            "module.s3_bucket.data.aws_iam_policy_document.elb_log_delivery",
            "module.s3_bucket.data.aws_iam_policy_document.inventory_and_analytics_destination_policy",
            "module.s3_bucket.data.aws_iam_policy_document.lb_log_delivery",
            "module.s3_bucket.data.aws_iam_policy_document.require_latest_tls",
            "module.s3_bucket.data.aws_partition.current",
            "module.s3_bucket.data.aws_region.current",
            "module.s3_notification.data.aws_partition.this"
          ]
        },
        {
          "index_key": "lambda2",
          "schema_version": 0,
          "attributes": {
            "action": "lambda:InvokeFunction",
            "event_source_token": null,
            "function_name": "ingest-metadata-adc-files-lambda",
            "function_url_auth_type": null,
            "id": "AllowLambdaS3BucketNotification-20240613180726651100000001",
            "principal": "s3.amazonaws.com",
            "principal_org_id": null,
            "qualifier": "",
            "source_account": null,
            "source_arn": "arn:aws:s3:::habhub.data-pipeline-files",
            "statement_id": "AllowLambdaS3BucketNotification-20240613180726651100000001",
            "statement_id_prefix": "AllowLambdaS3BucketNotification-"
          },
          "sensitive_attributes": [],
          "private": "bnVsbA==",
          "dependencies": [
            "aws_security_group.lambda_sg",
            "data.aws_ecr_authorization_token.token",
            "module.docker_image.aws_ecr_repository.this",
            "module.docker_image.data.aws_caller_identity.this",
            "module.docker_image.data.aws_region.current",
            "module.docker_image.docker_image.this",
            "module.docker_image.docker_registry_image.this",
            "module.docker_image_metadata.aws_ecr_repository.this",
            "module.docker_image_metadata.data.aws_caller_identity.this",
            "module.docker_image_metadata.data.aws_region.current",
            "module.docker_image_metadata.docker_image.this",
            "module.docker_image_metadata.docker_registry_image.this",
            "module.dynamodb_table.aws_dynamodb_table.autoscaled",
            "module.dynamodb_table.aws_dynamodb_table.autoscaled_gsi_ignore",
            "module.dynamodb_table.aws_dynamodb_table.this",
            "module.lambda_function.aws_cloudwatch_log_group.lambda",
            "module.lambda_function.aws_iam_policy.additional_inline",
            "module.lambda_function.aws_iam_policy.additional_json",
            "module.lambda_function.aws_iam_policy.additional_jsons",
            "module.lambda_function.aws_iam_policy.async",
            "module.lambda_function.aws_iam_policy.dead_letter",
            "module.lambda_function.aws_iam_policy.logs",
            "module.lambda_function.aws_iam_policy.tracing",
            "module.lambda_function.aws_iam_policy.vpc",
            "module.lambda_function.aws_iam_role.lambda",
            "module.lambda_function.aws_iam_role_policy_attachment.additional_inline",
            "module.lambda_function.aws_iam_role_policy_attachment.additional_json",
            "module.lambda_function.aws_iam_role_policy_attachment.additional_jsons",
            "module.lambda_function.aws_iam_role_policy_attachment.additional_many",
            "module.lambda_function.aws_iam_role_policy_attachment.additional_one",
            "module.lambda_function.aws_iam_role_policy_attachment.async",
            "module.lambda_function.aws_iam_role_policy_attachment.dead_letter",
            "module.lambda_function.aws_iam_role_policy_attachment.logs",
            "module.lambda_function.aws_iam_role_policy_attachment.tracing",
            "module.lambda_function.aws_iam_role_policy_attachment.vpc",
            "module.lambda_function.aws_lambda_function.this",
            "module.lambda_function.aws_s3_object.lambda_package",
            "module.lambda_function.data.aws_arn.log_group_arn",
            "module.lambda_function.data.aws_cloudwatch_log_group.lambda",
            "module.lambda_function.data.aws_iam_policy.tracing",
            "module.lambda_function.data.aws_iam_policy.vpc",
            "module.lambda_function.data.aws_iam_policy_document.additional_inline",
            "module.lambda_function.data.aws_iam_policy_document.assume_role",
            "module.lambda_function.data.aws_iam_policy_document.async",
            "module.lambda_function.data.aws_iam_policy_document.dead_letter",
            "module.lambda_function.data.aws_iam_policy_document.logs",
            "module.lambda_function.data.aws_partition.current",
            "module.lambda_function.data.external.archive_prepare",
            "module.lambda_function.local_file.archive_plan",
            "module.lambda_function.null_resource.archive",
            "module.lambda_function_metadata.aws_cloudwatch_log_group.lambda",
            "module.lambda_function_metadata.aws_iam_policy.additional_inline",
            "module.lambda_function_metadata.aws_iam_policy.additional_json",
            "module.lambda_function_metadata.aws_iam_policy.additional_jsons",
            "module.lambda_function_metadata.aws_iam_policy.async",
            "module.lambda_function_metadata.aws_iam_policy.dead_letter",
            "module.lambda_function_metadata.aws_iam_policy.logs",
            "module.lambda_function_metadata.aws_iam_policy.tracing",
            "module.lambda_function_metadata.aws_iam_policy.vpc",
            "module.lambda_function_metadata.aws_iam_role.lambda",
            "module.lambda_function_metadata.aws_iam_role_policy_attachment.additional_inline",
            "module.lambda_function_metadata.aws_iam_role_policy_attachment.additional_json",
            "module.lambda_function_metadata.aws_iam_role_policy_attachment.additional_jsons",
            "module.lambda_function_metadata.aws_iam_role_policy_attachment.additional_many",
            "module.lambda_function_metadata.aws_iam_role_policy_attachment.additional_one",
            "module.lambda_function_metadata.aws_iam_role_policy_attachment.async",
            "module.lambda_function_metadata.aws_iam_role_policy_attachment.dead_letter",
            "module.lambda_function_metadata.aws_iam_role_policy_attachment.logs",
            "module.lambda_function_metadata.aws_iam_role_policy_attachment.tracing",
            "module.lambda_function_metadata.aws_iam_role_policy_attachment.vpc",
            "module.lambda_function_metadata.aws_lambda_function.this",
            "module.lambda_function_metadata.aws_s3_object.lambda_package",
            "module.lambda_function_metadata.data.aws_arn.log_group_arn",
            "module.lambda_function_metadata.data.aws_cloudwatch_log_group.lambda",
            "module.lambda_function_metadata.data.aws_iam_policy.tracing",
            "module.lambda_function_metadata.data.aws_iam_policy.vpc",
            "module.lambda_function_metadata.data.aws_iam_policy_document.additional_inline",
            "module.lambda_function_metadata.data.aws_iam_policy_document.assume_role",
            "module.lambda_function_metadata.data.aws_iam_policy_document.async",
            "module.lambda_function_metadata.data.aws_iam_policy_document.dead_letter",
            "module.lambda_function_metadata.data.aws_iam_policy_document.logs",
            "module.lambda_function_metadata.data.aws_partition.current",
            "module.lambda_function_metadata.data.external.archive_prepare",
            "module.lambda_function_metadata.local_file.archive_plan",
            "module.lambda_function_metadata.null_resource.archive",
            "module.lambda_function_metadata_2.aws_cloudwatch_log_group.lambda",
            "module.lambda_function_metadata_2.aws_iam_policy.additional_inline",
            "module.lambda_function_metadata_2.aws_iam_policy.additional_json",
            "module.lambda_function_metadata_2.aws_iam_policy.additional_jsons",
            "module.lambda_function_metadata_2.aws_iam_policy.async",
            "module.lambda_function_metadata_2.aws_iam_policy.dead_letter",
            "module.lambda_function_metadata_2.aws_iam_policy.logs",
            "module.lambda_function_metadata_2.aws_iam_policy.tracing",
            "module.lambda_function_metadata_2.aws_iam_policy.vpc",
            "module.lambda_function_metadata_2.aws_iam_role.lambda",
            "module.lambda_function_metadata_2.aws_iam_role_policy_attachment.additional_inline",
            "module.lambda_function_metadata_2.aws_iam_role_policy_attachment.additional_json",
            "module.lambda_function_metadata_2.aws_iam_role_policy_attachment.additional_jsons",
            "module.lambda_function_metadata_2.aws_iam_role_policy_attachment.additional_many",
            "module.lambda_function_metadata_2.aws_iam_role_policy_attachment.additional_one",
            "module.lambda_function_metadata_2.aws_iam_role_policy_attachment.async",
            "module.lambda_function_metadata_2.aws_iam_role_policy_attachment.dead_letter",
            "module.lambda_function_metadata_2.aws_iam_role_policy_attachment.logs",
            "module.lambda_function_metadata_2.aws_iam_role_policy_attachment.tracing",
            "module.lambda_function_metadata_2.aws_iam_role_policy_attachment.vpc",
            "module.lambda_function_metadata_2.aws_lambda_function.this",
            "module.lambda_function_metadata_2.aws_s3_object.lambda_package",
            "module.lambda_function_metadata_2.data.aws_arn.log_group_arn",
            "module.lambda_function_metadata_2.data.aws_cloudwatch_log_group.lambda",
            "module.lambda_function_metadata_2.data.aws_iam_policy.tracing",
            "module.lambda_function_metadata_2.data.aws_iam_policy.vpc",
            "module.lambda_function_metadata_2.data.aws_iam_policy_document.additional_inline",
            "module.lambda_function_metadata_2.data.aws_iam_policy_document.assume_role",
            "module.lambda_function_metadata_2.data.aws_iam_policy_document.async",
            "module.lambda_function_metadata_2.data.aws_iam_policy_document.dead_letter",
            "module.lambda_function_metadata_2.data.aws_iam_policy_document.logs",
            "module.lambda_function_metadata_2.data.aws_partition.current",
            "module.lambda_function_metadata_2.data.external.archive_prepare",
            "module.lambda_function_metadata_2.local_file.archive_plan",
            "module.lambda_function_metadata_2.null_resource.archive",
            "module.s3_bucket.aws_s3_bucket.this",
            "module.s3_bucket.aws_s3_bucket_policy.this",
            "module.s3_bucket.aws_s3_bucket_public_access_block.this",
            "module.s3_bucket.data.aws_caller_identity.current",
            "module.s3_bucket.data.aws_iam_policy_document.access_log_delivery",
            "module.s3_bucket.data.aws_iam_policy_document.combined",
            "module.s3_bucket.data.aws_iam_policy_document.deny_incorrect_encryption_headers",
            "module.s3_bucket.data.aws_iam_policy_document.deny_incorrect_kms_key_sse",
            "module.s3_bucket.data.aws_iam_policy_document.deny_insecure_transport",
            "module.s3_bucket.data.aws_iam_policy_document.deny_unencrypted_object_uploads",
            "module.s3_bucket.data.aws_iam_policy_document.elb_log_delivery",
            "module.s3_bucket.data.aws_iam_policy_document.inventory_and_analytics_destination_policy",
            "module.s3_bucket.data.aws_iam_policy_document.lb_log_delivery",
            "module.s3_bucket.data.aws_iam_policy_document.require_latest_tls",
            "module.s3_bucket.data.aws_partition.current",
            "module.s3_bucket.data.aws_region.current",
            "module.s3_notification.data.aws_partition.this"
          ]
        },
        {
          "index_key": "lambda3",
          "schema_version": 0,
          "attributes": {
            "action": "lambda:InvokeFunction",
            "event_source_token": null,
            "function_name": "ingest-metadata-hdr-files-lambda",
            "function_url_auth_type": null,
            "id": "AllowLambdaS3BucketNotification-20240618160012670400000003",
            "principal": "s3.amazonaws.com",
            "principal_org_id": null,
            "qualifier": "",
            "source_account": null,
            "source_arn": "arn:aws:s3:::habhub.data-pipeline-files",
            "statement_id": "AllowLambdaS3BucketNotification-20240618160012670400000003",
            "statement_id_prefix": "AllowLambdaS3BucketNotification-"
          },
          "sensitive_attributes": [],
          "private": "bnVsbA==",
          "dependencies": [
            "aws_security_group.lambda_sg",
            "data.aws_ecr_authorization_token.token",
            "module.docker_image.aws_ecr_repository.this",
            "module.docker_image.data.aws_caller_identity.this",
            "module.docker_image.data.aws_region.current",
            "module.docker_image.docker_image.this",
            "module.docker_image.docker_registry_image.this",
            "module.docker_image_metadata.aws_ecr_repository.this",
            "module.docker_image_metadata.data.aws_caller_identity.this",
            "module.docker_image_metadata.data.aws_region.current",
            "module.docker_image_metadata.docker_image.this",
            "module.docker_image_metadata.docker_registry_image.this",
            "module.dynamodb_table.aws_dynamodb_table.autoscaled",
            "module.dynamodb_table.aws_dynamodb_table.autoscaled_gsi_ignore",
            "module.dynamodb_table.aws_dynamodb_table.this",
            "module.lambda_function.aws_cloudwatch_log_group.lambda",
            "module.lambda_function.aws_iam_policy.additional_inline",
            "module.lambda_function.aws_iam_policy.additional_json",
            "module.lambda_function.aws_iam_policy.additional_jsons",
            "module.lambda_function.aws_iam_policy.async",
            "module.lambda_function.aws_iam_policy.dead_letter",
            "module.lambda_function.aws_iam_policy.logs",
            "module.lambda_function.aws_iam_policy.tracing",
            "module.lambda_function.aws_iam_policy.vpc",
            "module.lambda_function.aws_iam_role.lambda",
            "module.lambda_function.aws_iam_role_policy_attachment.additional_inline",
            "module.lambda_function.aws_iam_role_policy_attachment.additional_json",
            "module.lambda_function.aws_iam_role_policy_attachment.additional_jsons",
            "module.lambda_function.aws_iam_role_policy_attachment.additional_many",
            "module.lambda_function.aws_iam_role_policy_attachment.additional_one",
            "module.lambda_function.aws_iam_role_policy_attachment.async",
            "module.lambda_function.aws_iam_role_policy_attachment.dead_letter",
            "module.lambda_function.aws_iam_role_policy_attachment.logs",
            "module.lambda_function.aws_iam_role_policy_attachment.tracing",
            "module.lambda_function.aws_iam_role_policy_attachment.vpc",
            "module.lambda_function.aws_lambda_function.this",
            "module.lambda_function.aws_s3_object.lambda_package",
            "module.lambda_function.data.aws_arn.log_group_arn",
            "module.lambda_function.data.aws_cloudwatch_log_group.lambda",
            "module.lambda_function.data.aws_iam_policy.tracing",
            "module.lambda_function.data.aws_iam_policy.vpc",
            "module.lambda_function.data.aws_iam_policy_document.additional_inline",
            "module.lambda_function.data.aws_iam_policy_document.assume_role",
            "module.lambda_function.data.aws_iam_policy_document.async",
            "module.lambda_function.data.aws_iam_policy_document.dead_letter",
            "module.lambda_function.data.aws_iam_policy_document.logs",
            "module.lambda_function.data.aws_partition.current",
            "module.lambda_function.data.external.archive_prepare",
            "module.lambda_function.local_file.archive_plan",
            "module.lambda_function.null_resource.archive",
            "module.lambda_function_metadata.aws_cloudwatch_log_group.lambda",
            "module.lambda_function_metadata.aws_iam_policy.additional_inline",
            "module.lambda_function_metadata.aws_iam_policy.additional_json",
            "module.lambda_function_metadata.aws_iam_policy.additional_jsons",
            "module.lambda_function_metadata.aws_iam_policy.async",
            "module.lambda_function_metadata.aws_iam_policy.dead_letter",
            "module.lambda_function_metadata.aws_iam_policy.logs",
            "module.lambda_function_metadata.aws_iam_policy.tracing",
            "module.lambda_function_metadata.aws_iam_policy.vpc",
            "module.lambda_function_metadata.aws_iam_role.lambda",
            "module.lambda_function_metadata.aws_iam_role_policy_attachment.additional_inline",
            "module.lambda_function_metadata.aws_iam_role_policy_attachment.additional_json",
            "module.lambda_function_metadata.aws_iam_role_policy_attachment.additional_jsons",
            "module.lambda_function_metadata.aws_iam_role_policy_attachment.additional_many",
            "module.lambda_function_metadata.aws_iam_role_policy_attachment.additional_one",
            "module.lambda_function_metadata.aws_iam_role_policy_attachment.async",
            "module.lambda_function_metadata.aws_iam_role_policy_attachment.dead_letter",
            "module.lambda_function_metadata.aws_iam_role_policy_attachment.logs",
            "module.lambda_function_metadata.aws_iam_role_policy_attachment.tracing",
            "module.lambda_function_metadata.aws_iam_role_policy_attachment.vpc",
            "module.lambda_function_metadata.aws_lambda_function.this",
            "module.lambda_function_metadata.aws_s3_object.lambda_package",
            "module.lambda_function_metadata.data.aws_arn.log_group_arn",
            "module.lambda_function_metadata.data.aws_cloudwatch_log_group.lambda",
            "module.lambda_function_metadata.data.aws_iam_policy.tracing",
            "module.lambda_function_metadata.data.aws_iam_policy.vpc",
            "module.lambda_function_metadata.data.aws_iam_policy_document.additional_inline",
            "module.lambda_function_metadata.data.aws_iam_policy_document.assume_role",
            "module.lambda_function_metadata.data.aws_iam_policy_document.async",
            "module.lambda_function_metadata.data.aws_iam_policy_document.dead_letter",
            "module.lambda_function_metadata.data.aws_iam_policy_document.logs",
            "module.lambda_function_metadata.data.aws_partition.current",
            "module.lambda_function_metadata.data.external.archive_prepare",
            "module.lambda_function_metadata.local_file.archive_plan",
            "module.lambda_function_metadata.null_resource.archive",
            "module.lambda_function_metadata_2.aws_cloudwatch_log_group.lambda",
            "module.lambda_function_metadata_2.aws_iam_policy.additional_inline",
            "module.lambda_function_metadata_2.aws_iam_policy.additional_json",
            "module.lambda_function_metadata_2.aws_iam_policy.additional_jsons",
            "module.lambda_function_metadata_2.aws_iam_policy.async",
            "module.lambda_function_metadata_2.aws_iam_policy.dead_letter",
            "module.lambda_function_metadata_2.aws_iam_policy.logs",
            "module.lambda_function_metadata_2.aws_iam_policy.tracing",
            "module.lambda_function_metadata_2.aws_iam_policy.vpc",
            "module.lambda_function_metadata_2.aws_iam_role.lambda",
            "module.lambda_function_metadata_2.aws_iam_role_policy_attachment.additional_inline",
            "module.lambda_function_metadata_2.aws_iam_role_policy_attachment.additional_json",
            "module.lambda_function_metadata_2.aws_iam_role_policy_attachment.additional_jsons",
            "module.lambda_function_metadata_2.aws_iam_role_policy_attachment.additional_many",
            "module.lambda_function_metadata_2.aws_iam_role_policy_attachment.additional_one",
            "module.lambda_function_metadata_2.aws_iam_role_policy_attachment.async",
            "module.lambda_function_metadata_2.aws_iam_role_policy_attachment.dead_letter",
            "module.lambda_function_metadata_2.aws_iam_role_policy_attachment.logs",
            "module.lambda_function_metadata_2.aws_iam_role_policy_attachment.tracing",
            "module.lambda_function_metadata_2.aws_iam_role_policy_attachment.vpc",
            "module.lambda_function_metadata_2.aws_lambda_function.this",
            "module.lambda_function_metadata_2.aws_s3_object.lambda_package",
            "module.lambda_function_metadata_2.data.aws_arn.log_group_arn",
            "module.lambda_function_metadata_2.data.aws_cloudwatch_log_group.lambda",
            "module.lambda_function_metadata_2.data.aws_iam_policy.tracing",
            "module.lambda_function_metadata_2.data.aws_iam_policy.vpc",
            "module.lambda_function_metadata_2.data.aws_iam_policy_document.additional_inline",
            "module.lambda_function_metadata_2.data.aws_iam_policy_document.assume_role",
            "module.lambda_function_metadata_2.data.aws_iam_policy_document.async",
            "module.lambda_function_metadata_2.data.aws_iam_policy_document.dead_letter",
            "module.lambda_function_metadata_2.data.aws_iam_policy_document.logs",
            "module.lambda_function_metadata_2.data.aws_partition.current",
            "module.lambda_function_metadata_2.data.external.archive_prepare",
            "module.lambda_function_metadata_2.local_file.archive_plan",
            "module.lambda_function_metadata_2.null_resource.archive",
            "module.s3_bucket.aws_s3_bucket.this",
            "module.s3_bucket.aws_s3_bucket_policy.this",
            "module.s3_bucket.aws_s3_bucket_public_access_block.this",
            "module.s3_bucket.data.aws_caller_identity.current",
            "module.s3_bucket.data.aws_iam_policy_document.access_log_delivery",
            "module.s3_bucket.data.aws_iam_policy_document.combined",
            "module.s3_bucket.data.aws_iam_policy_document.deny_incorrect_encryption_headers",
            "module.s3_bucket.data.aws_iam_policy_document.deny_incorrect_kms_key_sse",
            "module.s3_bucket.data.aws_iam_policy_document.deny_insecure_transport",
            "module.s3_bucket.data.aws_iam_policy_document.deny_unencrypted_object_uploads",
            "module.s3_bucket.data.aws_iam_policy_document.elb_log_delivery",
            "module.s3_bucket.data.aws_iam_policy_document.inventory_and_analytics_destination_policy",
            "module.s3_bucket.data.aws_iam_policy_document.lb_log_delivery",
            "module.s3_bucket.data.aws_iam_policy_document.require_latest_tls",
            "module.s3_bucket.data.aws_partition.current",
            "module.s3_bucket.data.aws_region.current",
            "module.s3_notification.data.aws_partition.this"
          ]
        }
      ]
    },
    {
      "module": "module.s3_notification",
      "mode": "managed",
      "type": "aws_s3_bucket_notification",
      "name": "this",
      "provider": "provider[\"registry.terraform.io/hashicorp/aws\"]",
      "instances": [
        {
          "index_key": 0,
          "schema_version": 0,
          "attributes": {
            "bucket": "habhub.data-pipeline-files",
            "eventbridge": true,
            "id": "habhub.data-pipeline-files",
            "lambda_function": [
              {
                "events": [
                  "s3:ObjectCreated:*"
                ],
                "filter_prefix": "",
                "filter_suffix": ".h5",
                "id": "lambda1",
                "lambda_function_arn": "arn:aws:lambda:us-east-1:139464377685:function:ingest-class-scores-lambda"
              },
              {
                "events": [
                  "s3:ObjectCreated:*"
                ],
                "filter_prefix": "",
                "filter_suffix": ".adc",
                "id": "lambda2",
                "lambda_function_arn": "arn:aws:lambda:us-east-1:139464377685:function:ingest-metadata-adc-files-lambda"
              },
              {
                "events": [
                  "s3:ObjectCreated:*"
                ],
                "filter_prefix": "",
                "filter_suffix": ".hdr",
                "id": "lambda3",
                "lambda_function_arn": "arn:aws:lambda:us-east-1:139464377685:function:ingest-metadata-hdr-files-lambda"
              }
            ],
            "queue": [],
            "topic": []
          },
          "sensitive_attributes": [],
          "private": "bnVsbA==",
          "dependencies": [
            "aws_security_group.lambda_sg",
            "data.aws_ecr_authorization_token.token",
            "module.docker_image.aws_ecr_repository.this",
            "module.docker_image.data.aws_caller_identity.this",
            "module.docker_image.data.aws_region.current",
            "module.docker_image.docker_image.this",
            "module.docker_image.docker_registry_image.this",
            "module.docker_image_metadata.aws_ecr_repository.this",
            "module.docker_image_metadata.data.aws_caller_identity.this",
            "module.docker_image_metadata.data.aws_region.current",
            "module.docker_image_metadata.docker_image.this",
            "module.docker_image_metadata.docker_registry_image.this",
            "module.dynamodb_table.aws_dynamodb_table.autoscaled",
            "module.dynamodb_table.aws_dynamodb_table.autoscaled_gsi_ignore",
            "module.dynamodb_table.aws_dynamodb_table.this",
            "module.lambda_function.aws_cloudwatch_log_group.lambda",
            "module.lambda_function.aws_iam_policy.additional_inline",
            "module.lambda_function.aws_iam_policy.additional_json",
            "module.lambda_function.aws_iam_policy.additional_jsons",
            "module.lambda_function.aws_iam_policy.async",
            "module.lambda_function.aws_iam_policy.dead_letter",
            "module.lambda_function.aws_iam_policy.logs",
            "module.lambda_function.aws_iam_policy.tracing",
            "module.lambda_function.aws_iam_policy.vpc",
            "module.lambda_function.aws_iam_role.lambda",
            "module.lambda_function.aws_iam_role_policy_attachment.additional_inline",
            "module.lambda_function.aws_iam_role_policy_attachment.additional_json",
            "module.lambda_function.aws_iam_role_policy_attachment.additional_jsons",
            "module.lambda_function.aws_iam_role_policy_attachment.additional_many",
            "module.lambda_function.aws_iam_role_policy_attachment.additional_one",
            "module.lambda_function.aws_iam_role_policy_attachment.async",
            "module.lambda_function.aws_iam_role_policy_attachment.dead_letter",
            "module.lambda_function.aws_iam_role_policy_attachment.logs",
            "module.lambda_function.aws_iam_role_policy_attachment.tracing",
            "module.lambda_function.aws_iam_role_policy_attachment.vpc",
            "module.lambda_function.aws_lambda_function.this",
            "module.lambda_function.aws_s3_object.lambda_package",
            "module.lambda_function.data.aws_arn.log_group_arn",
            "module.lambda_function.data.aws_cloudwatch_log_group.lambda",
            "module.lambda_function.data.aws_iam_policy.tracing",
            "module.lambda_function.data.aws_iam_policy.vpc",
            "module.lambda_function.data.aws_iam_policy_document.additional_inline",
            "module.lambda_function.data.aws_iam_policy_document.assume_role",
            "module.lambda_function.data.aws_iam_policy_document.async",
            "module.lambda_function.data.aws_iam_policy_document.dead_letter",
            "module.lambda_function.data.aws_iam_policy_document.logs",
            "module.lambda_function.data.aws_partition.current",
            "module.lambda_function.data.external.archive_prepare",
            "module.lambda_function.local_file.archive_plan",
            "module.lambda_function.null_resource.archive",
            "module.lambda_function_metadata.aws_cloudwatch_log_group.lambda",
            "module.lambda_function_metadata.aws_iam_policy.additional_inline",
            "module.lambda_function_metadata.aws_iam_policy.additional_json",
            "module.lambda_function_metadata.aws_iam_policy.additional_jsons",
            "module.lambda_function_metadata.aws_iam_policy.async",
            "module.lambda_function_metadata.aws_iam_policy.dead_letter",
            "module.lambda_function_metadata.aws_iam_policy.logs",
            "module.lambda_function_metadata.aws_iam_policy.tracing",
            "module.lambda_function_metadata.aws_iam_policy.vpc",
            "module.lambda_function_metadata.aws_iam_role.lambda",
            "module.lambda_function_metadata.aws_iam_role_policy_attachment.additional_inline",
            "module.lambda_function_metadata.aws_iam_role_policy_attachment.additional_json",
            "module.lambda_function_metadata.aws_iam_role_policy_attachment.additional_jsons",
            "module.lambda_function_metadata.aws_iam_role_policy_attachment.additional_many",
            "module.lambda_function_metadata.aws_iam_role_policy_attachment.additional_one",
            "module.lambda_function_metadata.aws_iam_role_policy_attachment.async",
            "module.lambda_function_metadata.aws_iam_role_policy_attachment.dead_letter",
            "module.lambda_function_metadata.aws_iam_role_policy_attachment.logs",
            "module.lambda_function_metadata.aws_iam_role_policy_attachment.tracing",
            "module.lambda_function_metadata.aws_iam_role_policy_attachment.vpc",
            "module.lambda_function_metadata.aws_lambda_function.this",
            "module.lambda_function_metadata.aws_s3_object.lambda_package",
            "module.lambda_function_metadata.data.aws_arn.log_group_arn",
            "module.lambda_function_metadata.data.aws_cloudwatch_log_group.lambda",
            "module.lambda_function_metadata.data.aws_iam_policy.tracing",
            "module.lambda_function_metadata.data.aws_iam_policy.vpc",
            "module.lambda_function_metadata.data.aws_iam_policy_document.additional_inline",
            "module.lambda_function_metadata.data.aws_iam_policy_document.assume_role",
            "module.lambda_function_metadata.data.aws_iam_policy_document.async",
            "module.lambda_function_metadata.data.aws_iam_policy_document.dead_letter",
            "module.lambda_function_metadata.data.aws_iam_policy_document.logs",
            "module.lambda_function_metadata.data.aws_partition.current",
            "module.lambda_function_metadata.data.external.archive_prepare",
            "module.lambda_function_metadata.local_file.archive_plan",
            "module.lambda_function_metadata.null_resource.archive",
            "module.lambda_function_metadata_2.aws_cloudwatch_log_group.lambda",
            "module.lambda_function_metadata_2.aws_iam_policy.additional_inline",
            "module.lambda_function_metadata_2.aws_iam_policy.additional_json",
            "module.lambda_function_metadata_2.aws_iam_policy.additional_jsons",
            "module.lambda_function_metadata_2.aws_iam_policy.async",
            "module.lambda_function_metadata_2.aws_iam_policy.dead_letter",
            "module.lambda_function_metadata_2.aws_iam_policy.logs",
            "module.lambda_function_metadata_2.aws_iam_policy.tracing",
            "module.lambda_function_metadata_2.aws_iam_policy.vpc",
            "module.lambda_function_metadata_2.aws_iam_role.lambda",
            "module.lambda_function_metadata_2.aws_iam_role_policy_attachment.additional_inline",
            "module.lambda_function_metadata_2.aws_iam_role_policy_attachment.additional_json",
            "module.lambda_function_metadata_2.aws_iam_role_policy_attachment.additional_jsons",
            "module.lambda_function_metadata_2.aws_iam_role_policy_attachment.additional_many",
            "module.lambda_function_metadata_2.aws_iam_role_policy_attachment.additional_one",
            "module.lambda_function_metadata_2.aws_iam_role_policy_attachment.async",
            "module.lambda_function_metadata_2.aws_iam_role_policy_attachment.dead_letter",
            "module.lambda_function_metadata_2.aws_iam_role_policy_attachment.logs",
            "module.lambda_function_metadata_2.aws_iam_role_policy_attachment.tracing",
            "module.lambda_function_metadata_2.aws_iam_role_policy_attachment.vpc",
            "module.lambda_function_metadata_2.aws_lambda_function.this",
            "module.lambda_function_metadata_2.aws_s3_object.lambda_package",
            "module.lambda_function_metadata_2.data.aws_arn.log_group_arn",
            "module.lambda_function_metadata_2.data.aws_cloudwatch_log_group.lambda",
            "module.lambda_function_metadata_2.data.aws_iam_policy.tracing",
            "module.lambda_function_metadata_2.data.aws_iam_policy.vpc",
            "module.lambda_function_metadata_2.data.aws_iam_policy_document.additional_inline",
            "module.lambda_function_metadata_2.data.aws_iam_policy_document.assume_role",
            "module.lambda_function_metadata_2.data.aws_iam_policy_document.async",
            "module.lambda_function_metadata_2.data.aws_iam_policy_document.dead_letter",
            "module.lambda_function_metadata_2.data.aws_iam_policy_document.logs",
            "module.lambda_function_metadata_2.data.aws_partition.current",
            "module.lambda_function_metadata_2.data.external.archive_prepare",
            "module.lambda_function_metadata_2.local_file.archive_plan",
            "module.lambda_function_metadata_2.null_resource.archive",
            "module.s3_bucket.aws_s3_bucket.this",
            "module.s3_bucket.aws_s3_bucket_policy.this",
            "module.s3_bucket.aws_s3_bucket_public_access_block.this",
            "module.s3_bucket.data.aws_caller_identity.current",
            "module.s3_bucket.data.aws_iam_policy_document.access_log_delivery",
            "module.s3_bucket.data.aws_iam_policy_document.combined",
            "module.s3_bucket.data.aws_iam_policy_document.deny_incorrect_encryption_headers",
            "module.s3_bucket.data.aws_iam_policy_document.deny_incorrect_kms_key_sse",
            "module.s3_bucket.data.aws_iam_policy_document.deny_insecure_transport",
            "module.s3_bucket.data.aws_iam_policy_document.deny_unencrypted_object_uploads",
            "module.s3_bucket.data.aws_iam_policy_document.elb_log_delivery",
            "module.s3_bucket.data.aws_iam_policy_document.inventory_and_analytics_destination_policy",
            "module.s3_bucket.data.aws_iam_policy_document.lb_log_delivery",
            "module.s3_bucket.data.aws_iam_policy_document.require_latest_tls",
            "module.s3_bucket.data.aws_partition.current",
            "module.s3_bucket.data.aws_region.current",
            "module.s3_notification.aws_lambda_permission.allow",
            "module.s3_notification.aws_sns_topic_policy.allow",
            "module.s3_notification.aws_sqs_queue_policy.allow",
            "module.s3_notification.data.aws_arn.queue",
            "module.s3_notification.data.aws_iam_policy_document.sns",
            "module.s3_notification.data.aws_iam_policy_document.sqs",
            "module.s3_notification.data.aws_partition.this"
          ]
        }
      ]
    }
  ],
  "check_results": null
}
