{
  "version": 4,
  "terraform_version": "1.8.5",
  "serial": 605,
  "lineage": "a5eac384-8d44-9552-8f48-4ff69f39f103",
  "outputs": {},
  "resources": [
    {
      "mode": "data",
      "type": "aws_ecr_authorization_token",
      "name": "token",
      "provider": "provider[\"registry.terraform.io/hashicorp/aws\"]",
      "instances": [
        {
          "schema_version": 0,
          "attributes": {
            "authorization_token": "QVdTOmV5SndZWGxzYjJGa0lqb2llR2huYmtOdmFFNDBhMU0yUTFOTGFucHhUMjQyV1RKak55OTZVbmh1VEc1M2VGVnpVV3RCU25KM1kyWTJaRXQ0WmxWeFlraGlhbXBYVFRkSk1EWXZNVlJJY1dWTlFtZEdUalZJTldnMGExQm5iRkJOY2t4YWIxbFBlblZyZUhobWRYSmhhVTF6V1VkRVRqQktWR3RyUVc1M09IVjNhSFpYTUhodFQyVnpUbTVCWm1ZclF6VTBjVlYzTUVsVVpuZzJlWEZFZDFkNGJVc3dRa2hXTW1wNk5FOUtaRmhwU1dveU4wUkNVWFVyTTNGSlRVWm9LMHhRYVROU1dreFZjUzlMVGtJNGRUTnlSRFV6WTJoM05FdzVjRzlpUTA0d1kxZFNSbVZDV2xkNFJGTnlibUpxYUhGeFJrbGhXVzlsVVVjelUwVnVkbmczUm1aQmIxWlVWblJZVFRGYWNqTjVWa0V6TW1sVGEyWldiMVExUkROQ1FXNXlOU3N5VkdaaVowUXhhbEU1V1VwWE5HRk1OblV4VW0xbmNqa3ZkWHB4VjBkSWIwODNhRmx6ZUdkRloxcERTRWg0SzJaYWFrRXJOamhtTVZSUGVtcDJVbUZvUW1aa1oxaEZPRzVNZFhNd2VUUjFabGx1VTA0MVkwOTRjVmt2VXpCYU9EaFNXSE5ET1VnMk5EVnZTMUV4VGtWa2VtdFRTV1Z0YTBaUWJUSlZaazlTV2xSek5XWldMMWxGZGpSak1taE1WRzByV0U5TWVYbExkbmw1V25STFYzWkZXRGxaZWtwbWIzSnNhRlJWUVVSTlZFdHVVMjVKUkZwaU0zRlBTMll3V0VOblptMWlaR2d3UzBFd2RYSm1TV2xxUWtweWNGUnFNazVCYW5sTE1GUXlXSFZvSzFoelVuRkxWa3RJYjNsbFVGTkJWRE56ZVhFdmFTdEhUR2RXWW5KRGNra3JOeTl0UjIxMllYVkVMemRLTVhkeGEzTlFhakZUY1VGUWJVdEdibmt2VUZoQlRrbENUM1pwWjBsYU9GTjBNRWQ1WW10WlNYaEZlSGc0WVVkQ2FFbFVOMWswTDNGYVJ6bFdUVU4yUVhRNFRtbEtNVXRzUTJnM1EyVlplbU4wTmxVMGVuaDBVVWhxZDFCTUswOU9VR3hPV2poTlprUTNURkV4VFZSaVExQTVWRFV4YXpCMFdGVldTRGRDT0VSd2NTdFJTMjluTkRaS1VWVXliVkEwY2xGNVkyUjJRMU0wTlVkUVVIUm1WMWx0YVZwdE5HaEhLM05oTUVoNlNuazVVazVKVldOVk1VVnFNVFJpUlZaT2FrbFpXWFZyU1doUllscHljaXMzWjNRM2NtNVhURmh1TTNOdVpFaEpRMUJXYkRWQk1tUnBhRTlsY0VkR2JYWktZbXRXZGxRMWFtWmxNSEkyTkVGM2RHVk9aR1F6UzA0d1MyNUdWR3BuWm1NdmNITm9SblZTY0hkSFowbENSVlJwWlhWUmJHaDBhRzkzWVVsc2JWbDFaMFppWkdSek4zZHpUSFpFY1UwNVZqVkJSMjVoU2t3MVJXRTFTR1ZaVnk4MFZXWkpZemRSY1hVd1QyTk5SbTh2VUdwWlpHaDBZMUYyVjBSaVFsbFRPVmQ1VkdKQlZFcDZWa0ZtVGtWRWNtZG1Ra0pWTmtzNGMyazVlbmgwWVRScmRIaDRUSFkwWkd3MVFraG1iR0V4VjAwNUsxZ3ZWakpGZDBwMFZqUTFVbVZXT0RZek5HeFVaalJ5UVhKeVVURXdaVmt4TUVSaGVVcGFUVzFVYm5CWFFYRXJWV0ZhZEdoa05FaGpRV1JZSzJ0b1ZubG5SbVZCU1RRek1VUkhiM2xvVkZKYUx6VkdaazFUVTB4YWVqZE9XREZYTVZoTWQwNWlkamQ1VVhWdFFqZ3JVSFJuYlcxYVRFRTVhRE55YVZkeGNqbGlSVlJZZVUxSFdraEJSVXBqZEZwak1VeHZUVVJtVkROWmNqWTNWRU5uTW1scVUxaHljamczVkdOSlEzZFZiVTVGWTJscVlWRk9kbmR1UjI5dlJYRXhUVXh1Ym5KcldETkRhSGRFVUVKcU1qRnFZMGRKYm0xc09VMVhURXQzT0dGM2JHMXZhM0Z6UjB0NFZYWnFSamxNVDBZM1lsSnVhM2g2VlVGWlMwTnZiVVZvVFRsYU1sZEJRWGhHUmxCSldURm9RWGtyU0hoNlUyVlpRUzlyV2toc0syUnFkbXhoV1hWNE1tcFRjamRNTVRNdlJrUnBWWEkzWld4cWJEWkVkMDVFUTNvMlVrTnNVV1ZMVTIxaVdqZFBiVGRZVlZJdmVERXpZekJEVkdneVFtOVJRMmNyTWt4SlRuVjRRaTlVTWl0VFlWSlpNV1o2YzFBclJrazNNVmhqVDB3d2VFMDNLelphTjBSU2RHeFhRMlJRWVdGUFoyaEdWbk5IVUdkQ1ZXcFVlbFkxWWpJNWEzYzNPWEZEU0VKVlJVUk5UMlpGUkZVNUwzVkZOM1psWmxSS2NFWmxRalprV1dobmNUaEpaMjVxT1dNaUxDSmtZWFJoYTJWNUlqb2lRVkZGUWtGSWFIZHRNRmxoU1ZOS1pWSjBTbTAxYmpGSE5uVnhaV1ZyV0hWdldGaFFaVFZWUm1ObE9WSnhPQzh4TkhkQlFVRklOSGRtUVZsS1MyOWFTV2gyWTA1QlVXTkhiMGM0ZDJKUlNVSkJSRUp2UW1kcmNXaHJhVWM1ZHpCQ1FuZEZkMGhuV1VwWlNWcEpRVmRWUkVKQlJYVk5Ra1ZGUkVkbWFqQkpVQzl4VTJ0VFJHUjBSaXRuU1VKRlNVRTNTV2xHTDJVNFdGcHJNRWxFVDNFM2QzWm1VMlJ2SzFkVFJXc3ZhVXhJU0RWUWRrdDBPSGx4THpkeVFYVjNlbFZvYjBwQmRtTndSM0ZKTVZnelpVbzBVRXd3TmxkWFlrZDNiVlZQUzBsbk1EMGlMQ0oyWlhKemFXOXVJam9pTWlJc0luUjVjR1VpT2lKRVFWUkJYMHRGV1NJc0ltVjRjR2x5WVhScGIyNGlPakUzTVRnM056UXhORGQ5",
            "expires_at": "2024-06-19T05:15:47Z",
            "id": "us-east-1",
            "password": "eyJwYXlsb2FkIjoieGhnbkNvaE40a1M2Q1NLanpxT242WTJjNy96UnhuTG53eFVzUWtBSnJ3Y2Y2ZEt4ZlVxYkhiampXTTdJMDYvMVRIcWVNQmdGTjVINWg0a1BnbFBNckxab1lPenVreHhmdXJhaU1zWUdETjBKVGtrQW53OHV3aHZXMHhtT2VzTm5BZmYrQzU0cVV3MElUZng2eXFEd1d4bUswQkhWMmp6NE9KZFhpSWoyN0RCUXUrM3FJTUZoK0xQaTNSWkxVcS9LTkI4dTNyRDUzY2h3NEw5cG9iQ04wY1dSRmVCWld4RFNybmJqaHFxRklhWW9lUUczU0Vudng3RmZBb1ZUVnRYTTFacjN5VkEzMmlTa2ZWb1Q1RDNCQW5yNSsyVGZiZ0QxalE5WUpXNGFMNnUxUm1ncjkvdXpxV0dIb083aFlzeGdFZ1pDSEh4K2ZaakErNjhmMVRPemp2UmFoQmZkZ1hFOG5MdXMweTR1ZlluU041Y094cVkvUzBaODhSWHNDOUg2NDVvS1ExTkVkemtTSWVta0ZQbTJVZk9SWlRzNWZWL1lFdjRjMmhMVG0rWE9MeXlLdnl5WnRLV3ZFWDlZekpmb3JsaFRVQURNVEtuU25JRFpiM3FPS2YwWENnZm1iZGgwS0EwdXJmSWlqQkpycFRqMk5BanlLMFQyWHVoK1hzUnFLVktIb3llUFNBVDNzeXEvaStHTGdWYnJDckkrNy9tR212YXVELzdKMXdxa3NQajFTcUFQbUtGbnkvUFhBTklCT3ZpZ0laOFN0MEd5YmtZSXhFeHg4YUdCaElUN1k0L3FaRzlWTUN2QXQ4TmlKMUtsQ2g3Q2VZemN0NlU0enh0UUhqd1BMK09OUGxOWjhNZkQ3TFExTVRiQ1A5VDUxazB0WFVWSDdCOERwcStRS29nNDZKUVUybVA0clF5Y2R2Q1M0NUdQUHRmV1ltaVptNGhHK3NhMEh6Snk5Uk5JVWNVMUVqMTRiRVZOaklZWXVrSWhRYlpycis3Z3Q3cm5XTFhuM3NuZEhJQ1BWbDVBMmRpaE9lcEdGbXZKYmtWdlQ1amZlMHI2NEF3dGVOZGQzS04wS25GVGpnZmMvcHNoRnVScHdHZ0lCRVRpZXVRbGh0aG93YUlsbVl1Z0ZiZGRzN3dzTHZEcU05VjVBR25hSkw1RWE1SGVZVy80VWZJYzdRcXUwT2NNRm8vUGpZZGh0Y1F2V0RiQllTOVd5VGJBVEp6VkFmTkVEcmdmQkJVNks4c2k5enh0YTRrdHh4THY0ZGw1QkhmbGExV005K1gvVjJFd0p0VjQ1UmVWODYzNGxUZjRyQXJyUTEwZVkxMERheUpaTW1UbnBXQXErVWFadGhkNEhjQWRYK2toVnlnRmVBSTQzMURHb3loVFJaLzVGZk1TU0xaejdOWDFXMVhMd05idjd5UXVtQjgrUHRnbW1aTEE5aDNyaVdxcjliRVRYeU1HWkhBRUpjdFpjMUxvTURmVDNZcjY3VENnMmlqU1hycjg3VGNJQ3dVbU5FY2lqYVFOdnduR29vRXExTUxubnJrWDNDaHdEUEJqMjFqY0dJbm1sOU1XTEt3OGF3bG1va3FzR0t4VXZqRjlMT0Y3YlJua3h6VUFZS0NvbUVoTTlaMldBQXhGRlBJWTFoQXkrSHh6U2VZQS9rWkhsK2RqdmxhWXV4MmpTcjdMMTMvRkRpVXI3ZWxqbDZEd05EQ3o2UkNsUWVLU21iWjdPbTdYVVIveDEzYzBDVGgyQm9RQ2crMkxJTnV4Qi9UMitTYVJZMWZ6c1ArRkk3MVhjT0wweE03KzZaN0RSdGxXQ2RQYWFPZ2hGVnNHUGdCVWpUelY1YjI5a3c3OXFDSEJVRURNT2ZFRFU5L3VFN3ZlZlRKcEZlQjZkWWhncThJZ25qOWMiLCJkYXRha2V5IjoiQVFFQkFIaHdtMFlhSVNKZVJ0Sm01bjFHNnVxZWVrWHVvWFhQZTVVRmNlOVJxOC8xNHdBQUFINHdmQVlKS29aSWh2Y05BUWNHb0c4d2JRSUJBREJvQmdrcWhraUc5dzBCQndFd0hnWUpZSVpJQVdVREJBRXVNQkVFREdmajBJUC9xU2tTRGR0RitnSUJFSUE3SWlGL2U4WFprMElET3E3d3ZmU2RvK1dTRWsvaUxISDVQdkt0OHlxLzdyQXV3elVob0pBdmNwR3FJMVgzZUo0UEwwNldXYkd3bVVPS0lnMD0iLCJ2ZXJzaW9uIjoiMiIsInR5cGUiOiJEQVRBX0tFWSIsImV4cGlyYXRpb24iOjE3MTg3NzQxNDd9",
            "proxy_endpoint": "https://139464377685.dkr.ecr.us-east-1.amazonaws.com",
            "registry_id": null,
            "user_name": "AWS"
          },
          "sensitive_attributes": [
            [
              {
                "type": "get_attr",
                "value": "authorization_token"
              }
            ],
            [
              {
                "type": "get_attr",
                "value": "password"
              }
            ]
          ]
        }
      ]
    },
    {
      "mode": "managed",
      "type": "aws_iam_user",
      "name": "prod_bucket",
      "provider": "provider[\"registry.terraform.io/hashicorp/aws\"]",
      "instances": [
        {
          "schema_version": 0,
          "attributes": {
            "arn": "arn:aws:iam::139464377685:user/habhub-data-pipeline-s3-bucket",
            "force_destroy": false,
            "id": "habhub-data-pipeline-s3-bucket",
            "name": "habhub-data-pipeline-s3-bucket",
            "path": "/",
            "permissions_boundary": "",
            "tags": {},
            "tags_all": {},
            "unique_id": "AIDASA6FZQVK76HTZF47X"
          },
          "sensitive_attributes": [],
          "private": "bnVsbA=="
        }
      ]
    },
    {
      "mode": "managed",
      "type": "aws_iam_user_policy",
      "name": "prod_bucket",
      "provider": "provider[\"registry.terraform.io/hashicorp/aws\"]",
      "instances": [
        {
          "schema_version": 0,
          "attributes": {
            "id": "habhub-data-pipeline-s3-bucket:terraform-20240412171436765900000001",
            "name": "terraform-20240412171436765900000001",
            "name_prefix": "terraform-",
            "policy": "{\"Version\":\"2012-10-17\",\"Statement\":[{\"Action\":[\"s3:*\"],\"Effect\":\"Allow\",\"Resource\":[\"arn:aws:s3:::habhub.data-pipeline-files\",\"arn:aws:s3:::habhub.data-pipeline-files/*\"]}]}",
            "user": "habhub-data-pipeline-s3-bucket"
          },
          "sensitive_attributes": [],
          "private": "bnVsbA==",
          "dependencies": [
            "aws_iam_user.prod_bucket",
            "module.s3_bucket.aws_s3_bucket.this"
          ]
        }
      ]
    },
    {
      "module": "module.docker_image",
      "mode": "data",
      "type": "aws_caller_identity",
      "name": "this",
      "provider": "provider[\"registry.terraform.io/hashicorp/aws\"]",
      "instances": [
        {
          "schema_version": 0,
          "attributes": {
            "account_id": "139464377685",
            "arn": "arn:aws:sts::139464377685:assumed-role/AWSReservedSSO_AWSAdministratorAccess_a1d37e058008aa2e/eandrews_admin@whoi.edu",
            "id": "139464377685",
            "user_id": "AROASA6FZQVKXTDX4RQKP:eandrews_admin@whoi.edu"
          },
          "sensitive_attributes": []
        }
      ]
    },
    {
      "module": "module.docker_image",
      "mode": "data",
      "type": "aws_region",
      "name": "current",
      "provider": "provider[\"registry.terraform.io/hashicorp/aws\"]",
      "instances": [
        {
          "schema_version": 0,
          "attributes": {
            "description": "US East (N. Virginia)",
            "endpoint": "ec2.us-east-1.amazonaws.com",
            "id": "us-east-1",
            "name": "us-east-1"
          },
          "sensitive_attributes": []
        }
      ]
    },
    {
      "module": "module.docker_image",
      "mode": "managed",
      "type": "aws_ecr_repository",
      "name": "this",
      "provider": "provider[\"registry.terraform.io/hashicorp/aws\"]",
      "instances": [
        {
          "index_key": 0,
          "schema_version": 0,
          "attributes": {
            "arn": "arn:aws:ecr:us-east-1:139464377685:repository/ingest-class-scores-lambda",
            "encryption_configuration": [
              {
                "encryption_type": "AES256",
                "kms_key": ""
              }
            ],
            "force_delete": true,
            "id": "ingest-class-scores-lambda",
            "image_scanning_configuration": [
              {
                "scan_on_push": false
              }
            ],
            "image_tag_mutability": "MUTABLE",
            "name": "ingest-class-scores-lambda",
            "registry_id": "139464377685",
            "repository_url": "139464377685.dkr.ecr.us-east-1.amazonaws.com/ingest-class-scores-lambda",
            "tags": {},
            "tags_all": {},
            "timeouts": null
          },
          "sensitive_attributes": [],
          "private": "eyJlMmJmYjczMC1lY2FhLTExZTYtOGY4OC0zNDM2M2JjN2M0YzAiOnsiZGVsZXRlIjoxMjAwMDAwMDAwMDAwfX0="
        }
      ]
    },
    {
      "module": "module.docker_image",
      "mode": "managed",
      "type": "docker_image",
      "name": "this",
      "provider": "provider[\"registry.terraform.io/kreuzwerker/docker\"]",
      "instances": [
        {
          "schema_version": 0,
          "attributes": {
            "build": [
              {
                "auth_config": [],
                "build_arg": {},
                "build_args": {},
                "build_id": "",
                "cache_from": [],
                "cgroup_parent": "",
                "context": "./../lambdas/ingest-class-scores",
                "cpu_period": 0,
                "cpu_quota": 0,
                "cpu_set_cpus": "",
                "cpu_set_mems": "",
                "cpu_shares": 0,
                "dockerfile": "Dockerfile",
                "extra_hosts": [],
                "force_remove": false,
                "isolation": "",
                "label": {},
                "labels": {},
                "memory": 0,
                "memory_swap": 0,
                "network_mode": "",
                "no_cache": false,
                "platform": "",
                "pull_parent": false,
                "remote_context": "",
                "remove": true,
                "security_opt": [],
                "session_id": "",
                "shm_size": 0,
                "squash": false,
                "suppress_output": false,
                "tag": [],
                "target": "",
                "ulimit": [],
                "version": ""
              }
            ],
            "force_remove": false,
            "id": "sha256:d1766f0a751dc942123234be2f6ffc4c2c4024350a3b972f1f35f9daab682f15139464377685.dkr.ecr.us-east-1.amazonaws.com/ingest-class-scores-lambda:1.4",
            "image_id": "sha256:d1766f0a751dc942123234be2f6ffc4c2c4024350a3b972f1f35f9daab682f15",
            "keep_locally": false,
            "name": "139464377685.dkr.ecr.us-east-1.amazonaws.com/ingest-class-scores-lambda:1.4",
            "platform": null,
            "pull_triggers": null,
            "repo_digest": "139464377685.dkr.ecr.us-east-1.amazonaws.com/ingest-class-scores-lambda@sha256:df64c75d1637e522a58028c40e286a034392b6361b8e0801687305a2d27d3f44",
            "triggers": null
          },
          "sensitive_attributes": [],
          "private": "bnVsbA==",
          "dependencies": [
            "data.aws_ecr_authorization_token.token",
            "module.docker_image.aws_ecr_repository.this",
            "module.docker_image.data.aws_caller_identity.this",
            "module.docker_image.data.aws_region.current"
          ]
        }
      ]
    },
    {
      "module": "module.docker_image",
      "mode": "managed",
      "type": "docker_registry_image",
      "name": "this",
      "provider": "provider[\"registry.terraform.io/kreuzwerker/docker\"]",
      "instances": [
        {
          "schema_version": 0,
          "attributes": {
            "id": "sha256:df64c75d1637e522a58028c40e286a034392b6361b8e0801687305a2d27d3f44",
            "insecure_skip_verify": false,
            "keep_remotely": false,
            "name": "139464377685.dkr.ecr.us-east-1.amazonaws.com/ingest-class-scores-lambda:1.4",
            "sha256_digest": "sha256:df64c75d1637e522a58028c40e286a034392b6361b8e0801687305a2d27d3f44",
            "triggers": {
              "image_id": "sha256:d1766f0a751dc942123234be2f6ffc4c2c4024350a3b972f1f35f9daab682f15"
            }
          },
          "sensitive_attributes": [],
          "private": "bnVsbA==",
          "dependencies": [
            "data.aws_ecr_authorization_token.token",
            "module.docker_image.aws_ecr_repository.this",
            "module.docker_image.data.aws_caller_identity.this",
            "module.docker_image.data.aws_region.current",
            "module.docker_image.docker_image.this"
          ]
        }
      ]
    },
    {
      "module": "module.docker_image_metadata",
      "mode": "data",
      "type": "aws_caller_identity",
      "name": "this",
      "provider": "provider[\"registry.terraform.io/hashicorp/aws\"]",
      "instances": [
        {
          "schema_version": 0,
          "attributes": {
            "account_id": "139464377685",
            "arn": "arn:aws:sts::139464377685:assumed-role/AWSReservedSSO_AWSAdministratorAccess_a1d37e058008aa2e/eandrews_admin@whoi.edu",
            "id": "139464377685",
            "user_id": "AROASA6FZQVKXTDX4RQKP:eandrews_admin@whoi.edu"
          },
          "sensitive_attributes": []
        }
      ]
    },
    {
      "module": "module.docker_image_metadata",
      "mode": "data",
      "type": "aws_region",
      "name": "current",
      "provider": "provider[\"registry.terraform.io/hashicorp/aws\"]",
      "instances": [
        {
          "schema_version": 0,
          "attributes": {
            "description": "US East (N. Virginia)",
            "endpoint": "ec2.us-east-1.amazonaws.com",
            "id": "us-east-1",
            "name": "us-east-1"
          },
          "sensitive_attributes": []
        }
      ]
    },
    {
      "module": "module.docker_image_metadata",
      "mode": "managed",
      "type": "aws_ecr_repository",
      "name": "this",
      "provider": "provider[\"registry.terraform.io/hashicorp/aws\"]",
      "instances": [
        {
          "index_key": 0,
          "schema_version": 0,
          "attributes": {
            "arn": "arn:aws:ecr:us-east-1:139464377685:repository/ingest-metadata-adc-files-lambda",
            "encryption_configuration": [
              {
                "encryption_type": "AES256",
                "kms_key": ""
              }
            ],
            "force_delete": true,
            "id": "ingest-metadata-adc-files-lambda",
            "image_scanning_configuration": [
              {
                "scan_on_push": false
              }
            ],
            "image_tag_mutability": "MUTABLE",
            "name": "ingest-metadata-adc-files-lambda",
            "registry_id": "139464377685",
            "repository_url": "139464377685.dkr.ecr.us-east-1.amazonaws.com/ingest-metadata-adc-files-lambda",
            "tags": {},
            "tags_all": {},
            "timeouts": null
          },
          "sensitive_attributes": [],
          "private": "eyJlMmJmYjczMC1lY2FhLTExZTYtOGY4OC0zNDM2M2JjN2M0YzAiOnsiZGVsZXRlIjoxMjAwMDAwMDAwMDAwfX0="
        }
      ]
    },
    {
      "module": "module.docker_image_metadata",
      "mode": "managed",
      "type": "docker_image",
      "name": "this",
      "provider": "provider[\"registry.terraform.io/kreuzwerker/docker\"]",
      "instances": [
        {
          "schema_version": 0,
          "attributes": {
            "build": [
              {
                "auth_config": [],
                "build_arg": {},
                "build_args": {},
                "build_id": "",
                "cache_from": [],
                "cgroup_parent": "",
                "context": "./../lambdas/ingest-metadata-adc-files",
                "cpu_period": 0,
                "cpu_quota": 0,
                "cpu_set_cpus": "",
                "cpu_set_mems": "",
                "cpu_shares": 0,
                "dockerfile": "Dockerfile",
                "extra_hosts": [],
                "force_remove": false,
                "isolation": "",
                "label": {},
                "labels": {},
                "memory": 0,
                "memory_swap": 0,
                "network_mode": "",
                "no_cache": false,
                "platform": "",
                "pull_parent": false,
                "remote_context": "",
                "remove": true,
                "security_opt": [],
                "session_id": "",
                "shm_size": 0,
                "squash": false,
                "suppress_output": false,
                "tag": [],
                "target": "",
                "ulimit": [],
                "version": ""
              }
            ],
            "force_remove": false,
            "id": "sha256:692cf3c67b84eaade4ad57b7294e5988f3bbe8a5a43f7799a5265d6e60a9cc93139464377685.dkr.ecr.us-east-1.amazonaws.com/ingest-metadata-adc-files-lambda:1.9",
            "image_id": "sha256:692cf3c67b84eaade4ad57b7294e5988f3bbe8a5a43f7799a5265d6e60a9cc93",
            "keep_locally": false,
            "name": "139464377685.dkr.ecr.us-east-1.amazonaws.com/ingest-metadata-adc-files-lambda:1.9",
            "platform": null,
            "pull_triggers": null,
            "repo_digest": "139464377685.dkr.ecr.us-east-1.amazonaws.com/ingest-metadata-adc-files-lambda@sha256:145add7ada7b7bd92a8074684d24e83cfd919e701322cd5e4ec2f862a6cdfeb7",
            "triggers": null
          },
          "sensitive_attributes": [],
          "private": "bnVsbA==",
          "dependencies": [
            "data.aws_ecr_authorization_token.token",
            "module.docker_image_metadata.aws_ecr_repository.this",
            "module.docker_image_metadata.data.aws_caller_identity.this",
            "module.docker_image_metadata.data.aws_region.current"
          ]
        }
      ]
    },
    {
      "module": "module.docker_image_metadata",
      "mode": "managed",
      "type": "docker_registry_image",
      "name": "this",
      "provider": "provider[\"registry.terraform.io/kreuzwerker/docker\"]",
      "instances": [
        {
          "schema_version": 0,
          "attributes": {
            "id": "sha256:145add7ada7b7bd92a8074684d24e83cfd919e701322cd5e4ec2f862a6cdfeb7",
            "insecure_skip_verify": false,
            "keep_remotely": false,
            "name": "139464377685.dkr.ecr.us-east-1.amazonaws.com/ingest-metadata-adc-files-lambda:1.9",
            "sha256_digest": "sha256:145add7ada7b7bd92a8074684d24e83cfd919e701322cd5e4ec2f862a6cdfeb7",
            "triggers": {
              "image_id": "sha256:692cf3c67b84eaade4ad57b7294e5988f3bbe8a5a43f7799a5265d6e60a9cc93"
            }
          },
          "sensitive_attributes": [],
          "private": "bnVsbA==",
          "dependencies": [
            "data.aws_ecr_authorization_token.token",
            "module.docker_image_metadata.aws_ecr_repository.this",
            "module.docker_image_metadata.data.aws_caller_identity.this",
            "module.docker_image_metadata.data.aws_region.current",
            "module.docker_image_metadata.docker_image.this"
          ]
        }
      ]
    },
    {
      "module": "module.dynamodb_table",
      "mode": "managed",
      "type": "aws_dynamodb_table",
      "name": "this",
      "provider": "provider[\"registry.terraform.io/hashicorp/aws\"]",
      "instances": [
        {
          "index_key": 0,
          "schema_version": 1,
          "attributes": {
            "arn": "arn:aws:dynamodb:us-east-1:139464377685:table/habhub-bins-metadata",
            "attribute": [
              {
                "name": "pid",
                "type": "S"
              }
            ],
            "billing_mode": "PAY_PER_REQUEST",
            "deletion_protection_enabled": false,
            "global_secondary_index": [],
            "hash_key": "pid",
            "id": "habhub-bins-metadata",
            "import_table": [],
            "local_secondary_index": [],
            "name": "habhub-bins-metadata",
            "point_in_time_recovery": [
              {
                "enabled": false
              }
            ],
            "range_key": null,
            "read_capacity": 0,
            "replica": [],
            "restore_date_time": null,
            "restore_source_name": null,
            "restore_to_latest_time": null,
            "server_side_encryption": [],
            "stream_arn": "",
            "stream_enabled": false,
            "stream_label": "",
            "stream_view_type": "",
            "table_class": "STANDARD",
            "tags": {
              "Name": "habhub-bins-metadata",
              "Project": "habhub-data-pipeline"
            },
            "tags_all": {
              "Name": "habhub-bins-metadata",
              "Project": "habhub-data-pipeline"
            },
            "timeouts": {
              "create": "10m",
              "delete": "10m",
              "update": "60m"
            },
            "ttl": [
              {
                "attribute_name": "",
                "enabled": false
              }
            ],
            "write_capacity": 0
          },
          "sensitive_attributes": [],
          "private": "eyJlMmJmYjczMC1lY2FhLTExZTYtOGY4OC0zNDM2M2JjN2M0YzAiOnsiY3JlYXRlIjo2MDAwMDAwMDAwMDAsImRlbGV0ZSI6NjAwMDAwMDAwMDAwLCJ1cGRhdGUiOjM2MDAwMDAwMDAwMDB9LCJzY2hlbWFfdmVyc2lvbiI6IjEifQ=="
        }
      ]
    },
    {
      "module": "module.lambda_function",
      "mode": "data",
      "type": "aws_caller_identity",
      "name": "current",
      "provider": "provider[\"registry.terraform.io/hashicorp/aws\"]",
      "instances": [
        {
          "schema_version": 0,
          "attributes": {
            "account_id": "139464377685",
            "arn": "arn:aws:sts::139464377685:assumed-role/AWSReservedSSO_AWSAdministratorAccess_a1d37e058008aa2e/eandrews_admin@whoi.edu",
            "id": "139464377685",
            "user_id": "AROASA6FZQVKXTDX4RQKP:eandrews_admin@whoi.edu"
          },
          "sensitive_attributes": []
        }
      ]
    },
    {
      "module": "module.lambda_function",
      "mode": "data",
      "type": "aws_iam_policy_document",
      "name": "additional_inline",
      "provider": "provider[\"registry.terraform.io/hashicorp/aws\"]",
      "instances": [
        {
          "index_key": 0,
          "schema_version": 0,
          "attributes": {
            "id": "291460305",
            "json": "{\n  \"Version\": \"2012-10-17\",\n  \"Statement\": [\n    {\n      \"Sid\": \"GetS3Objects\",\n      \"Effect\": \"Allow\",\n      \"Action\": \"s3:GetObject\",\n      \"Resource\": [\n        \"arn:aws:s3:::habhub.data-pipeline-files/*\",\n        \"arn:aws:s3:::habhub.data-pipeline-files\"\n      ]\n    }\n  ]\n}",
            "override_policy_documents": null,
            "policy_id": null,
            "source_policy_documents": null,
            "statement": [
              {
                "actions": [
                  "s3:GetObject"
                ],
                "condition": [],
                "effect": "Allow",
                "not_actions": [],
                "not_principals": [],
                "not_resources": [],
                "principals": [],
                "resources": [
                  "arn:aws:s3:::habhub.data-pipeline-files",
                  "arn:aws:s3:::habhub.data-pipeline-files/*"
                ],
                "sid": "GetS3Objects"
              }
            ],
            "version": "2012-10-17"
          },
          "sensitive_attributes": []
        }
      ]
    },
    {
      "module": "module.lambda_function",
      "mode": "data",
      "type": "aws_iam_policy_document",
      "name": "assume_role",
      "provider": "provider[\"registry.terraform.io/hashicorp/aws\"]",
      "instances": [
        {
          "index_key": 0,
          "schema_version": 0,
          "attributes": {
            "id": "2690255455",
            "json": "{\n  \"Version\": \"2012-10-17\",\n  \"Statement\": [\n    {\n      \"Effect\": \"Allow\",\n      \"Action\": \"sts:AssumeRole\",\n      \"Principal\": {\n        \"Service\": \"lambda.amazonaws.com\"\n      }\n    }\n  ]\n}",
            "override_policy_documents": null,
            "policy_id": null,
            "source_policy_documents": null,
            "statement": [
              {
                "actions": [
                  "sts:AssumeRole"
                ],
                "condition": [],
                "effect": "Allow",
                "not_actions": [],
                "not_principals": [],
                "not_resources": [],
                "principals": [
                  {
                    "identifiers": [
                      "lambda.amazonaws.com"
                    ],
                    "type": "Service"
                  }
                ],
                "resources": [],
                "sid": ""
              }
            ],
            "version": "2012-10-17"
          },
          "sensitive_attributes": []
        }
      ]
    },
    {
      "module": "module.lambda_function",
      "mode": "data",
      "type": "aws_iam_policy_document",
      "name": "logs",
      "provider": "provider[\"registry.terraform.io/hashicorp/aws\"]",
      "instances": [
        {
          "index_key": 0,
          "schema_version": 0,
          "attributes": {
            "id": "2742649719",
            "json": "{\n  \"Version\": \"2012-10-17\",\n  \"Statement\": [\n    {\n      \"Effect\": \"Allow\",\n      \"Action\": [\n        \"logs:PutLogEvents\",\n        \"logs:CreateLogStream\",\n        \"logs:CreateLogGroup\"\n      ],\n      \"Resource\": [\n        \"arn:aws:logs:us-east-1:139464377685:log-group:/aws/lambda/ingest-class-scores-lambda:*:*\",\n        \"arn:aws:logs:us-east-1:139464377685:log-group:/aws/lambda/ingest-class-scores-lambda:*\"\n      ]\n    }\n  ]\n}",
            "override_policy_documents": null,
            "policy_id": null,
            "source_policy_documents": null,
            "statement": [
              {
                "actions": [
                  "logs:CreateLogGroup",
                  "logs:CreateLogStream",
                  "logs:PutLogEvents"
                ],
                "condition": [],
                "effect": "Allow",
                "not_actions": [],
                "not_principals": [],
                "not_resources": [],
                "principals": [],
                "resources": [
                  "arn:aws:logs:us-east-1:139464377685:log-group:/aws/lambda/ingest-class-scores-lambda:*",
                  "arn:aws:logs:us-east-1:139464377685:log-group:/aws/lambda/ingest-class-scores-lambda:*:*"
                ],
                "sid": ""
              }
            ],
            "version": "2012-10-17"
          },
          "sensitive_attributes": []
        }
      ]
    },
    {
      "module": "module.lambda_function",
      "mode": "data",
      "type": "aws_partition",
      "name": "current",
      "provider": "provider[\"registry.terraform.io/hashicorp/aws\"]",
      "instances": [
        {
          "schema_version": 0,
          "attributes": {
            "dns_suffix": "amazonaws.com",
            "id": "aws",
            "partition": "aws",
            "reverse_dns_prefix": "com.amazonaws"
          },
          "sensitive_attributes": []
        }
      ]
    },
    {
      "module": "module.lambda_function",
      "mode": "data",
      "type": "aws_region",
      "name": "current",
      "provider": "provider[\"registry.terraform.io/hashicorp/aws\"]",
      "instances": [
        {
          "schema_version": 0,
          "attributes": {
            "description": "US East (N. Virginia)",
            "endpoint": "ec2.us-east-1.amazonaws.com",
            "id": "us-east-1",
            "name": "us-east-1"
          },
          "sensitive_attributes": []
        }
      ]
    },
    {
      "module": "module.lambda_function",
      "mode": "managed",
      "type": "aws_cloudwatch_log_group",
      "name": "lambda",
      "provider": "provider[\"registry.terraform.io/hashicorp/aws\"]",
      "instances": [
        {
          "index_key": 0,
          "schema_version": 0,
          "attributes": {
            "arn": "arn:aws:logs:us-east-1:139464377685:log-group:/aws/lambda/ingest-class-scores-lambda",
            "id": "/aws/lambda/ingest-class-scores-lambda",
            "kms_key_id": "",
            "log_group_class": "STANDARD",
            "name": "/aws/lambda/ingest-class-scores-lambda",
            "name_prefix": "",
            "retention_in_days": 0,
            "skip_destroy": false,
            "tags": {},
            "tags_all": {}
          },
          "sensitive_attributes": [],
          "private": "bnVsbA=="
        }
      ]
    },
    {
      "module": "module.lambda_function",
      "mode": "managed",
      "type": "aws_iam_policy",
      "name": "additional_inline",
      "provider": "provider[\"registry.terraform.io/hashicorp/aws\"]",
      "instances": [
        {
          "index_key": 0,
          "schema_version": 0,
          "attributes": {
            "arn": "arn:aws:iam::139464377685:policy/ingest-class-scores-lambda-inline",
            "description": "",
            "id": "arn:aws:iam::139464377685:policy/ingest-class-scores-lambda-inline",
            "name": "ingest-class-scores-lambda-inline",
            "name_prefix": "",
            "path": "/",
            "policy": "{\"Statement\":[{\"Action\":\"s3:GetObject\",\"Effect\":\"Allow\",\"Resource\":[\"arn:aws:s3:::habhub.data-pipeline-files/*\",\"arn:aws:s3:::habhub.data-pipeline-files\"],\"Sid\":\"GetS3Objects\"}],\"Version\":\"2012-10-17\"}",
            "policy_id": "ANPASA6FZQVK2ABDH64OF",
            "tags": {},
            "tags_all": {}
          },
          "sensitive_attributes": [],
          "private": "bnVsbA==",
          "dependencies": [
            "module.lambda_function.data.aws_iam_policy_document.additional_inline",
            "module.s3_bucket.aws_s3_bucket.this"
          ]
        }
      ]
    },
    {
      "module": "module.lambda_function",
      "mode": "managed",
      "type": "aws_iam_policy",
      "name": "logs",
      "provider": "provider[\"registry.terraform.io/hashicorp/aws\"]",
      "instances": [
        {
          "index_key": 0,
          "schema_version": 0,
          "attributes": {
            "arn": "arn:aws:iam::139464377685:policy/ingest-class-scores-lambda-logs",
            "description": "",
            "id": "arn:aws:iam::139464377685:policy/ingest-class-scores-lambda-logs",
            "name": "ingest-class-scores-lambda-logs",
            "name_prefix": "",
            "path": "/",
            "policy": "{\"Statement\":[{\"Action\":[\"logs:PutLogEvents\",\"logs:CreateLogStream\",\"logs:CreateLogGroup\"],\"Effect\":\"Allow\",\"Resource\":[\"arn:aws:logs:us-east-1:139464377685:log-group:/aws/lambda/ingest-class-scores-lambda:*:*\",\"arn:aws:logs:us-east-1:139464377685:log-group:/aws/lambda/ingest-class-scores-lambda:*\"]}],\"Version\":\"2012-10-17\"}",
            "policy_id": "ANPASA6FZQVKXWJZXHFF5",
            "tags": {},
            "tags_all": {}
          },
          "sensitive_attributes": [],
          "private": "bnVsbA==",
          "dependencies": [
            "module.lambda_function.aws_cloudwatch_log_group.lambda",
            "module.lambda_function.data.aws_arn.log_group_arn",
            "module.lambda_function.data.aws_cloudwatch_log_group.lambda",
            "module.lambda_function.data.aws_iam_policy_document.logs"
          ]
        }
      ]
    },
    {
      "module": "module.lambda_function",
      "mode": "managed",
      "type": "aws_iam_role",
      "name": "lambda",
      "provider": "provider[\"registry.terraform.io/hashicorp/aws\"]",
      "instances": [
        {
          "index_key": 0,
          "schema_version": 0,
          "attributes": {
            "arn": "arn:aws:iam::139464377685:role/ingest-class-scores-lambda",
            "assume_role_policy": "{\"Statement\":[{\"Action\":\"sts:AssumeRole\",\"Effect\":\"Allow\",\"Principal\":{\"Service\":\"lambda.amazonaws.com\"}}],\"Version\":\"2012-10-17\"}",
            "create_date": "2024-03-05T19:47:40Z",
            "description": "",
            "force_detach_policies": true,
            "id": "ingest-class-scores-lambda",
            "inline_policy": [],
            "managed_policy_arns": [
              "arn:aws:iam::139464377685:policy/ingest-class-scores-lambda-inline",
              "arn:aws:iam::139464377685:policy/ingest-class-scores-lambda-logs"
            ],
            "max_session_duration": 3600,
            "name": "ingest-class-scores-lambda",
            "name_prefix": "",
            "path": "/",
            "permissions_boundary": "",
            "tags": {},
            "tags_all": {},
            "unique_id": "AROASA6FZQVK5XH5BIUS2"
          },
          "sensitive_attributes": [],
          "private": "bnVsbA==",
          "dependencies": [
            "module.lambda_function.data.aws_iam_policy_document.assume_role"
          ]
        }
      ]
    },
    {
      "module": "module.lambda_function",
      "mode": "managed",
      "type": "aws_iam_role_policy_attachment",
      "name": "additional_inline",
      "provider": "provider[\"registry.terraform.io/hashicorp/aws\"]",
      "instances": [
        {
          "index_key": 0,
          "schema_version": 0,
          "attributes": {
            "id": "ingest-class-scores-lambda-20240306181134958800000001",
            "policy_arn": "arn:aws:iam::139464377685:policy/ingest-class-scores-lambda-inline",
            "role": "ingest-class-scores-lambda"
          },
          "sensitive_attributes": [],
          "private": "bnVsbA==",
          "dependencies": [
            "module.lambda_function.aws_iam_policy.additional_inline",
            "module.lambda_function.aws_iam_role.lambda",
            "module.lambda_function.data.aws_iam_policy_document.additional_inline",
            "module.lambda_function.data.aws_iam_policy_document.assume_role",
            "module.s3_bucket.aws_s3_bucket.this"
          ]
        }
      ]
    },
    {
      "module": "module.lambda_function",
      "mode": "managed",
      "type": "aws_iam_role_policy_attachment",
      "name": "logs",
      "provider": "provider[\"registry.terraform.io/hashicorp/aws\"]",
      "instances": [
        {
          "index_key": 0,
          "schema_version": 0,
          "attributes": {
            "id": "ingest-class-scores-lambda-20240305194740678400000001",
            "policy_arn": "arn:aws:iam::139464377685:policy/ingest-class-scores-lambda-logs",
            "role": "ingest-class-scores-lambda"
          },
          "sensitive_attributes": [],
          "private": "bnVsbA==",
          "dependencies": [
            "module.lambda_function.aws_cloudwatch_log_group.lambda",
            "module.lambda_function.aws_iam_policy.logs",
            "module.lambda_function.aws_iam_role.lambda",
            "module.lambda_function.data.aws_arn.log_group_arn",
            "module.lambda_function.data.aws_cloudwatch_log_group.lambda",
            "module.lambda_function.data.aws_iam_policy_document.assume_role",
            "module.lambda_function.data.aws_iam_policy_document.logs"
          ]
        }
      ]
    },
    {
      "module": "module.lambda_function",
      "mode": "managed",
      "type": "aws_lambda_function",
      "name": "this",
      "provider": "provider[\"registry.terraform.io/hashicorp/aws\"]",
      "instances": [
        {
          "index_key": 0,
          "schema_version": 0,
          "attributes": {
            "architectures": [
              "x86_64"
            ],
            "arn": "arn:aws:lambda:us-east-1:139464377685:function:ingest-class-scores-lambda",
            "code_signing_config_arn": "",
            "dead_letter_config": [],
            "description": "Ingest classifier scores from H5 files",
            "environment": [],
            "ephemeral_storage": [
              {
                "size": 512
              }
            ],
            "file_system_config": [],
            "filename": null,
            "function_name": "ingest-class-scores-lambda",
            "handler": "",
            "id": "ingest-class-scores-lambda",
            "image_config": [],
            "image_uri": "139464377685.dkr.ecr.us-east-1.amazonaws.com/ingest-class-scores-lambda:1.4",
            "invoke_arn": "arn:aws:apigateway:us-east-1:lambda:path/2015-03-31/functions/arn:aws:lambda:us-east-1:139464377685:function:ingest-class-scores-lambda/invocations",
            "kms_key_arn": "",
            "last_modified": "2024-06-13T18:56:40.000+0000",
            "layers": [],
            "logging_config": [
              {
                "application_log_level": "",
                "log_format": "Text",
                "log_group": "/aws/lambda/ingest-class-scores-lambda",
                "system_log_level": ""
              }
            ],
            "memory_size": 512,
            "package_type": "Image",
            "publish": true,
            "qualified_arn": "arn:aws:lambda:us-east-1:139464377685:function:ingest-class-scores-lambda:16",
            "qualified_invoke_arn": "arn:aws:apigateway:us-east-1:lambda:path/2015-03-31/functions/arn:aws:lambda:us-east-1:139464377685:function:ingest-class-scores-lambda:16/invocations",
            "replace_security_groups_on_destroy": null,
            "replacement_security_group_ids": null,
            "reserved_concurrent_executions": -1,
            "role": "arn:aws:iam::139464377685:role/ingest-class-scores-lambda",
            "runtime": "",
            "s3_bucket": null,
            "s3_key": null,
            "s3_object_version": null,
            "signing_job_arn": "",
            "signing_profile_version_arn": "",
            "skip_destroy": false,
            "snap_start": [],
            "source_code_hash": "df64c75d1637e522a58028c40e286a034392b6361b8e0801687305a2d27d3f44",
            "source_code_size": 0,
            "tags": {},
            "tags_all": {},
            "timeout": 300,
            "timeouts": null,
            "tracing_config": [
              {
                "mode": "PassThrough"
              }
            ],
            "version": "16",
            "vpc_config": []
          },
          "sensitive_attributes": [],
          "private": "eyJlMmJmYjczMC1lY2FhLTExZTYtOGY4OC0zNDM2M2JjN2M0YzAiOnsiY3JlYXRlIjo2MDAwMDAwMDAwMDAsImRlbGV0ZSI6NjAwMDAwMDAwMDAwLCJ1cGRhdGUiOjYwMDAwMDAwMDAwMH19",
          "dependencies": [
            "data.aws_ecr_authorization_token.token",
            "module.docker_image.aws_ecr_repository.this",
            "module.docker_image.data.aws_caller_identity.this",
            "module.docker_image.data.aws_region.current",
            "module.docker_image.docker_image.this",
            "module.docker_image.docker_registry_image.this",
            "module.lambda_function.aws_cloudwatch_log_group.lambda",
            "module.lambda_function.aws_iam_policy.additional_inline",
            "module.lambda_function.aws_iam_policy.additional_json",
            "module.lambda_function.aws_iam_policy.additional_jsons",
            "module.lambda_function.aws_iam_policy.async",
            "module.lambda_function.aws_iam_policy.dead_letter",
            "module.lambda_function.aws_iam_policy.logs",
            "module.lambda_function.aws_iam_policy.tracing",
            "module.lambda_function.aws_iam_policy.vpc",
            "module.lambda_function.aws_iam_role.lambda",
            "module.lambda_function.aws_iam_role_policy_attachment.additional_inline",
            "module.lambda_function.aws_iam_role_policy_attachment.additional_json",
            "module.lambda_function.aws_iam_role_policy_attachment.additional_jsons",
            "module.lambda_function.aws_iam_role_policy_attachment.additional_many",
            "module.lambda_function.aws_iam_role_policy_attachment.additional_one",
            "module.lambda_function.aws_iam_role_policy_attachment.async",
            "module.lambda_function.aws_iam_role_policy_attachment.dead_letter",
            "module.lambda_function.aws_iam_role_policy_attachment.logs",
            "module.lambda_function.aws_iam_role_policy_attachment.tracing",
            "module.lambda_function.aws_iam_role_policy_attachment.vpc",
            "module.lambda_function.aws_s3_object.lambda_package",
            "module.lambda_function.data.aws_arn.log_group_arn",
            "module.lambda_function.data.aws_cloudwatch_log_group.lambda",
            "module.lambda_function.data.aws_iam_policy.tracing",
            "module.lambda_function.data.aws_iam_policy.vpc",
            "module.lambda_function.data.aws_iam_policy_document.additional_inline",
            "module.lambda_function.data.aws_iam_policy_document.assume_role",
            "module.lambda_function.data.aws_iam_policy_document.async",
            "module.lambda_function.data.aws_iam_policy_document.dead_letter",
            "module.lambda_function.data.aws_iam_policy_document.logs",
            "module.lambda_function.data.aws_partition.current",
            "module.lambda_function.data.external.archive_prepare",
            "module.lambda_function.local_file.archive_plan",
            "module.lambda_function.null_resource.archive",
            "module.s3_bucket.aws_s3_bucket.this"
          ]
        }
      ]
    },
    {
      "module": "module.lambda_function",
      "mode": "managed",
      "type": "aws_lambda_permission",
      "name": "current_version_triggers",
      "provider": "provider[\"registry.terraform.io/hashicorp/aws\"]",
      "instances": [
        {
          "index_key": "AllowExecutionFromS3Bucket",
          "schema_version": 0,
          "attributes": {
            "action": "lambda:InvokeFunction",
            "event_source_token": null,
            "function_name": "ingest-class-scores-lambda",
            "function_url_auth_type": null,
            "id": "AllowExecutionFromS3Bucket",
            "principal": "s3.amazonaws.com",
            "principal_org_id": null,
            "qualifier": "16",
            "source_account": null,
            "source_arn": "arn:aws:s3:::habhub.data-pipeline-files",
            "statement_id": "AllowExecutionFromS3Bucket",
            "statement_id_prefix": ""
          },
          "sensitive_attributes": [],
          "private": "bnVsbA==",
          "dependencies": [
            "data.aws_ecr_authorization_token.token",
            "module.docker_image.aws_ecr_repository.this",
            "module.docker_image.data.aws_caller_identity.this",
            "module.docker_image.data.aws_region.current",
            "module.docker_image.docker_image.this",
            "module.docker_image.docker_registry_image.this",
            "module.lambda_function.aws_cloudwatch_log_group.lambda",
            "module.lambda_function.aws_iam_policy.additional_inline",
            "module.lambda_function.aws_iam_policy.additional_json",
            "module.lambda_function.aws_iam_policy.additional_jsons",
            "module.lambda_function.aws_iam_policy.async",
            "module.lambda_function.aws_iam_policy.dead_letter",
            "module.lambda_function.aws_iam_policy.logs",
            "module.lambda_function.aws_iam_policy.tracing",
            "module.lambda_function.aws_iam_policy.vpc",
            "module.lambda_function.aws_iam_role.lambda",
            "module.lambda_function.aws_iam_role_policy_attachment.additional_inline",
            "module.lambda_function.aws_iam_role_policy_attachment.additional_json",
            "module.lambda_function.aws_iam_role_policy_attachment.additional_jsons",
            "module.lambda_function.aws_iam_role_policy_attachment.additional_many",
            "module.lambda_function.aws_iam_role_policy_attachment.additional_one",
            "module.lambda_function.aws_iam_role_policy_attachment.async",
            "module.lambda_function.aws_iam_role_policy_attachment.dead_letter",
            "module.lambda_function.aws_iam_role_policy_attachment.logs",
            "module.lambda_function.aws_iam_role_policy_attachment.tracing",
            "module.lambda_function.aws_iam_role_policy_attachment.vpc",
            "module.lambda_function.aws_lambda_function.this",
            "module.lambda_function.aws_s3_object.lambda_package",
            "module.lambda_function.data.aws_arn.log_group_arn",
            "module.lambda_function.data.aws_cloudwatch_log_group.lambda",
            "module.lambda_function.data.aws_iam_policy.tracing",
            "module.lambda_function.data.aws_iam_policy.vpc",
            "module.lambda_function.data.aws_iam_policy_document.additional_inline",
            "module.lambda_function.data.aws_iam_policy_document.assume_role",
            "module.lambda_function.data.aws_iam_policy_document.async",
            "module.lambda_function.data.aws_iam_policy_document.dead_letter",
            "module.lambda_function.data.aws_iam_policy_document.logs",
            "module.lambda_function.data.aws_partition.current",
            "module.lambda_function.data.external.archive_prepare",
            "module.lambda_function.local_file.archive_plan",
            "module.lambda_function.null_resource.archive",
            "module.s3_bucket.aws_s3_bucket.this"
          ]
        }
      ]
    },
    {
      "module": "module.lambda_function",
      "mode": "managed",
      "type": "aws_lambda_permission",
      "name": "unqualified_alias_triggers",
      "provider": "provider[\"registry.terraform.io/hashicorp/aws\"]",
      "instances": [
        {
          "index_key": "AllowExecutionFromS3Bucket",
          "schema_version": 0,
          "attributes": {
            "action": "lambda:InvokeFunction",
            "event_source_token": null,
            "function_name": "ingest-class-scores-lambda",
            "function_url_auth_type": null,
            "id": "AllowExecutionFromS3Bucket",
            "principal": "s3.amazonaws.com",
            "principal_org_id": null,
            "qualifier": "",
            "source_account": null,
            "source_arn": "arn:aws:s3:::habhub.data-pipeline-files",
            "statement_id": "AllowExecutionFromS3Bucket",
            "statement_id_prefix": ""
          },
          "sensitive_attributes": [],
          "private": "bnVsbA==",
          "dependencies": [
            "data.aws_ecr_authorization_token.token",
            "module.docker_image.aws_ecr_repository.this",
            "module.docker_image.data.aws_caller_identity.this",
            "module.docker_image.data.aws_region.current",
            "module.docker_image.docker_image.this",
            "module.docker_image.docker_registry_image.this",
            "module.lambda_function.aws_cloudwatch_log_group.lambda",
            "module.lambda_function.aws_iam_policy.additional_inline",
            "module.lambda_function.aws_iam_policy.additional_json",
            "module.lambda_function.aws_iam_policy.additional_jsons",
            "module.lambda_function.aws_iam_policy.async",
            "module.lambda_function.aws_iam_policy.dead_letter",
            "module.lambda_function.aws_iam_policy.logs",
            "module.lambda_function.aws_iam_policy.tracing",
            "module.lambda_function.aws_iam_policy.vpc",
            "module.lambda_function.aws_iam_role.lambda",
            "module.lambda_function.aws_iam_role_policy_attachment.additional_inline",
            "module.lambda_function.aws_iam_role_policy_attachment.additional_json",
            "module.lambda_function.aws_iam_role_policy_attachment.additional_jsons",
            "module.lambda_function.aws_iam_role_policy_attachment.additional_many",
            "module.lambda_function.aws_iam_role_policy_attachment.additional_one",
            "module.lambda_function.aws_iam_role_policy_attachment.async",
            "module.lambda_function.aws_iam_role_policy_attachment.dead_letter",
            "module.lambda_function.aws_iam_role_policy_attachment.logs",
            "module.lambda_function.aws_iam_role_policy_attachment.tracing",
            "module.lambda_function.aws_iam_role_policy_attachment.vpc",
            "module.lambda_function.aws_lambda_function.this",
            "module.lambda_function.aws_s3_object.lambda_package",
            "module.lambda_function.data.aws_arn.log_group_arn",
            "module.lambda_function.data.aws_cloudwatch_log_group.lambda",
            "module.lambda_function.data.aws_iam_policy.tracing",
            "module.lambda_function.data.aws_iam_policy.vpc",
            "module.lambda_function.data.aws_iam_policy_document.additional_inline",
            "module.lambda_function.data.aws_iam_policy_document.assume_role",
            "module.lambda_function.data.aws_iam_policy_document.async",
            "module.lambda_function.data.aws_iam_policy_document.dead_letter",
            "module.lambda_function.data.aws_iam_policy_document.logs",
            "module.lambda_function.data.aws_partition.current",
            "module.lambda_function.data.external.archive_prepare",
            "module.lambda_function.local_file.archive_plan",
            "module.lambda_function.null_resource.archive",
            "module.s3_bucket.aws_s3_bucket.this"
          ]
        }
      ]
    },
    {
      "module": "module.lambda_function_metadata",
      "mode": "data",
      "type": "aws_caller_identity",
      "name": "current",
      "provider": "provider[\"registry.terraform.io/hashicorp/aws\"]",
      "instances": [
        {
          "schema_version": 0,
          "attributes": {
            "account_id": "139464377685",
            "arn": "arn:aws:sts::139464377685:assumed-role/AWSReservedSSO_AWSAdministratorAccess_a1d37e058008aa2e/eandrews_admin@whoi.edu",
            "id": "139464377685",
            "user_id": "AROASA6FZQVKXTDX4RQKP:eandrews_admin@whoi.edu"
          },
          "sensitive_attributes": []
        }
      ]
    },
    {
      "module": "module.lambda_function_metadata",
      "mode": "data",
      "type": "aws_iam_policy_document",
      "name": "additional_inline",
      "provider": "provider[\"registry.terraform.io/hashicorp/aws\"]",
      "instances": [
        {
          "index_key": 0,
          "schema_version": 0,
          "attributes": {
            "id": "2903458360",
            "json": "{\n  \"Version\": \"2012-10-17\",\n  \"Statement\": [\n    {\n      \"Sid\": \"DynamoItems\",\n      \"Effect\": \"Allow\",\n      \"Action\": [\n        \"dynamodb:UpdateItem\",\n        \"dynamodb:PutItem\",\n        \"dynamodb:GetItem\"\n      ],\n      \"Resource\": \"arn:aws:dynamodb:us-east-1:139464377685:table/habhub-bins-metadata\"\n    },\n    {\n      \"Sid\": \"GetS3Objects\",\n      \"Effect\": \"Allow\",\n      \"Action\": [\n        \"s3:GetObject\",\n        \"s3:DeleteObject\"\n      ],\n      \"Resource\": [\n        \"arn:aws:s3:::habhub.data-pipeline-files/*\",\n        \"arn:aws:s3:::habhub.data-pipeline-files\"\n      ]\n    }\n  ]\n}",
            "override_policy_documents": null,
            "policy_id": null,
            "source_policy_documents": null,
            "statement": [
              {
                "actions": [
                  "dynamodb:GetItem",
                  "dynamodb:PutItem",
                  "dynamodb:UpdateItem"
                ],
                "condition": [],
                "effect": "Allow",
                "not_actions": [],
                "not_principals": [],
                "not_resources": [],
                "principals": [],
                "resources": [
                  "arn:aws:dynamodb:us-east-1:139464377685:table/habhub-bins-metadata"
                ],
                "sid": "DynamoItems"
              },
              {
                "actions": [
                  "s3:DeleteObject",
                  "s3:GetObject"
                ],
                "condition": [],
                "effect": "Allow",
                "not_actions": [],
                "not_principals": [],
                "not_resources": [],
                "principals": [],
                "resources": [
                  "arn:aws:s3:::habhub.data-pipeline-files",
                  "arn:aws:s3:::habhub.data-pipeline-files/*"
                ],
                "sid": "GetS3Objects"
              }
            ],
            "version": "2012-10-17"
          },
          "sensitive_attributes": []
        }
      ]
    },
    {
      "module": "module.lambda_function_metadata",
      "mode": "data",
      "type": "aws_iam_policy_document",
      "name": "assume_role",
      "provider": "provider[\"registry.terraform.io/hashicorp/aws\"]",
      "instances": [
        {
          "index_key": 0,
          "schema_version": 0,
          "attributes": {
            "id": "2690255455",
            "json": "{\n  \"Version\": \"2012-10-17\",\n  \"Statement\": [\n    {\n      \"Effect\": \"Allow\",\n      \"Action\": \"sts:AssumeRole\",\n      \"Principal\": {\n        \"Service\": \"lambda.amazonaws.com\"\n      }\n    }\n  ]\n}",
            "override_policy_documents": null,
            "policy_id": null,
            "source_policy_documents": null,
            "statement": [
              {
                "actions": [
                  "sts:AssumeRole"
                ],
                "condition": [],
                "effect": "Allow",
                "not_actions": [],
                "not_principals": [],
                "not_resources": [],
                "principals": [
                  {
                    "identifiers": [
                      "lambda.amazonaws.com"
                    ],
                    "type": "Service"
                  }
                ],
                "resources": [],
                "sid": ""
              }
            ],
            "version": "2012-10-17"
          },
          "sensitive_attributes": []
        }
      ]
    },
    {
      "module": "module.lambda_function_metadata",
      "mode": "data",
      "type": "aws_iam_policy_document",
      "name": "logs",
      "provider": "provider[\"registry.terraform.io/hashicorp/aws\"]",
      "instances": [
        {
          "index_key": 0,
          "schema_version": 0,
          "attributes": {
            "id": "2048784210",
            "json": "{\n  \"Version\": \"2012-10-17\",\n  \"Statement\": [\n    {\n      \"Effect\": \"Allow\",\n      \"Action\": [\n        \"logs:PutLogEvents\",\n        \"logs:CreateLogStream\",\n        \"logs:CreateLogGroup\"\n      ],\n      \"Resource\": [\n        \"arn:aws:logs:us-east-1:139464377685:log-group:/aws/lambda/ingest-metadata-adc-files-lambda:*:*\",\n        \"arn:aws:logs:us-east-1:139464377685:log-group:/aws/lambda/ingest-metadata-adc-files-lambda:*\"\n      ]\n    }\n  ]\n}",
            "override_policy_documents": null,
            "policy_id": null,
            "source_policy_documents": null,
            "statement": [
              {
                "actions": [
                  "logs:CreateLogGroup",
                  "logs:CreateLogStream",
                  "logs:PutLogEvents"
                ],
                "condition": [],
                "effect": "Allow",
                "not_actions": [],
                "not_principals": [],
                "not_resources": [],
                "principals": [],
                "resources": [
                  "arn:aws:logs:us-east-1:139464377685:log-group:/aws/lambda/ingest-metadata-adc-files-lambda:*",
                  "arn:aws:logs:us-east-1:139464377685:log-group:/aws/lambda/ingest-metadata-adc-files-lambda:*:*"
                ],
                "sid": ""
              }
            ],
            "version": "2012-10-17"
          },
          "sensitive_attributes": []
        }
      ]
    },
    {
      "module": "module.lambda_function_metadata",
      "mode": "data",
      "type": "aws_partition",
      "name": "current",
      "provider": "provider[\"registry.terraform.io/hashicorp/aws\"]",
      "instances": [
        {
          "schema_version": 0,
          "attributes": {
            "dns_suffix": "amazonaws.com",
            "id": "aws",
            "partition": "aws",
            "reverse_dns_prefix": "com.amazonaws"
          },
          "sensitive_attributes": []
        }
      ]
    },
    {
      "module": "module.lambda_function_metadata",
      "mode": "data",
      "type": "aws_region",
      "name": "current",
      "provider": "provider[\"registry.terraform.io/hashicorp/aws\"]",
      "instances": [
        {
          "schema_version": 0,
          "attributes": {
            "description": "US East (N. Virginia)",
            "endpoint": "ec2.us-east-1.amazonaws.com",
            "id": "us-east-1",
            "name": "us-east-1"
          },
          "sensitive_attributes": []
        }
      ]
    },
    {
      "module": "module.lambda_function_metadata",
      "mode": "managed",
      "type": "aws_cloudwatch_log_group",
      "name": "lambda",
      "provider": "provider[\"registry.terraform.io/hashicorp/aws\"]",
      "instances": [
        {
          "index_key": 0,
          "schema_version": 0,
          "attributes": {
            "arn": "arn:aws:logs:us-east-1:139464377685:log-group:/aws/lambda/ingest-metadata-adc-files-lambda",
            "id": "/aws/lambda/ingest-metadata-adc-files-lambda",
            "kms_key_id": "",
            "log_group_class": "STANDARD",
            "name": "/aws/lambda/ingest-metadata-adc-files-lambda",
            "name_prefix": "",
            "retention_in_days": 0,
            "skip_destroy": false,
            "tags": {},
            "tags_all": {}
          },
          "sensitive_attributes": [],
          "private": "bnVsbA=="
        }
      ]
    },
    {
      "module": "module.lambda_function_metadata",
      "mode": "managed",
      "type": "aws_iam_policy",
      "name": "additional_inline",
      "provider": "provider[\"registry.terraform.io/hashicorp/aws\"]",
      "instances": [
        {
          "index_key": 0,
          "schema_version": 0,
          "attributes": {
            "arn": "arn:aws:iam::139464377685:policy/ingest-metadata-adc-files-lambda-inline",
            "description": "",
            "id": "arn:aws:iam::139464377685:policy/ingest-metadata-adc-files-lambda-inline",
            "name": "ingest-metadata-adc-files-lambda-inline",
            "name_prefix": "",
            "path": "/",
            "policy": "{\"Statement\":[{\"Action\":[\"dynamodb:UpdateItem\",\"dynamodb:PutItem\",\"dynamodb:GetItem\"],\"Effect\":\"Allow\",\"Resource\":\"arn:aws:dynamodb:us-east-1:139464377685:table/habhub-bins-metadata\",\"Sid\":\"DynamoItems\"},{\"Action\":[\"s3:GetObject\",\"s3:DeleteObject\"],\"Effect\":\"Allow\",\"Resource\":[\"arn:aws:s3:::habhub.data-pipeline-files/*\",\"arn:aws:s3:::habhub.data-pipeline-files\"],\"Sid\":\"GetS3Objects\"}],\"Version\":\"2012-10-17\"}",
            "policy_id": "ANPASA6FZQVKVBEXSHZ7Q",
            "tags": {},
            "tags_all": {}
          },
          "sensitive_attributes": [],
          "private": "bnVsbA==",
          "dependencies": [
            "module.dynamodb_table.aws_dynamodb_table.autoscaled",
            "module.dynamodb_table.aws_dynamodb_table.autoscaled_gsi_ignore",
            "module.dynamodb_table.aws_dynamodb_table.this",
            "module.lambda_function_metadata.data.aws_iam_policy_document.additional_inline",
            "module.s3_bucket.aws_s3_bucket.this"
          ]
        }
      ]
    },
    {
      "module": "module.lambda_function_metadata",
      "mode": "managed",
      "type": "aws_iam_policy",
      "name": "logs",
      "provider": "provider[\"registry.terraform.io/hashicorp/aws\"]",
      "instances": [
        {
          "index_key": 0,
          "schema_version": 0,
          "attributes": {
            "arn": "arn:aws:iam::139464377685:policy/ingest-metadata-adc-files-lambda-logs",
            "description": "",
            "id": "arn:aws:iam::139464377685:policy/ingest-metadata-adc-files-lambda-logs",
            "name": "ingest-metadata-adc-files-lambda-logs",
            "name_prefix": "",
            "path": "/",
            "policy": "{\"Statement\":[{\"Action\":[\"logs:PutLogEvents\",\"logs:CreateLogStream\",\"logs:CreateLogGroup\"],\"Effect\":\"Allow\",\"Resource\":[\"arn:aws:logs:us-east-1:139464377685:log-group:/aws/lambda/ingest-metadata-adc-files-lambda:*:*\",\"arn:aws:logs:us-east-1:139464377685:log-group:/aws/lambda/ingest-metadata-adc-files-lambda:*\"]}],\"Version\":\"2012-10-17\"}",
            "policy_id": "ANPASA6FZQVKVGANCHMDB",
            "tags": {},
            "tags_all": {}
          },
          "sensitive_attributes": [],
          "private": "bnVsbA==",
          "dependencies": [
            "module.lambda_function_metadata.aws_cloudwatch_log_group.lambda",
            "module.lambda_function_metadata.data.aws_arn.log_group_arn",
            "module.lambda_function_metadata.data.aws_cloudwatch_log_group.lambda",
            "module.lambda_function_metadata.data.aws_iam_policy_document.logs"
          ]
        }
      ]
    },
    {
      "module": "module.lambda_function_metadata",
      "mode": "managed",
      "type": "aws_iam_role",
      "name": "lambda",
      "provider": "provider[\"registry.terraform.io/hashicorp/aws\"]",
      "instances": [
        {
          "index_key": 0,
          "schema_version": 0,
          "attributes": {
            "arn": "arn:aws:iam::139464377685:role/ingest-metadata-adc-files-lambda",
            "assume_role_policy": "{\"Statement\":[{\"Action\":\"sts:AssumeRole\",\"Effect\":\"Allow\",\"Principal\":{\"Service\":\"lambda.amazonaws.com\"}}],\"Version\":\"2012-10-17\"}",
            "create_date": "2024-06-13T17:49:37Z",
            "description": "",
            "force_detach_policies": true,
            "id": "ingest-metadata-adc-files-lambda",
            "inline_policy": [],
            "managed_policy_arns": [
              "arn:aws:iam::139464377685:policy/ingest-metadata-adc-files-lambda-inline",
              "arn:aws:iam::139464377685:policy/ingest-metadata-adc-files-lambda-logs"
            ],
            "max_session_duration": 3600,
            "name": "ingest-metadata-adc-files-lambda",
            "name_prefix": "",
            "path": "/",
            "permissions_boundary": "",
            "tags": {},
            "tags_all": {},
            "unique_id": "AROASA6FZQVKQ63DUKJLB"
          },
          "sensitive_attributes": [],
          "private": "bnVsbA==",
          "dependencies": [
            "module.lambda_function_metadata.data.aws_iam_policy_document.assume_role"
          ]
        }
      ]
    },
    {
      "module": "module.lambda_function_metadata",
      "mode": "managed",
      "type": "aws_iam_role_policy_attachment",
      "name": "additional_inline",
      "provider": "provider[\"registry.terraform.io/hashicorp/aws\"]",
      "instances": [
        {
          "index_key": 0,
          "schema_version": 0,
          "attributes": {
            "id": "ingest-metadata-adc-files-lambda-20240613174937876300000001",
            "policy_arn": "arn:aws:iam::139464377685:policy/ingest-metadata-adc-files-lambda-inline",
            "role": "ingest-metadata-adc-files-lambda"
          },
          "sensitive_attributes": [],
          "private": "bnVsbA==",
          "dependencies": [
            "module.dynamodb_table.aws_dynamodb_table.autoscaled",
            "module.dynamodb_table.aws_dynamodb_table.autoscaled_gsi_ignore",
            "module.dynamodb_table.aws_dynamodb_table.this",
            "module.lambda_function_metadata.aws_iam_policy.additional_inline",
            "module.lambda_function_metadata.aws_iam_role.lambda",
            "module.lambda_function_metadata.data.aws_iam_policy_document.additional_inline",
            "module.lambda_function_metadata.data.aws_iam_policy_document.assume_role",
            "module.s3_bucket.aws_s3_bucket.this"
          ]
        }
      ]
    },
    {
      "module": "module.lambda_function_metadata",
      "mode": "managed",
      "type": "aws_iam_role_policy_attachment",
      "name": "logs",
      "provider": "provider[\"registry.terraform.io/hashicorp/aws\"]",
      "instances": [
        {
          "index_key": 0,
          "schema_version": 0,
          "attributes": {
            "id": "ingest-metadata-adc-files-lambda-20240613174937887700000002",
            "policy_arn": "arn:aws:iam::139464377685:policy/ingest-metadata-adc-files-lambda-logs",
            "role": "ingest-metadata-adc-files-lambda"
          },
          "sensitive_attributes": [],
          "private": "bnVsbA==",
          "dependencies": [
            "module.lambda_function_metadata.aws_cloudwatch_log_group.lambda",
            "module.lambda_function_metadata.aws_iam_policy.logs",
            "module.lambda_function_metadata.aws_iam_role.lambda",
            "module.lambda_function_metadata.data.aws_arn.log_group_arn",
            "module.lambda_function_metadata.data.aws_cloudwatch_log_group.lambda",
            "module.lambda_function_metadata.data.aws_iam_policy_document.assume_role",
            "module.lambda_function_metadata.data.aws_iam_policy_document.logs"
          ]
        }
      ]
    },
    {
      "module": "module.lambda_function_metadata",
      "mode": "managed",
      "type": "aws_lambda_function",
      "name": "this",
      "provider": "provider[\"registry.terraform.io/hashicorp/aws\"]",
      "instances": [
        {
          "index_key": 0,
          "schema_version": 0,
          "attributes": {
            "architectures": [
              "x86_64"
            ],
            "arn": "arn:aws:lambda:us-east-1:139464377685:function:ingest-metadata-adc-files-lambda",
            "code_signing_config_arn": "",
            "dead_letter_config": [],
            "description": "Ingest ml_analyzed metadata from ADC files",
            "environment": [],
            "ephemeral_storage": [
              {
                "size": 512
              }
            ],
            "file_system_config": [],
            "filename": null,
            "function_name": "ingest-metadata-adc-files-lambda",
            "handler": "",
            "id": "ingest-metadata-adc-files-lambda",
            "image_config": [],
            "image_uri": "139464377685.dkr.ecr.us-east-1.amazonaws.com/ingest-metadata-adc-files-lambda:1.9",
            "invoke_arn": "arn:aws:apigateway:us-east-1:lambda:path/2015-03-31/functions/arn:aws:lambda:us-east-1:139464377685:function:ingest-metadata-adc-files-lambda/invocations",
            "kms_key_arn": "",
            "last_modified": "2024-06-18T15:59:43.000+0000",
            "layers": [],
            "logging_config": [
              {
                "application_log_level": "",
                "log_format": "Text",
                "log_group": "/aws/lambda/ingest-metadata-adc-files-lambda",
                "system_log_level": ""
              }
            ],
            "memory_size": 256,
            "package_type": "Image",
            "publish": true,
            "qualified_arn": "arn:aws:lambda:us-east-1:139464377685:function:ingest-metadata-adc-files-lambda:13",
            "qualified_invoke_arn": "arn:aws:apigateway:us-east-1:lambda:path/2015-03-31/functions/arn:aws:lambda:us-east-1:139464377685:function:ingest-metadata-adc-files-lambda:13/invocations",
            "replace_security_groups_on_destroy": null,
            "replacement_security_group_ids": null,
            "reserved_concurrent_executions": -1,
            "role": "arn:aws:iam::139464377685:role/ingest-metadata-adc-files-lambda",
            "runtime": "",
            "s3_bucket": null,
            "s3_key": null,
            "s3_object_version": null,
            "signing_job_arn": "",
            "signing_profile_version_arn": "",
            "skip_destroy": false,
            "snap_start": [],
            "source_code_hash": "145add7ada7b7bd92a8074684d24e83cfd919e701322cd5e4ec2f862a6cdfeb7",
            "source_code_size": 0,
            "tags": {},
            "tags_all": {},
            "timeout": 300,
            "timeouts": null,
            "tracing_config": [
              {
                "mode": "PassThrough"
              }
            ],
            "version": "13",
            "vpc_config": []
          },
          "sensitive_attributes": [],
          "private": "eyJlMmJmYjczMC1lY2FhLTExZTYtOGY4OC0zNDM2M2JjN2M0YzAiOnsiY3JlYXRlIjo2MDAwMDAwMDAwMDAsImRlbGV0ZSI6NjAwMDAwMDAwMDAwLCJ1cGRhdGUiOjYwMDAwMDAwMDAwMH19",
          "dependencies": [
            "data.aws_ecr_authorization_token.token",
            "module.docker_image_metadata.aws_ecr_repository.this",
            "module.docker_image_metadata.data.aws_caller_identity.this",
            "module.docker_image_metadata.data.aws_region.current",
            "module.docker_image_metadata.docker_image.this",
            "module.docker_image_metadata.docker_registry_image.this",
            "module.dynamodb_table.aws_dynamodb_table.autoscaled",
            "module.dynamodb_table.aws_dynamodb_table.autoscaled_gsi_ignore",
            "module.dynamodb_table.aws_dynamodb_table.this",
            "module.lambda_function_metadata.aws_cloudwatch_log_group.lambda",
            "module.lambda_function_metadata.aws_iam_policy.additional_inline",
            "module.lambda_function_metadata.aws_iam_policy.additional_json",
            "module.lambda_function_metadata.aws_iam_policy.additional_jsons",
            "module.lambda_function_metadata.aws_iam_policy.async",
            "module.lambda_function_metadata.aws_iam_policy.dead_letter",
            "module.lambda_function_metadata.aws_iam_policy.logs",
            "module.lambda_function_metadata.aws_iam_policy.tracing",
            "module.lambda_function_metadata.aws_iam_policy.vpc",
            "module.lambda_function_metadata.aws_iam_role.lambda",
            "module.lambda_function_metadata.aws_iam_role_policy_attachment.additional_inline",
            "module.lambda_function_metadata.aws_iam_role_policy_attachment.additional_json",
            "module.lambda_function_metadata.aws_iam_role_policy_attachment.additional_jsons",
            "module.lambda_function_metadata.aws_iam_role_policy_attachment.additional_many",
            "module.lambda_function_metadata.aws_iam_role_policy_attachment.additional_one",
            "module.lambda_function_metadata.aws_iam_role_policy_attachment.async",
            "module.lambda_function_metadata.aws_iam_role_policy_attachment.dead_letter",
            "module.lambda_function_metadata.aws_iam_role_policy_attachment.logs",
            "module.lambda_function_metadata.aws_iam_role_policy_attachment.tracing",
            "module.lambda_function_metadata.aws_iam_role_policy_attachment.vpc",
            "module.lambda_function_metadata.aws_s3_object.lambda_package",
            "module.lambda_function_metadata.data.aws_arn.log_group_arn",
            "module.lambda_function_metadata.data.aws_cloudwatch_log_group.lambda",
            "module.lambda_function_metadata.data.aws_iam_policy.tracing",
            "module.lambda_function_metadata.data.aws_iam_policy.vpc",
            "module.lambda_function_metadata.data.aws_iam_policy_document.additional_inline",
            "module.lambda_function_metadata.data.aws_iam_policy_document.assume_role",
            "module.lambda_function_metadata.data.aws_iam_policy_document.async",
            "module.lambda_function_metadata.data.aws_iam_policy_document.dead_letter",
            "module.lambda_function_metadata.data.aws_iam_policy_document.logs",
            "module.lambda_function_metadata.data.aws_partition.current",
            "module.lambda_function_metadata.data.external.archive_prepare",
            "module.lambda_function_metadata.local_file.archive_plan",
            "module.lambda_function_metadata.null_resource.archive",
            "module.s3_bucket.aws_s3_bucket.this"
          ]
        }
      ]
    },
    {
      "module": "module.lambda_function_metadata",
      "mode": "managed",
      "type": "aws_lambda_permission",
      "name": "current_version_triggers",
      "provider": "provider[\"registry.terraform.io/hashicorp/aws\"]",
      "instances": [
        {
          "index_key": "AllowExecutionFromS3Bucket",
          "schema_version": 0,
          "attributes": {
            "action": "lambda:InvokeFunction",
            "event_source_token": null,
            "function_name": "ingest-metadata-adc-files-lambda",
            "function_url_auth_type": null,
            "id": "AllowExecutionFromS3Bucket",
            "principal": "s3.amazonaws.com",
            "principal_org_id": null,
            "qualifier": "13",
            "source_account": null,
            "source_arn": "arn:aws:s3:::habhub.data-pipeline-files",
            "statement_id": "AllowExecutionFromS3Bucket",
            "statement_id_prefix": ""
          },
          "sensitive_attributes": [],
          "private": "bnVsbA==",
          "dependencies": [
            "data.aws_ecr_authorization_token.token",
            "module.docker_image_metadata.aws_ecr_repository.this",
            "module.docker_image_metadata.data.aws_caller_identity.this",
            "module.docker_image_metadata.data.aws_region.current",
            "module.docker_image_metadata.docker_image.this",
            "module.docker_image_metadata.docker_registry_image.this",
            "module.dynamodb_table.aws_dynamodb_table.autoscaled",
            "module.dynamodb_table.aws_dynamodb_table.autoscaled_gsi_ignore",
            "module.dynamodb_table.aws_dynamodb_table.this",
            "module.lambda_function_metadata.aws_cloudwatch_log_group.lambda",
            "module.lambda_function_metadata.aws_iam_policy.additional_inline",
            "module.lambda_function_metadata.aws_iam_policy.additional_json",
            "module.lambda_function_metadata.aws_iam_policy.additional_jsons",
            "module.lambda_function_metadata.aws_iam_policy.async",
            "module.lambda_function_metadata.aws_iam_policy.dead_letter",
            "module.lambda_function_metadata.aws_iam_policy.logs",
            "module.lambda_function_metadata.aws_iam_policy.tracing",
            "module.lambda_function_metadata.aws_iam_policy.vpc",
            "module.lambda_function_metadata.aws_iam_role.lambda",
            "module.lambda_function_metadata.aws_iam_role_policy_attachment.additional_inline",
            "module.lambda_function_metadata.aws_iam_role_policy_attachment.additional_json",
            "module.lambda_function_metadata.aws_iam_role_policy_attachment.additional_jsons",
            "module.lambda_function_metadata.aws_iam_role_policy_attachment.additional_many",
            "module.lambda_function_metadata.aws_iam_role_policy_attachment.additional_one",
            "module.lambda_function_metadata.aws_iam_role_policy_attachment.async",
            "module.lambda_function_metadata.aws_iam_role_policy_attachment.dead_letter",
            "module.lambda_function_metadata.aws_iam_role_policy_attachment.logs",
            "module.lambda_function_metadata.aws_iam_role_policy_attachment.tracing",
            "module.lambda_function_metadata.aws_iam_role_policy_attachment.vpc",
            "module.lambda_function_metadata.aws_lambda_function.this",
            "module.lambda_function_metadata.aws_s3_object.lambda_package",
            "module.lambda_function_metadata.data.aws_arn.log_group_arn",
            "module.lambda_function_metadata.data.aws_cloudwatch_log_group.lambda",
            "module.lambda_function_metadata.data.aws_iam_policy.tracing",
            "module.lambda_function_metadata.data.aws_iam_policy.vpc",
            "module.lambda_function_metadata.data.aws_iam_policy_document.additional_inline",
            "module.lambda_function_metadata.data.aws_iam_policy_document.assume_role",
            "module.lambda_function_metadata.data.aws_iam_policy_document.async",
            "module.lambda_function_metadata.data.aws_iam_policy_document.dead_letter",
            "module.lambda_function_metadata.data.aws_iam_policy_document.logs",
            "module.lambda_function_metadata.data.aws_partition.current",
            "module.lambda_function_metadata.data.external.archive_prepare",
            "module.lambda_function_metadata.local_file.archive_plan",
            "module.lambda_function_metadata.null_resource.archive",
            "module.s3_bucket.aws_s3_bucket.this"
          ]
        }
      ]
    },
    {
      "module": "module.lambda_function_metadata",
      "mode": "managed",
      "type": "aws_lambda_permission",
      "name": "unqualified_alias_triggers",
      "provider": "provider[\"registry.terraform.io/hashicorp/aws\"]",
      "instances": [
        {
          "index_key": "AllowExecutionFromS3Bucket",
          "schema_version": 0,
          "attributes": {
            "action": "lambda:InvokeFunction",
            "event_source_token": null,
            "function_name": "ingest-metadata-adc-files-lambda",
            "function_url_auth_type": null,
            "id": "AllowExecutionFromS3Bucket",
            "principal": "s3.amazonaws.com",
            "principal_org_id": null,
            "qualifier": "",
            "source_account": null,
            "source_arn": "arn:aws:s3:::habhub.data-pipeline-files",
            "statement_id": "AllowExecutionFromS3Bucket",
            "statement_id_prefix": ""
          },
          "sensitive_attributes": [],
          "private": "bnVsbA==",
          "dependencies": [
            "data.aws_ecr_authorization_token.token",
            "module.docker_image_metadata.aws_ecr_repository.this",
            "module.docker_image_metadata.data.aws_caller_identity.this",
            "module.docker_image_metadata.data.aws_region.current",
            "module.docker_image_metadata.docker_image.this",
            "module.docker_image_metadata.docker_registry_image.this",
            "module.dynamodb_table.aws_dynamodb_table.autoscaled",
            "module.dynamodb_table.aws_dynamodb_table.autoscaled_gsi_ignore",
            "module.dynamodb_table.aws_dynamodb_table.this",
            "module.lambda_function_metadata.aws_cloudwatch_log_group.lambda",
            "module.lambda_function_metadata.aws_iam_policy.additional_inline",
            "module.lambda_function_metadata.aws_iam_policy.additional_json",
            "module.lambda_function_metadata.aws_iam_policy.additional_jsons",
            "module.lambda_function_metadata.aws_iam_policy.async",
            "module.lambda_function_metadata.aws_iam_policy.dead_letter",
            "module.lambda_function_metadata.aws_iam_policy.logs",
            "module.lambda_function_metadata.aws_iam_policy.tracing",
            "module.lambda_function_metadata.aws_iam_policy.vpc",
            "module.lambda_function_metadata.aws_iam_role.lambda",
            "module.lambda_function_metadata.aws_iam_role_policy_attachment.additional_inline",
            "module.lambda_function_metadata.aws_iam_role_policy_attachment.additional_json",
            "module.lambda_function_metadata.aws_iam_role_policy_attachment.additional_jsons",
            "module.lambda_function_metadata.aws_iam_role_policy_attachment.additional_many",
            "module.lambda_function_metadata.aws_iam_role_policy_attachment.additional_one",
            "module.lambda_function_metadata.aws_iam_role_policy_attachment.async",
            "module.lambda_function_metadata.aws_iam_role_policy_attachment.dead_letter",
            "module.lambda_function_metadata.aws_iam_role_policy_attachment.logs",
            "module.lambda_function_metadata.aws_iam_role_policy_attachment.tracing",
            "module.lambda_function_metadata.aws_iam_role_policy_attachment.vpc",
            "module.lambda_function_metadata.aws_lambda_function.this",
            "module.lambda_function_metadata.aws_s3_object.lambda_package",
            "module.lambda_function_metadata.data.aws_arn.log_group_arn",
            "module.lambda_function_metadata.data.aws_cloudwatch_log_group.lambda",
            "module.lambda_function_metadata.data.aws_iam_policy.tracing",
            "module.lambda_function_metadata.data.aws_iam_policy.vpc",
            "module.lambda_function_metadata.data.aws_iam_policy_document.additional_inline",
            "module.lambda_function_metadata.data.aws_iam_policy_document.assume_role",
            "module.lambda_function_metadata.data.aws_iam_policy_document.async",
            "module.lambda_function_metadata.data.aws_iam_policy_document.dead_letter",
            "module.lambda_function_metadata.data.aws_iam_policy_document.logs",
            "module.lambda_function_metadata.data.aws_partition.current",
            "module.lambda_function_metadata.data.external.archive_prepare",
            "module.lambda_function_metadata.local_file.archive_plan",
            "module.lambda_function_metadata.null_resource.archive",
            "module.s3_bucket.aws_s3_bucket.this"
          ]
        }
      ]
    },
    {
      "module": "module.lambda_function_metadata_2",
      "mode": "data",
      "type": "aws_caller_identity",
      "name": "current",
      "provider": "provider[\"registry.terraform.io/hashicorp/aws\"]",
      "instances": [
        {
          "schema_version": 0,
          "attributes": {
            "account_id": "139464377685",
            "arn": "arn:aws:sts::139464377685:assumed-role/AWSReservedSSO_AWSAdministratorAccess_a1d37e058008aa2e/eandrews_admin@whoi.edu",
            "id": "139464377685",
            "user_id": "AROASA6FZQVKXTDX4RQKP:eandrews_admin@whoi.edu"
          },
          "sensitive_attributes": []
        }
      ]
    },
    {
      "module": "module.lambda_function_metadata_2",
      "mode": "data",
      "type": "aws_iam_policy_document",
      "name": "additional_inline",
      "provider": "provider[\"registry.terraform.io/hashicorp/aws\"]",
      "instances": [
        {
          "index_key": 0,
          "schema_version": 0,
          "attributes": {
            "id": "2903458360",
            "json": "{\n  \"Version\": \"2012-10-17\",\n  \"Statement\": [\n    {\n      \"Sid\": \"DynamoItems\",\n      \"Effect\": \"Allow\",\n      \"Action\": [\n        \"dynamodb:UpdateItem\",\n        \"dynamodb:PutItem\",\n        \"dynamodb:GetItem\"\n      ],\n      \"Resource\": \"arn:aws:dynamodb:us-east-1:139464377685:table/habhub-bins-metadata\"\n    },\n    {\n      \"Sid\": \"GetS3Objects\",\n      \"Effect\": \"Allow\",\n      \"Action\": [\n        \"s3:GetObject\",\n        \"s3:DeleteObject\"\n      ],\n      \"Resource\": [\n        \"arn:aws:s3:::habhub.data-pipeline-files/*\",\n        \"arn:aws:s3:::habhub.data-pipeline-files\"\n      ]\n    }\n  ]\n}",
            "override_policy_documents": null,
            "policy_id": null,
            "source_policy_documents": null,
            "statement": [
              {
                "actions": [
                  "dynamodb:GetItem",
                  "dynamodb:PutItem",
                  "dynamodb:UpdateItem"
                ],
                "condition": [],
                "effect": "Allow",
                "not_actions": [],
                "not_principals": [],
                "not_resources": [],
                "principals": [],
                "resources": [
                  "arn:aws:dynamodb:us-east-1:139464377685:table/habhub-bins-metadata"
                ],
                "sid": "DynamoItems"
              },
              {
                "actions": [
                  "s3:DeleteObject",
                  "s3:GetObject"
                ],
                "condition": [],
                "effect": "Allow",
                "not_actions": [],
                "not_principals": [],
                "not_resources": [],
                "principals": [],
                "resources": [
                  "arn:aws:s3:::habhub.data-pipeline-files",
                  "arn:aws:s3:::habhub.data-pipeline-files/*"
                ],
                "sid": "GetS3Objects"
              }
            ],
            "version": "2012-10-17"
          },
          "sensitive_attributes": []
        }
      ]
    },
    {
      "module": "module.lambda_function_metadata_2",
      "mode": "data",
      "type": "aws_iam_policy_document",
      "name": "assume_role",
      "provider": "provider[\"registry.terraform.io/hashicorp/aws\"]",
      "instances": [
        {
          "index_key": 0,
          "schema_version": 0,
          "attributes": {
            "id": "2690255455",
            "json": "{\n  \"Version\": \"2012-10-17\",\n  \"Statement\": [\n    {\n      \"Effect\": \"Allow\",\n      \"Action\": \"sts:AssumeRole\",\n      \"Principal\": {\n        \"Service\": \"lambda.amazonaws.com\"\n      }\n    }\n  ]\n}",
            "override_policy_documents": null,
            "policy_id": null,
            "source_policy_documents": null,
            "statement": [
              {
                "actions": [
                  "sts:AssumeRole"
                ],
                "condition": [],
                "effect": "Allow",
                "not_actions": [],
                "not_principals": [],
                "not_resources": [],
                "principals": [
                  {
                    "identifiers": [
                      "lambda.amazonaws.com"
                    ],
                    "type": "Service"
                  }
                ],
                "resources": [],
                "sid": ""
              }
            ],
            "version": "2012-10-17"
          },
          "sensitive_attributes": []
        }
      ]
    },
    {
      "module": "module.lambda_function_metadata_2",
      "mode": "data",
      "type": "aws_iam_policy_document",
      "name": "logs",
      "provider": "provider[\"registry.terraform.io/hashicorp/aws\"]",
      "instances": [
        {
          "index_key": 0,
          "schema_version": 0,
          "attributes": {
            "id": "57234577",
            "json": "{\n  \"Version\": \"2012-10-17\",\n  \"Statement\": [\n    {\n      \"Effect\": \"Allow\",\n      \"Action\": [\n        \"logs:PutLogEvents\",\n        \"logs:CreateLogStream\",\n        \"logs:CreateLogGroup\"\n      ],\n      \"Resource\": [\n        \"arn:aws:logs:us-east-1:139464377685:log-group:/aws/lambda/ingest-metadata-hdr-files-lambda:*:*\",\n        \"arn:aws:logs:us-east-1:139464377685:log-group:/aws/lambda/ingest-metadata-hdr-files-lambda:*\"\n      ]\n    }\n  ]\n}",
            "override_policy_documents": null,
            "policy_id": null,
            "source_policy_documents": null,
            "statement": [
              {
                "actions": [
                  "logs:CreateLogGroup",
                  "logs:CreateLogStream",
                  "logs:PutLogEvents"
                ],
                "condition": [],
                "effect": "Allow",
                "not_actions": [],
                "not_principals": [],
                "not_resources": [],
                "principals": [],
                "resources": [
                  "arn:aws:logs:us-east-1:139464377685:log-group:/aws/lambda/ingest-metadata-hdr-files-lambda:*",
                  "arn:aws:logs:us-east-1:139464377685:log-group:/aws/lambda/ingest-metadata-hdr-files-lambda:*:*"
                ],
                "sid": ""
              }
            ],
            "version": "2012-10-17"
          },
          "sensitive_attributes": []
        }
      ]
    },
    {
      "module": "module.lambda_function_metadata_2",
      "mode": "data",
      "type": "aws_partition",
      "name": "current",
      "provider": "provider[\"registry.terraform.io/hashicorp/aws\"]",
      "instances": [
        {
          "schema_version": 0,
          "attributes": {
            "dns_suffix": "amazonaws.com",
            "id": "aws",
            "partition": "aws",
            "reverse_dns_prefix": "com.amazonaws"
          },
          "sensitive_attributes": []
        }
      ]
    },
    {
      "module": "module.lambda_function_metadata_2",
      "mode": "data",
      "type": "aws_region",
      "name": "current",
      "provider": "provider[\"registry.terraform.io/hashicorp/aws\"]",
      "instances": [
        {
          "schema_version": 0,
          "attributes": {
            "description": "US East (N. Virginia)",
            "endpoint": "ec2.us-east-1.amazonaws.com",
            "id": "us-east-1",
            "name": "us-east-1"
          },
          "sensitive_attributes": []
        }
      ]
    },
    {
      "module": "module.lambda_function_metadata_2",
      "mode": "data",
      "type": "external",
      "name": "archive_prepare",
      "provider": "provider[\"registry.terraform.io/hashicorp/external\"]",
      "instances": [
        {
          "index_key": 0,
          "schema_version": 0,
          "attributes": {
            "id": "-",
            "program": [
              "python3",
              ".terraform/modules/lambda_function_metadata_2/package.py",
              "prepare"
            ],
            "query": {
              "artifacts_dir": "builds",
              "docker": null,
              "hash_extra": "",
              "hash_extra_paths": "[]",
              "paths": "{\"cwd\":\"/Users/ethanandrews/Projects/habhub/whoi-hab-hub/aws-pipeline/terraform\",\"module\":\".terraform/modules/lambda_function_metadata_2\",\"root\":\".\"}",
              "recreate_missing_package": "true",
              "runtime": "python3.12",
              "source_path": "\"../lambdas/ingest-metadata-hdr-files\""
            },
            "result": {
              "build_plan": "{\"filename\": \"builds/adad2a0d5a6c5a7e5ac538aa4ba6587e3d44b880a27782434d14f5eb5127d682.zip\", \"runtime\": \"python3.12\", \"artifacts_dir\": \"builds\", \"build_plan\": [[\"zip\", \"../lambdas/ingest-metadata-hdr-files\", null]]}",
              "build_plan_filename": "builds/adad2a0d5a6c5a7e5ac538aa4ba6587e3d44b880a27782434d14f5eb5127d682.plan.json",
              "filename": "builds/adad2a0d5a6c5a7e5ac538aa4ba6587e3d44b880a27782434d14f5eb5127d682.zip",
              "timestamp": "1718730946246547000",
              "was_missing": "true"
            },
            "working_dir": null
          },
          "sensitive_attributes": []
        }
      ]
    },
    {
      "module": "module.lambda_function_metadata_2",
      "mode": "managed",
      "type": "aws_cloudwatch_log_group",
      "name": "lambda",
      "provider": "provider[\"registry.terraform.io/hashicorp/aws\"]",
      "instances": [
        {
          "index_key": 0,
          "schema_version": 0,
          "attributes": {
            "arn": "arn:aws:logs:us-east-1:139464377685:log-group:/aws/lambda/ingest-metadata-hdr-files-lambda",
            "id": "/aws/lambda/ingest-metadata-hdr-files-lambda",
            "kms_key_id": "",
            "log_group_class": "STANDARD",
            "name": "/aws/lambda/ingest-metadata-hdr-files-lambda",
            "name_prefix": "",
            "retention_in_days": 0,
            "skip_destroy": false,
            "tags": {},
            "tags_all": {}
          },
          "sensitive_attributes": [],
          "private": "bnVsbA=="
        }
      ]
    },
    {
      "module": "module.lambda_function_metadata_2",
      "mode": "managed",
      "type": "aws_iam_policy",
      "name": "additional_inline",
      "provider": "provider[\"registry.terraform.io/hashicorp/aws\"]",
      "instances": [
        {
          "index_key": 0,
          "schema_version": 0,
          "attributes": {
            "arn": "arn:aws:iam::139464377685:policy/ingest-metadata-hdr-files-lambda-inline",
            "description": "",
            "id": "arn:aws:iam::139464377685:policy/ingest-metadata-hdr-files-lambda-inline",
            "name": "ingest-metadata-hdr-files-lambda-inline",
            "name_prefix": "",
            "path": "/",
            "policy": "{\"Statement\":[{\"Action\":[\"dynamodb:UpdateItem\",\"dynamodb:PutItem\",\"dynamodb:GetItem\"],\"Effect\":\"Allow\",\"Resource\":\"arn:aws:dynamodb:us-east-1:139464377685:table/habhub-bins-metadata\",\"Sid\":\"DynamoItems\"},{\"Action\":[\"s3:GetObject\",\"s3:DeleteObject\"],\"Effect\":\"Allow\",\"Resource\":[\"arn:aws:s3:::habhub.data-pipeline-files/*\",\"arn:aws:s3:::habhub.data-pipeline-files\"],\"Sid\":\"GetS3Objects\"}],\"Version\":\"2012-10-17\"}",
            "policy_id": "ANPASA6FZQVK2VLELSOIF",
            "tags": {},
            "tags_all": {}
          },
          "sensitive_attributes": [],
          "private": "bnVsbA==",
          "dependencies": [
            "module.dynamodb_table.aws_dynamodb_table.autoscaled",
            "module.dynamodb_table.aws_dynamodb_table.autoscaled_gsi_ignore",
            "module.dynamodb_table.aws_dynamodb_table.this",
            "module.lambda_function_metadata_2.data.aws_iam_policy_document.additional_inline",
            "module.s3_bucket.aws_s3_bucket.this"
          ]
        }
      ]
    },
    {
      "module": "module.lambda_function_metadata_2",
      "mode": "managed",
      "type": "aws_iam_policy",
      "name": "logs",
      "provider": "provider[\"registry.terraform.io/hashicorp/aws\"]",
      "instances": [
        {
          "index_key": 0,
          "schema_version": 0,
          "attributes": {
            "arn": "arn:aws:iam::139464377685:policy/ingest-metadata-hdr-files-lambda-logs",
            "description": "",
            "id": "arn:aws:iam::139464377685:policy/ingest-metadata-hdr-files-lambda-logs",
            "name": "ingest-metadata-hdr-files-lambda-logs",
            "name_prefix": "",
            "path": "/",
            "policy": "{\"Statement\":[{\"Action\":[\"logs:PutLogEvents\",\"logs:CreateLogStream\",\"logs:CreateLogGroup\"],\"Effect\":\"Allow\",\"Resource\":[\"arn:aws:logs:us-east-1:139464377685:log-group:/aws/lambda/ingest-metadata-hdr-files-lambda:*:*\",\"arn:aws:logs:us-east-1:139464377685:log-group:/aws/lambda/ingest-metadata-hdr-files-lambda:*\"]}],\"Version\":\"2012-10-17\"}",
            "policy_id": "ANPASA6FZQVK7E5NNUZ5K",
            "tags": {},
            "tags_all": {}
          },
          "sensitive_attributes": [],
          "private": "bnVsbA==",
          "dependencies": [
            "module.lambda_function_metadata_2.aws_cloudwatch_log_group.lambda",
            "module.lambda_function_metadata_2.data.aws_arn.log_group_arn",
            "module.lambda_function_metadata_2.data.aws_cloudwatch_log_group.lambda",
            "module.lambda_function_metadata_2.data.aws_iam_policy_document.logs"
          ]
        }
      ]
    },
    {
      "module": "module.lambda_function_metadata_2",
      "mode": "managed",
      "type": "aws_iam_role",
      "name": "lambda",
      "provider": "provider[\"registry.terraform.io/hashicorp/aws\"]",
      "instances": [
        {
          "index_key": 0,
          "schema_version": 0,
          "attributes": {
            "arn": "arn:aws:iam::139464377685:role/ingest-metadata-hdr-files-lambda",
            "assume_role_policy": "{\"Statement\":[{\"Action\":\"sts:AssumeRole\",\"Effect\":\"Allow\",\"Principal\":{\"Service\":\"lambda.amazonaws.com\"}}],\"Version\":\"2012-10-17\"}",
            "create_date": "2024-06-18T15:57:29Z",
            "description": "",
            "force_detach_policies": true,
            "id": "ingest-metadata-hdr-files-lambda",
            "inline_policy": [],
            "managed_policy_arns": [
              "arn:aws:iam::139464377685:policy/ingest-metadata-hdr-files-lambda-inline",
              "arn:aws:iam::139464377685:policy/ingest-metadata-hdr-files-lambda-logs"
            ],
            "max_session_duration": 3600,
            "name": "ingest-metadata-hdr-files-lambda",
            "name_prefix": "",
            "path": "/",
            "permissions_boundary": "",
            "tags": {},
            "tags_all": {},
            "unique_id": "AROASA6FZQVKVPYMG72NM"
          },
          "sensitive_attributes": [],
          "private": "bnVsbA==",
          "dependencies": [
            "module.lambda_function_metadata_2.data.aws_iam_policy_document.assume_role"
          ]
        }
      ]
    },
    {
      "module": "module.lambda_function_metadata_2",
      "mode": "managed",
      "type": "aws_iam_role_policy_attachment",
      "name": "additional_inline",
      "provider": "provider[\"registry.terraform.io/hashicorp/aws\"]",
      "instances": [
        {
          "index_key": 0,
          "schema_version": 0,
          "attributes": {
            "id": "ingest-metadata-hdr-files-lambda-20240618155729820400000001",
            "policy_arn": "arn:aws:iam::139464377685:policy/ingest-metadata-hdr-files-lambda-inline",
            "role": "ingest-metadata-hdr-files-lambda"
          },
          "sensitive_attributes": [],
          "private": "bnVsbA==",
          "dependencies": [
            "module.dynamodb_table.aws_dynamodb_table.autoscaled",
            "module.dynamodb_table.aws_dynamodb_table.autoscaled_gsi_ignore",
            "module.dynamodb_table.aws_dynamodb_table.this",
            "module.lambda_function_metadata_2.aws_iam_policy.additional_inline",
            "module.lambda_function_metadata_2.aws_iam_role.lambda",
            "module.lambda_function_metadata_2.data.aws_iam_policy_document.additional_inline",
            "module.lambda_function_metadata_2.data.aws_iam_policy_document.assume_role",
            "module.s3_bucket.aws_s3_bucket.this"
          ]
        }
      ]
    },
    {
      "module": "module.lambda_function_metadata_2",
      "mode": "managed",
      "type": "aws_iam_role_policy_attachment",
      "name": "logs",
      "provider": "provider[\"registry.terraform.io/hashicorp/aws\"]",
      "instances": [
        {
          "index_key": 0,
          "schema_version": 0,
          "attributes": {
            "id": "ingest-metadata-hdr-files-lambda-20240618155729945200000002",
            "policy_arn": "arn:aws:iam::139464377685:policy/ingest-metadata-hdr-files-lambda-logs",
            "role": "ingest-metadata-hdr-files-lambda"
          },
          "sensitive_attributes": [],
          "private": "bnVsbA==",
          "dependencies": [
            "module.lambda_function_metadata_2.aws_cloudwatch_log_group.lambda",
            "module.lambda_function_metadata_2.aws_iam_policy.logs",
            "module.lambda_function_metadata_2.aws_iam_role.lambda",
            "module.lambda_function_metadata_2.data.aws_arn.log_group_arn",
            "module.lambda_function_metadata_2.data.aws_cloudwatch_log_group.lambda",
            "module.lambda_function_metadata_2.data.aws_iam_policy_document.assume_role",
            "module.lambda_function_metadata_2.data.aws_iam_policy_document.logs"
          ]
        }
      ]
    },
    {
      "module": "module.lambda_function_metadata_2",
      "mode": "managed",
      "type": "aws_lambda_function",
      "name": "this",
      "provider": "provider[\"registry.terraform.io/hashicorp/aws\"]",
      "instances": [
        {
          "index_key": 0,
          "schema_version": 0,
          "attributes": {
            "architectures": [
              "x86_64"
            ],
            "arn": "arn:aws:lambda:us-east-1:139464377685:function:ingest-metadata-hdr-files-lambda",
            "code_signing_config_arn": "",
            "dead_letter_config": [],
            "description": "Ingest lat/long metadata from HDR files",
            "environment": [],
            "ephemeral_storage": [
              {
                "size": 512
              }
            ],
            "file_system_config": [],
            "filename": "builds/adad2a0d5a6c5a7e5ac538aa4ba6587e3d44b880a27782434d14f5eb5127d682.zip",
            "function_name": "ingest-metadata-hdr-files-lambda",
            "handler": "app.lambda_handler",
            "id": "ingest-metadata-hdr-files-lambda",
            "image_config": [],
            "image_uri": "",
            "invoke_arn": "arn:aws:apigateway:us-east-1:lambda:path/2015-03-31/functions/arn:aws:lambda:us-east-1:139464377685:function:ingest-metadata-hdr-files-lambda/invocations",
            "kms_key_arn": "",
            "last_modified": "2024-06-18T17:15:56.000+0000",
            "layers": [],
            "logging_config": [
              {
                "application_log_level": "",
                "log_format": "Text",
                "log_group": "/aws/lambda/ingest-metadata-hdr-files-lambda",
                "system_log_level": ""
              }
            ],
            "memory_size": 200,
            "package_type": "Zip",
            "publish": true,
            "qualified_arn": "arn:aws:lambda:us-east-1:139464377685:function:ingest-metadata-hdr-files-lambda:3",
            "qualified_invoke_arn": "arn:aws:apigateway:us-east-1:lambda:path/2015-03-31/functions/arn:aws:lambda:us-east-1:139464377685:function:ingest-metadata-hdr-files-lambda:3/invocations",
            "replace_security_groups_on_destroy": null,
            "replacement_security_group_ids": null,
            "reserved_concurrent_executions": -1,
            "role": "arn:aws:iam::139464377685:role/ingest-metadata-hdr-files-lambda",
            "runtime": "python3.12",
            "s3_bucket": null,
            "s3_key": null,
            "s3_object_version": null,
            "signing_job_arn": "",
            "signing_profile_version_arn": "",
            "skip_destroy": false,
            "snap_start": [],
            "source_code_hash": "6Je9AKaYjqzXWuyST4sr1iwvlH/Uf1iIU2a6Nr0UsjQ=",
            "source_code_size": 2361,
            "tags": {},
            "tags_all": {},
            "timeout": 300,
            "timeouts": null,
            "tracing_config": [
              {
                "mode": "PassThrough"
              }
            ],
            "version": "3",
            "vpc_config": []
          },
          "sensitive_attributes": [],
          "private": "eyJlMmJmYjczMC1lY2FhLTExZTYtOGY4OC0zNDM2M2JjN2M0YzAiOnsiY3JlYXRlIjo2MDAwMDAwMDAwMDAsImRlbGV0ZSI6NjAwMDAwMDAwMDAwLCJ1cGRhdGUiOjYwMDAwMDAwMDAwMH19",
          "dependencies": [
            "module.dynamodb_table.aws_dynamodb_table.autoscaled",
            "module.dynamodb_table.aws_dynamodb_table.autoscaled_gsi_ignore",
            "module.dynamodb_table.aws_dynamodb_table.this",
            "module.lambda_function_metadata_2.aws_cloudwatch_log_group.lambda",
            "module.lambda_function_metadata_2.aws_iam_policy.additional_inline",
            "module.lambda_function_metadata_2.aws_iam_policy.additional_json",
            "module.lambda_function_metadata_2.aws_iam_policy.additional_jsons",
            "module.lambda_function_metadata_2.aws_iam_policy.async",
            "module.lambda_function_metadata_2.aws_iam_policy.dead_letter",
            "module.lambda_function_metadata_2.aws_iam_policy.logs",
            "module.lambda_function_metadata_2.aws_iam_policy.tracing",
            "module.lambda_function_metadata_2.aws_iam_policy.vpc",
            "module.lambda_function_metadata_2.aws_iam_role.lambda",
            "module.lambda_function_metadata_2.aws_iam_role_policy_attachment.additional_inline",
            "module.lambda_function_metadata_2.aws_iam_role_policy_attachment.additional_json",
            "module.lambda_function_metadata_2.aws_iam_role_policy_attachment.additional_jsons",
            "module.lambda_function_metadata_2.aws_iam_role_policy_attachment.additional_many",
            "module.lambda_function_metadata_2.aws_iam_role_policy_attachment.additional_one",
            "module.lambda_function_metadata_2.aws_iam_role_policy_attachment.async",
            "module.lambda_function_metadata_2.aws_iam_role_policy_attachment.dead_letter",
            "module.lambda_function_metadata_2.aws_iam_role_policy_attachment.logs",
            "module.lambda_function_metadata_2.aws_iam_role_policy_attachment.tracing",
            "module.lambda_function_metadata_2.aws_iam_role_policy_attachment.vpc",
            "module.lambda_function_metadata_2.aws_s3_object.lambda_package",
            "module.lambda_function_metadata_2.data.aws_arn.log_group_arn",
            "module.lambda_function_metadata_2.data.aws_cloudwatch_log_group.lambda",
            "module.lambda_function_metadata_2.data.aws_iam_policy.tracing",
            "module.lambda_function_metadata_2.data.aws_iam_policy.vpc",
            "module.lambda_function_metadata_2.data.aws_iam_policy_document.additional_inline",
            "module.lambda_function_metadata_2.data.aws_iam_policy_document.assume_role",
            "module.lambda_function_metadata_2.data.aws_iam_policy_document.async",
            "module.lambda_function_metadata_2.data.aws_iam_policy_document.dead_letter",
            "module.lambda_function_metadata_2.data.aws_iam_policy_document.logs",
            "module.lambda_function_metadata_2.data.aws_partition.current",
            "module.lambda_function_metadata_2.data.external.archive_prepare",
            "module.lambda_function_metadata_2.local_file.archive_plan",
            "module.lambda_function_metadata_2.null_resource.archive",
            "module.s3_bucket.aws_s3_bucket.this"
          ]
        }
      ]
    },
    {
      "module": "module.lambda_function_metadata_2",
      "mode": "managed",
      "type": "aws_lambda_permission",
      "name": "current_version_triggers",
      "provider": "provider[\"registry.terraform.io/hashicorp/aws\"]",
      "instances": [
        {
          "index_key": "AllowExecutionFromS3Bucket",
          "schema_version": 0,
          "attributes": {
            "action": "lambda:InvokeFunction",
            "event_source_token": null,
            "function_name": "ingest-metadata-hdr-files-lambda",
            "function_url_auth_type": null,
            "id": "AllowExecutionFromS3Bucket",
            "principal": "s3.amazonaws.com",
            "principal_org_id": null,
            "qualifier": "3",
            "source_account": null,
            "source_arn": "arn:aws:s3:::habhub.data-pipeline-files",
            "statement_id": "AllowExecutionFromS3Bucket",
            "statement_id_prefix": ""
          },
          "sensitive_attributes": [],
          "private": "bnVsbA==",
          "dependencies": [
            "module.dynamodb_table.aws_dynamodb_table.autoscaled",
            "module.dynamodb_table.aws_dynamodb_table.autoscaled_gsi_ignore",
            "module.dynamodb_table.aws_dynamodb_table.this",
            "module.lambda_function_metadata_2.aws_cloudwatch_log_group.lambda",
            "module.lambda_function_metadata_2.aws_iam_policy.additional_inline",
            "module.lambda_function_metadata_2.aws_iam_policy.additional_json",
            "module.lambda_function_metadata_2.aws_iam_policy.additional_jsons",
            "module.lambda_function_metadata_2.aws_iam_policy.async",
            "module.lambda_function_metadata_2.aws_iam_policy.dead_letter",
            "module.lambda_function_metadata_2.aws_iam_policy.logs",
            "module.lambda_function_metadata_2.aws_iam_policy.tracing",
            "module.lambda_function_metadata_2.aws_iam_policy.vpc",
            "module.lambda_function_metadata_2.aws_iam_role.lambda",
            "module.lambda_function_metadata_2.aws_iam_role_policy_attachment.additional_inline",
            "module.lambda_function_metadata_2.aws_iam_role_policy_attachment.additional_json",
            "module.lambda_function_metadata_2.aws_iam_role_policy_attachment.additional_jsons",
            "module.lambda_function_metadata_2.aws_iam_role_policy_attachment.additional_many",
            "module.lambda_function_metadata_2.aws_iam_role_policy_attachment.additional_one",
            "module.lambda_function_metadata_2.aws_iam_role_policy_attachment.async",
            "module.lambda_function_metadata_2.aws_iam_role_policy_attachment.dead_letter",
            "module.lambda_function_metadata_2.aws_iam_role_policy_attachment.logs",
            "module.lambda_function_metadata_2.aws_iam_role_policy_attachment.tracing",
            "module.lambda_function_metadata_2.aws_iam_role_policy_attachment.vpc",
            "module.lambda_function_metadata_2.aws_lambda_function.this",
            "module.lambda_function_metadata_2.aws_s3_object.lambda_package",
            "module.lambda_function_metadata_2.data.aws_arn.log_group_arn",
            "module.lambda_function_metadata_2.data.aws_cloudwatch_log_group.lambda",
            "module.lambda_function_metadata_2.data.aws_iam_policy.tracing",
            "module.lambda_function_metadata_2.data.aws_iam_policy.vpc",
            "module.lambda_function_metadata_2.data.aws_iam_policy_document.additional_inline",
            "module.lambda_function_metadata_2.data.aws_iam_policy_document.assume_role",
            "module.lambda_function_metadata_2.data.aws_iam_policy_document.async",
            "module.lambda_function_metadata_2.data.aws_iam_policy_document.dead_letter",
            "module.lambda_function_metadata_2.data.aws_iam_policy_document.logs",
            "module.lambda_function_metadata_2.data.aws_partition.current",
            "module.lambda_function_metadata_2.data.external.archive_prepare",
            "module.lambda_function_metadata_2.local_file.archive_plan",
            "module.lambda_function_metadata_2.null_resource.archive",
            "module.s3_bucket.aws_s3_bucket.this"
          ]
        }
      ]
    },
    {
      "module": "module.lambda_function_metadata_2",
      "mode": "managed",
      "type": "aws_lambda_permission",
      "name": "unqualified_alias_triggers",
      "provider": "provider[\"registry.terraform.io/hashicorp/aws\"]",
      "instances": [
        {
          "index_key": "AllowExecutionFromS3Bucket",
          "schema_version": 0,
          "attributes": {
            "action": "lambda:InvokeFunction",
            "event_source_token": null,
            "function_name": "ingest-metadata-hdr-files-lambda",
            "function_url_auth_type": null,
            "id": "AllowExecutionFromS3Bucket",
            "principal": "s3.amazonaws.com",
            "principal_org_id": null,
            "qualifier": "",
            "source_account": null,
            "source_arn": "arn:aws:s3:::habhub.data-pipeline-files",
            "statement_id": "AllowExecutionFromS3Bucket",
            "statement_id_prefix": ""
          },
          "sensitive_attributes": [],
          "private": "bnVsbA==",
          "dependencies": [
            "module.dynamodb_table.aws_dynamodb_table.autoscaled",
            "module.dynamodb_table.aws_dynamodb_table.autoscaled_gsi_ignore",
            "module.dynamodb_table.aws_dynamodb_table.this",
            "module.lambda_function_metadata_2.aws_cloudwatch_log_group.lambda",
            "module.lambda_function_metadata_2.aws_iam_policy.additional_inline",
            "module.lambda_function_metadata_2.aws_iam_policy.additional_json",
            "module.lambda_function_metadata_2.aws_iam_policy.additional_jsons",
            "module.lambda_function_metadata_2.aws_iam_policy.async",
            "module.lambda_function_metadata_2.aws_iam_policy.dead_letter",
            "module.lambda_function_metadata_2.aws_iam_policy.logs",
            "module.lambda_function_metadata_2.aws_iam_policy.tracing",
            "module.lambda_function_metadata_2.aws_iam_policy.vpc",
            "module.lambda_function_metadata_2.aws_iam_role.lambda",
            "module.lambda_function_metadata_2.aws_iam_role_policy_attachment.additional_inline",
            "module.lambda_function_metadata_2.aws_iam_role_policy_attachment.additional_json",
            "module.lambda_function_metadata_2.aws_iam_role_policy_attachment.additional_jsons",
            "module.lambda_function_metadata_2.aws_iam_role_policy_attachment.additional_many",
            "module.lambda_function_metadata_2.aws_iam_role_policy_attachment.additional_one",
            "module.lambda_function_metadata_2.aws_iam_role_policy_attachment.async",
            "module.lambda_function_metadata_2.aws_iam_role_policy_attachment.dead_letter",
            "module.lambda_function_metadata_2.aws_iam_role_policy_attachment.logs",
            "module.lambda_function_metadata_2.aws_iam_role_policy_attachment.tracing",
            "module.lambda_function_metadata_2.aws_iam_role_policy_attachment.vpc",
            "module.lambda_function_metadata_2.aws_lambda_function.this",
            "module.lambda_function_metadata_2.aws_s3_object.lambda_package",
            "module.lambda_function_metadata_2.data.aws_arn.log_group_arn",
            "module.lambda_function_metadata_2.data.aws_cloudwatch_log_group.lambda",
            "module.lambda_function_metadata_2.data.aws_iam_policy.tracing",
            "module.lambda_function_metadata_2.data.aws_iam_policy.vpc",
            "module.lambda_function_metadata_2.data.aws_iam_policy_document.additional_inline",
            "module.lambda_function_metadata_2.data.aws_iam_policy_document.assume_role",
            "module.lambda_function_metadata_2.data.aws_iam_policy_document.async",
            "module.lambda_function_metadata_2.data.aws_iam_policy_document.dead_letter",
            "module.lambda_function_metadata_2.data.aws_iam_policy_document.logs",
            "module.lambda_function_metadata_2.data.aws_partition.current",
            "module.lambda_function_metadata_2.data.external.archive_prepare",
            "module.lambda_function_metadata_2.local_file.archive_plan",
            "module.lambda_function_metadata_2.null_resource.archive",
            "module.s3_bucket.aws_s3_bucket.this"
          ]
        }
      ]
    },
    {
      "module": "module.lambda_function_metadata_2",
      "mode": "managed",
      "type": "local_file",
      "name": "archive_plan",
      "provider": "provider[\"registry.terraform.io/hashicorp/local\"]",
      "instances": [
        {
          "index_key": 0,
          "schema_version": 0,
          "attributes": {
            "content": "{\"filename\": \"builds/adad2a0d5a6c5a7e5ac538aa4ba6587e3d44b880a27782434d14f5eb5127d682.zip\", \"runtime\": \"python3.12\", \"artifacts_dir\": \"builds\", \"build_plan\": [[\"zip\", \"../lambdas/ingest-metadata-hdr-files\", null]]}",
            "content_base64": null,
            "content_base64sha256": "ou2DB/edC1KPdC+SXerRIlSm2md7c2oTfSaPIbpcLmY=",
            "content_base64sha512": "z4fUmNyFO6qywKFEQ7U25kUPTaV5yeyu2k6c3ToND6/PbN6MgR47DksTToBqbu68SWth5cXmUKC7aVbZzalP3w==",
            "content_md5": "67192017c41231a5c18c40ef56f2b63e",
            "content_sha1": "f41a81c9feaa6916f529bd42be05f3b423fb4c78",
            "content_sha256": "a2ed8307f79d0b528f742f925dead12254a6da677b736a137d268f21ba5c2e66",
            "content_sha512": "cf87d498dc853baab2c0a14443b536e6450f4da579c9ecaeda4e9cdd3a0d0fafcf6cde8c811e3b0e4b134e806a6eeebc496b61e5c5e650a0bb6956d9cda94fdf",
            "directory_permission": "0755",
            "file_permission": "0644",
            "filename": "builds/adad2a0d5a6c5a7e5ac538aa4ba6587e3d44b880a27782434d14f5eb5127d682.plan.json",
            "id": "f41a81c9feaa6916f529bd42be05f3b423fb4c78",
            "sensitive_content": null,
            "source": null
          },
          "sensitive_attributes": [
            [
              {
                "type": "get_attr",
                "value": "sensitive_content"
              }
            ]
          ],
          "dependencies": [
            "module.lambda_function_metadata_2.data.external.archive_prepare"
          ]
        }
      ]
    },
    {
      "module": "module.lambda_function_metadata_2",
      "mode": "managed",
      "type": "null_resource",
      "name": "archive",
      "provider": "provider[\"registry.terraform.io/hashicorp/null\"]",
      "instances": [
        {
          "index_key": 0,
          "schema_version": 0,
          "attributes": {
            "id": "948560414579506652",
            "triggers": {
              "filename": "builds/adad2a0d5a6c5a7e5ac538aa4ba6587e3d44b880a27782434d14f5eb5127d682.zip",
              "timestamp": "1718730946246547000"
            }
          },
          "sensitive_attributes": [],
          "dependencies": [
            "module.lambda_function_metadata_2.data.external.archive_prepare",
            "module.lambda_function_metadata_2.local_file.archive_plan"
          ]
        }
      ]
    },
    {
      "module": "module.s3_bucket",
      "mode": "data",
      "type": "aws_caller_identity",
      "name": "current",
      "provider": "provider[\"registry.terraform.io/hashicorp/aws\"]",
      "instances": [
        {
          "schema_version": 0,
          "attributes": {
            "account_id": "139464377685",
            "arn": "arn:aws:sts::139464377685:assumed-role/AWSReservedSSO_AWSAdministratorAccess_a1d37e058008aa2e/eandrews_admin@whoi.edu",
            "id": "139464377685",
            "user_id": "AROASA6FZQVKXTDX4RQKP:eandrews_admin@whoi.edu"
          },
          "sensitive_attributes": []
        }
      ]
    },
    {
      "module": "module.s3_bucket",
      "mode": "data",
      "type": "aws_canonical_user_id",
      "name": "this",
      "provider": "provider[\"registry.terraform.io/hashicorp/aws\"]",
      "instances": [
        {
          "index_key": 0,
          "schema_version": 0,
          "attributes": {
            "display_name": "habhub+aws-management",
            "id": "bf550d8b973e962e8649a9386e1342bd10f6de14310d9b5de771db6bb2b97cc9"
          },
          "sensitive_attributes": []
        }
      ]
    },
    {
      "module": "module.s3_bucket",
      "mode": "data",
      "type": "aws_partition",
      "name": "current",
      "provider": "provider[\"registry.terraform.io/hashicorp/aws\"]",
      "instances": [
        {
          "schema_version": 0,
          "attributes": {
            "dns_suffix": "amazonaws.com",
            "id": "aws",
            "partition": "aws",
            "reverse_dns_prefix": "com.amazonaws"
          },
          "sensitive_attributes": []
        }
      ]
    },
    {
      "module": "module.s3_bucket",
      "mode": "data",
      "type": "aws_region",
      "name": "current",
      "provider": "provider[\"registry.terraform.io/hashicorp/aws\"]",
      "instances": [
        {
          "schema_version": 0,
          "attributes": {
            "description": "US East (N. Virginia)",
            "endpoint": "ec2.us-east-1.amazonaws.com",
            "id": "us-east-1",
            "name": "us-east-1"
          },
          "sensitive_attributes": []
        }
      ]
    },
    {
      "module": "module.s3_bucket",
      "mode": "managed",
      "type": "aws_s3_bucket",
      "name": "this",
      "provider": "provider[\"registry.terraform.io/hashicorp/aws\"]",
      "instances": [
        {
          "index_key": 0,
          "schema_version": 0,
          "attributes": {
            "acceleration_status": "",
            "acl": null,
            "arn": "arn:aws:s3:::habhub.data-pipeline-files",
            "bucket": "habhub.data-pipeline-files",
            "bucket_domain_name": "habhub.data-pipeline-files.s3.amazonaws.com",
            "bucket_prefix": "",
            "bucket_regional_domain_name": "habhub.data-pipeline-files.s3.us-east-1.amazonaws.com",
            "cors_rule": [],
            "force_destroy": true,
            "grant": [
              {
                "id": "bf550d8b973e962e8649a9386e1342bd10f6de14310d9b5de771db6bb2b97cc9",
                "permissions": [
                  "FULL_CONTROL"
                ],
                "type": "CanonicalUser",
                "uri": ""
              }
            ],
            "hosted_zone_id": "Z3AQBSTGFYJSTF",
            "id": "habhub.data-pipeline-files",
            "lifecycle_rule": [],
            "logging": [],
            "object_lock_configuration": [],
            "object_lock_enabled": false,
            "policy": "",
            "region": "us-east-1",
            "replication_configuration": [],
            "request_payer": "BucketOwner",
            "server_side_encryption_configuration": [
              {
                "rule": [
                  {
                    "apply_server_side_encryption_by_default": [
                      {
                        "kms_master_key_id": "",
                        "sse_algorithm": "AES256"
                      }
                    ],
                    "bucket_key_enabled": false
                  }
                ]
              }
            ],
            "tags": {},
            "tags_all": {},
            "timeouts": null,
            "versioning": [
              {
                "enabled": false,
                "mfa_delete": false
              }
            ],
            "website": [],
            "website_domain": null,
            "website_endpoint": null
          },
          "sensitive_attributes": [],
          "private": "eyJlMmJmYjczMC1lY2FhLTExZTYtOGY4OC0zNDM2M2JjN2M0YzAiOnsiY3JlYXRlIjoxMjAwMDAwMDAwMDAwLCJkZWxldGUiOjM2MDAwMDAwMDAwMDAsInJlYWQiOjEyMDAwMDAwMDAwMDAsInVwZGF0ZSI6MTIwMDAwMDAwMDAwMH19"
        }
      ]
    },
    {
      "module": "module.s3_bucket",
      "mode": "managed",
      "type": "aws_s3_bucket_acl",
      "name": "this",
      "provider": "provider[\"registry.terraform.io/hashicorp/aws\"]",
      "instances": [
        {
          "index_key": 0,
          "schema_version": 0,
          "attributes": {
            "access_control_policy": [
              {
                "grant": [
                  {
                    "grantee": [
                      {
                        "display_name": "habhub+aws-management",
                        "email_address": "",
                        "id": "bf550d8b973e962e8649a9386e1342bd10f6de14310d9b5de771db6bb2b97cc9",
                        "type": "CanonicalUser",
                        "uri": ""
                      }
                    ],
                    "permission": "FULL_CONTROL"
                  }
                ],
                "owner": [
                  {
                    "display_name": "habhub+aws-management",
                    "id": "bf550d8b973e962e8649a9386e1342bd10f6de14310d9b5de771db6bb2b97cc9"
                  }
                ]
              }
            ],
            "acl": "private",
            "bucket": "habhub.data-pipeline-files",
            "expected_bucket_owner": "",
            "id": "habhub.data-pipeline-files,private"
          },
          "sensitive_attributes": [],
          "private": "bnVsbA==",
          "dependencies": [
            "module.s3_bucket.aws_s3_bucket.this",
            "module.s3_bucket.aws_s3_bucket_ownership_controls.this",
            "module.s3_bucket.aws_s3_bucket_policy.this",
            "module.s3_bucket.aws_s3_bucket_public_access_block.this",
            "module.s3_bucket.data.aws_caller_identity.current",
            "module.s3_bucket.data.aws_canonical_user_id.this",
            "module.s3_bucket.data.aws_iam_policy_document.access_log_delivery",
            "module.s3_bucket.data.aws_iam_policy_document.combined",
            "module.s3_bucket.data.aws_iam_policy_document.deny_incorrect_encryption_headers",
            "module.s3_bucket.data.aws_iam_policy_document.deny_incorrect_kms_key_sse",
            "module.s3_bucket.data.aws_iam_policy_document.deny_insecure_transport",
            "module.s3_bucket.data.aws_iam_policy_document.deny_unencrypted_object_uploads",
            "module.s3_bucket.data.aws_iam_policy_document.elb_log_delivery",
            "module.s3_bucket.data.aws_iam_policy_document.inventory_and_analytics_destination_policy",
            "module.s3_bucket.data.aws_iam_policy_document.lb_log_delivery",
            "module.s3_bucket.data.aws_iam_policy_document.require_latest_tls",
            "module.s3_bucket.data.aws_partition.current",
            "module.s3_bucket.data.aws_region.current"
          ]
        }
      ]
    },
    {
      "module": "module.s3_bucket",
      "mode": "managed",
      "type": "aws_s3_bucket_ownership_controls",
      "name": "this",
      "provider": "provider[\"registry.terraform.io/hashicorp/aws\"]",
      "instances": [
        {
          "index_key": 0,
          "schema_version": 0,
          "attributes": {
            "bucket": "habhub.data-pipeline-files",
            "id": "habhub.data-pipeline-files",
            "rule": [
              {
                "object_ownership": "ObjectWriter"
              }
            ]
          },
          "sensitive_attributes": [],
          "private": "bnVsbA==",
          "dependencies": [
            "module.s3_bucket.aws_s3_bucket.this",
            "module.s3_bucket.aws_s3_bucket_policy.this",
            "module.s3_bucket.aws_s3_bucket_public_access_block.this",
            "module.s3_bucket.data.aws_caller_identity.current",
            "module.s3_bucket.data.aws_iam_policy_document.access_log_delivery",
            "module.s3_bucket.data.aws_iam_policy_document.combined",
            "module.s3_bucket.data.aws_iam_policy_document.deny_incorrect_encryption_headers",
            "module.s3_bucket.data.aws_iam_policy_document.deny_incorrect_kms_key_sse",
            "module.s3_bucket.data.aws_iam_policy_document.deny_insecure_transport",
            "module.s3_bucket.data.aws_iam_policy_document.deny_unencrypted_object_uploads",
            "module.s3_bucket.data.aws_iam_policy_document.elb_log_delivery",
            "module.s3_bucket.data.aws_iam_policy_document.inventory_and_analytics_destination_policy",
            "module.s3_bucket.data.aws_iam_policy_document.lb_log_delivery",
            "module.s3_bucket.data.aws_iam_policy_document.require_latest_tls",
            "module.s3_bucket.data.aws_partition.current",
            "module.s3_bucket.data.aws_region.current"
          ]
        }
      ]
    },
    {
      "module": "module.s3_bucket",
      "mode": "managed",
      "type": "aws_s3_bucket_public_access_block",
      "name": "this",
      "provider": "provider[\"registry.terraform.io/hashicorp/aws\"]",
      "instances": [
        {
          "index_key": 0,
          "schema_version": 0,
          "attributes": {
            "block_public_acls": true,
            "block_public_policy": true,
            "bucket": "habhub.data-pipeline-files",
            "id": "habhub.data-pipeline-files",
            "ignore_public_acls": true,
            "restrict_public_buckets": true
          },
          "sensitive_attributes": [],
          "private": "bnVsbA==",
          "dependencies": [
            "module.s3_bucket.aws_s3_bucket.this"
          ]
        }
      ]
    },
    {
      "module": "module.s3_notification",
      "mode": "data",
      "type": "aws_partition",
      "name": "this",
      "provider": "provider[\"registry.terraform.io/hashicorp/aws\"]",
      "instances": [
        {
          "schema_version": 0,
          "attributes": {
            "dns_suffix": "amazonaws.com",
            "id": "aws",
            "partition": "aws",
            "reverse_dns_prefix": "com.amazonaws"
          },
          "sensitive_attributes": []
        }
      ]
    },
    {
      "module": "module.s3_notification",
      "mode": "managed",
      "type": "aws_lambda_permission",
      "name": "allow",
      "provider": "provider[\"registry.terraform.io/hashicorp/aws\"]",
      "instances": [
        {
          "index_key": "lambda1",
          "schema_version": 0,
          "attributes": {
            "action": "lambda:InvokeFunction",
            "event_source_token": null,
            "function_name": "ingest-class-scores-lambda",
            "function_url_auth_type": null,
            "id": "AllowLambdaS3BucketNotification-20240612175628792900000001",
            "principal": "s3.amazonaws.com",
            "principal_org_id": null,
            "qualifier": "",
            "source_account": null,
            "source_arn": "arn:aws:s3:::habhub.data-pipeline-files",
            "statement_id": "AllowLambdaS3BucketNotification-20240612175628792900000001",
            "statement_id_prefix": "AllowLambdaS3BucketNotification-"
          },
          "sensitive_attributes": [],
          "private": "bnVsbA==",
          "dependencies": [
            "data.aws_ecr_authorization_token.token",
            "module.docker_image.aws_ecr_repository.this",
            "module.docker_image.data.aws_caller_identity.this",
            "module.docker_image.data.aws_region.current",
            "module.docker_image.docker_image.this",
            "module.docker_image.docker_registry_image.this",
            "module.docker_image_metadata.aws_ecr_repository.this",
            "module.docker_image_metadata.data.aws_caller_identity.this",
            "module.docker_image_metadata.data.aws_region.current",
            "module.docker_image_metadata.docker_image.this",
            "module.docker_image_metadata.docker_registry_image.this",
            "module.dynamodb_table.aws_dynamodb_table.autoscaled",
            "module.dynamodb_table.aws_dynamodb_table.autoscaled_gsi_ignore",
            "module.dynamodb_table.aws_dynamodb_table.this",
            "module.lambda_function.aws_cloudwatch_log_group.lambda",
            "module.lambda_function.aws_iam_policy.additional_inline",
            "module.lambda_function.aws_iam_policy.additional_json",
            "module.lambda_function.aws_iam_policy.additional_jsons",
            "module.lambda_function.aws_iam_policy.async",
            "module.lambda_function.aws_iam_policy.dead_letter",
            "module.lambda_function.aws_iam_policy.logs",
            "module.lambda_function.aws_iam_policy.tracing",
            "module.lambda_function.aws_iam_policy.vpc",
            "module.lambda_function.aws_iam_role.lambda",
            "module.lambda_function.aws_iam_role_policy_attachment.additional_inline",
            "module.lambda_function.aws_iam_role_policy_attachment.additional_json",
            "module.lambda_function.aws_iam_role_policy_attachment.additional_jsons",
            "module.lambda_function.aws_iam_role_policy_attachment.additional_many",
            "module.lambda_function.aws_iam_role_policy_attachment.additional_one",
            "module.lambda_function.aws_iam_role_policy_attachment.async",
            "module.lambda_function.aws_iam_role_policy_attachment.dead_letter",
            "module.lambda_function.aws_iam_role_policy_attachment.logs",
            "module.lambda_function.aws_iam_role_policy_attachment.tracing",
            "module.lambda_function.aws_iam_role_policy_attachment.vpc",
            "module.lambda_function.aws_lambda_function.this",
            "module.lambda_function.aws_s3_object.lambda_package",
            "module.lambda_function.data.aws_arn.log_group_arn",
            "module.lambda_function.data.aws_cloudwatch_log_group.lambda",
            "module.lambda_function.data.aws_iam_policy.tracing",
            "module.lambda_function.data.aws_iam_policy.vpc",
            "module.lambda_function.data.aws_iam_policy_document.additional_inline",
            "module.lambda_function.data.aws_iam_policy_document.assume_role",
            "module.lambda_function.data.aws_iam_policy_document.async",
            "module.lambda_function.data.aws_iam_policy_document.dead_letter",
            "module.lambda_function.data.aws_iam_policy_document.logs",
            "module.lambda_function.data.aws_partition.current",
            "module.lambda_function.data.external.archive_prepare",
            "module.lambda_function.local_file.archive_plan",
            "module.lambda_function.null_resource.archive",
            "module.lambda_function_metadata.aws_cloudwatch_log_group.lambda",
            "module.lambda_function_metadata.aws_iam_policy.additional_inline",
            "module.lambda_function_metadata.aws_iam_policy.additional_json",
            "module.lambda_function_metadata.aws_iam_policy.additional_jsons",
            "module.lambda_function_metadata.aws_iam_policy.async",
            "module.lambda_function_metadata.aws_iam_policy.dead_letter",
            "module.lambda_function_metadata.aws_iam_policy.logs",
            "module.lambda_function_metadata.aws_iam_policy.tracing",
            "module.lambda_function_metadata.aws_iam_policy.vpc",
            "module.lambda_function_metadata.aws_iam_role.lambda",
            "module.lambda_function_metadata.aws_iam_role_policy_attachment.additional_inline",
            "module.lambda_function_metadata.aws_iam_role_policy_attachment.additional_json",
            "module.lambda_function_metadata.aws_iam_role_policy_attachment.additional_jsons",
            "module.lambda_function_metadata.aws_iam_role_policy_attachment.additional_many",
            "module.lambda_function_metadata.aws_iam_role_policy_attachment.additional_one",
            "module.lambda_function_metadata.aws_iam_role_policy_attachment.async",
            "module.lambda_function_metadata.aws_iam_role_policy_attachment.dead_letter",
            "module.lambda_function_metadata.aws_iam_role_policy_attachment.logs",
            "module.lambda_function_metadata.aws_iam_role_policy_attachment.tracing",
            "module.lambda_function_metadata.aws_iam_role_policy_attachment.vpc",
            "module.lambda_function_metadata.aws_lambda_function.this",
            "module.lambda_function_metadata.aws_s3_object.lambda_package",
            "module.lambda_function_metadata.data.aws_arn.log_group_arn",
            "module.lambda_function_metadata.data.aws_cloudwatch_log_group.lambda",
            "module.lambda_function_metadata.data.aws_iam_policy.tracing",
            "module.lambda_function_metadata.data.aws_iam_policy.vpc",
            "module.lambda_function_metadata.data.aws_iam_policy_document.additional_inline",
            "module.lambda_function_metadata.data.aws_iam_policy_document.assume_role",
            "module.lambda_function_metadata.data.aws_iam_policy_document.async",
            "module.lambda_function_metadata.data.aws_iam_policy_document.dead_letter",
            "module.lambda_function_metadata.data.aws_iam_policy_document.logs",
            "module.lambda_function_metadata.data.aws_partition.current",
            "module.lambda_function_metadata.data.external.archive_prepare",
            "module.lambda_function_metadata.local_file.archive_plan",
            "module.lambda_function_metadata.null_resource.archive",
            "module.lambda_function_metadata_2.aws_cloudwatch_log_group.lambda",
            "module.lambda_function_metadata_2.aws_iam_policy.additional_inline",
            "module.lambda_function_metadata_2.aws_iam_policy.additional_json",
            "module.lambda_function_metadata_2.aws_iam_policy.additional_jsons",
            "module.lambda_function_metadata_2.aws_iam_policy.async",
            "module.lambda_function_metadata_2.aws_iam_policy.dead_letter",
            "module.lambda_function_metadata_2.aws_iam_policy.logs",
            "module.lambda_function_metadata_2.aws_iam_policy.tracing",
            "module.lambda_function_metadata_2.aws_iam_policy.vpc",
            "module.lambda_function_metadata_2.aws_iam_role.lambda",
            "module.lambda_function_metadata_2.aws_iam_role_policy_attachment.additional_inline",
            "module.lambda_function_metadata_2.aws_iam_role_policy_attachment.additional_json",
            "module.lambda_function_metadata_2.aws_iam_role_policy_attachment.additional_jsons",
            "module.lambda_function_metadata_2.aws_iam_role_policy_attachment.additional_many",
            "module.lambda_function_metadata_2.aws_iam_role_policy_attachment.additional_one",
            "module.lambda_function_metadata_2.aws_iam_role_policy_attachment.async",
            "module.lambda_function_metadata_2.aws_iam_role_policy_attachment.dead_letter",
            "module.lambda_function_metadata_2.aws_iam_role_policy_attachment.logs",
            "module.lambda_function_metadata_2.aws_iam_role_policy_attachment.tracing",
            "module.lambda_function_metadata_2.aws_iam_role_policy_attachment.vpc",
            "module.lambda_function_metadata_2.aws_lambda_function.this",
            "module.lambda_function_metadata_2.aws_s3_object.lambda_package",
            "module.lambda_function_metadata_2.data.aws_arn.log_group_arn",
            "module.lambda_function_metadata_2.data.aws_cloudwatch_log_group.lambda",
            "module.lambda_function_metadata_2.data.aws_iam_policy.tracing",
            "module.lambda_function_metadata_2.data.aws_iam_policy.vpc",
            "module.lambda_function_metadata_2.data.aws_iam_policy_document.additional_inline",
            "module.lambda_function_metadata_2.data.aws_iam_policy_document.assume_role",
            "module.lambda_function_metadata_2.data.aws_iam_policy_document.async",
            "module.lambda_function_metadata_2.data.aws_iam_policy_document.dead_letter",
            "module.lambda_function_metadata_2.data.aws_iam_policy_document.logs",
            "module.lambda_function_metadata_2.data.aws_partition.current",
            "module.lambda_function_metadata_2.data.external.archive_prepare",
            "module.lambda_function_metadata_2.local_file.archive_plan",
            "module.lambda_function_metadata_2.null_resource.archive",
            "module.s3_bucket.aws_s3_bucket.this",
            "module.s3_bucket.aws_s3_bucket_policy.this",
            "module.s3_bucket.aws_s3_bucket_public_access_block.this",
            "module.s3_bucket.data.aws_caller_identity.current",
            "module.s3_bucket.data.aws_iam_policy_document.access_log_delivery",
            "module.s3_bucket.data.aws_iam_policy_document.combined",
            "module.s3_bucket.data.aws_iam_policy_document.deny_incorrect_encryption_headers",
            "module.s3_bucket.data.aws_iam_policy_document.deny_incorrect_kms_key_sse",
            "module.s3_bucket.data.aws_iam_policy_document.deny_insecure_transport",
            "module.s3_bucket.data.aws_iam_policy_document.deny_unencrypted_object_uploads",
            "module.s3_bucket.data.aws_iam_policy_document.elb_log_delivery",
            "module.s3_bucket.data.aws_iam_policy_document.inventory_and_analytics_destination_policy",
            "module.s3_bucket.data.aws_iam_policy_document.lb_log_delivery",
            "module.s3_bucket.data.aws_iam_policy_document.require_latest_tls",
            "module.s3_bucket.data.aws_partition.current",
            "module.s3_bucket.data.aws_region.current",
            "module.s3_notification.data.aws_partition.this"
          ]
        },
        {
          "index_key": "lambda2",
          "schema_version": 0,
          "attributes": {
            "action": "lambda:InvokeFunction",
            "event_source_token": null,
            "function_name": "ingest-metadata-adc-files-lambda",
            "function_url_auth_type": null,
            "id": "AllowLambdaS3BucketNotification-20240613180726651100000001",
            "principal": "s3.amazonaws.com",
            "principal_org_id": null,
            "qualifier": "",
            "source_account": null,
            "source_arn": "arn:aws:s3:::habhub.data-pipeline-files",
            "statement_id": "AllowLambdaS3BucketNotification-20240613180726651100000001",
            "statement_id_prefix": "AllowLambdaS3BucketNotification-"
          },
          "sensitive_attributes": [],
          "private": "bnVsbA==",
          "dependencies": [
            "data.aws_ecr_authorization_token.token",
            "module.docker_image.aws_ecr_repository.this",
            "module.docker_image.data.aws_caller_identity.this",
            "module.docker_image.data.aws_region.current",
            "module.docker_image.docker_image.this",
            "module.docker_image.docker_registry_image.this",
            "module.docker_image_metadata.aws_ecr_repository.this",
            "module.docker_image_metadata.data.aws_caller_identity.this",
            "module.docker_image_metadata.data.aws_region.current",
            "module.docker_image_metadata.docker_image.this",
            "module.docker_image_metadata.docker_registry_image.this",
            "module.dynamodb_table.aws_dynamodb_table.autoscaled",
            "module.dynamodb_table.aws_dynamodb_table.autoscaled_gsi_ignore",
            "module.dynamodb_table.aws_dynamodb_table.this",
            "module.lambda_function.aws_cloudwatch_log_group.lambda",
            "module.lambda_function.aws_iam_policy.additional_inline",
            "module.lambda_function.aws_iam_policy.additional_json",
            "module.lambda_function.aws_iam_policy.additional_jsons",
            "module.lambda_function.aws_iam_policy.async",
            "module.lambda_function.aws_iam_policy.dead_letter",
            "module.lambda_function.aws_iam_policy.logs",
            "module.lambda_function.aws_iam_policy.tracing",
            "module.lambda_function.aws_iam_policy.vpc",
            "module.lambda_function.aws_iam_role.lambda",
            "module.lambda_function.aws_iam_role_policy_attachment.additional_inline",
            "module.lambda_function.aws_iam_role_policy_attachment.additional_json",
            "module.lambda_function.aws_iam_role_policy_attachment.additional_jsons",
            "module.lambda_function.aws_iam_role_policy_attachment.additional_many",
            "module.lambda_function.aws_iam_role_policy_attachment.additional_one",
            "module.lambda_function.aws_iam_role_policy_attachment.async",
            "module.lambda_function.aws_iam_role_policy_attachment.dead_letter",
            "module.lambda_function.aws_iam_role_policy_attachment.logs",
            "module.lambda_function.aws_iam_role_policy_attachment.tracing",
            "module.lambda_function.aws_iam_role_policy_attachment.vpc",
            "module.lambda_function.aws_lambda_function.this",
            "module.lambda_function.aws_s3_object.lambda_package",
            "module.lambda_function.data.aws_arn.log_group_arn",
            "module.lambda_function.data.aws_cloudwatch_log_group.lambda",
            "module.lambda_function.data.aws_iam_policy.tracing",
            "module.lambda_function.data.aws_iam_policy.vpc",
            "module.lambda_function.data.aws_iam_policy_document.additional_inline",
            "module.lambda_function.data.aws_iam_policy_document.assume_role",
            "module.lambda_function.data.aws_iam_policy_document.async",
            "module.lambda_function.data.aws_iam_policy_document.dead_letter",
            "module.lambda_function.data.aws_iam_policy_document.logs",
            "module.lambda_function.data.aws_partition.current",
            "module.lambda_function.data.external.archive_prepare",
            "module.lambda_function.local_file.archive_plan",
            "module.lambda_function.null_resource.archive",
            "module.lambda_function_metadata.aws_cloudwatch_log_group.lambda",
            "module.lambda_function_metadata.aws_iam_policy.additional_inline",
            "module.lambda_function_metadata.aws_iam_policy.additional_json",
            "module.lambda_function_metadata.aws_iam_policy.additional_jsons",
            "module.lambda_function_metadata.aws_iam_policy.async",
            "module.lambda_function_metadata.aws_iam_policy.dead_letter",
            "module.lambda_function_metadata.aws_iam_policy.logs",
            "module.lambda_function_metadata.aws_iam_policy.tracing",
            "module.lambda_function_metadata.aws_iam_policy.vpc",
            "module.lambda_function_metadata.aws_iam_role.lambda",
            "module.lambda_function_metadata.aws_iam_role_policy_attachment.additional_inline",
            "module.lambda_function_metadata.aws_iam_role_policy_attachment.additional_json",
            "module.lambda_function_metadata.aws_iam_role_policy_attachment.additional_jsons",
            "module.lambda_function_metadata.aws_iam_role_policy_attachment.additional_many",
            "module.lambda_function_metadata.aws_iam_role_policy_attachment.additional_one",
            "module.lambda_function_metadata.aws_iam_role_policy_attachment.async",
            "module.lambda_function_metadata.aws_iam_role_policy_attachment.dead_letter",
            "module.lambda_function_metadata.aws_iam_role_policy_attachment.logs",
            "module.lambda_function_metadata.aws_iam_role_policy_attachment.tracing",
            "module.lambda_function_metadata.aws_iam_role_policy_attachment.vpc",
            "module.lambda_function_metadata.aws_lambda_function.this",
            "module.lambda_function_metadata.aws_s3_object.lambda_package",
            "module.lambda_function_metadata.data.aws_arn.log_group_arn",
            "module.lambda_function_metadata.data.aws_cloudwatch_log_group.lambda",
            "module.lambda_function_metadata.data.aws_iam_policy.tracing",
            "module.lambda_function_metadata.data.aws_iam_policy.vpc",
            "module.lambda_function_metadata.data.aws_iam_policy_document.additional_inline",
            "module.lambda_function_metadata.data.aws_iam_policy_document.assume_role",
            "module.lambda_function_metadata.data.aws_iam_policy_document.async",
            "module.lambda_function_metadata.data.aws_iam_policy_document.dead_letter",
            "module.lambda_function_metadata.data.aws_iam_policy_document.logs",
            "module.lambda_function_metadata.data.aws_partition.current",
            "module.lambda_function_metadata.data.external.archive_prepare",
            "module.lambda_function_metadata.local_file.archive_plan",
            "module.lambda_function_metadata.null_resource.archive",
            "module.lambda_function_metadata_2.aws_cloudwatch_log_group.lambda",
            "module.lambda_function_metadata_2.aws_iam_policy.additional_inline",
            "module.lambda_function_metadata_2.aws_iam_policy.additional_json",
            "module.lambda_function_metadata_2.aws_iam_policy.additional_jsons",
            "module.lambda_function_metadata_2.aws_iam_policy.async",
            "module.lambda_function_metadata_2.aws_iam_policy.dead_letter",
            "module.lambda_function_metadata_2.aws_iam_policy.logs",
            "module.lambda_function_metadata_2.aws_iam_policy.tracing",
            "module.lambda_function_metadata_2.aws_iam_policy.vpc",
            "module.lambda_function_metadata_2.aws_iam_role.lambda",
            "module.lambda_function_metadata_2.aws_iam_role_policy_attachment.additional_inline",
            "module.lambda_function_metadata_2.aws_iam_role_policy_attachment.additional_json",
            "module.lambda_function_metadata_2.aws_iam_role_policy_attachment.additional_jsons",
            "module.lambda_function_metadata_2.aws_iam_role_policy_attachment.additional_many",
            "module.lambda_function_metadata_2.aws_iam_role_policy_attachment.additional_one",
            "module.lambda_function_metadata_2.aws_iam_role_policy_attachment.async",
            "module.lambda_function_metadata_2.aws_iam_role_policy_attachment.dead_letter",
            "module.lambda_function_metadata_2.aws_iam_role_policy_attachment.logs",
            "module.lambda_function_metadata_2.aws_iam_role_policy_attachment.tracing",
            "module.lambda_function_metadata_2.aws_iam_role_policy_attachment.vpc",
            "module.lambda_function_metadata_2.aws_lambda_function.this",
            "module.lambda_function_metadata_2.aws_s3_object.lambda_package",
            "module.lambda_function_metadata_2.data.aws_arn.log_group_arn",
            "module.lambda_function_metadata_2.data.aws_cloudwatch_log_group.lambda",
            "module.lambda_function_metadata_2.data.aws_iam_policy.tracing",
            "module.lambda_function_metadata_2.data.aws_iam_policy.vpc",
            "module.lambda_function_metadata_2.data.aws_iam_policy_document.additional_inline",
            "module.lambda_function_metadata_2.data.aws_iam_policy_document.assume_role",
            "module.lambda_function_metadata_2.data.aws_iam_policy_document.async",
            "module.lambda_function_metadata_2.data.aws_iam_policy_document.dead_letter",
            "module.lambda_function_metadata_2.data.aws_iam_policy_document.logs",
            "module.lambda_function_metadata_2.data.aws_partition.current",
            "module.lambda_function_metadata_2.data.external.archive_prepare",
            "module.lambda_function_metadata_2.local_file.archive_plan",
            "module.lambda_function_metadata_2.null_resource.archive",
            "module.s3_bucket.aws_s3_bucket.this",
            "module.s3_bucket.aws_s3_bucket_policy.this",
            "module.s3_bucket.aws_s3_bucket_public_access_block.this",
            "module.s3_bucket.data.aws_caller_identity.current",
            "module.s3_bucket.data.aws_iam_policy_document.access_log_delivery",
            "module.s3_bucket.data.aws_iam_policy_document.combined",
            "module.s3_bucket.data.aws_iam_policy_document.deny_incorrect_encryption_headers",
            "module.s3_bucket.data.aws_iam_policy_document.deny_incorrect_kms_key_sse",
            "module.s3_bucket.data.aws_iam_policy_document.deny_insecure_transport",
            "module.s3_bucket.data.aws_iam_policy_document.deny_unencrypted_object_uploads",
            "module.s3_bucket.data.aws_iam_policy_document.elb_log_delivery",
            "module.s3_bucket.data.aws_iam_policy_document.inventory_and_analytics_destination_policy",
            "module.s3_bucket.data.aws_iam_policy_document.lb_log_delivery",
            "module.s3_bucket.data.aws_iam_policy_document.require_latest_tls",
            "module.s3_bucket.data.aws_partition.current",
            "module.s3_bucket.data.aws_region.current",
            "module.s3_notification.data.aws_partition.this"
          ]
        },
        {
          "index_key": "lambda3",
          "schema_version": 0,
          "attributes": {
            "action": "lambda:InvokeFunction",
            "event_source_token": null,
            "function_name": "ingest-metadata-hdr-files-lambda",
            "function_url_auth_type": null,
            "id": "AllowLambdaS3BucketNotification-20240618160012670400000003",
            "principal": "s3.amazonaws.com",
            "principal_org_id": null,
            "qualifier": "",
            "source_account": null,
            "source_arn": "arn:aws:s3:::habhub.data-pipeline-files",
            "statement_id": "AllowLambdaS3BucketNotification-20240618160012670400000003",
            "statement_id_prefix": "AllowLambdaS3BucketNotification-"
          },
          "sensitive_attributes": [],
          "private": "bnVsbA==",
          "dependencies": [
            "data.aws_ecr_authorization_token.token",
            "module.docker_image.aws_ecr_repository.this",
            "module.docker_image.data.aws_caller_identity.this",
            "module.docker_image.data.aws_region.current",
            "module.docker_image.docker_image.this",
            "module.docker_image.docker_registry_image.this",
            "module.docker_image_metadata.aws_ecr_repository.this",
            "module.docker_image_metadata.data.aws_caller_identity.this",
            "module.docker_image_metadata.data.aws_region.current",
            "module.docker_image_metadata.docker_image.this",
            "module.docker_image_metadata.docker_registry_image.this",
            "module.dynamodb_table.aws_dynamodb_table.autoscaled",
            "module.dynamodb_table.aws_dynamodb_table.autoscaled_gsi_ignore",
            "module.dynamodb_table.aws_dynamodb_table.this",
            "module.lambda_function.aws_cloudwatch_log_group.lambda",
            "module.lambda_function.aws_iam_policy.additional_inline",
            "module.lambda_function.aws_iam_policy.additional_json",
            "module.lambda_function.aws_iam_policy.additional_jsons",
            "module.lambda_function.aws_iam_policy.async",
            "module.lambda_function.aws_iam_policy.dead_letter",
            "module.lambda_function.aws_iam_policy.logs",
            "module.lambda_function.aws_iam_policy.tracing",
            "module.lambda_function.aws_iam_policy.vpc",
            "module.lambda_function.aws_iam_role.lambda",
            "module.lambda_function.aws_iam_role_policy_attachment.additional_inline",
            "module.lambda_function.aws_iam_role_policy_attachment.additional_json",
            "module.lambda_function.aws_iam_role_policy_attachment.additional_jsons",
            "module.lambda_function.aws_iam_role_policy_attachment.additional_many",
            "module.lambda_function.aws_iam_role_policy_attachment.additional_one",
            "module.lambda_function.aws_iam_role_policy_attachment.async",
            "module.lambda_function.aws_iam_role_policy_attachment.dead_letter",
            "module.lambda_function.aws_iam_role_policy_attachment.logs",
            "module.lambda_function.aws_iam_role_policy_attachment.tracing",
            "module.lambda_function.aws_iam_role_policy_attachment.vpc",
            "module.lambda_function.aws_lambda_function.this",
            "module.lambda_function.aws_s3_object.lambda_package",
            "module.lambda_function.data.aws_arn.log_group_arn",
            "module.lambda_function.data.aws_cloudwatch_log_group.lambda",
            "module.lambda_function.data.aws_iam_policy.tracing",
            "module.lambda_function.data.aws_iam_policy.vpc",
            "module.lambda_function.data.aws_iam_policy_document.additional_inline",
            "module.lambda_function.data.aws_iam_policy_document.assume_role",
            "module.lambda_function.data.aws_iam_policy_document.async",
            "module.lambda_function.data.aws_iam_policy_document.dead_letter",
            "module.lambda_function.data.aws_iam_policy_document.logs",
            "module.lambda_function.data.aws_partition.current",
            "module.lambda_function.data.external.archive_prepare",
            "module.lambda_function.local_file.archive_plan",
            "module.lambda_function.null_resource.archive",
            "module.lambda_function_metadata.aws_cloudwatch_log_group.lambda",
            "module.lambda_function_metadata.aws_iam_policy.additional_inline",
            "module.lambda_function_metadata.aws_iam_policy.additional_json",
            "module.lambda_function_metadata.aws_iam_policy.additional_jsons",
            "module.lambda_function_metadata.aws_iam_policy.async",
            "module.lambda_function_metadata.aws_iam_policy.dead_letter",
            "module.lambda_function_metadata.aws_iam_policy.logs",
            "module.lambda_function_metadata.aws_iam_policy.tracing",
            "module.lambda_function_metadata.aws_iam_policy.vpc",
            "module.lambda_function_metadata.aws_iam_role.lambda",
            "module.lambda_function_metadata.aws_iam_role_policy_attachment.additional_inline",
            "module.lambda_function_metadata.aws_iam_role_policy_attachment.additional_json",
            "module.lambda_function_metadata.aws_iam_role_policy_attachment.additional_jsons",
            "module.lambda_function_metadata.aws_iam_role_policy_attachment.additional_many",
            "module.lambda_function_metadata.aws_iam_role_policy_attachment.additional_one",
            "module.lambda_function_metadata.aws_iam_role_policy_attachment.async",
            "module.lambda_function_metadata.aws_iam_role_policy_attachment.dead_letter",
            "module.lambda_function_metadata.aws_iam_role_policy_attachment.logs",
            "module.lambda_function_metadata.aws_iam_role_policy_attachment.tracing",
            "module.lambda_function_metadata.aws_iam_role_policy_attachment.vpc",
            "module.lambda_function_metadata.aws_lambda_function.this",
            "module.lambda_function_metadata.aws_s3_object.lambda_package",
            "module.lambda_function_metadata.data.aws_arn.log_group_arn",
            "module.lambda_function_metadata.data.aws_cloudwatch_log_group.lambda",
            "module.lambda_function_metadata.data.aws_iam_policy.tracing",
            "module.lambda_function_metadata.data.aws_iam_policy.vpc",
            "module.lambda_function_metadata.data.aws_iam_policy_document.additional_inline",
            "module.lambda_function_metadata.data.aws_iam_policy_document.assume_role",
            "module.lambda_function_metadata.data.aws_iam_policy_document.async",
            "module.lambda_function_metadata.data.aws_iam_policy_document.dead_letter",
            "module.lambda_function_metadata.data.aws_iam_policy_document.logs",
            "module.lambda_function_metadata.data.aws_partition.current",
            "module.lambda_function_metadata.data.external.archive_prepare",
            "module.lambda_function_metadata.local_file.archive_plan",
            "module.lambda_function_metadata.null_resource.archive",
            "module.lambda_function_metadata_2.aws_cloudwatch_log_group.lambda",
            "module.lambda_function_metadata_2.aws_iam_policy.additional_inline",
            "module.lambda_function_metadata_2.aws_iam_policy.additional_json",
            "module.lambda_function_metadata_2.aws_iam_policy.additional_jsons",
            "module.lambda_function_metadata_2.aws_iam_policy.async",
            "module.lambda_function_metadata_2.aws_iam_policy.dead_letter",
            "module.lambda_function_metadata_2.aws_iam_policy.logs",
            "module.lambda_function_metadata_2.aws_iam_policy.tracing",
            "module.lambda_function_metadata_2.aws_iam_policy.vpc",
            "module.lambda_function_metadata_2.aws_iam_role.lambda",
            "module.lambda_function_metadata_2.aws_iam_role_policy_attachment.additional_inline",
            "module.lambda_function_metadata_2.aws_iam_role_policy_attachment.additional_json",
            "module.lambda_function_metadata_2.aws_iam_role_policy_attachment.additional_jsons",
            "module.lambda_function_metadata_2.aws_iam_role_policy_attachment.additional_many",
            "module.lambda_function_metadata_2.aws_iam_role_policy_attachment.additional_one",
            "module.lambda_function_metadata_2.aws_iam_role_policy_attachment.async",
            "module.lambda_function_metadata_2.aws_iam_role_policy_attachment.dead_letter",
            "module.lambda_function_metadata_2.aws_iam_role_policy_attachment.logs",
            "module.lambda_function_metadata_2.aws_iam_role_policy_attachment.tracing",
            "module.lambda_function_metadata_2.aws_iam_role_policy_attachment.vpc",
            "module.lambda_function_metadata_2.aws_lambda_function.this",
            "module.lambda_function_metadata_2.aws_s3_object.lambda_package",
            "module.lambda_function_metadata_2.data.aws_arn.log_group_arn",
            "module.lambda_function_metadata_2.data.aws_cloudwatch_log_group.lambda",
            "module.lambda_function_metadata_2.data.aws_iam_policy.tracing",
            "module.lambda_function_metadata_2.data.aws_iam_policy.vpc",
            "module.lambda_function_metadata_2.data.aws_iam_policy_document.additional_inline",
            "module.lambda_function_metadata_2.data.aws_iam_policy_document.assume_role",
            "module.lambda_function_metadata_2.data.aws_iam_policy_document.async",
            "module.lambda_function_metadata_2.data.aws_iam_policy_document.dead_letter",
            "module.lambda_function_metadata_2.data.aws_iam_policy_document.logs",
            "module.lambda_function_metadata_2.data.aws_partition.current",
            "module.lambda_function_metadata_2.data.external.archive_prepare",
            "module.lambda_function_metadata_2.local_file.archive_plan",
            "module.lambda_function_metadata_2.null_resource.archive",
            "module.s3_bucket.aws_s3_bucket.this",
            "module.s3_bucket.aws_s3_bucket_policy.this",
            "module.s3_bucket.aws_s3_bucket_public_access_block.this",
            "module.s3_bucket.data.aws_caller_identity.current",
            "module.s3_bucket.data.aws_iam_policy_document.access_log_delivery",
            "module.s3_bucket.data.aws_iam_policy_document.combined",
            "module.s3_bucket.data.aws_iam_policy_document.deny_incorrect_encryption_headers",
            "module.s3_bucket.data.aws_iam_policy_document.deny_incorrect_kms_key_sse",
            "module.s3_bucket.data.aws_iam_policy_document.deny_insecure_transport",
            "module.s3_bucket.data.aws_iam_policy_document.deny_unencrypted_object_uploads",
            "module.s3_bucket.data.aws_iam_policy_document.elb_log_delivery",
            "module.s3_bucket.data.aws_iam_policy_document.inventory_and_analytics_destination_policy",
            "module.s3_bucket.data.aws_iam_policy_document.lb_log_delivery",
            "module.s3_bucket.data.aws_iam_policy_document.require_latest_tls",
            "module.s3_bucket.data.aws_partition.current",
            "module.s3_bucket.data.aws_region.current",
            "module.s3_notification.data.aws_partition.this"
          ]
        }
      ]
    },
    {
      "module": "module.s3_notification",
      "mode": "managed",
      "type": "aws_s3_bucket_notification",
      "name": "this",
      "provider": "provider[\"registry.terraform.io/hashicorp/aws\"]",
      "instances": [
        {
          "index_key": 0,
          "schema_version": 0,
          "attributes": {
            "bucket": "habhub.data-pipeline-files",
            "eventbridge": true,
            "id": "habhub.data-pipeline-files",
            "lambda_function": [
              {
                "events": [
                  "s3:ObjectCreated:*"
                ],
                "filter_prefix": "",
                "filter_suffix": ".h5",
                "id": "lambda1",
                "lambda_function_arn": "arn:aws:lambda:us-east-1:139464377685:function:ingest-class-scores-lambda"
              },
              {
                "events": [
                  "s3:ObjectCreated:*"
                ],
                "filter_prefix": "",
                "filter_suffix": ".adc",
                "id": "lambda2",
                "lambda_function_arn": "arn:aws:lambda:us-east-1:139464377685:function:ingest-metadata-adc-files-lambda"
              },
              {
                "events": [
                  "s3:ObjectCreated:*"
                ],
                "filter_prefix": "",
                "filter_suffix": ".hdr",
                "id": "lambda3",
                "lambda_function_arn": "arn:aws:lambda:us-east-1:139464377685:function:ingest-metadata-hdr-files-lambda"
              }
            ],
            "queue": [],
            "topic": []
          },
          "sensitive_attributes": [],
          "private": "bnVsbA==",
          "dependencies": [
            "data.aws_ecr_authorization_token.token",
            "module.docker_image.aws_ecr_repository.this",
            "module.docker_image.data.aws_caller_identity.this",
            "module.docker_image.data.aws_region.current",
            "module.docker_image.docker_image.this",
            "module.docker_image.docker_registry_image.this",
            "module.docker_image_metadata.aws_ecr_repository.this",
            "module.docker_image_metadata.data.aws_caller_identity.this",
            "module.docker_image_metadata.data.aws_region.current",
            "module.docker_image_metadata.docker_image.this",
            "module.docker_image_metadata.docker_registry_image.this",
            "module.dynamodb_table.aws_dynamodb_table.autoscaled",
            "module.dynamodb_table.aws_dynamodb_table.autoscaled_gsi_ignore",
            "module.dynamodb_table.aws_dynamodb_table.this",
            "module.lambda_function.aws_cloudwatch_log_group.lambda",
            "module.lambda_function.aws_iam_policy.additional_inline",
            "module.lambda_function.aws_iam_policy.additional_json",
            "module.lambda_function.aws_iam_policy.additional_jsons",
            "module.lambda_function.aws_iam_policy.async",
            "module.lambda_function.aws_iam_policy.dead_letter",
            "module.lambda_function.aws_iam_policy.logs",
            "module.lambda_function.aws_iam_policy.tracing",
            "module.lambda_function.aws_iam_policy.vpc",
            "module.lambda_function.aws_iam_role.lambda",
            "module.lambda_function.aws_iam_role_policy_attachment.additional_inline",
            "module.lambda_function.aws_iam_role_policy_attachment.additional_json",
            "module.lambda_function.aws_iam_role_policy_attachment.additional_jsons",
            "module.lambda_function.aws_iam_role_policy_attachment.additional_many",
            "module.lambda_function.aws_iam_role_policy_attachment.additional_one",
            "module.lambda_function.aws_iam_role_policy_attachment.async",
            "module.lambda_function.aws_iam_role_policy_attachment.dead_letter",
            "module.lambda_function.aws_iam_role_policy_attachment.logs",
            "module.lambda_function.aws_iam_role_policy_attachment.tracing",
            "module.lambda_function.aws_iam_role_policy_attachment.vpc",
            "module.lambda_function.aws_lambda_function.this",
            "module.lambda_function.aws_s3_object.lambda_package",
            "module.lambda_function.data.aws_arn.log_group_arn",
            "module.lambda_function.data.aws_cloudwatch_log_group.lambda",
            "module.lambda_function.data.aws_iam_policy.tracing",
            "module.lambda_function.data.aws_iam_policy.vpc",
            "module.lambda_function.data.aws_iam_policy_document.additional_inline",
            "module.lambda_function.data.aws_iam_policy_document.assume_role",
            "module.lambda_function.data.aws_iam_policy_document.async",
            "module.lambda_function.data.aws_iam_policy_document.dead_letter",
            "module.lambda_function.data.aws_iam_policy_document.logs",
            "module.lambda_function.data.aws_partition.current",
            "module.lambda_function.data.external.archive_prepare",
            "module.lambda_function.local_file.archive_plan",
            "module.lambda_function.null_resource.archive",
            "module.lambda_function_metadata.aws_cloudwatch_log_group.lambda",
            "module.lambda_function_metadata.aws_iam_policy.additional_inline",
            "module.lambda_function_metadata.aws_iam_policy.additional_json",
            "module.lambda_function_metadata.aws_iam_policy.additional_jsons",
            "module.lambda_function_metadata.aws_iam_policy.async",
            "module.lambda_function_metadata.aws_iam_policy.dead_letter",
            "module.lambda_function_metadata.aws_iam_policy.logs",
            "module.lambda_function_metadata.aws_iam_policy.tracing",
            "module.lambda_function_metadata.aws_iam_policy.vpc",
            "module.lambda_function_metadata.aws_iam_role.lambda",
            "module.lambda_function_metadata.aws_iam_role_policy_attachment.additional_inline",
            "module.lambda_function_metadata.aws_iam_role_policy_attachment.additional_json",
            "module.lambda_function_metadata.aws_iam_role_policy_attachment.additional_jsons",
            "module.lambda_function_metadata.aws_iam_role_policy_attachment.additional_many",
            "module.lambda_function_metadata.aws_iam_role_policy_attachment.additional_one",
            "module.lambda_function_metadata.aws_iam_role_policy_attachment.async",
            "module.lambda_function_metadata.aws_iam_role_policy_attachment.dead_letter",
            "module.lambda_function_metadata.aws_iam_role_policy_attachment.logs",
            "module.lambda_function_metadata.aws_iam_role_policy_attachment.tracing",
            "module.lambda_function_metadata.aws_iam_role_policy_attachment.vpc",
            "module.lambda_function_metadata.aws_lambda_function.this",
            "module.lambda_function_metadata.aws_s3_object.lambda_package",
            "module.lambda_function_metadata.data.aws_arn.log_group_arn",
            "module.lambda_function_metadata.data.aws_cloudwatch_log_group.lambda",
            "module.lambda_function_metadata.data.aws_iam_policy.tracing",
            "module.lambda_function_metadata.data.aws_iam_policy.vpc",
            "module.lambda_function_metadata.data.aws_iam_policy_document.additional_inline",
            "module.lambda_function_metadata.data.aws_iam_policy_document.assume_role",
            "module.lambda_function_metadata.data.aws_iam_policy_document.async",
            "module.lambda_function_metadata.data.aws_iam_policy_document.dead_letter",
            "module.lambda_function_metadata.data.aws_iam_policy_document.logs",
            "module.lambda_function_metadata.data.aws_partition.current",
            "module.lambda_function_metadata.data.external.archive_prepare",
            "module.lambda_function_metadata.local_file.archive_plan",
            "module.lambda_function_metadata.null_resource.archive",
            "module.lambda_function_metadata_2.aws_cloudwatch_log_group.lambda",
            "module.lambda_function_metadata_2.aws_iam_policy.additional_inline",
            "module.lambda_function_metadata_2.aws_iam_policy.additional_json",
            "module.lambda_function_metadata_2.aws_iam_policy.additional_jsons",
            "module.lambda_function_metadata_2.aws_iam_policy.async",
            "module.lambda_function_metadata_2.aws_iam_policy.dead_letter",
            "module.lambda_function_metadata_2.aws_iam_policy.logs",
            "module.lambda_function_metadata_2.aws_iam_policy.tracing",
            "module.lambda_function_metadata_2.aws_iam_policy.vpc",
            "module.lambda_function_metadata_2.aws_iam_role.lambda",
            "module.lambda_function_metadata_2.aws_iam_role_policy_attachment.additional_inline",
            "module.lambda_function_metadata_2.aws_iam_role_policy_attachment.additional_json",
            "module.lambda_function_metadata_2.aws_iam_role_policy_attachment.additional_jsons",
            "module.lambda_function_metadata_2.aws_iam_role_policy_attachment.additional_many",
            "module.lambda_function_metadata_2.aws_iam_role_policy_attachment.additional_one",
            "module.lambda_function_metadata_2.aws_iam_role_policy_attachment.async",
            "module.lambda_function_metadata_2.aws_iam_role_policy_attachment.dead_letter",
            "module.lambda_function_metadata_2.aws_iam_role_policy_attachment.logs",
            "module.lambda_function_metadata_2.aws_iam_role_policy_attachment.tracing",
            "module.lambda_function_metadata_2.aws_iam_role_policy_attachment.vpc",
            "module.lambda_function_metadata_2.aws_lambda_function.this",
            "module.lambda_function_metadata_2.aws_s3_object.lambda_package",
            "module.lambda_function_metadata_2.data.aws_arn.log_group_arn",
            "module.lambda_function_metadata_2.data.aws_cloudwatch_log_group.lambda",
            "module.lambda_function_metadata_2.data.aws_iam_policy.tracing",
            "module.lambda_function_metadata_2.data.aws_iam_policy.vpc",
            "module.lambda_function_metadata_2.data.aws_iam_policy_document.additional_inline",
            "module.lambda_function_metadata_2.data.aws_iam_policy_document.assume_role",
            "module.lambda_function_metadata_2.data.aws_iam_policy_document.async",
            "module.lambda_function_metadata_2.data.aws_iam_policy_document.dead_letter",
            "module.lambda_function_metadata_2.data.aws_iam_policy_document.logs",
            "module.lambda_function_metadata_2.data.aws_partition.current",
            "module.lambda_function_metadata_2.data.external.archive_prepare",
            "module.lambda_function_metadata_2.local_file.archive_plan",
            "module.lambda_function_metadata_2.null_resource.archive",
            "module.s3_bucket.aws_s3_bucket.this",
            "module.s3_bucket.aws_s3_bucket_policy.this",
            "module.s3_bucket.aws_s3_bucket_public_access_block.this",
            "module.s3_bucket.data.aws_caller_identity.current",
            "module.s3_bucket.data.aws_iam_policy_document.access_log_delivery",
            "module.s3_bucket.data.aws_iam_policy_document.combined",
            "module.s3_bucket.data.aws_iam_policy_document.deny_incorrect_encryption_headers",
            "module.s3_bucket.data.aws_iam_policy_document.deny_incorrect_kms_key_sse",
            "module.s3_bucket.data.aws_iam_policy_document.deny_insecure_transport",
            "module.s3_bucket.data.aws_iam_policy_document.deny_unencrypted_object_uploads",
            "module.s3_bucket.data.aws_iam_policy_document.elb_log_delivery",
            "module.s3_bucket.data.aws_iam_policy_document.inventory_and_analytics_destination_policy",
            "module.s3_bucket.data.aws_iam_policy_document.lb_log_delivery",
            "module.s3_bucket.data.aws_iam_policy_document.require_latest_tls",
            "module.s3_bucket.data.aws_partition.current",
            "module.s3_bucket.data.aws_region.current",
            "module.s3_notification.aws_lambda_permission.allow",
            "module.s3_notification.aws_sns_topic_policy.allow",
            "module.s3_notification.aws_sqs_queue_policy.allow",
            "module.s3_notification.data.aws_arn.queue",
            "module.s3_notification.data.aws_iam_policy_document.sns",
            "module.s3_notification.data.aws_iam_policy_document.sqs",
            "module.s3_notification.data.aws_partition.this"
          ]
        }
      ]
    }
  ],
  "check_results": null
}
