{
  "version": 4,
  "terraform_version": "1.5.7",
  "serial": 410,
  "lineage": "a5eac384-8d44-9552-8f48-4ff69f39f103",
  "outputs": {},
  "resources": [
    {
      "mode": "data",
      "type": "aws_ecr_authorization_token",
      "name": "token",
      "provider": "provider[\"registry.terraform.io/hashicorp/aws\"]",
      "instances": [
        {
          "schema_version": 0,
          "attributes": {
            "authorization_token": "QVdTOmV5SndZWGxzYjJGa0lqb2laV2h6V0hGd1JqVmtOVUpsYlUxTGNYZDJNbGxGY0dkeU5FZHNWMlJHUkRscVJWQTRiRTB2ZUZoVE1uRjJhM1ZpTUhkSU5rMVJTamxxV1NzelEyNUxObU4yT1daSWRrWjZiRVV2ZFcxUU4zVkdSRWg2VFhwalZVVlRTMVl3VEZORllrcG9ablIxUm5KR1JGbEpVM2RMVjNGbFNqTjRVM00yWkU1UFZrTlNUVk4wVWpZMlNIQlNLMGhwT1RSM1Z6azBXREJCT0hCMk9VcExWelpxVlVWVFZHMUZTemxDZFhoV1J6VmtUeTk1UkdwRGJWaGlZVkowTW5sVmVtMHhVMGRYTUVaVWFsUmlXVXRoTXpOeGFVVnpRMUJFZEhOV01rczJaQ3RZY0ZFeU9HdFJNblIzYmpoNlQycDZOekJRV2pWeU4zSldSMkZZVmpaV1VTOUZUekp2Y25GWmFtZ3lUVFpzU0RacFYwdHZRMFJqVkZablozRktaVkZGYTJabFkzTk9WMU16U1U1R1NqVXlXa3hMVm00eFEyazVMMU0xV0V4dGJFaE9Sa1lyV0Vkd2RVWlNkMDhyVmpCMVdWRmphV2x4TDFCSVdrTTFSVmhRZGpRclJVNUphMFk0Y2s5RWRrbDVTbU5uZEdGbVJqWXpia3QwV0ROcVoySnNNR1ZPZEU5elNHOHZhMnRWTVhGblpUQnphMmdyV21reE9WbFRhVE5JTkUxd1VUZHJiVEp2Wm1WM1lqZ3pWM0l5WkhkTFZrNU5TVkZEVlhreFVrRm1RV3d5V1RaWFEwaE5jMHd4ZWxWS1NFeE9aREJsUTFWRlIwTkhSa05zU1hNd1EyRnFRa1Y2UjFKUFZFcGhaVXhQVVU5V05FMVBUbWwyWkVwaVJWVXlOMlV3YTJwcllXTXlibkZITHpZd1UyUndRa2hZVDNSSlVtbzRVVGgwUkhVNFdqSnpUbWRhWlV4SWJqTnBaR1ZJZDB0bGFtUTJOVzF0TlZsbWVXeEpkRVp3VURVeVVVbG5RbTE1VDJ3Mk9VbDNlR2hHVEc5R1IwZFlOV1ZsZEZOd2NETnNTMU5HYUZKelMwUm5aRzVWVERoeFZrUnhSVkp5TlZGdFV6aGxhMFkzSzJGQ1JHbDNRMEkwT1Uxa1kzSjNkbGt6Ym1FeVpXaFFkRWxhVUZGUmJXaFBRMms0UWxaTVJWZGhkWEZsUTIxWk1sZFplR1F2TWpocFRYWXJZbm80WjFGc1RXSkJZM1l6VDJwRE9UWldlRk5yWkZCcWFTczFkMnhqUjFWdmFreGtia1JZUTBKdlFuTjNSbVpLWldVMlVVVnhOR05RV201eGEwZHpaVEJXZVVFeE4yazFZWFpNV2t4bVR5OTNMMFZUUzJOT2JFNTBXVU00T1haTk1VUkRSMEZXV1M5V2JsTmpkM2R2ZVhwRlZuZG9VbUZCVDNaUk1GWlpNMlF6YW1WeVJGaFdja1IzVUhWUFpWbHZRVXR2TWtSVmRHbE1PRWRYYjNKcFV6WlVhSE5GZG5WNU1UTllhV1pWUkhFeVRYSjRkVXRNTDBzNWJUazNURFV6WTNNME0ySnVWMGh3UmtOTVp5OUliVU5FUVd4Mk4wYzBOVVExVDJWWGRIYzVOV2RaY1ZCUFZYZDBVbFJaU25kbWEwNVpiR2RaVlVRd09Yb3ZUM2RKZW1aUlVtOUJVMnhwTmxocWVuRjZSWGs0T0U0eFVWZHZiakpHVVhKdldsTklPRzFOY1c1eGRteDBPVmgyU1dnM2JsWjJhM2h1ZW5KR04yWXpZMWhuTlhsdlpYRjBhR3RVTkRWcWR6RXdTbEpCWTBwV1pDdEhibGRwWm5kd05tVjNLMlozWmpOMGJWVTVOM2hwU3pKTVZqbFBiVW93U0c1clprZzFTbFJSZVZWbGVqRnFVM1ExU0VoSmNUQk1SVGt4Y2t4S1FsTmpVRkk1UjNjNE15dFJkVlp5VEd4SVltOXllVzVrWlRnMVMwWlhOVFZ0WnpCWWNuVlpLelZJYmxGT1VFOWhUa1IzZDFZd1VYTkJXaTlUWnpCdE1Fc3JUR2s1YUZSM2RGSjBOVkpNVWtoVVZHNVFjMWRJTldGU09DdGFXa0kyYlRSQllYa3ZXaTlhUjNwMVdYWXlTemcxZEVKTllXaEhRMGhDVlhCUGFrZHZPVEphYVdkaVVHdHNVREl5V0hZemNtTlVXa2RzZDBKT1FrTnJPRWxaY2xOWk9HMDJRVzlNTlZjMFRGSXJPRU53UjBaUFJrZE1RblEyWVd4dGQySnJLMnd2UW5sVFMzSmlRelJsWVd4UVJVSjRiMnR6TTBjeU56UlhSR2RQZERkbU0ycDRMMlpQTlRGM1kwbG5TMWw2Y3pBMFNHdElLekZYY3paWlkxTk5jelJ0TVV4TlV5OHdMMHRLU1djM2NIQndNa3B2UkhNMU55OHlOa2hGVDNsc1JrdFFTbEZ2Ymt4RWFIVnlXVnBWYmpJeVpXWnhkVXRyUlRBMlRFdGhkelVyUzFGTlR6QTNMemswT0RJeFdqbFRlRmhOY3pnaUxDSmtZWFJoYTJWNUlqb2lRVkZGUWtGSWFIZHRNRmxoU1ZOS1pWSjBTbTAxYmpGSE5uVnhaV1ZyV0hWdldGaFFaVFZWUm1ObE9WSnhPQzh4TkhkQlFVRklOSGRtUVZsS1MyOWFTV2gyWTA1QlVXTkhiMGM0ZDJKUlNVSkJSRUp2UW1kcmNXaHJhVWM1ZHpCQ1FuZEZkMGhuV1VwWlNWcEpRVmRWUkVKQlJYVk5Ra1ZGUkVGRUt6WlZVbmRxZVM5VlQyMUNUbWxSU1VKRlNVRTNaSE5VZWxOQkwzQjBSbTg0VUdONGNGbFBWeTlxZHpaWWVtWTVVRzV1UzBObk5IUldkbkJCTmxkWlZEaENaSEV4UjJoUFdtSjVPRUZIZWxOaE1rbzNPVGwxSzNZd1pWZDVURXd4VlZnNGJ6MGlMQ0oyWlhKemFXOXVJam9pTWlJc0luUjVjR1VpT2lKRVFWUkJYMHRGV1NJc0ltVjRjR2x5WVhScGIyNGlPakUzTURrM09UTXdNamg5",
            "expires_at": "2024-03-07T06:30:28Z",
            "id": "us-east-1",
            "password": "eyJwYXlsb2FkIjoiZWhzWHFwRjVkNUJlbU1LcXd2MllFcGdyNEdsV2RGRDlqRVA4bE0veFhTMnF2a3ViMHdINk1RSjlqWSszQ25LNmN2OWZIdkZ6bEUvdW1QN3VGREh6TXpjVUVTS1YwTFNFYkpoZnR1RnJGRFlJU3dLV3FlSjN4U3M2ZE5PVkNSTVN0UjY2SHBSK0hpOTR3Vzk0WDBBOHB2OUpLVzZqVUVTVG1FSzlCdXhWRzVkTy95RGpDbVhiYVJ0MnlVem0xU0dXMEZUalRiWUthMzNxaUVzQ1BEdHNWMks2ZCtYcFEyOGtRMnR3bjh6T2p6NzBQWjVyN3JWR2FYVjZWUS9FTzJvcnFZamgyTTZsSDZpV0tvQ0RjVFZnZ3FKZVFFa2ZlY3NOV1MzSU5GSjUyWkxLVm4xQ2k5L1M1WExtbEhORkYrWEdwdUZSd08rVjB1WVFjaWlxL1BIWkM1RVhQdjQrRU5Ja0Y4ck9Edkl5SmNndGFmRjYzbkt0WDNqZ2JsMGVOdE9zSG8va2tVMXFnZTBza2grWmkxOVlTaTNINE1wUTdrbTJvZmV3YjgzV3IyZHdLVk5NSVFDVXkxUkFmQWwyWTZXQ0hNc0wxelVKSExOZDBlQ1VFR0NHRkNsSXMwQ2FqQkV6R1JPVEphZUxPUU9WNE1PTml2ZEpiRVUyN2Uwa2prYWMybnFHLzYwU2RwQkhYT3RJUmo4UTh0RHU4WjJzTmdaZUxIbjNpZGVId0tlamQ2NW1tNVlmeWxJdEZwUDUyUUlnQm15T2w2OUl3eGhGTG9GR0dYNWVldFNwcDNsS1NGaFJzS0RnZG5VTDhxVkRxRVJyNVFtUzhla0Y3K2FCRGl3Q0I0OU1kY3J3dlkzbmEyZWhQdElaUFFRbWhPQ2k4QlZMRVdhdXFlQ21ZMldZeGQvMjhpTXYrYno4Z1FsTWJBY3YzT2pDOTZWeFNrZFBqaSs1d2xjR1VvakxkbkRYQ0JvQnN3RmZKZWU2UUVxNGNQWm5xa0dzZTBWeUExN2k1YXZMWkxmTy93L0VTS2NObE50WUM4OXZNMURDR0FWWS9WblNjd3dveXpFVndoUmFBT3ZRMFZZM2QzamVyRFhWckR3UHVPZVlvQUtvMkRVdGlMOEdXb3JpUzZUaHNFdnV5MTNYaWZVRHEyTXJ4dUtML0s5bTk3TDUzY3M0M2JuV0hwRkNMZy9IbUNEQWx2N0c0NUQ1T2VXdHc5NWdZcVBPVXd0UlRZSndma05ZbGdZVUQwOXovT3dJemZRUm9BU2xpNlhqenF6RXk4OE4xUVdvbjJGUXJvWlNIOG1NcW5xdmx0OVh2SWg3blZ2a3huenJGN2YzY1hnNXlvZXF0aGtUNDVqdzEwSlJBY0pWZCtHbldpZndwNmV3K2Z3ZjN0bVU5N3hpSzJMVjlPbUowSG5rZkg1SlRReVVlejFqU3Q1SEhJcTBMRTkxckxKQlNjUFI5R3c4MytRdVZyTGxIYm9yeW5kZTg1S0ZXNTVtZzBYcnVZKzVIblFOUE9hTkR3d1YwUXNBWi9TZzBtMEsrTGk5aFR3dFJ0NVJMUkhUVG5Qc1dINWFSOCtaWkI2bTRBYXkvWi9aR3p1WXYySzg1dEJNYWhHQ0hCVXBPakdvOTJaaWdiUGtsUDIyWHYzcmNUWkdsd0JOQkNrOElZclNZOG02QW9MNVc0TFIrOENwR0ZPRkdMQnQ2YWxtd2JrK2wvQnlTS3JiQzRlYWxQRUJ4b2tzM0cyNzRXRGdPdDdmM2p4L2ZPNTF3Y0lnS1l6czA0SGtIKzFXczZZY1NNczRtMUxNUy8wL0tKSWc3cHBwMkpvRHM1Ny8yNkhFT3lsRktQSlFvbkxEaHVyWVpVbjIyZWZxdUtrRTA2TEthdzUrS1FNTzA3Lzk0ODIxWjlTeFhNczgiLCJkYXRha2V5IjoiQVFFQkFIaHdtMFlhSVNKZVJ0Sm01bjFHNnVxZWVrWHVvWFhQZTVVRmNlOVJxOC8xNHdBQUFINHdmQVlKS29aSWh2Y05BUWNHb0c4d2JRSUJBREJvQmdrcWhraUc5dzBCQndFd0hnWUpZSVpJQVdVREJBRXVNQkVFREFEKzZVUndqeS9VT21CTmlRSUJFSUE3ZHNUelNBL3B0Rm84UGN4cFlPVy9qdzZYemY5UG5uS0NnNHRWdnBBNldZVDhCZHExR2hPWmJ5OEFHelNhMko3OTl1K3YwZVd5TEwxVVg4bz0iLCJ2ZXJzaW9uIjoiMiIsInR5cGUiOiJEQVRBX0tFWSIsImV4cGlyYXRpb24iOjE3MDk3OTMwMjh9",
            "proxy_endpoint": "https://139464377685.dkr.ecr.us-east-1.amazonaws.com",
            "registry_id": null,
            "user_name": "AWS"
          },
          "sensitive_attributes": []
        }
      ]
    },
    {
      "module": "module.docker_image",
      "mode": "data",
      "type": "aws_caller_identity",
      "name": "this",
      "provider": "provider[\"registry.terraform.io/hashicorp/aws\"]",
      "instances": [
        {
          "schema_version": 0,
          "attributes": {
            "account_id": "139464377685",
            "arn": "arn:aws:sts::139464377685:assumed-role/AWSReservedSSO_AWSAdministratorAccess_a1d37e058008aa2e/eandrews_admin@whoi.edu",
            "id": "139464377685",
            "user_id": "AROASA6FZQVKXTDX4RQKP:eandrews_admin@whoi.edu"
          },
          "sensitive_attributes": []
        }
      ]
    },
    {
      "module": "module.docker_image",
      "mode": "data",
      "type": "aws_region",
      "name": "current",
      "provider": "provider[\"registry.terraform.io/hashicorp/aws\"]",
      "instances": [
        {
          "schema_version": 0,
          "attributes": {
            "description": "US East (N. Virginia)",
            "endpoint": "ec2.us-east-1.amazonaws.com",
            "id": "us-east-1",
            "name": "us-east-1"
          },
          "sensitive_attributes": []
        }
      ]
    },
    {
      "module": "module.docker_image",
      "mode": "managed",
      "type": "aws_ecr_repository",
      "name": "this",
      "provider": "provider[\"registry.terraform.io/hashicorp/aws\"]",
      "instances": [
        {
          "index_key": 0,
          "schema_version": 0,
          "attributes": {
            "arn": "arn:aws:ecr:us-east-1:139464377685:repository/ingest-class-scores-lambda",
            "encryption_configuration": [
              {
                "encryption_type": "AES256",
                "kms_key": ""
              }
            ],
            "force_delete": true,
            "id": "ingest-class-scores-lambda",
            "image_scanning_configuration": [
              {
                "scan_on_push": false
              }
            ],
            "image_tag_mutability": "MUTABLE",
            "name": "ingest-class-scores-lambda",
            "registry_id": "139464377685",
            "repository_url": "139464377685.dkr.ecr.us-east-1.amazonaws.com/ingest-class-scores-lambda",
            "tags": {},
            "tags_all": {},
            "timeouts": null
          },
          "sensitive_attributes": [],
          "private": "eyJlMmJmYjczMC1lY2FhLTExZTYtOGY4OC0zNDM2M2JjN2M0YzAiOnsiZGVsZXRlIjoxMjAwMDAwMDAwMDAwfX0="
        }
      ]
    },
    {
      "module": "module.docker_image",
      "mode": "managed",
      "type": "docker_image",
      "name": "this",
      "provider": "provider[\"registry.terraform.io/kreuzwerker/docker\"]",
      "instances": [
        {
          "schema_version": 0,
          "attributes": {
            "build": [
              {
                "auth_config": [],
                "build_arg": null,
                "build_args": null,
                "build_id": "",
                "cache_from": [],
                "cgroup_parent": "",
                "context": "./../lambdas/ingest-class-scores",
                "cpu_period": null,
                "cpu_quota": null,
                "cpu_set_cpus": "",
                "cpu_set_mems": "",
                "cpu_shares": null,
                "dockerfile": "Dockerfile",
                "extra_hosts": [],
                "force_remove": null,
                "isolation": "",
                "label": null,
                "labels": null,
                "memory": null,
                "memory_swap": null,
                "network_mode": "",
                "no_cache": null,
                "platform": "",
                "pull_parent": null,
                "remote_context": "",
                "remove": true,
                "security_opt": [],
                "session_id": "",
                "shm_size": null,
                "squash": null,
                "suppress_output": null,
                "tag": [],
                "target": "",
                "ulimit": [],
                "version": ""
              }
            ],
            "force_remove": false,
            "id": "sha256:d77f84656f32d56e2487df79512bd8ae4a956d02c7e83875b34cb0d0b7dce3ab139464377685.dkr.ecr.us-east-1.amazonaws.com/ingest-class-scores-lambda:1",
            "image_id": "sha256:d77f84656f32d56e2487df79512bd8ae4a956d02c7e83875b34cb0d0b7dce3ab",
            "keep_locally": false,
            "name": "139464377685.dkr.ecr.us-east-1.amazonaws.com/ingest-class-scores-lambda:1",
            "platform": null,
            "pull_triggers": null,
            "repo_digest": "",
            "triggers": null
          },
          "sensitive_attributes": [],
          "private": "bnVsbA==",
          "dependencies": [
            "data.aws_ecr_authorization_token.token",
            "module.docker_image.aws_ecr_repository.this",
            "module.docker_image.data.aws_caller_identity.this",
            "module.docker_image.data.aws_region.current"
          ]
        }
      ]
    },
    {
      "module": "module.docker_image",
      "mode": "managed",
      "type": "docker_registry_image",
      "name": "this",
      "provider": "provider[\"registry.terraform.io/kreuzwerker/docker\"]",
      "instances": [
        {
          "schema_version": 0,
          "attributes": {
            "id": "sha256:d466f825de1e95c2eda5164c8cd9f624fabf48889a1902bd3c9f99fa8218b161",
            "insecure_skip_verify": false,
            "keep_remotely": false,
            "name": "139464377685.dkr.ecr.us-east-1.amazonaws.com/ingest-class-scores-lambda:1",
            "sha256_digest": "sha256:d466f825de1e95c2eda5164c8cd9f624fabf48889a1902bd3c9f99fa8218b161",
            "triggers": {
              "image_id": "sha256:d77f84656f32d56e2487df79512bd8ae4a956d02c7e83875b34cb0d0b7dce3ab"
            }
          },
          "sensitive_attributes": [],
          "private": "bnVsbA==",
          "dependencies": [
            "data.aws_ecr_authorization_token.token",
            "module.docker_image.aws_ecr_repository.this",
            "module.docker_image.data.aws_caller_identity.this",
            "module.docker_image.data.aws_region.current",
            "module.docker_image.docker_image.this"
          ]
        }
      ]
    },
    {
      "module": "module.lambda_function",
      "mode": "data",
      "type": "aws_caller_identity",
      "name": "current",
      "provider": "provider[\"registry.terraform.io/hashicorp/aws\"]",
      "instances": [
        {
          "schema_version": 0,
          "attributes": {
            "account_id": "139464377685",
            "arn": "arn:aws:sts::139464377685:assumed-role/AWSReservedSSO_AWSAdministratorAccess_a1d37e058008aa2e/eandrews_admin@whoi.edu",
            "id": "139464377685",
            "user_id": "AROASA6FZQVKXTDX4RQKP:eandrews_admin@whoi.edu"
          },
          "sensitive_attributes": []
        }
      ]
    },
    {
      "module": "module.lambda_function",
      "mode": "data",
      "type": "aws_iam_policy_document",
      "name": "additional_inline",
      "provider": "provider[\"registry.terraform.io/hashicorp/aws\"]",
      "instances": [
        {
          "index_key": 0,
          "schema_version": 0,
          "attributes": {
            "id": "2311476677",
            "json": "{\n  \"Version\": \"2012-10-17\",\n  \"Statement\": [\n    {\n      \"Sid\": \"GetS3Objects\",\n      \"Effect\": \"Allow\",\n      \"Action\": \"s3:GetObject\",\n      \"Resource\": \"*\"\n    }\n  ]\n}",
            "override_policy_documents": null,
            "policy_id": null,
            "source_policy_documents": null,
            "statement": [
              {
                "actions": [
                  "s3:GetObject"
                ],
                "condition": [],
                "effect": "Allow",
                "not_actions": [],
                "not_principals": [],
                "not_resources": [],
                "principals": [],
                "resources": [
                  "*"
                ],
                "sid": "GetS3Objects"
              }
            ],
            "version": "2012-10-17"
          },
          "sensitive_attributes": []
        }
      ]
    },
    {
      "module": "module.lambda_function",
      "mode": "data",
      "type": "aws_iam_policy_document",
      "name": "assume_role",
      "provider": "provider[\"registry.terraform.io/hashicorp/aws\"]",
      "instances": [
        {
          "index_key": 0,
          "schema_version": 0,
          "attributes": {
            "id": "2690255455",
            "json": "{\n  \"Version\": \"2012-10-17\",\n  \"Statement\": [\n    {\n      \"Effect\": \"Allow\",\n      \"Action\": \"sts:AssumeRole\",\n      \"Principal\": {\n        \"Service\": \"lambda.amazonaws.com\"\n      }\n    }\n  ]\n}",
            "override_policy_documents": null,
            "policy_id": null,
            "source_policy_documents": null,
            "statement": [
              {
                "actions": [
                  "sts:AssumeRole"
                ],
                "condition": [],
                "effect": "Allow",
                "not_actions": [],
                "not_principals": [],
                "not_resources": [],
                "principals": [
                  {
                    "identifiers": [
                      "lambda.amazonaws.com"
                    ],
                    "type": "Service"
                  }
                ],
                "resources": [],
                "sid": ""
              }
            ],
            "version": "2012-10-17"
          },
          "sensitive_attributes": []
        }
      ]
    },
    {
      "module": "module.lambda_function",
      "mode": "data",
      "type": "aws_iam_policy_document",
      "name": "logs",
      "provider": "provider[\"registry.terraform.io/hashicorp/aws\"]",
      "instances": [
        {
          "index_key": 0,
          "schema_version": 0,
          "attributes": {
            "id": "2742649719",
            "json": "{\n  \"Version\": \"2012-10-17\",\n  \"Statement\": [\n    {\n      \"Effect\": \"Allow\",\n      \"Action\": [\n        \"logs:PutLogEvents\",\n        \"logs:CreateLogStream\",\n        \"logs:CreateLogGroup\"\n      ],\n      \"Resource\": [\n        \"arn:aws:logs:us-east-1:139464377685:log-group:/aws/lambda/ingest-class-scores-lambda:*:*\",\n        \"arn:aws:logs:us-east-1:139464377685:log-group:/aws/lambda/ingest-class-scores-lambda:*\"\n      ]\n    }\n  ]\n}",
            "override_policy_documents": null,
            "policy_id": null,
            "source_policy_documents": null,
            "statement": [
              {
                "actions": [
                  "logs:CreateLogGroup",
                  "logs:CreateLogStream",
                  "logs:PutLogEvents"
                ],
                "condition": [],
                "effect": "Allow",
                "not_actions": [],
                "not_principals": [],
                "not_resources": [],
                "principals": [],
                "resources": [
                  "arn:aws:logs:us-east-1:139464377685:log-group:/aws/lambda/ingest-class-scores-lambda:*",
                  "arn:aws:logs:us-east-1:139464377685:log-group:/aws/lambda/ingest-class-scores-lambda:*:*"
                ],
                "sid": ""
              }
            ],
            "version": "2012-10-17"
          },
          "sensitive_attributes": []
        }
      ]
    },
    {
      "module": "module.lambda_function",
      "mode": "data",
      "type": "aws_partition",
      "name": "current",
      "provider": "provider[\"registry.terraform.io/hashicorp/aws\"]",
      "instances": [
        {
          "schema_version": 0,
          "attributes": {
            "dns_suffix": "amazonaws.com",
            "id": "aws",
            "partition": "aws",
            "reverse_dns_prefix": "com.amazonaws"
          },
          "sensitive_attributes": []
        }
      ]
    },
    {
      "module": "module.lambda_function",
      "mode": "data",
      "type": "aws_region",
      "name": "current",
      "provider": "provider[\"registry.terraform.io/hashicorp/aws\"]",
      "instances": [
        {
          "schema_version": 0,
          "attributes": {
            "description": "US East (N. Virginia)",
            "endpoint": "ec2.us-east-1.amazonaws.com",
            "id": "us-east-1",
            "name": "us-east-1"
          },
          "sensitive_attributes": []
        }
      ]
    },
    {
      "module": "module.lambda_function",
      "mode": "managed",
      "type": "aws_cloudwatch_log_group",
      "name": "lambda",
      "provider": "provider[\"registry.terraform.io/hashicorp/aws\"]",
      "instances": [
        {
          "index_key": 0,
          "schema_version": 0,
          "attributes": {
            "arn": "arn:aws:logs:us-east-1:139464377685:log-group:/aws/lambda/ingest-class-scores-lambda",
            "id": "/aws/lambda/ingest-class-scores-lambda",
            "kms_key_id": "",
            "log_group_class": "STANDARD",
            "name": "/aws/lambda/ingest-class-scores-lambda",
            "name_prefix": "",
            "retention_in_days": 0,
            "skip_destroy": false,
            "tags": {},
            "tags_all": {}
          },
          "sensitive_attributes": [],
          "private": "bnVsbA=="
        }
      ]
    },
    {
      "module": "module.lambda_function",
      "mode": "managed",
      "type": "aws_iam_policy",
      "name": "additional_inline",
      "provider": "provider[\"registry.terraform.io/hashicorp/aws\"]",
      "instances": [
        {
          "index_key": 0,
          "schema_version": 0,
          "attributes": {
            "arn": "arn:aws:iam::139464377685:policy/ingest-class-scores-lambda-inline",
            "description": "",
            "id": "arn:aws:iam::139464377685:policy/ingest-class-scores-lambda-inline",
            "name": "ingest-class-scores-lambda-inline",
            "name_prefix": "",
            "path": "/",
            "policy": "{\"Statement\":[{\"Action\":\"s3:GetObject\",\"Effect\":\"Allow\",\"Resource\":\"*\",\"Sid\":\"GetS3Objects\"}],\"Version\":\"2012-10-17\"}",
            "policy_id": "ANPASA6FZQVK2ABDH64OF",
            "tags": {},
            "tags_all": {}
          },
          "sensitive_attributes": [],
          "private": "bnVsbA==",
          "dependencies": [
            "module.lambda_function.data.aws_iam_policy_document.additional_inline"
          ]
        }
      ]
    },
    {
      "module": "module.lambda_function",
      "mode": "managed",
      "type": "aws_iam_policy",
      "name": "logs",
      "provider": "provider[\"registry.terraform.io/hashicorp/aws\"]",
      "instances": [
        {
          "index_key": 0,
          "schema_version": 0,
          "attributes": {
            "arn": "arn:aws:iam::139464377685:policy/ingest-class-scores-lambda-logs",
            "description": "",
            "id": "arn:aws:iam::139464377685:policy/ingest-class-scores-lambda-logs",
            "name": "ingest-class-scores-lambda-logs",
            "name_prefix": "",
            "path": "/",
            "policy": "{\"Statement\":[{\"Action\":[\"logs:PutLogEvents\",\"logs:CreateLogStream\",\"logs:CreateLogGroup\"],\"Effect\":\"Allow\",\"Resource\":[\"arn:aws:logs:us-east-1:139464377685:log-group:/aws/lambda/ingest-class-scores-lambda:*:*\",\"arn:aws:logs:us-east-1:139464377685:log-group:/aws/lambda/ingest-class-scores-lambda:*\"]}],\"Version\":\"2012-10-17\"}",
            "policy_id": "ANPASA6FZQVKXWJZXHFF5",
            "tags": {},
            "tags_all": {}
          },
          "sensitive_attributes": [],
          "private": "bnVsbA==",
          "dependencies": [
            "module.lambda_function.aws_cloudwatch_log_group.lambda",
            "module.lambda_function.data.aws_arn.log_group_arn",
            "module.lambda_function.data.aws_cloudwatch_log_group.lambda",
            "module.lambda_function.data.aws_iam_policy_document.logs"
          ]
        }
      ]
    },
    {
      "module": "module.lambda_function",
      "mode": "managed",
      "type": "aws_iam_role",
      "name": "lambda",
      "provider": "provider[\"registry.terraform.io/hashicorp/aws\"]",
      "instances": [
        {
          "index_key": 0,
          "schema_version": 0,
          "attributes": {
            "arn": "arn:aws:iam::139464377685:role/ingest-class-scores-lambda",
            "assume_role_policy": "{\"Statement\":[{\"Action\":\"sts:AssumeRole\",\"Effect\":\"Allow\",\"Principal\":{\"Service\":\"lambda.amazonaws.com\"}}],\"Version\":\"2012-10-17\"}",
            "create_date": "2024-03-05T19:47:40Z",
            "description": "",
            "force_detach_policies": true,
            "id": "ingest-class-scores-lambda",
            "inline_policy": [],
            "managed_policy_arns": [
              "arn:aws:iam::139464377685:policy/ingest-class-scores-lambda-inline",
              "arn:aws:iam::139464377685:policy/ingest-class-scores-lambda-logs"
            ],
            "max_session_duration": 3600,
            "name": "ingest-class-scores-lambda",
            "name_prefix": "",
            "path": "/",
            "permissions_boundary": "",
            "tags": {},
            "tags_all": {},
            "unique_id": "AROASA6FZQVK5XH5BIUS2"
          },
          "sensitive_attributes": [],
          "private": "bnVsbA==",
          "dependencies": [
            "module.lambda_function.data.aws_iam_policy_document.assume_role"
          ]
        }
      ]
    },
    {
      "module": "module.lambda_function",
      "mode": "managed",
      "type": "aws_iam_role_policy_attachment",
      "name": "additional_inline",
      "provider": "provider[\"registry.terraform.io/hashicorp/aws\"]",
      "instances": [
        {
          "index_key": 0,
          "schema_version": 0,
          "attributes": {
            "id": "ingest-class-scores-lambda-20240306181134958800000001",
            "policy_arn": "arn:aws:iam::139464377685:policy/ingest-class-scores-lambda-inline",
            "role": "ingest-class-scores-lambda"
          },
          "sensitive_attributes": [],
          "private": "bnVsbA==",
          "dependencies": [
            "module.lambda_function.aws_iam_policy.additional_inline",
            "module.lambda_function.aws_iam_role.lambda",
            "module.lambda_function.data.aws_iam_policy_document.additional_inline",
            "module.lambda_function.data.aws_iam_policy_document.assume_role"
          ]
        }
      ]
    },
    {
      "module": "module.lambda_function",
      "mode": "managed",
      "type": "aws_iam_role_policy_attachment",
      "name": "logs",
      "provider": "provider[\"registry.terraform.io/hashicorp/aws\"]",
      "instances": [
        {
          "index_key": 0,
          "schema_version": 0,
          "attributes": {
            "id": "ingest-class-scores-lambda-20240305194740678400000001",
            "policy_arn": "arn:aws:iam::139464377685:policy/ingest-class-scores-lambda-logs",
            "role": "ingest-class-scores-lambda"
          },
          "sensitive_attributes": [],
          "private": "bnVsbA==",
          "dependencies": [
            "module.lambda_function.aws_cloudwatch_log_group.lambda",
            "module.lambda_function.aws_iam_policy.logs",
            "module.lambda_function.aws_iam_role.lambda",
            "module.lambda_function.data.aws_arn.log_group_arn",
            "module.lambda_function.data.aws_cloudwatch_log_group.lambda",
            "module.lambda_function.data.aws_iam_policy_document.assume_role",
            "module.lambda_function.data.aws_iam_policy_document.logs"
          ]
        }
      ]
    },
    {
      "module": "module.lambda_function",
      "mode": "managed",
      "type": "aws_lambda_function",
      "name": "this",
      "provider": "provider[\"registry.terraform.io/hashicorp/aws\"]",
      "instances": [
        {
          "index_key": 0,
          "schema_version": 0,
          "attributes": {
            "architectures": [
              "x86_64"
            ],
            "arn": "arn:aws:lambda:us-east-1:139464377685:function:ingest-class-scores-lambda",
            "code_signing_config_arn": "",
            "dead_letter_config": [],
            "description": "Ingest classifier scores from H5 files",
            "environment": [],
            "ephemeral_storage": [
              {
                "size": 512
              }
            ],
            "file_system_config": [],
            "filename": null,
            "function_name": "ingest-class-scores-lambda",
            "handler": "",
            "id": "ingest-class-scores-lambda",
            "image_config": [],
            "image_uri": "139464377685.dkr.ecr.us-east-1.amazonaws.com/ingest-class-scores-lambda:1",
            "invoke_arn": "arn:aws:apigateway:us-east-1:lambda:path/2015-03-31/functions/arn:aws:lambda:us-east-1:139464377685:function:ingest-class-scores-lambda/invocations",
            "kms_key_arn": "",
            "last_modified": "2024-03-06T18:31:25.000+0000",
            "layers": [],
            "logging_config": [
              {
                "application_log_level": "",
                "log_format": "Text",
                "log_group": "/aws/lambda/ingest-class-scores-lambda",
                "system_log_level": ""
              }
            ],
            "memory_size": 2000,
            "package_type": "Image",
            "publish": true,
            "qualified_arn": "arn:aws:lambda:us-east-1:139464377685:function:ingest-class-scores-lambda:11",
            "qualified_invoke_arn": "arn:aws:apigateway:us-east-1:lambda:path/2015-03-31/functions/arn:aws:lambda:us-east-1:139464377685:function:ingest-class-scores-lambda:11/invocations",
            "replace_security_groups_on_destroy": null,
            "replacement_security_group_ids": null,
            "reserved_concurrent_executions": -1,
            "role": "arn:aws:iam::139464377685:role/ingest-class-scores-lambda",
            "runtime": "",
            "s3_bucket": null,
            "s3_key": null,
            "s3_object_version": null,
            "signing_job_arn": "",
            "signing_profile_version_arn": "",
            "skip_destroy": false,
            "snap_start": [],
            "source_code_hash": "d466f825de1e95c2eda5164c8cd9f624fabf48889a1902bd3c9f99fa8218b161",
            "source_code_size": 0,
            "tags": {},
            "tags_all": {},
            "timeout": 300,
            "timeouts": null,
            "tracing_config": [
              {
                "mode": "PassThrough"
              }
            ],
            "version": "11",
            "vpc_config": []
          },
          "sensitive_attributes": [],
          "private": "eyJlMmJmYjczMC1lY2FhLTExZTYtOGY4OC0zNDM2M2JjN2M0YzAiOnsiY3JlYXRlIjo2MDAwMDAwMDAwMDAsImRlbGV0ZSI6NjAwMDAwMDAwMDAwLCJ1cGRhdGUiOjYwMDAwMDAwMDAwMH19",
          "dependencies": [
            "data.aws_ecr_authorization_token.token",
            "module.docker_image.aws_ecr_repository.this",
            "module.docker_image.data.aws_caller_identity.this",
            "module.docker_image.data.aws_region.current",
            "module.docker_image.docker_image.this",
            "module.docker_image.docker_registry_image.this",
            "module.lambda_function.aws_cloudwatch_log_group.lambda",
            "module.lambda_function.aws_iam_role.lambda",
            "module.lambda_function.aws_iam_role_policy_attachment.additional_inline",
            "module.lambda_function.aws_iam_role_policy_attachment.additional_json",
            "module.lambda_function.aws_iam_role_policy_attachment.additional_jsons",
            "module.lambda_function.aws_iam_role_policy_attachment.additional_many",
            "module.lambda_function.aws_iam_role_policy_attachment.additional_one",
            "module.lambda_function.aws_iam_role_policy_attachment.async",
            "module.lambda_function.aws_iam_role_policy_attachment.dead_letter",
            "module.lambda_function.aws_iam_role_policy_attachment.logs",
            "module.lambda_function.aws_iam_role_policy_attachment.tracing",
            "module.lambda_function.aws_iam_role_policy_attachment.vpc",
            "module.lambda_function.aws_s3_object.lambda_package",
            "module.lambda_function.data.aws_partition.current",
            "module.lambda_function.data.external.archive_prepare",
            "module.lambda_function.null_resource.archive"
          ]
        }
      ]
    },
    {
      "module": "module.lambda_function",
      "mode": "managed",
      "type": "aws_lambda_permission",
      "name": "current_version_triggers",
      "provider": "provider[\"registry.terraform.io/hashicorp/aws\"]",
      "instances": [
        {
          "index_key": "AllowExecutionFromS3Bucket",
          "schema_version": 0,
          "attributes": {
            "action": "lambda:InvokeFunction",
            "event_source_token": null,
            "function_name": "ingest-class-scores-lambda",
            "function_url_auth_type": null,
            "id": "AllowExecutionFromS3Bucket",
            "principal": "s3.amazonaws.com",
            "principal_org_id": null,
            "qualifier": "11",
            "source_account": null,
            "source_arn": "arn:aws:s3:::habhub.cnn-classifier-files",
            "statement_id": "AllowExecutionFromS3Bucket",
            "statement_id_prefix": ""
          },
          "sensitive_attributes": [],
          "private": "bnVsbA==",
          "dependencies": [
            "data.aws_ecr_authorization_token.token",
            "module.docker_image.aws_ecr_repository.this",
            "module.docker_image.data.aws_caller_identity.this",
            "module.docker_image.data.aws_region.current",
            "module.docker_image.docker_image.this",
            "module.docker_image.docker_registry_image.this",
            "module.lambda_function.aws_cloudwatch_log_group.lambda",
            "module.lambda_function.aws_iam_role.lambda",
            "module.lambda_function.aws_iam_role_policy_attachment.additional_inline",
            "module.lambda_function.aws_iam_role_policy_attachment.additional_json",
            "module.lambda_function.aws_iam_role_policy_attachment.additional_jsons",
            "module.lambda_function.aws_iam_role_policy_attachment.additional_many",
            "module.lambda_function.aws_iam_role_policy_attachment.additional_one",
            "module.lambda_function.aws_iam_role_policy_attachment.async",
            "module.lambda_function.aws_iam_role_policy_attachment.dead_letter",
            "module.lambda_function.aws_iam_role_policy_attachment.logs",
            "module.lambda_function.aws_iam_role_policy_attachment.tracing",
            "module.lambda_function.aws_iam_role_policy_attachment.vpc",
            "module.lambda_function.aws_lambda_function.this",
            "module.lambda_function.aws_s3_object.lambda_package",
            "module.lambda_function.data.aws_partition.current",
            "module.lambda_function.data.external.archive_prepare",
            "module.lambda_function.null_resource.archive",
            "module.s3_bucket.aws_s3_bucket.this"
          ]
        }
      ]
    },
    {
      "module": "module.lambda_function",
      "mode": "managed",
      "type": "aws_lambda_permission",
      "name": "unqualified_alias_triggers",
      "provider": "provider[\"registry.terraform.io/hashicorp/aws\"]",
      "instances": [
        {
          "index_key": "AllowExecutionFromS3Bucket",
          "schema_version": 0,
          "attributes": {
            "action": "lambda:InvokeFunction",
            "event_source_token": null,
            "function_name": "ingest-class-scores-lambda",
            "function_url_auth_type": null,
            "id": "AllowExecutionFromS3Bucket",
            "principal": "s3.amazonaws.com",
            "principal_org_id": null,
            "qualifier": "",
            "source_account": null,
            "source_arn": "arn:aws:s3:::habhub.cnn-classifier-files",
            "statement_id": "AllowExecutionFromS3Bucket",
            "statement_id_prefix": ""
          },
          "sensitive_attributes": [],
          "private": "bnVsbA==",
          "dependencies": [
            "data.aws_ecr_authorization_token.token",
            "module.docker_image.aws_ecr_repository.this",
            "module.docker_image.data.aws_caller_identity.this",
            "module.docker_image.data.aws_region.current",
            "module.docker_image.docker_image.this",
            "module.docker_image.docker_registry_image.this",
            "module.lambda_function.aws_cloudwatch_log_group.lambda",
            "module.lambda_function.aws_iam_policy.additional_inline",
            "module.lambda_function.aws_iam_policy.additional_json",
            "module.lambda_function.aws_iam_policy.additional_jsons",
            "module.lambda_function.aws_iam_policy.async",
            "module.lambda_function.aws_iam_policy.dead_letter",
            "module.lambda_function.aws_iam_policy.logs",
            "module.lambda_function.aws_iam_policy.tracing",
            "module.lambda_function.aws_iam_policy.vpc",
            "module.lambda_function.aws_iam_role.lambda",
            "module.lambda_function.aws_iam_role_policy_attachment.additional_inline",
            "module.lambda_function.aws_iam_role_policy_attachment.additional_json",
            "module.lambda_function.aws_iam_role_policy_attachment.additional_jsons",
            "module.lambda_function.aws_iam_role_policy_attachment.additional_many",
            "module.lambda_function.aws_iam_role_policy_attachment.additional_one",
            "module.lambda_function.aws_iam_role_policy_attachment.async",
            "module.lambda_function.aws_iam_role_policy_attachment.dead_letter",
            "module.lambda_function.aws_iam_role_policy_attachment.logs",
            "module.lambda_function.aws_iam_role_policy_attachment.tracing",
            "module.lambda_function.aws_iam_role_policy_attachment.vpc",
            "module.lambda_function.aws_lambda_function.this",
            "module.lambda_function.aws_s3_object.lambda_package",
            "module.lambda_function.data.aws_arn.log_group_arn",
            "module.lambda_function.data.aws_cloudwatch_log_group.lambda",
            "module.lambda_function.data.aws_iam_policy.tracing",
            "module.lambda_function.data.aws_iam_policy.vpc",
            "module.lambda_function.data.aws_iam_policy_document.additional_inline",
            "module.lambda_function.data.aws_iam_policy_document.assume_role",
            "module.lambda_function.data.aws_iam_policy_document.async",
            "module.lambda_function.data.aws_iam_policy_document.dead_letter",
            "module.lambda_function.data.aws_iam_policy_document.logs",
            "module.lambda_function.data.aws_partition.current",
            "module.lambda_function.data.external.archive_prepare",
            "module.lambda_function.local_file.archive_plan",
            "module.lambda_function.null_resource.archive",
            "module.s3_bucket.aws_s3_bucket.this"
          ]
        }
      ]
    },
    {
      "module": "module.s3_bucket",
      "mode": "data",
      "type": "aws_caller_identity",
      "name": "current",
      "provider": "provider[\"registry.terraform.io/hashicorp/aws\"]",
      "instances": [
        {
          "schema_version": 0,
          "attributes": {
            "account_id": "139464377685",
            "arn": "arn:aws:sts::139464377685:assumed-role/AWSReservedSSO_AWSAdministratorAccess_a1d37e058008aa2e/eandrews_admin@whoi.edu",
            "id": "139464377685",
            "user_id": "AROASA6FZQVKXTDX4RQKP:eandrews_admin@whoi.edu"
          },
          "sensitive_attributes": []
        }
      ]
    },
    {
      "module": "module.s3_bucket",
      "mode": "data",
      "type": "aws_canonical_user_id",
      "name": "this",
      "provider": "provider[\"registry.terraform.io/hashicorp/aws\"]",
      "instances": [
        {
          "index_key": 0,
          "schema_version": 0,
          "attributes": {
            "display_name": "habhub+aws-management",
            "id": "bf550d8b973e962e8649a9386e1342bd10f6de14310d9b5de771db6bb2b97cc9"
          },
          "sensitive_attributes": []
        }
      ]
    },
    {
      "module": "module.s3_bucket",
      "mode": "data",
      "type": "aws_partition",
      "name": "current",
      "provider": "provider[\"registry.terraform.io/hashicorp/aws\"]",
      "instances": [
        {
          "schema_version": 0,
          "attributes": {
            "dns_suffix": "amazonaws.com",
            "id": "aws",
            "partition": "aws",
            "reverse_dns_prefix": "com.amazonaws"
          },
          "sensitive_attributes": []
        }
      ]
    },
    {
      "module": "module.s3_bucket",
      "mode": "data",
      "type": "aws_region",
      "name": "current",
      "provider": "provider[\"registry.terraform.io/hashicorp/aws\"]",
      "instances": [
        {
          "schema_version": 0,
          "attributes": {
            "description": "US East (N. Virginia)",
            "endpoint": "ec2.us-east-1.amazonaws.com",
            "id": "us-east-1",
            "name": "us-east-1"
          },
          "sensitive_attributes": []
        }
      ]
    },
    {
      "module": "module.s3_bucket",
      "mode": "managed",
      "type": "aws_s3_bucket",
      "name": "this",
      "provider": "provider[\"registry.terraform.io/hashicorp/aws\"]",
      "instances": [
        {
          "index_key": 0,
          "schema_version": 0,
          "attributes": {
            "acceleration_status": "",
            "acl": null,
            "arn": "arn:aws:s3:::habhub.cnn-classifier-files",
            "bucket": "habhub.cnn-classifier-files",
            "bucket_domain_name": "habhub.cnn-classifier-files.s3.amazonaws.com",
            "bucket_prefix": "",
            "bucket_regional_domain_name": "habhub.cnn-classifier-files.s3.us-east-1.amazonaws.com",
            "cors_rule": [],
            "force_destroy": true,
            "grant": [
              {
                "id": "bf550d8b973e962e8649a9386e1342bd10f6de14310d9b5de771db6bb2b97cc9",
                "permissions": [
                  "FULL_CONTROL"
                ],
                "type": "CanonicalUser",
                "uri": ""
              }
            ],
            "hosted_zone_id": "Z3AQBSTGFYJSTF",
            "id": "habhub.cnn-classifier-files",
            "lifecycle_rule": [],
            "logging": [],
            "object_lock_configuration": [],
            "object_lock_enabled": false,
            "policy": "",
            "region": "us-east-1",
            "replication_configuration": [],
            "request_payer": "BucketOwner",
            "server_side_encryption_configuration": [
              {
                "rule": [
                  {
                    "apply_server_side_encryption_by_default": [
                      {
                        "kms_master_key_id": "",
                        "sse_algorithm": "AES256"
                      }
                    ],
                    "bucket_key_enabled": false
                  }
                ]
              }
            ],
            "tags": {},
            "tags_all": {},
            "timeouts": null,
            "versioning": [
              {
                "enabled": false,
                "mfa_delete": false
              }
            ],
            "website": [],
            "website_domain": null,
            "website_endpoint": null
          },
          "sensitive_attributes": [],
          "private": "eyJlMmJmYjczMC1lY2FhLTExZTYtOGY4OC0zNDM2M2JjN2M0YzAiOnsiY3JlYXRlIjoxMjAwMDAwMDAwMDAwLCJkZWxldGUiOjM2MDAwMDAwMDAwMDAsInJlYWQiOjEyMDAwMDAwMDAwMDAsInVwZGF0ZSI6MTIwMDAwMDAwMDAwMH19"
        }
      ]
    },
    {
      "module": "module.s3_bucket",
      "mode": "managed",
      "type": "aws_s3_bucket_acl",
      "name": "this",
      "provider": "provider[\"registry.terraform.io/hashicorp/aws\"]",
      "instances": [
        {
          "index_key": 0,
          "schema_version": 0,
          "attributes": {
            "access_control_policy": [
              {
                "grant": [
                  {
                    "grantee": [
                      {
                        "display_name": "habhub+aws-management",
                        "email_address": "",
                        "id": "bf550d8b973e962e8649a9386e1342bd10f6de14310d9b5de771db6bb2b97cc9",
                        "type": "CanonicalUser",
                        "uri": ""
                      }
                    ],
                    "permission": "FULL_CONTROL"
                  }
                ],
                "owner": [
                  {
                    "display_name": "habhub+aws-management",
                    "id": "bf550d8b973e962e8649a9386e1342bd10f6de14310d9b5de771db6bb2b97cc9"
                  }
                ]
              }
            ],
            "acl": "private",
            "bucket": "habhub.cnn-classifier-files",
            "expected_bucket_owner": "",
            "id": "habhub.cnn-classifier-files,private"
          },
          "sensitive_attributes": [],
          "private": "bnVsbA==",
          "dependencies": [
            "module.s3_bucket.aws_s3_bucket.this",
            "module.s3_bucket.aws_s3_bucket_ownership_controls.this",
            "module.s3_bucket.aws_s3_bucket_policy.this",
            "module.s3_bucket.aws_s3_bucket_public_access_block.this",
            "module.s3_bucket.data.aws_caller_identity.current",
            "module.s3_bucket.data.aws_canonical_user_id.this",
            "module.s3_bucket.data.aws_iam_policy_document.access_log_delivery",
            "module.s3_bucket.data.aws_iam_policy_document.combined",
            "module.s3_bucket.data.aws_iam_policy_document.deny_incorrect_encryption_headers",
            "module.s3_bucket.data.aws_iam_policy_document.deny_incorrect_kms_key_sse",
            "module.s3_bucket.data.aws_iam_policy_document.deny_insecure_transport",
            "module.s3_bucket.data.aws_iam_policy_document.deny_unencrypted_object_uploads",
            "module.s3_bucket.data.aws_iam_policy_document.elb_log_delivery",
            "module.s3_bucket.data.aws_iam_policy_document.inventory_and_analytics_destination_policy",
            "module.s3_bucket.data.aws_iam_policy_document.lb_log_delivery",
            "module.s3_bucket.data.aws_iam_policy_document.require_latest_tls",
            "module.s3_bucket.data.aws_partition.current",
            "module.s3_bucket.data.aws_region.current"
          ]
        }
      ]
    },
    {
      "module": "module.s3_bucket",
      "mode": "managed",
      "type": "aws_s3_bucket_ownership_controls",
      "name": "this",
      "provider": "provider[\"registry.terraform.io/hashicorp/aws\"]",
      "instances": [
        {
          "index_key": 0,
          "schema_version": 0,
          "attributes": {
            "bucket": "habhub.cnn-classifier-files",
            "id": "habhub.cnn-classifier-files",
            "rule": [
              {
                "object_ownership": "ObjectWriter"
              }
            ]
          },
          "sensitive_attributes": [],
          "private": "bnVsbA==",
          "dependencies": [
            "module.s3_bucket.aws_s3_bucket.this",
            "module.s3_bucket.aws_s3_bucket_policy.this",
            "module.s3_bucket.aws_s3_bucket_public_access_block.this",
            "module.s3_bucket.data.aws_caller_identity.current",
            "module.s3_bucket.data.aws_iam_policy_document.access_log_delivery",
            "module.s3_bucket.data.aws_iam_policy_document.combined",
            "module.s3_bucket.data.aws_iam_policy_document.deny_incorrect_encryption_headers",
            "module.s3_bucket.data.aws_iam_policy_document.deny_incorrect_kms_key_sse",
            "module.s3_bucket.data.aws_iam_policy_document.deny_insecure_transport",
            "module.s3_bucket.data.aws_iam_policy_document.deny_unencrypted_object_uploads",
            "module.s3_bucket.data.aws_iam_policy_document.elb_log_delivery",
            "module.s3_bucket.data.aws_iam_policy_document.inventory_and_analytics_destination_policy",
            "module.s3_bucket.data.aws_iam_policy_document.lb_log_delivery",
            "module.s3_bucket.data.aws_iam_policy_document.require_latest_tls",
            "module.s3_bucket.data.aws_partition.current",
            "module.s3_bucket.data.aws_region.current"
          ]
        }
      ]
    },
    {
      "module": "module.s3_bucket",
      "mode": "managed",
      "type": "aws_s3_bucket_public_access_block",
      "name": "this",
      "provider": "provider[\"registry.terraform.io/hashicorp/aws\"]",
      "instances": [
        {
          "index_key": 0,
          "schema_version": 0,
          "attributes": {
            "block_public_acls": true,
            "block_public_policy": true,
            "bucket": "habhub.cnn-classifier-files",
            "id": "habhub.cnn-classifier-files",
            "ignore_public_acls": true,
            "restrict_public_buckets": true
          },
          "sensitive_attributes": [],
          "private": "bnVsbA==",
          "dependencies": [
            "module.s3_bucket.aws_s3_bucket.this"
          ]
        }
      ]
    },
    {
      "module": "module.s3_notification",
      "mode": "data",
      "type": "aws_partition",
      "name": "this",
      "provider": "provider[\"registry.terraform.io/hashicorp/aws\"]",
      "instances": [
        {
          "schema_version": 0,
          "attributes": {
            "dns_suffix": "amazonaws.com",
            "id": "aws",
            "partition": "aws",
            "reverse_dns_prefix": "com.amazonaws"
          },
          "sensitive_attributes": []
        }
      ]
    },
    {
      "module": "module.s3_notification",
      "mode": "managed",
      "type": "aws_lambda_permission",
      "name": "allow",
      "provider": "provider[\"registry.terraform.io/hashicorp/aws\"]",
      "instances": [
        {
          "index_key": "lambda1",
          "schema_version": 0,
          "attributes": {
            "action": "lambda:InvokeFunction",
            "event_source_token": null,
            "function_name": "ingest-class-scores-lambda",
            "function_url_auth_type": null,
            "id": "AllowLambdaS3BucketNotification-20240306161931956700000001",
            "principal": "s3.amazonaws.com",
            "principal_org_id": null,
            "qualifier": "",
            "source_account": null,
            "source_arn": "arn:aws:s3:::habhub.cnn-classifier-files",
            "statement_id": "AllowLambdaS3BucketNotification-20240306161931956700000001",
            "statement_id_prefix": "AllowLambdaS3BucketNotification-"
          },
          "sensitive_attributes": [],
          "private": "bnVsbA==",
          "dependencies": [
            "data.aws_ecr_authorization_token.token",
            "module.docker_image.aws_ecr_repository.this",
            "module.docker_image.data.aws_caller_identity.this",
            "module.docker_image.data.aws_region.current",
            "module.docker_image.docker_image.this",
            "module.docker_image.docker_registry_image.this",
            "module.lambda_function.aws_cloudwatch_log_group.lambda",
            "module.lambda_function.aws_iam_policy.additional_inline",
            "module.lambda_function.aws_iam_policy.additional_json",
            "module.lambda_function.aws_iam_policy.additional_jsons",
            "module.lambda_function.aws_iam_policy.async",
            "module.lambda_function.aws_iam_policy.dead_letter",
            "module.lambda_function.aws_iam_policy.logs",
            "module.lambda_function.aws_iam_policy.tracing",
            "module.lambda_function.aws_iam_policy.vpc",
            "module.lambda_function.aws_iam_role.lambda",
            "module.lambda_function.aws_iam_role_policy_attachment.additional_inline",
            "module.lambda_function.aws_iam_role_policy_attachment.additional_json",
            "module.lambda_function.aws_iam_role_policy_attachment.additional_jsons",
            "module.lambda_function.aws_iam_role_policy_attachment.additional_many",
            "module.lambda_function.aws_iam_role_policy_attachment.additional_one",
            "module.lambda_function.aws_iam_role_policy_attachment.async",
            "module.lambda_function.aws_iam_role_policy_attachment.dead_letter",
            "module.lambda_function.aws_iam_role_policy_attachment.logs",
            "module.lambda_function.aws_iam_role_policy_attachment.tracing",
            "module.lambda_function.aws_iam_role_policy_attachment.vpc",
            "module.lambda_function.aws_lambda_function.this",
            "module.lambda_function.aws_s3_object.lambda_package",
            "module.lambda_function.data.aws_arn.log_group_arn",
            "module.lambda_function.data.aws_cloudwatch_log_group.lambda",
            "module.lambda_function.data.aws_iam_policy.tracing",
            "module.lambda_function.data.aws_iam_policy.vpc",
            "module.lambda_function.data.aws_iam_policy_document.additional_inline",
            "module.lambda_function.data.aws_iam_policy_document.assume_role",
            "module.lambda_function.data.aws_iam_policy_document.async",
            "module.lambda_function.data.aws_iam_policy_document.dead_letter",
            "module.lambda_function.data.aws_iam_policy_document.logs",
            "module.lambda_function.data.aws_partition.current",
            "module.lambda_function.data.external.archive_prepare",
            "module.lambda_function.local_file.archive_plan",
            "module.lambda_function.null_resource.archive",
            "module.s3_bucket.aws_s3_bucket.this",
            "module.s3_bucket.aws_s3_bucket_policy.this",
            "module.s3_bucket.aws_s3_bucket_public_access_block.this",
            "module.s3_bucket.data.aws_caller_identity.current",
            "module.s3_bucket.data.aws_iam_policy_document.access_log_delivery",
            "module.s3_bucket.data.aws_iam_policy_document.combined",
            "module.s3_bucket.data.aws_iam_policy_document.deny_incorrect_encryption_headers",
            "module.s3_bucket.data.aws_iam_policy_document.deny_incorrect_kms_key_sse",
            "module.s3_bucket.data.aws_iam_policy_document.deny_insecure_transport",
            "module.s3_bucket.data.aws_iam_policy_document.deny_unencrypted_object_uploads",
            "module.s3_bucket.data.aws_iam_policy_document.elb_log_delivery",
            "module.s3_bucket.data.aws_iam_policy_document.inventory_and_analytics_destination_policy",
            "module.s3_bucket.data.aws_iam_policy_document.lb_log_delivery",
            "module.s3_bucket.data.aws_iam_policy_document.require_latest_tls",
            "module.s3_bucket.data.aws_partition.current",
            "module.s3_bucket.data.aws_region.current",
            "module.s3_notification.data.aws_partition.this"
          ]
        }
      ]
    },
    {
      "module": "module.s3_notification",
      "mode": "managed",
      "type": "aws_s3_bucket_notification",
      "name": "this",
      "provider": "provider[\"registry.terraform.io/hashicorp/aws\"]",
      "instances": [
        {
          "index_key": 0,
          "schema_version": 0,
          "attributes": {
            "bucket": "habhub.cnn-classifier-files",
            "eventbridge": true,
            "id": "habhub.cnn-classifier-files",
            "lambda_function": [
              {
                "events": [
                  "s3:ObjectCreated:*"
                ],
                "filter_prefix": "",
                "filter_suffix": "",
                "id": "lambda1",
                "lambda_function_arn": "arn:aws:lambda:us-east-1:139464377685:function:ingest-class-scores-lambda"
              }
            ],
            "queue": [],
            "topic": []
          },
          "sensitive_attributes": [],
          "private": "bnVsbA==",
          "dependencies": [
            "data.aws_ecr_authorization_token.token",
            "module.docker_image.aws_ecr_repository.this",
            "module.docker_image.data.aws_caller_identity.this",
            "module.docker_image.data.aws_region.current",
            "module.docker_image.docker_image.this",
            "module.docker_image.docker_registry_image.this",
            "module.lambda_function.aws_cloudwatch_log_group.lambda",
            "module.lambda_function.aws_iam_policy.additional_inline",
            "module.lambda_function.aws_iam_policy.additional_json",
            "module.lambda_function.aws_iam_policy.additional_jsons",
            "module.lambda_function.aws_iam_policy.async",
            "module.lambda_function.aws_iam_policy.dead_letter",
            "module.lambda_function.aws_iam_policy.logs",
            "module.lambda_function.aws_iam_policy.tracing",
            "module.lambda_function.aws_iam_policy.vpc",
            "module.lambda_function.aws_iam_role.lambda",
            "module.lambda_function.aws_iam_role_policy_attachment.additional_inline",
            "module.lambda_function.aws_iam_role_policy_attachment.additional_json",
            "module.lambda_function.aws_iam_role_policy_attachment.additional_jsons",
            "module.lambda_function.aws_iam_role_policy_attachment.additional_many",
            "module.lambda_function.aws_iam_role_policy_attachment.additional_one",
            "module.lambda_function.aws_iam_role_policy_attachment.async",
            "module.lambda_function.aws_iam_role_policy_attachment.dead_letter",
            "module.lambda_function.aws_iam_role_policy_attachment.logs",
            "module.lambda_function.aws_iam_role_policy_attachment.tracing",
            "module.lambda_function.aws_iam_role_policy_attachment.vpc",
            "module.lambda_function.aws_lambda_function.this",
            "module.lambda_function.aws_s3_object.lambda_package",
            "module.lambda_function.data.aws_arn.log_group_arn",
            "module.lambda_function.data.aws_cloudwatch_log_group.lambda",
            "module.lambda_function.data.aws_iam_policy.tracing",
            "module.lambda_function.data.aws_iam_policy.vpc",
            "module.lambda_function.data.aws_iam_policy_document.additional_inline",
            "module.lambda_function.data.aws_iam_policy_document.assume_role",
            "module.lambda_function.data.aws_iam_policy_document.async",
            "module.lambda_function.data.aws_iam_policy_document.dead_letter",
            "module.lambda_function.data.aws_iam_policy_document.logs",
            "module.lambda_function.data.aws_partition.current",
            "module.lambda_function.data.external.archive_prepare",
            "module.lambda_function.local_file.archive_plan",
            "module.lambda_function.null_resource.archive",
            "module.s3_bucket.aws_s3_bucket.this",
            "module.s3_bucket.aws_s3_bucket_policy.this",
            "module.s3_bucket.aws_s3_bucket_public_access_block.this",
            "module.s3_bucket.data.aws_caller_identity.current",
            "module.s3_bucket.data.aws_iam_policy_document.access_log_delivery",
            "module.s3_bucket.data.aws_iam_policy_document.combined",
            "module.s3_bucket.data.aws_iam_policy_document.deny_incorrect_encryption_headers",
            "module.s3_bucket.data.aws_iam_policy_document.deny_incorrect_kms_key_sse",
            "module.s3_bucket.data.aws_iam_policy_document.deny_insecure_transport",
            "module.s3_bucket.data.aws_iam_policy_document.deny_unencrypted_object_uploads",
            "module.s3_bucket.data.aws_iam_policy_document.elb_log_delivery",
            "module.s3_bucket.data.aws_iam_policy_document.inventory_and_analytics_destination_policy",
            "module.s3_bucket.data.aws_iam_policy_document.lb_log_delivery",
            "module.s3_bucket.data.aws_iam_policy_document.require_latest_tls",
            "module.s3_bucket.data.aws_partition.current",
            "module.s3_bucket.data.aws_region.current",
            "module.s3_notification.aws_lambda_permission.allow",
            "module.s3_notification.aws_sns_topic_policy.allow",
            "module.s3_notification.aws_sqs_queue_policy.allow",
            "module.s3_notification.data.aws_arn.queue",
            "module.s3_notification.data.aws_iam_policy_document.sns",
            "module.s3_notification.data.aws_iam_policy_document.sqs",
            "module.s3_notification.data.aws_partition.this"
          ]
        }
      ]
    }
  ],
  "check_results": null
}
