{
  "version": 4,
  "terraform_version": "1.8.5",
  "serial": 445,
  "lineage": "a5eac384-8d44-9552-8f48-4ff69f39f103",
  "outputs": {},
  "resources": [
    {
      "mode": "data",
      "type": "aws_ecr_authorization_token",
      "name": "token",
      "provider": "provider[\"registry.terraform.io/hashicorp/aws\"]",
      "instances": [
        {
          "schema_version": 0,
          "attributes": {
            "authorization_token": "QVdTOmV5SndZWGxzYjJGa0lqb2lPVkJ4UlROVU1ESTVSMFpZT0RCNU16Rm5iRVZGVUZCSlFrOVdiMUppVmpaTk1pdDFUa2R1T1V0YVR6VTNhWE0yTjNKbVJVSm5iVkkzZG5GdFpXVk9ObGxoWWtKQ1VDOU5NV056ZWtNcmNpODNlVXN3ZVdaMk4zRldaWEZCYlRaTU4yUnVZVnBYWVhjNWFrc3ZaVEkwUkZKS1JDOTBSSFpHVVZGdlozaFROVUY0UTA4d2IzRjNNVk5wU2pGQ1dWUnliRGxoZFhoeFJGWkRWbVpOWVU1VlNuZG5jbGMyTkc0NGVsRnRkamhNUjNCNFdubDBkMko2YjBwWWJXaEdXWFpKUWtScVNFaEZaRGd3TjFNemJFeFZTMjlXUTBKNFNFdEZLMVZwYUhWc1UzUlhjWEJFUW1RMU9VaEhUVlJyVTJFNFNVNVBWME5GTUVGelVWSktSREJ1TUhBMFdTdFlRVlJEWW1jM1VHVm1aR3MzY0c4NWJIbzFjelptYUd4V2FFOVlTbk53VVdsSGEwNW9XbEFyYTNnNFRVSXhUM0ZtUnpWMWNrSkJTSFpwVlRnNVRVVnVXVGd4Vld0SlQzZHZRV2hxT0dka2RrOHJZM28xY2k5TGJIbEtNa0Y1YTNnMmJETktPVmh0Tmt0NldpOUpaM2Q2UTFsc1pqSnBNRzlQYkVSNFVURktha3RRU1ROUk5teFVNWE4wTUdNclYzRjFPVWt6V0VWTGFGcG9NMlEyVWtsdVVUSm5WMHR1VDFBMFNHazFibXNyZWtGTWVrc3lWbXRyU21Jd01GZGxUalIzUkdnMFRqTjNlVmxHY0RsWVpTOTFhREZZVTFrMlpuZE5iekJaVTJjME1FeG5aV0pzV2tWbE9GVm5UamQ2ZEc1RFRVbGpZaXNyV25rNVRuZG1Ta3RsYTA5a1VUWlZOMHhoVEhCbFkyRmFWalJLU3psd2FHSnpXRUpNV2tKUFdrOXZUR0Z4Tlc1NlFteEdkbG81VVhvM0szSnZORFV4UkdsalZFbDZhM1ZpY2pWMFlUZzJSMnhIUjFjeWNYSk9aM2RUYVhkUE5HdHJkU3N4TTNka01HODVObHBSUVhCa1EycGFOVkJLV1ZCdlZ6ZDRURlZuVDJ0TVdFSlVSWGhsYUZFd1FsaEhiRU0yUTNOMVFtZ3lSRFJOUkhWTlRqTnlaSGN2ZVc5UE1XNVdPRTB5YjBjeWJXRlFURGRLU0dKRWJVNVlMMlJHWVZCblJXa3paM05SZFcxNE0wWjNlWFY0UkVkWlpuSnFNRVkwTjJKdVZYVk1iR3d2Umt0NGEyNUNZMmRyWjB0cmNrNVdhalkyWVdoaVpHcGFkRGhCTVhrMFNVVnROVFU0ZEZaeU1FSlJVeXRJV0VjeWJISTFUblJNWXpSb09GTXZZMjEzTUdaYU5GcERNbFpVYUc4MlVERklZa1JwTUZwSFNUSjJkMGxqU1hocE5tdERXV2h0ZFhkNFdEaGpiMU16T1dvdlNDOW1URXhFZFdKVVVHazNlSEZJVFhwUmIwSjZlbk5aWnpaNU1rMHlWRzlWVDFwMVJFOUpSbWxCT0hGUGFUQldNRE1yWVdNM1Z6WkZVME5QTTJKNlFVcEJWaXR0VTJKaVdGUjFVRmN3V0ZvNFVtRnJNa2RsYkVablZtNVhTSGRpVEhOWE56SnNhRWxOYkhKb2RFOTFRekZ5ZUdOWlRHdEZjak5tYW5Cd2RUWnFOak5qZWpadFlVUm9jRWRHTm1jeldsSktkbFV3U0hwc2EwTTFOSEJuVlN0emNuYzJjakJySzNsclRETjNNMkZ1ZEVSaFNuTmFVVEZwVmtrd1QxTkNVbWx4ZENzekt6UTJaVzFOU25oSWFEbGxXRlZrYlRGMVRESXpRVEZ3ZFdWWldrbFdXVlpMTjBRNFYwSnFZMDlyYVZNeFVHWTJTMnhPZEhkb1RIYzNiazgyYW1nd05tUjZUbXgxT1dSeGNsQnlTa3BzWkV4V1JsSlVOMVo1YWxKS2NXUXZkMlJEUjNJMVYybFRNbXdyTDJKdGVXZzJkalUwU0dwNVMzTTRVR3BzT1RobkwxRXZOV2QwUVhRMFJFOUVOR2szY21wTlptTlpiVXhOUTJKSVZHUnpOVkJoVWxjeFJHTnRSV2hqTnl0NFVFUnRVWEIzWmpoNFdIcHVjREJVZFhsRmFFRnJMMnhLVm5sUGFtWnRkMll6ZUVGVWVHbDFaR2t2TWtOQ05GSTRjbE5SVVZRNGVERnVlVTFQVkRJdlZUaE1RVU5RWm1GMWNuQTBkVmt4YkhkTmJEQjRSbEpJTmpZeU1sZGFjVU5yYzNKek0ySmtNa05pVWk5M1NVdFdSakUyZW0xV1pFRmhTMUZuTjFjeFpUTnFRelJOU3pVMU9GSXZkbk0xTVRBeVVFcGhZbFp5Y25JMWVqQlpjVTFGTjFGck5URkJTRmRyYm1nNUswZ3hlV3h1VEhSUVJWZDNkbkpYUWtjMGFYWjViSFJxWVZwdFpEZE9XRnBaUVZSdWN5SXNJbVJoZEdGclpYa2lPaUpCVVVWQ1FVaG9kMjB3V1dGSlUwcGxVblJLYlRWdU1VYzJkWEZsWld0WWRXOVlXRkJsTlZWR1kyVTVVbkU0THpFMGQwRkJRVWcwZDJaQldVcExiMXBKYUhaalRrRlJZMGR2UnpoM1lsRkpRa0ZFUW05Q1oydHhhR3RwUnpsM01FSkNkMFYzU0dkWlNsbEpXa2xCVjFWRVFrRkZkVTFDUlVWRVRXNW9NVWhEZGxOd1VVdENWemMyVjNkSlFrVkpRVGQ1ZWs1eVRHOUNURTlKZW5oUlNqTmpSMWc0V2tsNGFGSnVOU3RKZDFnNFVYVjJVWGt4VEdwTFNFSXhWbUZFZWxZNFVrcHVVemxEVTBNdmFreG5SWG8yVFVOek1UaEVWbVZIYURVd1ptSnJQU0lzSW5abGNuTnBiMjRpT2lJeUlpd2lkSGx3WlNJNklrUkJWRUZmUzBWWklpd2laWGh3YVhKaGRHbHZiaUk2TVRjeE56YzBNVEF6T0gwPQ==",
            "expires_at": "2024-06-07T06:17:18Z",
            "id": "us-east-1",
            "password": "eyJwYXlsb2FkIjoiOVBxRTNUMDI5R0ZYODB5MzFnbEVFUFBJQk9Wb1JiVjZNMit1TkduOUtaTzU3aXM2N3JmRUJnbVI3dnFtZWVONllhYkJCUC9NMWNzekMrci83eUsweWZ2N3FWZXFBbTZMN2RuYVpXYXc5aksvZTI0RFJKRC90RHZGUVFvZ3hTNUF4Q08wb3F3MVNpSjFCWVRybDlhdXhxRFZDVmZNYU5VSndnclc2NG44elFtdjhMR3B4Wnl0d2J6b0pYbWhGWXZJQkRqSEhFZDgwN1MzbExVS29WQ0J4SEtFK1VpaHVsU3RXcXBEQmQ1OUhHTVRrU2E4SU5PV0NFMEFzUVJKRDBuMHA0WStYQVRDYmc3UGVmZGs3cG85bHo1czZmaGxWaE9YSnNwUWlHa05oWlAra3g4TUIxT3FmRzV1ckJBSHZpVTg5TUVuWTgxVWtJT3dvQWhqOGdkdk8rY3o1ci9LbHlKMkF5a3g2bDNKOVhtNkt6Wi9JZ3d6Q1lsZjJpMG9PbER4UTFKaktQSTNRNmxUMXN0MGMrV3F1OUkzWEVLaFpoM2Q2UkluUTJnV0tuT1A0SGk1bmsrekFMeksyVmtrSmIwMFdlTjR3RGg0TjN3eVlGcDlYZS91aDFYU1k2ZndNbzBZU2c0MExnZWJsWkVlOFVnTjd6dG5DTUljYisrWnk5TndmSktla09kUTZVN0xhTHBlY2FaVjRKSzlwaGJzWEJMWkJPWk9vTGFxNW56QmxGdlo5UXo3K3JvNDUxRGljVEl6a3VicjV0YTg2R2xHR1cycXJOZ3dTaXdPNGtrdSsxM3dkMG85NlpRQXBkQ2paNVBKWVBvVzd4TFVnT2tMWEJURXhlaFEwQlhHbEM2Q3N1QmgyRDRNRHVNTjNyZHcveW9PMW5WOE0yb0cybWFQTDdKSGJEbU5YL2RGYVBnRWkzZ3NRdW14M0Z3eXV4REdZZnJqMEY0N2JuVXVMbGwvRkt4a25CY2drZ0trck5WajY2YWhiZGpadDhBMXk0SUVtNTU4dFZyMEJRUytIWEcybHI1TnRMYzRoOFMvY213MGZaNFpDMlZUaG82UDFIYkRpMFpHSTJ2d0ljSXhpNmtDWWhtdXd4WDhjb1MzOWovSC9mTExEdWJUUGk3eHFITXpRb0J6enNZZzZ5Mk0yVG9VT1p1RE9JRmlBOHFPaTBWMDMrYWM3VzZFU0NPM2J6QUpBVittU2JiWFR1UFcwWFo4UmFrMkdlbEZnVm5XSHdiTHNXNzJsaElNbHJodE91QzFyeGNZTGtFcjNmanBwdTZqNjNjejZtYURocEdGNmczWlJKdlUwSHpsa0M1NHBnVStzcnc2cjBrK3lrTDN3M2FudERhSnNaUTFpVkkwT1NCUmlxdCszKzQ2ZW1NSnhIaDllWFVkbTF1TDIzQTFwdWVZWklWWVZLN0Q4V0JqY09raVMxUGY2S2xOdHdoTHc3bk82amgwNmR6Tmx1OWRxclBySkpsZExWRlJUN1Z5alJKcWQvd2RDR3I1V2lTMmwrL2JteWg2djU0SGp5S3M4UGpsOThnL1EvNWd0QXQ0RE9ENGk3cmpNZmNZbUxNQ2JIVGRzNVBhUlcxRGNtRWhjNyt4UERtUXB3Zjh4WHpucDBUdXlFaEFrL2xKVnlPamZtd2YzeEFUeGl1ZGkvMkNCNFI4clNRUVQ4eDFueU1PVDIvVThMQUNQZmF1cnA0dVkxbHdNbDB4RlJINjYyMldacUNrc3JzM2JkMkNiUi93SUtWRjE2em1WZEFhS1FnN1cxZTNqQzRNSzU1OFIvdnM1MTAyUEphYlZycnI1ejBZcU1FN1FrNTFBSFdrbmg5K0gxeWxuTHRQRVd3dnJXQkc0aXZ5bHRqYVptZDdOWFpZQVRucyIsImRhdGFrZXkiOiJBUUVCQUhod20wWWFJU0plUnRKbTVuMUc2dXFlZWtYdW9YWFBlNVVGY2U5UnE4LzE0d0FBQUg0d2ZBWUpLb1pJaHZjTkFRY0dvRzh3YlFJQkFEQm9CZ2txaGtpRzl3MEJCd0V3SGdZSllJWklBV1VEQkFFdU1CRUVETW5oMUhDdlNwUUtCVzc2V3dJQkVJQTd5ek5yTG9CTE9JenhRSjNjR1g4Wkl4aFJuNStJd1g4UXV2UXkxTGpLSEIxVmFEelY4UkpuUzlDU0MvakxnRXo2TUNzMThEVmVHaDUwZmJrPSIsInZlcnNpb24iOiIyIiwidHlwZSI6IkRBVEFfS0VZIiwiZXhwaXJhdGlvbiI6MTcxNzc0MTAzOH0=",
            "proxy_endpoint": "https://139464377685.dkr.ecr.us-east-1.amazonaws.com",
            "registry_id": null,
            "user_name": "AWS"
          },
          "sensitive_attributes": [
            [
              {
                "type": "get_attr",
                "value": "authorization_token"
              }
            ],
            [
              {
                "type": "get_attr",
                "value": "password"
              }
            ]
          ]
        }
      ]
    },
    {
      "mode": "managed",
      "type": "aws_iam_user",
      "name": "prod_bucket",
      "provider": "provider[\"registry.terraform.io/hashicorp/aws\"]",
      "instances": [
        {
          "schema_version": 0,
          "attributes": {
            "arn": "arn:aws:iam::139464377685:user/habhub-data-pipeline-s3-bucket",
            "force_destroy": false,
            "id": "habhub-data-pipeline-s3-bucket",
            "name": "habhub-data-pipeline-s3-bucket",
            "path": "/",
            "permissions_boundary": "",
            "tags": {
              "AKIASA6FZQVK6ZFFJFOU": "Wildharbor s3 access key"
            },
            "tags_all": {
              "AKIASA6FZQVK6ZFFJFOU": "Wildharbor s3 access key"
            },
            "unique_id": "AIDASA6FZQVK76HTZF47X"
          },
          "sensitive_attributes": [],
          "private": "bnVsbA=="
        }
      ]
    },
    {
      "mode": "managed",
      "type": "aws_iam_user_policy",
      "name": "prod_bucket",
      "provider": "provider[\"registry.terraform.io/hashicorp/aws\"]",
      "instances": [
        {
          "schema_version": 0,
          "attributes": {
            "id": "habhub-data-pipeline-s3-bucket:terraform-20240412171436765900000001",
            "name": "terraform-20240412171436765900000001",
            "name_prefix": "terraform-",
            "policy": "{\"Version\":\"2012-10-17\",\"Statement\":[{\"Action\":[\"s3:*\"],\"Effect\":\"Allow\",\"Resource\":[\"arn:aws:s3:::habhub.cnn-classifier-files\",\"arn:aws:s3:::habhub.cnn-classifier-files/*\"]}]}",
            "user": "habhub-data-pipeline-s3-bucket"
          },
          "sensitive_attributes": [],
          "private": "bnVsbA==",
          "dependencies": [
            "aws_iam_user.prod_bucket",
            "module.s3_bucket.aws_s3_bucket.this"
          ]
        }
      ]
    },
    {
      "module": "module.docker_image",
      "mode": "data",
      "type": "aws_caller_identity",
      "name": "this",
      "provider": "provider[\"registry.terraform.io/hashicorp/aws\"]",
      "instances": [
        {
          "schema_version": 0,
          "attributes": {
            "account_id": "139464377685",
            "arn": "arn:aws:sts::139464377685:assumed-role/AWSReservedSSO_AWSAdministratorAccess_a1d37e058008aa2e/eandrews_admin@whoi.edu",
            "id": "139464377685",
            "user_id": "AROASA6FZQVKXTDX4RQKP:eandrews_admin@whoi.edu"
          },
          "sensitive_attributes": []
        }
      ]
    },
    {
      "module": "module.docker_image",
      "mode": "data",
      "type": "aws_region",
      "name": "current",
      "provider": "provider[\"registry.terraform.io/hashicorp/aws\"]",
      "instances": [
        {
          "schema_version": 0,
          "attributes": {
            "description": "US East (N. Virginia)",
            "endpoint": "ec2.us-east-1.amazonaws.com",
            "id": "us-east-1",
            "name": "us-east-1"
          },
          "sensitive_attributes": []
        }
      ]
    },
    {
      "module": "module.docker_image",
      "mode": "managed",
      "type": "aws_ecr_repository",
      "name": "this",
      "provider": "provider[\"registry.terraform.io/hashicorp/aws\"]",
      "instances": [
        {
          "index_key": 0,
          "schema_version": 0,
          "attributes": {
            "arn": "arn:aws:ecr:us-east-1:139464377685:repository/ingest-class-scores-lambda",
            "encryption_configuration": [
              {
                "encryption_type": "AES256",
                "kms_key": ""
              }
            ],
            "force_delete": true,
            "id": "ingest-class-scores-lambda",
            "image_scanning_configuration": [
              {
                "scan_on_push": false
              }
            ],
            "image_tag_mutability": "MUTABLE",
            "name": "ingest-class-scores-lambda",
            "registry_id": "139464377685",
            "repository_url": "139464377685.dkr.ecr.us-east-1.amazonaws.com/ingest-class-scores-lambda",
            "tags": {},
            "tags_all": {},
            "timeouts": null
          },
          "sensitive_attributes": [],
          "private": "eyJlMmJmYjczMC1lY2FhLTExZTYtOGY4OC0zNDM2M2JjN2M0YzAiOnsiZGVsZXRlIjoxMjAwMDAwMDAwMDAwfX0="
        }
      ]
    },
    {
      "module": "module.docker_image",
      "mode": "managed",
      "type": "docker_image",
      "name": "this",
      "provider": "provider[\"registry.terraform.io/kreuzwerker/docker\"]",
      "instances": [
        {
          "schema_version": 0,
          "attributes": {
            "build": [
              {
                "auth_config": [],
                "build_arg": null,
                "build_args": null,
                "build_id": "",
                "cache_from": [],
                "cgroup_parent": "",
                "context": "./../lambdas/ingest-class-scores",
                "cpu_period": null,
                "cpu_quota": null,
                "cpu_set_cpus": "",
                "cpu_set_mems": "",
                "cpu_shares": null,
                "dockerfile": "Dockerfile",
                "extra_hosts": [],
                "force_remove": null,
                "isolation": "",
                "label": null,
                "labels": null,
                "memory": null,
                "memory_swap": null,
                "network_mode": "",
                "no_cache": null,
                "platform": "",
                "pull_parent": null,
                "remote_context": "",
                "remove": true,
                "security_opt": [],
                "session_id": "",
                "shm_size": null,
                "squash": null,
                "suppress_output": null,
                "tag": [],
                "target": "",
                "ulimit": [],
                "version": ""
              }
            ],
            "force_remove": false,
            "id": "sha256:d1766f0a751dc942123234be2f6ffc4c2c4024350a3b972f1f35f9daab682f15139464377685.dkr.ecr.us-east-1.amazonaws.com/ingest-class-scores-lambda:1.4",
            "image_id": "sha256:d1766f0a751dc942123234be2f6ffc4c2c4024350a3b972f1f35f9daab682f15",
            "keep_locally": false,
            "name": "139464377685.dkr.ecr.us-east-1.amazonaws.com/ingest-class-scores-lambda:1.4",
            "platform": null,
            "pull_triggers": null,
            "repo_digest": "",
            "triggers": null
          },
          "sensitive_attributes": [],
          "private": "bnVsbA==",
          "dependencies": [
            "data.aws_ecr_authorization_token.token",
            "module.docker_image.aws_ecr_repository.this",
            "module.docker_image.data.aws_caller_identity.this",
            "module.docker_image.data.aws_region.current"
          ]
        }
      ]
    },
    {
      "module": "module.docker_image",
      "mode": "managed",
      "type": "docker_registry_image",
      "name": "this",
      "provider": "provider[\"registry.terraform.io/kreuzwerker/docker\"]",
      "instances": [
        {
          "schema_version": 0,
          "attributes": {
            "id": "sha256:df64c75d1637e522a58028c40e286a034392b6361b8e0801687305a2d27d3f44",
            "insecure_skip_verify": false,
            "keep_remotely": false,
            "name": "139464377685.dkr.ecr.us-east-1.amazonaws.com/ingest-class-scores-lambda:1.4",
            "sha256_digest": "sha256:df64c75d1637e522a58028c40e286a034392b6361b8e0801687305a2d27d3f44",
            "triggers": {
              "image_id": "sha256:d1766f0a751dc942123234be2f6ffc4c2c4024350a3b972f1f35f9daab682f15"
            }
          },
          "sensitive_attributes": [],
          "private": "bnVsbA==",
          "dependencies": [
            "data.aws_ecr_authorization_token.token",
            "module.docker_image.aws_ecr_repository.this",
            "module.docker_image.data.aws_caller_identity.this",
            "module.docker_image.data.aws_region.current",
            "module.docker_image.docker_image.this"
          ]
        }
      ]
    },
    {
      "module": "module.lambda_function",
      "mode": "data",
      "type": "aws_caller_identity",
      "name": "current",
      "provider": "provider[\"registry.terraform.io/hashicorp/aws\"]",
      "instances": [
        {
          "schema_version": 0,
          "attributes": {
            "account_id": "139464377685",
            "arn": "arn:aws:sts::139464377685:assumed-role/AWSReservedSSO_AWSAdministratorAccess_a1d37e058008aa2e/eandrews_admin@whoi.edu",
            "id": "139464377685",
            "user_id": "AROASA6FZQVKXTDX4RQKP:eandrews_admin@whoi.edu"
          },
          "sensitive_attributes": []
        }
      ]
    },
    {
      "module": "module.lambda_function",
      "mode": "data",
      "type": "aws_iam_policy_document",
      "name": "additional_inline",
      "provider": "provider[\"registry.terraform.io/hashicorp/aws\"]",
      "instances": [
        {
          "index_key": 0,
          "schema_version": 0,
          "attributes": {
            "id": "2311476677",
            "json": "{\n  \"Version\": \"2012-10-17\",\n  \"Statement\": [\n    {\n      \"Sid\": \"GetS3Objects\",\n      \"Effect\": \"Allow\",\n      \"Action\": \"s3:GetObject\",\n      \"Resource\": \"*\"\n    }\n  ]\n}",
            "override_policy_documents": null,
            "policy_id": null,
            "source_policy_documents": null,
            "statement": [
              {
                "actions": [
                  "s3:GetObject"
                ],
                "condition": [],
                "effect": "Allow",
                "not_actions": [],
                "not_principals": [],
                "not_resources": [],
                "principals": [],
                "resources": [
                  "*"
                ],
                "sid": "GetS3Objects"
              }
            ],
            "version": "2012-10-17"
          },
          "sensitive_attributes": []
        }
      ]
    },
    {
      "module": "module.lambda_function",
      "mode": "data",
      "type": "aws_iam_policy_document",
      "name": "assume_role",
      "provider": "provider[\"registry.terraform.io/hashicorp/aws\"]",
      "instances": [
        {
          "index_key": 0,
          "schema_version": 0,
          "attributes": {
            "id": "2690255455",
            "json": "{\n  \"Version\": \"2012-10-17\",\n  \"Statement\": [\n    {\n      \"Effect\": \"Allow\",\n      \"Action\": \"sts:AssumeRole\",\n      \"Principal\": {\n        \"Service\": \"lambda.amazonaws.com\"\n      }\n    }\n  ]\n}",
            "override_policy_documents": null,
            "policy_id": null,
            "source_policy_documents": null,
            "statement": [
              {
                "actions": [
                  "sts:AssumeRole"
                ],
                "condition": [],
                "effect": "Allow",
                "not_actions": [],
                "not_principals": [],
                "not_resources": [],
                "principals": [
                  {
                    "identifiers": [
                      "lambda.amazonaws.com"
                    ],
                    "type": "Service"
                  }
                ],
                "resources": [],
                "sid": ""
              }
            ],
            "version": "2012-10-17"
          },
          "sensitive_attributes": []
        }
      ]
    },
    {
      "module": "module.lambda_function",
      "mode": "data",
      "type": "aws_iam_policy_document",
      "name": "logs",
      "provider": "provider[\"registry.terraform.io/hashicorp/aws\"]",
      "instances": [
        {
          "index_key": 0,
          "schema_version": 0,
          "attributes": {
            "id": "2742649719",
            "json": "{\n  \"Version\": \"2012-10-17\",\n  \"Statement\": [\n    {\n      \"Effect\": \"Allow\",\n      \"Action\": [\n        \"logs:PutLogEvents\",\n        \"logs:CreateLogStream\",\n        \"logs:CreateLogGroup\"\n      ],\n      \"Resource\": [\n        \"arn:aws:logs:us-east-1:139464377685:log-group:/aws/lambda/ingest-class-scores-lambda:*:*\",\n        \"arn:aws:logs:us-east-1:139464377685:log-group:/aws/lambda/ingest-class-scores-lambda:*\"\n      ]\n    }\n  ]\n}",
            "override_policy_documents": null,
            "policy_id": null,
            "source_policy_documents": null,
            "statement": [
              {
                "actions": [
                  "logs:CreateLogGroup",
                  "logs:CreateLogStream",
                  "logs:PutLogEvents"
                ],
                "condition": [],
                "effect": "Allow",
                "not_actions": [],
                "not_principals": [],
                "not_resources": [],
                "principals": [],
                "resources": [
                  "arn:aws:logs:us-east-1:139464377685:log-group:/aws/lambda/ingest-class-scores-lambda:*",
                  "arn:aws:logs:us-east-1:139464377685:log-group:/aws/lambda/ingest-class-scores-lambda:*:*"
                ],
                "sid": ""
              }
            ],
            "version": "2012-10-17"
          },
          "sensitive_attributes": []
        }
      ]
    },
    {
      "module": "module.lambda_function",
      "mode": "data",
      "type": "aws_partition",
      "name": "current",
      "provider": "provider[\"registry.terraform.io/hashicorp/aws\"]",
      "instances": [
        {
          "schema_version": 0,
          "attributes": {
            "dns_suffix": "amazonaws.com",
            "id": "aws",
            "partition": "aws",
            "reverse_dns_prefix": "com.amazonaws"
          },
          "sensitive_attributes": []
        }
      ]
    },
    {
      "module": "module.lambda_function",
      "mode": "data",
      "type": "aws_region",
      "name": "current",
      "provider": "provider[\"registry.terraform.io/hashicorp/aws\"]",
      "instances": [
        {
          "schema_version": 0,
          "attributes": {
            "description": "US East (N. Virginia)",
            "endpoint": "ec2.us-east-1.amazonaws.com",
            "id": "us-east-1",
            "name": "us-east-1"
          },
          "sensitive_attributes": []
        }
      ]
    },
    {
      "module": "module.lambda_function",
      "mode": "managed",
      "type": "aws_cloudwatch_log_group",
      "name": "lambda",
      "provider": "provider[\"registry.terraform.io/hashicorp/aws\"]",
      "instances": [
        {
          "index_key": 0,
          "schema_version": 0,
          "attributes": {
            "arn": "arn:aws:logs:us-east-1:139464377685:log-group:/aws/lambda/ingest-class-scores-lambda",
            "id": "/aws/lambda/ingest-class-scores-lambda",
            "kms_key_id": "",
            "log_group_class": "STANDARD",
            "name": "/aws/lambda/ingest-class-scores-lambda",
            "name_prefix": "",
            "retention_in_days": 0,
            "skip_destroy": false,
            "tags": {},
            "tags_all": {}
          },
          "sensitive_attributes": [],
          "private": "bnVsbA=="
        }
      ]
    },
    {
      "module": "module.lambda_function",
      "mode": "managed",
      "type": "aws_iam_policy",
      "name": "additional_inline",
      "provider": "provider[\"registry.terraform.io/hashicorp/aws\"]",
      "instances": [
        {
          "index_key": 0,
          "schema_version": 0,
          "attributes": {
            "arn": "arn:aws:iam::139464377685:policy/ingest-class-scores-lambda-inline",
            "description": "",
            "id": "arn:aws:iam::139464377685:policy/ingest-class-scores-lambda-inline",
            "name": "ingest-class-scores-lambda-inline",
            "name_prefix": "",
            "path": "/",
            "policy": "{\"Statement\":[{\"Action\":\"s3:GetObject\",\"Effect\":\"Allow\",\"Resource\":\"*\",\"Sid\":\"GetS3Objects\"}],\"Version\":\"2012-10-17\"}",
            "policy_id": "ANPASA6FZQVK2ABDH64OF",
            "tags": {},
            "tags_all": {}
          },
          "sensitive_attributes": [],
          "private": "bnVsbA==",
          "dependencies": [
            "module.lambda_function.data.aws_iam_policy_document.additional_inline"
          ]
        }
      ]
    },
    {
      "module": "module.lambda_function",
      "mode": "managed",
      "type": "aws_iam_policy",
      "name": "logs",
      "provider": "provider[\"registry.terraform.io/hashicorp/aws\"]",
      "instances": [
        {
          "index_key": 0,
          "schema_version": 0,
          "attributes": {
            "arn": "arn:aws:iam::139464377685:policy/ingest-class-scores-lambda-logs",
            "description": "",
            "id": "arn:aws:iam::139464377685:policy/ingest-class-scores-lambda-logs",
            "name": "ingest-class-scores-lambda-logs",
            "name_prefix": "",
            "path": "/",
            "policy": "{\"Statement\":[{\"Action\":[\"logs:PutLogEvents\",\"logs:CreateLogStream\",\"logs:CreateLogGroup\"],\"Effect\":\"Allow\",\"Resource\":[\"arn:aws:logs:us-east-1:139464377685:log-group:/aws/lambda/ingest-class-scores-lambda:*:*\",\"arn:aws:logs:us-east-1:139464377685:log-group:/aws/lambda/ingest-class-scores-lambda:*\"]}],\"Version\":\"2012-10-17\"}",
            "policy_id": "ANPASA6FZQVKXWJZXHFF5",
            "tags": {},
            "tags_all": {}
          },
          "sensitive_attributes": [],
          "private": "bnVsbA==",
          "dependencies": [
            "module.lambda_function.aws_cloudwatch_log_group.lambda",
            "module.lambda_function.data.aws_arn.log_group_arn",
            "module.lambda_function.data.aws_cloudwatch_log_group.lambda",
            "module.lambda_function.data.aws_iam_policy_document.logs"
          ]
        }
      ]
    },
    {
      "module": "module.lambda_function",
      "mode": "managed",
      "type": "aws_iam_role",
      "name": "lambda",
      "provider": "provider[\"registry.terraform.io/hashicorp/aws\"]",
      "instances": [
        {
          "index_key": 0,
          "schema_version": 0,
          "attributes": {
            "arn": "arn:aws:iam::139464377685:role/ingest-class-scores-lambda",
            "assume_role_policy": "{\"Statement\":[{\"Action\":\"sts:AssumeRole\",\"Effect\":\"Allow\",\"Principal\":{\"Service\":\"lambda.amazonaws.com\"}}],\"Version\":\"2012-10-17\"}",
            "create_date": "2024-03-05T19:47:40Z",
            "description": "",
            "force_detach_policies": true,
            "id": "ingest-class-scores-lambda",
            "inline_policy": [],
            "managed_policy_arns": [
              "arn:aws:iam::139464377685:policy/ingest-class-scores-lambda-inline",
              "arn:aws:iam::139464377685:policy/ingest-class-scores-lambda-logs"
            ],
            "max_session_duration": 3600,
            "name": "ingest-class-scores-lambda",
            "name_prefix": "",
            "path": "/",
            "permissions_boundary": "",
            "tags": {},
            "tags_all": {},
            "unique_id": "AROASA6FZQVK5XH5BIUS2"
          },
          "sensitive_attributes": [],
          "private": "bnVsbA==",
          "dependencies": [
            "module.lambda_function.data.aws_iam_policy_document.assume_role"
          ]
        }
      ]
    },
    {
      "module": "module.lambda_function",
      "mode": "managed",
      "type": "aws_iam_role_policy_attachment",
      "name": "additional_inline",
      "provider": "provider[\"registry.terraform.io/hashicorp/aws\"]",
      "instances": [
        {
          "index_key": 0,
          "schema_version": 0,
          "attributes": {
            "id": "ingest-class-scores-lambda-20240306181134958800000001",
            "policy_arn": "arn:aws:iam::139464377685:policy/ingest-class-scores-lambda-inline",
            "role": "ingest-class-scores-lambda"
          },
          "sensitive_attributes": [],
          "private": "bnVsbA==",
          "dependencies": [
            "module.lambda_function.aws_iam_policy.additional_inline",
            "module.lambda_function.aws_iam_role.lambda",
            "module.lambda_function.data.aws_iam_policy_document.additional_inline",
            "module.lambda_function.data.aws_iam_policy_document.assume_role"
          ]
        }
      ]
    },
    {
      "module": "module.lambda_function",
      "mode": "managed",
      "type": "aws_iam_role_policy_attachment",
      "name": "logs",
      "provider": "provider[\"registry.terraform.io/hashicorp/aws\"]",
      "instances": [
        {
          "index_key": 0,
          "schema_version": 0,
          "attributes": {
            "id": "ingest-class-scores-lambda-20240305194740678400000001",
            "policy_arn": "arn:aws:iam::139464377685:policy/ingest-class-scores-lambda-logs",
            "role": "ingest-class-scores-lambda"
          },
          "sensitive_attributes": [],
          "private": "bnVsbA==",
          "dependencies": [
            "module.lambda_function.aws_cloudwatch_log_group.lambda",
            "module.lambda_function.aws_iam_policy.logs",
            "module.lambda_function.aws_iam_role.lambda",
            "module.lambda_function.data.aws_arn.log_group_arn",
            "module.lambda_function.data.aws_cloudwatch_log_group.lambda",
            "module.lambda_function.data.aws_iam_policy_document.assume_role",
            "module.lambda_function.data.aws_iam_policy_document.logs"
          ]
        }
      ]
    },
    {
      "module": "module.lambda_function",
      "mode": "managed",
      "type": "aws_lambda_function",
      "name": "this",
      "provider": "provider[\"registry.terraform.io/hashicorp/aws\"]",
      "instances": [
        {
          "index_key": 0,
          "schema_version": 0,
          "attributes": {
            "architectures": [
              "x86_64"
            ],
            "arn": "arn:aws:lambda:us-east-1:139464377685:function:ingest-class-scores-lambda",
            "code_signing_config_arn": "",
            "dead_letter_config": [],
            "description": "Ingest classifier scores from H5 files",
            "environment": [],
            "ephemeral_storage": [
              {
                "size": 512
              }
            ],
            "file_system_config": [],
            "filename": null,
            "function_name": "ingest-class-scores-lambda",
            "handler": "",
            "id": "ingest-class-scores-lambda",
            "image_config": [],
            "image_uri": "139464377685.dkr.ecr.us-east-1.amazonaws.com/ingest-class-scores-lambda:1.4",
            "invoke_arn": "arn:aws:apigateway:us-east-1:lambda:path/2015-03-31/functions/arn:aws:lambda:us-east-1:139464377685:function:ingest-class-scores-lambda/invocations",
            "kms_key_arn": "",
            "last_modified": "2024-06-06T18:20:16.000+0000",
            "layers": [],
            "logging_config": [
              {
                "application_log_level": "",
                "log_format": "Text",
                "log_group": "/aws/lambda/ingest-class-scores-lambda",
                "system_log_level": ""
              }
            ],
            "memory_size": 2000,
            "package_type": "Image",
            "publish": true,
            "qualified_arn": "arn:aws:lambda:us-east-1:139464377685:function:ingest-class-scores-lambda:15",
            "qualified_invoke_arn": "arn:aws:apigateway:us-east-1:lambda:path/2015-03-31/functions/arn:aws:lambda:us-east-1:139464377685:function:ingest-class-scores-lambda:15/invocations",
            "replace_security_groups_on_destroy": null,
            "replacement_security_group_ids": null,
            "reserved_concurrent_executions": -1,
            "role": "arn:aws:iam::139464377685:role/ingest-class-scores-lambda",
            "runtime": "",
            "s3_bucket": null,
            "s3_key": null,
            "s3_object_version": null,
            "signing_job_arn": "",
            "signing_profile_version_arn": "",
            "skip_destroy": false,
            "snap_start": [],
            "source_code_hash": "df64c75d1637e522a58028c40e286a034392b6361b8e0801687305a2d27d3f44",
            "source_code_size": 0,
            "tags": {},
            "tags_all": {},
            "timeout": 300,
            "timeouts": null,
            "tracing_config": [
              {
                "mode": "PassThrough"
              }
            ],
            "version": "15",
            "vpc_config": []
          },
          "sensitive_attributes": [],
          "private": "eyJlMmJmYjczMC1lY2FhLTExZTYtOGY4OC0zNDM2M2JjN2M0YzAiOnsiY3JlYXRlIjo2MDAwMDAwMDAwMDAsImRlbGV0ZSI6NjAwMDAwMDAwMDAwLCJ1cGRhdGUiOjYwMDAwMDAwMDAwMH19",
          "dependencies": [
            "data.aws_ecr_authorization_token.token",
            "module.docker_image.aws_ecr_repository.this",
            "module.docker_image.data.aws_caller_identity.this",
            "module.docker_image.data.aws_region.current",
            "module.docker_image.docker_image.this",
            "module.docker_image.docker_registry_image.this",
            "module.lambda_function.aws_cloudwatch_log_group.lambda",
            "module.lambda_function.aws_iam_policy.additional_inline",
            "module.lambda_function.aws_iam_policy.additional_json",
            "module.lambda_function.aws_iam_policy.additional_jsons",
            "module.lambda_function.aws_iam_policy.async",
            "module.lambda_function.aws_iam_policy.dead_letter",
            "module.lambda_function.aws_iam_policy.logs",
            "module.lambda_function.aws_iam_policy.tracing",
            "module.lambda_function.aws_iam_policy.vpc",
            "module.lambda_function.aws_iam_role.lambda",
            "module.lambda_function.aws_iam_role_policy_attachment.additional_inline",
            "module.lambda_function.aws_iam_role_policy_attachment.additional_json",
            "module.lambda_function.aws_iam_role_policy_attachment.additional_jsons",
            "module.lambda_function.aws_iam_role_policy_attachment.additional_many",
            "module.lambda_function.aws_iam_role_policy_attachment.additional_one",
            "module.lambda_function.aws_iam_role_policy_attachment.async",
            "module.lambda_function.aws_iam_role_policy_attachment.dead_letter",
            "module.lambda_function.aws_iam_role_policy_attachment.logs",
            "module.lambda_function.aws_iam_role_policy_attachment.tracing",
            "module.lambda_function.aws_iam_role_policy_attachment.vpc",
            "module.lambda_function.aws_s3_object.lambda_package",
            "module.lambda_function.data.aws_arn.log_group_arn",
            "module.lambda_function.data.aws_cloudwatch_log_group.lambda",
            "module.lambda_function.data.aws_iam_policy.tracing",
            "module.lambda_function.data.aws_iam_policy.vpc",
            "module.lambda_function.data.aws_iam_policy_document.additional_inline",
            "module.lambda_function.data.aws_iam_policy_document.assume_role",
            "module.lambda_function.data.aws_iam_policy_document.async",
            "module.lambda_function.data.aws_iam_policy_document.dead_letter",
            "module.lambda_function.data.aws_iam_policy_document.logs",
            "module.lambda_function.data.aws_partition.current",
            "module.lambda_function.data.external.archive_prepare",
            "module.lambda_function.local_file.archive_plan",
            "module.lambda_function.null_resource.archive"
          ]
        }
      ]
    },
    {
      "module": "module.lambda_function",
      "mode": "managed",
      "type": "aws_lambda_permission",
      "name": "current_version_triggers",
      "provider": "provider[\"registry.terraform.io/hashicorp/aws\"]",
      "instances": [
        {
          "index_key": "AllowExecutionFromS3Bucket",
          "schema_version": 0,
          "attributes": {
            "action": "lambda:InvokeFunction",
            "event_source_token": null,
            "function_name": "ingest-class-scores-lambda",
            "function_url_auth_type": null,
            "id": "AllowExecutionFromS3Bucket",
            "principal": "s3.amazonaws.com",
            "principal_org_id": null,
            "qualifier": "15",
            "source_account": null,
            "source_arn": "arn:aws:s3:::habhub.cnn-classifier-files",
            "statement_id": "AllowExecutionFromS3Bucket",
            "statement_id_prefix": ""
          },
          "sensitive_attributes": [],
          "private": "bnVsbA==",
          "dependencies": [
            "data.aws_ecr_authorization_token.token",
            "module.docker_image.aws_ecr_repository.this",
            "module.docker_image.data.aws_caller_identity.this",
            "module.docker_image.data.aws_region.current",
            "module.docker_image.docker_image.this",
            "module.docker_image.docker_registry_image.this",
            "module.lambda_function.aws_cloudwatch_log_group.lambda",
            "module.lambda_function.aws_iam_policy.additional_inline",
            "module.lambda_function.aws_iam_policy.additional_json",
            "module.lambda_function.aws_iam_policy.additional_jsons",
            "module.lambda_function.aws_iam_policy.async",
            "module.lambda_function.aws_iam_policy.dead_letter",
            "module.lambda_function.aws_iam_policy.logs",
            "module.lambda_function.aws_iam_policy.tracing",
            "module.lambda_function.aws_iam_policy.vpc",
            "module.lambda_function.aws_iam_role.lambda",
            "module.lambda_function.aws_iam_role_policy_attachment.additional_inline",
            "module.lambda_function.aws_iam_role_policy_attachment.additional_json",
            "module.lambda_function.aws_iam_role_policy_attachment.additional_jsons",
            "module.lambda_function.aws_iam_role_policy_attachment.additional_many",
            "module.lambda_function.aws_iam_role_policy_attachment.additional_one",
            "module.lambda_function.aws_iam_role_policy_attachment.async",
            "module.lambda_function.aws_iam_role_policy_attachment.dead_letter",
            "module.lambda_function.aws_iam_role_policy_attachment.logs",
            "module.lambda_function.aws_iam_role_policy_attachment.tracing",
            "module.lambda_function.aws_iam_role_policy_attachment.vpc",
            "module.lambda_function.aws_lambda_function.this",
            "module.lambda_function.aws_s3_object.lambda_package",
            "module.lambda_function.data.aws_arn.log_group_arn",
            "module.lambda_function.data.aws_cloudwatch_log_group.lambda",
            "module.lambda_function.data.aws_iam_policy.tracing",
            "module.lambda_function.data.aws_iam_policy.vpc",
            "module.lambda_function.data.aws_iam_policy_document.additional_inline",
            "module.lambda_function.data.aws_iam_policy_document.assume_role",
            "module.lambda_function.data.aws_iam_policy_document.async",
            "module.lambda_function.data.aws_iam_policy_document.dead_letter",
            "module.lambda_function.data.aws_iam_policy_document.logs",
            "module.lambda_function.data.aws_partition.current",
            "module.lambda_function.data.external.archive_prepare",
            "module.lambda_function.local_file.archive_plan",
            "module.lambda_function.null_resource.archive",
            "module.s3_bucket.aws_s3_bucket.this"
          ]
        }
      ]
    },
    {
      "module": "module.lambda_function",
      "mode": "managed",
      "type": "aws_lambda_permission",
      "name": "unqualified_alias_triggers",
      "provider": "provider[\"registry.terraform.io/hashicorp/aws\"]",
      "instances": [
        {
          "index_key": "AllowExecutionFromS3Bucket",
          "schema_version": 0,
          "attributes": {
            "action": "lambda:InvokeFunction",
            "event_source_token": null,
            "function_name": "ingest-class-scores-lambda",
            "function_url_auth_type": null,
            "id": "AllowExecutionFromS3Bucket",
            "principal": "s3.amazonaws.com",
            "principal_org_id": null,
            "qualifier": "",
            "source_account": null,
            "source_arn": "arn:aws:s3:::habhub.cnn-classifier-files",
            "statement_id": "AllowExecutionFromS3Bucket",
            "statement_id_prefix": ""
          },
          "sensitive_attributes": [],
          "private": "bnVsbA==",
          "dependencies": [
            "data.aws_ecr_authorization_token.token",
            "module.docker_image.aws_ecr_repository.this",
            "module.docker_image.data.aws_caller_identity.this",
            "module.docker_image.data.aws_region.current",
            "module.docker_image.docker_image.this",
            "module.docker_image.docker_registry_image.this",
            "module.lambda_function.aws_cloudwatch_log_group.lambda",
            "module.lambda_function.aws_iam_policy.additional_inline",
            "module.lambda_function.aws_iam_policy.additional_json",
            "module.lambda_function.aws_iam_policy.additional_jsons",
            "module.lambda_function.aws_iam_policy.async",
            "module.lambda_function.aws_iam_policy.dead_letter",
            "module.lambda_function.aws_iam_policy.logs",
            "module.lambda_function.aws_iam_policy.tracing",
            "module.lambda_function.aws_iam_policy.vpc",
            "module.lambda_function.aws_iam_role.lambda",
            "module.lambda_function.aws_iam_role_policy_attachment.additional_inline",
            "module.lambda_function.aws_iam_role_policy_attachment.additional_json",
            "module.lambda_function.aws_iam_role_policy_attachment.additional_jsons",
            "module.lambda_function.aws_iam_role_policy_attachment.additional_many",
            "module.lambda_function.aws_iam_role_policy_attachment.additional_one",
            "module.lambda_function.aws_iam_role_policy_attachment.async",
            "module.lambda_function.aws_iam_role_policy_attachment.dead_letter",
            "module.lambda_function.aws_iam_role_policy_attachment.logs",
            "module.lambda_function.aws_iam_role_policy_attachment.tracing",
            "module.lambda_function.aws_iam_role_policy_attachment.vpc",
            "module.lambda_function.aws_lambda_function.this",
            "module.lambda_function.aws_s3_object.lambda_package",
            "module.lambda_function.data.aws_arn.log_group_arn",
            "module.lambda_function.data.aws_cloudwatch_log_group.lambda",
            "module.lambda_function.data.aws_iam_policy.tracing",
            "module.lambda_function.data.aws_iam_policy.vpc",
            "module.lambda_function.data.aws_iam_policy_document.additional_inline",
            "module.lambda_function.data.aws_iam_policy_document.assume_role",
            "module.lambda_function.data.aws_iam_policy_document.async",
            "module.lambda_function.data.aws_iam_policy_document.dead_letter",
            "module.lambda_function.data.aws_iam_policy_document.logs",
            "module.lambda_function.data.aws_partition.current",
            "module.lambda_function.data.external.archive_prepare",
            "module.lambda_function.local_file.archive_plan",
            "module.lambda_function.null_resource.archive",
            "module.s3_bucket.aws_s3_bucket.this"
          ]
        }
      ]
    },
    {
      "module": "module.s3_bucket",
      "mode": "data",
      "type": "aws_caller_identity",
      "name": "current",
      "provider": "provider[\"registry.terraform.io/hashicorp/aws\"]",
      "instances": [
        {
          "schema_version": 0,
          "attributes": {
            "account_id": "139464377685",
            "arn": "arn:aws:sts::139464377685:assumed-role/AWSReservedSSO_AWSAdministratorAccess_a1d37e058008aa2e/eandrews_admin@whoi.edu",
            "id": "139464377685",
            "user_id": "AROASA6FZQVKXTDX4RQKP:eandrews_admin@whoi.edu"
          },
          "sensitive_attributes": []
        }
      ]
    },
    {
      "module": "module.s3_bucket",
      "mode": "data",
      "type": "aws_canonical_user_id",
      "name": "this",
      "provider": "provider[\"registry.terraform.io/hashicorp/aws\"]",
      "instances": [
        {
          "index_key": 0,
          "schema_version": 0,
          "attributes": {
            "display_name": "habhub+aws-management",
            "id": "bf550d8b973e962e8649a9386e1342bd10f6de14310d9b5de771db6bb2b97cc9"
          },
          "sensitive_attributes": []
        }
      ]
    },
    {
      "module": "module.s3_bucket",
      "mode": "data",
      "type": "aws_partition",
      "name": "current",
      "provider": "provider[\"registry.terraform.io/hashicorp/aws\"]",
      "instances": [
        {
          "schema_version": 0,
          "attributes": {
            "dns_suffix": "amazonaws.com",
            "id": "aws",
            "partition": "aws",
            "reverse_dns_prefix": "com.amazonaws"
          },
          "sensitive_attributes": []
        }
      ]
    },
    {
      "module": "module.s3_bucket",
      "mode": "data",
      "type": "aws_region",
      "name": "current",
      "provider": "provider[\"registry.terraform.io/hashicorp/aws\"]",
      "instances": [
        {
          "schema_version": 0,
          "attributes": {
            "description": "US East (N. Virginia)",
            "endpoint": "ec2.us-east-1.amazonaws.com",
            "id": "us-east-1",
            "name": "us-east-1"
          },
          "sensitive_attributes": []
        }
      ]
    },
    {
      "module": "module.s3_bucket",
      "mode": "managed",
      "type": "aws_s3_bucket",
      "name": "this",
      "provider": "provider[\"registry.terraform.io/hashicorp/aws\"]",
      "instances": [
        {
          "index_key": 0,
          "schema_version": 0,
          "attributes": {
            "acceleration_status": "",
            "acl": null,
            "arn": "arn:aws:s3:::habhub.cnn-classifier-files",
            "bucket": "habhub.cnn-classifier-files",
            "bucket_domain_name": "habhub.cnn-classifier-files.s3.amazonaws.com",
            "bucket_prefix": "",
            "bucket_regional_domain_name": "habhub.cnn-classifier-files.s3.us-east-1.amazonaws.com",
            "cors_rule": [],
            "force_destroy": true,
            "grant": [
              {
                "id": "bf550d8b973e962e8649a9386e1342bd10f6de14310d9b5de771db6bb2b97cc9",
                "permissions": [
                  "FULL_CONTROL"
                ],
                "type": "CanonicalUser",
                "uri": ""
              }
            ],
            "hosted_zone_id": "Z3AQBSTGFYJSTF",
            "id": "habhub.cnn-classifier-files",
            "lifecycle_rule": [],
            "logging": [],
            "object_lock_configuration": [],
            "object_lock_enabled": false,
            "policy": "",
            "region": "us-east-1",
            "replication_configuration": [],
            "request_payer": "BucketOwner",
            "server_side_encryption_configuration": [
              {
                "rule": [
                  {
                    "apply_server_side_encryption_by_default": [
                      {
                        "kms_master_key_id": "",
                        "sse_algorithm": "AES256"
                      }
                    ],
                    "bucket_key_enabled": false
                  }
                ]
              }
            ],
            "tags": {},
            "tags_all": {},
            "timeouts": null,
            "versioning": [
              {
                "enabled": false,
                "mfa_delete": false
              }
            ],
            "website": [],
            "website_domain": null,
            "website_endpoint": null
          },
          "sensitive_attributes": [],
          "private": "eyJlMmJmYjczMC1lY2FhLTExZTYtOGY4OC0zNDM2M2JjN2M0YzAiOnsiY3JlYXRlIjoxMjAwMDAwMDAwMDAwLCJkZWxldGUiOjM2MDAwMDAwMDAwMDAsInJlYWQiOjEyMDAwMDAwMDAwMDAsInVwZGF0ZSI6MTIwMDAwMDAwMDAwMH19"
        }
      ]
    },
    {
      "module": "module.s3_bucket",
      "mode": "managed",
      "type": "aws_s3_bucket_acl",
      "name": "this",
      "provider": "provider[\"registry.terraform.io/hashicorp/aws\"]",
      "instances": [
        {
          "index_key": 0,
          "schema_version": 0,
          "attributes": {
            "access_control_policy": [
              {
                "grant": [
                  {
                    "grantee": [
                      {
                        "display_name": "habhub+aws-management",
                        "email_address": "",
                        "id": "bf550d8b973e962e8649a9386e1342bd10f6de14310d9b5de771db6bb2b97cc9",
                        "type": "CanonicalUser",
                        "uri": ""
                      }
                    ],
                    "permission": "FULL_CONTROL"
                  }
                ],
                "owner": [
                  {
                    "display_name": "habhub+aws-management",
                    "id": "bf550d8b973e962e8649a9386e1342bd10f6de14310d9b5de771db6bb2b97cc9"
                  }
                ]
              }
            ],
            "acl": "private",
            "bucket": "habhub.cnn-classifier-files",
            "expected_bucket_owner": "",
            "id": "habhub.cnn-classifier-files,private"
          },
          "sensitive_attributes": [],
          "private": "bnVsbA==",
          "dependencies": [
            "module.s3_bucket.aws_s3_bucket.this",
            "module.s3_bucket.aws_s3_bucket_ownership_controls.this",
            "module.s3_bucket.aws_s3_bucket_policy.this",
            "module.s3_bucket.aws_s3_bucket_public_access_block.this",
            "module.s3_bucket.data.aws_caller_identity.current",
            "module.s3_bucket.data.aws_canonical_user_id.this",
            "module.s3_bucket.data.aws_iam_policy_document.access_log_delivery",
            "module.s3_bucket.data.aws_iam_policy_document.combined",
            "module.s3_bucket.data.aws_iam_policy_document.deny_incorrect_encryption_headers",
            "module.s3_bucket.data.aws_iam_policy_document.deny_incorrect_kms_key_sse",
            "module.s3_bucket.data.aws_iam_policy_document.deny_insecure_transport",
            "module.s3_bucket.data.aws_iam_policy_document.deny_unencrypted_object_uploads",
            "module.s3_bucket.data.aws_iam_policy_document.elb_log_delivery",
            "module.s3_bucket.data.aws_iam_policy_document.inventory_and_analytics_destination_policy",
            "module.s3_bucket.data.aws_iam_policy_document.lb_log_delivery",
            "module.s3_bucket.data.aws_iam_policy_document.require_latest_tls",
            "module.s3_bucket.data.aws_partition.current",
            "module.s3_bucket.data.aws_region.current"
          ]
        }
      ]
    },
    {
      "module": "module.s3_bucket",
      "mode": "managed",
      "type": "aws_s3_bucket_ownership_controls",
      "name": "this",
      "provider": "provider[\"registry.terraform.io/hashicorp/aws\"]",
      "instances": [
        {
          "index_key": 0,
          "schema_version": 0,
          "attributes": {
            "bucket": "habhub.cnn-classifier-files",
            "id": "habhub.cnn-classifier-files",
            "rule": [
              {
                "object_ownership": "ObjectWriter"
              }
            ]
          },
          "sensitive_attributes": [],
          "private": "bnVsbA==",
          "dependencies": [
            "module.s3_bucket.aws_s3_bucket.this",
            "module.s3_bucket.aws_s3_bucket_policy.this",
            "module.s3_bucket.aws_s3_bucket_public_access_block.this",
            "module.s3_bucket.data.aws_caller_identity.current",
            "module.s3_bucket.data.aws_iam_policy_document.access_log_delivery",
            "module.s3_bucket.data.aws_iam_policy_document.combined",
            "module.s3_bucket.data.aws_iam_policy_document.deny_incorrect_encryption_headers",
            "module.s3_bucket.data.aws_iam_policy_document.deny_incorrect_kms_key_sse",
            "module.s3_bucket.data.aws_iam_policy_document.deny_insecure_transport",
            "module.s3_bucket.data.aws_iam_policy_document.deny_unencrypted_object_uploads",
            "module.s3_bucket.data.aws_iam_policy_document.elb_log_delivery",
            "module.s3_bucket.data.aws_iam_policy_document.inventory_and_analytics_destination_policy",
            "module.s3_bucket.data.aws_iam_policy_document.lb_log_delivery",
            "module.s3_bucket.data.aws_iam_policy_document.require_latest_tls",
            "module.s3_bucket.data.aws_partition.current",
            "module.s3_bucket.data.aws_region.current"
          ]
        }
      ]
    },
    {
      "module": "module.s3_bucket",
      "mode": "managed",
      "type": "aws_s3_bucket_public_access_block",
      "name": "this",
      "provider": "provider[\"registry.terraform.io/hashicorp/aws\"]",
      "instances": [
        {
          "index_key": 0,
          "schema_version": 0,
          "attributes": {
            "block_public_acls": true,
            "block_public_policy": true,
            "bucket": "habhub.cnn-classifier-files",
            "id": "habhub.cnn-classifier-files",
            "ignore_public_acls": true,
            "restrict_public_buckets": true
          },
          "sensitive_attributes": [],
          "private": "bnVsbA==",
          "dependencies": [
            "module.s3_bucket.aws_s3_bucket.this"
          ]
        }
      ]
    },
    {
      "module": "module.s3_notification",
      "mode": "data",
      "type": "aws_partition",
      "name": "this",
      "provider": "provider[\"registry.terraform.io/hashicorp/aws\"]",
      "instances": [
        {
          "schema_version": 0,
          "attributes": {
            "dns_suffix": "amazonaws.com",
            "id": "aws",
            "partition": "aws",
            "reverse_dns_prefix": "com.amazonaws"
          },
          "sensitive_attributes": []
        }
      ]
    },
    {
      "module": "module.s3_notification",
      "mode": "managed",
      "type": "aws_lambda_permission",
      "name": "allow",
      "provider": "provider[\"registry.terraform.io/hashicorp/aws\"]",
      "instances": [
        {
          "index_key": "lambda1",
          "schema_version": 0,
          "attributes": {
            "action": "lambda:InvokeFunction",
            "event_source_token": null,
            "function_name": "ingest-class-scores-lambda",
            "function_url_auth_type": null,
            "id": "AllowLambdaS3BucketNotification-20240306161931956700000001",
            "principal": "s3.amazonaws.com",
            "principal_org_id": null,
            "qualifier": "",
            "source_account": null,
            "source_arn": "arn:aws:s3:::habhub.cnn-classifier-files",
            "statement_id": "AllowLambdaS3BucketNotification-20240306161931956700000001",
            "statement_id_prefix": "AllowLambdaS3BucketNotification-"
          },
          "sensitive_attributes": [],
          "private": "bnVsbA==",
          "dependencies": [
            "data.aws_ecr_authorization_token.token",
            "module.docker_image.aws_ecr_repository.this",
            "module.docker_image.data.aws_caller_identity.this",
            "module.docker_image.data.aws_region.current",
            "module.docker_image.docker_image.this",
            "module.docker_image.docker_registry_image.this",
            "module.lambda_function.aws_cloudwatch_log_group.lambda",
            "module.lambda_function.aws_iam_policy.additional_inline",
            "module.lambda_function.aws_iam_policy.additional_json",
            "module.lambda_function.aws_iam_policy.additional_jsons",
            "module.lambda_function.aws_iam_policy.async",
            "module.lambda_function.aws_iam_policy.dead_letter",
            "module.lambda_function.aws_iam_policy.logs",
            "module.lambda_function.aws_iam_policy.tracing",
            "module.lambda_function.aws_iam_policy.vpc",
            "module.lambda_function.aws_iam_role.lambda",
            "module.lambda_function.aws_iam_role_policy_attachment.additional_inline",
            "module.lambda_function.aws_iam_role_policy_attachment.additional_json",
            "module.lambda_function.aws_iam_role_policy_attachment.additional_jsons",
            "module.lambda_function.aws_iam_role_policy_attachment.additional_many",
            "module.lambda_function.aws_iam_role_policy_attachment.additional_one",
            "module.lambda_function.aws_iam_role_policy_attachment.async",
            "module.lambda_function.aws_iam_role_policy_attachment.dead_letter",
            "module.lambda_function.aws_iam_role_policy_attachment.logs",
            "module.lambda_function.aws_iam_role_policy_attachment.tracing",
            "module.lambda_function.aws_iam_role_policy_attachment.vpc",
            "module.lambda_function.aws_lambda_function.this",
            "module.lambda_function.aws_s3_object.lambda_package",
            "module.lambda_function.data.aws_arn.log_group_arn",
            "module.lambda_function.data.aws_cloudwatch_log_group.lambda",
            "module.lambda_function.data.aws_iam_policy.tracing",
            "module.lambda_function.data.aws_iam_policy.vpc",
            "module.lambda_function.data.aws_iam_policy_document.additional_inline",
            "module.lambda_function.data.aws_iam_policy_document.assume_role",
            "module.lambda_function.data.aws_iam_policy_document.async",
            "module.lambda_function.data.aws_iam_policy_document.dead_letter",
            "module.lambda_function.data.aws_iam_policy_document.logs",
            "module.lambda_function.data.aws_partition.current",
            "module.lambda_function.data.external.archive_prepare",
            "module.lambda_function.local_file.archive_plan",
            "module.lambda_function.null_resource.archive",
            "module.s3_bucket.aws_s3_bucket.this",
            "module.s3_bucket.aws_s3_bucket_policy.this",
            "module.s3_bucket.aws_s3_bucket_public_access_block.this",
            "module.s3_bucket.data.aws_caller_identity.current",
            "module.s3_bucket.data.aws_iam_policy_document.access_log_delivery",
            "module.s3_bucket.data.aws_iam_policy_document.combined",
            "module.s3_bucket.data.aws_iam_policy_document.deny_incorrect_encryption_headers",
            "module.s3_bucket.data.aws_iam_policy_document.deny_incorrect_kms_key_sse",
            "module.s3_bucket.data.aws_iam_policy_document.deny_insecure_transport",
            "module.s3_bucket.data.aws_iam_policy_document.deny_unencrypted_object_uploads",
            "module.s3_bucket.data.aws_iam_policy_document.elb_log_delivery",
            "module.s3_bucket.data.aws_iam_policy_document.inventory_and_analytics_destination_policy",
            "module.s3_bucket.data.aws_iam_policy_document.lb_log_delivery",
            "module.s3_bucket.data.aws_iam_policy_document.require_latest_tls",
            "module.s3_bucket.data.aws_partition.current",
            "module.s3_bucket.data.aws_region.current",
            "module.s3_notification.data.aws_partition.this"
          ]
        }
      ]
    },
    {
      "module": "module.s3_notification",
      "mode": "managed",
      "type": "aws_s3_bucket_notification",
      "name": "this",
      "provider": "provider[\"registry.terraform.io/hashicorp/aws\"]",
      "instances": [
        {
          "index_key": 0,
          "schema_version": 0,
          "attributes": {
            "bucket": "habhub.cnn-classifier-files",
            "eventbridge": true,
            "id": "habhub.cnn-classifier-files",
            "lambda_function": [
              {
                "events": [
                  "s3:ObjectCreated:*"
                ],
                "filter_prefix": "",
                "filter_suffix": "",
                "id": "lambda1",
                "lambda_function_arn": "arn:aws:lambda:us-east-1:139464377685:function:ingest-class-scores-lambda"
              }
            ],
            "queue": [],
            "topic": []
          },
          "sensitive_attributes": [],
          "private": "bnVsbA==",
          "dependencies": [
            "data.aws_ecr_authorization_token.token",
            "module.docker_image.aws_ecr_repository.this",
            "module.docker_image.data.aws_caller_identity.this",
            "module.docker_image.data.aws_region.current",
            "module.docker_image.docker_image.this",
            "module.docker_image.docker_registry_image.this",
            "module.lambda_function.aws_cloudwatch_log_group.lambda",
            "module.lambda_function.aws_iam_policy.additional_inline",
            "module.lambda_function.aws_iam_policy.additional_json",
            "module.lambda_function.aws_iam_policy.additional_jsons",
            "module.lambda_function.aws_iam_policy.async",
            "module.lambda_function.aws_iam_policy.dead_letter",
            "module.lambda_function.aws_iam_policy.logs",
            "module.lambda_function.aws_iam_policy.tracing",
            "module.lambda_function.aws_iam_policy.vpc",
            "module.lambda_function.aws_iam_role.lambda",
            "module.lambda_function.aws_iam_role_policy_attachment.additional_inline",
            "module.lambda_function.aws_iam_role_policy_attachment.additional_json",
            "module.lambda_function.aws_iam_role_policy_attachment.additional_jsons",
            "module.lambda_function.aws_iam_role_policy_attachment.additional_many",
            "module.lambda_function.aws_iam_role_policy_attachment.additional_one",
            "module.lambda_function.aws_iam_role_policy_attachment.async",
            "module.lambda_function.aws_iam_role_policy_attachment.dead_letter",
            "module.lambda_function.aws_iam_role_policy_attachment.logs",
            "module.lambda_function.aws_iam_role_policy_attachment.tracing",
            "module.lambda_function.aws_iam_role_policy_attachment.vpc",
            "module.lambda_function.aws_lambda_function.this",
            "module.lambda_function.aws_s3_object.lambda_package",
            "module.lambda_function.data.aws_arn.log_group_arn",
            "module.lambda_function.data.aws_cloudwatch_log_group.lambda",
            "module.lambda_function.data.aws_iam_policy.tracing",
            "module.lambda_function.data.aws_iam_policy.vpc",
            "module.lambda_function.data.aws_iam_policy_document.additional_inline",
            "module.lambda_function.data.aws_iam_policy_document.assume_role",
            "module.lambda_function.data.aws_iam_policy_document.async",
            "module.lambda_function.data.aws_iam_policy_document.dead_letter",
            "module.lambda_function.data.aws_iam_policy_document.logs",
            "module.lambda_function.data.aws_partition.current",
            "module.lambda_function.data.external.archive_prepare",
            "module.lambda_function.local_file.archive_plan",
            "module.lambda_function.null_resource.archive",
            "module.s3_bucket.aws_s3_bucket.this",
            "module.s3_bucket.aws_s3_bucket_policy.this",
            "module.s3_bucket.aws_s3_bucket_public_access_block.this",
            "module.s3_bucket.data.aws_caller_identity.current",
            "module.s3_bucket.data.aws_iam_policy_document.access_log_delivery",
            "module.s3_bucket.data.aws_iam_policy_document.combined",
            "module.s3_bucket.data.aws_iam_policy_document.deny_incorrect_encryption_headers",
            "module.s3_bucket.data.aws_iam_policy_document.deny_incorrect_kms_key_sse",
            "module.s3_bucket.data.aws_iam_policy_document.deny_insecure_transport",
            "module.s3_bucket.data.aws_iam_policy_document.deny_unencrypted_object_uploads",
            "module.s3_bucket.data.aws_iam_policy_document.elb_log_delivery",
            "module.s3_bucket.data.aws_iam_policy_document.inventory_and_analytics_destination_policy",
            "module.s3_bucket.data.aws_iam_policy_document.lb_log_delivery",
            "module.s3_bucket.data.aws_iam_policy_document.require_latest_tls",
            "module.s3_bucket.data.aws_partition.current",
            "module.s3_bucket.data.aws_region.current",
            "module.s3_notification.aws_lambda_permission.allow",
            "module.s3_notification.aws_sns_topic_policy.allow",
            "module.s3_notification.aws_sqs_queue_policy.allow",
            "module.s3_notification.data.aws_arn.queue",
            "module.s3_notification.data.aws_iam_policy_document.sns",
            "module.s3_notification.data.aws_iam_policy_document.sqs",
            "module.s3_notification.data.aws_partition.this"
          ]
        }
      ]
    }
  ],
  "check_results": null
}
